{
  "version": 4,
  "terraform_version": "1.15.5",
  "serial": 160,
  "lineage": "1cbfbbf0-7ee7-72e4-5e1e-c109b4ac1900",
  "outputs": {},
  "resources": [
    {
      "module": "module.iosxr",
      "mode": "managed",
      "type": "iosxr_domain",
      "name": "domain",
      "provider": "module.iosxr.provider[\"registry.terraform.io/ciscodevnet/iosxr\"]",
      "instances": [
        {
          "index_key": "ic-node-1",
          "schema_version": 0,
          "attributes": {
            "default_flows_disable": null,
            "delete_mode": null,
            "device": "ic-node-1",
            "domains": null,
            "id": "Cisco-IOS-XR-um-domain-cfg:/domain",
            "ipv4_hosts": null,
            "ipv6_hosts": null,
            "lookup_disable": true,
            "lookup_source_interface": null,
            "multicast": null,
            "name": "cml.transit32.local",
            "name_servers": [
              {
                "address": "100.71.72.254",
                "order": 0
              }
            ]
          },
          "sensitive_attributes": [],
          "identity_schema_version": 0,
          "private": "eyJpbXBvcnRpbmciOiJNQT09In0=",
          "dependencies": [
            "module.iosxr.iosxr_as_path_set.as_path_set",
            "module.iosxr.iosxr_community_set.community_set",
            "module.iosxr.iosxr_esi_set.esi_set",
            "module.iosxr.iosxr_etag_set.etag_set",
            "module.iosxr.iosxr_extcommunity_bandwidth_set.extcommunity_bandwidth_set",
            "module.iosxr.iosxr_extcommunity_cost_set.extcommunity_cost_set",
            "module.iosxr.iosxr_extcommunity_evpn_link_bandwidth_set.extcommunity_evpn_link_bandwidth_set",
            "module.iosxr.iosxr_extcommunity_opaque_set.extcommunity_opaque_set",
            "module.iosxr.iosxr_extcommunity_rt_set.extcommunity_rt_set",
            "module.iosxr.iosxr_extcommunity_seg_nh_set.extcommunity_seg_nh_set",
            "module.iosxr.iosxr_extcommunity_soo_set.extcommunity_soo_set",
            "module.iosxr.iosxr_ipv4_prefix_list.ipv4_prefix_list",
            "module.iosxr.iosxr_ipv6_prefix_list.ipv6_prefix_list",
            "module.iosxr.iosxr_key_chain.key_chain",
            "module.iosxr.iosxr_large_community_set.large_community_set",
            "module.iosxr.iosxr_mac_set.mac_set",
            "module.iosxr.iosxr_ospf_area_set.ospf_area_set",
            "module.iosxr.iosxr_policy_global_set.policy_global_set",
            "module.iosxr.iosxr_prefix_set.prefix_set",
            "module.iosxr.iosxr_rd_set.rd_set",
            "module.iosxr.iosxr_route_policy.route_policy",
            "module.iosxr.iosxr_tag_set.tag_set",
            "module.iosxr.iosxr_vrf.vrf"
          ]
        },
        {
          "index_key": "ic-node-2",
          "schema_version": 0,
          "attributes": {
            "default_flows_disable": null,
            "delete_mode": null,
            "device": "ic-node-2",
            "domains": null,
            "id": "Cisco-IOS-XR-um-domain-cfg:/domain",
            "ipv4_hosts": null,
            "ipv6_hosts": null,
            "lookup_disable": true,
            "lookup_source_interface": null,
            "multicast": null,
            "name": "cml.transit32.local",
            "name_servers": [
              {
                "address": "100.71.72.254",
                "order": 0
              }
            ]
          },
          "sensitive_attributes": [],
          "identity_schema_version": 0,
          "private": "eyJpbXBvcnRpbmciOiJNQT09In0=",
          "dependencies": [
            "module.iosxr.iosxr_as_path_set.as_path_set",
            "module.iosxr.iosxr_community_set.community_set",
            "module.iosxr.iosxr_esi_set.esi_set",
            "module.iosxr.iosxr_etag_set.etag_set",
            "module.iosxr.iosxr_extcommunity_bandwidth_set.extcommunity_bandwidth_set",
            "module.iosxr.iosxr_extcommunity_cost_set.extcommunity_cost_set",
            "module.iosxr.iosxr_extcommunity_evpn_link_bandwidth_set.extcommunity_evpn_link_bandwidth_set",
            "module.iosxr.iosxr_extcommunity_opaque_set.extcommunity_opaque_set",
            "module.iosxr.iosxr_extcommunity_rt_set.extcommunity_rt_set",
            "module.iosxr.iosxr_extcommunity_seg_nh_set.extcommunity_seg_nh_set",
            "module.iosxr.iosxr_extcommunity_soo_set.extcommunity_soo_set",
            "module.iosxr.iosxr_ipv4_prefix_list.ipv4_prefix_list",
            "module.iosxr.iosxr_ipv6_prefix_list.ipv6_prefix_list",
            "module.iosxr.iosxr_key_chain.key_chain",
            "module.iosxr.iosxr_large_community_set.large_community_set",
            "module.iosxr.iosxr_mac_set.mac_set",
            "module.iosxr.iosxr_ospf_area_set.ospf_area_set",
            "module.iosxr.iosxr_policy_global_set.policy_global_set",
            "module.iosxr.iosxr_prefix_set.prefix_set",
            "module.iosxr.iosxr_rd_set.rd_set",
            "module.iosxr.iosxr_route_policy.route_policy",
            "module.iosxr.iosxr_tag_set.tag_set",
            "module.iosxr.iosxr_vrf.vrf"
          ]
        },
        {
          "index_key": "ic-node-3",
          "schema_version": 0,
          "attributes": {
            "default_flows_disable": null,
            "delete_mode": null,
            "device": "ic-node-3",
            "domains": null,
            "id": "Cisco-IOS-XR-um-domain-cfg:/domain",
            "ipv4_hosts": null,
            "ipv6_hosts": null,
            "lookup_disable": true,
            "lookup_source_interface": null,
            "multicast": null,
            "name": "cml.transit32.local",
            "name_servers": [
              {
                "address": "100.71.72.254",
                "order": 0
              }
            ]
          },
          "sensitive_attributes": [],
          "identity_schema_version": 0,
          "private": "eyJpbXBvcnRpbmciOiJNQT09In0=",
          "dependencies": [
            "module.iosxr.iosxr_as_path_set.as_path_set",
            "module.iosxr.iosxr_community_set.community_set",
            "module.iosxr.iosxr_esi_set.esi_set",
            "module.iosxr.iosxr_etag_set.etag_set",
            "module.iosxr.iosxr_extcommunity_bandwidth_set.extcommunity_bandwidth_set",
            "module.iosxr.iosxr_extcommunity_cost_set.extcommunity_cost_set",
            "module.iosxr.iosxr_extcommunity_evpn_link_bandwidth_set.extcommunity_evpn_link_bandwidth_set",
            "module.iosxr.iosxr_extcommunity_opaque_set.extcommunity_opaque_set",
            "module.iosxr.iosxr_extcommunity_rt_set.extcommunity_rt_set",
            "module.iosxr.iosxr_extcommunity_seg_nh_set.extcommunity_seg_nh_set",
            "module.iosxr.iosxr_extcommunity_soo_set.extcommunity_soo_set",
            "module.iosxr.iosxr_ipv4_prefix_list.ipv4_prefix_list",
            "module.iosxr.iosxr_ipv6_prefix_list.ipv6_prefix_list",
            "module.iosxr.iosxr_key_chain.key_chain",
            "module.iosxr.iosxr_large_community_set.large_community_set",
            "module.iosxr.iosxr_mac_set.mac_set",
            "module.iosxr.iosxr_ospf_area_set.ospf_area_set",
            "module.iosxr.iosxr_policy_global_set.policy_global_set",
            "module.iosxr.iosxr_prefix_set.prefix_set",
            "module.iosxr.iosxr_rd_set.rd_set",
            "module.iosxr.iosxr_route_policy.route_policy",
            "module.iosxr.iosxr_tag_set.tag_set",
            "module.iosxr.iosxr_vrf.vrf"
          ]
        },
        {
          "index_key": "ic-node-4",
          "schema_version": 0,
          "attributes": {
            "default_flows_disable": null,
            "delete_mode": null,
            "device": "ic-node-4",
            "domains": null,
            "id": "Cisco-IOS-XR-um-domain-cfg:/domain",
            "ipv4_hosts": null,
            "ipv6_hosts": null,
            "lookup_disable": true,
            "lookup_source_interface": null,
            "multicast": null,
            "name": "cml.transit32.local",
            "name_servers": [
              {
                "address": "100.71.72.254",
                "order": 0
              }
            ]
          },
          "sensitive_attributes": [],
          "identity_schema_version": 0,
          "private": "eyJpbXBvcnRpbmciOiJNQT09In0=",
          "dependencies": [
            "module.iosxr.iosxr_as_path_set.as_path_set",
            "module.iosxr.iosxr_community_set.community_set",
            "module.iosxr.iosxr_esi_set.esi_set",
            "module.iosxr.iosxr_etag_set.etag_set",
            "module.iosxr.iosxr_extcommunity_bandwidth_set.extcommunity_bandwidth_set",
            "module.iosxr.iosxr_extcommunity_cost_set.extcommunity_cost_set",
            "module.iosxr.iosxr_extcommunity_evpn_link_bandwidth_set.extcommunity_evpn_link_bandwidth_set",
            "module.iosxr.iosxr_extcommunity_opaque_set.extcommunity_opaque_set",
            "module.iosxr.iosxr_extcommunity_rt_set.extcommunity_rt_set",
            "module.iosxr.iosxr_extcommunity_seg_nh_set.extcommunity_seg_nh_set",
            "module.iosxr.iosxr_extcommunity_soo_set.extcommunity_soo_set",
            "module.iosxr.iosxr_ipv4_prefix_list.ipv4_prefix_list",
            "module.iosxr.iosxr_ipv6_prefix_list.ipv6_prefix_list",
            "module.iosxr.iosxr_key_chain.key_chain",
            "module.iosxr.iosxr_large_community_set.large_community_set",
            "module.iosxr.iosxr_mac_set.mac_set",
            "module.iosxr.iosxr_ospf_area_set.ospf_area_set",
            "module.iosxr.iosxr_policy_global_set.policy_global_set",
            "module.iosxr.iosxr_prefix_set.prefix_set",
            "module.iosxr.iosxr_rd_set.rd_set",
            "module.iosxr.iosxr_route_policy.route_policy",
            "module.iosxr.iosxr_tag_set.tag_set",
            "module.iosxr.iosxr_vrf.vrf"
          ]
        }
      ]
    },
    {
      "module": "module.iosxr",
      "mode": "managed",
      "type": "iosxr_hostname",
      "name": "hostname",
      "provider": "module.iosxr.provider[\"registry.terraform.io/ciscodevnet/iosxr\"]",
      "instances": [
        {
          "index_key": "ic-node-1",
          "schema_version": 0,
          "attributes": {
            "device": "ic-node-1",
            "id": "Cisco-IOS-XR-um-hostname-cfg:/hostname",
            "system_network_name": "ic-node-1"
          },
          "sensitive_attributes": [],
          "identity_schema_version": 0,
          "private": "eyJpbXBvcnRpbmciOiJNQT09In0="
        },
        {
          "index_key": "ic-node-2",
          "schema_version": 0,
          "attributes": {
            "device": "ic-node-2",
            "id": "Cisco-IOS-XR-um-hostname-cfg:/hostname",
            "system_network_name": "ic-node-2"
          },
          "sensitive_attributes": [],
          "identity_schema_version": 0,
          "private": "eyJpbXBvcnRpbmciOiJNQT09In0="
        },
        {
          "index_key": "ic-node-3",
          "schema_version": 0,
          "attributes": {
            "device": "ic-node-3",
            "id": "Cisco-IOS-XR-um-hostname-cfg:/hostname",
            "system_network_name": "ic-node-3"
          },
          "sensitive_attributes": [],
          "identity_schema_version": 0,
          "private": "eyJpbXBvcnRpbmciOiJNQT09In0="
        },
        {
          "index_key": "ic-node-4",
          "schema_version": 0,
          "attributes": {
            "device": "ic-node-4",
            "id": "Cisco-IOS-XR-um-hostname-cfg:/hostname",
            "system_network_name": "ic-node-4"
          },
          "sensitive_attributes": [],
          "identity_schema_version": 0,
          "private": "eyJpbXBvcnRpbmciOiJNQT09In0="
        }
      ]
    },
    {
      "module": "module.iosxr",
      "mode": "managed",
      "type": "iosxr_interface_ethernet",
      "name": "ethernet",
      "provider": "module.iosxr.provider[\"registry.terraform.io/ciscodevnet/iosxr\"]",
      "instances": [
        {
          "index_key": "ic-node-1/GigabitEthernet0/0/0/0",
          "schema_version": 0,
          "attributes": {
            "arp_cache_limit": null,
            "arp_gratuitous_ignore": null,
            "arp_learning_disable": null,
            "arp_learning_local": null,
            "arp_timeout": null,
            "bandwidth": null,
            "bundle_id": null,
            "bundle_id_mode": null,
            "bundle_port_priority": null,
            "carrier_delay_down": null,
            "carrier_delay_up": null,
            "cdp": null,
            "dampening": null,
            "dampening_decay_half_life": null,
            "dampening_max_suppress_time": null,
            "dampening_restart_penalty": null,
            "dampening_reuse_threshold": null,
            "dampening_suppress_threshold": null,
            "delete_mode": null,
            "description": "Underlay",
            "device": "ic-node-1",
            "duplex": null,
            "encapsulation_dot1q_second_dot1q": null,
            "encapsulation_dot1q_vlan_id": null,
            "ethernet_cfm_ais_transmission_up_cos": null,
            "ethernet_cfm_ais_transmission_up_interval": null,
            "ethernet_cfm_bandwidth_notifications_hold_off": null,
            "ethernet_cfm_bandwidth_notifications_log_changes": null,
            "ethernet_cfm_bandwidth_notifications_loss_threshold": null,
            "ethernet_cfm_bandwidth_notifications_wait_to_restore": null,
            "ethernet_cfm_mep_domains": null,
            "fec": null,
            "flow_control": null,
            "flow_ipv4_egress_monitor_samplers": null,
            "flow_ipv4_egress_monitors": null,
            "flow_ipv4_ingress_monitor_samplers": null,
            "flow_ipv4_ingress_monitors": null,
            "flow_ipv6_egress_monitor_samplers": null,
            "flow_ipv6_egress_monitors": null,
            "flow_ipv6_ingress_monitor_samplers": null,
            "flow_ipv6_ingress_monitors": null,
            "frequency_synchronization": null,
            "frequency_synchronization_priority": null,
            "frequency_synchronization_quality_receive_exact_itu_t_option_one": null,
            "frequency_synchronization_quality_receive_exact_itu_t_option_two_generation_one": null,
            "frequency_synchronization_quality_receive_exact_itu_t_option_two_generation_two": null,
            "frequency_synchronization_quality_receive_highest_itu_t_option_one": null,
            "frequency_synchronization_quality_receive_highest_itu_t_option_two_generation_one": null,
            "frequency_synchronization_quality_receive_highest_itu_t_option_two_generation_two": null,
            "frequency_synchronization_quality_receive_lowest_itu_t_option_one": null,
            "frequency_synchronization_quality_receive_lowest_itu_t_option_two_generation_one": null,
            "frequency_synchronization_quality_receive_lowest_itu_t_option_two_generation_two": null,
            "frequency_synchronization_quality_transmit_exact_itu_t_option_one": null,
            "frequency_synchronization_quality_transmit_exact_itu_t_option_two_generation_one": null,
            "frequency_synchronization_quality_transmit_exact_itu_t_option_two_generation_two": null,
            "frequency_synchronization_quality_transmit_highest_itu_t_option_one": null,
            "frequency_synchronization_quality_transmit_highest_itu_t_option_two_generation_one": null,
            "frequency_synchronization_quality_transmit_highest_itu_t_option_two_generation_two": null,
            "frequency_synchronization_quality_transmit_lowest_itu_t_option_one": null,
            "frequency_synchronization_quality_transmit_lowest_itu_t_option_two_generation_one": null,
            "frequency_synchronization_quality_transmit_lowest_itu_t_option_two_generation_two": null,
            "frequency_synchronization_selection_input": null,
            "frequency_synchronization_ssm_disable": null,
            "frequency_synchronization_time_of_day_priority": null,
            "frequency_synchronization_wait_to_restore": null,
            "id": "Cisco-IOS-XR-um-interface-cfg:/interfaces/interface[interface-name=GigabitEthernet0/0/0/0]",
            "ipv4_access_group_egress_acl": null,
            "ipv4_access_group_egress_compress": null,
            "ipv4_access_group_egress_hardware_count": null,
            "ipv4_access_group_egress_interface_statistics": null,
            "ipv4_access_group_ingress_acl1": null,
            "ipv4_access_group_ingress_compress": null,
            "ipv4_access_group_ingress_hardware_count": null,
            "ipv4_access_group_ingress_interface_statistics": null,
            "ipv4_address": "10.10.0.1",
            "ipv4_algorithm": null,
            "ipv4_forwarding_enable": null,
            "ipv4_helper_addresses": null,
            "ipv4_mask_reply": null,
            "ipv4_mtu": null,
            "ipv4_netmask": "255.255.255.252",
            "ipv4_point_to_point": null,
            "ipv4_redirects": null,
            "ipv4_route_tag": null,
            "ipv4_secondaries": null,
            "ipv4_tcp_mss_adjust": null,
            "ipv4_ttl_propagate_disable": null,
            "ipv4_unnumbered": null,
            "ipv4_unreachables_disable": null,
            "ipv4_verify_unicast_source_reachable_via_allow_default": null,
            "ipv4_verify_unicast_source_reachable_via_allow_self_ping": null,
            "ipv4_verify_unicast_source_reachable_via_type": null,
            "ipv6_access_group_egress_acl": null,
            "ipv6_access_group_egress_compress": null,
            "ipv6_access_group_egress_interface_statistics": null,
            "ipv6_access_group_ingress_acl1": null,
            "ipv6_access_group_ingress_compress": null,
            "ipv6_access_group_ingress_interface_statistics": null,
            "ipv6_addresses": null,
            "ipv6_autoconfig": null,
            "ipv6_dhcp": null,
            "ipv6_enable": null,
            "ipv6_eui64_addresses": null,
            "ipv6_link_local_address": null,
            "ipv6_link_local_route_tag": null,
            "ipv6_link_local_zone": null,
            "ipv6_mtu": null,
            "ipv6_nd_cache_limit": null,
            "ipv6_nd_dad_attempts": null,
            "ipv6_nd_managed_config_flag": null,
            "ipv6_nd_ns_interval": null,
            "ipv6_nd_other_config_flag": null,
            "ipv6_nd_prefix_default_no_adv": null,
            "ipv6_nd_prefix_default_no_autoconfig": null,
            "ipv6_nd_ra_interval_max": null,
            "ipv6_nd_ra_interval_min": null,
            "ipv6_nd_ra_lifetime": null,
            "ipv6_nd_reachable_time": null,
            "ipv6_nd_redirects": null,
            "ipv6_nd_suppress_ra": null,
            "ipv6_nd_unicast_ra": null,
            "ipv6_tcp_mss_adjust": null,
            "ipv6_ttl_propagate_disable": null,
            "ipv6_unreachables_disable": null,
            "ipv6_verify_unicast_source_reachable_via_allow_default": null,
            "ipv6_verify_unicast_source_reachable_via_allow_self_ping": null,
            "ipv6_verify_unicast_source_reachable_via_type": null,
            "l2transport": null,
            "l2transport_encapsulation_dot1q_second_dot1q": null,
            "l2transport_encapsulation_dot1q_vlan_id": null,
            "lacp_period": null,
            "lacp_period_short": null,
            "lldp": null,
            "lldp_receive_disable": null,
            "lldp_tagged": null,
            "lldp_transmit_disable": null,
            "load_interval": null,
            "logging_events_link_status": null,
            "mac_address": null,
            "macsec_eap_policy": null,
            "macsec_fallback_psk_keychain": null,
            "macsec_policy": null,
            "macsec_psk_keychain_name": null,
            "monitor_sessions": null,
            "mpls_mtu": null,
            "mtu": 9000,
            "multipoint": null,
            "name": "0/0/0/0",
            "negotiation_auto": null,
            "negotiation_auto_allow_overrides": null,
            "point_to_point": null,
            "proxy_arp": null,
            "ptp": null,
            "ptp_announce_frequency": null,
            "ptp_announce_grant_duration": null,
            "ptp_announce_interval": null,
            "ptp_announce_timeout": null,
            "ptp_clock_operation_one_step": null,
            "ptp_clock_operation_two_step": null,
            "ptp_cos": null,
            "ptp_cos_event": null,
            "ptp_cos_general": null,
            "ptp_delay_asymmetry_unit_microseconds": null,
            "ptp_delay_asymmetry_unit_milliseconds": null,
            "ptp_delay_asymmetry_unit_nanoseconds": null,
            "ptp_delay_asymmetry_value": null,
            "ptp_delay_request_frequency": null,
            "ptp_delay_request_interval": null,
            "ptp_delay_response_grant_duration": null,
            "ptp_delay_response_timeout": null,
            "ptp_dscp": null,
            "ptp_dscp_event": null,
            "ptp_dscp_general": null,
            "ptp_interop_domain": null,
            "ptp_interop_egress_conversion_clock_accuracy": null,
            "ptp_interop_egress_conversion_clock_class_default": null,
            "ptp_interop_egress_conversion_clock_class_mappings": null,
            "ptp_interop_egress_conversion_offset_scaled_log_variance": null,
            "ptp_interop_egress_conversion_priority1": null,
            "ptp_interop_egress_conversion_priority2": null,
            "ptp_interop_ingress_conversion_clock_accuracy": null,
            "ptp_interop_ingress_conversion_clock_class_default": null,
            "ptp_interop_ingress_conversion_clock_class_mappings": null,
            "ptp_interop_ingress_conversion_offset_scaled_log_variance": null,
            "ptp_interop_ingress_conversion_priority1": null,
            "ptp_interop_ingress_conversion_priority2": null,
            "ptp_interop_profile_default": null,
            "ptp_interop_profile_g_8265_1": null,
            "ptp_interop_profile_g_8275_1": null,
            "ptp_interop_profile_g_8275_2": null,
            "ptp_ipv4_ttl": null,
            "ptp_ipv6_hop_limit": null,
            "ptp_local_priority": null,
            "ptp_master_ethernets": null,
            "ptp_master_ipv4s": null,
            "ptp_master_ipv6s": null,
            "ptp_multicast": null,
            "ptp_multicast_disable": null,
            "ptp_multicast_mixed": null,
            "ptp_multicast_target_address_mac_forwardable": null,
            "ptp_multicast_target_address_mac_non_forwardable": null,
            "ptp_port_state_any": null,
            "ptp_port_state_master_only": null,
            "ptp_port_state_slave_only": null,
            "ptp_profile": null,
            "ptp_slave_ethernets": null,
            "ptp_slave_ipv4s": null,
            "ptp_slave_ipv6s": null,
            "ptp_source_ipv4_address": null,
            "ptp_source_ipv4_address_disable": null,
            "ptp_source_ipv6_address": null,
            "ptp_source_ipv6_address_disable": null,
            "ptp_sync_frequency": null,
            "ptp_sync_grant_duration": null,
            "ptp_sync_interval": null,
            "ptp_sync_timeout": null,
            "ptp_transport_ethernet": null,
            "ptp_transport_ipv4": null,
            "ptp_transport_ipv6": null,
            "ptp_unicast_grant_invalid_request_deny": null,
            "ptp_unicast_grant_invalid_request_reduce": null,
            "rewrite_ingress_tag_pop_one": null,
            "rewrite_ingress_tag_pop_two": null,
            "service_policy_input": null,
            "service_policy_output": null,
            "shutdown": false,
            "speed": null,
            "type": "GigabitEthernet",
            "vrf": null
          },
          "sensitive_attributes": [],
          "identity_schema_version": 0,
          "private": "eyJpbXBvcnRpbmciOiJNQT09In0=",
          "dependencies": [
            "module.iosxr.iosxr_as_path_set.as_path_set",
            "module.iosxr.iosxr_class_map_qos.class_map_qos",
            "module.iosxr.iosxr_community_set.community_set",
            "module.iosxr.iosxr_esi_set.esi_set",
            "module.iosxr.iosxr_etag_set.etag_set",
            "module.iosxr.iosxr_extcommunity_bandwidth_set.extcommunity_bandwidth_set",
            "module.iosxr.iosxr_extcommunity_cost_set.extcommunity_cost_set",
            "module.iosxr.iosxr_extcommunity_evpn_link_bandwidth_set.extcommunity_evpn_link_bandwidth_set",
            "module.iosxr.iosxr_extcommunity_opaque_set.extcommunity_opaque_set",
            "module.iosxr.iosxr_extcommunity_rt_set.extcommunity_rt_set",
            "module.iosxr.iosxr_extcommunity_seg_nh_set.extcommunity_seg_nh_set",
            "module.iosxr.iosxr_extcommunity_soo_set.extcommunity_soo_set",
            "module.iosxr.iosxr_flow_exporter_map.flow_exporter_map",
            "module.iosxr.iosxr_flow_monitor_map.flow_monitor_map",
            "module.iosxr.iosxr_flow_sampler_map.flow_sampler_map",
            "module.iosxr.iosxr_ipv4_prefix_list.ipv4_prefix_list",
            "module.iosxr.iosxr_ipv6_prefix_list.ipv6_prefix_list",
            "module.iosxr.iosxr_key_chain.key_chain",
            "module.iosxr.iosxr_large_community_set.large_community_set",
            "module.iosxr.iosxr_mac_set.mac_set",
            "module.iosxr.iosxr_monitor_session.monitor_session",
            "module.iosxr.iosxr_ospf_area_set.ospf_area_set",
            "module.iosxr.iosxr_policy_global_set.policy_global_set",
            "module.iosxr.iosxr_policy_map_qos.policy_map_qos",
            "module.iosxr.iosxr_prefix_set.prefix_set",
            "module.iosxr.iosxr_rd_set.rd_set",
            "module.iosxr.iosxr_route_policy.route_policy",
            "module.iosxr.iosxr_tag_set.tag_set",
            "module.iosxr.iosxr_vrf.vrf",
            "module.iosxr.terraform_data.ethernet_flow_replace"
          ]
        },
        {
          "index_key": "ic-node-1/GigabitEthernet0/0/0/1",
          "schema_version": 0,
          "attributes": {
            "arp_cache_limit": null,
            "arp_gratuitous_ignore": null,
            "arp_learning_disable": null,
            "arp_learning_local": null,
            "arp_timeout": null,
            "bandwidth": null,
            "bundle_id": null,
            "bundle_id_mode": null,
            "bundle_port_priority": null,
            "carrier_delay_down": null,
            "carrier_delay_up": null,
            "cdp": null,
            "dampening": null,
            "dampening_decay_half_life": null,
            "dampening_max_suppress_time": null,
            "dampening_restart_penalty": null,
            "dampening_reuse_threshold": null,
            "dampening_suppress_threshold": null,
            "delete_mode": null,
            "description": "Underlay",
            "device": "ic-node-1",
            "duplex": null,
            "encapsulation_dot1q_second_dot1q": null,
            "encapsulation_dot1q_vlan_id": null,
            "ethernet_cfm_ais_transmission_up_cos": null,
            "ethernet_cfm_ais_transmission_up_interval": null,
            "ethernet_cfm_bandwidth_notifications_hold_off": null,
            "ethernet_cfm_bandwidth_notifications_log_changes": null,
            "ethernet_cfm_bandwidth_notifications_loss_threshold": null,
            "ethernet_cfm_bandwidth_notifications_wait_to_restore": null,
            "ethernet_cfm_mep_domains": null,
            "fec": null,
            "flow_control": null,
            "flow_ipv4_egress_monitor_samplers": null,
            "flow_ipv4_egress_monitors": null,
            "flow_ipv4_ingress_monitor_samplers": null,
            "flow_ipv4_ingress_monitors": null,
            "flow_ipv6_egress_monitor_samplers": null,
            "flow_ipv6_egress_monitors": null,
            "flow_ipv6_ingress_monitor_samplers": null,
            "flow_ipv6_ingress_monitors": null,
            "frequency_synchronization": null,
            "frequency_synchronization_priority": null,
            "frequency_synchronization_quality_receive_exact_itu_t_option_one": null,
            "frequency_synchronization_quality_receive_exact_itu_t_option_two_generation_one": null,
            "frequency_synchronization_quality_receive_exact_itu_t_option_two_generation_two": null,
            "frequency_synchronization_quality_receive_highest_itu_t_option_one": null,
            "frequency_synchronization_quality_receive_highest_itu_t_option_two_generation_one": null,
            "frequency_synchronization_quality_receive_highest_itu_t_option_two_generation_two": null,
            "frequency_synchronization_quality_receive_lowest_itu_t_option_one": null,
            "frequency_synchronization_quality_receive_lowest_itu_t_option_two_generation_one": null,
            "frequency_synchronization_quality_receive_lowest_itu_t_option_two_generation_two": null,
            "frequency_synchronization_quality_transmit_exact_itu_t_option_one": null,
            "frequency_synchronization_quality_transmit_exact_itu_t_option_two_generation_one": null,
            "frequency_synchronization_quality_transmit_exact_itu_t_option_two_generation_two": null,
            "frequency_synchronization_quality_transmit_highest_itu_t_option_one": null,
            "frequency_synchronization_quality_transmit_highest_itu_t_option_two_generation_one": null,
            "frequency_synchronization_quality_transmit_highest_itu_t_option_two_generation_two": null,
            "frequency_synchronization_quality_transmit_lowest_itu_t_option_one": null,
            "frequency_synchronization_quality_transmit_lowest_itu_t_option_two_generation_one": null,
            "frequency_synchronization_quality_transmit_lowest_itu_t_option_two_generation_two": null,
            "frequency_synchronization_selection_input": null,
            "frequency_synchronization_ssm_disable": null,
            "frequency_synchronization_time_of_day_priority": null,
            "frequency_synchronization_wait_to_restore": null,
            "id": "Cisco-IOS-XR-um-interface-cfg:/interfaces/interface[interface-name=GigabitEthernet0/0/0/1]",
            "ipv4_access_group_egress_acl": null,
            "ipv4_access_group_egress_compress": null,
            "ipv4_access_group_egress_hardware_count": null,
            "ipv4_access_group_egress_interface_statistics": null,
            "ipv4_access_group_ingress_acl1": null,
            "ipv4_access_group_ingress_compress": null,
            "ipv4_access_group_ingress_hardware_count": null,
            "ipv4_access_group_ingress_interface_statistics": null,
            "ipv4_address": "10.10.0.5",
            "ipv4_algorithm": null,
            "ipv4_forwarding_enable": null,
            "ipv4_helper_addresses": null,
            "ipv4_mask_reply": null,
            "ipv4_mtu": null,
            "ipv4_netmask": "255.255.255.252",
            "ipv4_point_to_point": null,
            "ipv4_redirects": null,
            "ipv4_route_tag": null,
            "ipv4_secondaries": null,
            "ipv4_tcp_mss_adjust": null,
            "ipv4_ttl_propagate_disable": null,
            "ipv4_unnumbered": null,
            "ipv4_unreachables_disable": null,
            "ipv4_verify_unicast_source_reachable_via_allow_default": null,
            "ipv4_verify_unicast_source_reachable_via_allow_self_ping": null,
            "ipv4_verify_unicast_source_reachable_via_type": null,
            "ipv6_access_group_egress_acl": null,
            "ipv6_access_group_egress_compress": null,
            "ipv6_access_group_egress_interface_statistics": null,
            "ipv6_access_group_ingress_acl1": null,
            "ipv6_access_group_ingress_compress": null,
            "ipv6_access_group_ingress_interface_statistics": null,
            "ipv6_addresses": null,
            "ipv6_autoconfig": null,
            "ipv6_dhcp": null,
            "ipv6_enable": null,
            "ipv6_eui64_addresses": null,
            "ipv6_link_local_address": null,
            "ipv6_link_local_route_tag": null,
            "ipv6_link_local_zone": null,
            "ipv6_mtu": null,
            "ipv6_nd_cache_limit": null,
            "ipv6_nd_dad_attempts": null,
            "ipv6_nd_managed_config_flag": null,
            "ipv6_nd_ns_interval": null,
            "ipv6_nd_other_config_flag": null,
            "ipv6_nd_prefix_default_no_adv": null,
            "ipv6_nd_prefix_default_no_autoconfig": null,
            "ipv6_nd_ra_interval_max": null,
            "ipv6_nd_ra_interval_min": null,
            "ipv6_nd_ra_lifetime": null,
            "ipv6_nd_reachable_time": null,
            "ipv6_nd_redirects": null,
            "ipv6_nd_suppress_ra": null,
            "ipv6_nd_unicast_ra": null,
            "ipv6_tcp_mss_adjust": null,
            "ipv6_ttl_propagate_disable": null,
            "ipv6_unreachables_disable": null,
            "ipv6_verify_unicast_source_reachable_via_allow_default": null,
            "ipv6_verify_unicast_source_reachable_via_allow_self_ping": null,
            "ipv6_verify_unicast_source_reachable_via_type": null,
            "l2transport": null,
            "l2transport_encapsulation_dot1q_second_dot1q": null,
            "l2transport_encapsulation_dot1q_vlan_id": null,
            "lacp_period": null,
            "lacp_period_short": null,
            "lldp": null,
            "lldp_receive_disable": null,
            "lldp_tagged": null,
            "lldp_transmit_disable": null,
            "load_interval": null,
            "logging_events_link_status": null,
            "mac_address": null,
            "macsec_eap_policy": null,
            "macsec_fallback_psk_keychain": null,
            "macsec_policy": null,
            "macsec_psk_keychain_name": null,
            "monitor_sessions": null,
            "mpls_mtu": null,
            "mtu": 9000,
            "multipoint": null,
            "name": "0/0/0/1",
            "negotiation_auto": null,
            "negotiation_auto_allow_overrides": null,
            "point_to_point": null,
            "proxy_arp": null,
            "ptp": null,
            "ptp_announce_frequency": null,
            "ptp_announce_grant_duration": null,
            "ptp_announce_interval": null,
            "ptp_announce_timeout": null,
            "ptp_clock_operation_one_step": null,
            "ptp_clock_operation_two_step": null,
            "ptp_cos": null,
            "ptp_cos_event": null,
            "ptp_cos_general": null,
            "ptp_delay_asymmetry_unit_microseconds": null,
            "ptp_delay_asymmetry_unit_milliseconds": null,
            "ptp_delay_asymmetry_unit_nanoseconds": null,
            "ptp_delay_asymmetry_value": null,
            "ptp_delay_request_frequency": null,
            "ptp_delay_request_interval": null,
            "ptp_delay_response_grant_duration": null,
            "ptp_delay_response_timeout": null,
            "ptp_dscp": null,
            "ptp_dscp_event": null,
            "ptp_dscp_general": null,
            "ptp_interop_domain": null,
            "ptp_interop_egress_conversion_clock_accuracy": null,
            "ptp_interop_egress_conversion_clock_class_default": null,
            "ptp_interop_egress_conversion_clock_class_mappings": null,
            "ptp_interop_egress_conversion_offset_scaled_log_variance": null,
            "ptp_interop_egress_conversion_priority1": null,
            "ptp_interop_egress_conversion_priority2": null,
            "ptp_interop_ingress_conversion_clock_accuracy": null,
            "ptp_interop_ingress_conversion_clock_class_default": null,
            "ptp_interop_ingress_conversion_clock_class_mappings": null,
            "ptp_interop_ingress_conversion_offset_scaled_log_variance": null,
            "ptp_interop_ingress_conversion_priority1": null,
            "ptp_interop_ingress_conversion_priority2": null,
            "ptp_interop_profile_default": null,
            "ptp_interop_profile_g_8265_1": null,
            "ptp_interop_profile_g_8275_1": null,
            "ptp_interop_profile_g_8275_2": null,
            "ptp_ipv4_ttl": null,
            "ptp_ipv6_hop_limit": null,
            "ptp_local_priority": null,
            "ptp_master_ethernets": null,
            "ptp_master_ipv4s": null,
            "ptp_master_ipv6s": null,
            "ptp_multicast": null,
            "ptp_multicast_disable": null,
            "ptp_multicast_mixed": null,
            "ptp_multicast_target_address_mac_forwardable": null,
            "ptp_multicast_target_address_mac_non_forwardable": null,
            "ptp_port_state_any": null,
            "ptp_port_state_master_only": null,
            "ptp_port_state_slave_only": null,
            "ptp_profile": null,
            "ptp_slave_ethernets": null,
            "ptp_slave_ipv4s": null,
            "ptp_slave_ipv6s": null,
            "ptp_source_ipv4_address": null,
            "ptp_source_ipv4_address_disable": null,
            "ptp_source_ipv6_address": null,
            "ptp_source_ipv6_address_disable": null,
            "ptp_sync_frequency": null,
            "ptp_sync_grant_duration": null,
            "ptp_sync_interval": null,
            "ptp_sync_timeout": null,
            "ptp_transport_ethernet": null,
            "ptp_transport_ipv4": null,
            "ptp_transport_ipv6": null,
            "ptp_unicast_grant_invalid_request_deny": null,
            "ptp_unicast_grant_invalid_request_reduce": null,
            "rewrite_ingress_tag_pop_one": null,
            "rewrite_ingress_tag_pop_two": null,
            "service_policy_input": null,
            "service_policy_output": null,
            "shutdown": false,
            "speed": null,
            "type": "GigabitEthernet",
            "vrf": null
          },
          "sensitive_attributes": [],
          "identity_schema_version": 0,
          "private": "eyJpbXBvcnRpbmciOiJNQT09In0=",
          "dependencies": [
            "module.iosxr.iosxr_as_path_set.as_path_set",
            "module.iosxr.iosxr_class_map_qos.class_map_qos",
            "module.iosxr.iosxr_community_set.community_set",
            "module.iosxr.iosxr_esi_set.esi_set",
            "module.iosxr.iosxr_etag_set.etag_set",
            "module.iosxr.iosxr_extcommunity_bandwidth_set.extcommunity_bandwidth_set",
            "module.iosxr.iosxr_extcommunity_cost_set.extcommunity_cost_set",
            "module.iosxr.iosxr_extcommunity_evpn_link_bandwidth_set.extcommunity_evpn_link_bandwidth_set",
            "module.iosxr.iosxr_extcommunity_opaque_set.extcommunity_opaque_set",
            "module.iosxr.iosxr_extcommunity_rt_set.extcommunity_rt_set",
            "module.iosxr.iosxr_extcommunity_seg_nh_set.extcommunity_seg_nh_set",
            "module.iosxr.iosxr_extcommunity_soo_set.extcommunity_soo_set",
            "module.iosxr.iosxr_flow_exporter_map.flow_exporter_map",
            "module.iosxr.iosxr_flow_monitor_map.flow_monitor_map",
            "module.iosxr.iosxr_flow_sampler_map.flow_sampler_map",
            "module.iosxr.iosxr_ipv4_prefix_list.ipv4_prefix_list",
            "module.iosxr.iosxr_ipv6_prefix_list.ipv6_prefix_list",
            "module.iosxr.iosxr_key_chain.key_chain",
            "module.iosxr.iosxr_large_community_set.large_community_set",
            "module.iosxr.iosxr_mac_set.mac_set",
            "module.iosxr.iosxr_monitor_session.monitor_session",
            "module.iosxr.iosxr_ospf_area_set.ospf_area_set",
            "module.iosxr.iosxr_policy_global_set.policy_global_set",
            "module.iosxr.iosxr_policy_map_qos.policy_map_qos",
            "module.iosxr.iosxr_prefix_set.prefix_set",
            "module.iosxr.iosxr_rd_set.rd_set",
            "module.iosxr.iosxr_route_policy.route_policy",
            "module.iosxr.iosxr_tag_set.tag_set",
            "module.iosxr.iosxr_vrf.vrf",
            "module.iosxr.terraform_data.ethernet_flow_replace"
          ]
        },
        {
          "index_key": "ic-node-2/GigabitEthernet0/0/0/0",
          "schema_version": 0,
          "attributes": {
            "arp_cache_limit": null,
            "arp_gratuitous_ignore": null,
            "arp_learning_disable": null,
            "arp_learning_local": null,
            "arp_timeout": null,
            "bandwidth": null,
            "bundle_id": null,
            "bundle_id_mode": null,
            "bundle_port_priority": null,
            "carrier_delay_down": null,
            "carrier_delay_up": null,
            "cdp": null,
            "dampening": null,
            "dampening_decay_half_life": null,
            "dampening_max_suppress_time": null,
            "dampening_restart_penalty": null,
            "dampening_reuse_threshold": null,
            "dampening_suppress_threshold": null,
            "delete_mode": null,
            "description": "Underlay",
            "device": "ic-node-2",
            "duplex": null,
            "encapsulation_dot1q_second_dot1q": null,
            "encapsulation_dot1q_vlan_id": null,
            "ethernet_cfm_ais_transmission_up_cos": null,
            "ethernet_cfm_ais_transmission_up_interval": null,
            "ethernet_cfm_bandwidth_notifications_hold_off": null,
            "ethernet_cfm_bandwidth_notifications_log_changes": null,
            "ethernet_cfm_bandwidth_notifications_loss_threshold": null,
            "ethernet_cfm_bandwidth_notifications_wait_to_restore": null,
            "ethernet_cfm_mep_domains": null,
            "fec": null,
            "flow_control": null,
            "flow_ipv4_egress_monitor_samplers": null,
            "flow_ipv4_egress_monitors": null,
            "flow_ipv4_ingress_monitor_samplers": null,
            "flow_ipv4_ingress_monitors": null,
            "flow_ipv6_egress_monitor_samplers": null,
            "flow_ipv6_egress_monitors": null,
            "flow_ipv6_ingress_monitor_samplers": null,
            "flow_ipv6_ingress_monitors": null,
            "frequency_synchronization": null,
            "frequency_synchronization_priority": null,
            "frequency_synchronization_quality_receive_exact_itu_t_option_one": null,
            "frequency_synchronization_quality_receive_exact_itu_t_option_two_generation_one": null,
            "frequency_synchronization_quality_receive_exact_itu_t_option_two_generation_two": null,
            "frequency_synchronization_quality_receive_highest_itu_t_option_one": null,
            "frequency_synchronization_quality_receive_highest_itu_t_option_two_generation_one": null,
            "frequency_synchronization_quality_receive_highest_itu_t_option_two_generation_two": null,
            "frequency_synchronization_quality_receive_lowest_itu_t_option_one": null,
            "frequency_synchronization_quality_receive_lowest_itu_t_option_two_generation_one": null,
            "frequency_synchronization_quality_receive_lowest_itu_t_option_two_generation_two": null,
            "frequency_synchronization_quality_transmit_exact_itu_t_option_one": null,
            "frequency_synchronization_quality_transmit_exact_itu_t_option_two_generation_one": null,
            "frequency_synchronization_quality_transmit_exact_itu_t_option_two_generation_two": null,
            "frequency_synchronization_quality_transmit_highest_itu_t_option_one": null,
            "frequency_synchronization_quality_transmit_highest_itu_t_option_two_generation_one": null,
            "frequency_synchronization_quality_transmit_highest_itu_t_option_two_generation_two": null,
            "frequency_synchronization_quality_transmit_lowest_itu_t_option_one": null,
            "frequency_synchronization_quality_transmit_lowest_itu_t_option_two_generation_one": null,
            "frequency_synchronization_quality_transmit_lowest_itu_t_option_two_generation_two": null,
            "frequency_synchronization_selection_input": null,
            "frequency_synchronization_ssm_disable": null,
            "frequency_synchronization_time_of_day_priority": null,
            "frequency_synchronization_wait_to_restore": null,
            "id": "Cisco-IOS-XR-um-interface-cfg:/interfaces/interface[interface-name=GigabitEthernet0/0/0/0]",
            "ipv4_access_group_egress_acl": null,
            "ipv4_access_group_egress_compress": null,
            "ipv4_access_group_egress_hardware_count": null,
            "ipv4_access_group_egress_interface_statistics": null,
            "ipv4_access_group_ingress_acl1": null,
            "ipv4_access_group_ingress_compress": null,
            "ipv4_access_group_ingress_hardware_count": null,
            "ipv4_access_group_ingress_interface_statistics": null,
            "ipv4_address": "10.10.0.9",
            "ipv4_algorithm": null,
            "ipv4_forwarding_enable": null,
            "ipv4_helper_addresses": null,
            "ipv4_mask_reply": null,
            "ipv4_mtu": null,
            "ipv4_netmask": "255.255.255.252",
            "ipv4_point_to_point": null,
            "ipv4_redirects": null,
            "ipv4_route_tag": null,
            "ipv4_secondaries": null,
            "ipv4_tcp_mss_adjust": null,
            "ipv4_ttl_propagate_disable": null,
            "ipv4_unnumbered": null,
            "ipv4_unreachables_disable": null,
            "ipv4_verify_unicast_source_reachable_via_allow_default": null,
            "ipv4_verify_unicast_source_reachable_via_allow_self_ping": null,
            "ipv4_verify_unicast_source_reachable_via_type": null,
            "ipv6_access_group_egress_acl": null,
            "ipv6_access_group_egress_compress": null,
            "ipv6_access_group_egress_interface_statistics": null,
            "ipv6_access_group_ingress_acl1": null,
            "ipv6_access_group_ingress_compress": null,
            "ipv6_access_group_ingress_interface_statistics": null,
            "ipv6_addresses": null,
            "ipv6_autoconfig": null,
            "ipv6_dhcp": null,
            "ipv6_enable": null,
            "ipv6_eui64_addresses": null,
            "ipv6_link_local_address": null,
            "ipv6_link_local_route_tag": null,
            "ipv6_link_local_zone": null,
            "ipv6_mtu": null,
            "ipv6_nd_cache_limit": null,
            "ipv6_nd_dad_attempts": null,
            "ipv6_nd_managed_config_flag": null,
            "ipv6_nd_ns_interval": null,
            "ipv6_nd_other_config_flag": null,
            "ipv6_nd_prefix_default_no_adv": null,
            "ipv6_nd_prefix_default_no_autoconfig": null,
            "ipv6_nd_ra_interval_max": null,
            "ipv6_nd_ra_interval_min": null,
            "ipv6_nd_ra_lifetime": null,
            "ipv6_nd_reachable_time": null,
            "ipv6_nd_redirects": null,
            "ipv6_nd_suppress_ra": null,
            "ipv6_nd_unicast_ra": null,
            "ipv6_tcp_mss_adjust": null,
            "ipv6_ttl_propagate_disable": null,
            "ipv6_unreachables_disable": null,
            "ipv6_verify_unicast_source_reachable_via_allow_default": null,
            "ipv6_verify_unicast_source_reachable_via_allow_self_ping": null,
            "ipv6_verify_unicast_source_reachable_via_type": null,
            "l2transport": null,
            "l2transport_encapsulation_dot1q_second_dot1q": null,
            "l2transport_encapsulation_dot1q_vlan_id": null,
            "lacp_period": null,
            "lacp_period_short": null,
            "lldp": null,
            "lldp_receive_disable": null,
            "lldp_tagged": null,
            "lldp_transmit_disable": null,
            "load_interval": null,
            "logging_events_link_status": null,
            "mac_address": null,
            "macsec_eap_policy": null,
            "macsec_fallback_psk_keychain": null,
            "macsec_policy": null,
            "macsec_psk_keychain_name": null,
            "monitor_sessions": null,
            "mpls_mtu": null,
            "mtu": 9000,
            "multipoint": null,
            "name": "0/0/0/0",
            "negotiation_auto": null,
            "negotiation_auto_allow_overrides": null,
            "point_to_point": null,
            "proxy_arp": null,
            "ptp": null,
            "ptp_announce_frequency": null,
            "ptp_announce_grant_duration": null,
            "ptp_announce_interval": null,
            "ptp_announce_timeout": null,
            "ptp_clock_operation_one_step": null,
            "ptp_clock_operation_two_step": null,
            "ptp_cos": null,
            "ptp_cos_event": null,
            "ptp_cos_general": null,
            "ptp_delay_asymmetry_unit_microseconds": null,
            "ptp_delay_asymmetry_unit_milliseconds": null,
            "ptp_delay_asymmetry_unit_nanoseconds": null,
            "ptp_delay_asymmetry_value": null,
            "ptp_delay_request_frequency": null,
            "ptp_delay_request_interval": null,
            "ptp_delay_response_grant_duration": null,
            "ptp_delay_response_timeout": null,
            "ptp_dscp": null,
            "ptp_dscp_event": null,
            "ptp_dscp_general": null,
            "ptp_interop_domain": null,
            "ptp_interop_egress_conversion_clock_accuracy": null,
            "ptp_interop_egress_conversion_clock_class_default": null,
            "ptp_interop_egress_conversion_clock_class_mappings": null,
            "ptp_interop_egress_conversion_offset_scaled_log_variance": null,
            "ptp_interop_egress_conversion_priority1": null,
            "ptp_interop_egress_conversion_priority2": null,
            "ptp_interop_ingress_conversion_clock_accuracy": null,
            "ptp_interop_ingress_conversion_clock_class_default": null,
            "ptp_interop_ingress_conversion_clock_class_mappings": null,
            "ptp_interop_ingress_conversion_offset_scaled_log_variance": null,
            "ptp_interop_ingress_conversion_priority1": null,
            "ptp_interop_ingress_conversion_priority2": null,
            "ptp_interop_profile_default": null,
            "ptp_interop_profile_g_8265_1": null,
            "ptp_interop_profile_g_8275_1": null,
            "ptp_interop_profile_g_8275_2": null,
            "ptp_ipv4_ttl": null,
            "ptp_ipv6_hop_limit": null,
            "ptp_local_priority": null,
            "ptp_master_ethernets": null,
            "ptp_master_ipv4s": null,
            "ptp_master_ipv6s": null,
            "ptp_multicast": null,
            "ptp_multicast_disable": null,
            "ptp_multicast_mixed": null,
            "ptp_multicast_target_address_mac_forwardable": null,
            "ptp_multicast_target_address_mac_non_forwardable": null,
            "ptp_port_state_any": null,
            "ptp_port_state_master_only": null,
            "ptp_port_state_slave_only": null,
            "ptp_profile": null,
            "ptp_slave_ethernets": null,
            "ptp_slave_ipv4s": null,
            "ptp_slave_ipv6s": null,
            "ptp_source_ipv4_address": null,
            "ptp_source_ipv4_address_disable": null,
            "ptp_source_ipv6_address": null,
            "ptp_source_ipv6_address_disable": null,
            "ptp_sync_frequency": null,
            "ptp_sync_grant_duration": null,
            "ptp_sync_interval": null,
            "ptp_sync_timeout": null,
            "ptp_transport_ethernet": null,
            "ptp_transport_ipv4": null,
            "ptp_transport_ipv6": null,
            "ptp_unicast_grant_invalid_request_deny": null,
            "ptp_unicast_grant_invalid_request_reduce": null,
            "rewrite_ingress_tag_pop_one": null,
            "rewrite_ingress_tag_pop_two": null,
            "service_policy_input": null,
            "service_policy_output": null,
            "shutdown": false,
            "speed": null,
            "type": "GigabitEthernet",
            "vrf": null
          },
          "sensitive_attributes": [],
          "identity_schema_version": 0,
          "private": "eyJpbXBvcnRpbmciOiJNQT09In0=",
          "dependencies": [
            "module.iosxr.iosxr_as_path_set.as_path_set",
            "module.iosxr.iosxr_class_map_qos.class_map_qos",
            "module.iosxr.iosxr_community_set.community_set",
            "module.iosxr.iosxr_esi_set.esi_set",
            "module.iosxr.iosxr_etag_set.etag_set",
            "module.iosxr.iosxr_extcommunity_bandwidth_set.extcommunity_bandwidth_set",
            "module.iosxr.iosxr_extcommunity_cost_set.extcommunity_cost_set",
            "module.iosxr.iosxr_extcommunity_evpn_link_bandwidth_set.extcommunity_evpn_link_bandwidth_set",
            "module.iosxr.iosxr_extcommunity_opaque_set.extcommunity_opaque_set",
            "module.iosxr.iosxr_extcommunity_rt_set.extcommunity_rt_set",
            "module.iosxr.iosxr_extcommunity_seg_nh_set.extcommunity_seg_nh_set",
            "module.iosxr.iosxr_extcommunity_soo_set.extcommunity_soo_set",
            "module.iosxr.iosxr_flow_exporter_map.flow_exporter_map",
            "module.iosxr.iosxr_flow_monitor_map.flow_monitor_map",
            "module.iosxr.iosxr_flow_sampler_map.flow_sampler_map",
            "module.iosxr.iosxr_ipv4_prefix_list.ipv4_prefix_list",
            "module.iosxr.iosxr_ipv6_prefix_list.ipv6_prefix_list",
            "module.iosxr.iosxr_key_chain.key_chain",
            "module.iosxr.iosxr_large_community_set.large_community_set",
            "module.iosxr.iosxr_mac_set.mac_set",
            "module.iosxr.iosxr_monitor_session.monitor_session",
            "module.iosxr.iosxr_ospf_area_set.ospf_area_set",
            "module.iosxr.iosxr_policy_global_set.policy_global_set",
            "module.iosxr.iosxr_policy_map_qos.policy_map_qos",
            "module.iosxr.iosxr_prefix_set.prefix_set",
            "module.iosxr.iosxr_rd_set.rd_set",
            "module.iosxr.iosxr_route_policy.route_policy",
            "module.iosxr.iosxr_tag_set.tag_set",
            "module.iosxr.iosxr_vrf.vrf",
            "module.iosxr.terraform_data.ethernet_flow_replace"
          ]
        },
        {
          "index_key": "ic-node-2/GigabitEthernet0/0/0/1",
          "schema_version": 0,
          "attributes": {
            "arp_cache_limit": null,
            "arp_gratuitous_ignore": null,
            "arp_learning_disable": null,
            "arp_learning_local": null,
            "arp_timeout": null,
            "bandwidth": null,
            "bundle_id": null,
            "bundle_id_mode": null,
            "bundle_port_priority": null,
            "carrier_delay_down": null,
            "carrier_delay_up": null,
            "cdp": null,
            "dampening": null,
            "dampening_decay_half_life": null,
            "dampening_max_suppress_time": null,
            "dampening_restart_penalty": null,
            "dampening_reuse_threshold": null,
            "dampening_suppress_threshold": null,
            "delete_mode": null,
            "description": "Underlay",
            "device": "ic-node-2",
            "duplex": null,
            "encapsulation_dot1q_second_dot1q": null,
            "encapsulation_dot1q_vlan_id": null,
            "ethernet_cfm_ais_transmission_up_cos": null,
            "ethernet_cfm_ais_transmission_up_interval": null,
            "ethernet_cfm_bandwidth_notifications_hold_off": null,
            "ethernet_cfm_bandwidth_notifications_log_changes": null,
            "ethernet_cfm_bandwidth_notifications_loss_threshold": null,
            "ethernet_cfm_bandwidth_notifications_wait_to_restore": null,
            "ethernet_cfm_mep_domains": null,
            "fec": null,
            "flow_control": null,
            "flow_ipv4_egress_monitor_samplers": null,
            "flow_ipv4_egress_monitors": null,
            "flow_ipv4_ingress_monitor_samplers": null,
            "flow_ipv4_ingress_monitors": null,
            "flow_ipv6_egress_monitor_samplers": null,
            "flow_ipv6_egress_monitors": null,
            "flow_ipv6_ingress_monitor_samplers": null,
            "flow_ipv6_ingress_monitors": null,
            "frequency_synchronization": null,
            "frequency_synchronization_priority": null,
            "frequency_synchronization_quality_receive_exact_itu_t_option_one": null,
            "frequency_synchronization_quality_receive_exact_itu_t_option_two_generation_one": null,
            "frequency_synchronization_quality_receive_exact_itu_t_option_two_generation_two": null,
            "frequency_synchronization_quality_receive_highest_itu_t_option_one": null,
            "frequency_synchronization_quality_receive_highest_itu_t_option_two_generation_one": null,
            "frequency_synchronization_quality_receive_highest_itu_t_option_two_generation_two": null,
            "frequency_synchronization_quality_receive_lowest_itu_t_option_one": null,
            "frequency_synchronization_quality_receive_lowest_itu_t_option_two_generation_one": null,
            "frequency_synchronization_quality_receive_lowest_itu_t_option_two_generation_two": null,
            "frequency_synchronization_quality_transmit_exact_itu_t_option_one": null,
            "frequency_synchronization_quality_transmit_exact_itu_t_option_two_generation_one": null,
            "frequency_synchronization_quality_transmit_exact_itu_t_option_two_generation_two": null,
            "frequency_synchronization_quality_transmit_highest_itu_t_option_one": null,
            "frequency_synchronization_quality_transmit_highest_itu_t_option_two_generation_one": null,
            "frequency_synchronization_quality_transmit_highest_itu_t_option_two_generation_two": null,
            "frequency_synchronization_quality_transmit_lowest_itu_t_option_one": null,
            "frequency_synchronization_quality_transmit_lowest_itu_t_option_two_generation_one": null,
            "frequency_synchronization_quality_transmit_lowest_itu_t_option_two_generation_two": null,
            "frequency_synchronization_selection_input": null,
            "frequency_synchronization_ssm_disable": null,
            "frequency_synchronization_time_of_day_priority": null,
            "frequency_synchronization_wait_to_restore": null,
            "id": "Cisco-IOS-XR-um-interface-cfg:/interfaces/interface[interface-name=GigabitEthernet0/0/0/1]",
            "ipv4_access_group_egress_acl": null,
            "ipv4_access_group_egress_compress": null,
            "ipv4_access_group_egress_hardware_count": null,
            "ipv4_access_group_egress_interface_statistics": null,
            "ipv4_access_group_ingress_acl1": null,
            "ipv4_access_group_ingress_compress": null,
            "ipv4_access_group_ingress_hardware_count": null,
            "ipv4_access_group_ingress_interface_statistics": null,
            "ipv4_address": "10.10.0.13",
            "ipv4_algorithm": null,
            "ipv4_forwarding_enable": null,
            "ipv4_helper_addresses": null,
            "ipv4_mask_reply": null,
            "ipv4_mtu": null,
            "ipv4_netmask": "255.255.255.252",
            "ipv4_point_to_point": null,
            "ipv4_redirects": null,
            "ipv4_route_tag": null,
            "ipv4_secondaries": null,
            "ipv4_tcp_mss_adjust": null,
            "ipv4_ttl_propagate_disable": null,
            "ipv4_unnumbered": null,
            "ipv4_unreachables_disable": null,
            "ipv4_verify_unicast_source_reachable_via_allow_default": null,
            "ipv4_verify_unicast_source_reachable_via_allow_self_ping": null,
            "ipv4_verify_unicast_source_reachable_via_type": null,
            "ipv6_access_group_egress_acl": null,
            "ipv6_access_group_egress_compress": null,
            "ipv6_access_group_egress_interface_statistics": null,
            "ipv6_access_group_ingress_acl1": null,
            "ipv6_access_group_ingress_compress": null,
            "ipv6_access_group_ingress_interface_statistics": null,
            "ipv6_addresses": null,
            "ipv6_autoconfig": null,
            "ipv6_dhcp": null,
            "ipv6_enable": null,
            "ipv6_eui64_addresses": null,
            "ipv6_link_local_address": null,
            "ipv6_link_local_route_tag": null,
            "ipv6_link_local_zone": null,
            "ipv6_mtu": null,
            "ipv6_nd_cache_limit": null,
            "ipv6_nd_dad_attempts": null,
            "ipv6_nd_managed_config_flag": null,
            "ipv6_nd_ns_interval": null,
            "ipv6_nd_other_config_flag": null,
            "ipv6_nd_prefix_default_no_adv": null,
            "ipv6_nd_prefix_default_no_autoconfig": null,
            "ipv6_nd_ra_interval_max": null,
            "ipv6_nd_ra_interval_min": null,
            "ipv6_nd_ra_lifetime": null,
            "ipv6_nd_reachable_time": null,
            "ipv6_nd_redirects": null,
            "ipv6_nd_suppress_ra": null,
            "ipv6_nd_unicast_ra": null,
            "ipv6_tcp_mss_adjust": null,
            "ipv6_ttl_propagate_disable": null,
            "ipv6_unreachables_disable": null,
            "ipv6_verify_unicast_source_reachable_via_allow_default": null,
            "ipv6_verify_unicast_source_reachable_via_allow_self_ping": null,
            "ipv6_verify_unicast_source_reachable_via_type": null,
            "l2transport": null,
            "l2transport_encapsulation_dot1q_second_dot1q": null,
            "l2transport_encapsulation_dot1q_vlan_id": null,
            "lacp_period": null,
            "lacp_period_short": null,
            "lldp": null,
            "lldp_receive_disable": null,
            "lldp_tagged": null,
            "lldp_transmit_disable": null,
            "load_interval": null,
            "logging_events_link_status": null,
            "mac_address": null,
            "macsec_eap_policy": null,
            "macsec_fallback_psk_keychain": null,
            "macsec_policy": null,
            "macsec_psk_keychain_name": null,
            "monitor_sessions": null,
            "mpls_mtu": null,
            "mtu": 9000,
            "multipoint": null,
            "name": "0/0/0/1",
            "negotiation_auto": null,
            "negotiation_auto_allow_overrides": null,
            "point_to_point": null,
            "proxy_arp": null,
            "ptp": null,
            "ptp_announce_frequency": null,
            "ptp_announce_grant_duration": null,
            "ptp_announce_interval": null,
            "ptp_announce_timeout": null,
            "ptp_clock_operation_one_step": null,
            "ptp_clock_operation_two_step": null,
            "ptp_cos": null,
            "ptp_cos_event": null,
            "ptp_cos_general": null,
            "ptp_delay_asymmetry_unit_microseconds": null,
            "ptp_delay_asymmetry_unit_milliseconds": null,
            "ptp_delay_asymmetry_unit_nanoseconds": null,
            "ptp_delay_asymmetry_value": null,
            "ptp_delay_request_frequency": null,
            "ptp_delay_request_interval": null,
            "ptp_delay_response_grant_duration": null,
            "ptp_delay_response_timeout": null,
            "ptp_dscp": null,
            "ptp_dscp_event": null,
            "ptp_dscp_general": null,
            "ptp_interop_domain": null,
            "ptp_interop_egress_conversion_clock_accuracy": null,
            "ptp_interop_egress_conversion_clock_class_default": null,
            "ptp_interop_egress_conversion_clock_class_mappings": null,
            "ptp_interop_egress_conversion_offset_scaled_log_variance": null,
            "ptp_interop_egress_conversion_priority1": null,
            "ptp_interop_egress_conversion_priority2": null,
            "ptp_interop_ingress_conversion_clock_accuracy": null,
            "ptp_interop_ingress_conversion_clock_class_default": null,
            "ptp_interop_ingress_conversion_clock_class_mappings": null,
            "ptp_interop_ingress_conversion_offset_scaled_log_variance": null,
            "ptp_interop_ingress_conversion_priority1": null,
            "ptp_interop_ingress_conversion_priority2": null,
            "ptp_interop_profile_default": null,
            "ptp_interop_profile_g_8265_1": null,
            "ptp_interop_profile_g_8275_1": null,
            "ptp_interop_profile_g_8275_2": null,
            "ptp_ipv4_ttl": null,
            "ptp_ipv6_hop_limit": null,
            "ptp_local_priority": null,
            "ptp_master_ethernets": null,
            "ptp_master_ipv4s": null,
            "ptp_master_ipv6s": null,
            "ptp_multicast": null,
            "ptp_multicast_disable": null,
            "ptp_multicast_mixed": null,
            "ptp_multicast_target_address_mac_forwardable": null,
            "ptp_multicast_target_address_mac_non_forwardable": null,
            "ptp_port_state_any": null,
            "ptp_port_state_master_only": null,
            "ptp_port_state_slave_only": null,
            "ptp_profile": null,
            "ptp_slave_ethernets": null,
            "ptp_slave_ipv4s": null,
            "ptp_slave_ipv6s": null,
            "ptp_source_ipv4_address": null,
            "ptp_source_ipv4_address_disable": null,
            "ptp_source_ipv6_address": null,
            "ptp_source_ipv6_address_disable": null,
            "ptp_sync_frequency": null,
            "ptp_sync_grant_duration": null,
            "ptp_sync_interval": null,
            "ptp_sync_timeout": null,
            "ptp_transport_ethernet": null,
            "ptp_transport_ipv4": null,
            "ptp_transport_ipv6": null,
            "ptp_unicast_grant_invalid_request_deny": null,
            "ptp_unicast_grant_invalid_request_reduce": null,
            "rewrite_ingress_tag_pop_one": null,
            "rewrite_ingress_tag_pop_two": null,
            "service_policy_input": null,
            "service_policy_output": null,
            "shutdown": false,
            "speed": null,
            "type": "GigabitEthernet",
            "vrf": null
          },
          "sensitive_attributes": [],
          "identity_schema_version": 0,
          "private": "eyJpbXBvcnRpbmciOiJNQT09In0=",
          "dependencies": [
            "module.iosxr.iosxr_as_path_set.as_path_set",
            "module.iosxr.iosxr_class_map_qos.class_map_qos",
            "module.iosxr.iosxr_community_set.community_set",
            "module.iosxr.iosxr_esi_set.esi_set",
            "module.iosxr.iosxr_etag_set.etag_set",
            "module.iosxr.iosxr_extcommunity_bandwidth_set.extcommunity_bandwidth_set",
            "module.iosxr.iosxr_extcommunity_cost_set.extcommunity_cost_set",
            "module.iosxr.iosxr_extcommunity_evpn_link_bandwidth_set.extcommunity_evpn_link_bandwidth_set",
            "module.iosxr.iosxr_extcommunity_opaque_set.extcommunity_opaque_set",
            "module.iosxr.iosxr_extcommunity_rt_set.extcommunity_rt_set",
            "module.iosxr.iosxr_extcommunity_seg_nh_set.extcommunity_seg_nh_set",
            "module.iosxr.iosxr_extcommunity_soo_set.extcommunity_soo_set",
            "module.iosxr.iosxr_flow_exporter_map.flow_exporter_map",
            "module.iosxr.iosxr_flow_monitor_map.flow_monitor_map",
            "module.iosxr.iosxr_flow_sampler_map.flow_sampler_map",
            "module.iosxr.iosxr_ipv4_prefix_list.ipv4_prefix_list",
            "module.iosxr.iosxr_ipv6_prefix_list.ipv6_prefix_list",
            "module.iosxr.iosxr_key_chain.key_chain",
            "module.iosxr.iosxr_large_community_set.large_community_set",
            "module.iosxr.iosxr_mac_set.mac_set",
            "module.iosxr.iosxr_monitor_session.monitor_session",
            "module.iosxr.iosxr_ospf_area_set.ospf_area_set",
            "module.iosxr.iosxr_policy_global_set.policy_global_set",
            "module.iosxr.iosxr_policy_map_qos.policy_map_qos",
            "module.iosxr.iosxr_prefix_set.prefix_set",
            "module.iosxr.iosxr_rd_set.rd_set",
            "module.iosxr.iosxr_route_policy.route_policy",
            "module.iosxr.iosxr_tag_set.tag_set",
            "module.iosxr.iosxr_vrf.vrf",
            "module.iosxr.terraform_data.ethernet_flow_replace"
          ]
        },
        {
          "index_key": "ic-node-3/GigabitEthernet0/0/0/0",
          "schema_version": 0,
          "attributes": {
            "arp_cache_limit": null,
            "arp_gratuitous_ignore": null,
            "arp_learning_disable": null,
            "arp_learning_local": null,
            "arp_timeout": null,
            "bandwidth": null,
            "bundle_id": null,
            "bundle_id_mode": null,
            "bundle_port_priority": null,
            "carrier_delay_down": null,
            "carrier_delay_up": null,
            "cdp": null,
            "dampening": null,
            "dampening_decay_half_life": null,
            "dampening_max_suppress_time": null,
            "dampening_restart_penalty": null,
            "dampening_reuse_threshold": null,
            "dampening_suppress_threshold": null,
            "delete_mode": null,
            "description": "Underlay",
            "device": "ic-node-3",
            "duplex": null,
            "encapsulation_dot1q_second_dot1q": null,
            "encapsulation_dot1q_vlan_id": null,
            "ethernet_cfm_ais_transmission_up_cos": null,
            "ethernet_cfm_ais_transmission_up_interval": null,
            "ethernet_cfm_bandwidth_notifications_hold_off": null,
            "ethernet_cfm_bandwidth_notifications_log_changes": null,
            "ethernet_cfm_bandwidth_notifications_loss_threshold": null,
            "ethernet_cfm_bandwidth_notifications_wait_to_restore": null,
            "ethernet_cfm_mep_domains": null,
            "fec": null,
            "flow_control": null,
            "flow_ipv4_egress_monitor_samplers": null,
            "flow_ipv4_egress_monitors": null,
            "flow_ipv4_ingress_monitor_samplers": null,
            "flow_ipv4_ingress_monitors": null,
            "flow_ipv6_egress_monitor_samplers": null,
            "flow_ipv6_egress_monitors": null,
            "flow_ipv6_ingress_monitor_samplers": null,
            "flow_ipv6_ingress_monitors": null,
            "frequency_synchronization": null,
            "frequency_synchronization_priority": null,
            "frequency_synchronization_quality_receive_exact_itu_t_option_one": null,
            "frequency_synchronization_quality_receive_exact_itu_t_option_two_generation_one": null,
            "frequency_synchronization_quality_receive_exact_itu_t_option_two_generation_two": null,
            "frequency_synchronization_quality_receive_highest_itu_t_option_one": null,
            "frequency_synchronization_quality_receive_highest_itu_t_option_two_generation_one": null,
            "frequency_synchronization_quality_receive_highest_itu_t_option_two_generation_two": null,
            "frequency_synchronization_quality_receive_lowest_itu_t_option_one": null,
            "frequency_synchronization_quality_receive_lowest_itu_t_option_two_generation_one": null,
            "frequency_synchronization_quality_receive_lowest_itu_t_option_two_generation_two": null,
            "frequency_synchronization_quality_transmit_exact_itu_t_option_one": null,
            "frequency_synchronization_quality_transmit_exact_itu_t_option_two_generation_one": null,
            "frequency_synchronization_quality_transmit_exact_itu_t_option_two_generation_two": null,
            "frequency_synchronization_quality_transmit_highest_itu_t_option_one": null,
            "frequency_synchronization_quality_transmit_highest_itu_t_option_two_generation_one": null,
            "frequency_synchronization_quality_transmit_highest_itu_t_option_two_generation_two": null,
            "frequency_synchronization_quality_transmit_lowest_itu_t_option_one": null,
            "frequency_synchronization_quality_transmit_lowest_itu_t_option_two_generation_one": null,
            "frequency_synchronization_quality_transmit_lowest_itu_t_option_two_generation_two": null,
            "frequency_synchronization_selection_input": null,
            "frequency_synchronization_ssm_disable": null,
            "frequency_synchronization_time_of_day_priority": null,
            "frequency_synchronization_wait_to_restore": null,
            "id": "Cisco-IOS-XR-um-interface-cfg:/interfaces/interface[interface-name=GigabitEthernet0/0/0/0]",
            "ipv4_access_group_egress_acl": null,
            "ipv4_access_group_egress_compress": null,
            "ipv4_access_group_egress_hardware_count": null,
            "ipv4_access_group_egress_interface_statistics": null,
            "ipv4_access_group_ingress_acl1": null,
            "ipv4_access_group_ingress_compress": null,
            "ipv4_access_group_ingress_hardware_count": null,
            "ipv4_access_group_ingress_interface_statistics": null,
            "ipv4_address": "10.10.0.2",
            "ipv4_algorithm": null,
            "ipv4_forwarding_enable": null,
            "ipv4_helper_addresses": null,
            "ipv4_mask_reply": null,
            "ipv4_mtu": null,
            "ipv4_netmask": "255.255.255.252",
            "ipv4_point_to_point": null,
            "ipv4_redirects": null,
            "ipv4_route_tag": null,
            "ipv4_secondaries": null,
            "ipv4_tcp_mss_adjust": null,
            "ipv4_ttl_propagate_disable": null,
            "ipv4_unnumbered": null,
            "ipv4_unreachables_disable": null,
            "ipv4_verify_unicast_source_reachable_via_allow_default": null,
            "ipv4_verify_unicast_source_reachable_via_allow_self_ping": null,
            "ipv4_verify_unicast_source_reachable_via_type": null,
            "ipv6_access_group_egress_acl": null,
            "ipv6_access_group_egress_compress": null,
            "ipv6_access_group_egress_interface_statistics": null,
            "ipv6_access_group_ingress_acl1": null,
            "ipv6_access_group_ingress_compress": null,
            "ipv6_access_group_ingress_interface_statistics": null,
            "ipv6_addresses": null,
            "ipv6_autoconfig": null,
            "ipv6_dhcp": null,
            "ipv6_enable": null,
            "ipv6_eui64_addresses": null,
            "ipv6_link_local_address": null,
            "ipv6_link_local_route_tag": null,
            "ipv6_link_local_zone": null,
            "ipv6_mtu": null,
            "ipv6_nd_cache_limit": null,
            "ipv6_nd_dad_attempts": null,
            "ipv6_nd_managed_config_flag": null,
            "ipv6_nd_ns_interval": null,
            "ipv6_nd_other_config_flag": null,
            "ipv6_nd_prefix_default_no_adv": null,
            "ipv6_nd_prefix_default_no_autoconfig": null,
            "ipv6_nd_ra_interval_max": null,
            "ipv6_nd_ra_interval_min": null,
            "ipv6_nd_ra_lifetime": null,
            "ipv6_nd_reachable_time": null,
            "ipv6_nd_redirects": null,
            "ipv6_nd_suppress_ra": null,
            "ipv6_nd_unicast_ra": null,
            "ipv6_tcp_mss_adjust": null,
            "ipv6_ttl_propagate_disable": null,
            "ipv6_unreachables_disable": null,
            "ipv6_verify_unicast_source_reachable_via_allow_default": null,
            "ipv6_verify_unicast_source_reachable_via_allow_self_ping": null,
            "ipv6_verify_unicast_source_reachable_via_type": null,
            "l2transport": null,
            "l2transport_encapsulation_dot1q_second_dot1q": null,
            "l2transport_encapsulation_dot1q_vlan_id": null,
            "lacp_period": null,
            "lacp_period_short": null,
            "lldp": null,
            "lldp_receive_disable": null,
            "lldp_tagged": null,
            "lldp_transmit_disable": null,
            "load_interval": null,
            "logging_events_link_status": null,
            "mac_address": null,
            "macsec_eap_policy": null,
            "macsec_fallback_psk_keychain": null,
            "macsec_policy": null,
            "macsec_psk_keychain_name": null,
            "monitor_sessions": null,
            "mpls_mtu": null,
            "mtu": 9000,
            "multipoint": null,
            "name": "0/0/0/0",
            "negotiation_auto": null,
            "negotiation_auto_allow_overrides": null,
            "point_to_point": null,
            "proxy_arp": null,
            "ptp": null,
            "ptp_announce_frequency": null,
            "ptp_announce_grant_duration": null,
            "ptp_announce_interval": null,
            "ptp_announce_timeout": null,
            "ptp_clock_operation_one_step": null,
            "ptp_clock_operation_two_step": null,
            "ptp_cos": null,
            "ptp_cos_event": null,
            "ptp_cos_general": null,
            "ptp_delay_asymmetry_unit_microseconds": null,
            "ptp_delay_asymmetry_unit_milliseconds": null,
            "ptp_delay_asymmetry_unit_nanoseconds": null,
            "ptp_delay_asymmetry_value": null,
            "ptp_delay_request_frequency": null,
            "ptp_delay_request_interval": null,
            "ptp_delay_response_grant_duration": null,
            "ptp_delay_response_timeout": null,
            "ptp_dscp": null,
            "ptp_dscp_event": null,
            "ptp_dscp_general": null,
            "ptp_interop_domain": null,
            "ptp_interop_egress_conversion_clock_accuracy": null,
            "ptp_interop_egress_conversion_clock_class_default": null,
            "ptp_interop_egress_conversion_clock_class_mappings": null,
            "ptp_interop_egress_conversion_offset_scaled_log_variance": null,
            "ptp_interop_egress_conversion_priority1": null,
            "ptp_interop_egress_conversion_priority2": null,
            "ptp_interop_ingress_conversion_clock_accuracy": null,
            "ptp_interop_ingress_conversion_clock_class_default": null,
            "ptp_interop_ingress_conversion_clock_class_mappings": null,
            "ptp_interop_ingress_conversion_offset_scaled_log_variance": null,
            "ptp_interop_ingress_conversion_priority1": null,
            "ptp_interop_ingress_conversion_priority2": null,
            "ptp_interop_profile_default": null,
            "ptp_interop_profile_g_8265_1": null,
            "ptp_interop_profile_g_8275_1": null,
            "ptp_interop_profile_g_8275_2": null,
            "ptp_ipv4_ttl": null,
            "ptp_ipv6_hop_limit": null,
            "ptp_local_priority": null,
            "ptp_master_ethernets": null,
            "ptp_master_ipv4s": null,
            "ptp_master_ipv6s": null,
            "ptp_multicast": null,
            "ptp_multicast_disable": null,
            "ptp_multicast_mixed": null,
            "ptp_multicast_target_address_mac_forwardable": null,
            "ptp_multicast_target_address_mac_non_forwardable": null,
            "ptp_port_state_any": null,
            "ptp_port_state_master_only": null,
            "ptp_port_state_slave_only": null,
            "ptp_profile": null,
            "ptp_slave_ethernets": null,
            "ptp_slave_ipv4s": null,
            "ptp_slave_ipv6s": null,
            "ptp_source_ipv4_address": null,
            "ptp_source_ipv4_address_disable": null,
            "ptp_source_ipv6_address": null,
            "ptp_source_ipv6_address_disable": null,
            "ptp_sync_frequency": null,
            "ptp_sync_grant_duration": null,
            "ptp_sync_interval": null,
            "ptp_sync_timeout": null,
            "ptp_transport_ethernet": null,
            "ptp_transport_ipv4": null,
            "ptp_transport_ipv6": null,
            "ptp_unicast_grant_invalid_request_deny": null,
            "ptp_unicast_grant_invalid_request_reduce": null,
            "rewrite_ingress_tag_pop_one": null,
            "rewrite_ingress_tag_pop_two": null,
            "service_policy_input": null,
            "service_policy_output": null,
            "shutdown": false,
            "speed": null,
            "type": "GigabitEthernet",
            "vrf": null
          },
          "sensitive_attributes": [],
          "identity_schema_version": 0,
          "private": "eyJpbXBvcnRpbmciOiJNQT09In0=",
          "dependencies": [
            "module.iosxr.iosxr_as_path_set.as_path_set",
            "module.iosxr.iosxr_class_map_qos.class_map_qos",
            "module.iosxr.iosxr_community_set.community_set",
            "module.iosxr.iosxr_esi_set.esi_set",
            "module.iosxr.iosxr_etag_set.etag_set",
            "module.iosxr.iosxr_extcommunity_bandwidth_set.extcommunity_bandwidth_set",
            "module.iosxr.iosxr_extcommunity_cost_set.extcommunity_cost_set",
            "module.iosxr.iosxr_extcommunity_evpn_link_bandwidth_set.extcommunity_evpn_link_bandwidth_set",
            "module.iosxr.iosxr_extcommunity_opaque_set.extcommunity_opaque_set",
            "module.iosxr.iosxr_extcommunity_rt_set.extcommunity_rt_set",
            "module.iosxr.iosxr_extcommunity_seg_nh_set.extcommunity_seg_nh_set",
            "module.iosxr.iosxr_extcommunity_soo_set.extcommunity_soo_set",
            "module.iosxr.iosxr_flow_exporter_map.flow_exporter_map",
            "module.iosxr.iosxr_flow_monitor_map.flow_monitor_map",
            "module.iosxr.iosxr_flow_sampler_map.flow_sampler_map",
            "module.iosxr.iosxr_ipv4_prefix_list.ipv4_prefix_list",
            "module.iosxr.iosxr_ipv6_prefix_list.ipv6_prefix_list",
            "module.iosxr.iosxr_key_chain.key_chain",
            "module.iosxr.iosxr_large_community_set.large_community_set",
            "module.iosxr.iosxr_mac_set.mac_set",
            "module.iosxr.iosxr_monitor_session.monitor_session",
            "module.iosxr.iosxr_ospf_area_set.ospf_area_set",
            "module.iosxr.iosxr_policy_global_set.policy_global_set",
            "module.iosxr.iosxr_policy_map_qos.policy_map_qos",
            "module.iosxr.iosxr_prefix_set.prefix_set",
            "module.iosxr.iosxr_rd_set.rd_set",
            "module.iosxr.iosxr_route_policy.route_policy",
            "module.iosxr.iosxr_tag_set.tag_set",
            "module.iosxr.iosxr_vrf.vrf",
            "module.iosxr.terraform_data.ethernet_flow_replace"
          ]
        },
        {
          "index_key": "ic-node-3/GigabitEthernet0/0/0/1",
          "schema_version": 0,
          "attributes": {
            "arp_cache_limit": null,
            "arp_gratuitous_ignore": null,
            "arp_learning_disable": null,
            "arp_learning_local": null,
            "arp_timeout": null,
            "bandwidth": null,
            "bundle_id": null,
            "bundle_id_mode": null,
            "bundle_port_priority": null,
            "carrier_delay_down": null,
            "carrier_delay_up": null,
            "cdp": null,
            "dampening": null,
            "dampening_decay_half_life": null,
            "dampening_max_suppress_time": null,
            "dampening_restart_penalty": null,
            "dampening_reuse_threshold": null,
            "dampening_suppress_threshold": null,
            "delete_mode": null,
            "description": "Underlay",
            "device": "ic-node-3",
            "duplex": null,
            "encapsulation_dot1q_second_dot1q": null,
            "encapsulation_dot1q_vlan_id": null,
            "ethernet_cfm_ais_transmission_up_cos": null,
            "ethernet_cfm_ais_transmission_up_interval": null,
            "ethernet_cfm_bandwidth_notifications_hold_off": null,
            "ethernet_cfm_bandwidth_notifications_log_changes": null,
            "ethernet_cfm_bandwidth_notifications_loss_threshold": null,
            "ethernet_cfm_bandwidth_notifications_wait_to_restore": null,
            "ethernet_cfm_mep_domains": null,
            "fec": null,
            "flow_control": null,
            "flow_ipv4_egress_monitor_samplers": null,
            "flow_ipv4_egress_monitors": null,
            "flow_ipv4_ingress_monitor_samplers": null,
            "flow_ipv4_ingress_monitors": null,
            "flow_ipv6_egress_monitor_samplers": null,
            "flow_ipv6_egress_monitors": null,
            "flow_ipv6_ingress_monitor_samplers": null,
            "flow_ipv6_ingress_monitors": null,
            "frequency_synchronization": null,
            "frequency_synchronization_priority": null,
            "frequency_synchronization_quality_receive_exact_itu_t_option_one": null,
            "frequency_synchronization_quality_receive_exact_itu_t_option_two_generation_one": null,
            "frequency_synchronization_quality_receive_exact_itu_t_option_two_generation_two": null,
            "frequency_synchronization_quality_receive_highest_itu_t_option_one": null,
            "frequency_synchronization_quality_receive_highest_itu_t_option_two_generation_one": null,
            "frequency_synchronization_quality_receive_highest_itu_t_option_two_generation_two": null,
            "frequency_synchronization_quality_receive_lowest_itu_t_option_one": null,
            "frequency_synchronization_quality_receive_lowest_itu_t_option_two_generation_one": null,
            "frequency_synchronization_quality_receive_lowest_itu_t_option_two_generation_two": null,
            "frequency_synchronization_quality_transmit_exact_itu_t_option_one": null,
            "frequency_synchronization_quality_transmit_exact_itu_t_option_two_generation_one": null,
            "frequency_synchronization_quality_transmit_exact_itu_t_option_two_generation_two": null,
            "frequency_synchronization_quality_transmit_highest_itu_t_option_one": null,
            "frequency_synchronization_quality_transmit_highest_itu_t_option_two_generation_one": null,
            "frequency_synchronization_quality_transmit_highest_itu_t_option_two_generation_two": null,
            "frequency_synchronization_quality_transmit_lowest_itu_t_option_one": null,
            "frequency_synchronization_quality_transmit_lowest_itu_t_option_two_generation_one": null,
            "frequency_synchronization_quality_transmit_lowest_itu_t_option_two_generation_two": null,
            "frequency_synchronization_selection_input": null,
            "frequency_synchronization_ssm_disable": null,
            "frequency_synchronization_time_of_day_priority": null,
            "frequency_synchronization_wait_to_restore": null,
            "id": "Cisco-IOS-XR-um-interface-cfg:/interfaces/interface[interface-name=GigabitEthernet0/0/0/1]",
            "ipv4_access_group_egress_acl": null,
            "ipv4_access_group_egress_compress": null,
            "ipv4_access_group_egress_hardware_count": null,
            "ipv4_access_group_egress_interface_statistics": null,
            "ipv4_access_group_ingress_acl1": null,
            "ipv4_access_group_ingress_compress": null,
            "ipv4_access_group_ingress_hardware_count": null,
            "ipv4_access_group_ingress_interface_statistics": null,
            "ipv4_address": "10.10.0.10",
            "ipv4_algorithm": null,
            "ipv4_forwarding_enable": null,
            "ipv4_helper_addresses": null,
            "ipv4_mask_reply": null,
            "ipv4_mtu": null,
            "ipv4_netmask": "255.255.255.252",
            "ipv4_point_to_point": null,
            "ipv4_redirects": null,
            "ipv4_route_tag": null,
            "ipv4_secondaries": null,
            "ipv4_tcp_mss_adjust": null,
            "ipv4_ttl_propagate_disable": null,
            "ipv4_unnumbered": null,
            "ipv4_unreachables_disable": null,
            "ipv4_verify_unicast_source_reachable_via_allow_default": null,
            "ipv4_verify_unicast_source_reachable_via_allow_self_ping": null,
            "ipv4_verify_unicast_source_reachable_via_type": null,
            "ipv6_access_group_egress_acl": null,
            "ipv6_access_group_egress_compress": null,
            "ipv6_access_group_egress_interface_statistics": null,
            "ipv6_access_group_ingress_acl1": null,
            "ipv6_access_group_ingress_compress": null,
            "ipv6_access_group_ingress_interface_statistics": null,
            "ipv6_addresses": null,
            "ipv6_autoconfig": null,
            "ipv6_dhcp": null,
            "ipv6_enable": null,
            "ipv6_eui64_addresses": null,
            "ipv6_link_local_address": null,
            "ipv6_link_local_route_tag": null,
            "ipv6_link_local_zone": null,
            "ipv6_mtu": null,
            "ipv6_nd_cache_limit": null,
            "ipv6_nd_dad_attempts": null,
            "ipv6_nd_managed_config_flag": null,
            "ipv6_nd_ns_interval": null,
            "ipv6_nd_other_config_flag": null,
            "ipv6_nd_prefix_default_no_adv": null,
            "ipv6_nd_prefix_default_no_autoconfig": null,
            "ipv6_nd_ra_interval_max": null,
            "ipv6_nd_ra_interval_min": null,
            "ipv6_nd_ra_lifetime": null,
            "ipv6_nd_reachable_time": null,
            "ipv6_nd_redirects": null,
            "ipv6_nd_suppress_ra": null,
            "ipv6_nd_unicast_ra": null,
            "ipv6_tcp_mss_adjust": null,
            "ipv6_ttl_propagate_disable": null,
            "ipv6_unreachables_disable": null,
            "ipv6_verify_unicast_source_reachable_via_allow_default": null,
            "ipv6_verify_unicast_source_reachable_via_allow_self_ping": null,
            "ipv6_verify_unicast_source_reachable_via_type": null,
            "l2transport": null,
            "l2transport_encapsulation_dot1q_second_dot1q": null,
            "l2transport_encapsulation_dot1q_vlan_id": null,
            "lacp_period": null,
            "lacp_period_short": null,
            "lldp": null,
            "lldp_receive_disable": null,
            "lldp_tagged": null,
            "lldp_transmit_disable": null,
            "load_interval": null,
            "logging_events_link_status": null,
            "mac_address": null,
            "macsec_eap_policy": null,
            "macsec_fallback_psk_keychain": null,
            "macsec_policy": null,
            "macsec_psk_keychain_name": null,
            "monitor_sessions": null,
            "mpls_mtu": null,
            "mtu": 9000,
            "multipoint": null,
            "name": "0/0/0/1",
            "negotiation_auto": null,
            "negotiation_auto_allow_overrides": null,
            "point_to_point": null,
            "proxy_arp": null,
            "ptp": null,
            "ptp_announce_frequency": null,
            "ptp_announce_grant_duration": null,
            "ptp_announce_interval": null,
            "ptp_announce_timeout": null,
            "ptp_clock_operation_one_step": null,
            "ptp_clock_operation_two_step": null,
            "ptp_cos": null,
            "ptp_cos_event": null,
            "ptp_cos_general": null,
            "ptp_delay_asymmetry_unit_microseconds": null,
            "ptp_delay_asymmetry_unit_milliseconds": null,
            "ptp_delay_asymmetry_unit_nanoseconds": null,
            "ptp_delay_asymmetry_value": null,
            "ptp_delay_request_frequency": null,
            "ptp_delay_request_interval": null,
            "ptp_delay_response_grant_duration": null,
            "ptp_delay_response_timeout": null,
            "ptp_dscp": null,
            "ptp_dscp_event": null,
            "ptp_dscp_general": null,
            "ptp_interop_domain": null,
            "ptp_interop_egress_conversion_clock_accuracy": null,
            "ptp_interop_egress_conversion_clock_class_default": null,
            "ptp_interop_egress_conversion_clock_class_mappings": null,
            "ptp_interop_egress_conversion_offset_scaled_log_variance": null,
            "ptp_interop_egress_conversion_priority1": null,
            "ptp_interop_egress_conversion_priority2": null,
            "ptp_interop_ingress_conversion_clock_accuracy": null,
            "ptp_interop_ingress_conversion_clock_class_default": null,
            "ptp_interop_ingress_conversion_clock_class_mappings": null,
            "ptp_interop_ingress_conversion_offset_scaled_log_variance": null,
            "ptp_interop_ingress_conversion_priority1": null,
            "ptp_interop_ingress_conversion_priority2": null,
            "ptp_interop_profile_default": null,
            "ptp_interop_profile_g_8265_1": null,
            "ptp_interop_profile_g_8275_1": null,
            "ptp_interop_profile_g_8275_2": null,
            "ptp_ipv4_ttl": null,
            "ptp_ipv6_hop_limit": null,
            "ptp_local_priority": null,
            "ptp_master_ethernets": null,
            "ptp_master_ipv4s": null,
            "ptp_master_ipv6s": null,
            "ptp_multicast": null,
            "ptp_multicast_disable": null,
            "ptp_multicast_mixed": null,
            "ptp_multicast_target_address_mac_forwardable": null,
            "ptp_multicast_target_address_mac_non_forwardable": null,
            "ptp_port_state_any": null,
            "ptp_port_state_master_only": null,
            "ptp_port_state_slave_only": null,
            "ptp_profile": null,
            "ptp_slave_ethernets": null,
            "ptp_slave_ipv4s": null,
            "ptp_slave_ipv6s": null,
            "ptp_source_ipv4_address": null,
            "ptp_source_ipv4_address_disable": null,
            "ptp_source_ipv6_address": null,
            "ptp_source_ipv6_address_disable": null,
            "ptp_sync_frequency": null,
            "ptp_sync_grant_duration": null,
            "ptp_sync_interval": null,
            "ptp_sync_timeout": null,
            "ptp_transport_ethernet": null,
            "ptp_transport_ipv4": null,
            "ptp_transport_ipv6": null,
            "ptp_unicast_grant_invalid_request_deny": null,
            "ptp_unicast_grant_invalid_request_reduce": null,
            "rewrite_ingress_tag_pop_one": null,
            "rewrite_ingress_tag_pop_two": null,
            "service_policy_input": null,
            "service_policy_output": null,
            "shutdown": false,
            "speed": null,
            "type": "GigabitEthernet",
            "vrf": null
          },
          "sensitive_attributes": [],
          "identity_schema_version": 0,
          "private": "eyJpbXBvcnRpbmciOiJNQT09In0=",
          "dependencies": [
            "module.iosxr.iosxr_as_path_set.as_path_set",
            "module.iosxr.iosxr_class_map_qos.class_map_qos",
            "module.iosxr.iosxr_community_set.community_set",
            "module.iosxr.iosxr_esi_set.esi_set",
            "module.iosxr.iosxr_etag_set.etag_set",
            "module.iosxr.iosxr_extcommunity_bandwidth_set.extcommunity_bandwidth_set",
            "module.iosxr.iosxr_extcommunity_cost_set.extcommunity_cost_set",
            "module.iosxr.iosxr_extcommunity_evpn_link_bandwidth_set.extcommunity_evpn_link_bandwidth_set",
            "module.iosxr.iosxr_extcommunity_opaque_set.extcommunity_opaque_set",
            "module.iosxr.iosxr_extcommunity_rt_set.extcommunity_rt_set",
            "module.iosxr.iosxr_extcommunity_seg_nh_set.extcommunity_seg_nh_set",
            "module.iosxr.iosxr_extcommunity_soo_set.extcommunity_soo_set",
            "module.iosxr.iosxr_flow_exporter_map.flow_exporter_map",
            "module.iosxr.iosxr_flow_monitor_map.flow_monitor_map",
            "module.iosxr.iosxr_flow_sampler_map.flow_sampler_map",
            "module.iosxr.iosxr_ipv4_prefix_list.ipv4_prefix_list",
            "module.iosxr.iosxr_ipv6_prefix_list.ipv6_prefix_list",
            "module.iosxr.iosxr_key_chain.key_chain",
            "module.iosxr.iosxr_large_community_set.large_community_set",
            "module.iosxr.iosxr_mac_set.mac_set",
            "module.iosxr.iosxr_monitor_session.monitor_session",
            "module.iosxr.iosxr_ospf_area_set.ospf_area_set",
            "module.iosxr.iosxr_policy_global_set.policy_global_set",
            "module.iosxr.iosxr_policy_map_qos.policy_map_qos",
            "module.iosxr.iosxr_prefix_set.prefix_set",
            "module.iosxr.iosxr_rd_set.rd_set",
            "module.iosxr.iosxr_route_policy.route_policy",
            "module.iosxr.iosxr_tag_set.tag_set",
            "module.iosxr.iosxr_vrf.vrf",
            "module.iosxr.terraform_data.ethernet_flow_replace"
          ]
        },
        {
          "index_key": "ic-node-4/GigabitEthernet0/0/0/0",
          "schema_version": 0,
          "attributes": {
            "arp_cache_limit": null,
            "arp_gratuitous_ignore": null,
            "arp_learning_disable": null,
            "arp_learning_local": null,
            "arp_timeout": null,
            "bandwidth": null,
            "bundle_id": null,
            "bundle_id_mode": null,
            "bundle_port_priority": null,
            "carrier_delay_down": null,
            "carrier_delay_up": null,
            "cdp": null,
            "dampening": null,
            "dampening_decay_half_life": null,
            "dampening_max_suppress_time": null,
            "dampening_restart_penalty": null,
            "dampening_reuse_threshold": null,
            "dampening_suppress_threshold": null,
            "delete_mode": null,
            "description": "Underlay",
            "device": "ic-node-4",
            "duplex": null,
            "encapsulation_dot1q_second_dot1q": null,
            "encapsulation_dot1q_vlan_id": null,
            "ethernet_cfm_ais_transmission_up_cos": null,
            "ethernet_cfm_ais_transmission_up_interval": null,
            "ethernet_cfm_bandwidth_notifications_hold_off": null,
            "ethernet_cfm_bandwidth_notifications_log_changes": null,
            "ethernet_cfm_bandwidth_notifications_loss_threshold": null,
            "ethernet_cfm_bandwidth_notifications_wait_to_restore": null,
            "ethernet_cfm_mep_domains": null,
            "fec": null,
            "flow_control": null,
            "flow_ipv4_egress_monitor_samplers": null,
            "flow_ipv4_egress_monitors": null,
            "flow_ipv4_ingress_monitor_samplers": null,
            "flow_ipv4_ingress_monitors": null,
            "flow_ipv6_egress_monitor_samplers": null,
            "flow_ipv6_egress_monitors": null,
            "flow_ipv6_ingress_monitor_samplers": null,
            "flow_ipv6_ingress_monitors": null,
            "frequency_synchronization": null,
            "frequency_synchronization_priority": null,
            "frequency_synchronization_quality_receive_exact_itu_t_option_one": null,
            "frequency_synchronization_quality_receive_exact_itu_t_option_two_generation_one": null,
            "frequency_synchronization_quality_receive_exact_itu_t_option_two_generation_two": null,
            "frequency_synchronization_quality_receive_highest_itu_t_option_one": null,
            "frequency_synchronization_quality_receive_highest_itu_t_option_two_generation_one": null,
            "frequency_synchronization_quality_receive_highest_itu_t_option_two_generation_two": null,
            "frequency_synchronization_quality_receive_lowest_itu_t_option_one": null,
            "frequency_synchronization_quality_receive_lowest_itu_t_option_two_generation_one": null,
            "frequency_synchronization_quality_receive_lowest_itu_t_option_two_generation_two": null,
            "frequency_synchronization_quality_transmit_exact_itu_t_option_one": null,
            "frequency_synchronization_quality_transmit_exact_itu_t_option_two_generation_one": null,
            "frequency_synchronization_quality_transmit_exact_itu_t_option_two_generation_two": null,
            "frequency_synchronization_quality_transmit_highest_itu_t_option_one": null,
            "frequency_synchronization_quality_transmit_highest_itu_t_option_two_generation_one": null,
            "frequency_synchronization_quality_transmit_highest_itu_t_option_two_generation_two": null,
            "frequency_synchronization_quality_transmit_lowest_itu_t_option_one": null,
            "frequency_synchronization_quality_transmit_lowest_itu_t_option_two_generation_one": null,
            "frequency_synchronization_quality_transmit_lowest_itu_t_option_two_generation_two": null,
            "frequency_synchronization_selection_input": null,
            "frequency_synchronization_ssm_disable": null,
            "frequency_synchronization_time_of_day_priority": null,
            "frequency_synchronization_wait_to_restore": null,
            "id": "Cisco-IOS-XR-um-interface-cfg:/interfaces/interface[interface-name=GigabitEthernet0/0/0/0]",
            "ipv4_access_group_egress_acl": null,
            "ipv4_access_group_egress_compress": null,
            "ipv4_access_group_egress_hardware_count": null,
            "ipv4_access_group_egress_interface_statistics": null,
            "ipv4_access_group_ingress_acl1": null,
            "ipv4_access_group_ingress_compress": null,
            "ipv4_access_group_ingress_hardware_count": null,
            "ipv4_access_group_ingress_interface_statistics": null,
            "ipv4_address": "10.10.0.6",
            "ipv4_algorithm": null,
            "ipv4_forwarding_enable": null,
            "ipv4_helper_addresses": null,
            "ipv4_mask_reply": null,
            "ipv4_mtu": null,
            "ipv4_netmask": "255.255.255.252",
            "ipv4_point_to_point": null,
            "ipv4_redirects": null,
            "ipv4_route_tag": null,
            "ipv4_secondaries": null,
            "ipv4_tcp_mss_adjust": null,
            "ipv4_ttl_propagate_disable": null,
            "ipv4_unnumbered": null,
            "ipv4_unreachables_disable": null,
            "ipv4_verify_unicast_source_reachable_via_allow_default": null,
            "ipv4_verify_unicast_source_reachable_via_allow_self_ping": null,
            "ipv4_verify_unicast_source_reachable_via_type": null,
            "ipv6_access_group_egress_acl": null,
            "ipv6_access_group_egress_compress": null,
            "ipv6_access_group_egress_interface_statistics": null,
            "ipv6_access_group_ingress_acl1": null,
            "ipv6_access_group_ingress_compress": null,
            "ipv6_access_group_ingress_interface_statistics": null,
            "ipv6_addresses": null,
            "ipv6_autoconfig": null,
            "ipv6_dhcp": null,
            "ipv6_enable": null,
            "ipv6_eui64_addresses": null,
            "ipv6_link_local_address": null,
            "ipv6_link_local_route_tag": null,
            "ipv6_link_local_zone": null,
            "ipv6_mtu": null,
            "ipv6_nd_cache_limit": null,
            "ipv6_nd_dad_attempts": null,
            "ipv6_nd_managed_config_flag": null,
            "ipv6_nd_ns_interval": null,
            "ipv6_nd_other_config_flag": null,
            "ipv6_nd_prefix_default_no_adv": null,
            "ipv6_nd_prefix_default_no_autoconfig": null,
            "ipv6_nd_ra_interval_max": null,
            "ipv6_nd_ra_interval_min": null,
            "ipv6_nd_ra_lifetime": null,
            "ipv6_nd_reachable_time": null,
            "ipv6_nd_redirects": null,
            "ipv6_nd_suppress_ra": null,
            "ipv6_nd_unicast_ra": null,
            "ipv6_tcp_mss_adjust": null,
            "ipv6_ttl_propagate_disable": null,
            "ipv6_unreachables_disable": null,
            "ipv6_verify_unicast_source_reachable_via_allow_default": null,
            "ipv6_verify_unicast_source_reachable_via_allow_self_ping": null,
            "ipv6_verify_unicast_source_reachable_via_type": null,
            "l2transport": null,
            "l2transport_encapsulation_dot1q_second_dot1q": null,
            "l2transport_encapsulation_dot1q_vlan_id": null,
            "lacp_period": null,
            "lacp_period_short": null,
            "lldp": null,
            "lldp_receive_disable": null,
            "lldp_tagged": null,
            "lldp_transmit_disable": null,
            "load_interval": null,
            "logging_events_link_status": null,
            "mac_address": null,
            "macsec_eap_policy": null,
            "macsec_fallback_psk_keychain": null,
            "macsec_policy": null,
            "macsec_psk_keychain_name": null,
            "monitor_sessions": null,
            "mpls_mtu": null,
            "mtu": 9000,
            "multipoint": null,
            "name": "0/0/0/0",
            "negotiation_auto": null,
            "negotiation_auto_allow_overrides": null,
            "point_to_point": null,
            "proxy_arp": null,
            "ptp": null,
            "ptp_announce_frequency": null,
            "ptp_announce_grant_duration": null,
            "ptp_announce_interval": null,
            "ptp_announce_timeout": null,
            "ptp_clock_operation_one_step": null,
            "ptp_clock_operation_two_step": null,
            "ptp_cos": null,
            "ptp_cos_event": null,
            "ptp_cos_general": null,
            "ptp_delay_asymmetry_unit_microseconds": null,
            "ptp_delay_asymmetry_unit_milliseconds": null,
            "ptp_delay_asymmetry_unit_nanoseconds": null,
            "ptp_delay_asymmetry_value": null,
            "ptp_delay_request_frequency": null,
            "ptp_delay_request_interval": null,
            "ptp_delay_response_grant_duration": null,
            "ptp_delay_response_timeout": null,
            "ptp_dscp": null,
            "ptp_dscp_event": null,
            "ptp_dscp_general": null,
            "ptp_interop_domain": null,
            "ptp_interop_egress_conversion_clock_accuracy": null,
            "ptp_interop_egress_conversion_clock_class_default": null,
            "ptp_interop_egress_conversion_clock_class_mappings": null,
            "ptp_interop_egress_conversion_offset_scaled_log_variance": null,
            "ptp_interop_egress_conversion_priority1": null,
            "ptp_interop_egress_conversion_priority2": null,
            "ptp_interop_ingress_conversion_clock_accuracy": null,
            "ptp_interop_ingress_conversion_clock_class_default": null,
            "ptp_interop_ingress_conversion_clock_class_mappings": null,
            "ptp_interop_ingress_conversion_offset_scaled_log_variance": null,
            "ptp_interop_ingress_conversion_priority1": null,
            "ptp_interop_ingress_conversion_priority2": null,
            "ptp_interop_profile_default": null,
            "ptp_interop_profile_g_8265_1": null,
            "ptp_interop_profile_g_8275_1": null,
            "ptp_interop_profile_g_8275_2": null,
            "ptp_ipv4_ttl": null,
            "ptp_ipv6_hop_limit": null,
            "ptp_local_priority": null,
            "ptp_master_ethernets": null,
            "ptp_master_ipv4s": null,
            "ptp_master_ipv6s": null,
            "ptp_multicast": null,
            "ptp_multicast_disable": null,
            "ptp_multicast_mixed": null,
            "ptp_multicast_target_address_mac_forwardable": null,
            "ptp_multicast_target_address_mac_non_forwardable": null,
            "ptp_port_state_any": null,
            "ptp_port_state_master_only": null,
            "ptp_port_state_slave_only": null,
            "ptp_profile": null,
            "ptp_slave_ethernets": null,
            "ptp_slave_ipv4s": null,
            "ptp_slave_ipv6s": null,
            "ptp_source_ipv4_address": null,
            "ptp_source_ipv4_address_disable": null,
            "ptp_source_ipv6_address": null,
            "ptp_source_ipv6_address_disable": null,
            "ptp_sync_frequency": null,
            "ptp_sync_grant_duration": null,
            "ptp_sync_interval": null,
            "ptp_sync_timeout": null,
            "ptp_transport_ethernet": null,
            "ptp_transport_ipv4": null,
            "ptp_transport_ipv6": null,
            "ptp_unicast_grant_invalid_request_deny": null,
            "ptp_unicast_grant_invalid_request_reduce": null,
            "rewrite_ingress_tag_pop_one": null,
            "rewrite_ingress_tag_pop_two": null,
            "service_policy_input": null,
            "service_policy_output": null,
            "shutdown": false,
            "speed": null,
            "type": "GigabitEthernet",
            "vrf": null
          },
          "sensitive_attributes": [],
          "identity_schema_version": 0,
          "private": "eyJpbXBvcnRpbmciOiJNQT09In0=",
          "dependencies": [
            "module.iosxr.iosxr_as_path_set.as_path_set",
            "module.iosxr.iosxr_class_map_qos.class_map_qos",
            "module.iosxr.iosxr_community_set.community_set",
            "module.iosxr.iosxr_esi_set.esi_set",
            "module.iosxr.iosxr_etag_set.etag_set",
            "module.iosxr.iosxr_extcommunity_bandwidth_set.extcommunity_bandwidth_set",
            "module.iosxr.iosxr_extcommunity_cost_set.extcommunity_cost_set",
            "module.iosxr.iosxr_extcommunity_evpn_link_bandwidth_set.extcommunity_evpn_link_bandwidth_set",
            "module.iosxr.iosxr_extcommunity_opaque_set.extcommunity_opaque_set",
            "module.iosxr.iosxr_extcommunity_rt_set.extcommunity_rt_set",
            "module.iosxr.iosxr_extcommunity_seg_nh_set.extcommunity_seg_nh_set",
            "module.iosxr.iosxr_extcommunity_soo_set.extcommunity_soo_set",
            "module.iosxr.iosxr_flow_exporter_map.flow_exporter_map",
            "module.iosxr.iosxr_flow_monitor_map.flow_monitor_map",
            "module.iosxr.iosxr_flow_sampler_map.flow_sampler_map",
            "module.iosxr.iosxr_ipv4_prefix_list.ipv4_prefix_list",
            "module.iosxr.iosxr_ipv6_prefix_list.ipv6_prefix_list",
            "module.iosxr.iosxr_key_chain.key_chain",
            "module.iosxr.iosxr_large_community_set.large_community_set",
            "module.iosxr.iosxr_mac_set.mac_set",
            "module.iosxr.iosxr_monitor_session.monitor_session",
            "module.iosxr.iosxr_ospf_area_set.ospf_area_set",
            "module.iosxr.iosxr_policy_global_set.policy_global_set",
            "module.iosxr.iosxr_policy_map_qos.policy_map_qos",
            "module.iosxr.iosxr_prefix_set.prefix_set",
            "module.iosxr.iosxr_rd_set.rd_set",
            "module.iosxr.iosxr_route_policy.route_policy",
            "module.iosxr.iosxr_tag_set.tag_set",
            "module.iosxr.iosxr_vrf.vrf",
            "module.iosxr.terraform_data.ethernet_flow_replace"
          ]
        },
        {
          "index_key": "ic-node-4/GigabitEthernet0/0/0/1",
          "schema_version": 0,
          "attributes": {
            "arp_cache_limit": null,
            "arp_gratuitous_ignore": null,
            "arp_learning_disable": null,
            "arp_learning_local": null,
            "arp_timeout": null,
            "bandwidth": null,
            "bundle_id": null,
            "bundle_id_mode": null,
            "bundle_port_priority": null,
            "carrier_delay_down": null,
            "carrier_delay_up": null,
            "cdp": null,
            "dampening": null,
            "dampening_decay_half_life": null,
            "dampening_max_suppress_time": null,
            "dampening_restart_penalty": null,
            "dampening_reuse_threshold": null,
            "dampening_suppress_threshold": null,
            "delete_mode": null,
            "description": "Underlay",
            "device": "ic-node-4",
            "duplex": null,
            "encapsulation_dot1q_second_dot1q": null,
            "encapsulation_dot1q_vlan_id": null,
            "ethernet_cfm_ais_transmission_up_cos": null,
            "ethernet_cfm_ais_transmission_up_interval": null,
            "ethernet_cfm_bandwidth_notifications_hold_off": null,
            "ethernet_cfm_bandwidth_notifications_log_changes": null,
            "ethernet_cfm_bandwidth_notifications_loss_threshold": null,
            "ethernet_cfm_bandwidth_notifications_wait_to_restore": null,
            "ethernet_cfm_mep_domains": null,
            "fec": null,
            "flow_control": null,
            "flow_ipv4_egress_monitor_samplers": null,
            "flow_ipv4_egress_monitors": null,
            "flow_ipv4_ingress_monitor_samplers": null,
            "flow_ipv4_ingress_monitors": null,
            "flow_ipv6_egress_monitor_samplers": null,
            "flow_ipv6_egress_monitors": null,
            "flow_ipv6_ingress_monitor_samplers": null,
            "flow_ipv6_ingress_monitors": null,
            "frequency_synchronization": null,
            "frequency_synchronization_priority": null,
            "frequency_synchronization_quality_receive_exact_itu_t_option_one": null,
            "frequency_synchronization_quality_receive_exact_itu_t_option_two_generation_one": null,
            "frequency_synchronization_quality_receive_exact_itu_t_option_two_generation_two": null,
            "frequency_synchronization_quality_receive_highest_itu_t_option_one": null,
            "frequency_synchronization_quality_receive_highest_itu_t_option_two_generation_one": null,
            "frequency_synchronization_quality_receive_highest_itu_t_option_two_generation_two": null,
            "frequency_synchronization_quality_receive_lowest_itu_t_option_one": null,
            "frequency_synchronization_quality_receive_lowest_itu_t_option_two_generation_one": null,
            "frequency_synchronization_quality_receive_lowest_itu_t_option_two_generation_two": null,
            "frequency_synchronization_quality_transmit_exact_itu_t_option_one": null,
            "frequency_synchronization_quality_transmit_exact_itu_t_option_two_generation_one": null,
            "frequency_synchronization_quality_transmit_exact_itu_t_option_two_generation_two": null,
            "frequency_synchronization_quality_transmit_highest_itu_t_option_one": null,
            "frequency_synchronization_quality_transmit_highest_itu_t_option_two_generation_one": null,
            "frequency_synchronization_quality_transmit_highest_itu_t_option_two_generation_two": null,
            "frequency_synchronization_quality_transmit_lowest_itu_t_option_one": null,
            "frequency_synchronization_quality_transmit_lowest_itu_t_option_two_generation_one": null,
            "frequency_synchronization_quality_transmit_lowest_itu_t_option_two_generation_two": null,
            "frequency_synchronization_selection_input": null,
            "frequency_synchronization_ssm_disable": null,
            "frequency_synchronization_time_of_day_priority": null,
            "frequency_synchronization_wait_to_restore": null,
            "id": "Cisco-IOS-XR-um-interface-cfg:/interfaces/interface[interface-name=GigabitEthernet0/0/0/1]",
            "ipv4_access_group_egress_acl": null,
            "ipv4_access_group_egress_compress": null,
            "ipv4_access_group_egress_hardware_count": null,
            "ipv4_access_group_egress_interface_statistics": null,
            "ipv4_access_group_ingress_acl1": null,
            "ipv4_access_group_ingress_compress": null,
            "ipv4_access_group_ingress_hardware_count": null,
            "ipv4_access_group_ingress_interface_statistics": null,
            "ipv4_address": "10.10.0.14",
            "ipv4_algorithm": null,
            "ipv4_forwarding_enable": null,
            "ipv4_helper_addresses": null,
            "ipv4_mask_reply": null,
            "ipv4_mtu": null,
            "ipv4_netmask": "255.255.255.252",
            "ipv4_point_to_point": null,
            "ipv4_redirects": null,
            "ipv4_route_tag": null,
            "ipv4_secondaries": null,
            "ipv4_tcp_mss_adjust": null,
            "ipv4_ttl_propagate_disable": null,
            "ipv4_unnumbered": null,
            "ipv4_unreachables_disable": null,
            "ipv4_verify_unicast_source_reachable_via_allow_default": null,
            "ipv4_verify_unicast_source_reachable_via_allow_self_ping": null,
            "ipv4_verify_unicast_source_reachable_via_type": null,
            "ipv6_access_group_egress_acl": null,
            "ipv6_access_group_egress_compress": null,
            "ipv6_access_group_egress_interface_statistics": null,
            "ipv6_access_group_ingress_acl1": null,
            "ipv6_access_group_ingress_compress": null,
            "ipv6_access_group_ingress_interface_statistics": null,
            "ipv6_addresses": null,
            "ipv6_autoconfig": null,
            "ipv6_dhcp": null,
            "ipv6_enable": null,
            "ipv6_eui64_addresses": null,
            "ipv6_link_local_address": null,
            "ipv6_link_local_route_tag": null,
            "ipv6_link_local_zone": null,
            "ipv6_mtu": null,
            "ipv6_nd_cache_limit": null,
            "ipv6_nd_dad_attempts": null,
            "ipv6_nd_managed_config_flag": null,
            "ipv6_nd_ns_interval": null,
            "ipv6_nd_other_config_flag": null,
            "ipv6_nd_prefix_default_no_adv": null,
            "ipv6_nd_prefix_default_no_autoconfig": null,
            "ipv6_nd_ra_interval_max": null,
            "ipv6_nd_ra_interval_min": null,
            "ipv6_nd_ra_lifetime": null,
            "ipv6_nd_reachable_time": null,
            "ipv6_nd_redirects": null,
            "ipv6_nd_suppress_ra": null,
            "ipv6_nd_unicast_ra": null,
            "ipv6_tcp_mss_adjust": null,
            "ipv6_ttl_propagate_disable": null,
            "ipv6_unreachables_disable": null,
            "ipv6_verify_unicast_source_reachable_via_allow_default": null,
            "ipv6_verify_unicast_source_reachable_via_allow_self_ping": null,
            "ipv6_verify_unicast_source_reachable_via_type": null,
            "l2transport": null,
            "l2transport_encapsulation_dot1q_second_dot1q": null,
            "l2transport_encapsulation_dot1q_vlan_id": null,
            "lacp_period": null,
            "lacp_period_short": null,
            "lldp": null,
            "lldp_receive_disable": null,
            "lldp_tagged": null,
            "lldp_transmit_disable": null,
            "load_interval": null,
            "logging_events_link_status": null,
            "mac_address": null,
            "macsec_eap_policy": null,
            "macsec_fallback_psk_keychain": null,
            "macsec_policy": null,
            "macsec_psk_keychain_name": null,
            "monitor_sessions": null,
            "mpls_mtu": null,
            "mtu": 9000,
            "multipoint": null,
            "name": "0/0/0/1",
            "negotiation_auto": null,
            "negotiation_auto_allow_overrides": null,
            "point_to_point": null,
            "proxy_arp": null,
            "ptp": null,
            "ptp_announce_frequency": null,
            "ptp_announce_grant_duration": null,
            "ptp_announce_interval": null,
            "ptp_announce_timeout": null,
            "ptp_clock_operation_one_step": null,
            "ptp_clock_operation_two_step": null,
            "ptp_cos": null,
            "ptp_cos_event": null,
            "ptp_cos_general": null,
            "ptp_delay_asymmetry_unit_microseconds": null,
            "ptp_delay_asymmetry_unit_milliseconds": null,
            "ptp_delay_asymmetry_unit_nanoseconds": null,
            "ptp_delay_asymmetry_value": null,
            "ptp_delay_request_frequency": null,
            "ptp_delay_request_interval": null,
            "ptp_delay_response_grant_duration": null,
            "ptp_delay_response_timeout": null,
            "ptp_dscp": null,
            "ptp_dscp_event": null,
            "ptp_dscp_general": null,
            "ptp_interop_domain": null,
            "ptp_interop_egress_conversion_clock_accuracy": null,
            "ptp_interop_egress_conversion_clock_class_default": null,
            "ptp_interop_egress_conversion_clock_class_mappings": null,
            "ptp_interop_egress_conversion_offset_scaled_log_variance": null,
            "ptp_interop_egress_conversion_priority1": null,
            "ptp_interop_egress_conversion_priority2": null,
            "ptp_interop_ingress_conversion_clock_accuracy": null,
            "ptp_interop_ingress_conversion_clock_class_default": null,
            "ptp_interop_ingress_conversion_clock_class_mappings": null,
            "ptp_interop_ingress_conversion_offset_scaled_log_variance": null,
            "ptp_interop_ingress_conversion_priority1": null,
            "ptp_interop_ingress_conversion_priority2": null,
            "ptp_interop_profile_default": null,
            "ptp_interop_profile_g_8265_1": null,
            "ptp_interop_profile_g_8275_1": null,
            "ptp_interop_profile_g_8275_2": null,
            "ptp_ipv4_ttl": null,
            "ptp_ipv6_hop_limit": null,
            "ptp_local_priority": null,
            "ptp_master_ethernets": null,
            "ptp_master_ipv4s": null,
            "ptp_master_ipv6s": null,
            "ptp_multicast": null,
            "ptp_multicast_disable": null,
            "ptp_multicast_mixed": null,
            "ptp_multicast_target_address_mac_forwardable": null,
            "ptp_multicast_target_address_mac_non_forwardable": null,
            "ptp_port_state_any": null,
            "ptp_port_state_master_only": null,
            "ptp_port_state_slave_only": null,
            "ptp_profile": null,
            "ptp_slave_ethernets": null,
            "ptp_slave_ipv4s": null,
            "ptp_slave_ipv6s": null,
            "ptp_source_ipv4_address": null,
            "ptp_source_ipv4_address_disable": null,
            "ptp_source_ipv6_address": null,
            "ptp_source_ipv6_address_disable": null,
            "ptp_sync_frequency": null,
            "ptp_sync_grant_duration": null,
            "ptp_sync_interval": null,
            "ptp_sync_timeout": null,
            "ptp_transport_ethernet": null,
            "ptp_transport_ipv4": null,
            "ptp_transport_ipv6": null,
            "ptp_unicast_grant_invalid_request_deny": null,
            "ptp_unicast_grant_invalid_request_reduce": null,
            "rewrite_ingress_tag_pop_one": null,
            "rewrite_ingress_tag_pop_two": null,
            "service_policy_input": null,
            "service_policy_output": null,
            "shutdown": false,
            "speed": null,
            "type": "GigabitEthernet",
            "vrf": null
          },
          "sensitive_attributes": [],
          "identity_schema_version": 0,
          "private": "eyJpbXBvcnRpbmciOiJNQT09In0=",
          "dependencies": [
            "module.iosxr.iosxr_as_path_set.as_path_set",
            "module.iosxr.iosxr_class_map_qos.class_map_qos",
            "module.iosxr.iosxr_community_set.community_set",
            "module.iosxr.iosxr_esi_set.esi_set",
            "module.iosxr.iosxr_etag_set.etag_set",
            "module.iosxr.iosxr_extcommunity_bandwidth_set.extcommunity_bandwidth_set",
            "module.iosxr.iosxr_extcommunity_cost_set.extcommunity_cost_set",
            "module.iosxr.iosxr_extcommunity_evpn_link_bandwidth_set.extcommunity_evpn_link_bandwidth_set",
            "module.iosxr.iosxr_extcommunity_opaque_set.extcommunity_opaque_set",
            "module.iosxr.iosxr_extcommunity_rt_set.extcommunity_rt_set",
            "module.iosxr.iosxr_extcommunity_seg_nh_set.extcommunity_seg_nh_set",
            "module.iosxr.iosxr_extcommunity_soo_set.extcommunity_soo_set",
            "module.iosxr.iosxr_flow_exporter_map.flow_exporter_map",
            "module.iosxr.iosxr_flow_monitor_map.flow_monitor_map",
            "module.iosxr.iosxr_flow_sampler_map.flow_sampler_map",
            "module.iosxr.iosxr_ipv4_prefix_list.ipv4_prefix_list",
            "module.iosxr.iosxr_ipv6_prefix_list.ipv6_prefix_list",
            "module.iosxr.iosxr_key_chain.key_chain",
            "module.iosxr.iosxr_large_community_set.large_community_set",
            "module.iosxr.iosxr_mac_set.mac_set",
            "module.iosxr.iosxr_monitor_session.monitor_session",
            "module.iosxr.iosxr_ospf_area_set.ospf_area_set",
            "module.iosxr.iosxr_policy_global_set.policy_global_set",
            "module.iosxr.iosxr_policy_map_qos.policy_map_qos",
            "module.iosxr.iosxr_prefix_set.prefix_set",
            "module.iosxr.iosxr_rd_set.rd_set",
            "module.iosxr.iosxr_route_policy.route_policy",
            "module.iosxr.iosxr_tag_set.tag_set",
            "module.iosxr.iosxr_vrf.vrf",
            "module.iosxr.terraform_data.ethernet_flow_replace"
          ]
        }
      ]
    },
    {
      "module": "module.iosxr",
      "mode": "managed",
      "type": "iosxr_router_isis",
      "name": "router_isis",
      "provider": "module.iosxr.provider[\"registry.terraform.io/ciscodevnet/iosxr\"]",
      "instances": [
        {
          "index_key": "ic-node-1/ISIS-1",
          "schema_version": 0,
          "attributes": {
            "adjacency_stagger": null,
            "adjacency_stagger_initial_neighbors": null,
            "adjacency_stagger_max_neighbors": null,
            "affinity_maps": null,
            "authentication_check_disable": null,
            "delete_mode": null,
            "device": "ic-node-1",
            "distribute_link_state": null,
            "distribute_link_state_exclude_external": null,
            "distribute_link_state_exclude_interarea": null,
            "distribute_link_state_instance_id": null,
            "distribute_link_state_level": null,
            "distribute_link_state_route_policy": null,
            "distribute_link_state_throttle": null,
            "extended_admin_group": "both",
            "flex_algos": null,
            "hello_padding": null,
            "hostname_dynamic_disable": null,
            "id": "Cisco-IOS-XR-um-router-isis-cfg:/router/isis/processes/process[process-id=ISIS-1]",
            "ignore_lsp_errors_disable": null,
            "iid_disable": null,
            "instance_id": null,
            "is_type": "level-1-2",
            "log_adjacency_changes": null,
            "log_format_brief": null,
            "log_pdu_drops": null,
            "log_sizes": null,
            "lsp_check_interval": 20,
            "lsp_check_interval_levels": null,
            "lsp_fast_flooding": null,
            "lsp_fast_flooding_max_lsp_tx": null,
            "lsp_fast_flooding_remote_psnp_delay": null,
            "lsp_gen_interval_initial_wait": 50,
            "lsp_gen_interval_levels": null,
            "lsp_gen_interval_maximum_wait": 5000,
            "lsp_gen_interval_secondary_wait": 200,
            "lsp_mtu": 1400,
            "lsp_mtu_levels": null,
            "lsp_password_accept_encrypted": null,
            "lsp_password_accept_levels": null,
            "lsp_password_hmac_md5_enable_poi": null,
            "lsp_password_hmac_md5_encrypted": null,
            "lsp_password_hmac_md5_send_only": null,
            "lsp_password_hmac_md5_snp_send_only": null,
            "lsp_password_keychain": null,
            "lsp_password_keychain_enable_poi": null,
            "lsp_password_keychain_send_only": null,
            "lsp_password_keychain_snp_send_only": null,
            "lsp_password_levels": null,
            "lsp_password_text_enable_poi": null,
            "lsp_password_text_encrypted": null,
            "lsp_password_text_send_only": null,
            "lsp_password_text_snp_send_only": null,
            "lsp_refresh_interval": 16000,
            "lsp_refresh_interval_levels": null,
            "max_lsp_lifetime": 1200,
            "max_lsp_lifetime_levels": null,
            "max_metric": null,
            "max_metric_default_route": null,
            "max_metric_delay": null,
            "max_metric_external": null,
            "max_metric_interlevel": null,
            "max_metric_levels": null,
            "max_metric_on_startup_advertise": null,
            "max_metric_on_startup_wait_for_bgp": null,
            "max_metric_srv6_locator": null,
            "max_metric_te": null,
            "min_lsp_arrival_initial_wait": null,
            "min_lsp_arrival_levels": null,
            "min_lsp_arrival_maximum_wait": null,
            "min_lsp_arrival_secondary_wait": null,
            "mpls_ldp_sync": null,
            "mpls_ldp_sync_level": null,
            "multi_part_tlv_disable": null,
            "multi_part_tlv_disable_levels": null,
            "multi_part_tlv_disable_neighbor": null,
            "multi_part_tlv_disable_prefix_tlvs": null,
            "multi_part_tlv_disable_router_capability": null,
            "nets": [
              {
                "net_id": "49.0000.0000.0000.0001.00"
              }
            ],
            "nsf_cisco": null,
            "nsf_ietf": true,
            "nsf_interface_expires": 2,
            "nsf_interface_timer": 5,
            "nsf_lifetime": 10,
            "nsr": true,
            "nsr_restart_time": 240,
            "oor_set_overload_bit_disable": null,
            "process_id": "ISIS-1",
            "protocol_shutdown": null,
            "psnp_interval": null,
            "purge_transmit_strict": null,
            "purge_transmit_strict_value": null,
            "receive_application_flex_algo_delay_app_only": null,
            "segment_routing_global_block_lower_bound": 16000,
            "segment_routing_global_block_upper_bound": 17000,
            "set_overload_bit": null,
            "set_overload_bit_advertise_external": true,
            "set_overload_bit_advertise_interlevel": true,
            "set_overload_bit_levels": null,
            "set_overload_bit_on_startup_time_to_advertise": 300,
            "set_overload_bit_on_startup_wait_for_bgp": null,
            "srlg_admin_weight": null,
            "srlg_names": null
          },
          "sensitive_attributes": [
            [
              {
                "type": "get_attr",
                "value": "lsp_password_accept_encrypted"
              }
            ],
            [
              {
                "type": "get_attr",
                "value": "lsp_password_hmac_md5_encrypted"
              }
            ],
            [
              {
                "type": "get_attr",
                "value": "lsp_password_text_encrypted"
              }
            ]
          ],
          "identity_schema_version": 0,
          "private": "eyJpbXBvcnRpbmciOiJNQT09In0=",
          "dependencies": [
            "module.iosxr.iosxr_as_path_set.as_path_set",
            "module.iosxr.iosxr_community_set.community_set",
            "module.iosxr.iosxr_esi_set.esi_set",
            "module.iosxr.iosxr_etag_set.etag_set",
            "module.iosxr.iosxr_extcommunity_bandwidth_set.extcommunity_bandwidth_set",
            "module.iosxr.iosxr_extcommunity_cost_set.extcommunity_cost_set",
            "module.iosxr.iosxr_extcommunity_evpn_link_bandwidth_set.extcommunity_evpn_link_bandwidth_set",
            "module.iosxr.iosxr_extcommunity_opaque_set.extcommunity_opaque_set",
            "module.iosxr.iosxr_extcommunity_rt_set.extcommunity_rt_set",
            "module.iosxr.iosxr_extcommunity_seg_nh_set.extcommunity_seg_nh_set",
            "module.iosxr.iosxr_extcommunity_soo_set.extcommunity_soo_set",
            "module.iosxr.iosxr_ipv4_prefix_list.ipv4_prefix_list",
            "module.iosxr.iosxr_ipv6_prefix_list.ipv6_prefix_list",
            "module.iosxr.iosxr_key_chain.key_chain",
            "module.iosxr.iosxr_large_community_set.large_community_set",
            "module.iosxr.iosxr_mac_set.mac_set",
            "module.iosxr.iosxr_ospf_area_set.ospf_area_set",
            "module.iosxr.iosxr_policy_global_set.policy_global_set",
            "module.iosxr.iosxr_prefix_set.prefix_set",
            "module.iosxr.iosxr_rd_set.rd_set",
            "module.iosxr.iosxr_route_policy.route_policy",
            "module.iosxr.iosxr_segment_routing.segment_routing",
            "module.iosxr.iosxr_segment_routing_v6.segment_routing_v6",
            "module.iosxr.iosxr_tag_set.tag_set",
            "module.iosxr.terraform_data.segment_routing_v6_replace"
          ]
        },
        {
          "index_key": "ic-node-2/ISIS-1",
          "schema_version": 0,
          "attributes": {
            "adjacency_stagger": null,
            "adjacency_stagger_initial_neighbors": null,
            "adjacency_stagger_max_neighbors": null,
            "affinity_maps": null,
            "authentication_check_disable": null,
            "delete_mode": null,
            "device": "ic-node-2",
            "distribute_link_state": null,
            "distribute_link_state_exclude_external": null,
            "distribute_link_state_exclude_interarea": null,
            "distribute_link_state_instance_id": null,
            "distribute_link_state_level": null,
            "distribute_link_state_route_policy": null,
            "distribute_link_state_throttle": null,
            "extended_admin_group": "both",
            "flex_algos": null,
            "hello_padding": null,
            "hostname_dynamic_disable": null,
            "id": "Cisco-IOS-XR-um-router-isis-cfg:/router/isis/processes/process[process-id=ISIS-1]",
            "ignore_lsp_errors_disable": null,
            "iid_disable": null,
            "instance_id": null,
            "is_type": "level-1-2",
            "log_adjacency_changes": null,
            "log_format_brief": null,
            "log_pdu_drops": null,
            "log_sizes": null,
            "lsp_check_interval": 20,
            "lsp_check_interval_levels": null,
            "lsp_fast_flooding": null,
            "lsp_fast_flooding_max_lsp_tx": null,
            "lsp_fast_flooding_remote_psnp_delay": null,
            "lsp_gen_interval_initial_wait": 50,
            "lsp_gen_interval_levels": null,
            "lsp_gen_interval_maximum_wait": 5000,
            "lsp_gen_interval_secondary_wait": 200,
            "lsp_mtu": 1400,
            "lsp_mtu_levels": null,
            "lsp_password_accept_encrypted": null,
            "lsp_password_accept_levels": null,
            "lsp_password_hmac_md5_enable_poi": null,
            "lsp_password_hmac_md5_encrypted": null,
            "lsp_password_hmac_md5_send_only": null,
            "lsp_password_hmac_md5_snp_send_only": null,
            "lsp_password_keychain": null,
            "lsp_password_keychain_enable_poi": null,
            "lsp_password_keychain_send_only": null,
            "lsp_password_keychain_snp_send_only": null,
            "lsp_password_levels": null,
            "lsp_password_text_enable_poi": null,
            "lsp_password_text_encrypted": null,
            "lsp_password_text_send_only": null,
            "lsp_password_text_snp_send_only": null,
            "lsp_refresh_interval": 16000,
            "lsp_refresh_interval_levels": null,
            "max_lsp_lifetime": 1200,
            "max_lsp_lifetime_levels": null,
            "max_metric": null,
            "max_metric_default_route": null,
            "max_metric_delay": null,
            "max_metric_external": null,
            "max_metric_interlevel": null,
            "max_metric_levels": null,
            "max_metric_on_startup_advertise": null,
            "max_metric_on_startup_wait_for_bgp": null,
            "max_metric_srv6_locator": null,
            "max_metric_te": null,
            "min_lsp_arrival_initial_wait": null,
            "min_lsp_arrival_levels": null,
            "min_lsp_arrival_maximum_wait": null,
            "min_lsp_arrival_secondary_wait": null,
            "mpls_ldp_sync": null,
            "mpls_ldp_sync_level": null,
            "multi_part_tlv_disable": null,
            "multi_part_tlv_disable_levels": null,
            "multi_part_tlv_disable_neighbor": null,
            "multi_part_tlv_disable_prefix_tlvs": null,
            "multi_part_tlv_disable_router_capability": null,
            "nets": [
              {
                "net_id": "49.0000.0000.0000.0002.00"
              }
            ],
            "nsf_cisco": null,
            "nsf_ietf": true,
            "nsf_interface_expires": 2,
            "nsf_interface_timer": 5,
            "nsf_lifetime": 10,
            "nsr": true,
            "nsr_restart_time": 240,
            "oor_set_overload_bit_disable": null,
            "process_id": "ISIS-1",
            "protocol_shutdown": null,
            "psnp_interval": null,
            "purge_transmit_strict": null,
            "purge_transmit_strict_value": null,
            "receive_application_flex_algo_delay_app_only": null,
            "segment_routing_global_block_lower_bound": 16000,
            "segment_routing_global_block_upper_bound": 17000,
            "set_overload_bit": null,
            "set_overload_bit_advertise_external": true,
            "set_overload_bit_advertise_interlevel": true,
            "set_overload_bit_levels": null,
            "set_overload_bit_on_startup_time_to_advertise": 300,
            "set_overload_bit_on_startup_wait_for_bgp": null,
            "srlg_admin_weight": null,
            "srlg_names": null
          },
          "sensitive_attributes": [
            [
              {
                "type": "get_attr",
                "value": "lsp_password_accept_encrypted"
              }
            ],
            [
              {
                "type": "get_attr",
                "value": "lsp_password_hmac_md5_encrypted"
              }
            ],
            [
              {
                "type": "get_attr",
                "value": "lsp_password_text_encrypted"
              }
            ]
          ],
          "identity_schema_version": 0,
          "private": "eyJpbXBvcnRpbmciOiJNQT09In0=",
          "dependencies": [
            "module.iosxr.iosxr_as_path_set.as_path_set",
            "module.iosxr.iosxr_community_set.community_set",
            "module.iosxr.iosxr_esi_set.esi_set",
            "module.iosxr.iosxr_etag_set.etag_set",
            "module.iosxr.iosxr_extcommunity_bandwidth_set.extcommunity_bandwidth_set",
            "module.iosxr.iosxr_extcommunity_cost_set.extcommunity_cost_set",
            "module.iosxr.iosxr_extcommunity_evpn_link_bandwidth_set.extcommunity_evpn_link_bandwidth_set",
            "module.iosxr.iosxr_extcommunity_opaque_set.extcommunity_opaque_set",
            "module.iosxr.iosxr_extcommunity_rt_set.extcommunity_rt_set",
            "module.iosxr.iosxr_extcommunity_seg_nh_set.extcommunity_seg_nh_set",
            "module.iosxr.iosxr_extcommunity_soo_set.extcommunity_soo_set",
            "module.iosxr.iosxr_ipv4_prefix_list.ipv4_prefix_list",
            "module.iosxr.iosxr_ipv6_prefix_list.ipv6_prefix_list",
            "module.iosxr.iosxr_key_chain.key_chain",
            "module.iosxr.iosxr_large_community_set.large_community_set",
            "module.iosxr.iosxr_mac_set.mac_set",
            "module.iosxr.iosxr_ospf_area_set.ospf_area_set",
            "module.iosxr.iosxr_policy_global_set.policy_global_set",
            "module.iosxr.iosxr_prefix_set.prefix_set",
            "module.iosxr.iosxr_rd_set.rd_set",
            "module.iosxr.iosxr_route_policy.route_policy",
            "module.iosxr.iosxr_segment_routing.segment_routing",
            "module.iosxr.iosxr_segment_routing_v6.segment_routing_v6",
            "module.iosxr.iosxr_tag_set.tag_set",
            "module.iosxr.terraform_data.segment_routing_v6_replace"
          ]
        },
        {
          "index_key": "ic-node-3/ISIS-1",
          "schema_version": 0,
          "attributes": {
            "adjacency_stagger": null,
            "adjacency_stagger_initial_neighbors": null,
            "adjacency_stagger_max_neighbors": null,
            "affinity_maps": null,
            "authentication_check_disable": null,
            "delete_mode": null,
            "device": "ic-node-3",
            "distribute_link_state": null,
            "distribute_link_state_exclude_external": null,
            "distribute_link_state_exclude_interarea": null,
            "distribute_link_state_instance_id": null,
            "distribute_link_state_level": null,
            "distribute_link_state_route_policy": null,
            "distribute_link_state_throttle": null,
            "extended_admin_group": "both",
            "flex_algos": null,
            "hello_padding": null,
            "hostname_dynamic_disable": null,
            "id": "Cisco-IOS-XR-um-router-isis-cfg:/router/isis/processes/process[process-id=ISIS-1]",
            "ignore_lsp_errors_disable": null,
            "iid_disable": null,
            "instance_id": null,
            "is_type": "level-1-2",
            "log_adjacency_changes": null,
            "log_format_brief": null,
            "log_pdu_drops": null,
            "log_sizes": null,
            "lsp_check_interval": 20,
            "lsp_check_interval_levels": null,
            "lsp_fast_flooding": null,
            "lsp_fast_flooding_max_lsp_tx": null,
            "lsp_fast_flooding_remote_psnp_delay": null,
            "lsp_gen_interval_initial_wait": 50,
            "lsp_gen_interval_levels": null,
            "lsp_gen_interval_maximum_wait": 5000,
            "lsp_gen_interval_secondary_wait": 200,
            "lsp_mtu": 1400,
            "lsp_mtu_levels": null,
            "lsp_password_accept_encrypted": null,
            "lsp_password_accept_levels": null,
            "lsp_password_hmac_md5_enable_poi": null,
            "lsp_password_hmac_md5_encrypted": null,
            "lsp_password_hmac_md5_send_only": null,
            "lsp_password_hmac_md5_snp_send_only": null,
            "lsp_password_keychain": null,
            "lsp_password_keychain_enable_poi": null,
            "lsp_password_keychain_send_only": null,
            "lsp_password_keychain_snp_send_only": null,
            "lsp_password_levels": null,
            "lsp_password_text_enable_poi": null,
            "lsp_password_text_encrypted": null,
            "lsp_password_text_send_only": null,
            "lsp_password_text_snp_send_only": null,
            "lsp_refresh_interval": 16000,
            "lsp_refresh_interval_levels": null,
            "max_lsp_lifetime": 1200,
            "max_lsp_lifetime_levels": null,
            "max_metric": null,
            "max_metric_default_route": null,
            "max_metric_delay": null,
            "max_metric_external": null,
            "max_metric_interlevel": null,
            "max_metric_levels": null,
            "max_metric_on_startup_advertise": null,
            "max_metric_on_startup_wait_for_bgp": null,
            "max_metric_srv6_locator": null,
            "max_metric_te": null,
            "min_lsp_arrival_initial_wait": null,
            "min_lsp_arrival_levels": null,
            "min_lsp_arrival_maximum_wait": null,
            "min_lsp_arrival_secondary_wait": null,
            "mpls_ldp_sync": null,
            "mpls_ldp_sync_level": null,
            "multi_part_tlv_disable": null,
            "multi_part_tlv_disable_levels": null,
            "multi_part_tlv_disable_neighbor": null,
            "multi_part_tlv_disable_prefix_tlvs": null,
            "multi_part_tlv_disable_router_capability": null,
            "nets": [
              {
                "net_id": "49.0000.0000.0000.0003.00"
              }
            ],
            "nsf_cisco": null,
            "nsf_ietf": true,
            "nsf_interface_expires": 2,
            "nsf_interface_timer": 5,
            "nsf_lifetime": 10,
            "nsr": true,
            "nsr_restart_time": 240,
            "oor_set_overload_bit_disable": null,
            "process_id": "ISIS-1",
            "protocol_shutdown": null,
            "psnp_interval": null,
            "purge_transmit_strict": null,
            "purge_transmit_strict_value": null,
            "receive_application_flex_algo_delay_app_only": null,
            "segment_routing_global_block_lower_bound": 16000,
            "segment_routing_global_block_upper_bound": 17000,
            "set_overload_bit": null,
            "set_overload_bit_advertise_external": true,
            "set_overload_bit_advertise_interlevel": true,
            "set_overload_bit_levels": null,
            "set_overload_bit_on_startup_time_to_advertise": 300,
            "set_overload_bit_on_startup_wait_for_bgp": null,
            "srlg_admin_weight": null,
            "srlg_names": null
          },
          "sensitive_attributes": [
            [
              {
                "type": "get_attr",
                "value": "lsp_password_accept_encrypted"
              }
            ],
            [
              {
                "type": "get_attr",
                "value": "lsp_password_hmac_md5_encrypted"
              }
            ],
            [
              {
                "type": "get_attr",
                "value": "lsp_password_text_encrypted"
              }
            ]
          ],
          "identity_schema_version": 0,
          "private": "eyJpbXBvcnRpbmciOiJNQT09In0=",
          "dependencies": [
            "module.iosxr.iosxr_as_path_set.as_path_set",
            "module.iosxr.iosxr_community_set.community_set",
            "module.iosxr.iosxr_esi_set.esi_set",
            "module.iosxr.iosxr_etag_set.etag_set",
            "module.iosxr.iosxr_extcommunity_bandwidth_set.extcommunity_bandwidth_set",
            "module.iosxr.iosxr_extcommunity_cost_set.extcommunity_cost_set",
            "module.iosxr.iosxr_extcommunity_evpn_link_bandwidth_set.extcommunity_evpn_link_bandwidth_set",
            "module.iosxr.iosxr_extcommunity_opaque_set.extcommunity_opaque_set",
            "module.iosxr.iosxr_extcommunity_rt_set.extcommunity_rt_set",
            "module.iosxr.iosxr_extcommunity_seg_nh_set.extcommunity_seg_nh_set",
            "module.iosxr.iosxr_extcommunity_soo_set.extcommunity_soo_set",
            "module.iosxr.iosxr_ipv4_prefix_list.ipv4_prefix_list",
            "module.iosxr.iosxr_ipv6_prefix_list.ipv6_prefix_list",
            "module.iosxr.iosxr_key_chain.key_chain",
            "module.iosxr.iosxr_large_community_set.large_community_set",
            "module.iosxr.iosxr_mac_set.mac_set",
            "module.iosxr.iosxr_ospf_area_set.ospf_area_set",
            "module.iosxr.iosxr_policy_global_set.policy_global_set",
            "module.iosxr.iosxr_prefix_set.prefix_set",
            "module.iosxr.iosxr_rd_set.rd_set",
            "module.iosxr.iosxr_route_policy.route_policy",
            "module.iosxr.iosxr_segment_routing.segment_routing",
            "module.iosxr.iosxr_segment_routing_v6.segment_routing_v6",
            "module.iosxr.iosxr_tag_set.tag_set",
            "module.iosxr.terraform_data.segment_routing_v6_replace"
          ]
        },
        {
          "index_key": "ic-node-4/ISIS-1",
          "schema_version": 0,
          "attributes": {
            "adjacency_stagger": null,
            "adjacency_stagger_initial_neighbors": null,
            "adjacency_stagger_max_neighbors": null,
            "affinity_maps": null,
            "authentication_check_disable": null,
            "delete_mode": null,
            "device": "ic-node-4",
            "distribute_link_state": null,
            "distribute_link_state_exclude_external": null,
            "distribute_link_state_exclude_interarea": null,
            "distribute_link_state_instance_id": null,
            "distribute_link_state_level": null,
            "distribute_link_state_route_policy": null,
            "distribute_link_state_throttle": null,
            "extended_admin_group": "both",
            "flex_algos": null,
            "hello_padding": null,
            "hostname_dynamic_disable": null,
            "id": "Cisco-IOS-XR-um-router-isis-cfg:/router/isis/processes/process[process-id=ISIS-1]",
            "ignore_lsp_errors_disable": null,
            "iid_disable": null,
            "instance_id": null,
            "is_type": "level-1-2",
            "log_adjacency_changes": null,
            "log_format_brief": null,
            "log_pdu_drops": null,
            "log_sizes": null,
            "lsp_check_interval": 20,
            "lsp_check_interval_levels": null,
            "lsp_fast_flooding": null,
            "lsp_fast_flooding_max_lsp_tx": null,
            "lsp_fast_flooding_remote_psnp_delay": null,
            "lsp_gen_interval_initial_wait": 50,
            "lsp_gen_interval_levels": null,
            "lsp_gen_interval_maximum_wait": 5000,
            "lsp_gen_interval_secondary_wait": 200,
            "lsp_mtu": 1400,
            "lsp_mtu_levels": null,
            "lsp_password_accept_encrypted": null,
            "lsp_password_accept_levels": null,
            "lsp_password_hmac_md5_enable_poi": null,
            "lsp_password_hmac_md5_encrypted": null,
            "lsp_password_hmac_md5_send_only": null,
            "lsp_password_hmac_md5_snp_send_only": null,
            "lsp_password_keychain": null,
            "lsp_password_keychain_enable_poi": null,
            "lsp_password_keychain_send_only": null,
            "lsp_password_keychain_snp_send_only": null,
            "lsp_password_levels": null,
            "lsp_password_text_enable_poi": null,
            "lsp_password_text_encrypted": null,
            "lsp_password_text_send_only": null,
            "lsp_password_text_snp_send_only": null,
            "lsp_refresh_interval": 16000,
            "lsp_refresh_interval_levels": null,
            "max_lsp_lifetime": 1200,
            "max_lsp_lifetime_levels": null,
            "max_metric": null,
            "max_metric_default_route": null,
            "max_metric_delay": null,
            "max_metric_external": null,
            "max_metric_interlevel": null,
            "max_metric_levels": null,
            "max_metric_on_startup_advertise": null,
            "max_metric_on_startup_wait_for_bgp": null,
            "max_metric_srv6_locator": null,
            "max_metric_te": null,
            "min_lsp_arrival_initial_wait": null,
            "min_lsp_arrival_levels": null,
            "min_lsp_arrival_maximum_wait": null,
            "min_lsp_arrival_secondary_wait": null,
            "mpls_ldp_sync": null,
            "mpls_ldp_sync_level": null,
            "multi_part_tlv_disable": null,
            "multi_part_tlv_disable_levels": null,
            "multi_part_tlv_disable_neighbor": null,
            "multi_part_tlv_disable_prefix_tlvs": null,
            "multi_part_tlv_disable_router_capability": null,
            "nets": [
              {
                "net_id": "49.0000.0000.0000.0004.00"
              }
            ],
            "nsf_cisco": null,
            "nsf_ietf": true,
            "nsf_interface_expires": 2,
            "nsf_interface_timer": 5,
            "nsf_lifetime": 10,
            "nsr": true,
            "nsr_restart_time": 240,
            "oor_set_overload_bit_disable": null,
            "process_id": "ISIS-1",
            "protocol_shutdown": null,
            "psnp_interval": null,
            "purge_transmit_strict": null,
            "purge_transmit_strict_value": null,
            "receive_application_flex_algo_delay_app_only": null,
            "segment_routing_global_block_lower_bound": 16000,
            "segment_routing_global_block_upper_bound": 17000,
            "set_overload_bit": null,
            "set_overload_bit_advertise_external": true,
            "set_overload_bit_advertise_interlevel": true,
            "set_overload_bit_levels": null,
            "set_overload_bit_on_startup_time_to_advertise": 300,
            "set_overload_bit_on_startup_wait_for_bgp": null,
            "srlg_admin_weight": null,
            "srlg_names": null
          },
          "sensitive_attributes": [
            [
              {
                "type": "get_attr",
                "value": "lsp_password_accept_encrypted"
              }
            ],
            [
              {
                "type": "get_attr",
                "value": "lsp_password_hmac_md5_encrypted"
              }
            ],
            [
              {
                "type": "get_attr",
                "value": "lsp_password_text_encrypted"
              }
            ]
          ],
          "identity_schema_version": 0,
          "private": "eyJpbXBvcnRpbmciOiJNQT09In0=",
          "dependencies": [
            "module.iosxr.iosxr_as_path_set.as_path_set",
            "module.iosxr.iosxr_community_set.community_set",
            "module.iosxr.iosxr_esi_set.esi_set",
            "module.iosxr.iosxr_etag_set.etag_set",
            "module.iosxr.iosxr_extcommunity_bandwidth_set.extcommunity_bandwidth_set",
            "module.iosxr.iosxr_extcommunity_cost_set.extcommunity_cost_set",
            "module.iosxr.iosxr_extcommunity_evpn_link_bandwidth_set.extcommunity_evpn_link_bandwidth_set",
            "module.iosxr.iosxr_extcommunity_opaque_set.extcommunity_opaque_set",
            "module.iosxr.iosxr_extcommunity_rt_set.extcommunity_rt_set",
            "module.iosxr.iosxr_extcommunity_seg_nh_set.extcommunity_seg_nh_set",
            "module.iosxr.iosxr_extcommunity_soo_set.extcommunity_soo_set",
            "module.iosxr.iosxr_ipv4_prefix_list.ipv4_prefix_list",
            "module.iosxr.iosxr_ipv6_prefix_list.ipv6_prefix_list",
            "module.iosxr.iosxr_key_chain.key_chain",
            "module.iosxr.iosxr_large_community_set.large_community_set",
            "module.iosxr.iosxr_mac_set.mac_set",
            "module.iosxr.iosxr_ospf_area_set.ospf_area_set",
            "module.iosxr.iosxr_policy_global_set.policy_global_set",
            "module.iosxr.iosxr_prefix_set.prefix_set",
            "module.iosxr.iosxr_rd_set.rd_set",
            "module.iosxr.iosxr_route_policy.route_policy",
            "module.iosxr.iosxr_segment_routing.segment_routing",
            "module.iosxr.iosxr_segment_routing_v6.segment_routing_v6",
            "module.iosxr.iosxr_tag_set.tag_set",
            "module.iosxr.terraform_data.segment_routing_v6_replace"
          ]
        }
      ]
    },
    {
      "module": "module.iosxr",
      "mode": "managed",
      "type": "iosxr_router_isis_interface",
      "name": "router_isis_interface",
      "provider": "module.iosxr.provider[\"registry.terraform.io/ciscodevnet/iosxr\"]",
      "instances": [
        {
          "index_key": "ic-node-1/ISIS-1/GigabitEthernet0/0/0/0",
          "schema_version": 0,
          "attributes": {
            "affinity_flex_algos": null,
            "affinity_flex_algos_anomalies": null,
            "bfd_fast_detect_ipv4": null,
            "bfd_fast_detect_ipv6": null,
            "bfd_minimum_interval": null,
            "bfd_multiplier": null,
            "circuit_type": null,
            "csnp_interval": null,
            "csnp_interval_levels": null,
            "delay_normalize_interval": null,
            "delay_normalize_offset": null,
            "delete_mode": null,
            "device": "ic-node-1",
            "hello_interval": null,
            "hello_interval_levels": null,
            "hello_multiplier": null,
            "hello_multiplier_levels": null,
            "hello_padding": null,
            "hello_padding_levels": null,
            "hello_password_accept_encrypted": null,
            "hello_password_accepts_levels": null,
            "hello_password_hmac_md5_encrypted": null,
            "hello_password_hmac_md5_send_only": null,
            "hello_password_keychain_name": null,
            "hello_password_keychain_send_only": null,
            "hello_password_levels": null,
            "hello_password_text_encrypted": null,
            "hello_password_text_send_only": null,
            "id": "Cisco-IOS-XR-um-router-isis-cfg:/router/isis/processes/process[process-id=ISIS-1]/interfaces/interface[interface-name=GigabitEthernet0/0/0/0]",
            "interface_name": "GigabitEthernet0/0/0/0",
            "link_down_fast_detect": null,
            "lsp_interval": null,
            "lsp_interval_levels": null,
            "mesh_group": null,
            "mesh_group_blocked": null,
            "mpls_ldp_sync": null,
            "mpls_ldp_sync_level": null,
            "override_metrics": null,
            "point_to_point": false,
            "priority": null,
            "priority_levels": null,
            "process_id": "ISIS-1",
            "remote_psnp_delay": null,
            "retransmit_interval": null,
            "retransmit_interval_levels": null,
            "retransmit_throttle_interval": null,
            "retransmit_throttle_interval_levels": null,
            "state": null
          },
          "sensitive_attributes": [
            [
              {
                "type": "get_attr",
                "value": "hello_password_accept_encrypted"
              }
            ],
            [
              {
                "type": "get_attr",
                "value": "hello_password_hmac_md5_encrypted"
              }
            ],
            [
              {
                "type": "get_attr",
                "value": "hello_password_text_encrypted"
              }
            ],
            [
              {
                "type": "get_attr",
                "value": "hello_password_text_send_only"
              }
            ]
          ],
          "identity_schema_version": 0,
          "private": "eyJpbXBvcnRpbmciOiJNQT09In0=",
          "dependencies": [
            "module.iosxr.iosxr_as_path_set.as_path_set",
            "module.iosxr.iosxr_community_set.community_set",
            "module.iosxr.iosxr_esi_set.esi_set",
            "module.iosxr.iosxr_etag_set.etag_set",
            "module.iosxr.iosxr_extcommunity_bandwidth_set.extcommunity_bandwidth_set",
            "module.iosxr.iosxr_extcommunity_cost_set.extcommunity_cost_set",
            "module.iosxr.iosxr_extcommunity_evpn_link_bandwidth_set.extcommunity_evpn_link_bandwidth_set",
            "module.iosxr.iosxr_extcommunity_opaque_set.extcommunity_opaque_set",
            "module.iosxr.iosxr_extcommunity_rt_set.extcommunity_rt_set",
            "module.iosxr.iosxr_extcommunity_seg_nh_set.extcommunity_seg_nh_set",
            "module.iosxr.iosxr_extcommunity_soo_set.extcommunity_soo_set",
            "module.iosxr.iosxr_ipv4_prefix_list.ipv4_prefix_list",
            "module.iosxr.iosxr_ipv6_prefix_list.ipv6_prefix_list",
            "module.iosxr.iosxr_key_chain.key_chain",
            "module.iosxr.iosxr_large_community_set.large_community_set",
            "module.iosxr.iosxr_mac_set.mac_set",
            "module.iosxr.iosxr_ospf_area_set.ospf_area_set",
            "module.iosxr.iosxr_policy_global_set.policy_global_set",
            "module.iosxr.iosxr_prefix_set.prefix_set",
            "module.iosxr.iosxr_rd_set.rd_set",
            "module.iosxr.iosxr_route_policy.route_policy",
            "module.iosxr.iosxr_router_isis.router_isis",
            "module.iosxr.iosxr_router_isis_address_family.ipv4_multicast",
            "module.iosxr.iosxr_router_isis_address_family.ipv4_unicast",
            "module.iosxr.iosxr_router_isis_address_family.ipv6_multicast",
            "module.iosxr.iosxr_router_isis_address_family.ipv6_unicast",
            "module.iosxr.iosxr_segment_routing.segment_routing",
            "module.iosxr.iosxr_segment_routing_v6.segment_routing_v6",
            "module.iosxr.iosxr_tag_set.tag_set",
            "module.iosxr.terraform_data.segment_routing_v6_replace"
          ]
        },
        {
          "index_key": "ic-node-1/ISIS-1/GigabitEthernet0/0/0/1",
          "schema_version": 0,
          "attributes": {
            "affinity_flex_algos": null,
            "affinity_flex_algos_anomalies": null,
            "bfd_fast_detect_ipv4": null,
            "bfd_fast_detect_ipv6": null,
            "bfd_minimum_interval": null,
            "bfd_multiplier": null,
            "circuit_type": null,
            "csnp_interval": null,
            "csnp_interval_levels": null,
            "delay_normalize_interval": null,
            "delay_normalize_offset": null,
            "delete_mode": null,
            "device": "ic-node-1",
            "hello_interval": null,
            "hello_interval_levels": null,
            "hello_multiplier": null,
            "hello_multiplier_levels": null,
            "hello_padding": null,
            "hello_padding_levels": null,
            "hello_password_accept_encrypted": null,
            "hello_password_accepts_levels": null,
            "hello_password_hmac_md5_encrypted": null,
            "hello_password_hmac_md5_send_only": null,
            "hello_password_keychain_name": null,
            "hello_password_keychain_send_only": null,
            "hello_password_levels": null,
            "hello_password_text_encrypted": null,
            "hello_password_text_send_only": null,
            "id": "Cisco-IOS-XR-um-router-isis-cfg:/router/isis/processes/process[process-id=ISIS-1]/interfaces/interface[interface-name=GigabitEthernet0/0/0/1]",
            "interface_name": "GigabitEthernet0/0/0/1",
            "link_down_fast_detect": null,
            "lsp_interval": null,
            "lsp_interval_levels": null,
            "mesh_group": null,
            "mesh_group_blocked": null,
            "mpls_ldp_sync": null,
            "mpls_ldp_sync_level": null,
            "override_metrics": null,
            "point_to_point": false,
            "priority": null,
            "priority_levels": null,
            "process_id": "ISIS-1",
            "remote_psnp_delay": null,
            "retransmit_interval": null,
            "retransmit_interval_levels": null,
            "retransmit_throttle_interval": null,
            "retransmit_throttle_interval_levels": null,
            "state": null
          },
          "sensitive_attributes": [
            [
              {
                "type": "get_attr",
                "value": "hello_password_accept_encrypted"
              }
            ],
            [
              {
                "type": "get_attr",
                "value": "hello_password_hmac_md5_encrypted"
              }
            ],
            [
              {
                "type": "get_attr",
                "value": "hello_password_text_encrypted"
              }
            ],
            [
              {
                "type": "get_attr",
                "value": "hello_password_text_send_only"
              }
            ]
          ],
          "identity_schema_version": 0,
          "private": "eyJpbXBvcnRpbmciOiJNQT09In0=",
          "dependencies": [
            "module.iosxr.iosxr_as_path_set.as_path_set",
            "module.iosxr.iosxr_community_set.community_set",
            "module.iosxr.iosxr_esi_set.esi_set",
            "module.iosxr.iosxr_etag_set.etag_set",
            "module.iosxr.iosxr_extcommunity_bandwidth_set.extcommunity_bandwidth_set",
            "module.iosxr.iosxr_extcommunity_cost_set.extcommunity_cost_set",
            "module.iosxr.iosxr_extcommunity_evpn_link_bandwidth_set.extcommunity_evpn_link_bandwidth_set",
            "module.iosxr.iosxr_extcommunity_opaque_set.extcommunity_opaque_set",
            "module.iosxr.iosxr_extcommunity_rt_set.extcommunity_rt_set",
            "module.iosxr.iosxr_extcommunity_seg_nh_set.extcommunity_seg_nh_set",
            "module.iosxr.iosxr_extcommunity_soo_set.extcommunity_soo_set",
            "module.iosxr.iosxr_ipv4_prefix_list.ipv4_prefix_list",
            "module.iosxr.iosxr_ipv6_prefix_list.ipv6_prefix_list",
            "module.iosxr.iosxr_key_chain.key_chain",
            "module.iosxr.iosxr_large_community_set.large_community_set",
            "module.iosxr.iosxr_mac_set.mac_set",
            "module.iosxr.iosxr_ospf_area_set.ospf_area_set",
            "module.iosxr.iosxr_policy_global_set.policy_global_set",
            "module.iosxr.iosxr_prefix_set.prefix_set",
            "module.iosxr.iosxr_rd_set.rd_set",
            "module.iosxr.iosxr_route_policy.route_policy",
            "module.iosxr.iosxr_router_isis.router_isis",
            "module.iosxr.iosxr_router_isis_address_family.ipv4_multicast",
            "module.iosxr.iosxr_router_isis_address_family.ipv4_unicast",
            "module.iosxr.iosxr_router_isis_address_family.ipv6_multicast",
            "module.iosxr.iosxr_router_isis_address_family.ipv6_unicast",
            "module.iosxr.iosxr_segment_routing.segment_routing",
            "module.iosxr.iosxr_segment_routing_v6.segment_routing_v6",
            "module.iosxr.iosxr_tag_set.tag_set",
            "module.iosxr.terraform_data.segment_routing_v6_replace"
          ]
        },
        {
          "index_key": "ic-node-2/ISIS-1/GigabitEthernet0/0/0/0",
          "schema_version": 0,
          "attributes": {
            "affinity_flex_algos": null,
            "affinity_flex_algos_anomalies": null,
            "bfd_fast_detect_ipv4": null,
            "bfd_fast_detect_ipv6": null,
            "bfd_minimum_interval": null,
            "bfd_multiplier": null,
            "circuit_type": null,
            "csnp_interval": null,
            "csnp_interval_levels": null,
            "delay_normalize_interval": null,
            "delay_normalize_offset": null,
            "delete_mode": null,
            "device": "ic-node-2",
            "hello_interval": null,
            "hello_interval_levels": null,
            "hello_multiplier": null,
            "hello_multiplier_levels": null,
            "hello_padding": null,
            "hello_padding_levels": null,
            "hello_password_accept_encrypted": null,
            "hello_password_accepts_levels": null,
            "hello_password_hmac_md5_encrypted": null,
            "hello_password_hmac_md5_send_only": null,
            "hello_password_keychain_name": null,
            "hello_password_keychain_send_only": null,
            "hello_password_levels": null,
            "hello_password_text_encrypted": null,
            "hello_password_text_send_only": null,
            "id": "Cisco-IOS-XR-um-router-isis-cfg:/router/isis/processes/process[process-id=ISIS-1]/interfaces/interface[interface-name=GigabitEthernet0/0/0/0]",
            "interface_name": "GigabitEthernet0/0/0/0",
            "link_down_fast_detect": null,
            "lsp_interval": null,
            "lsp_interval_levels": null,
            "mesh_group": null,
            "mesh_group_blocked": null,
            "mpls_ldp_sync": null,
            "mpls_ldp_sync_level": null,
            "override_metrics": null,
            "point_to_point": false,
            "priority": null,
            "priority_levels": null,
            "process_id": "ISIS-1",
            "remote_psnp_delay": null,
            "retransmit_interval": null,
            "retransmit_interval_levels": null,
            "retransmit_throttle_interval": null,
            "retransmit_throttle_interval_levels": null,
            "state": null
          },
          "sensitive_attributes": [
            [
              {
                "type": "get_attr",
                "value": "hello_password_accept_encrypted"
              }
            ],
            [
              {
                "type": "get_attr",
                "value": "hello_password_hmac_md5_encrypted"
              }
            ],
            [
              {
                "type": "get_attr",
                "value": "hello_password_text_encrypted"
              }
            ],
            [
              {
                "type": "get_attr",
                "value": "hello_password_text_send_only"
              }
            ]
          ],
          "identity_schema_version": 0,
          "private": "eyJpbXBvcnRpbmciOiJNQT09In0=",
          "dependencies": [
            "module.iosxr.iosxr_as_path_set.as_path_set",
            "module.iosxr.iosxr_community_set.community_set",
            "module.iosxr.iosxr_esi_set.esi_set",
            "module.iosxr.iosxr_etag_set.etag_set",
            "module.iosxr.iosxr_extcommunity_bandwidth_set.extcommunity_bandwidth_set",
            "module.iosxr.iosxr_extcommunity_cost_set.extcommunity_cost_set",
            "module.iosxr.iosxr_extcommunity_evpn_link_bandwidth_set.extcommunity_evpn_link_bandwidth_set",
            "module.iosxr.iosxr_extcommunity_opaque_set.extcommunity_opaque_set",
            "module.iosxr.iosxr_extcommunity_rt_set.extcommunity_rt_set",
            "module.iosxr.iosxr_extcommunity_seg_nh_set.extcommunity_seg_nh_set",
            "module.iosxr.iosxr_extcommunity_soo_set.extcommunity_soo_set",
            "module.iosxr.iosxr_ipv4_prefix_list.ipv4_prefix_list",
            "module.iosxr.iosxr_ipv6_prefix_list.ipv6_prefix_list",
            "module.iosxr.iosxr_key_chain.key_chain",
            "module.iosxr.iosxr_large_community_set.large_community_set",
            "module.iosxr.iosxr_mac_set.mac_set",
            "module.iosxr.iosxr_ospf_area_set.ospf_area_set",
            "module.iosxr.iosxr_policy_global_set.policy_global_set",
            "module.iosxr.iosxr_prefix_set.prefix_set",
            "module.iosxr.iosxr_rd_set.rd_set",
            "module.iosxr.iosxr_route_policy.route_policy",
            "module.iosxr.iosxr_router_isis.router_isis",
            "module.iosxr.iosxr_router_isis_address_family.ipv4_multicast",
            "module.iosxr.iosxr_router_isis_address_family.ipv4_unicast",
            "module.iosxr.iosxr_router_isis_address_family.ipv6_multicast",
            "module.iosxr.iosxr_router_isis_address_family.ipv6_unicast",
            "module.iosxr.iosxr_segment_routing.segment_routing",
            "module.iosxr.iosxr_segment_routing_v6.segment_routing_v6",
            "module.iosxr.iosxr_tag_set.tag_set",
            "module.iosxr.terraform_data.segment_routing_v6_replace"
          ]
        },
        {
          "index_key": "ic-node-2/ISIS-1/GigabitEthernet0/0/0/1",
          "schema_version": 0,
          "attributes": {
            "affinity_flex_algos": null,
            "affinity_flex_algos_anomalies": null,
            "bfd_fast_detect_ipv4": null,
            "bfd_fast_detect_ipv6": null,
            "bfd_minimum_interval": null,
            "bfd_multiplier": null,
            "circuit_type": null,
            "csnp_interval": null,
            "csnp_interval_levels": null,
            "delay_normalize_interval": null,
            "delay_normalize_offset": null,
            "delete_mode": null,
            "device": "ic-node-2",
            "hello_interval": null,
            "hello_interval_levels": null,
            "hello_multiplier": null,
            "hello_multiplier_levels": null,
            "hello_padding": null,
            "hello_padding_levels": null,
            "hello_password_accept_encrypted": null,
            "hello_password_accepts_levels": null,
            "hello_password_hmac_md5_encrypted": null,
            "hello_password_hmac_md5_send_only": null,
            "hello_password_keychain_name": null,
            "hello_password_keychain_send_only": null,
            "hello_password_levels": null,
            "hello_password_text_encrypted": null,
            "hello_password_text_send_only": null,
            "id": "Cisco-IOS-XR-um-router-isis-cfg:/router/isis/processes/process[process-id=ISIS-1]/interfaces/interface[interface-name=GigabitEthernet0/0/0/1]",
            "interface_name": "GigabitEthernet0/0/0/1",
            "link_down_fast_detect": null,
            "lsp_interval": null,
            "lsp_interval_levels": null,
            "mesh_group": null,
            "mesh_group_blocked": null,
            "mpls_ldp_sync": null,
            "mpls_ldp_sync_level": null,
            "override_metrics": null,
            "point_to_point": false,
            "priority": null,
            "priority_levels": null,
            "process_id": "ISIS-1",
            "remote_psnp_delay": null,
            "retransmit_interval": null,
            "retransmit_interval_levels": null,
            "retransmit_throttle_interval": null,
            "retransmit_throttle_interval_levels": null,
            "state": null
          },
          "sensitive_attributes": [
            [
              {
                "type": "get_attr",
                "value": "hello_password_accept_encrypted"
              }
            ],
            [
              {
                "type": "get_attr",
                "value": "hello_password_hmac_md5_encrypted"
              }
            ],
            [
              {
                "type": "get_attr",
                "value": "hello_password_text_encrypted"
              }
            ],
            [
              {
                "type": "get_attr",
                "value": "hello_password_text_send_only"
              }
            ]
          ],
          "identity_schema_version": 0,
          "private": "eyJpbXBvcnRpbmciOiJNQT09In0=",
          "dependencies": [
            "module.iosxr.iosxr_as_path_set.as_path_set",
            "module.iosxr.iosxr_community_set.community_set",
            "module.iosxr.iosxr_esi_set.esi_set",
            "module.iosxr.iosxr_etag_set.etag_set",
            "module.iosxr.iosxr_extcommunity_bandwidth_set.extcommunity_bandwidth_set",
            "module.iosxr.iosxr_extcommunity_cost_set.extcommunity_cost_set",
            "module.iosxr.iosxr_extcommunity_evpn_link_bandwidth_set.extcommunity_evpn_link_bandwidth_set",
            "module.iosxr.iosxr_extcommunity_opaque_set.extcommunity_opaque_set",
            "module.iosxr.iosxr_extcommunity_rt_set.extcommunity_rt_set",
            "module.iosxr.iosxr_extcommunity_seg_nh_set.extcommunity_seg_nh_set",
            "module.iosxr.iosxr_extcommunity_soo_set.extcommunity_soo_set",
            "module.iosxr.iosxr_ipv4_prefix_list.ipv4_prefix_list",
            "module.iosxr.iosxr_ipv6_prefix_list.ipv6_prefix_list",
            "module.iosxr.iosxr_key_chain.key_chain",
            "module.iosxr.iosxr_large_community_set.large_community_set",
            "module.iosxr.iosxr_mac_set.mac_set",
            "module.iosxr.iosxr_ospf_area_set.ospf_area_set",
            "module.iosxr.iosxr_policy_global_set.policy_global_set",
            "module.iosxr.iosxr_prefix_set.prefix_set",
            "module.iosxr.iosxr_rd_set.rd_set",
            "module.iosxr.iosxr_route_policy.route_policy",
            "module.iosxr.iosxr_router_isis.router_isis",
            "module.iosxr.iosxr_router_isis_address_family.ipv4_multicast",
            "module.iosxr.iosxr_router_isis_address_family.ipv4_unicast",
            "module.iosxr.iosxr_router_isis_address_family.ipv6_multicast",
            "module.iosxr.iosxr_router_isis_address_family.ipv6_unicast",
            "module.iosxr.iosxr_segment_routing.segment_routing",
            "module.iosxr.iosxr_segment_routing_v6.segment_routing_v6",
            "module.iosxr.iosxr_tag_set.tag_set",
            "module.iosxr.terraform_data.segment_routing_v6_replace"
          ]
        },
        {
          "index_key": "ic-node-3/ISIS-1/GigabitEthernet0/0/0/0",
          "schema_version": 0,
          "attributes": {
            "affinity_flex_algos": null,
            "affinity_flex_algos_anomalies": null,
            "bfd_fast_detect_ipv4": null,
            "bfd_fast_detect_ipv6": null,
            "bfd_minimum_interval": null,
            "bfd_multiplier": null,
            "circuit_type": null,
            "csnp_interval": null,
            "csnp_interval_levels": null,
            "delay_normalize_interval": null,
            "delay_normalize_offset": null,
            "delete_mode": null,
            "device": "ic-node-3",
            "hello_interval": null,
            "hello_interval_levels": null,
            "hello_multiplier": null,
            "hello_multiplier_levels": null,
            "hello_padding": null,
            "hello_padding_levels": null,
            "hello_password_accept_encrypted": null,
            "hello_password_accepts_levels": null,
            "hello_password_hmac_md5_encrypted": null,
            "hello_password_hmac_md5_send_only": null,
            "hello_password_keychain_name": null,
            "hello_password_keychain_send_only": null,
            "hello_password_levels": null,
            "hello_password_text_encrypted": null,
            "hello_password_text_send_only": null,
            "id": "Cisco-IOS-XR-um-router-isis-cfg:/router/isis/processes/process[process-id=ISIS-1]/interfaces/interface[interface-name=GigabitEthernet0/0/0/0]",
            "interface_name": "GigabitEthernet0/0/0/0",
            "link_down_fast_detect": null,
            "lsp_interval": null,
            "lsp_interval_levels": null,
            "mesh_group": null,
            "mesh_group_blocked": null,
            "mpls_ldp_sync": null,
            "mpls_ldp_sync_level": null,
            "override_metrics": null,
            "point_to_point": false,
            "priority": null,
            "priority_levels": null,
            "process_id": "ISIS-1",
            "remote_psnp_delay": null,
            "retransmit_interval": null,
            "retransmit_interval_levels": null,
            "retransmit_throttle_interval": null,
            "retransmit_throttle_interval_levels": null,
            "state": null
          },
          "sensitive_attributes": [
            [
              {
                "type": "get_attr",
                "value": "hello_password_accept_encrypted"
              }
            ],
            [
              {
                "type": "get_attr",
                "value": "hello_password_hmac_md5_encrypted"
              }
            ],
            [
              {
                "type": "get_attr",
                "value": "hello_password_text_encrypted"
              }
            ],
            [
              {
                "type": "get_attr",
                "value": "hello_password_text_send_only"
              }
            ]
          ],
          "identity_schema_version": 0,
          "private": "eyJpbXBvcnRpbmciOiJNQT09In0=",
          "dependencies": [
            "module.iosxr.iosxr_as_path_set.as_path_set",
            "module.iosxr.iosxr_community_set.community_set",
            "module.iosxr.iosxr_esi_set.esi_set",
            "module.iosxr.iosxr_etag_set.etag_set",
            "module.iosxr.iosxr_extcommunity_bandwidth_set.extcommunity_bandwidth_set",
            "module.iosxr.iosxr_extcommunity_cost_set.extcommunity_cost_set",
            "module.iosxr.iosxr_extcommunity_evpn_link_bandwidth_set.extcommunity_evpn_link_bandwidth_set",
            "module.iosxr.iosxr_extcommunity_opaque_set.extcommunity_opaque_set",
            "module.iosxr.iosxr_extcommunity_rt_set.extcommunity_rt_set",
            "module.iosxr.iosxr_extcommunity_seg_nh_set.extcommunity_seg_nh_set",
            "module.iosxr.iosxr_extcommunity_soo_set.extcommunity_soo_set",
            "module.iosxr.iosxr_ipv4_prefix_list.ipv4_prefix_list",
            "module.iosxr.iosxr_ipv6_prefix_list.ipv6_prefix_list",
            "module.iosxr.iosxr_key_chain.key_chain",
            "module.iosxr.iosxr_large_community_set.large_community_set",
            "module.iosxr.iosxr_mac_set.mac_set",
            "module.iosxr.iosxr_ospf_area_set.ospf_area_set",
            "module.iosxr.iosxr_policy_global_set.policy_global_set",
            "module.iosxr.iosxr_prefix_set.prefix_set",
            "module.iosxr.iosxr_rd_set.rd_set",
            "module.iosxr.iosxr_route_policy.route_policy",
            "module.iosxr.iosxr_router_isis.router_isis",
            "module.iosxr.iosxr_router_isis_address_family.ipv4_multicast",
            "module.iosxr.iosxr_router_isis_address_family.ipv4_unicast",
            "module.iosxr.iosxr_router_isis_address_family.ipv6_multicast",
            "module.iosxr.iosxr_router_isis_address_family.ipv6_unicast",
            "module.iosxr.iosxr_segment_routing.segment_routing",
            "module.iosxr.iosxr_segment_routing_v6.segment_routing_v6",
            "module.iosxr.iosxr_tag_set.tag_set",
            "module.iosxr.terraform_data.segment_routing_v6_replace"
          ]
        },
        {
          "index_key": "ic-node-3/ISIS-1/GigabitEthernet0/0/0/1",
          "schema_version": 0,
          "attributes": {
            "affinity_flex_algos": null,
            "affinity_flex_algos_anomalies": null,
            "bfd_fast_detect_ipv4": null,
            "bfd_fast_detect_ipv6": null,
            "bfd_minimum_interval": null,
            "bfd_multiplier": null,
            "circuit_type": null,
            "csnp_interval": null,
            "csnp_interval_levels": null,
            "delay_normalize_interval": null,
            "delay_normalize_offset": null,
            "delete_mode": null,
            "device": "ic-node-3",
            "hello_interval": null,
            "hello_interval_levels": null,
            "hello_multiplier": null,
            "hello_multiplier_levels": null,
            "hello_padding": null,
            "hello_padding_levels": null,
            "hello_password_accept_encrypted": null,
            "hello_password_accepts_levels": null,
            "hello_password_hmac_md5_encrypted": null,
            "hello_password_hmac_md5_send_only": null,
            "hello_password_keychain_name": null,
            "hello_password_keychain_send_only": null,
            "hello_password_levels": null,
            "hello_password_text_encrypted": null,
            "hello_password_text_send_only": null,
            "id": "Cisco-IOS-XR-um-router-isis-cfg:/router/isis/processes/process[process-id=ISIS-1]/interfaces/interface[interface-name=GigabitEthernet0/0/0/1]",
            "interface_name": "GigabitEthernet0/0/0/1",
            "link_down_fast_detect": null,
            "lsp_interval": null,
            "lsp_interval_levels": null,
            "mesh_group": null,
            "mesh_group_blocked": null,
            "mpls_ldp_sync": null,
            "mpls_ldp_sync_level": null,
            "override_metrics": null,
            "point_to_point": false,
            "priority": null,
            "priority_levels": null,
            "process_id": "ISIS-1",
            "remote_psnp_delay": null,
            "retransmit_interval": null,
            "retransmit_interval_levels": null,
            "retransmit_throttle_interval": null,
            "retransmit_throttle_interval_levels": null,
            "state": null
          },
          "sensitive_attributes": [
            [
              {
                "type": "get_attr",
                "value": "hello_password_accept_encrypted"
              }
            ],
            [
              {
                "type": "get_attr",
                "value": "hello_password_hmac_md5_encrypted"
              }
            ],
            [
              {
                "type": "get_attr",
                "value": "hello_password_text_encrypted"
              }
            ],
            [
              {
                "type": "get_attr",
                "value": "hello_password_text_send_only"
              }
            ]
          ],
          "identity_schema_version": 0,
          "private": "eyJpbXBvcnRpbmciOiJNQT09In0=",
          "dependencies": [
            "module.iosxr.iosxr_as_path_set.as_path_set",
            "module.iosxr.iosxr_community_set.community_set",
            "module.iosxr.iosxr_esi_set.esi_set",
            "module.iosxr.iosxr_etag_set.etag_set",
            "module.iosxr.iosxr_extcommunity_bandwidth_set.extcommunity_bandwidth_set",
            "module.iosxr.iosxr_extcommunity_cost_set.extcommunity_cost_set",
            "module.iosxr.iosxr_extcommunity_evpn_link_bandwidth_set.extcommunity_evpn_link_bandwidth_set",
            "module.iosxr.iosxr_extcommunity_opaque_set.extcommunity_opaque_set",
            "module.iosxr.iosxr_extcommunity_rt_set.extcommunity_rt_set",
            "module.iosxr.iosxr_extcommunity_seg_nh_set.extcommunity_seg_nh_set",
            "module.iosxr.iosxr_extcommunity_soo_set.extcommunity_soo_set",
            "module.iosxr.iosxr_ipv4_prefix_list.ipv4_prefix_list",
            "module.iosxr.iosxr_ipv6_prefix_list.ipv6_prefix_list",
            "module.iosxr.iosxr_key_chain.key_chain",
            "module.iosxr.iosxr_large_community_set.large_community_set",
            "module.iosxr.iosxr_mac_set.mac_set",
            "module.iosxr.iosxr_ospf_area_set.ospf_area_set",
            "module.iosxr.iosxr_policy_global_set.policy_global_set",
            "module.iosxr.iosxr_prefix_set.prefix_set",
            "module.iosxr.iosxr_rd_set.rd_set",
            "module.iosxr.iosxr_route_policy.route_policy",
            "module.iosxr.iosxr_router_isis.router_isis",
            "module.iosxr.iosxr_router_isis_address_family.ipv4_multicast",
            "module.iosxr.iosxr_router_isis_address_family.ipv4_unicast",
            "module.iosxr.iosxr_router_isis_address_family.ipv6_multicast",
            "module.iosxr.iosxr_router_isis_address_family.ipv6_unicast",
            "module.iosxr.iosxr_segment_routing.segment_routing",
            "module.iosxr.iosxr_segment_routing_v6.segment_routing_v6",
            "module.iosxr.iosxr_tag_set.tag_set",
            "module.iosxr.terraform_data.segment_routing_v6_replace"
          ]
        },
        {
          "index_key": "ic-node-4/ISIS-1/GigabitEthernet0/0/0/0",
          "schema_version": 0,
          "attributes": {
            "affinity_flex_algos": null,
            "affinity_flex_algos_anomalies": null,
            "bfd_fast_detect_ipv4": null,
            "bfd_fast_detect_ipv6": null,
            "bfd_minimum_interval": null,
            "bfd_multiplier": null,
            "circuit_type": null,
            "csnp_interval": null,
            "csnp_interval_levels": null,
            "delay_normalize_interval": null,
            "delay_normalize_offset": null,
            "delete_mode": null,
            "device": "ic-node-4",
            "hello_interval": null,
            "hello_interval_levels": null,
            "hello_multiplier": null,
            "hello_multiplier_levels": null,
            "hello_padding": null,
            "hello_padding_levels": null,
            "hello_password_accept_encrypted": null,
            "hello_password_accepts_levels": null,
            "hello_password_hmac_md5_encrypted": null,
            "hello_password_hmac_md5_send_only": null,
            "hello_password_keychain_name": null,
            "hello_password_keychain_send_only": null,
            "hello_password_levels": null,
            "hello_password_text_encrypted": null,
            "hello_password_text_send_only": null,
            "id": "Cisco-IOS-XR-um-router-isis-cfg:/router/isis/processes/process[process-id=ISIS-1]/interfaces/interface[interface-name=GigabitEthernet0/0/0/0]",
            "interface_name": "GigabitEthernet0/0/0/0",
            "link_down_fast_detect": null,
            "lsp_interval": null,
            "lsp_interval_levels": null,
            "mesh_group": null,
            "mesh_group_blocked": null,
            "mpls_ldp_sync": null,
            "mpls_ldp_sync_level": null,
            "override_metrics": null,
            "point_to_point": false,
            "priority": null,
            "priority_levels": null,
            "process_id": "ISIS-1",
            "remote_psnp_delay": null,
            "retransmit_interval": null,
            "retransmit_interval_levels": null,
            "retransmit_throttle_interval": null,
            "retransmit_throttle_interval_levels": null,
            "state": null
          },
          "sensitive_attributes": [
            [
              {
                "type": "get_attr",
                "value": "hello_password_accept_encrypted"
              }
            ],
            [
              {
                "type": "get_attr",
                "value": "hello_password_hmac_md5_encrypted"
              }
            ],
            [
              {
                "type": "get_attr",
                "value": "hello_password_text_encrypted"
              }
            ],
            [
              {
                "type": "get_attr",
                "value": "hello_password_text_send_only"
              }
            ]
          ],
          "identity_schema_version": 0,
          "private": "eyJpbXBvcnRpbmciOiJNQT09In0=",
          "dependencies": [
            "module.iosxr.iosxr_as_path_set.as_path_set",
            "module.iosxr.iosxr_community_set.community_set",
            "module.iosxr.iosxr_esi_set.esi_set",
            "module.iosxr.iosxr_etag_set.etag_set",
            "module.iosxr.iosxr_extcommunity_bandwidth_set.extcommunity_bandwidth_set",
            "module.iosxr.iosxr_extcommunity_cost_set.extcommunity_cost_set",
            "module.iosxr.iosxr_extcommunity_evpn_link_bandwidth_set.extcommunity_evpn_link_bandwidth_set",
            "module.iosxr.iosxr_extcommunity_opaque_set.extcommunity_opaque_set",
            "module.iosxr.iosxr_extcommunity_rt_set.extcommunity_rt_set",
            "module.iosxr.iosxr_extcommunity_seg_nh_set.extcommunity_seg_nh_set",
            "module.iosxr.iosxr_extcommunity_soo_set.extcommunity_soo_set",
            "module.iosxr.iosxr_ipv4_prefix_list.ipv4_prefix_list",
            "module.iosxr.iosxr_ipv6_prefix_list.ipv6_prefix_list",
            "module.iosxr.iosxr_key_chain.key_chain",
            "module.iosxr.iosxr_large_community_set.large_community_set",
            "module.iosxr.iosxr_mac_set.mac_set",
            "module.iosxr.iosxr_ospf_area_set.ospf_area_set",
            "module.iosxr.iosxr_policy_global_set.policy_global_set",
            "module.iosxr.iosxr_prefix_set.prefix_set",
            "module.iosxr.iosxr_rd_set.rd_set",
            "module.iosxr.iosxr_route_policy.route_policy",
            "module.iosxr.iosxr_router_isis.router_isis",
            "module.iosxr.iosxr_router_isis_address_family.ipv4_multicast",
            "module.iosxr.iosxr_router_isis_address_family.ipv4_unicast",
            "module.iosxr.iosxr_router_isis_address_family.ipv6_multicast",
            "module.iosxr.iosxr_router_isis_address_family.ipv6_unicast",
            "module.iosxr.iosxr_segment_routing.segment_routing",
            "module.iosxr.iosxr_segment_routing_v6.segment_routing_v6",
            "module.iosxr.iosxr_tag_set.tag_set",
            "module.iosxr.terraform_data.segment_routing_v6_replace"
          ]
        },
        {
          "index_key": "ic-node-4/ISIS-1/GigabitEthernet0/0/0/1",
          "schema_version": 0,
          "attributes": {
            "affinity_flex_algos": null,
            "affinity_flex_algos_anomalies": null,
            "bfd_fast_detect_ipv4": null,
            "bfd_fast_detect_ipv6": null,
            "bfd_minimum_interval": null,
            "bfd_multiplier": null,
            "circuit_type": null,
            "csnp_interval": null,
            "csnp_interval_levels": null,
            "delay_normalize_interval": null,
            "delay_normalize_offset": null,
            "delete_mode": null,
            "device": "ic-node-4",
            "hello_interval": null,
            "hello_interval_levels": null,
            "hello_multiplier": null,
            "hello_multiplier_levels": null,
            "hello_padding": null,
            "hello_padding_levels": null,
            "hello_password_accept_encrypted": null,
            "hello_password_accepts_levels": null,
            "hello_password_hmac_md5_encrypted": null,
            "hello_password_hmac_md5_send_only": null,
            "hello_password_keychain_name": null,
            "hello_password_keychain_send_only": null,
            "hello_password_levels": null,
            "hello_password_text_encrypted": null,
            "hello_password_text_send_only": null,
            "id": "Cisco-IOS-XR-um-router-isis-cfg:/router/isis/processes/process[process-id=ISIS-1]/interfaces/interface[interface-name=GigabitEthernet0/0/0/1]",
            "interface_name": "GigabitEthernet0/0/0/1",
            "link_down_fast_detect": null,
            "lsp_interval": null,
            "lsp_interval_levels": null,
            "mesh_group": null,
            "mesh_group_blocked": null,
            "mpls_ldp_sync": null,
            "mpls_ldp_sync_level": null,
            "override_metrics": null,
            "point_to_point": false,
            "priority": null,
            "priority_levels": null,
            "process_id": "ISIS-1",
            "remote_psnp_delay": null,
            "retransmit_interval": null,
            "retransmit_interval_levels": null,
            "retransmit_throttle_interval": null,
            "retransmit_throttle_interval_levels": null,
            "state": null
          },
          "sensitive_attributes": [
            [
              {
                "type": "get_attr",
                "value": "hello_password_accept_encrypted"
              }
            ],
            [
              {
                "type": "get_attr",
                "value": "hello_password_hmac_md5_encrypted"
              }
            ],
            [
              {
                "type": "get_attr",
                "value": "hello_password_text_encrypted"
              }
            ],
            [
              {
                "type": "get_attr",
                "value": "hello_password_text_send_only"
              }
            ]
          ],
          "identity_schema_version": 0,
          "private": "eyJpbXBvcnRpbmciOiJNQT09In0=",
          "dependencies": [
            "module.iosxr.iosxr_as_path_set.as_path_set",
            "module.iosxr.iosxr_community_set.community_set",
            "module.iosxr.iosxr_esi_set.esi_set",
            "module.iosxr.iosxr_etag_set.etag_set",
            "module.iosxr.iosxr_extcommunity_bandwidth_set.extcommunity_bandwidth_set",
            "module.iosxr.iosxr_extcommunity_cost_set.extcommunity_cost_set",
            "module.iosxr.iosxr_extcommunity_evpn_link_bandwidth_set.extcommunity_evpn_link_bandwidth_set",
            "module.iosxr.iosxr_extcommunity_opaque_set.extcommunity_opaque_set",
            "module.iosxr.iosxr_extcommunity_rt_set.extcommunity_rt_set",
            "module.iosxr.iosxr_extcommunity_seg_nh_set.extcommunity_seg_nh_set",
            "module.iosxr.iosxr_extcommunity_soo_set.extcommunity_soo_set",
            "module.iosxr.iosxr_ipv4_prefix_list.ipv4_prefix_list",
            "module.iosxr.iosxr_ipv6_prefix_list.ipv6_prefix_list",
            "module.iosxr.iosxr_key_chain.key_chain",
            "module.iosxr.iosxr_large_community_set.large_community_set",
            "module.iosxr.iosxr_mac_set.mac_set",
            "module.iosxr.iosxr_ospf_area_set.ospf_area_set",
            "module.iosxr.iosxr_policy_global_set.policy_global_set",
            "module.iosxr.iosxr_prefix_set.prefix_set",
            "module.iosxr.iosxr_rd_set.rd_set",
            "module.iosxr.iosxr_route_policy.route_policy",
            "module.iosxr.iosxr_router_isis.router_isis",
            "module.iosxr.iosxr_router_isis_address_family.ipv4_multicast",
            "module.iosxr.iosxr_router_isis_address_family.ipv4_unicast",
            "module.iosxr.iosxr_router_isis_address_family.ipv6_multicast",
            "module.iosxr.iosxr_router_isis_address_family.ipv6_unicast",
            "module.iosxr.iosxr_segment_routing.segment_routing",
            "module.iosxr.iosxr_segment_routing_v6.segment_routing_v6",
            "module.iosxr.iosxr_tag_set.tag_set",
            "module.iosxr.terraform_data.segment_routing_v6_replace"
          ]
        }
      ]
    },
    {
      "module": "module.iosxr",
      "mode": "managed",
      "type": "iosxr_router_isis_interface_address_family",
      "name": "router_isis_interface_address_family",
      "provider": "module.iosxr.provider[\"registry.terraform.io/ciscodevnet/iosxr\"]",
      "instances": [
        {
          "index_key": "ic-node-1/ISIS-1/GigabitEthernet0/0/0/0/ipv4/unicast",
          "schema_version": 0,
          "attributes": {
            "adjacency_sid_absolutes": null,
            "adjacency_sid_indices": null,
            "advertise_prefix_route_policy": null,
            "advertise_prefix_route_policy_levels": null,
            "af_name": "ipv4",
            "auto_metric_proactive_protect_metric": null,
            "auto_metric_proactive_protect_metric_levels": null,
            "bandwidth_metric_flex_algo": null,
            "bandwidth_metric_flex_algo_levels": null,
            "delete_mode": null,
            "device": "ic-node-1",
            "fast_reroute_levels": null,
            "fast_reroute_per_link": null,
            "fast_reroute_per_link_exclude_interfaces": null,
            "fast_reroute_per_link_lfa_candidate_interfaces": null,
            "fast_reroute_per_prefix": null,
            "fast_reroute_per_prefix_exclude_interfaces": null,
            "fast_reroute_per_prefix_lfa_candidate_interfaces": null,
            "fast_reroute_per_prefix_remote_lfa_maximum_metric": null,
            "fast_reroute_per_prefix_remote_lfa_maximum_metric_levels": null,
            "fast_reroute_per_prefix_remote_lfa_tunnel_mpls_ldp": null,
            "fast_reroute_per_prefix_remote_lfa_tunnel_mpls_ldp_levels": null,
            "fast_reroute_per_prefix_ti_lfa": null,
            "fast_reroute_per_prefix_ti_lfa_levels": null,
            "fast_reroute_per_prefix_tiebreaker_default": null,
            "fast_reroute_per_prefix_tiebreaker_default_levels": null,
            "fast_reroute_per_prefix_tiebreaker_lc_disjoint_index": null,
            "fast_reroute_per_prefix_tiebreaker_lc_disjoint_levels": null,
            "fast_reroute_per_prefix_tiebreaker_node_protecting_index": null,
            "fast_reroute_per_prefix_tiebreaker_node_protecting_levels": null,
            "fast_reroute_per_prefix_tiebreaker_srlg_disjoint_index": null,
            "fast_reroute_per_prefix_tiebreaker_srlg_disjoint_levels": null,
            "generic_metric_flex_algo_levels": null,
            "generic_metric_flex_algos": null,
            "id": "Cisco-IOS-XR-um-router-isis-cfg:/router/isis/processes/process[process-id=ISIS-1]/interfaces/interface[interface-name=GigabitEthernet0/0/0/0]/address-families/address-family[af-name=ipv4][saf-name=unicast]",
            "interface_name": "GigabitEthernet0/0/0/0",
            "link_group_level": null,
            "link_group_name": null,
            "metric_default": null,
            "metric_levels": null,
            "metric_maximum": null,
            "mpls_ldp_sync": null,
            "mpls_ldp_sync_level": null,
            "prefix_sid_absolute_explicit_null": null,
            "prefix_sid_absolute_id": null,
            "prefix_sid_absolute_n_flag_clear": null,
            "prefix_sid_absolute_php_disable": null,
            "prefix_sid_algorithms": null,
            "prefix_sid_index_explicit_null": null,
            "prefix_sid_index_id": null,
            "prefix_sid_index_n_flag_clear": null,
            "prefix_sid_index_php_disable": null,
            "prefix_sid_strict_spf_absolute_explicit_null": null,
            "prefix_sid_strict_spf_absolute_id": null,
            "prefix_sid_strict_spf_absolute_n_flag_clear": null,
            "prefix_sid_strict_spf_absolute_php_disable": null,
            "prefix_sid_strict_spf_index_explicit_null": null,
            "prefix_sid_strict_spf_index_id": null,
            "prefix_sid_strict_spf_index_n_flag_clear": null,
            "prefix_sid_strict_spf_index_php_disable": null,
            "process_id": "ISIS-1",
            "saf_name": "unicast",
            "tag": null,
            "tag_levels": null,
            "te_metric_flex_algo": null,
            "te_metric_flex_algo_levels": null,
            "weight": null,
            "weight_levels": null
          },
          "sensitive_attributes": [],
          "identity_schema_version": 0,
          "private": "eyJpbXBvcnRpbmciOiJNQT09In0=",
          "dependencies": [
            "module.iosxr.iosxr_as_path_set.as_path_set",
            "module.iosxr.iosxr_community_set.community_set",
            "module.iosxr.iosxr_esi_set.esi_set",
            "module.iosxr.iosxr_etag_set.etag_set",
            "module.iosxr.iosxr_extcommunity_bandwidth_set.extcommunity_bandwidth_set",
            "module.iosxr.iosxr_extcommunity_cost_set.extcommunity_cost_set",
            "module.iosxr.iosxr_extcommunity_evpn_link_bandwidth_set.extcommunity_evpn_link_bandwidth_set",
            "module.iosxr.iosxr_extcommunity_opaque_set.extcommunity_opaque_set",
            "module.iosxr.iosxr_extcommunity_rt_set.extcommunity_rt_set",
            "module.iosxr.iosxr_extcommunity_seg_nh_set.extcommunity_seg_nh_set",
            "module.iosxr.iosxr_extcommunity_soo_set.extcommunity_soo_set",
            "module.iosxr.iosxr_ipv4_prefix_list.ipv4_prefix_list",
            "module.iosxr.iosxr_ipv6_prefix_list.ipv6_prefix_list",
            "module.iosxr.iosxr_key_chain.key_chain",
            "module.iosxr.iosxr_large_community_set.large_community_set",
            "module.iosxr.iosxr_mac_set.mac_set",
            "module.iosxr.iosxr_ospf_area_set.ospf_area_set",
            "module.iosxr.iosxr_policy_global_set.policy_global_set",
            "module.iosxr.iosxr_prefix_set.prefix_set",
            "module.iosxr.iosxr_rd_set.rd_set",
            "module.iosxr.iosxr_route_policy.route_policy",
            "module.iosxr.iosxr_router_isis.router_isis",
            "module.iosxr.iosxr_router_isis_address_family.ipv4_multicast",
            "module.iosxr.iosxr_router_isis_address_family.ipv4_unicast",
            "module.iosxr.iosxr_router_isis_address_family.ipv6_multicast",
            "module.iosxr.iosxr_router_isis_address_family.ipv6_unicast",
            "module.iosxr.iosxr_router_isis_interface.router_isis_interface",
            "module.iosxr.iosxr_segment_routing.segment_routing",
            "module.iosxr.iosxr_segment_routing_v6.segment_routing_v6",
            "module.iosxr.iosxr_tag_set.tag_set",
            "module.iosxr.terraform_data.segment_routing_v6_replace"
          ]
        },
        {
          "index_key": "ic-node-1/ISIS-1/GigabitEthernet0/0/0/1/ipv4/unicast",
          "schema_version": 0,
          "attributes": {
            "adjacency_sid_absolutes": null,
            "adjacency_sid_indices": null,
            "advertise_prefix_route_policy": null,
            "advertise_prefix_route_policy_levels": null,
            "af_name": "ipv4",
            "auto_metric_proactive_protect_metric": null,
            "auto_metric_proactive_protect_metric_levels": null,
            "bandwidth_metric_flex_algo": null,
            "bandwidth_metric_flex_algo_levels": null,
            "delete_mode": null,
            "device": "ic-node-1",
            "fast_reroute_levels": null,
            "fast_reroute_per_link": null,
            "fast_reroute_per_link_exclude_interfaces": null,
            "fast_reroute_per_link_lfa_candidate_interfaces": null,
            "fast_reroute_per_prefix": null,
            "fast_reroute_per_prefix_exclude_interfaces": null,
            "fast_reroute_per_prefix_lfa_candidate_interfaces": null,
            "fast_reroute_per_prefix_remote_lfa_maximum_metric": null,
            "fast_reroute_per_prefix_remote_lfa_maximum_metric_levels": null,
            "fast_reroute_per_prefix_remote_lfa_tunnel_mpls_ldp": null,
            "fast_reroute_per_prefix_remote_lfa_tunnel_mpls_ldp_levels": null,
            "fast_reroute_per_prefix_ti_lfa": null,
            "fast_reroute_per_prefix_ti_lfa_levels": null,
            "fast_reroute_per_prefix_tiebreaker_default": null,
            "fast_reroute_per_prefix_tiebreaker_default_levels": null,
            "fast_reroute_per_prefix_tiebreaker_lc_disjoint_index": null,
            "fast_reroute_per_prefix_tiebreaker_lc_disjoint_levels": null,
            "fast_reroute_per_prefix_tiebreaker_node_protecting_index": null,
            "fast_reroute_per_prefix_tiebreaker_node_protecting_levels": null,
            "fast_reroute_per_prefix_tiebreaker_srlg_disjoint_index": null,
            "fast_reroute_per_prefix_tiebreaker_srlg_disjoint_levels": null,
            "generic_metric_flex_algo_levels": null,
            "generic_metric_flex_algos": null,
            "id": "Cisco-IOS-XR-um-router-isis-cfg:/router/isis/processes/process[process-id=ISIS-1]/interfaces/interface[interface-name=GigabitEthernet0/0/0/1]/address-families/address-family[af-name=ipv4][saf-name=unicast]",
            "interface_name": "GigabitEthernet0/0/0/1",
            "link_group_level": null,
            "link_group_name": null,
            "metric_default": null,
            "metric_levels": null,
            "metric_maximum": null,
            "mpls_ldp_sync": null,
            "mpls_ldp_sync_level": null,
            "prefix_sid_absolute_explicit_null": null,
            "prefix_sid_absolute_id": null,
            "prefix_sid_absolute_n_flag_clear": null,
            "prefix_sid_absolute_php_disable": null,
            "prefix_sid_algorithms": null,
            "prefix_sid_index_explicit_null": null,
            "prefix_sid_index_id": null,
            "prefix_sid_index_n_flag_clear": null,
            "prefix_sid_index_php_disable": null,
            "prefix_sid_strict_spf_absolute_explicit_null": null,
            "prefix_sid_strict_spf_absolute_id": null,
            "prefix_sid_strict_spf_absolute_n_flag_clear": null,
            "prefix_sid_strict_spf_absolute_php_disable": null,
            "prefix_sid_strict_spf_index_explicit_null": null,
            "prefix_sid_strict_spf_index_id": null,
            "prefix_sid_strict_spf_index_n_flag_clear": null,
            "prefix_sid_strict_spf_index_php_disable": null,
            "process_id": "ISIS-1",
            "saf_name": "unicast",
            "tag": null,
            "tag_levels": null,
            "te_metric_flex_algo": null,
            "te_metric_flex_algo_levels": null,
            "weight": null,
            "weight_levels": null
          },
          "sensitive_attributes": [],
          "identity_schema_version": 0,
          "private": "eyJpbXBvcnRpbmciOiJNQT09In0=",
          "dependencies": [
            "module.iosxr.iosxr_as_path_set.as_path_set",
            "module.iosxr.iosxr_community_set.community_set",
            "module.iosxr.iosxr_esi_set.esi_set",
            "module.iosxr.iosxr_etag_set.etag_set",
            "module.iosxr.iosxr_extcommunity_bandwidth_set.extcommunity_bandwidth_set",
            "module.iosxr.iosxr_extcommunity_cost_set.extcommunity_cost_set",
            "module.iosxr.iosxr_extcommunity_evpn_link_bandwidth_set.extcommunity_evpn_link_bandwidth_set",
            "module.iosxr.iosxr_extcommunity_opaque_set.extcommunity_opaque_set",
            "module.iosxr.iosxr_extcommunity_rt_set.extcommunity_rt_set",
            "module.iosxr.iosxr_extcommunity_seg_nh_set.extcommunity_seg_nh_set",
            "module.iosxr.iosxr_extcommunity_soo_set.extcommunity_soo_set",
            "module.iosxr.iosxr_ipv4_prefix_list.ipv4_prefix_list",
            "module.iosxr.iosxr_ipv6_prefix_list.ipv6_prefix_list",
            "module.iosxr.iosxr_key_chain.key_chain",
            "module.iosxr.iosxr_large_community_set.large_community_set",
            "module.iosxr.iosxr_mac_set.mac_set",
            "module.iosxr.iosxr_ospf_area_set.ospf_area_set",
            "module.iosxr.iosxr_policy_global_set.policy_global_set",
            "module.iosxr.iosxr_prefix_set.prefix_set",
            "module.iosxr.iosxr_rd_set.rd_set",
            "module.iosxr.iosxr_route_policy.route_policy",
            "module.iosxr.iosxr_router_isis.router_isis",
            "module.iosxr.iosxr_router_isis_address_family.ipv4_multicast",
            "module.iosxr.iosxr_router_isis_address_family.ipv4_unicast",
            "module.iosxr.iosxr_router_isis_address_family.ipv6_multicast",
            "module.iosxr.iosxr_router_isis_address_family.ipv6_unicast",
            "module.iosxr.iosxr_router_isis_interface.router_isis_interface",
            "module.iosxr.iosxr_segment_routing.segment_routing",
            "module.iosxr.iosxr_segment_routing_v6.segment_routing_v6",
            "module.iosxr.iosxr_tag_set.tag_set",
            "module.iosxr.terraform_data.segment_routing_v6_replace"
          ]
        },
        {
          "index_key": "ic-node-2/ISIS-1/GigabitEthernet0/0/0/0/ipv4/unicast",
          "schema_version": 0,
          "attributes": {
            "adjacency_sid_absolutes": null,
            "adjacency_sid_indices": null,
            "advertise_prefix_route_policy": null,
            "advertise_prefix_route_policy_levels": null,
            "af_name": "ipv4",
            "auto_metric_proactive_protect_metric": null,
            "auto_metric_proactive_protect_metric_levels": null,
            "bandwidth_metric_flex_algo": null,
            "bandwidth_metric_flex_algo_levels": null,
            "delete_mode": null,
            "device": "ic-node-2",
            "fast_reroute_levels": null,
            "fast_reroute_per_link": null,
            "fast_reroute_per_link_exclude_interfaces": null,
            "fast_reroute_per_link_lfa_candidate_interfaces": null,
            "fast_reroute_per_prefix": null,
            "fast_reroute_per_prefix_exclude_interfaces": null,
            "fast_reroute_per_prefix_lfa_candidate_interfaces": null,
            "fast_reroute_per_prefix_remote_lfa_maximum_metric": null,
            "fast_reroute_per_prefix_remote_lfa_maximum_metric_levels": null,
            "fast_reroute_per_prefix_remote_lfa_tunnel_mpls_ldp": null,
            "fast_reroute_per_prefix_remote_lfa_tunnel_mpls_ldp_levels": null,
            "fast_reroute_per_prefix_ti_lfa": null,
            "fast_reroute_per_prefix_ti_lfa_levels": null,
            "fast_reroute_per_prefix_tiebreaker_default": null,
            "fast_reroute_per_prefix_tiebreaker_default_levels": null,
            "fast_reroute_per_prefix_tiebreaker_lc_disjoint_index": null,
            "fast_reroute_per_prefix_tiebreaker_lc_disjoint_levels": null,
            "fast_reroute_per_prefix_tiebreaker_node_protecting_index": null,
            "fast_reroute_per_prefix_tiebreaker_node_protecting_levels": null,
            "fast_reroute_per_prefix_tiebreaker_srlg_disjoint_index": null,
            "fast_reroute_per_prefix_tiebreaker_srlg_disjoint_levels": null,
            "generic_metric_flex_algo_levels": null,
            "generic_metric_flex_algos": null,
            "id": "Cisco-IOS-XR-um-router-isis-cfg:/router/isis/processes/process[process-id=ISIS-1]/interfaces/interface[interface-name=GigabitEthernet0/0/0/0]/address-families/address-family[af-name=ipv4][saf-name=unicast]",
            "interface_name": "GigabitEthernet0/0/0/0",
            "link_group_level": null,
            "link_group_name": null,
            "metric_default": null,
            "metric_levels": null,
            "metric_maximum": null,
            "mpls_ldp_sync": null,
            "mpls_ldp_sync_level": null,
            "prefix_sid_absolute_explicit_null": null,
            "prefix_sid_absolute_id": null,
            "prefix_sid_absolute_n_flag_clear": null,
            "prefix_sid_absolute_php_disable": null,
            "prefix_sid_algorithms": null,
            "prefix_sid_index_explicit_null": null,
            "prefix_sid_index_id": null,
            "prefix_sid_index_n_flag_clear": null,
            "prefix_sid_index_php_disable": null,
            "prefix_sid_strict_spf_absolute_explicit_null": null,
            "prefix_sid_strict_spf_absolute_id": null,
            "prefix_sid_strict_spf_absolute_n_flag_clear": null,
            "prefix_sid_strict_spf_absolute_php_disable": null,
            "prefix_sid_strict_spf_index_explicit_null": null,
            "prefix_sid_strict_spf_index_id": null,
            "prefix_sid_strict_spf_index_n_flag_clear": null,
            "prefix_sid_strict_spf_index_php_disable": null,
            "process_id": "ISIS-1",
            "saf_name": "unicast",
            "tag": null,
            "tag_levels": null,
            "te_metric_flex_algo": null,
            "te_metric_flex_algo_levels": null,
            "weight": null,
            "weight_levels": null
          },
          "sensitive_attributes": [],
          "identity_schema_version": 0,
          "private": "eyJpbXBvcnRpbmciOiJNQT09In0=",
          "dependencies": [
            "module.iosxr.iosxr_as_path_set.as_path_set",
            "module.iosxr.iosxr_community_set.community_set",
            "module.iosxr.iosxr_esi_set.esi_set",
            "module.iosxr.iosxr_etag_set.etag_set",
            "module.iosxr.iosxr_extcommunity_bandwidth_set.extcommunity_bandwidth_set",
            "module.iosxr.iosxr_extcommunity_cost_set.extcommunity_cost_set",
            "module.iosxr.iosxr_extcommunity_evpn_link_bandwidth_set.extcommunity_evpn_link_bandwidth_set",
            "module.iosxr.iosxr_extcommunity_opaque_set.extcommunity_opaque_set",
            "module.iosxr.iosxr_extcommunity_rt_set.extcommunity_rt_set",
            "module.iosxr.iosxr_extcommunity_seg_nh_set.extcommunity_seg_nh_set",
            "module.iosxr.iosxr_extcommunity_soo_set.extcommunity_soo_set",
            "module.iosxr.iosxr_ipv4_prefix_list.ipv4_prefix_list",
            "module.iosxr.iosxr_ipv6_prefix_list.ipv6_prefix_list",
            "module.iosxr.iosxr_key_chain.key_chain",
            "module.iosxr.iosxr_large_community_set.large_community_set",
            "module.iosxr.iosxr_mac_set.mac_set",
            "module.iosxr.iosxr_ospf_area_set.ospf_area_set",
            "module.iosxr.iosxr_policy_global_set.policy_global_set",
            "module.iosxr.iosxr_prefix_set.prefix_set",
            "module.iosxr.iosxr_rd_set.rd_set",
            "module.iosxr.iosxr_route_policy.route_policy",
            "module.iosxr.iosxr_router_isis.router_isis",
            "module.iosxr.iosxr_router_isis_address_family.ipv4_multicast",
            "module.iosxr.iosxr_router_isis_address_family.ipv4_unicast",
            "module.iosxr.iosxr_router_isis_address_family.ipv6_multicast",
            "module.iosxr.iosxr_router_isis_address_family.ipv6_unicast",
            "module.iosxr.iosxr_router_isis_interface.router_isis_interface",
            "module.iosxr.iosxr_segment_routing.segment_routing",
            "module.iosxr.iosxr_segment_routing_v6.segment_routing_v6",
            "module.iosxr.iosxr_tag_set.tag_set",
            "module.iosxr.terraform_data.segment_routing_v6_replace"
          ]
        },
        {
          "index_key": "ic-node-2/ISIS-1/GigabitEthernet0/0/0/1/ipv4/unicast",
          "schema_version": 0,
          "attributes": {
            "adjacency_sid_absolutes": null,
            "adjacency_sid_indices": null,
            "advertise_prefix_route_policy": null,
            "advertise_prefix_route_policy_levels": null,
            "af_name": "ipv4",
            "auto_metric_proactive_protect_metric": null,
            "auto_metric_proactive_protect_metric_levels": null,
            "bandwidth_metric_flex_algo": null,
            "bandwidth_metric_flex_algo_levels": null,
            "delete_mode": null,
            "device": "ic-node-2",
            "fast_reroute_levels": null,
            "fast_reroute_per_link": null,
            "fast_reroute_per_link_exclude_interfaces": null,
            "fast_reroute_per_link_lfa_candidate_interfaces": null,
            "fast_reroute_per_prefix": null,
            "fast_reroute_per_prefix_exclude_interfaces": null,
            "fast_reroute_per_prefix_lfa_candidate_interfaces": null,
            "fast_reroute_per_prefix_remote_lfa_maximum_metric": null,
            "fast_reroute_per_prefix_remote_lfa_maximum_metric_levels": null,
            "fast_reroute_per_prefix_remote_lfa_tunnel_mpls_ldp": null,
            "fast_reroute_per_prefix_remote_lfa_tunnel_mpls_ldp_levels": null,
            "fast_reroute_per_prefix_ti_lfa": null,
            "fast_reroute_per_prefix_ti_lfa_levels": null,
            "fast_reroute_per_prefix_tiebreaker_default": null,
            "fast_reroute_per_prefix_tiebreaker_default_levels": null,
            "fast_reroute_per_prefix_tiebreaker_lc_disjoint_index": null,
            "fast_reroute_per_prefix_tiebreaker_lc_disjoint_levels": null,
            "fast_reroute_per_prefix_tiebreaker_node_protecting_index": null,
            "fast_reroute_per_prefix_tiebreaker_node_protecting_levels": null,
            "fast_reroute_per_prefix_tiebreaker_srlg_disjoint_index": null,
            "fast_reroute_per_prefix_tiebreaker_srlg_disjoint_levels": null,
            "generic_metric_flex_algo_levels": null,
            "generic_metric_flex_algos": null,
            "id": "Cisco-IOS-XR-um-router-isis-cfg:/router/isis/processes/process[process-id=ISIS-1]/interfaces/interface[interface-name=GigabitEthernet0/0/0/1]/address-families/address-family[af-name=ipv4][saf-name=unicast]",
            "interface_name": "GigabitEthernet0/0/0/1",
            "link_group_level": null,
            "link_group_name": null,
            "metric_default": null,
            "metric_levels": null,
            "metric_maximum": null,
            "mpls_ldp_sync": null,
            "mpls_ldp_sync_level": null,
            "prefix_sid_absolute_explicit_null": null,
            "prefix_sid_absolute_id": null,
            "prefix_sid_absolute_n_flag_clear": null,
            "prefix_sid_absolute_php_disable": null,
            "prefix_sid_algorithms": null,
            "prefix_sid_index_explicit_null": null,
            "prefix_sid_index_id": null,
            "prefix_sid_index_n_flag_clear": null,
            "prefix_sid_index_php_disable": null,
            "prefix_sid_strict_spf_absolute_explicit_null": null,
            "prefix_sid_strict_spf_absolute_id": null,
            "prefix_sid_strict_spf_absolute_n_flag_clear": null,
            "prefix_sid_strict_spf_absolute_php_disable": null,
            "prefix_sid_strict_spf_index_explicit_null": null,
            "prefix_sid_strict_spf_index_id": null,
            "prefix_sid_strict_spf_index_n_flag_clear": null,
            "prefix_sid_strict_spf_index_php_disable": null,
            "process_id": "ISIS-1",
            "saf_name": "unicast",
            "tag": null,
            "tag_levels": null,
            "te_metric_flex_algo": null,
            "te_metric_flex_algo_levels": null,
            "weight": null,
            "weight_levels": null
          },
          "sensitive_attributes": [],
          "identity_schema_version": 0,
          "private": "eyJpbXBvcnRpbmciOiJNQT09In0=",
          "dependencies": [
            "module.iosxr.iosxr_as_path_set.as_path_set",
            "module.iosxr.iosxr_community_set.community_set",
            "module.iosxr.iosxr_esi_set.esi_set",
            "module.iosxr.iosxr_etag_set.etag_set",
            "module.iosxr.iosxr_extcommunity_bandwidth_set.extcommunity_bandwidth_set",
            "module.iosxr.iosxr_extcommunity_cost_set.extcommunity_cost_set",
            "module.iosxr.iosxr_extcommunity_evpn_link_bandwidth_set.extcommunity_evpn_link_bandwidth_set",
            "module.iosxr.iosxr_extcommunity_opaque_set.extcommunity_opaque_set",
            "module.iosxr.iosxr_extcommunity_rt_set.extcommunity_rt_set",
            "module.iosxr.iosxr_extcommunity_seg_nh_set.extcommunity_seg_nh_set",
            "module.iosxr.iosxr_extcommunity_soo_set.extcommunity_soo_set",
            "module.iosxr.iosxr_ipv4_prefix_list.ipv4_prefix_list",
            "module.iosxr.iosxr_ipv6_prefix_list.ipv6_prefix_list",
            "module.iosxr.iosxr_key_chain.key_chain",
            "module.iosxr.iosxr_large_community_set.large_community_set",
            "module.iosxr.iosxr_mac_set.mac_set",
            "module.iosxr.iosxr_ospf_area_set.ospf_area_set",
            "module.iosxr.iosxr_policy_global_set.policy_global_set",
            "module.iosxr.iosxr_prefix_set.prefix_set",
            "module.iosxr.iosxr_rd_set.rd_set",
            "module.iosxr.iosxr_route_policy.route_policy",
            "module.iosxr.iosxr_router_isis.router_isis",
            "module.iosxr.iosxr_router_isis_address_family.ipv4_multicast",
            "module.iosxr.iosxr_router_isis_address_family.ipv4_unicast",
            "module.iosxr.iosxr_router_isis_address_family.ipv6_multicast",
            "module.iosxr.iosxr_router_isis_address_family.ipv6_unicast",
            "module.iosxr.iosxr_router_isis_interface.router_isis_interface",
            "module.iosxr.iosxr_segment_routing.segment_routing",
            "module.iosxr.iosxr_segment_routing_v6.segment_routing_v6",
            "module.iosxr.iosxr_tag_set.tag_set",
            "module.iosxr.terraform_data.segment_routing_v6_replace"
          ]
        },
        {
          "index_key": "ic-node-3/ISIS-1/GigabitEthernet0/0/0/0/ipv4/unicast",
          "schema_version": 0,
          "attributes": {
            "adjacency_sid_absolutes": null,
            "adjacency_sid_indices": null,
            "advertise_prefix_route_policy": null,
            "advertise_prefix_route_policy_levels": null,
            "af_name": "ipv4",
            "auto_metric_proactive_protect_metric": null,
            "auto_metric_proactive_protect_metric_levels": null,
            "bandwidth_metric_flex_algo": null,
            "bandwidth_metric_flex_algo_levels": null,
            "delete_mode": null,
            "device": "ic-node-3",
            "fast_reroute_levels": null,
            "fast_reroute_per_link": null,
            "fast_reroute_per_link_exclude_interfaces": null,
            "fast_reroute_per_link_lfa_candidate_interfaces": null,
            "fast_reroute_per_prefix": null,
            "fast_reroute_per_prefix_exclude_interfaces": null,
            "fast_reroute_per_prefix_lfa_candidate_interfaces": null,
            "fast_reroute_per_prefix_remote_lfa_maximum_metric": null,
            "fast_reroute_per_prefix_remote_lfa_maximum_metric_levels": null,
            "fast_reroute_per_prefix_remote_lfa_tunnel_mpls_ldp": null,
            "fast_reroute_per_prefix_remote_lfa_tunnel_mpls_ldp_levels": null,
            "fast_reroute_per_prefix_ti_lfa": null,
            "fast_reroute_per_prefix_ti_lfa_levels": null,
            "fast_reroute_per_prefix_tiebreaker_default": null,
            "fast_reroute_per_prefix_tiebreaker_default_levels": null,
            "fast_reroute_per_prefix_tiebreaker_lc_disjoint_index": null,
            "fast_reroute_per_prefix_tiebreaker_lc_disjoint_levels": null,
            "fast_reroute_per_prefix_tiebreaker_node_protecting_index": null,
            "fast_reroute_per_prefix_tiebreaker_node_protecting_levels": null,
            "fast_reroute_per_prefix_tiebreaker_srlg_disjoint_index": null,
            "fast_reroute_per_prefix_tiebreaker_srlg_disjoint_levels": null,
            "generic_metric_flex_algo_levels": null,
            "generic_metric_flex_algos": null,
            "id": "Cisco-IOS-XR-um-router-isis-cfg:/router/isis/processes/process[process-id=ISIS-1]/interfaces/interface[interface-name=GigabitEthernet0/0/0/0]/address-families/address-family[af-name=ipv4][saf-name=unicast]",
            "interface_name": "GigabitEthernet0/0/0/0",
            "link_group_level": null,
            "link_group_name": null,
            "metric_default": null,
            "metric_levels": null,
            "metric_maximum": null,
            "mpls_ldp_sync": null,
            "mpls_ldp_sync_level": null,
            "prefix_sid_absolute_explicit_null": null,
            "prefix_sid_absolute_id": null,
            "prefix_sid_absolute_n_flag_clear": null,
            "prefix_sid_absolute_php_disable": null,
            "prefix_sid_algorithms": null,
            "prefix_sid_index_explicit_null": null,
            "prefix_sid_index_id": null,
            "prefix_sid_index_n_flag_clear": null,
            "prefix_sid_index_php_disable": null,
            "prefix_sid_strict_spf_absolute_explicit_null": null,
            "prefix_sid_strict_spf_absolute_id": null,
            "prefix_sid_strict_spf_absolute_n_flag_clear": null,
            "prefix_sid_strict_spf_absolute_php_disable": null,
            "prefix_sid_strict_spf_index_explicit_null": null,
            "prefix_sid_strict_spf_index_id": null,
            "prefix_sid_strict_spf_index_n_flag_clear": null,
            "prefix_sid_strict_spf_index_php_disable": null,
            "process_id": "ISIS-1",
            "saf_name": "unicast",
            "tag": null,
            "tag_levels": null,
            "te_metric_flex_algo": null,
            "te_metric_flex_algo_levels": null,
            "weight": null,
            "weight_levels": null
          },
          "sensitive_attributes": [],
          "identity_schema_version": 0,
          "private": "eyJpbXBvcnRpbmciOiJNQT09In0=",
          "dependencies": [
            "module.iosxr.iosxr_as_path_set.as_path_set",
            "module.iosxr.iosxr_community_set.community_set",
            "module.iosxr.iosxr_esi_set.esi_set",
            "module.iosxr.iosxr_etag_set.etag_set",
            "module.iosxr.iosxr_extcommunity_bandwidth_set.extcommunity_bandwidth_set",
            "module.iosxr.iosxr_extcommunity_cost_set.extcommunity_cost_set",
            "module.iosxr.iosxr_extcommunity_evpn_link_bandwidth_set.extcommunity_evpn_link_bandwidth_set",
            "module.iosxr.iosxr_extcommunity_opaque_set.extcommunity_opaque_set",
            "module.iosxr.iosxr_extcommunity_rt_set.extcommunity_rt_set",
            "module.iosxr.iosxr_extcommunity_seg_nh_set.extcommunity_seg_nh_set",
            "module.iosxr.iosxr_extcommunity_soo_set.extcommunity_soo_set",
            "module.iosxr.iosxr_ipv4_prefix_list.ipv4_prefix_list",
            "module.iosxr.iosxr_ipv6_prefix_list.ipv6_prefix_list",
            "module.iosxr.iosxr_key_chain.key_chain",
            "module.iosxr.iosxr_large_community_set.large_community_set",
            "module.iosxr.iosxr_mac_set.mac_set",
            "module.iosxr.iosxr_ospf_area_set.ospf_area_set",
            "module.iosxr.iosxr_policy_global_set.policy_global_set",
            "module.iosxr.iosxr_prefix_set.prefix_set",
            "module.iosxr.iosxr_rd_set.rd_set",
            "module.iosxr.iosxr_route_policy.route_policy",
            "module.iosxr.iosxr_router_isis.router_isis",
            "module.iosxr.iosxr_router_isis_address_family.ipv4_multicast",
            "module.iosxr.iosxr_router_isis_address_family.ipv4_unicast",
            "module.iosxr.iosxr_router_isis_address_family.ipv6_multicast",
            "module.iosxr.iosxr_router_isis_address_family.ipv6_unicast",
            "module.iosxr.iosxr_router_isis_interface.router_isis_interface",
            "module.iosxr.iosxr_segment_routing.segment_routing",
            "module.iosxr.iosxr_segment_routing_v6.segment_routing_v6",
            "module.iosxr.iosxr_tag_set.tag_set",
            "module.iosxr.terraform_data.segment_routing_v6_replace"
          ]
        },
        {
          "index_key": "ic-node-3/ISIS-1/GigabitEthernet0/0/0/1/ipv4/unicast",
          "schema_version": 0,
          "attributes": {
            "adjacency_sid_absolutes": null,
            "adjacency_sid_indices": null,
            "advertise_prefix_route_policy": null,
            "advertise_prefix_route_policy_levels": null,
            "af_name": "ipv4",
            "auto_metric_proactive_protect_metric": null,
            "auto_metric_proactive_protect_metric_levels": null,
            "bandwidth_metric_flex_algo": null,
            "bandwidth_metric_flex_algo_levels": null,
            "delete_mode": null,
            "device": "ic-node-3",
            "fast_reroute_levels": null,
            "fast_reroute_per_link": null,
            "fast_reroute_per_link_exclude_interfaces": null,
            "fast_reroute_per_link_lfa_candidate_interfaces": null,
            "fast_reroute_per_prefix": null,
            "fast_reroute_per_prefix_exclude_interfaces": null,
            "fast_reroute_per_prefix_lfa_candidate_interfaces": null,
            "fast_reroute_per_prefix_remote_lfa_maximum_metric": null,
            "fast_reroute_per_prefix_remote_lfa_maximum_metric_levels": null,
            "fast_reroute_per_prefix_remote_lfa_tunnel_mpls_ldp": null,
            "fast_reroute_per_prefix_remote_lfa_tunnel_mpls_ldp_levels": null,
            "fast_reroute_per_prefix_ti_lfa": null,
            "fast_reroute_per_prefix_ti_lfa_levels": null,
            "fast_reroute_per_prefix_tiebreaker_default": null,
            "fast_reroute_per_prefix_tiebreaker_default_levels": null,
            "fast_reroute_per_prefix_tiebreaker_lc_disjoint_index": null,
            "fast_reroute_per_prefix_tiebreaker_lc_disjoint_levels": null,
            "fast_reroute_per_prefix_tiebreaker_node_protecting_index": null,
            "fast_reroute_per_prefix_tiebreaker_node_protecting_levels": null,
            "fast_reroute_per_prefix_tiebreaker_srlg_disjoint_index": null,
            "fast_reroute_per_prefix_tiebreaker_srlg_disjoint_levels": null,
            "generic_metric_flex_algo_levels": null,
            "generic_metric_flex_algos": null,
            "id": "Cisco-IOS-XR-um-router-isis-cfg:/router/isis/processes/process[process-id=ISIS-1]/interfaces/interface[interface-name=GigabitEthernet0/0/0/1]/address-families/address-family[af-name=ipv4][saf-name=unicast]",
            "interface_name": "GigabitEthernet0/0/0/1",
            "link_group_level": null,
            "link_group_name": null,
            "metric_default": null,
            "metric_levels": null,
            "metric_maximum": null,
            "mpls_ldp_sync": null,
            "mpls_ldp_sync_level": null,
            "prefix_sid_absolute_explicit_null": null,
            "prefix_sid_absolute_id": null,
            "prefix_sid_absolute_n_flag_clear": null,
            "prefix_sid_absolute_php_disable": null,
            "prefix_sid_algorithms": null,
            "prefix_sid_index_explicit_null": null,
            "prefix_sid_index_id": null,
            "prefix_sid_index_n_flag_clear": null,
            "prefix_sid_index_php_disable": null,
            "prefix_sid_strict_spf_absolute_explicit_null": null,
            "prefix_sid_strict_spf_absolute_id": null,
            "prefix_sid_strict_spf_absolute_n_flag_clear": null,
            "prefix_sid_strict_spf_absolute_php_disable": null,
            "prefix_sid_strict_spf_index_explicit_null": null,
            "prefix_sid_strict_spf_index_id": null,
            "prefix_sid_strict_spf_index_n_flag_clear": null,
            "prefix_sid_strict_spf_index_php_disable": null,
            "process_id": "ISIS-1",
            "saf_name": "unicast",
            "tag": null,
            "tag_levels": null,
            "te_metric_flex_algo": null,
            "te_metric_flex_algo_levels": null,
            "weight": null,
            "weight_levels": null
          },
          "sensitive_attributes": [],
          "identity_schema_version": 0,
          "private": "eyJpbXBvcnRpbmciOiJNQT09In0=",
          "dependencies": [
            "module.iosxr.iosxr_as_path_set.as_path_set",
            "module.iosxr.iosxr_community_set.community_set",
            "module.iosxr.iosxr_esi_set.esi_set",
            "module.iosxr.iosxr_etag_set.etag_set",
            "module.iosxr.iosxr_extcommunity_bandwidth_set.extcommunity_bandwidth_set",
            "module.iosxr.iosxr_extcommunity_cost_set.extcommunity_cost_set",
            "module.iosxr.iosxr_extcommunity_evpn_link_bandwidth_set.extcommunity_evpn_link_bandwidth_set",
            "module.iosxr.iosxr_extcommunity_opaque_set.extcommunity_opaque_set",
            "module.iosxr.iosxr_extcommunity_rt_set.extcommunity_rt_set",
            "module.iosxr.iosxr_extcommunity_seg_nh_set.extcommunity_seg_nh_set",
            "module.iosxr.iosxr_extcommunity_soo_set.extcommunity_soo_set",
            "module.iosxr.iosxr_ipv4_prefix_list.ipv4_prefix_list",
            "module.iosxr.iosxr_ipv6_prefix_list.ipv6_prefix_list",
            "module.iosxr.iosxr_key_chain.key_chain",
            "module.iosxr.iosxr_large_community_set.large_community_set",
            "module.iosxr.iosxr_mac_set.mac_set",
            "module.iosxr.iosxr_ospf_area_set.ospf_area_set",
            "module.iosxr.iosxr_policy_global_set.policy_global_set",
            "module.iosxr.iosxr_prefix_set.prefix_set",
            "module.iosxr.iosxr_rd_set.rd_set",
            "module.iosxr.iosxr_route_policy.route_policy",
            "module.iosxr.iosxr_router_isis.router_isis",
            "module.iosxr.iosxr_router_isis_address_family.ipv4_multicast",
            "module.iosxr.iosxr_router_isis_address_family.ipv4_unicast",
            "module.iosxr.iosxr_router_isis_address_family.ipv6_multicast",
            "module.iosxr.iosxr_router_isis_address_family.ipv6_unicast",
            "module.iosxr.iosxr_router_isis_interface.router_isis_interface",
            "module.iosxr.iosxr_segment_routing.segment_routing",
            "module.iosxr.iosxr_segment_routing_v6.segment_routing_v6",
            "module.iosxr.iosxr_tag_set.tag_set",
            "module.iosxr.terraform_data.segment_routing_v6_replace"
          ]
        },
        {
          "index_key": "ic-node-4/ISIS-1/GigabitEthernet0/0/0/0/ipv4/unicast",
          "schema_version": 0,
          "attributes": {
            "adjacency_sid_absolutes": null,
            "adjacency_sid_indices": null,
            "advertise_prefix_route_policy": null,
            "advertise_prefix_route_policy_levels": null,
            "af_name": "ipv4",
            "auto_metric_proactive_protect_metric": null,
            "auto_metric_proactive_protect_metric_levels": null,
            "bandwidth_metric_flex_algo": null,
            "bandwidth_metric_flex_algo_levels": null,
            "delete_mode": null,
            "device": "ic-node-4",
            "fast_reroute_levels": null,
            "fast_reroute_per_link": null,
            "fast_reroute_per_link_exclude_interfaces": null,
            "fast_reroute_per_link_lfa_candidate_interfaces": null,
            "fast_reroute_per_prefix": null,
            "fast_reroute_per_prefix_exclude_interfaces": null,
            "fast_reroute_per_prefix_lfa_candidate_interfaces": null,
            "fast_reroute_per_prefix_remote_lfa_maximum_metric": null,
            "fast_reroute_per_prefix_remote_lfa_maximum_metric_levels": null,
            "fast_reroute_per_prefix_remote_lfa_tunnel_mpls_ldp": null,
            "fast_reroute_per_prefix_remote_lfa_tunnel_mpls_ldp_levels": null,
            "fast_reroute_per_prefix_ti_lfa": null,
            "fast_reroute_per_prefix_ti_lfa_levels": null,
            "fast_reroute_per_prefix_tiebreaker_default": null,
            "fast_reroute_per_prefix_tiebreaker_default_levels": null,
            "fast_reroute_per_prefix_tiebreaker_lc_disjoint_index": null,
            "fast_reroute_per_prefix_tiebreaker_lc_disjoint_levels": null,
            "fast_reroute_per_prefix_tiebreaker_node_protecting_index": null,
            "fast_reroute_per_prefix_tiebreaker_node_protecting_levels": null,
            "fast_reroute_per_prefix_tiebreaker_srlg_disjoint_index": null,
            "fast_reroute_per_prefix_tiebreaker_srlg_disjoint_levels": null,
            "generic_metric_flex_algo_levels": null,
            "generic_metric_flex_algos": null,
            "id": "Cisco-IOS-XR-um-router-isis-cfg:/router/isis/processes/process[process-id=ISIS-1]/interfaces/interface[interface-name=GigabitEthernet0/0/0/0]/address-families/address-family[af-name=ipv4][saf-name=unicast]",
            "interface_name": "GigabitEthernet0/0/0/0",
            "link_group_level": null,
            "link_group_name": null,
            "metric_default": null,
            "metric_levels": null,
            "metric_maximum": null,
            "mpls_ldp_sync": null,
            "mpls_ldp_sync_level": null,
            "prefix_sid_absolute_explicit_null": null,
            "prefix_sid_absolute_id": null,
            "prefix_sid_absolute_n_flag_clear": null,
            "prefix_sid_absolute_php_disable": null,
            "prefix_sid_algorithms": null,
            "prefix_sid_index_explicit_null": null,
            "prefix_sid_index_id": null,
            "prefix_sid_index_n_flag_clear": null,
            "prefix_sid_index_php_disable": null,
            "prefix_sid_strict_spf_absolute_explicit_null": null,
            "prefix_sid_strict_spf_absolute_id": null,
            "prefix_sid_strict_spf_absolute_n_flag_clear": null,
            "prefix_sid_strict_spf_absolute_php_disable": null,
            "prefix_sid_strict_spf_index_explicit_null": null,
            "prefix_sid_strict_spf_index_id": null,
            "prefix_sid_strict_spf_index_n_flag_clear": null,
            "prefix_sid_strict_spf_index_php_disable": null,
            "process_id": "ISIS-1",
            "saf_name": "unicast",
            "tag": null,
            "tag_levels": null,
            "te_metric_flex_algo": null,
            "te_metric_flex_algo_levels": null,
            "weight": null,
            "weight_levels": null
          },
          "sensitive_attributes": [],
          "identity_schema_version": 0,
          "private": "eyJpbXBvcnRpbmciOiJNQT09In0=",
          "dependencies": [
            "module.iosxr.iosxr_as_path_set.as_path_set",
            "module.iosxr.iosxr_community_set.community_set",
            "module.iosxr.iosxr_esi_set.esi_set",
            "module.iosxr.iosxr_etag_set.etag_set",
            "module.iosxr.iosxr_extcommunity_bandwidth_set.extcommunity_bandwidth_set",
            "module.iosxr.iosxr_extcommunity_cost_set.extcommunity_cost_set",
            "module.iosxr.iosxr_extcommunity_evpn_link_bandwidth_set.extcommunity_evpn_link_bandwidth_set",
            "module.iosxr.iosxr_extcommunity_opaque_set.extcommunity_opaque_set",
            "module.iosxr.iosxr_extcommunity_rt_set.extcommunity_rt_set",
            "module.iosxr.iosxr_extcommunity_seg_nh_set.extcommunity_seg_nh_set",
            "module.iosxr.iosxr_extcommunity_soo_set.extcommunity_soo_set",
            "module.iosxr.iosxr_ipv4_prefix_list.ipv4_prefix_list",
            "module.iosxr.iosxr_ipv6_prefix_list.ipv6_prefix_list",
            "module.iosxr.iosxr_key_chain.key_chain",
            "module.iosxr.iosxr_large_community_set.large_community_set",
            "module.iosxr.iosxr_mac_set.mac_set",
            "module.iosxr.iosxr_ospf_area_set.ospf_area_set",
            "module.iosxr.iosxr_policy_global_set.policy_global_set",
            "module.iosxr.iosxr_prefix_set.prefix_set",
            "module.iosxr.iosxr_rd_set.rd_set",
            "module.iosxr.iosxr_route_policy.route_policy",
            "module.iosxr.iosxr_router_isis.router_isis",
            "module.iosxr.iosxr_router_isis_address_family.ipv4_multicast",
            "module.iosxr.iosxr_router_isis_address_family.ipv4_unicast",
            "module.iosxr.iosxr_router_isis_address_family.ipv6_multicast",
            "module.iosxr.iosxr_router_isis_address_family.ipv6_unicast",
            "module.iosxr.iosxr_router_isis_interface.router_isis_interface",
            "module.iosxr.iosxr_segment_routing.segment_routing",
            "module.iosxr.iosxr_segment_routing_v6.segment_routing_v6",
            "module.iosxr.iosxr_tag_set.tag_set",
            "module.iosxr.terraform_data.segment_routing_v6_replace"
          ]
        },
        {
          "index_key": "ic-node-4/ISIS-1/GigabitEthernet0/0/0/1/ipv4/unicast",
          "schema_version": 0,
          "attributes": {
            "adjacency_sid_absolutes": null,
            "adjacency_sid_indices": null,
            "advertise_prefix_route_policy": null,
            "advertise_prefix_route_policy_levels": null,
            "af_name": "ipv4",
            "auto_metric_proactive_protect_metric": null,
            "auto_metric_proactive_protect_metric_levels": null,
            "bandwidth_metric_flex_algo": null,
            "bandwidth_metric_flex_algo_levels": null,
            "delete_mode": null,
            "device": "ic-node-4",
            "fast_reroute_levels": null,
            "fast_reroute_per_link": null,
            "fast_reroute_per_link_exclude_interfaces": null,
            "fast_reroute_per_link_lfa_candidate_interfaces": null,
            "fast_reroute_per_prefix": null,
            "fast_reroute_per_prefix_exclude_interfaces": null,
            "fast_reroute_per_prefix_lfa_candidate_interfaces": null,
            "fast_reroute_per_prefix_remote_lfa_maximum_metric": null,
            "fast_reroute_per_prefix_remote_lfa_maximum_metric_levels": null,
            "fast_reroute_per_prefix_remote_lfa_tunnel_mpls_ldp": null,
            "fast_reroute_per_prefix_remote_lfa_tunnel_mpls_ldp_levels": null,
            "fast_reroute_per_prefix_ti_lfa": null,
            "fast_reroute_per_prefix_ti_lfa_levels": null,
            "fast_reroute_per_prefix_tiebreaker_default": null,
            "fast_reroute_per_prefix_tiebreaker_default_levels": null,
            "fast_reroute_per_prefix_tiebreaker_lc_disjoint_index": null,
            "fast_reroute_per_prefix_tiebreaker_lc_disjoint_levels": null,
            "fast_reroute_per_prefix_tiebreaker_node_protecting_index": null,
            "fast_reroute_per_prefix_tiebreaker_node_protecting_levels": null,
            "fast_reroute_per_prefix_tiebreaker_srlg_disjoint_index": null,
            "fast_reroute_per_prefix_tiebreaker_srlg_disjoint_levels": null,
            "generic_metric_flex_algo_levels": null,
            "generic_metric_flex_algos": null,
            "id": "Cisco-IOS-XR-um-router-isis-cfg:/router/isis/processes/process[process-id=ISIS-1]/interfaces/interface[interface-name=GigabitEthernet0/0/0/1]/address-families/address-family[af-name=ipv4][saf-name=unicast]",
            "interface_name": "GigabitEthernet0/0/0/1",
            "link_group_level": null,
            "link_group_name": null,
            "metric_default": null,
            "metric_levels": null,
            "metric_maximum": null,
            "mpls_ldp_sync": null,
            "mpls_ldp_sync_level": null,
            "prefix_sid_absolute_explicit_null": null,
            "prefix_sid_absolute_id": null,
            "prefix_sid_absolute_n_flag_clear": null,
            "prefix_sid_absolute_php_disable": null,
            "prefix_sid_algorithms": null,
            "prefix_sid_index_explicit_null": null,
            "prefix_sid_index_id": null,
            "prefix_sid_index_n_flag_clear": null,
            "prefix_sid_index_php_disable": null,
            "prefix_sid_strict_spf_absolute_explicit_null": null,
            "prefix_sid_strict_spf_absolute_id": null,
            "prefix_sid_strict_spf_absolute_n_flag_clear": null,
            "prefix_sid_strict_spf_absolute_php_disable": null,
            "prefix_sid_strict_spf_index_explicit_null": null,
            "prefix_sid_strict_spf_index_id": null,
            "prefix_sid_strict_spf_index_n_flag_clear": null,
            "prefix_sid_strict_spf_index_php_disable": null,
            "process_id": "ISIS-1",
            "saf_name": "unicast",
            "tag": null,
            "tag_levels": null,
            "te_metric_flex_algo": null,
            "te_metric_flex_algo_levels": null,
            "weight": null,
            "weight_levels": null
          },
          "sensitive_attributes": [],
          "identity_schema_version": 0,
          "private": "eyJpbXBvcnRpbmciOiJNQT09In0=",
          "dependencies": [
            "module.iosxr.iosxr_as_path_set.as_path_set",
            "module.iosxr.iosxr_community_set.community_set",
            "module.iosxr.iosxr_esi_set.esi_set",
            "module.iosxr.iosxr_etag_set.etag_set",
            "module.iosxr.iosxr_extcommunity_bandwidth_set.extcommunity_bandwidth_set",
            "module.iosxr.iosxr_extcommunity_cost_set.extcommunity_cost_set",
            "module.iosxr.iosxr_extcommunity_evpn_link_bandwidth_set.extcommunity_evpn_link_bandwidth_set",
            "module.iosxr.iosxr_extcommunity_opaque_set.extcommunity_opaque_set",
            "module.iosxr.iosxr_extcommunity_rt_set.extcommunity_rt_set",
            "module.iosxr.iosxr_extcommunity_seg_nh_set.extcommunity_seg_nh_set",
            "module.iosxr.iosxr_extcommunity_soo_set.extcommunity_soo_set",
            "module.iosxr.iosxr_ipv4_prefix_list.ipv4_prefix_list",
            "module.iosxr.iosxr_ipv6_prefix_list.ipv6_prefix_list",
            "module.iosxr.iosxr_key_chain.key_chain",
            "module.iosxr.iosxr_large_community_set.large_community_set",
            "module.iosxr.iosxr_mac_set.mac_set",
            "module.iosxr.iosxr_ospf_area_set.ospf_area_set",
            "module.iosxr.iosxr_policy_global_set.policy_global_set",
            "module.iosxr.iosxr_prefix_set.prefix_set",
            "module.iosxr.iosxr_rd_set.rd_set",
            "module.iosxr.iosxr_route_policy.route_policy",
            "module.iosxr.iosxr_router_isis.router_isis",
            "module.iosxr.iosxr_router_isis_address_family.ipv4_multicast",
            "module.iosxr.iosxr_router_isis_address_family.ipv4_unicast",
            "module.iosxr.iosxr_router_isis_address_family.ipv6_multicast",
            "module.iosxr.iosxr_router_isis_address_family.ipv6_unicast",
            "module.iosxr.iosxr_router_isis_interface.router_isis_interface",
            "module.iosxr.iosxr_segment_routing.segment_routing",
            "module.iosxr.iosxr_segment_routing_v6.segment_routing_v6",
            "module.iosxr.iosxr_tag_set.tag_set",
            "module.iosxr.terraform_data.segment_routing_v6_replace"
          ]
        }
      ]
    },
    {
      "module": "module.iosxr",
      "mode": "managed",
      "type": "terraform_data",
      "name": "ethernet_flow_replace",
      "provider": "provider[\"terraform.io/builtin/terraform\"]",
      "instances": [
        {
          "index_key": "ic-node-1/GigabitEthernet0/0/0/0",
          "schema_version": 0,
          "attributes": {
            "id": "35c89fcc-d26f-7f9c-7f64-a5bdbd811fdc",
            "input": {
              "value": null,
              "type": "string"
            },
            "output": {
              "value": null,
              "type": "string"
            },
            "triggers_replace": null
          },
          "sensitive_attributes": [],
          "identity_schema_version": 0
        },
        {
          "index_key": "ic-node-1/GigabitEthernet0/0/0/1",
          "schema_version": 0,
          "attributes": {
            "id": "f59fd6cf-6f51-a91e-3d14-97bf3ad23bf9",
            "input": {
              "value": null,
              "type": "string"
            },
            "output": {
              "value": null,
              "type": "string"
            },
            "triggers_replace": null
          },
          "sensitive_attributes": [],
          "identity_schema_version": 0
        },
        {
          "index_key": "ic-node-2/GigabitEthernet0/0/0/0",
          "schema_version": 0,
          "attributes": {
            "id": "dda344e3-16dd-586b-b91f-41bd957e5125",
            "input": {
              "value": null,
              "type": "string"
            },
            "output": {
              "value": null,
              "type": "string"
            },
            "triggers_replace": null
          },
          "sensitive_attributes": [],
          "identity_schema_version": 0
        },
        {
          "index_key": "ic-node-2/GigabitEthernet0/0/0/1",
          "schema_version": 0,
          "attributes": {
            "id": "e7f45951-14de-6762-85dd-3c7ba8076f18",
            "input": {
              "value": null,
              "type": "string"
            },
            "output": {
              "value": null,
              "type": "string"
            },
            "triggers_replace": null
          },
          "sensitive_attributes": [],
          "identity_schema_version": 0
        },
        {
          "index_key": "ic-node-3/GigabitEthernet0/0/0/0",
          "schema_version": 0,
          "attributes": {
            "id": "be9f70db-e987-86b6-be41-9c9de65d7c23",
            "input": {
              "value": null,
              "type": "string"
            },
            "output": {
              "value": null,
              "type": "string"
            },
            "triggers_replace": null
          },
          "sensitive_attributes": [],
          "identity_schema_version": 0
        },
        {
          "index_key": "ic-node-3/GigabitEthernet0/0/0/1",
          "schema_version": 0,
          "attributes": {
            "id": "c7fe666e-7f41-5e6d-26f0-8aa5517c7769",
            "input": {
              "value": null,
              "type": "string"
            },
            "output": {
              "value": null,
              "type": "string"
            },
            "triggers_replace": null
          },
          "sensitive_attributes": [],
          "identity_schema_version": 0
        },
        {
          "index_key": "ic-node-4/GigabitEthernet0/0/0/0",
          "schema_version": 0,
          "attributes": {
            "id": "4c6a87bf-b6b6-3765-522d-9c69e31c1c6d",
            "input": {
              "value": null,
              "type": "string"
            },
            "output": {
              "value": null,
              "type": "string"
            },
            "triggers_replace": null
          },
          "sensitive_attributes": [],
          "identity_schema_version": 0
        },
        {
          "index_key": "ic-node-4/GigabitEthernet0/0/0/1",
          "schema_version": 0,
          "attributes": {
            "id": "3dce3f56-23ec-370d-c576-a84fa46649ad",
            "input": {
              "value": null,
              "type": "string"
            },
            "output": {
              "value": null,
              "type": "string"
            },
            "triggers_replace": null
          },
          "sensitive_attributes": [],
          "identity_schema_version": 0
        }
      ]
    }
  ],
  "check_results": [
    {
      "object_kind": "var",
      "config_addr": "module.iosxr.module.model.var.model",
      "status": "pass",
      "objects": [
        {
          "object_addr": "module.iosxr.module.model.var.model",
          "status": "pass"
        }
      ]
    }
  ]
}
