{
  "version": 4,
  "terraform_version": "1.15.5",
  "serial": 493,
  "lineage": "1cbfbbf0-7ee7-72e4-5e1e-c109b4ac1900",
  "outputs": {},
  "resources": [
    {
      "module": "module.iosxr",
      "mode": "managed",
      "type": "iosxr_bfd",
      "name": "bfd",
      "provider": "module.iosxr.provider[\"registry.terraform.io/ciscodevnet/iosxr\"]",
      "instances": [
        {
          "index_key": "ic-node-1",
          "schema_version": 0,
          "attributes": {
            "bundle_coexistence_bob_blb": null,
            "dampening_bundle_member_initial_wait": null,
            "dampening_bundle_member_l3_only_mode": null,
            "dampening_bundle_member_maximum_wait": null,
            "dampening_bundle_member_secondary_wait": null,
            "dampening_disable": null,
            "dampening_extensions_down_monitoring": true,
            "dampening_initial_wait": 3600,
            "dampening_maximum_wait": null,
            "dampening_secondary_wait": 3600,
            "dampening_threshold": 60000,
            "delete_mode": null,
            "device": "ic-node-1",
            "echo_disable": false,
            "echo_ipv4_bundle_per_member_minimum_interval": null,
            "echo_ipv4_source": null,
            "echo_latency_detect": null,
            "echo_latency_detect_count": null,
            "echo_latency_detect_percentage": null,
            "echo_startup_validate_force": null,
            "id": "Cisco-IOS-XR-um-bfd-sbfd-cfg:/bfd",
            "interfaces": [
              {
                "disable": null,
                "echo_disable": "enable",
                "echo_ipv4_source": null,
                "interface_name": "GigabitEthernet0/0/0/0",
                "ipv6_checksum_disable": null,
                "local_address": null,
                "multiplier": 40,
                "rx_interval": 300000,
                "tx_interval": 300000
              },
              {
                "disable": null,
                "echo_disable": "enable",
                "echo_ipv4_source": null,
                "interface_name": "GigabitEthernet0/0/0/1",
                "ipv6_checksum_disable": null,
                "local_address": null,
                "multiplier": 40,
                "rx_interval": 300000,
                "tx_interval": 300000
              }
            ],
            "ipv6_checksum_disable": null,
            "multihop_ttl_drop_threshold": null,
            "multipath_destinations": null,
            "multipath_locations": null,
            "trap_singlehop_pre_mapped": null
          },
          "sensitive_attributes": [],
          "identity_schema_version": 0,
          "private": "eyJpbXBvcnRpbmciOiJNQT09In0="
        },
        {
          "index_key": "ic-node-2",
          "schema_version": 0,
          "attributes": {
            "bundle_coexistence_bob_blb": null,
            "dampening_bundle_member_initial_wait": null,
            "dampening_bundle_member_l3_only_mode": null,
            "dampening_bundle_member_maximum_wait": null,
            "dampening_bundle_member_secondary_wait": null,
            "dampening_disable": null,
            "dampening_extensions_down_monitoring": true,
            "dampening_initial_wait": 3600,
            "dampening_maximum_wait": null,
            "dampening_secondary_wait": 3600,
            "dampening_threshold": 60000,
            "delete_mode": null,
            "device": "ic-node-2",
            "echo_disable": false,
            "echo_ipv4_bundle_per_member_minimum_interval": null,
            "echo_ipv4_source": null,
            "echo_latency_detect": null,
            "echo_latency_detect_count": null,
            "echo_latency_detect_percentage": null,
            "echo_startup_validate_force": null,
            "id": "Cisco-IOS-XR-um-bfd-sbfd-cfg:/bfd",
            "interfaces": [
              {
                "disable": null,
                "echo_disable": "enable",
                "echo_ipv4_source": null,
                "interface_name": "GigabitEthernet0/0/0/0",
                "ipv6_checksum_disable": null,
                "local_address": null,
                "multiplier": 40,
                "rx_interval": 300000,
                "tx_interval": 300000
              },
              {
                "disable": null,
                "echo_disable": "enable",
                "echo_ipv4_source": null,
                "interface_name": "GigabitEthernet0/0/0/1",
                "ipv6_checksum_disable": null,
                "local_address": null,
                "multiplier": 40,
                "rx_interval": 300000,
                "tx_interval": 300000
              }
            ],
            "ipv6_checksum_disable": null,
            "multihop_ttl_drop_threshold": null,
            "multipath_destinations": null,
            "multipath_locations": null,
            "trap_singlehop_pre_mapped": null
          },
          "sensitive_attributes": [],
          "identity_schema_version": 0,
          "private": "eyJpbXBvcnRpbmciOiJNQT09In0="
        },
        {
          "index_key": "ic-node-3",
          "schema_version": 0,
          "attributes": {
            "bundle_coexistence_bob_blb": null,
            "dampening_bundle_member_initial_wait": null,
            "dampening_bundle_member_l3_only_mode": null,
            "dampening_bundle_member_maximum_wait": null,
            "dampening_bundle_member_secondary_wait": null,
            "dampening_disable": null,
            "dampening_extensions_down_monitoring": true,
            "dampening_initial_wait": 3600,
            "dampening_maximum_wait": null,
            "dampening_secondary_wait": 3600,
            "dampening_threshold": 60000,
            "delete_mode": null,
            "device": "ic-node-3",
            "echo_disable": false,
            "echo_ipv4_bundle_per_member_minimum_interval": null,
            "echo_ipv4_source": null,
            "echo_latency_detect": null,
            "echo_latency_detect_count": null,
            "echo_latency_detect_percentage": null,
            "echo_startup_validate_force": null,
            "id": "Cisco-IOS-XR-um-bfd-sbfd-cfg:/bfd",
            "interfaces": [
              {
                "disable": null,
                "echo_disable": "enable",
                "echo_ipv4_source": null,
                "interface_name": "GigabitEthernet0/0/0/0",
                "ipv6_checksum_disable": null,
                "local_address": null,
                "multiplier": 40,
                "rx_interval": 300000,
                "tx_interval": 300000
              },
              {
                "disable": null,
                "echo_disable": "enable",
                "echo_ipv4_source": null,
                "interface_name": "GigabitEthernet0/0/0/1",
                "ipv6_checksum_disable": null,
                "local_address": null,
                "multiplier": 40,
                "rx_interval": 300000,
                "tx_interval": 300000
              }
            ],
            "ipv6_checksum_disable": null,
            "multihop_ttl_drop_threshold": null,
            "multipath_destinations": null,
            "multipath_locations": null,
            "trap_singlehop_pre_mapped": null
          },
          "sensitive_attributes": [],
          "identity_schema_version": 0,
          "private": "eyJpbXBvcnRpbmciOiJNQT09In0="
        },
        {
          "index_key": "ic-node-4",
          "schema_version": 0,
          "attributes": {
            "bundle_coexistence_bob_blb": null,
            "dampening_bundle_member_initial_wait": null,
            "dampening_bundle_member_l3_only_mode": null,
            "dampening_bundle_member_maximum_wait": null,
            "dampening_bundle_member_secondary_wait": null,
            "dampening_disable": null,
            "dampening_extensions_down_monitoring": true,
            "dampening_initial_wait": 3600,
            "dampening_maximum_wait": null,
            "dampening_secondary_wait": 3600,
            "dampening_threshold": 60000,
            "delete_mode": null,
            "device": "ic-node-4",
            "echo_disable": false,
            "echo_ipv4_bundle_per_member_minimum_interval": null,
            "echo_ipv4_source": null,
            "echo_latency_detect": null,
            "echo_latency_detect_count": null,
            "echo_latency_detect_percentage": null,
            "echo_startup_validate_force": null,
            "id": "Cisco-IOS-XR-um-bfd-sbfd-cfg:/bfd",
            "interfaces": [
              {
                "disable": null,
                "echo_disable": "enable",
                "echo_ipv4_source": null,
                "interface_name": "GigabitEthernet0/0/0/0",
                "ipv6_checksum_disable": null,
                "local_address": null,
                "multiplier": 40,
                "rx_interval": 300000,
                "tx_interval": 300000
              },
              {
                "disable": null,
                "echo_disable": "enable",
                "echo_ipv4_source": null,
                "interface_name": "GigabitEthernet0/0/0/1",
                "ipv6_checksum_disable": null,
                "local_address": null,
                "multiplier": 40,
                "rx_interval": 300000,
                "tx_interval": 300000
              }
            ],
            "ipv6_checksum_disable": null,
            "multihop_ttl_drop_threshold": null,
            "multipath_destinations": null,
            "multipath_locations": null,
            "trap_singlehop_pre_mapped": null
          },
          "sensitive_attributes": [],
          "identity_schema_version": 0,
          "private": "eyJpbXBvcnRpbmciOiJNQT09In0="
        }
      ]
    },
    {
      "module": "module.iosxr",
      "mode": "managed",
      "type": "iosxr_cdp",
      "name": "cdp",
      "provider": "module.iosxr.provider[\"registry.terraform.io/ciscodevnet/iosxr\"]",
      "instances": [
        {
          "index_key": "ic-node-1",
          "schema_version": 0,
          "attributes": {
            "advertise_v1": null,
            "delete_mode": null,
            "device": "ic-node-1",
            "enable": true,
            "holdtime": 180,
            "id": "Cisco-IOS-XR-um-cdp-cfg:/cdp",
            "log_adjacency_changes": null,
            "timer": 30
          },
          "sensitive_attributes": [],
          "identity_schema_version": 0,
          "private": "eyJpbXBvcnRpbmciOiJNQT09In0="
        },
        {
          "index_key": "ic-node-2",
          "schema_version": 0,
          "attributes": {
            "advertise_v1": null,
            "delete_mode": null,
            "device": "ic-node-2",
            "enable": true,
            "holdtime": 180,
            "id": "Cisco-IOS-XR-um-cdp-cfg:/cdp",
            "log_adjacency_changes": null,
            "timer": 30
          },
          "sensitive_attributes": [],
          "identity_schema_version": 0,
          "private": "eyJpbXBvcnRpbmciOiJNQT09In0="
        },
        {
          "index_key": "ic-node-3",
          "schema_version": 0,
          "attributes": {
            "advertise_v1": null,
            "delete_mode": null,
            "device": "ic-node-3",
            "enable": true,
            "holdtime": 180,
            "id": "Cisco-IOS-XR-um-cdp-cfg:/cdp",
            "log_adjacency_changes": null,
            "timer": 30
          },
          "sensitive_attributes": [],
          "identity_schema_version": 0,
          "private": "eyJpbXBvcnRpbmciOiJNQT09In0="
        },
        {
          "index_key": "ic-node-4",
          "schema_version": 0,
          "attributes": {
            "advertise_v1": null,
            "delete_mode": null,
            "device": "ic-node-4",
            "enable": true,
            "holdtime": 180,
            "id": "Cisco-IOS-XR-um-cdp-cfg:/cdp",
            "log_adjacency_changes": null,
            "timer": 30
          },
          "sensitive_attributes": [],
          "identity_schema_version": 0,
          "private": "eyJpbXBvcnRpbmciOiJNQT09In0="
        }
      ]
    },
    {
      "module": "module.iosxr",
      "mode": "managed",
      "type": "iosxr_domain",
      "name": "domain",
      "provider": "module.iosxr.provider[\"registry.terraform.io/ciscodevnet/iosxr\"]",
      "instances": [
        {
          "index_key": "ic-node-1",
          "schema_version": 0,
          "attributes": {
            "default_flows_disable": null,
            "delete_mode": null,
            "device": "ic-node-1",
            "domains": null,
            "id": "Cisco-IOS-XR-um-domain-cfg:/domain",
            "ipv4_hosts": null,
            "ipv6_hosts": null,
            "lookup_disable": true,
            "lookup_source_interface": null,
            "multicast": null,
            "name": "cml.transit32.local",
            "name_servers": [
              {
                "address": "100.71.72.254",
                "order": 0
              }
            ]
          },
          "sensitive_attributes": [],
          "identity_schema_version": 0,
          "private": "eyJpbXBvcnRpbmciOiJNQT09In0=",
          "dependencies": [
            "module.iosxr.iosxr_as_path_set.as_path_set",
            "module.iosxr.iosxr_community_set.community_set",
            "module.iosxr.iosxr_esi_set.esi_set",
            "module.iosxr.iosxr_etag_set.etag_set",
            "module.iosxr.iosxr_extcommunity_bandwidth_set.extcommunity_bandwidth_set",
            "module.iosxr.iosxr_extcommunity_cost_set.extcommunity_cost_set",
            "module.iosxr.iosxr_extcommunity_evpn_link_bandwidth_set.extcommunity_evpn_link_bandwidth_set",
            "module.iosxr.iosxr_extcommunity_opaque_set.extcommunity_opaque_set",
            "module.iosxr.iosxr_extcommunity_rt_set.extcommunity_rt_set",
            "module.iosxr.iosxr_extcommunity_seg_nh_set.extcommunity_seg_nh_set",
            "module.iosxr.iosxr_extcommunity_soo_set.extcommunity_soo_set",
            "module.iosxr.iosxr_ipv4_prefix_list.ipv4_prefix_list",
            "module.iosxr.iosxr_ipv6_prefix_list.ipv6_prefix_list",
            "module.iosxr.iosxr_key_chain.key_chain",
            "module.iosxr.iosxr_large_community_set.large_community_set",
            "module.iosxr.iosxr_mac_set.mac_set",
            "module.iosxr.iosxr_ospf_area_set.ospf_area_set",
            "module.iosxr.iosxr_policy_global_set.policy_global_set",
            "module.iosxr.iosxr_prefix_set.prefix_set",
            "module.iosxr.iosxr_rd_set.rd_set",
            "module.iosxr.iosxr_route_policy.route_policy",
            "module.iosxr.iosxr_tag_set.tag_set",
            "module.iosxr.iosxr_vrf.vrf"
          ]
        },
        {
          "index_key": "ic-node-2",
          "schema_version": 0,
          "attributes": {
            "default_flows_disable": null,
            "delete_mode": null,
            "device": "ic-node-2",
            "domains": null,
            "id": "Cisco-IOS-XR-um-domain-cfg:/domain",
            "ipv4_hosts": null,
            "ipv6_hosts": null,
            "lookup_disable": true,
            "lookup_source_interface": null,
            "multicast": null,
            "name": "cml.transit32.local",
            "name_servers": [
              {
                "address": "100.71.72.254",
                "order": 0
              }
            ]
          },
          "sensitive_attributes": [],
          "identity_schema_version": 0,
          "private": "eyJpbXBvcnRpbmciOiJNQT09In0=",
          "dependencies": [
            "module.iosxr.iosxr_as_path_set.as_path_set",
            "module.iosxr.iosxr_community_set.community_set",
            "module.iosxr.iosxr_esi_set.esi_set",
            "module.iosxr.iosxr_etag_set.etag_set",
            "module.iosxr.iosxr_extcommunity_bandwidth_set.extcommunity_bandwidth_set",
            "module.iosxr.iosxr_extcommunity_cost_set.extcommunity_cost_set",
            "module.iosxr.iosxr_extcommunity_evpn_link_bandwidth_set.extcommunity_evpn_link_bandwidth_set",
            "module.iosxr.iosxr_extcommunity_opaque_set.extcommunity_opaque_set",
            "module.iosxr.iosxr_extcommunity_rt_set.extcommunity_rt_set",
            "module.iosxr.iosxr_extcommunity_seg_nh_set.extcommunity_seg_nh_set",
            "module.iosxr.iosxr_extcommunity_soo_set.extcommunity_soo_set",
            "module.iosxr.iosxr_ipv4_prefix_list.ipv4_prefix_list",
            "module.iosxr.iosxr_ipv6_prefix_list.ipv6_prefix_list",
            "module.iosxr.iosxr_key_chain.key_chain",
            "module.iosxr.iosxr_large_community_set.large_community_set",
            "module.iosxr.iosxr_mac_set.mac_set",
            "module.iosxr.iosxr_ospf_area_set.ospf_area_set",
            "module.iosxr.iosxr_policy_global_set.policy_global_set",
            "module.iosxr.iosxr_prefix_set.prefix_set",
            "module.iosxr.iosxr_rd_set.rd_set",
            "module.iosxr.iosxr_route_policy.route_policy",
            "module.iosxr.iosxr_tag_set.tag_set",
            "module.iosxr.iosxr_vrf.vrf"
          ]
        },
        {
          "index_key": "ic-node-3",
          "schema_version": 0,
          "attributes": {
            "default_flows_disable": null,
            "delete_mode": null,
            "device": "ic-node-3",
            "domains": null,
            "id": "Cisco-IOS-XR-um-domain-cfg:/domain",
            "ipv4_hosts": null,
            "ipv6_hosts": null,
            "lookup_disable": true,
            "lookup_source_interface": null,
            "multicast": null,
            "name": "cml.transit32.local",
            "name_servers": [
              {
                "address": "100.71.72.254",
                "order": 0
              }
            ]
          },
          "sensitive_attributes": [],
          "identity_schema_version": 0,
          "private": "eyJpbXBvcnRpbmciOiJNQT09In0=",
          "dependencies": [
            "module.iosxr.iosxr_as_path_set.as_path_set",
            "module.iosxr.iosxr_community_set.community_set",
            "module.iosxr.iosxr_esi_set.esi_set",
            "module.iosxr.iosxr_etag_set.etag_set",
            "module.iosxr.iosxr_extcommunity_bandwidth_set.extcommunity_bandwidth_set",
            "module.iosxr.iosxr_extcommunity_cost_set.extcommunity_cost_set",
            "module.iosxr.iosxr_extcommunity_evpn_link_bandwidth_set.extcommunity_evpn_link_bandwidth_set",
            "module.iosxr.iosxr_extcommunity_opaque_set.extcommunity_opaque_set",
            "module.iosxr.iosxr_extcommunity_rt_set.extcommunity_rt_set",
            "module.iosxr.iosxr_extcommunity_seg_nh_set.extcommunity_seg_nh_set",
            "module.iosxr.iosxr_extcommunity_soo_set.extcommunity_soo_set",
            "module.iosxr.iosxr_ipv4_prefix_list.ipv4_prefix_list",
            "module.iosxr.iosxr_ipv6_prefix_list.ipv6_prefix_list",
            "module.iosxr.iosxr_key_chain.key_chain",
            "module.iosxr.iosxr_large_community_set.large_community_set",
            "module.iosxr.iosxr_mac_set.mac_set",
            "module.iosxr.iosxr_ospf_area_set.ospf_area_set",
            "module.iosxr.iosxr_policy_global_set.policy_global_set",
            "module.iosxr.iosxr_prefix_set.prefix_set",
            "module.iosxr.iosxr_rd_set.rd_set",
            "module.iosxr.iosxr_route_policy.route_policy",
            "module.iosxr.iosxr_tag_set.tag_set",
            "module.iosxr.iosxr_vrf.vrf"
          ]
        },
        {
          "index_key": "ic-node-4",
          "schema_version": 0,
          "attributes": {
            "default_flows_disable": null,
            "delete_mode": null,
            "device": "ic-node-4",
            "domains": null,
            "id": "Cisco-IOS-XR-um-domain-cfg:/domain",
            "ipv4_hosts": null,
            "ipv6_hosts": null,
            "lookup_disable": true,
            "lookup_source_interface": null,
            "multicast": null,
            "name": "cml.transit32.local",
            "name_servers": [
              {
                "address": "100.71.72.254",
                "order": 0
              }
            ]
          },
          "sensitive_attributes": [],
          "identity_schema_version": 0,
          "private": "eyJpbXBvcnRpbmciOiJNQT09In0=",
          "dependencies": [
            "module.iosxr.iosxr_as_path_set.as_path_set",
            "module.iosxr.iosxr_community_set.community_set",
            "module.iosxr.iosxr_esi_set.esi_set",
            "module.iosxr.iosxr_etag_set.etag_set",
            "module.iosxr.iosxr_extcommunity_bandwidth_set.extcommunity_bandwidth_set",
            "module.iosxr.iosxr_extcommunity_cost_set.extcommunity_cost_set",
            "module.iosxr.iosxr_extcommunity_evpn_link_bandwidth_set.extcommunity_evpn_link_bandwidth_set",
            "module.iosxr.iosxr_extcommunity_opaque_set.extcommunity_opaque_set",
            "module.iosxr.iosxr_extcommunity_rt_set.extcommunity_rt_set",
            "module.iosxr.iosxr_extcommunity_seg_nh_set.extcommunity_seg_nh_set",
            "module.iosxr.iosxr_extcommunity_soo_set.extcommunity_soo_set",
            "module.iosxr.iosxr_ipv4_prefix_list.ipv4_prefix_list",
            "module.iosxr.iosxr_ipv6_prefix_list.ipv6_prefix_list",
            "module.iosxr.iosxr_key_chain.key_chain",
            "module.iosxr.iosxr_large_community_set.large_community_set",
            "module.iosxr.iosxr_mac_set.mac_set",
            "module.iosxr.iosxr_ospf_area_set.ospf_area_set",
            "module.iosxr.iosxr_policy_global_set.policy_global_set",
            "module.iosxr.iosxr_prefix_set.prefix_set",
            "module.iosxr.iosxr_rd_set.rd_set",
            "module.iosxr.iosxr_route_policy.route_policy",
            "module.iosxr.iosxr_tag_set.tag_set",
            "module.iosxr.iosxr_vrf.vrf"
          ]
        }
      ]
    },
    {
      "module": "module.iosxr",
      "mode": "managed",
      "type": "iosxr_hostname",
      "name": "hostname",
      "provider": "module.iosxr.provider[\"registry.terraform.io/ciscodevnet/iosxr\"]",
      "instances": [
        {
          "index_key": "ic-node-1",
          "schema_version": 0,
          "attributes": {
            "device": "ic-node-1",
            "id": "Cisco-IOS-XR-um-hostname-cfg:/hostname",
            "system_network_name": "ic-node-1"
          },
          "sensitive_attributes": [],
          "identity_schema_version": 0,
          "private": "eyJpbXBvcnRpbmciOiJNQT09In0="
        },
        {
          "index_key": "ic-node-2",
          "schema_version": 0,
          "attributes": {
            "device": "ic-node-2",
            "id": "Cisco-IOS-XR-um-hostname-cfg:/hostname",
            "system_network_name": "ic-node-2"
          },
          "sensitive_attributes": [],
          "identity_schema_version": 0,
          "private": "eyJpbXBvcnRpbmciOiJNQT09In0="
        },
        {
          "index_key": "ic-node-3",
          "schema_version": 0,
          "attributes": {
            "device": "ic-node-3",
            "id": "Cisco-IOS-XR-um-hostname-cfg:/hostname",
            "system_network_name": "ic-node-3"
          },
          "sensitive_attributes": [],
          "identity_schema_version": 0,
          "private": "eyJpbXBvcnRpbmciOiJNQT09In0="
        },
        {
          "index_key": "ic-node-4",
          "schema_version": 0,
          "attributes": {
            "device": "ic-node-4",
            "id": "Cisco-IOS-XR-um-hostname-cfg:/hostname",
            "system_network_name": "ic-node-4"
          },
          "sensitive_attributes": [],
          "identity_schema_version": 0,
          "private": "eyJpbXBvcnRpbmciOiJNQT09In0="
        }
      ]
    },
    {
      "module": "module.iosxr",
      "mode": "managed",
      "type": "iosxr_interface_ethernet",
      "name": "ethernet",
      "provider": "module.iosxr.provider[\"registry.terraform.io/ciscodevnet/iosxr\"]",
      "instances": [
        {
          "index_key": "ic-node-1/GigabitEthernet0/0/0/0",
          "schema_version": 0,
          "attributes": {
            "arp_cache_limit": null,
            "arp_gratuitous_ignore": null,
            "arp_learning_disable": null,
            "arp_learning_local": null,
            "arp_timeout": null,
            "bandwidth": null,
            "bundle_id": null,
            "bundle_id_mode": null,
            "bundle_port_priority": null,
            "carrier_delay_down": null,
            "carrier_delay_up": null,
            "cdp": true,
            "dampening": null,
            "dampening_decay_half_life": null,
            "dampening_max_suppress_time": null,
            "dampening_restart_penalty": null,
            "dampening_reuse_threshold": null,
            "dampening_suppress_threshold": null,
            "delete_mode": null,
            "description": "Underlay",
            "device": "ic-node-1",
            "duplex": null,
            "encapsulation_dot1q_second_dot1q": null,
            "encapsulation_dot1q_vlan_id": null,
            "ethernet_cfm_ais_transmission_up_cos": null,
            "ethernet_cfm_ais_transmission_up_interval": null,
            "ethernet_cfm_bandwidth_notifications_hold_off": null,
            "ethernet_cfm_bandwidth_notifications_log_changes": null,
            "ethernet_cfm_bandwidth_notifications_loss_threshold": null,
            "ethernet_cfm_bandwidth_notifications_wait_to_restore": null,
            "ethernet_cfm_mep_domains": null,
            "fec": null,
            "flow_control": null,
            "flow_ipv4_egress_monitor_samplers": null,
            "flow_ipv4_egress_monitors": null,
            "flow_ipv4_ingress_monitor_samplers": null,
            "flow_ipv4_ingress_monitors": null,
            "flow_ipv6_egress_monitor_samplers": null,
            "flow_ipv6_egress_monitors": null,
            "flow_ipv6_ingress_monitor_samplers": null,
            "flow_ipv6_ingress_monitors": null,
            "frequency_synchronization": null,
            "frequency_synchronization_priority": null,
            "frequency_synchronization_quality_receive_exact_itu_t_option_one": null,
            "frequency_synchronization_quality_receive_exact_itu_t_option_two_generation_one": null,
            "frequency_synchronization_quality_receive_exact_itu_t_option_two_generation_two": null,
            "frequency_synchronization_quality_receive_highest_itu_t_option_one": null,
            "frequency_synchronization_quality_receive_highest_itu_t_option_two_generation_one": null,
            "frequency_synchronization_quality_receive_highest_itu_t_option_two_generation_two": null,
            "frequency_synchronization_quality_receive_lowest_itu_t_option_one": null,
            "frequency_synchronization_quality_receive_lowest_itu_t_option_two_generation_one": null,
            "frequency_synchronization_quality_receive_lowest_itu_t_option_two_generation_two": null,
            "frequency_synchronization_quality_transmit_exact_itu_t_option_one": null,
            "frequency_synchronization_quality_transmit_exact_itu_t_option_two_generation_one": null,
            "frequency_synchronization_quality_transmit_exact_itu_t_option_two_generation_two": null,
            "frequency_synchronization_quality_transmit_highest_itu_t_option_one": null,
            "frequency_synchronization_quality_transmit_highest_itu_t_option_two_generation_one": null,
            "frequency_synchronization_quality_transmit_highest_itu_t_option_two_generation_two": null,
            "frequency_synchronization_quality_transmit_lowest_itu_t_option_one": null,
            "frequency_synchronization_quality_transmit_lowest_itu_t_option_two_generation_one": null,
            "frequency_synchronization_quality_transmit_lowest_itu_t_option_two_generation_two": null,
            "frequency_synchronization_selection_input": null,
            "frequency_synchronization_ssm_disable": null,
            "frequency_synchronization_time_of_day_priority": null,
            "frequency_synchronization_wait_to_restore": null,
            "id": "Cisco-IOS-XR-um-interface-cfg:/interfaces/interface[interface-name=GigabitEthernet0/0/0/0]",
            "ipv4_access_group_egress_acl": null,
            "ipv4_access_group_egress_compress": null,
            "ipv4_access_group_egress_hardware_count": null,
            "ipv4_access_group_egress_interface_statistics": null,
            "ipv4_access_group_ingress_acl1": null,
            "ipv4_access_group_ingress_compress": null,
            "ipv4_access_group_ingress_hardware_count": null,
            "ipv4_access_group_ingress_interface_statistics": null,
            "ipv4_address": "10.0.0.1",
            "ipv4_algorithm": null,
            "ipv4_forwarding_enable": null,
            "ipv4_helper_addresses": null,
            "ipv4_mask_reply": null,
            "ipv4_mtu": null,
            "ipv4_netmask": "255.255.255.252",
            "ipv4_point_to_point": null,
            "ipv4_redirects": null,
            "ipv4_route_tag": null,
            "ipv4_secondaries": null,
            "ipv4_tcp_mss_adjust": null,
            "ipv4_ttl_propagate_disable": null,
            "ipv4_unnumbered": null,
            "ipv4_unreachables_disable": null,
            "ipv4_verify_unicast_source_reachable_via_allow_default": null,
            "ipv4_verify_unicast_source_reachable_via_allow_self_ping": null,
            "ipv4_verify_unicast_source_reachable_via_type": null,
            "ipv6_access_group_egress_acl": null,
            "ipv6_access_group_egress_compress": null,
            "ipv6_access_group_egress_interface_statistics": null,
            "ipv6_access_group_ingress_acl1": null,
            "ipv6_access_group_ingress_compress": null,
            "ipv6_access_group_ingress_interface_statistics": null,
            "ipv6_addresses": null,
            "ipv6_autoconfig": null,
            "ipv6_dhcp": null,
            "ipv6_enable": null,
            "ipv6_eui64_addresses": null,
            "ipv6_link_local_address": null,
            "ipv6_link_local_route_tag": null,
            "ipv6_link_local_zone": null,
            "ipv6_mtu": null,
            "ipv6_nd_cache_limit": null,
            "ipv6_nd_dad_attempts": null,
            "ipv6_nd_managed_config_flag": null,
            "ipv6_nd_ns_interval": null,
            "ipv6_nd_other_config_flag": null,
            "ipv6_nd_prefix_default_no_adv": null,
            "ipv6_nd_prefix_default_no_autoconfig": null,
            "ipv6_nd_ra_interval_max": null,
            "ipv6_nd_ra_interval_min": null,
            "ipv6_nd_ra_lifetime": null,
            "ipv6_nd_reachable_time": null,
            "ipv6_nd_redirects": null,
            "ipv6_nd_suppress_ra": null,
            "ipv6_nd_unicast_ra": null,
            "ipv6_tcp_mss_adjust": null,
            "ipv6_ttl_propagate_disable": null,
            "ipv6_unreachables_disable": null,
            "ipv6_verify_unicast_source_reachable_via_allow_default": null,
            "ipv6_verify_unicast_source_reachable_via_allow_self_ping": null,
            "ipv6_verify_unicast_source_reachable_via_type": null,
            "l2transport": null,
            "l2transport_encapsulation_dot1q_second_dot1q": null,
            "l2transport_encapsulation_dot1q_vlan_id": null,
            "lacp_period": null,
            "lacp_period_short": null,
            "lldp": null,
            "lldp_receive_disable": null,
            "lldp_tagged": null,
            "lldp_transmit_disable": null,
            "load_interval": null,
            "logging_events_link_status": null,
            "mac_address": null,
            "macsec_eap_policy": null,
            "macsec_fallback_psk_keychain": null,
            "macsec_policy": null,
            "macsec_psk_keychain_name": null,
            "monitor_sessions": null,
            "mpls_mtu": null,
            "mtu": 9000,
            "multipoint": null,
            "name": "0/0/0/0",
            "negotiation_auto": null,
            "negotiation_auto_allow_overrides": null,
            "point_to_point": null,
            "proxy_arp": null,
            "ptp": null,
            "ptp_announce_frequency": null,
            "ptp_announce_grant_duration": null,
            "ptp_announce_interval": null,
            "ptp_announce_timeout": null,
            "ptp_clock_operation_one_step": null,
            "ptp_clock_operation_two_step": null,
            "ptp_cos": null,
            "ptp_cos_event": null,
            "ptp_cos_general": null,
            "ptp_delay_asymmetry_unit_microseconds": null,
            "ptp_delay_asymmetry_unit_milliseconds": null,
            "ptp_delay_asymmetry_unit_nanoseconds": null,
            "ptp_delay_asymmetry_value": null,
            "ptp_delay_request_frequency": null,
            "ptp_delay_request_interval": null,
            "ptp_delay_response_grant_duration": null,
            "ptp_delay_response_timeout": null,
            "ptp_dscp": null,
            "ptp_dscp_event": null,
            "ptp_dscp_general": null,
            "ptp_interop_domain": null,
            "ptp_interop_egress_conversion_clock_accuracy": null,
            "ptp_interop_egress_conversion_clock_class_default": null,
            "ptp_interop_egress_conversion_clock_class_mappings": null,
            "ptp_interop_egress_conversion_offset_scaled_log_variance": null,
            "ptp_interop_egress_conversion_priority1": null,
            "ptp_interop_egress_conversion_priority2": null,
            "ptp_interop_ingress_conversion_clock_accuracy": null,
            "ptp_interop_ingress_conversion_clock_class_default": null,
            "ptp_interop_ingress_conversion_clock_class_mappings": null,
            "ptp_interop_ingress_conversion_offset_scaled_log_variance": null,
            "ptp_interop_ingress_conversion_priority1": null,
            "ptp_interop_ingress_conversion_priority2": null,
            "ptp_interop_profile_default": null,
            "ptp_interop_profile_g_8265_1": null,
            "ptp_interop_profile_g_8275_1": null,
            "ptp_interop_profile_g_8275_2": null,
            "ptp_ipv4_ttl": null,
            "ptp_ipv6_hop_limit": null,
            "ptp_local_priority": null,
            "ptp_master_ethernets": null,
            "ptp_master_ipv4s": null,
            "ptp_master_ipv6s": null,
            "ptp_multicast": null,
            "ptp_multicast_disable": null,
            "ptp_multicast_mixed": null,
            "ptp_multicast_target_address_mac_forwardable": null,
            "ptp_multicast_target_address_mac_non_forwardable": null,
            "ptp_port_state_any": null,
            "ptp_port_state_master_only": null,
            "ptp_port_state_slave_only": null,
            "ptp_profile": null,
            "ptp_slave_ethernets": null,
            "ptp_slave_ipv4s": null,
            "ptp_slave_ipv6s": null,
            "ptp_source_ipv4_address": null,
            "ptp_source_ipv4_address_disable": null,
            "ptp_source_ipv6_address": null,
            "ptp_source_ipv6_address_disable": null,
            "ptp_sync_frequency": null,
            "ptp_sync_grant_duration": null,
            "ptp_sync_interval": null,
            "ptp_sync_timeout": null,
            "ptp_transport_ethernet": null,
            "ptp_transport_ipv4": null,
            "ptp_transport_ipv6": null,
            "ptp_unicast_grant_invalid_request_deny": null,
            "ptp_unicast_grant_invalid_request_reduce": null,
            "rewrite_ingress_tag_pop_one": null,
            "rewrite_ingress_tag_pop_two": null,
            "service_policy_input": null,
            "service_policy_output": null,
            "shutdown": false,
            "speed": null,
            "type": "GigabitEthernet",
            "vrf": null
          },
          "sensitive_attributes": [],
          "identity_schema_version": 0,
          "private": "eyJpbXBvcnRpbmciOiJNQT09In0=",
          "dependencies": [
            "module.iosxr.iosxr_as_path_set.as_path_set",
            "module.iosxr.iosxr_class_map_qos.class_map_qos",
            "module.iosxr.iosxr_community_set.community_set",
            "module.iosxr.iosxr_esi_set.esi_set",
            "module.iosxr.iosxr_etag_set.etag_set",
            "module.iosxr.iosxr_extcommunity_bandwidth_set.extcommunity_bandwidth_set",
            "module.iosxr.iosxr_extcommunity_cost_set.extcommunity_cost_set",
            "module.iosxr.iosxr_extcommunity_evpn_link_bandwidth_set.extcommunity_evpn_link_bandwidth_set",
            "module.iosxr.iosxr_extcommunity_opaque_set.extcommunity_opaque_set",
            "module.iosxr.iosxr_extcommunity_rt_set.extcommunity_rt_set",
            "module.iosxr.iosxr_extcommunity_seg_nh_set.extcommunity_seg_nh_set",
            "module.iosxr.iosxr_extcommunity_soo_set.extcommunity_soo_set",
            "module.iosxr.iosxr_flow_exporter_map.flow_exporter_map",
            "module.iosxr.iosxr_flow_monitor_map.flow_monitor_map",
            "module.iosxr.iosxr_flow_sampler_map.flow_sampler_map",
            "module.iosxr.iosxr_ipv4_prefix_list.ipv4_prefix_list",
            "module.iosxr.iosxr_ipv6_prefix_list.ipv6_prefix_list",
            "module.iosxr.iosxr_key_chain.key_chain",
            "module.iosxr.iosxr_large_community_set.large_community_set",
            "module.iosxr.iosxr_mac_set.mac_set",
            "module.iosxr.iosxr_monitor_session.monitor_session",
            "module.iosxr.iosxr_ospf_area_set.ospf_area_set",
            "module.iosxr.iosxr_policy_global_set.policy_global_set",
            "module.iosxr.iosxr_policy_map_qos.policy_map_qos",
            "module.iosxr.iosxr_prefix_set.prefix_set",
            "module.iosxr.iosxr_rd_set.rd_set",
            "module.iosxr.iosxr_route_policy.route_policy",
            "module.iosxr.iosxr_tag_set.tag_set",
            "module.iosxr.iosxr_vrf.vrf",
            "module.iosxr.terraform_data.ethernet_flow_replace"
          ]
        },
        {
          "index_key": "ic-node-1/GigabitEthernet0/0/0/1",
          "schema_version": 0,
          "attributes": {
            "arp_cache_limit": null,
            "arp_gratuitous_ignore": null,
            "arp_learning_disable": null,
            "arp_learning_local": null,
            "arp_timeout": null,
            "bandwidth": null,
            "bundle_id": null,
            "bundle_id_mode": null,
            "bundle_port_priority": null,
            "carrier_delay_down": null,
            "carrier_delay_up": null,
            "cdp": true,
            "dampening": null,
            "dampening_decay_half_life": null,
            "dampening_max_suppress_time": null,
            "dampening_restart_penalty": null,
            "dampening_reuse_threshold": null,
            "dampening_suppress_threshold": null,
            "delete_mode": null,
            "description": "Underlay",
            "device": "ic-node-1",
            "duplex": null,
            "encapsulation_dot1q_second_dot1q": null,
            "encapsulation_dot1q_vlan_id": null,
            "ethernet_cfm_ais_transmission_up_cos": null,
            "ethernet_cfm_ais_transmission_up_interval": null,
            "ethernet_cfm_bandwidth_notifications_hold_off": null,
            "ethernet_cfm_bandwidth_notifications_log_changes": null,
            "ethernet_cfm_bandwidth_notifications_loss_threshold": null,
            "ethernet_cfm_bandwidth_notifications_wait_to_restore": null,
            "ethernet_cfm_mep_domains": null,
            "fec": null,
            "flow_control": null,
            "flow_ipv4_egress_monitor_samplers": null,
            "flow_ipv4_egress_monitors": null,
            "flow_ipv4_ingress_monitor_samplers": null,
            "flow_ipv4_ingress_monitors": null,
            "flow_ipv6_egress_monitor_samplers": null,
            "flow_ipv6_egress_monitors": null,
            "flow_ipv6_ingress_monitor_samplers": null,
            "flow_ipv6_ingress_monitors": null,
            "frequency_synchronization": null,
            "frequency_synchronization_priority": null,
            "frequency_synchronization_quality_receive_exact_itu_t_option_one": null,
            "frequency_synchronization_quality_receive_exact_itu_t_option_two_generation_one": null,
            "frequency_synchronization_quality_receive_exact_itu_t_option_two_generation_two": null,
            "frequency_synchronization_quality_receive_highest_itu_t_option_one": null,
            "frequency_synchronization_quality_receive_highest_itu_t_option_two_generation_one": null,
            "frequency_synchronization_quality_receive_highest_itu_t_option_two_generation_two": null,
            "frequency_synchronization_quality_receive_lowest_itu_t_option_one": null,
            "frequency_synchronization_quality_receive_lowest_itu_t_option_two_generation_one": null,
            "frequency_synchronization_quality_receive_lowest_itu_t_option_two_generation_two": null,
            "frequency_synchronization_quality_transmit_exact_itu_t_option_one": null,
            "frequency_synchronization_quality_transmit_exact_itu_t_option_two_generation_one": null,
            "frequency_synchronization_quality_transmit_exact_itu_t_option_two_generation_two": null,
            "frequency_synchronization_quality_transmit_highest_itu_t_option_one": null,
            "frequency_synchronization_quality_transmit_highest_itu_t_option_two_generation_one": null,
            "frequency_synchronization_quality_transmit_highest_itu_t_option_two_generation_two": null,
            "frequency_synchronization_quality_transmit_lowest_itu_t_option_one": null,
            "frequency_synchronization_quality_transmit_lowest_itu_t_option_two_generation_one": null,
            "frequency_synchronization_quality_transmit_lowest_itu_t_option_two_generation_two": null,
            "frequency_synchronization_selection_input": null,
            "frequency_synchronization_ssm_disable": null,
            "frequency_synchronization_time_of_day_priority": null,
            "frequency_synchronization_wait_to_restore": null,
            "id": "Cisco-IOS-XR-um-interface-cfg:/interfaces/interface[interface-name=GigabitEthernet0/0/0/1]",
            "ipv4_access_group_egress_acl": null,
            "ipv4_access_group_egress_compress": null,
            "ipv4_access_group_egress_hardware_count": null,
            "ipv4_access_group_egress_interface_statistics": null,
            "ipv4_access_group_ingress_acl1": null,
            "ipv4_access_group_ingress_compress": null,
            "ipv4_access_group_ingress_hardware_count": null,
            "ipv4_access_group_ingress_interface_statistics": null,
            "ipv4_address": "10.0.0.5",
            "ipv4_algorithm": null,
            "ipv4_forwarding_enable": null,
            "ipv4_helper_addresses": null,
            "ipv4_mask_reply": null,
            "ipv4_mtu": null,
            "ipv4_netmask": "255.255.255.252",
            "ipv4_point_to_point": null,
            "ipv4_redirects": null,
            "ipv4_route_tag": null,
            "ipv4_secondaries": null,
            "ipv4_tcp_mss_adjust": null,
            "ipv4_ttl_propagate_disable": null,
            "ipv4_unnumbered": null,
            "ipv4_unreachables_disable": null,
            "ipv4_verify_unicast_source_reachable_via_allow_default": null,
            "ipv4_verify_unicast_source_reachable_via_allow_self_ping": null,
            "ipv4_verify_unicast_source_reachable_via_type": null,
            "ipv6_access_group_egress_acl": null,
            "ipv6_access_group_egress_compress": null,
            "ipv6_access_group_egress_interface_statistics": null,
            "ipv6_access_group_ingress_acl1": null,
            "ipv6_access_group_ingress_compress": null,
            "ipv6_access_group_ingress_interface_statistics": null,
            "ipv6_addresses": null,
            "ipv6_autoconfig": null,
            "ipv6_dhcp": null,
            "ipv6_enable": null,
            "ipv6_eui64_addresses": null,
            "ipv6_link_local_address": null,
            "ipv6_link_local_route_tag": null,
            "ipv6_link_local_zone": null,
            "ipv6_mtu": null,
            "ipv6_nd_cache_limit": null,
            "ipv6_nd_dad_attempts": null,
            "ipv6_nd_managed_config_flag": null,
            "ipv6_nd_ns_interval": null,
            "ipv6_nd_other_config_flag": null,
            "ipv6_nd_prefix_default_no_adv": null,
            "ipv6_nd_prefix_default_no_autoconfig": null,
            "ipv6_nd_ra_interval_max": null,
            "ipv6_nd_ra_interval_min": null,
            "ipv6_nd_ra_lifetime": null,
            "ipv6_nd_reachable_time": null,
            "ipv6_nd_redirects": null,
            "ipv6_nd_suppress_ra": null,
            "ipv6_nd_unicast_ra": null,
            "ipv6_tcp_mss_adjust": null,
            "ipv6_ttl_propagate_disable": null,
            "ipv6_unreachables_disable": null,
            "ipv6_verify_unicast_source_reachable_via_allow_default": null,
            "ipv6_verify_unicast_source_reachable_via_allow_self_ping": null,
            "ipv6_verify_unicast_source_reachable_via_type": null,
            "l2transport": null,
            "l2transport_encapsulation_dot1q_second_dot1q": null,
            "l2transport_encapsulation_dot1q_vlan_id": null,
            "lacp_period": null,
            "lacp_period_short": null,
            "lldp": null,
            "lldp_receive_disable": null,
            "lldp_tagged": null,
            "lldp_transmit_disable": null,
            "load_interval": null,
            "logging_events_link_status": null,
            "mac_address": null,
            "macsec_eap_policy": null,
            "macsec_fallback_psk_keychain": null,
            "macsec_policy": null,
            "macsec_psk_keychain_name": null,
            "monitor_sessions": null,
            "mpls_mtu": null,
            "mtu": 9000,
            "multipoint": null,
            "name": "0/0/0/1",
            "negotiation_auto": null,
            "negotiation_auto_allow_overrides": null,
            "point_to_point": null,
            "proxy_arp": null,
            "ptp": null,
            "ptp_announce_frequency": null,
            "ptp_announce_grant_duration": null,
            "ptp_announce_interval": null,
            "ptp_announce_timeout": null,
            "ptp_clock_operation_one_step": null,
            "ptp_clock_operation_two_step": null,
            "ptp_cos": null,
            "ptp_cos_event": null,
            "ptp_cos_general": null,
            "ptp_delay_asymmetry_unit_microseconds": null,
            "ptp_delay_asymmetry_unit_milliseconds": null,
            "ptp_delay_asymmetry_unit_nanoseconds": null,
            "ptp_delay_asymmetry_value": null,
            "ptp_delay_request_frequency": null,
            "ptp_delay_request_interval": null,
            "ptp_delay_response_grant_duration": null,
            "ptp_delay_response_timeout": null,
            "ptp_dscp": null,
            "ptp_dscp_event": null,
            "ptp_dscp_general": null,
            "ptp_interop_domain": null,
            "ptp_interop_egress_conversion_clock_accuracy": null,
            "ptp_interop_egress_conversion_clock_class_default": null,
            "ptp_interop_egress_conversion_clock_class_mappings": null,
            "ptp_interop_egress_conversion_offset_scaled_log_variance": null,
            "ptp_interop_egress_conversion_priority1": null,
            "ptp_interop_egress_conversion_priority2": null,
            "ptp_interop_ingress_conversion_clock_accuracy": null,
            "ptp_interop_ingress_conversion_clock_class_default": null,
            "ptp_interop_ingress_conversion_clock_class_mappings": null,
            "ptp_interop_ingress_conversion_offset_scaled_log_variance": null,
            "ptp_interop_ingress_conversion_priority1": null,
            "ptp_interop_ingress_conversion_priority2": null,
            "ptp_interop_profile_default": null,
            "ptp_interop_profile_g_8265_1": null,
            "ptp_interop_profile_g_8275_1": null,
            "ptp_interop_profile_g_8275_2": null,
            "ptp_ipv4_ttl": null,
            "ptp_ipv6_hop_limit": null,
            "ptp_local_priority": null,
            "ptp_master_ethernets": null,
            "ptp_master_ipv4s": null,
            "ptp_master_ipv6s": null,
            "ptp_multicast": null,
            "ptp_multicast_disable": null,
            "ptp_multicast_mixed": null,
            "ptp_multicast_target_address_mac_forwardable": null,
            "ptp_multicast_target_address_mac_non_forwardable": null,
            "ptp_port_state_any": null,
            "ptp_port_state_master_only": null,
            "ptp_port_state_slave_only": null,
            "ptp_profile": null,
            "ptp_slave_ethernets": null,
            "ptp_slave_ipv4s": null,
            "ptp_slave_ipv6s": null,
            "ptp_source_ipv4_address": null,
            "ptp_source_ipv4_address_disable": null,
            "ptp_source_ipv6_address": null,
            "ptp_source_ipv6_address_disable": null,
            "ptp_sync_frequency": null,
            "ptp_sync_grant_duration": null,
            "ptp_sync_interval": null,
            "ptp_sync_timeout": null,
            "ptp_transport_ethernet": null,
            "ptp_transport_ipv4": null,
            "ptp_transport_ipv6": null,
            "ptp_unicast_grant_invalid_request_deny": null,
            "ptp_unicast_grant_invalid_request_reduce": null,
            "rewrite_ingress_tag_pop_one": null,
            "rewrite_ingress_tag_pop_two": null,
            "service_policy_input": null,
            "service_policy_output": null,
            "shutdown": false,
            "speed": null,
            "type": "GigabitEthernet",
            "vrf": null
          },
          "sensitive_attributes": [],
          "identity_schema_version": 0,
          "private": "eyJpbXBvcnRpbmciOiJNQT09In0=",
          "dependencies": [
            "module.iosxr.iosxr_as_path_set.as_path_set",
            "module.iosxr.iosxr_class_map_qos.class_map_qos",
            "module.iosxr.iosxr_community_set.community_set",
            "module.iosxr.iosxr_esi_set.esi_set",
            "module.iosxr.iosxr_etag_set.etag_set",
            "module.iosxr.iosxr_extcommunity_bandwidth_set.extcommunity_bandwidth_set",
            "module.iosxr.iosxr_extcommunity_cost_set.extcommunity_cost_set",
            "module.iosxr.iosxr_extcommunity_evpn_link_bandwidth_set.extcommunity_evpn_link_bandwidth_set",
            "module.iosxr.iosxr_extcommunity_opaque_set.extcommunity_opaque_set",
            "module.iosxr.iosxr_extcommunity_rt_set.extcommunity_rt_set",
            "module.iosxr.iosxr_extcommunity_seg_nh_set.extcommunity_seg_nh_set",
            "module.iosxr.iosxr_extcommunity_soo_set.extcommunity_soo_set",
            "module.iosxr.iosxr_flow_exporter_map.flow_exporter_map",
            "module.iosxr.iosxr_flow_monitor_map.flow_monitor_map",
            "module.iosxr.iosxr_flow_sampler_map.flow_sampler_map",
            "module.iosxr.iosxr_ipv4_prefix_list.ipv4_prefix_list",
            "module.iosxr.iosxr_ipv6_prefix_list.ipv6_prefix_list",
            "module.iosxr.iosxr_key_chain.key_chain",
            "module.iosxr.iosxr_large_community_set.large_community_set",
            "module.iosxr.iosxr_mac_set.mac_set",
            "module.iosxr.iosxr_monitor_session.monitor_session",
            "module.iosxr.iosxr_ospf_area_set.ospf_area_set",
            "module.iosxr.iosxr_policy_global_set.policy_global_set",
            "module.iosxr.iosxr_policy_map_qos.policy_map_qos",
            "module.iosxr.iosxr_prefix_set.prefix_set",
            "module.iosxr.iosxr_rd_set.rd_set",
            "module.iosxr.iosxr_route_policy.route_policy",
            "module.iosxr.iosxr_tag_set.tag_set",
            "module.iosxr.iosxr_vrf.vrf",
            "module.iosxr.terraform_data.ethernet_flow_replace"
          ]
        },
        {
          "index_key": "ic-node-2/GigabitEthernet0/0/0/0",
          "schema_version": 0,
          "attributes": {
            "arp_cache_limit": null,
            "arp_gratuitous_ignore": null,
            "arp_learning_disable": null,
            "arp_learning_local": null,
            "arp_timeout": null,
            "bandwidth": null,
            "bundle_id": null,
            "bundle_id_mode": null,
            "bundle_port_priority": null,
            "carrier_delay_down": null,
            "carrier_delay_up": null,
            "cdp": true,
            "dampening": null,
            "dampening_decay_half_life": null,
            "dampening_max_suppress_time": null,
            "dampening_restart_penalty": null,
            "dampening_reuse_threshold": null,
            "dampening_suppress_threshold": null,
            "delete_mode": null,
            "description": "Underlay",
            "device": "ic-node-2",
            "duplex": null,
            "encapsulation_dot1q_second_dot1q": null,
            "encapsulation_dot1q_vlan_id": null,
            "ethernet_cfm_ais_transmission_up_cos": null,
            "ethernet_cfm_ais_transmission_up_interval": null,
            "ethernet_cfm_bandwidth_notifications_hold_off": null,
            "ethernet_cfm_bandwidth_notifications_log_changes": null,
            "ethernet_cfm_bandwidth_notifications_loss_threshold": null,
            "ethernet_cfm_bandwidth_notifications_wait_to_restore": null,
            "ethernet_cfm_mep_domains": null,
            "fec": null,
            "flow_control": null,
            "flow_ipv4_egress_monitor_samplers": null,
            "flow_ipv4_egress_monitors": null,
            "flow_ipv4_ingress_monitor_samplers": null,
            "flow_ipv4_ingress_monitors": null,
            "flow_ipv6_egress_monitor_samplers": null,
            "flow_ipv6_egress_monitors": null,
            "flow_ipv6_ingress_monitor_samplers": null,
            "flow_ipv6_ingress_monitors": null,
            "frequency_synchronization": null,
            "frequency_synchronization_priority": null,
            "frequency_synchronization_quality_receive_exact_itu_t_option_one": null,
            "frequency_synchronization_quality_receive_exact_itu_t_option_two_generation_one": null,
            "frequency_synchronization_quality_receive_exact_itu_t_option_two_generation_two": null,
            "frequency_synchronization_quality_receive_highest_itu_t_option_one": null,
            "frequency_synchronization_quality_receive_highest_itu_t_option_two_generation_one": null,
            "frequency_synchronization_quality_receive_highest_itu_t_option_two_generation_two": null,
            "frequency_synchronization_quality_receive_lowest_itu_t_option_one": null,
            "frequency_synchronization_quality_receive_lowest_itu_t_option_two_generation_one": null,
            "frequency_synchronization_quality_receive_lowest_itu_t_option_two_generation_two": null,
            "frequency_synchronization_quality_transmit_exact_itu_t_option_one": null,
            "frequency_synchronization_quality_transmit_exact_itu_t_option_two_generation_one": null,
            "frequency_synchronization_quality_transmit_exact_itu_t_option_two_generation_two": null,
            "frequency_synchronization_quality_transmit_highest_itu_t_option_one": null,
            "frequency_synchronization_quality_transmit_highest_itu_t_option_two_generation_one": null,
            "frequency_synchronization_quality_transmit_highest_itu_t_option_two_generation_two": null,
            "frequency_synchronization_quality_transmit_lowest_itu_t_option_one": null,
            "frequency_synchronization_quality_transmit_lowest_itu_t_option_two_generation_one": null,
            "frequency_synchronization_quality_transmit_lowest_itu_t_option_two_generation_two": null,
            "frequency_synchronization_selection_input": null,
            "frequency_synchronization_ssm_disable": null,
            "frequency_synchronization_time_of_day_priority": null,
            "frequency_synchronization_wait_to_restore": null,
            "id": "Cisco-IOS-XR-um-interface-cfg:/interfaces/interface[interface-name=GigabitEthernet0/0/0/0]",
            "ipv4_access_group_egress_acl": null,
            "ipv4_access_group_egress_compress": null,
            "ipv4_access_group_egress_hardware_count": null,
            "ipv4_access_group_egress_interface_statistics": null,
            "ipv4_access_group_ingress_acl1": null,
            "ipv4_access_group_ingress_compress": null,
            "ipv4_access_group_ingress_hardware_count": null,
            "ipv4_access_group_ingress_interface_statistics": null,
            "ipv4_address": "10.0.0.9",
            "ipv4_algorithm": null,
            "ipv4_forwarding_enable": null,
            "ipv4_helper_addresses": null,
            "ipv4_mask_reply": null,
            "ipv4_mtu": null,
            "ipv4_netmask": "255.255.255.252",
            "ipv4_point_to_point": null,
            "ipv4_redirects": null,
            "ipv4_route_tag": null,
            "ipv4_secondaries": null,
            "ipv4_tcp_mss_adjust": null,
            "ipv4_ttl_propagate_disable": null,
            "ipv4_unnumbered": null,
            "ipv4_unreachables_disable": null,
            "ipv4_verify_unicast_source_reachable_via_allow_default": null,
            "ipv4_verify_unicast_source_reachable_via_allow_self_ping": null,
            "ipv4_verify_unicast_source_reachable_via_type": null,
            "ipv6_access_group_egress_acl": null,
            "ipv6_access_group_egress_compress": null,
            "ipv6_access_group_egress_interface_statistics": null,
            "ipv6_access_group_ingress_acl1": null,
            "ipv6_access_group_ingress_compress": null,
            "ipv6_access_group_ingress_interface_statistics": null,
            "ipv6_addresses": null,
            "ipv6_autoconfig": null,
            "ipv6_dhcp": null,
            "ipv6_enable": null,
            "ipv6_eui64_addresses": null,
            "ipv6_link_local_address": null,
            "ipv6_link_local_route_tag": null,
            "ipv6_link_local_zone": null,
            "ipv6_mtu": null,
            "ipv6_nd_cache_limit": null,
            "ipv6_nd_dad_attempts": null,
            "ipv6_nd_managed_config_flag": null,
            "ipv6_nd_ns_interval": null,
            "ipv6_nd_other_config_flag": null,
            "ipv6_nd_prefix_default_no_adv": null,
            "ipv6_nd_prefix_default_no_autoconfig": null,
            "ipv6_nd_ra_interval_max": null,
            "ipv6_nd_ra_interval_min": null,
            "ipv6_nd_ra_lifetime": null,
            "ipv6_nd_reachable_time": null,
            "ipv6_nd_redirects": null,
            "ipv6_nd_suppress_ra": null,
            "ipv6_nd_unicast_ra": null,
            "ipv6_tcp_mss_adjust": null,
            "ipv6_ttl_propagate_disable": null,
            "ipv6_unreachables_disable": null,
            "ipv6_verify_unicast_source_reachable_via_allow_default": null,
            "ipv6_verify_unicast_source_reachable_via_allow_self_ping": null,
            "ipv6_verify_unicast_source_reachable_via_type": null,
            "l2transport": null,
            "l2transport_encapsulation_dot1q_second_dot1q": null,
            "l2transport_encapsulation_dot1q_vlan_id": null,
            "lacp_period": null,
            "lacp_period_short": null,
            "lldp": null,
            "lldp_receive_disable": null,
            "lldp_tagged": null,
            "lldp_transmit_disable": null,
            "load_interval": null,
            "logging_events_link_status": null,
            "mac_address": null,
            "macsec_eap_policy": null,
            "macsec_fallback_psk_keychain": null,
            "macsec_policy": null,
            "macsec_psk_keychain_name": null,
            "monitor_sessions": null,
            "mpls_mtu": null,
            "mtu": 9000,
            "multipoint": null,
            "name": "0/0/0/0",
            "negotiation_auto": null,
            "negotiation_auto_allow_overrides": null,
            "point_to_point": null,
            "proxy_arp": null,
            "ptp": null,
            "ptp_announce_frequency": null,
            "ptp_announce_grant_duration": null,
            "ptp_announce_interval": null,
            "ptp_announce_timeout": null,
            "ptp_clock_operation_one_step": null,
            "ptp_clock_operation_two_step": null,
            "ptp_cos": null,
            "ptp_cos_event": null,
            "ptp_cos_general": null,
            "ptp_delay_asymmetry_unit_microseconds": null,
            "ptp_delay_asymmetry_unit_milliseconds": null,
            "ptp_delay_asymmetry_unit_nanoseconds": null,
            "ptp_delay_asymmetry_value": null,
            "ptp_delay_request_frequency": null,
            "ptp_delay_request_interval": null,
            "ptp_delay_response_grant_duration": null,
            "ptp_delay_response_timeout": null,
            "ptp_dscp": null,
            "ptp_dscp_event": null,
            "ptp_dscp_general": null,
            "ptp_interop_domain": null,
            "ptp_interop_egress_conversion_clock_accuracy": null,
            "ptp_interop_egress_conversion_clock_class_default": null,
            "ptp_interop_egress_conversion_clock_class_mappings": null,
            "ptp_interop_egress_conversion_offset_scaled_log_variance": null,
            "ptp_interop_egress_conversion_priority1": null,
            "ptp_interop_egress_conversion_priority2": null,
            "ptp_interop_ingress_conversion_clock_accuracy": null,
            "ptp_interop_ingress_conversion_clock_class_default": null,
            "ptp_interop_ingress_conversion_clock_class_mappings": null,
            "ptp_interop_ingress_conversion_offset_scaled_log_variance": null,
            "ptp_interop_ingress_conversion_priority1": null,
            "ptp_interop_ingress_conversion_priority2": null,
            "ptp_interop_profile_default": null,
            "ptp_interop_profile_g_8265_1": null,
            "ptp_interop_profile_g_8275_1": null,
            "ptp_interop_profile_g_8275_2": null,
            "ptp_ipv4_ttl": null,
            "ptp_ipv6_hop_limit": null,
            "ptp_local_priority": null,
            "ptp_master_ethernets": null,
            "ptp_master_ipv4s": null,
            "ptp_master_ipv6s": null,
            "ptp_multicast": null,
            "ptp_multicast_disable": null,
            "ptp_multicast_mixed": null,
            "ptp_multicast_target_address_mac_forwardable": null,
            "ptp_multicast_target_address_mac_non_forwardable": null,
            "ptp_port_state_any": null,
            "ptp_port_state_master_only": null,
            "ptp_port_state_slave_only": null,
            "ptp_profile": null,
            "ptp_slave_ethernets": null,
            "ptp_slave_ipv4s": null,
            "ptp_slave_ipv6s": null,
            "ptp_source_ipv4_address": null,
            "ptp_source_ipv4_address_disable": null,
            "ptp_source_ipv6_address": null,
            "ptp_source_ipv6_address_disable": null,
            "ptp_sync_frequency": null,
            "ptp_sync_grant_duration": null,
            "ptp_sync_interval": null,
            "ptp_sync_timeout": null,
            "ptp_transport_ethernet": null,
            "ptp_transport_ipv4": null,
            "ptp_transport_ipv6": null,
            "ptp_unicast_grant_invalid_request_deny": null,
            "ptp_unicast_grant_invalid_request_reduce": null,
            "rewrite_ingress_tag_pop_one": null,
            "rewrite_ingress_tag_pop_two": null,
            "service_policy_input": null,
            "service_policy_output": null,
            "shutdown": false,
            "speed": null,
            "type": "GigabitEthernet",
            "vrf": null
          },
          "sensitive_attributes": [],
          "identity_schema_version": 0,
          "private": "eyJpbXBvcnRpbmciOiJNQT09In0=",
          "dependencies": [
            "module.iosxr.iosxr_as_path_set.as_path_set",
            "module.iosxr.iosxr_class_map_qos.class_map_qos",
            "module.iosxr.iosxr_community_set.community_set",
            "module.iosxr.iosxr_esi_set.esi_set",
            "module.iosxr.iosxr_etag_set.etag_set",
            "module.iosxr.iosxr_extcommunity_bandwidth_set.extcommunity_bandwidth_set",
            "module.iosxr.iosxr_extcommunity_cost_set.extcommunity_cost_set",
            "module.iosxr.iosxr_extcommunity_evpn_link_bandwidth_set.extcommunity_evpn_link_bandwidth_set",
            "module.iosxr.iosxr_extcommunity_opaque_set.extcommunity_opaque_set",
            "module.iosxr.iosxr_extcommunity_rt_set.extcommunity_rt_set",
            "module.iosxr.iosxr_extcommunity_seg_nh_set.extcommunity_seg_nh_set",
            "module.iosxr.iosxr_extcommunity_soo_set.extcommunity_soo_set",
            "module.iosxr.iosxr_flow_exporter_map.flow_exporter_map",
            "module.iosxr.iosxr_flow_monitor_map.flow_monitor_map",
            "module.iosxr.iosxr_flow_sampler_map.flow_sampler_map",
            "module.iosxr.iosxr_ipv4_prefix_list.ipv4_prefix_list",
            "module.iosxr.iosxr_ipv6_prefix_list.ipv6_prefix_list",
            "module.iosxr.iosxr_key_chain.key_chain",
            "module.iosxr.iosxr_large_community_set.large_community_set",
            "module.iosxr.iosxr_mac_set.mac_set",
            "module.iosxr.iosxr_monitor_session.monitor_session",
            "module.iosxr.iosxr_ospf_area_set.ospf_area_set",
            "module.iosxr.iosxr_policy_global_set.policy_global_set",
            "module.iosxr.iosxr_policy_map_qos.policy_map_qos",
            "module.iosxr.iosxr_prefix_set.prefix_set",
            "module.iosxr.iosxr_rd_set.rd_set",
            "module.iosxr.iosxr_route_policy.route_policy",
            "module.iosxr.iosxr_tag_set.tag_set",
            "module.iosxr.iosxr_vrf.vrf",
            "module.iosxr.terraform_data.ethernet_flow_replace"
          ]
        },
        {
          "index_key": "ic-node-2/GigabitEthernet0/0/0/1",
          "schema_version": 0,
          "attributes": {
            "arp_cache_limit": null,
            "arp_gratuitous_ignore": null,
            "arp_learning_disable": null,
            "arp_learning_local": null,
            "arp_timeout": null,
            "bandwidth": null,
            "bundle_id": null,
            "bundle_id_mode": null,
            "bundle_port_priority": null,
            "carrier_delay_down": null,
            "carrier_delay_up": null,
            "cdp": true,
            "dampening": null,
            "dampening_decay_half_life": null,
            "dampening_max_suppress_time": null,
            "dampening_restart_penalty": null,
            "dampening_reuse_threshold": null,
            "dampening_suppress_threshold": null,
            "delete_mode": null,
            "description": "Underlay",
            "device": "ic-node-2",
            "duplex": null,
            "encapsulation_dot1q_second_dot1q": null,
            "encapsulation_dot1q_vlan_id": null,
            "ethernet_cfm_ais_transmission_up_cos": null,
            "ethernet_cfm_ais_transmission_up_interval": null,
            "ethernet_cfm_bandwidth_notifications_hold_off": null,
            "ethernet_cfm_bandwidth_notifications_log_changes": null,
            "ethernet_cfm_bandwidth_notifications_loss_threshold": null,
            "ethernet_cfm_bandwidth_notifications_wait_to_restore": null,
            "ethernet_cfm_mep_domains": null,
            "fec": null,
            "flow_control": null,
            "flow_ipv4_egress_monitor_samplers": null,
            "flow_ipv4_egress_monitors": null,
            "flow_ipv4_ingress_monitor_samplers": null,
            "flow_ipv4_ingress_monitors": null,
            "flow_ipv6_egress_monitor_samplers": null,
            "flow_ipv6_egress_monitors": null,
            "flow_ipv6_ingress_monitor_samplers": null,
            "flow_ipv6_ingress_monitors": null,
            "frequency_synchronization": null,
            "frequency_synchronization_priority": null,
            "frequency_synchronization_quality_receive_exact_itu_t_option_one": null,
            "frequency_synchronization_quality_receive_exact_itu_t_option_two_generation_one": null,
            "frequency_synchronization_quality_receive_exact_itu_t_option_two_generation_two": null,
            "frequency_synchronization_quality_receive_highest_itu_t_option_one": null,
            "frequency_synchronization_quality_receive_highest_itu_t_option_two_generation_one": null,
            "frequency_synchronization_quality_receive_highest_itu_t_option_two_generation_two": null,
            "frequency_synchronization_quality_receive_lowest_itu_t_option_one": null,
            "frequency_synchronization_quality_receive_lowest_itu_t_option_two_generation_one": null,
            "frequency_synchronization_quality_receive_lowest_itu_t_option_two_generation_two": null,
            "frequency_synchronization_quality_transmit_exact_itu_t_option_one": null,
            "frequency_synchronization_quality_transmit_exact_itu_t_option_two_generation_one": null,
            "frequency_synchronization_quality_transmit_exact_itu_t_option_two_generation_two": null,
            "frequency_synchronization_quality_transmit_highest_itu_t_option_one": null,
            "frequency_synchronization_quality_transmit_highest_itu_t_option_two_generation_one": null,
            "frequency_synchronization_quality_transmit_highest_itu_t_option_two_generation_two": null,
            "frequency_synchronization_quality_transmit_lowest_itu_t_option_one": null,
            "frequency_synchronization_quality_transmit_lowest_itu_t_option_two_generation_one": null,
            "frequency_synchronization_quality_transmit_lowest_itu_t_option_two_generation_two": null,
            "frequency_synchronization_selection_input": null,
            "frequency_synchronization_ssm_disable": null,
            "frequency_synchronization_time_of_day_priority": null,
            "frequency_synchronization_wait_to_restore": null,
            "id": "Cisco-IOS-XR-um-interface-cfg:/interfaces/interface[interface-name=GigabitEthernet0/0/0/1]",
            "ipv4_access_group_egress_acl": null,
            "ipv4_access_group_egress_compress": null,
            "ipv4_access_group_egress_hardware_count": null,
            "ipv4_access_group_egress_interface_statistics": null,
            "ipv4_access_group_ingress_acl1": null,
            "ipv4_access_group_ingress_compress": null,
            "ipv4_access_group_ingress_hardware_count": null,
            "ipv4_access_group_ingress_interface_statistics": null,
            "ipv4_address": "10.0.0.13",
            "ipv4_algorithm": null,
            "ipv4_forwarding_enable": null,
            "ipv4_helper_addresses": null,
            "ipv4_mask_reply": null,
            "ipv4_mtu": null,
            "ipv4_netmask": "255.255.255.252",
            "ipv4_point_to_point": null,
            "ipv4_redirects": null,
            "ipv4_route_tag": null,
            "ipv4_secondaries": null,
            "ipv4_tcp_mss_adjust": null,
            "ipv4_ttl_propagate_disable": null,
            "ipv4_unnumbered": null,
            "ipv4_unreachables_disable": null,
            "ipv4_verify_unicast_source_reachable_via_allow_default": null,
            "ipv4_verify_unicast_source_reachable_via_allow_self_ping": null,
            "ipv4_verify_unicast_source_reachable_via_type": null,
            "ipv6_access_group_egress_acl": null,
            "ipv6_access_group_egress_compress": null,
            "ipv6_access_group_egress_interface_statistics": null,
            "ipv6_access_group_ingress_acl1": null,
            "ipv6_access_group_ingress_compress": null,
            "ipv6_access_group_ingress_interface_statistics": null,
            "ipv6_addresses": null,
            "ipv6_autoconfig": null,
            "ipv6_dhcp": null,
            "ipv6_enable": null,
            "ipv6_eui64_addresses": null,
            "ipv6_link_local_address": null,
            "ipv6_link_local_route_tag": null,
            "ipv6_link_local_zone": null,
            "ipv6_mtu": null,
            "ipv6_nd_cache_limit": null,
            "ipv6_nd_dad_attempts": null,
            "ipv6_nd_managed_config_flag": null,
            "ipv6_nd_ns_interval": null,
            "ipv6_nd_other_config_flag": null,
            "ipv6_nd_prefix_default_no_adv": null,
            "ipv6_nd_prefix_default_no_autoconfig": null,
            "ipv6_nd_ra_interval_max": null,
            "ipv6_nd_ra_interval_min": null,
            "ipv6_nd_ra_lifetime": null,
            "ipv6_nd_reachable_time": null,
            "ipv6_nd_redirects": null,
            "ipv6_nd_suppress_ra": null,
            "ipv6_nd_unicast_ra": null,
            "ipv6_tcp_mss_adjust": null,
            "ipv6_ttl_propagate_disable": null,
            "ipv6_unreachables_disable": null,
            "ipv6_verify_unicast_source_reachable_via_allow_default": null,
            "ipv6_verify_unicast_source_reachable_via_allow_self_ping": null,
            "ipv6_verify_unicast_source_reachable_via_type": null,
            "l2transport": null,
            "l2transport_encapsulation_dot1q_second_dot1q": null,
            "l2transport_encapsulation_dot1q_vlan_id": null,
            "lacp_period": null,
            "lacp_period_short": null,
            "lldp": null,
            "lldp_receive_disable": null,
            "lldp_tagged": null,
            "lldp_transmit_disable": null,
            "load_interval": null,
            "logging_events_link_status": null,
            "mac_address": null,
            "macsec_eap_policy": null,
            "macsec_fallback_psk_keychain": null,
            "macsec_policy": null,
            "macsec_psk_keychain_name": null,
            "monitor_sessions": null,
            "mpls_mtu": null,
            "mtu": 9000,
            "multipoint": null,
            "name": "0/0/0/1",
            "negotiation_auto": null,
            "negotiation_auto_allow_overrides": null,
            "point_to_point": null,
            "proxy_arp": null,
            "ptp": null,
            "ptp_announce_frequency": null,
            "ptp_announce_grant_duration": null,
            "ptp_announce_interval": null,
            "ptp_announce_timeout": null,
            "ptp_clock_operation_one_step": null,
            "ptp_clock_operation_two_step": null,
            "ptp_cos": null,
            "ptp_cos_event": null,
            "ptp_cos_general": null,
            "ptp_delay_asymmetry_unit_microseconds": null,
            "ptp_delay_asymmetry_unit_milliseconds": null,
            "ptp_delay_asymmetry_unit_nanoseconds": null,
            "ptp_delay_asymmetry_value": null,
            "ptp_delay_request_frequency": null,
            "ptp_delay_request_interval": null,
            "ptp_delay_response_grant_duration": null,
            "ptp_delay_response_timeout": null,
            "ptp_dscp": null,
            "ptp_dscp_event": null,
            "ptp_dscp_general": null,
            "ptp_interop_domain": null,
            "ptp_interop_egress_conversion_clock_accuracy": null,
            "ptp_interop_egress_conversion_clock_class_default": null,
            "ptp_interop_egress_conversion_clock_class_mappings": null,
            "ptp_interop_egress_conversion_offset_scaled_log_variance": null,
            "ptp_interop_egress_conversion_priority1": null,
            "ptp_interop_egress_conversion_priority2": null,
            "ptp_interop_ingress_conversion_clock_accuracy": null,
            "ptp_interop_ingress_conversion_clock_class_default": null,
            "ptp_interop_ingress_conversion_clock_class_mappings": null,
            "ptp_interop_ingress_conversion_offset_scaled_log_variance": null,
            "ptp_interop_ingress_conversion_priority1": null,
            "ptp_interop_ingress_conversion_priority2": null,
            "ptp_interop_profile_default": null,
            "ptp_interop_profile_g_8265_1": null,
            "ptp_interop_profile_g_8275_1": null,
            "ptp_interop_profile_g_8275_2": null,
            "ptp_ipv4_ttl": null,
            "ptp_ipv6_hop_limit": null,
            "ptp_local_priority": null,
            "ptp_master_ethernets": null,
            "ptp_master_ipv4s": null,
            "ptp_master_ipv6s": null,
            "ptp_multicast": null,
            "ptp_multicast_disable": null,
            "ptp_multicast_mixed": null,
            "ptp_multicast_target_address_mac_forwardable": null,
            "ptp_multicast_target_address_mac_non_forwardable": null,
            "ptp_port_state_any": null,
            "ptp_port_state_master_only": null,
            "ptp_port_state_slave_only": null,
            "ptp_profile": null,
            "ptp_slave_ethernets": null,
            "ptp_slave_ipv4s": null,
            "ptp_slave_ipv6s": null,
            "ptp_source_ipv4_address": null,
            "ptp_source_ipv4_address_disable": null,
            "ptp_source_ipv6_address": null,
            "ptp_source_ipv6_address_disable": null,
            "ptp_sync_frequency": null,
            "ptp_sync_grant_duration": null,
            "ptp_sync_interval": null,
            "ptp_sync_timeout": null,
            "ptp_transport_ethernet": null,
            "ptp_transport_ipv4": null,
            "ptp_transport_ipv6": null,
            "ptp_unicast_grant_invalid_request_deny": null,
            "ptp_unicast_grant_invalid_request_reduce": null,
            "rewrite_ingress_tag_pop_one": null,
            "rewrite_ingress_tag_pop_two": null,
            "service_policy_input": null,
            "service_policy_output": null,
            "shutdown": false,
            "speed": null,
            "type": "GigabitEthernet",
            "vrf": null
          },
          "sensitive_attributes": [],
          "identity_schema_version": 0,
          "private": "eyJpbXBvcnRpbmciOiJNQT09In0=",
          "dependencies": [
            "module.iosxr.iosxr_as_path_set.as_path_set",
            "module.iosxr.iosxr_class_map_qos.class_map_qos",
            "module.iosxr.iosxr_community_set.community_set",
            "module.iosxr.iosxr_esi_set.esi_set",
            "module.iosxr.iosxr_etag_set.etag_set",
            "module.iosxr.iosxr_extcommunity_bandwidth_set.extcommunity_bandwidth_set",
            "module.iosxr.iosxr_extcommunity_cost_set.extcommunity_cost_set",
            "module.iosxr.iosxr_extcommunity_evpn_link_bandwidth_set.extcommunity_evpn_link_bandwidth_set",
            "module.iosxr.iosxr_extcommunity_opaque_set.extcommunity_opaque_set",
            "module.iosxr.iosxr_extcommunity_rt_set.extcommunity_rt_set",
            "module.iosxr.iosxr_extcommunity_seg_nh_set.extcommunity_seg_nh_set",
            "module.iosxr.iosxr_extcommunity_soo_set.extcommunity_soo_set",
            "module.iosxr.iosxr_flow_exporter_map.flow_exporter_map",
            "module.iosxr.iosxr_flow_monitor_map.flow_monitor_map",
            "module.iosxr.iosxr_flow_sampler_map.flow_sampler_map",
            "module.iosxr.iosxr_ipv4_prefix_list.ipv4_prefix_list",
            "module.iosxr.iosxr_ipv6_prefix_list.ipv6_prefix_list",
            "module.iosxr.iosxr_key_chain.key_chain",
            "module.iosxr.iosxr_large_community_set.large_community_set",
            "module.iosxr.iosxr_mac_set.mac_set",
            "module.iosxr.iosxr_monitor_session.monitor_session",
            "module.iosxr.iosxr_ospf_area_set.ospf_area_set",
            "module.iosxr.iosxr_policy_global_set.policy_global_set",
            "module.iosxr.iosxr_policy_map_qos.policy_map_qos",
            "module.iosxr.iosxr_prefix_set.prefix_set",
            "module.iosxr.iosxr_rd_set.rd_set",
            "module.iosxr.iosxr_route_policy.route_policy",
            "module.iosxr.iosxr_tag_set.tag_set",
            "module.iosxr.iosxr_vrf.vrf",
            "module.iosxr.terraform_data.ethernet_flow_replace"
          ]
        },
        {
          "index_key": "ic-node-3/GigabitEthernet0/0/0/0",
          "schema_version": 0,
          "attributes": {
            "arp_cache_limit": null,
            "arp_gratuitous_ignore": null,
            "arp_learning_disable": null,
            "arp_learning_local": null,
            "arp_timeout": null,
            "bandwidth": null,
            "bundle_id": null,
            "bundle_id_mode": null,
            "bundle_port_priority": null,
            "carrier_delay_down": null,
            "carrier_delay_up": null,
            "cdp": true,
            "dampening": null,
            "dampening_decay_half_life": null,
            "dampening_max_suppress_time": null,
            "dampening_restart_penalty": null,
            "dampening_reuse_threshold": null,
            "dampening_suppress_threshold": null,
            "delete_mode": null,
            "description": "Underlay",
            "device": "ic-node-3",
            "duplex": null,
            "encapsulation_dot1q_second_dot1q": null,
            "encapsulation_dot1q_vlan_id": null,
            "ethernet_cfm_ais_transmission_up_cos": null,
            "ethernet_cfm_ais_transmission_up_interval": null,
            "ethernet_cfm_bandwidth_notifications_hold_off": null,
            "ethernet_cfm_bandwidth_notifications_log_changes": null,
            "ethernet_cfm_bandwidth_notifications_loss_threshold": null,
            "ethernet_cfm_bandwidth_notifications_wait_to_restore": null,
            "ethernet_cfm_mep_domains": null,
            "fec": null,
            "flow_control": null,
            "flow_ipv4_egress_monitor_samplers": null,
            "flow_ipv4_egress_monitors": null,
            "flow_ipv4_ingress_monitor_samplers": null,
            "flow_ipv4_ingress_monitors": null,
            "flow_ipv6_egress_monitor_samplers": null,
            "flow_ipv6_egress_monitors": null,
            "flow_ipv6_ingress_monitor_samplers": null,
            "flow_ipv6_ingress_monitors": null,
            "frequency_synchronization": null,
            "frequency_synchronization_priority": null,
            "frequency_synchronization_quality_receive_exact_itu_t_option_one": null,
            "frequency_synchronization_quality_receive_exact_itu_t_option_two_generation_one": null,
            "frequency_synchronization_quality_receive_exact_itu_t_option_two_generation_two": null,
            "frequency_synchronization_quality_receive_highest_itu_t_option_one": null,
            "frequency_synchronization_quality_receive_highest_itu_t_option_two_generation_one": null,
            "frequency_synchronization_quality_receive_highest_itu_t_option_two_generation_two": null,
            "frequency_synchronization_quality_receive_lowest_itu_t_option_one": null,
            "frequency_synchronization_quality_receive_lowest_itu_t_option_two_generation_one": null,
            "frequency_synchronization_quality_receive_lowest_itu_t_option_two_generation_two": null,
            "frequency_synchronization_quality_transmit_exact_itu_t_option_one": null,
            "frequency_synchronization_quality_transmit_exact_itu_t_option_two_generation_one": null,
            "frequency_synchronization_quality_transmit_exact_itu_t_option_two_generation_two": null,
            "frequency_synchronization_quality_transmit_highest_itu_t_option_one": null,
            "frequency_synchronization_quality_transmit_highest_itu_t_option_two_generation_one": null,
            "frequency_synchronization_quality_transmit_highest_itu_t_option_two_generation_two": null,
            "frequency_synchronization_quality_transmit_lowest_itu_t_option_one": null,
            "frequency_synchronization_quality_transmit_lowest_itu_t_option_two_generation_one": null,
            "frequency_synchronization_quality_transmit_lowest_itu_t_option_two_generation_two": null,
            "frequency_synchronization_selection_input": null,
            "frequency_synchronization_ssm_disable": null,
            "frequency_synchronization_time_of_day_priority": null,
            "frequency_synchronization_wait_to_restore": null,
            "id": "Cisco-IOS-XR-um-interface-cfg:/interfaces/interface[interface-name=GigabitEthernet0/0/0/0]",
            "ipv4_access_group_egress_acl": null,
            "ipv4_access_group_egress_compress": null,
            "ipv4_access_group_egress_hardware_count": null,
            "ipv4_access_group_egress_interface_statistics": null,
            "ipv4_access_group_ingress_acl1": null,
            "ipv4_access_group_ingress_compress": null,
            "ipv4_access_group_ingress_hardware_count": null,
            "ipv4_access_group_ingress_interface_statistics": null,
            "ipv4_address": "10.0.0.2",
            "ipv4_algorithm": null,
            "ipv4_forwarding_enable": null,
            "ipv4_helper_addresses": null,
            "ipv4_mask_reply": null,
            "ipv4_mtu": null,
            "ipv4_netmask": "255.255.255.252",
            "ipv4_point_to_point": null,
            "ipv4_redirects": null,
            "ipv4_route_tag": null,
            "ipv4_secondaries": null,
            "ipv4_tcp_mss_adjust": null,
            "ipv4_ttl_propagate_disable": null,
            "ipv4_unnumbered": null,
            "ipv4_unreachables_disable": null,
            "ipv4_verify_unicast_source_reachable_via_allow_default": null,
            "ipv4_verify_unicast_source_reachable_via_allow_self_ping": null,
            "ipv4_verify_unicast_source_reachable_via_type": null,
            "ipv6_access_group_egress_acl": null,
            "ipv6_access_group_egress_compress": null,
            "ipv6_access_group_egress_interface_statistics": null,
            "ipv6_access_group_ingress_acl1": null,
            "ipv6_access_group_ingress_compress": null,
            "ipv6_access_group_ingress_interface_statistics": null,
            "ipv6_addresses": null,
            "ipv6_autoconfig": null,
            "ipv6_dhcp": null,
            "ipv6_enable": null,
            "ipv6_eui64_addresses": null,
            "ipv6_link_local_address": null,
            "ipv6_link_local_route_tag": null,
            "ipv6_link_local_zone": null,
            "ipv6_mtu": null,
            "ipv6_nd_cache_limit": null,
            "ipv6_nd_dad_attempts": null,
            "ipv6_nd_managed_config_flag": null,
            "ipv6_nd_ns_interval": null,
            "ipv6_nd_other_config_flag": null,
            "ipv6_nd_prefix_default_no_adv": null,
            "ipv6_nd_prefix_default_no_autoconfig": null,
            "ipv6_nd_ra_interval_max": null,
            "ipv6_nd_ra_interval_min": null,
            "ipv6_nd_ra_lifetime": null,
            "ipv6_nd_reachable_time": null,
            "ipv6_nd_redirects": null,
            "ipv6_nd_suppress_ra": null,
            "ipv6_nd_unicast_ra": null,
            "ipv6_tcp_mss_adjust": null,
            "ipv6_ttl_propagate_disable": null,
            "ipv6_unreachables_disable": null,
            "ipv6_verify_unicast_source_reachable_via_allow_default": null,
            "ipv6_verify_unicast_source_reachable_via_allow_self_ping": null,
            "ipv6_verify_unicast_source_reachable_via_type": null,
            "l2transport": null,
            "l2transport_encapsulation_dot1q_second_dot1q": null,
            "l2transport_encapsulation_dot1q_vlan_id": null,
            "lacp_period": null,
            "lacp_period_short": null,
            "lldp": null,
            "lldp_receive_disable": null,
            "lldp_tagged": null,
            "lldp_transmit_disable": null,
            "load_interval": null,
            "logging_events_link_status": null,
            "mac_address": null,
            "macsec_eap_policy": null,
            "macsec_fallback_psk_keychain": null,
            "macsec_policy": null,
            "macsec_psk_keychain_name": null,
            "monitor_sessions": null,
            "mpls_mtu": null,
            "mtu": 9000,
            "multipoint": null,
            "name": "0/0/0/0",
            "negotiation_auto": null,
            "negotiation_auto_allow_overrides": null,
            "point_to_point": null,
            "proxy_arp": null,
            "ptp": null,
            "ptp_announce_frequency": null,
            "ptp_announce_grant_duration": null,
            "ptp_announce_interval": null,
            "ptp_announce_timeout": null,
            "ptp_clock_operation_one_step": null,
            "ptp_clock_operation_two_step": null,
            "ptp_cos": null,
            "ptp_cos_event": null,
            "ptp_cos_general": null,
            "ptp_delay_asymmetry_unit_microseconds": null,
            "ptp_delay_asymmetry_unit_milliseconds": null,
            "ptp_delay_asymmetry_unit_nanoseconds": null,
            "ptp_delay_asymmetry_value": null,
            "ptp_delay_request_frequency": null,
            "ptp_delay_request_interval": null,
            "ptp_delay_response_grant_duration": null,
            "ptp_delay_response_timeout": null,
            "ptp_dscp": null,
            "ptp_dscp_event": null,
            "ptp_dscp_general": null,
            "ptp_interop_domain": null,
            "ptp_interop_egress_conversion_clock_accuracy": null,
            "ptp_interop_egress_conversion_clock_class_default": null,
            "ptp_interop_egress_conversion_clock_class_mappings": null,
            "ptp_interop_egress_conversion_offset_scaled_log_variance": null,
            "ptp_interop_egress_conversion_priority1": null,
            "ptp_interop_egress_conversion_priority2": null,
            "ptp_interop_ingress_conversion_clock_accuracy": null,
            "ptp_interop_ingress_conversion_clock_class_default": null,
            "ptp_interop_ingress_conversion_clock_class_mappings": null,
            "ptp_interop_ingress_conversion_offset_scaled_log_variance": null,
            "ptp_interop_ingress_conversion_priority1": null,
            "ptp_interop_ingress_conversion_priority2": null,
            "ptp_interop_profile_default": null,
            "ptp_interop_profile_g_8265_1": null,
            "ptp_interop_profile_g_8275_1": null,
            "ptp_interop_profile_g_8275_2": null,
            "ptp_ipv4_ttl": null,
            "ptp_ipv6_hop_limit": null,
            "ptp_local_priority": null,
            "ptp_master_ethernets": null,
            "ptp_master_ipv4s": null,
            "ptp_master_ipv6s": null,
            "ptp_multicast": null,
            "ptp_multicast_disable": null,
            "ptp_multicast_mixed": null,
            "ptp_multicast_target_address_mac_forwardable": null,
            "ptp_multicast_target_address_mac_non_forwardable": null,
            "ptp_port_state_any": null,
            "ptp_port_state_master_only": null,
            "ptp_port_state_slave_only": null,
            "ptp_profile": null,
            "ptp_slave_ethernets": null,
            "ptp_slave_ipv4s": null,
            "ptp_slave_ipv6s": null,
            "ptp_source_ipv4_address": null,
            "ptp_source_ipv4_address_disable": null,
            "ptp_source_ipv6_address": null,
            "ptp_source_ipv6_address_disable": null,
            "ptp_sync_frequency": null,
            "ptp_sync_grant_duration": null,
            "ptp_sync_interval": null,
            "ptp_sync_timeout": null,
            "ptp_transport_ethernet": null,
            "ptp_transport_ipv4": null,
            "ptp_transport_ipv6": null,
            "ptp_unicast_grant_invalid_request_deny": null,
            "ptp_unicast_grant_invalid_request_reduce": null,
            "rewrite_ingress_tag_pop_one": null,
            "rewrite_ingress_tag_pop_two": null,
            "service_policy_input": null,
            "service_policy_output": null,
            "shutdown": false,
            "speed": null,
            "type": "GigabitEthernet",
            "vrf": null
          },
          "sensitive_attributes": [],
          "identity_schema_version": 0,
          "private": "eyJpbXBvcnRpbmciOiJNQT09In0=",
          "dependencies": [
            "module.iosxr.iosxr_as_path_set.as_path_set",
            "module.iosxr.iosxr_class_map_qos.class_map_qos",
            "module.iosxr.iosxr_community_set.community_set",
            "module.iosxr.iosxr_esi_set.esi_set",
            "module.iosxr.iosxr_etag_set.etag_set",
            "module.iosxr.iosxr_extcommunity_bandwidth_set.extcommunity_bandwidth_set",
            "module.iosxr.iosxr_extcommunity_cost_set.extcommunity_cost_set",
            "module.iosxr.iosxr_extcommunity_evpn_link_bandwidth_set.extcommunity_evpn_link_bandwidth_set",
            "module.iosxr.iosxr_extcommunity_opaque_set.extcommunity_opaque_set",
            "module.iosxr.iosxr_extcommunity_rt_set.extcommunity_rt_set",
            "module.iosxr.iosxr_extcommunity_seg_nh_set.extcommunity_seg_nh_set",
            "module.iosxr.iosxr_extcommunity_soo_set.extcommunity_soo_set",
            "module.iosxr.iosxr_flow_exporter_map.flow_exporter_map",
            "module.iosxr.iosxr_flow_monitor_map.flow_monitor_map",
            "module.iosxr.iosxr_flow_sampler_map.flow_sampler_map",
            "module.iosxr.iosxr_ipv4_prefix_list.ipv4_prefix_list",
            "module.iosxr.iosxr_ipv6_prefix_list.ipv6_prefix_list",
            "module.iosxr.iosxr_key_chain.key_chain",
            "module.iosxr.iosxr_large_community_set.large_community_set",
            "module.iosxr.iosxr_mac_set.mac_set",
            "module.iosxr.iosxr_monitor_session.monitor_session",
            "module.iosxr.iosxr_ospf_area_set.ospf_area_set",
            "module.iosxr.iosxr_policy_global_set.policy_global_set",
            "module.iosxr.iosxr_policy_map_qos.policy_map_qos",
            "module.iosxr.iosxr_prefix_set.prefix_set",
            "module.iosxr.iosxr_rd_set.rd_set",
            "module.iosxr.iosxr_route_policy.route_policy",
            "module.iosxr.iosxr_tag_set.tag_set",
            "module.iosxr.iosxr_vrf.vrf",
            "module.iosxr.terraform_data.ethernet_flow_replace"
          ]
        },
        {
          "index_key": "ic-node-3/GigabitEthernet0/0/0/1",
          "schema_version": 0,
          "attributes": {
            "arp_cache_limit": null,
            "arp_gratuitous_ignore": null,
            "arp_learning_disable": null,
            "arp_learning_local": null,
            "arp_timeout": null,
            "bandwidth": null,
            "bundle_id": null,
            "bundle_id_mode": null,
            "bundle_port_priority": null,
            "carrier_delay_down": null,
            "carrier_delay_up": null,
            "cdp": true,
            "dampening": null,
            "dampening_decay_half_life": null,
            "dampening_max_suppress_time": null,
            "dampening_restart_penalty": null,
            "dampening_reuse_threshold": null,
            "dampening_suppress_threshold": null,
            "delete_mode": null,
            "description": "Underlay",
            "device": "ic-node-3",
            "duplex": null,
            "encapsulation_dot1q_second_dot1q": null,
            "encapsulation_dot1q_vlan_id": null,
            "ethernet_cfm_ais_transmission_up_cos": null,
            "ethernet_cfm_ais_transmission_up_interval": null,
            "ethernet_cfm_bandwidth_notifications_hold_off": null,
            "ethernet_cfm_bandwidth_notifications_log_changes": null,
            "ethernet_cfm_bandwidth_notifications_loss_threshold": null,
            "ethernet_cfm_bandwidth_notifications_wait_to_restore": null,
            "ethernet_cfm_mep_domains": null,
            "fec": null,
            "flow_control": null,
            "flow_ipv4_egress_monitor_samplers": null,
            "flow_ipv4_egress_monitors": null,
            "flow_ipv4_ingress_monitor_samplers": null,
            "flow_ipv4_ingress_monitors": null,
            "flow_ipv6_egress_monitor_samplers": null,
            "flow_ipv6_egress_monitors": null,
            "flow_ipv6_ingress_monitor_samplers": null,
            "flow_ipv6_ingress_monitors": null,
            "frequency_synchronization": null,
            "frequency_synchronization_priority": null,
            "frequency_synchronization_quality_receive_exact_itu_t_option_one": null,
            "frequency_synchronization_quality_receive_exact_itu_t_option_two_generation_one": null,
            "frequency_synchronization_quality_receive_exact_itu_t_option_two_generation_two": null,
            "frequency_synchronization_quality_receive_highest_itu_t_option_one": null,
            "frequency_synchronization_quality_receive_highest_itu_t_option_two_generation_one": null,
            "frequency_synchronization_quality_receive_highest_itu_t_option_two_generation_two": null,
            "frequency_synchronization_quality_receive_lowest_itu_t_option_one": null,
            "frequency_synchronization_quality_receive_lowest_itu_t_option_two_generation_one": null,
            "frequency_synchronization_quality_receive_lowest_itu_t_option_two_generation_two": null,
            "frequency_synchronization_quality_transmit_exact_itu_t_option_one": null,
            "frequency_synchronization_quality_transmit_exact_itu_t_option_two_generation_one": null,
            "frequency_synchronization_quality_transmit_exact_itu_t_option_two_generation_two": null,
            "frequency_synchronization_quality_transmit_highest_itu_t_option_one": null,
            "frequency_synchronization_quality_transmit_highest_itu_t_option_two_generation_one": null,
            "frequency_synchronization_quality_transmit_highest_itu_t_option_two_generation_two": null,
            "frequency_synchronization_quality_transmit_lowest_itu_t_option_one": null,
            "frequency_synchronization_quality_transmit_lowest_itu_t_option_two_generation_one": null,
            "frequency_synchronization_quality_transmit_lowest_itu_t_option_two_generation_two": null,
            "frequency_synchronization_selection_input": null,
            "frequency_synchronization_ssm_disable": null,
            "frequency_synchronization_time_of_day_priority": null,
            "frequency_synchronization_wait_to_restore": null,
            "id": "Cisco-IOS-XR-um-interface-cfg:/interfaces/interface[interface-name=GigabitEthernet0/0/0/1]",
            "ipv4_access_group_egress_acl": null,
            "ipv4_access_group_egress_compress": null,
            "ipv4_access_group_egress_hardware_count": null,
            "ipv4_access_group_egress_interface_statistics": null,
            "ipv4_access_group_ingress_acl1": null,
            "ipv4_access_group_ingress_compress": null,
            "ipv4_access_group_ingress_hardware_count": null,
            "ipv4_access_group_ingress_interface_statistics": null,
            "ipv4_address": "10.0.0.10",
            "ipv4_algorithm": null,
            "ipv4_forwarding_enable": null,
            "ipv4_helper_addresses": null,
            "ipv4_mask_reply": null,
            "ipv4_mtu": null,
            "ipv4_netmask": "255.255.255.252",
            "ipv4_point_to_point": null,
            "ipv4_redirects": null,
            "ipv4_route_tag": null,
            "ipv4_secondaries": null,
            "ipv4_tcp_mss_adjust": null,
            "ipv4_ttl_propagate_disable": null,
            "ipv4_unnumbered": null,
            "ipv4_unreachables_disable": null,
            "ipv4_verify_unicast_source_reachable_via_allow_default": null,
            "ipv4_verify_unicast_source_reachable_via_allow_self_ping": null,
            "ipv4_verify_unicast_source_reachable_via_type": null,
            "ipv6_access_group_egress_acl": null,
            "ipv6_access_group_egress_compress": null,
            "ipv6_access_group_egress_interface_statistics": null,
            "ipv6_access_group_ingress_acl1": null,
            "ipv6_access_group_ingress_compress": null,
            "ipv6_access_group_ingress_interface_statistics": null,
            "ipv6_addresses": null,
            "ipv6_autoconfig": null,
            "ipv6_dhcp": null,
            "ipv6_enable": null,
            "ipv6_eui64_addresses": null,
            "ipv6_link_local_address": null,
            "ipv6_link_local_route_tag": null,
            "ipv6_link_local_zone": null,
            "ipv6_mtu": null,
            "ipv6_nd_cache_limit": null,
            "ipv6_nd_dad_attempts": null,
            "ipv6_nd_managed_config_flag": null,
            "ipv6_nd_ns_interval": null,
            "ipv6_nd_other_config_flag": null,
            "ipv6_nd_prefix_default_no_adv": null,
            "ipv6_nd_prefix_default_no_autoconfig": null,
            "ipv6_nd_ra_interval_max": null,
            "ipv6_nd_ra_interval_min": null,
            "ipv6_nd_ra_lifetime": null,
            "ipv6_nd_reachable_time": null,
            "ipv6_nd_redirects": null,
            "ipv6_nd_suppress_ra": null,
            "ipv6_nd_unicast_ra": null,
            "ipv6_tcp_mss_adjust": null,
            "ipv6_ttl_propagate_disable": null,
            "ipv6_unreachables_disable": null,
            "ipv6_verify_unicast_source_reachable_via_allow_default": null,
            "ipv6_verify_unicast_source_reachable_via_allow_self_ping": null,
            "ipv6_verify_unicast_source_reachable_via_type": null,
            "l2transport": null,
            "l2transport_encapsulation_dot1q_second_dot1q": null,
            "l2transport_encapsulation_dot1q_vlan_id": null,
            "lacp_period": null,
            "lacp_period_short": null,
            "lldp": null,
            "lldp_receive_disable": null,
            "lldp_tagged": null,
            "lldp_transmit_disable": null,
            "load_interval": null,
            "logging_events_link_status": null,
            "mac_address": null,
            "macsec_eap_policy": null,
            "macsec_fallback_psk_keychain": null,
            "macsec_policy": null,
            "macsec_psk_keychain_name": null,
            "monitor_sessions": null,
            "mpls_mtu": null,
            "mtu": 9000,
            "multipoint": null,
            "name": "0/0/0/1",
            "negotiation_auto": null,
            "negotiation_auto_allow_overrides": null,
            "point_to_point": null,
            "proxy_arp": null,
            "ptp": null,
            "ptp_announce_frequency": null,
            "ptp_announce_grant_duration": null,
            "ptp_announce_interval": null,
            "ptp_announce_timeout": null,
            "ptp_clock_operation_one_step": null,
            "ptp_clock_operation_two_step": null,
            "ptp_cos": null,
            "ptp_cos_event": null,
            "ptp_cos_general": null,
            "ptp_delay_asymmetry_unit_microseconds": null,
            "ptp_delay_asymmetry_unit_milliseconds": null,
            "ptp_delay_asymmetry_unit_nanoseconds": null,
            "ptp_delay_asymmetry_value": null,
            "ptp_delay_request_frequency": null,
            "ptp_delay_request_interval": null,
            "ptp_delay_response_grant_duration": null,
            "ptp_delay_response_timeout": null,
            "ptp_dscp": null,
            "ptp_dscp_event": null,
            "ptp_dscp_general": null,
            "ptp_interop_domain": null,
            "ptp_interop_egress_conversion_clock_accuracy": null,
            "ptp_interop_egress_conversion_clock_class_default": null,
            "ptp_interop_egress_conversion_clock_class_mappings": null,
            "ptp_interop_egress_conversion_offset_scaled_log_variance": null,
            "ptp_interop_egress_conversion_priority1": null,
            "ptp_interop_egress_conversion_priority2": null,
            "ptp_interop_ingress_conversion_clock_accuracy": null,
            "ptp_interop_ingress_conversion_clock_class_default": null,
            "ptp_interop_ingress_conversion_clock_class_mappings": null,
            "ptp_interop_ingress_conversion_offset_scaled_log_variance": null,
            "ptp_interop_ingress_conversion_priority1": null,
            "ptp_interop_ingress_conversion_priority2": null,
            "ptp_interop_profile_default": null,
            "ptp_interop_profile_g_8265_1": null,
            "ptp_interop_profile_g_8275_1": null,
            "ptp_interop_profile_g_8275_2": null,
            "ptp_ipv4_ttl": null,
            "ptp_ipv6_hop_limit": null,
            "ptp_local_priority": null,
            "ptp_master_ethernets": null,
            "ptp_master_ipv4s": null,
            "ptp_master_ipv6s": null,
            "ptp_multicast": null,
            "ptp_multicast_disable": null,
            "ptp_multicast_mixed": null,
            "ptp_multicast_target_address_mac_forwardable": null,
            "ptp_multicast_target_address_mac_non_forwardable": null,
            "ptp_port_state_any": null,
            "ptp_port_state_master_only": null,
            "ptp_port_state_slave_only": null,
            "ptp_profile": null,
            "ptp_slave_ethernets": null,
            "ptp_slave_ipv4s": null,
            "ptp_slave_ipv6s": null,
            "ptp_source_ipv4_address": null,
            "ptp_source_ipv4_address_disable": null,
            "ptp_source_ipv6_address": null,
            "ptp_source_ipv6_address_disable": null,
            "ptp_sync_frequency": null,
            "ptp_sync_grant_duration": null,
            "ptp_sync_interval": null,
            "ptp_sync_timeout": null,
            "ptp_transport_ethernet": null,
            "ptp_transport_ipv4": null,
            "ptp_transport_ipv6": null,
            "ptp_unicast_grant_invalid_request_deny": null,
            "ptp_unicast_grant_invalid_request_reduce": null,
            "rewrite_ingress_tag_pop_one": null,
            "rewrite_ingress_tag_pop_two": null,
            "service_policy_input": null,
            "service_policy_output": null,
            "shutdown": false,
            "speed": null,
            "type": "GigabitEthernet",
            "vrf": null
          },
          "sensitive_attributes": [],
          "identity_schema_version": 0,
          "private": "eyJpbXBvcnRpbmciOiJNQT09In0=",
          "dependencies": [
            "module.iosxr.iosxr_as_path_set.as_path_set",
            "module.iosxr.iosxr_class_map_qos.class_map_qos",
            "module.iosxr.iosxr_community_set.community_set",
            "module.iosxr.iosxr_esi_set.esi_set",
            "module.iosxr.iosxr_etag_set.etag_set",
            "module.iosxr.iosxr_extcommunity_bandwidth_set.extcommunity_bandwidth_set",
            "module.iosxr.iosxr_extcommunity_cost_set.extcommunity_cost_set",
            "module.iosxr.iosxr_extcommunity_evpn_link_bandwidth_set.extcommunity_evpn_link_bandwidth_set",
            "module.iosxr.iosxr_extcommunity_opaque_set.extcommunity_opaque_set",
            "module.iosxr.iosxr_extcommunity_rt_set.extcommunity_rt_set",
            "module.iosxr.iosxr_extcommunity_seg_nh_set.extcommunity_seg_nh_set",
            "module.iosxr.iosxr_extcommunity_soo_set.extcommunity_soo_set",
            "module.iosxr.iosxr_flow_exporter_map.flow_exporter_map",
            "module.iosxr.iosxr_flow_monitor_map.flow_monitor_map",
            "module.iosxr.iosxr_flow_sampler_map.flow_sampler_map",
            "module.iosxr.iosxr_ipv4_prefix_list.ipv4_prefix_list",
            "module.iosxr.iosxr_ipv6_prefix_list.ipv6_prefix_list",
            "module.iosxr.iosxr_key_chain.key_chain",
            "module.iosxr.iosxr_large_community_set.large_community_set",
            "module.iosxr.iosxr_mac_set.mac_set",
            "module.iosxr.iosxr_monitor_session.monitor_session",
            "module.iosxr.iosxr_ospf_area_set.ospf_area_set",
            "module.iosxr.iosxr_policy_global_set.policy_global_set",
            "module.iosxr.iosxr_policy_map_qos.policy_map_qos",
            "module.iosxr.iosxr_prefix_set.prefix_set",
            "module.iosxr.iosxr_rd_set.rd_set",
            "module.iosxr.iosxr_route_policy.route_policy",
            "module.iosxr.iosxr_tag_set.tag_set",
            "module.iosxr.iosxr_vrf.vrf",
            "module.iosxr.terraform_data.ethernet_flow_replace"
          ]
        },
        {
          "index_key": "ic-node-3/GigabitEthernet0/0/0/2",
          "schema_version": 0,
          "attributes": {
            "arp_cache_limit": null,
            "arp_gratuitous_ignore": null,
            "arp_learning_disable": null,
            "arp_learning_local": null,
            "arp_timeout": null,
            "bandwidth": null,
            "bundle_id": null,
            "bundle_id_mode": null,
            "bundle_port_priority": null,
            "carrier_delay_down": null,
            "carrier_delay_up": null,
            "cdp": null,
            "dampening": null,
            "dampening_decay_half_life": null,
            "dampening_max_suppress_time": null,
            "dampening_restart_penalty": null,
            "dampening_reuse_threshold": null,
            "dampening_suppress_threshold": null,
            "delete_mode": null,
            "description": "Services Networks",
            "device": "ic-node-3",
            "duplex": null,
            "encapsulation_dot1q_second_dot1q": null,
            "encapsulation_dot1q_vlan_id": null,
            "ethernet_cfm_ais_transmission_up_cos": null,
            "ethernet_cfm_ais_transmission_up_interval": null,
            "ethernet_cfm_bandwidth_notifications_hold_off": null,
            "ethernet_cfm_bandwidth_notifications_log_changes": null,
            "ethernet_cfm_bandwidth_notifications_loss_threshold": null,
            "ethernet_cfm_bandwidth_notifications_wait_to_restore": null,
            "ethernet_cfm_mep_domains": null,
            "fec": null,
            "flow_control": null,
            "flow_ipv4_egress_monitor_samplers": null,
            "flow_ipv4_egress_monitors": null,
            "flow_ipv4_ingress_monitor_samplers": null,
            "flow_ipv4_ingress_monitors": null,
            "flow_ipv6_egress_monitor_samplers": null,
            "flow_ipv6_egress_monitors": null,
            "flow_ipv6_ingress_monitor_samplers": null,
            "flow_ipv6_ingress_monitors": null,
            "frequency_synchronization": null,
            "frequency_synchronization_priority": null,
            "frequency_synchronization_quality_receive_exact_itu_t_option_one": null,
            "frequency_synchronization_quality_receive_exact_itu_t_option_two_generation_one": null,
            "frequency_synchronization_quality_receive_exact_itu_t_option_two_generation_two": null,
            "frequency_synchronization_quality_receive_highest_itu_t_option_one": null,
            "frequency_synchronization_quality_receive_highest_itu_t_option_two_generation_one": null,
            "frequency_synchronization_quality_receive_highest_itu_t_option_two_generation_two": null,
            "frequency_synchronization_quality_receive_lowest_itu_t_option_one": null,
            "frequency_synchronization_quality_receive_lowest_itu_t_option_two_generation_one": null,
            "frequency_synchronization_quality_receive_lowest_itu_t_option_two_generation_two": null,
            "frequency_synchronization_quality_transmit_exact_itu_t_option_one": null,
            "frequency_synchronization_quality_transmit_exact_itu_t_option_two_generation_one": null,
            "frequency_synchronization_quality_transmit_exact_itu_t_option_two_generation_two": null,
            "frequency_synchronization_quality_transmit_highest_itu_t_option_one": null,
            "frequency_synchronization_quality_transmit_highest_itu_t_option_two_generation_one": null,
            "frequency_synchronization_quality_transmit_highest_itu_t_option_two_generation_two": null,
            "frequency_synchronization_quality_transmit_lowest_itu_t_option_one": null,
            "frequency_synchronization_quality_transmit_lowest_itu_t_option_two_generation_one": null,
            "frequency_synchronization_quality_transmit_lowest_itu_t_option_two_generation_two": null,
            "frequency_synchronization_selection_input": null,
            "frequency_synchronization_ssm_disable": null,
            "frequency_synchronization_time_of_day_priority": null,
            "frequency_synchronization_wait_to_restore": null,
            "id": "Cisco-IOS-XR-um-interface-cfg:/interfaces/interface[interface-name=GigabitEthernet0/0/0/2]",
            "ipv4_access_group_egress_acl": null,
            "ipv4_access_group_egress_compress": null,
            "ipv4_access_group_egress_hardware_count": null,
            "ipv4_access_group_egress_interface_statistics": null,
            "ipv4_access_group_ingress_acl1": null,
            "ipv4_access_group_ingress_compress": null,
            "ipv4_access_group_ingress_hardware_count": null,
            "ipv4_access_group_ingress_interface_statistics": null,
            "ipv4_address": null,
            "ipv4_algorithm": null,
            "ipv4_forwarding_enable": null,
            "ipv4_helper_addresses": null,
            "ipv4_mask_reply": null,
            "ipv4_mtu": null,
            "ipv4_netmask": null,
            "ipv4_point_to_point": null,
            "ipv4_redirects": null,
            "ipv4_route_tag": null,
            "ipv4_secondaries": null,
            "ipv4_tcp_mss_adjust": null,
            "ipv4_ttl_propagate_disable": null,
            "ipv4_unnumbered": null,
            "ipv4_unreachables_disable": null,
            "ipv4_verify_unicast_source_reachable_via_allow_default": null,
            "ipv4_verify_unicast_source_reachable_via_allow_self_ping": null,
            "ipv4_verify_unicast_source_reachable_via_type": null,
            "ipv6_access_group_egress_acl": null,
            "ipv6_access_group_egress_compress": null,
            "ipv6_access_group_egress_interface_statistics": null,
            "ipv6_access_group_ingress_acl1": null,
            "ipv6_access_group_ingress_compress": null,
            "ipv6_access_group_ingress_interface_statistics": null,
            "ipv6_addresses": null,
            "ipv6_autoconfig": null,
            "ipv6_dhcp": null,
            "ipv6_enable": null,
            "ipv6_eui64_addresses": null,
            "ipv6_link_local_address": null,
            "ipv6_link_local_route_tag": null,
            "ipv6_link_local_zone": null,
            "ipv6_mtu": null,
            "ipv6_nd_cache_limit": null,
            "ipv6_nd_dad_attempts": null,
            "ipv6_nd_managed_config_flag": null,
            "ipv6_nd_ns_interval": null,
            "ipv6_nd_other_config_flag": null,
            "ipv6_nd_prefix_default_no_adv": null,
            "ipv6_nd_prefix_default_no_autoconfig": null,
            "ipv6_nd_ra_interval_max": null,
            "ipv6_nd_ra_interval_min": null,
            "ipv6_nd_ra_lifetime": null,
            "ipv6_nd_reachable_time": null,
            "ipv6_nd_redirects": null,
            "ipv6_nd_suppress_ra": null,
            "ipv6_nd_unicast_ra": null,
            "ipv6_tcp_mss_adjust": null,
            "ipv6_ttl_propagate_disable": null,
            "ipv6_unreachables_disable": null,
            "ipv6_verify_unicast_source_reachable_via_allow_default": null,
            "ipv6_verify_unicast_source_reachable_via_allow_self_ping": null,
            "ipv6_verify_unicast_source_reachable_via_type": null,
            "l2transport": null,
            "l2transport_encapsulation_dot1q_second_dot1q": null,
            "l2transport_encapsulation_dot1q_vlan_id": null,
            "lacp_period": null,
            "lacp_period_short": null,
            "lldp": null,
            "lldp_receive_disable": null,
            "lldp_tagged": null,
            "lldp_transmit_disable": null,
            "load_interval": null,
            "logging_events_link_status": null,
            "mac_address": null,
            "macsec_eap_policy": null,
            "macsec_fallback_psk_keychain": null,
            "macsec_policy": null,
            "macsec_psk_keychain_name": null,
            "monitor_sessions": null,
            "mpls_mtu": null,
            "mtu": null,
            "multipoint": null,
            "name": "0/0/0/2",
            "negotiation_auto": null,
            "negotiation_auto_allow_overrides": null,
            "point_to_point": null,
            "proxy_arp": null,
            "ptp": null,
            "ptp_announce_frequency": null,
            "ptp_announce_grant_duration": null,
            "ptp_announce_interval": null,
            "ptp_announce_timeout": null,
            "ptp_clock_operation_one_step": null,
            "ptp_clock_operation_two_step": null,
            "ptp_cos": null,
            "ptp_cos_event": null,
            "ptp_cos_general": null,
            "ptp_delay_asymmetry_unit_microseconds": null,
            "ptp_delay_asymmetry_unit_milliseconds": null,
            "ptp_delay_asymmetry_unit_nanoseconds": null,
            "ptp_delay_asymmetry_value": null,
            "ptp_delay_request_frequency": null,
            "ptp_delay_request_interval": null,
            "ptp_delay_response_grant_duration": null,
            "ptp_delay_response_timeout": null,
            "ptp_dscp": null,
            "ptp_dscp_event": null,
            "ptp_dscp_general": null,
            "ptp_interop_domain": null,
            "ptp_interop_egress_conversion_clock_accuracy": null,
            "ptp_interop_egress_conversion_clock_class_default": null,
            "ptp_interop_egress_conversion_clock_class_mappings": null,
            "ptp_interop_egress_conversion_offset_scaled_log_variance": null,
            "ptp_interop_egress_conversion_priority1": null,
            "ptp_interop_egress_conversion_priority2": null,
            "ptp_interop_ingress_conversion_clock_accuracy": null,
            "ptp_interop_ingress_conversion_clock_class_default": null,
            "ptp_interop_ingress_conversion_clock_class_mappings": null,
            "ptp_interop_ingress_conversion_offset_scaled_log_variance": null,
            "ptp_interop_ingress_conversion_priority1": null,
            "ptp_interop_ingress_conversion_priority2": null,
            "ptp_interop_profile_default": null,
            "ptp_interop_profile_g_8265_1": null,
            "ptp_interop_profile_g_8275_1": null,
            "ptp_interop_profile_g_8275_2": null,
            "ptp_ipv4_ttl": null,
            "ptp_ipv6_hop_limit": null,
            "ptp_local_priority": null,
            "ptp_master_ethernets": null,
            "ptp_master_ipv4s": null,
            "ptp_master_ipv6s": null,
            "ptp_multicast": null,
            "ptp_multicast_disable": null,
            "ptp_multicast_mixed": null,
            "ptp_multicast_target_address_mac_forwardable": null,
            "ptp_multicast_target_address_mac_non_forwardable": null,
            "ptp_port_state_any": null,
            "ptp_port_state_master_only": null,
            "ptp_port_state_slave_only": null,
            "ptp_profile": null,
            "ptp_slave_ethernets": null,
            "ptp_slave_ipv4s": null,
            "ptp_slave_ipv6s": null,
            "ptp_source_ipv4_address": null,
            "ptp_source_ipv4_address_disable": null,
            "ptp_source_ipv6_address": null,
            "ptp_source_ipv6_address_disable": null,
            "ptp_sync_frequency": null,
            "ptp_sync_grant_duration": null,
            "ptp_sync_interval": null,
            "ptp_sync_timeout": null,
            "ptp_transport_ethernet": null,
            "ptp_transport_ipv4": null,
            "ptp_transport_ipv6": null,
            "ptp_unicast_grant_invalid_request_deny": null,
            "ptp_unicast_grant_invalid_request_reduce": null,
            "rewrite_ingress_tag_pop_one": null,
            "rewrite_ingress_tag_pop_two": null,
            "service_policy_input": null,
            "service_policy_output": null,
            "shutdown": false,
            "speed": null,
            "type": "GigabitEthernet",
            "vrf": null
          },
          "sensitive_attributes": [],
          "identity_schema_version": 0,
          "private": "eyJpbXBvcnRpbmciOiJNQT09In0=",
          "dependencies": [
            "module.iosxr.iosxr_as_path_set.as_path_set",
            "module.iosxr.iosxr_class_map_qos.class_map_qos",
            "module.iosxr.iosxr_community_set.community_set",
            "module.iosxr.iosxr_esi_set.esi_set",
            "module.iosxr.iosxr_etag_set.etag_set",
            "module.iosxr.iosxr_extcommunity_bandwidth_set.extcommunity_bandwidth_set",
            "module.iosxr.iosxr_extcommunity_cost_set.extcommunity_cost_set",
            "module.iosxr.iosxr_extcommunity_evpn_link_bandwidth_set.extcommunity_evpn_link_bandwidth_set",
            "module.iosxr.iosxr_extcommunity_opaque_set.extcommunity_opaque_set",
            "module.iosxr.iosxr_extcommunity_rt_set.extcommunity_rt_set",
            "module.iosxr.iosxr_extcommunity_seg_nh_set.extcommunity_seg_nh_set",
            "module.iosxr.iosxr_extcommunity_soo_set.extcommunity_soo_set",
            "module.iosxr.iosxr_flow_exporter_map.flow_exporter_map",
            "module.iosxr.iosxr_flow_monitor_map.flow_monitor_map",
            "module.iosxr.iosxr_flow_sampler_map.flow_sampler_map",
            "module.iosxr.iosxr_ipv4_prefix_list.ipv4_prefix_list",
            "module.iosxr.iosxr_ipv6_prefix_list.ipv6_prefix_list",
            "module.iosxr.iosxr_key_chain.key_chain",
            "module.iosxr.iosxr_large_community_set.large_community_set",
            "module.iosxr.iosxr_mac_set.mac_set",
            "module.iosxr.iosxr_monitor_session.monitor_session",
            "module.iosxr.iosxr_ospf_area_set.ospf_area_set",
            "module.iosxr.iosxr_policy_global_set.policy_global_set",
            "module.iosxr.iosxr_policy_map_qos.policy_map_qos",
            "module.iosxr.iosxr_prefix_set.prefix_set",
            "module.iosxr.iosxr_rd_set.rd_set",
            "module.iosxr.iosxr_route_policy.route_policy",
            "module.iosxr.iosxr_tag_set.tag_set",
            "module.iosxr.iosxr_vrf.vrf",
            "module.iosxr.terraform_data.ethernet_flow_replace"
          ]
        },
        {
          "index_key": "ic-node-4/GigabitEthernet0/0/0/0",
          "schema_version": 0,
          "attributes": {
            "arp_cache_limit": null,
            "arp_gratuitous_ignore": null,
            "arp_learning_disable": null,
            "arp_learning_local": null,
            "arp_timeout": null,
            "bandwidth": null,
            "bundle_id": null,
            "bundle_id_mode": null,
            "bundle_port_priority": null,
            "carrier_delay_down": null,
            "carrier_delay_up": null,
            "cdp": true,
            "dampening": null,
            "dampening_decay_half_life": null,
            "dampening_max_suppress_time": null,
            "dampening_restart_penalty": null,
            "dampening_reuse_threshold": null,
            "dampening_suppress_threshold": null,
            "delete_mode": null,
            "description": "Underlay",
            "device": "ic-node-4",
            "duplex": null,
            "encapsulation_dot1q_second_dot1q": null,
            "encapsulation_dot1q_vlan_id": null,
            "ethernet_cfm_ais_transmission_up_cos": null,
            "ethernet_cfm_ais_transmission_up_interval": null,
            "ethernet_cfm_bandwidth_notifications_hold_off": null,
            "ethernet_cfm_bandwidth_notifications_log_changes": null,
            "ethernet_cfm_bandwidth_notifications_loss_threshold": null,
            "ethernet_cfm_bandwidth_notifications_wait_to_restore": null,
            "ethernet_cfm_mep_domains": null,
            "fec": null,
            "flow_control": null,
            "flow_ipv4_egress_monitor_samplers": null,
            "flow_ipv4_egress_monitors": null,
            "flow_ipv4_ingress_monitor_samplers": null,
            "flow_ipv4_ingress_monitors": null,
            "flow_ipv6_egress_monitor_samplers": null,
            "flow_ipv6_egress_monitors": null,
            "flow_ipv6_ingress_monitor_samplers": null,
            "flow_ipv6_ingress_monitors": null,
            "frequency_synchronization": null,
            "frequency_synchronization_priority": null,
            "frequency_synchronization_quality_receive_exact_itu_t_option_one": null,
            "frequency_synchronization_quality_receive_exact_itu_t_option_two_generation_one": null,
            "frequency_synchronization_quality_receive_exact_itu_t_option_two_generation_two": null,
            "frequency_synchronization_quality_receive_highest_itu_t_option_one": null,
            "frequency_synchronization_quality_receive_highest_itu_t_option_two_generation_one": null,
            "frequency_synchronization_quality_receive_highest_itu_t_option_two_generation_two": null,
            "frequency_synchronization_quality_receive_lowest_itu_t_option_one": null,
            "frequency_synchronization_quality_receive_lowest_itu_t_option_two_generation_one": null,
            "frequency_synchronization_quality_receive_lowest_itu_t_option_two_generation_two": null,
            "frequency_synchronization_quality_transmit_exact_itu_t_option_one": null,
            "frequency_synchronization_quality_transmit_exact_itu_t_option_two_generation_one": null,
            "frequency_synchronization_quality_transmit_exact_itu_t_option_two_generation_two": null,
            "frequency_synchronization_quality_transmit_highest_itu_t_option_one": null,
            "frequency_synchronization_quality_transmit_highest_itu_t_option_two_generation_one": null,
            "frequency_synchronization_quality_transmit_highest_itu_t_option_two_generation_two": null,
            "frequency_synchronization_quality_transmit_lowest_itu_t_option_one": null,
            "frequency_synchronization_quality_transmit_lowest_itu_t_option_two_generation_one": null,
            "frequency_synchronization_quality_transmit_lowest_itu_t_option_two_generation_two": null,
            "frequency_synchronization_selection_input": null,
            "frequency_synchronization_ssm_disable": null,
            "frequency_synchronization_time_of_day_priority": null,
            "frequency_synchronization_wait_to_restore": null,
            "id": "Cisco-IOS-XR-um-interface-cfg:/interfaces/interface[interface-name=GigabitEthernet0/0/0/0]",
            "ipv4_access_group_egress_acl": null,
            "ipv4_access_group_egress_compress": null,
            "ipv4_access_group_egress_hardware_count": null,
            "ipv4_access_group_egress_interface_statistics": null,
            "ipv4_access_group_ingress_acl1": null,
            "ipv4_access_group_ingress_compress": null,
            "ipv4_access_group_ingress_hardware_count": null,
            "ipv4_access_group_ingress_interface_statistics": null,
            "ipv4_address": "10.0.0.6",
            "ipv4_algorithm": null,
            "ipv4_forwarding_enable": null,
            "ipv4_helper_addresses": null,
            "ipv4_mask_reply": null,
            "ipv4_mtu": null,
            "ipv4_netmask": "255.255.255.252",
            "ipv4_point_to_point": null,
            "ipv4_redirects": null,
            "ipv4_route_tag": null,
            "ipv4_secondaries": null,
            "ipv4_tcp_mss_adjust": null,
            "ipv4_ttl_propagate_disable": null,
            "ipv4_unnumbered": null,
            "ipv4_unreachables_disable": null,
            "ipv4_verify_unicast_source_reachable_via_allow_default": null,
            "ipv4_verify_unicast_source_reachable_via_allow_self_ping": null,
            "ipv4_verify_unicast_source_reachable_via_type": null,
            "ipv6_access_group_egress_acl": null,
            "ipv6_access_group_egress_compress": null,
            "ipv6_access_group_egress_interface_statistics": null,
            "ipv6_access_group_ingress_acl1": null,
            "ipv6_access_group_ingress_compress": null,
            "ipv6_access_group_ingress_interface_statistics": null,
            "ipv6_addresses": null,
            "ipv6_autoconfig": null,
            "ipv6_dhcp": null,
            "ipv6_enable": null,
            "ipv6_eui64_addresses": null,
            "ipv6_link_local_address": null,
            "ipv6_link_local_route_tag": null,
            "ipv6_link_local_zone": null,
            "ipv6_mtu": null,
            "ipv6_nd_cache_limit": null,
            "ipv6_nd_dad_attempts": null,
            "ipv6_nd_managed_config_flag": null,
            "ipv6_nd_ns_interval": null,
            "ipv6_nd_other_config_flag": null,
            "ipv6_nd_prefix_default_no_adv": null,
            "ipv6_nd_prefix_default_no_autoconfig": null,
            "ipv6_nd_ra_interval_max": null,
            "ipv6_nd_ra_interval_min": null,
            "ipv6_nd_ra_lifetime": null,
            "ipv6_nd_reachable_time": null,
            "ipv6_nd_redirects": null,
            "ipv6_nd_suppress_ra": null,
            "ipv6_nd_unicast_ra": null,
            "ipv6_tcp_mss_adjust": null,
            "ipv6_ttl_propagate_disable": null,
            "ipv6_unreachables_disable": null,
            "ipv6_verify_unicast_source_reachable_via_allow_default": null,
            "ipv6_verify_unicast_source_reachable_via_allow_self_ping": null,
            "ipv6_verify_unicast_source_reachable_via_type": null,
            "l2transport": null,
            "l2transport_encapsulation_dot1q_second_dot1q": null,
            "l2transport_encapsulation_dot1q_vlan_id": null,
            "lacp_period": null,
            "lacp_period_short": null,
            "lldp": null,
            "lldp_receive_disable": null,
            "lldp_tagged": null,
            "lldp_transmit_disable": null,
            "load_interval": null,
            "logging_events_link_status": null,
            "mac_address": null,
            "macsec_eap_policy": null,
            "macsec_fallback_psk_keychain": null,
            "macsec_policy": null,
            "macsec_psk_keychain_name": null,
            "monitor_sessions": null,
            "mpls_mtu": null,
            "mtu": 9000,
            "multipoint": null,
            "name": "0/0/0/0",
            "negotiation_auto": null,
            "negotiation_auto_allow_overrides": null,
            "point_to_point": null,
            "proxy_arp": null,
            "ptp": null,
            "ptp_announce_frequency": null,
            "ptp_announce_grant_duration": null,
            "ptp_announce_interval": null,
            "ptp_announce_timeout": null,
            "ptp_clock_operation_one_step": null,
            "ptp_clock_operation_two_step": null,
            "ptp_cos": null,
            "ptp_cos_event": null,
            "ptp_cos_general": null,
            "ptp_delay_asymmetry_unit_microseconds": null,
            "ptp_delay_asymmetry_unit_milliseconds": null,
            "ptp_delay_asymmetry_unit_nanoseconds": null,
            "ptp_delay_asymmetry_value": null,
            "ptp_delay_request_frequency": null,
            "ptp_delay_request_interval": null,
            "ptp_delay_response_grant_duration": null,
            "ptp_delay_response_timeout": null,
            "ptp_dscp": null,
            "ptp_dscp_event": null,
            "ptp_dscp_general": null,
            "ptp_interop_domain": null,
            "ptp_interop_egress_conversion_clock_accuracy": null,
            "ptp_interop_egress_conversion_clock_class_default": null,
            "ptp_interop_egress_conversion_clock_class_mappings": null,
            "ptp_interop_egress_conversion_offset_scaled_log_variance": null,
            "ptp_interop_egress_conversion_priority1": null,
            "ptp_interop_egress_conversion_priority2": null,
            "ptp_interop_ingress_conversion_clock_accuracy": null,
            "ptp_interop_ingress_conversion_clock_class_default": null,
            "ptp_interop_ingress_conversion_clock_class_mappings": null,
            "ptp_interop_ingress_conversion_offset_scaled_log_variance": null,
            "ptp_interop_ingress_conversion_priority1": null,
            "ptp_interop_ingress_conversion_priority2": null,
            "ptp_interop_profile_default": null,
            "ptp_interop_profile_g_8265_1": null,
            "ptp_interop_profile_g_8275_1": null,
            "ptp_interop_profile_g_8275_2": null,
            "ptp_ipv4_ttl": null,
            "ptp_ipv6_hop_limit": null,
            "ptp_local_priority": null,
            "ptp_master_ethernets": null,
            "ptp_master_ipv4s": null,
            "ptp_master_ipv6s": null,
            "ptp_multicast": null,
            "ptp_multicast_disable": null,
            "ptp_multicast_mixed": null,
            "ptp_multicast_target_address_mac_forwardable": null,
            "ptp_multicast_target_address_mac_non_forwardable": null,
            "ptp_port_state_any": null,
            "ptp_port_state_master_only": null,
            "ptp_port_state_slave_only": null,
            "ptp_profile": null,
            "ptp_slave_ethernets": null,
            "ptp_slave_ipv4s": null,
            "ptp_slave_ipv6s": null,
            "ptp_source_ipv4_address": null,
            "ptp_source_ipv4_address_disable": null,
            "ptp_source_ipv6_address": null,
            "ptp_source_ipv6_address_disable": null,
            "ptp_sync_frequency": null,
            "ptp_sync_grant_duration": null,
            "ptp_sync_interval": null,
            "ptp_sync_timeout": null,
            "ptp_transport_ethernet": null,
            "ptp_transport_ipv4": null,
            "ptp_transport_ipv6": null,
            "ptp_unicast_grant_invalid_request_deny": null,
            "ptp_unicast_grant_invalid_request_reduce": null,
            "rewrite_ingress_tag_pop_one": null,
            "rewrite_ingress_tag_pop_two": null,
            "service_policy_input": null,
            "service_policy_output": null,
            "shutdown": false,
            "speed": null,
            "type": "GigabitEthernet",
            "vrf": null
          },
          "sensitive_attributes": [],
          "identity_schema_version": 0,
          "private": "eyJpbXBvcnRpbmciOiJNQT09In0=",
          "dependencies": [
            "module.iosxr.iosxr_as_path_set.as_path_set",
            "module.iosxr.iosxr_class_map_qos.class_map_qos",
            "module.iosxr.iosxr_community_set.community_set",
            "module.iosxr.iosxr_esi_set.esi_set",
            "module.iosxr.iosxr_etag_set.etag_set",
            "module.iosxr.iosxr_extcommunity_bandwidth_set.extcommunity_bandwidth_set",
            "module.iosxr.iosxr_extcommunity_cost_set.extcommunity_cost_set",
            "module.iosxr.iosxr_extcommunity_evpn_link_bandwidth_set.extcommunity_evpn_link_bandwidth_set",
            "module.iosxr.iosxr_extcommunity_opaque_set.extcommunity_opaque_set",
            "module.iosxr.iosxr_extcommunity_rt_set.extcommunity_rt_set",
            "module.iosxr.iosxr_extcommunity_seg_nh_set.extcommunity_seg_nh_set",
            "module.iosxr.iosxr_extcommunity_soo_set.extcommunity_soo_set",
            "module.iosxr.iosxr_flow_exporter_map.flow_exporter_map",
            "module.iosxr.iosxr_flow_monitor_map.flow_monitor_map",
            "module.iosxr.iosxr_flow_sampler_map.flow_sampler_map",
            "module.iosxr.iosxr_ipv4_prefix_list.ipv4_prefix_list",
            "module.iosxr.iosxr_ipv6_prefix_list.ipv6_prefix_list",
            "module.iosxr.iosxr_key_chain.key_chain",
            "module.iosxr.iosxr_large_community_set.large_community_set",
            "module.iosxr.iosxr_mac_set.mac_set",
            "module.iosxr.iosxr_monitor_session.monitor_session",
            "module.iosxr.iosxr_ospf_area_set.ospf_area_set",
            "module.iosxr.iosxr_policy_global_set.policy_global_set",
            "module.iosxr.iosxr_policy_map_qos.policy_map_qos",
            "module.iosxr.iosxr_prefix_set.prefix_set",
            "module.iosxr.iosxr_rd_set.rd_set",
            "module.iosxr.iosxr_route_policy.route_policy",
            "module.iosxr.iosxr_tag_set.tag_set",
            "module.iosxr.iosxr_vrf.vrf",
            "module.iosxr.terraform_data.ethernet_flow_replace"
          ]
        },
        {
          "index_key": "ic-node-4/GigabitEthernet0/0/0/1",
          "schema_version": 0,
          "attributes": {
            "arp_cache_limit": null,
            "arp_gratuitous_ignore": null,
            "arp_learning_disable": null,
            "arp_learning_local": null,
            "arp_timeout": null,
            "bandwidth": null,
            "bundle_id": null,
            "bundle_id_mode": null,
            "bundle_port_priority": null,
            "carrier_delay_down": null,
            "carrier_delay_up": null,
            "cdp": true,
            "dampening": null,
            "dampening_decay_half_life": null,
            "dampening_max_suppress_time": null,
            "dampening_restart_penalty": null,
            "dampening_reuse_threshold": null,
            "dampening_suppress_threshold": null,
            "delete_mode": null,
            "description": "Underlay",
            "device": "ic-node-4",
            "duplex": null,
            "encapsulation_dot1q_second_dot1q": null,
            "encapsulation_dot1q_vlan_id": null,
            "ethernet_cfm_ais_transmission_up_cos": null,
            "ethernet_cfm_ais_transmission_up_interval": null,
            "ethernet_cfm_bandwidth_notifications_hold_off": null,
            "ethernet_cfm_bandwidth_notifications_log_changes": null,
            "ethernet_cfm_bandwidth_notifications_loss_threshold": null,
            "ethernet_cfm_bandwidth_notifications_wait_to_restore": null,
            "ethernet_cfm_mep_domains": null,
            "fec": null,
            "flow_control": null,
            "flow_ipv4_egress_monitor_samplers": null,
            "flow_ipv4_egress_monitors": null,
            "flow_ipv4_ingress_monitor_samplers": null,
            "flow_ipv4_ingress_monitors": null,
            "flow_ipv6_egress_monitor_samplers": null,
            "flow_ipv6_egress_monitors": null,
            "flow_ipv6_ingress_monitor_samplers": null,
            "flow_ipv6_ingress_monitors": null,
            "frequency_synchronization": null,
            "frequency_synchronization_priority": null,
            "frequency_synchronization_quality_receive_exact_itu_t_option_one": null,
            "frequency_synchronization_quality_receive_exact_itu_t_option_two_generation_one": null,
            "frequency_synchronization_quality_receive_exact_itu_t_option_two_generation_two": null,
            "frequency_synchronization_quality_receive_highest_itu_t_option_one": null,
            "frequency_synchronization_quality_receive_highest_itu_t_option_two_generation_one": null,
            "frequency_synchronization_quality_receive_highest_itu_t_option_two_generation_two": null,
            "frequency_synchronization_quality_receive_lowest_itu_t_option_one": null,
            "frequency_synchronization_quality_receive_lowest_itu_t_option_two_generation_one": null,
            "frequency_synchronization_quality_receive_lowest_itu_t_option_two_generation_two": null,
            "frequency_synchronization_quality_transmit_exact_itu_t_option_one": null,
            "frequency_synchronization_quality_transmit_exact_itu_t_option_two_generation_one": null,
            "frequency_synchronization_quality_transmit_exact_itu_t_option_two_generation_two": null,
            "frequency_synchronization_quality_transmit_highest_itu_t_option_one": null,
            "frequency_synchronization_quality_transmit_highest_itu_t_option_two_generation_one": null,
            "frequency_synchronization_quality_transmit_highest_itu_t_option_two_generation_two": null,
            "frequency_synchronization_quality_transmit_lowest_itu_t_option_one": null,
            "frequency_synchronization_quality_transmit_lowest_itu_t_option_two_generation_one": null,
            "frequency_synchronization_quality_transmit_lowest_itu_t_option_two_generation_two": null,
            "frequency_synchronization_selection_input": null,
            "frequency_synchronization_ssm_disable": null,
            "frequency_synchronization_time_of_day_priority": null,
            "frequency_synchronization_wait_to_restore": null,
            "id": "Cisco-IOS-XR-um-interface-cfg:/interfaces/interface[interface-name=GigabitEthernet0/0/0/1]",
            "ipv4_access_group_egress_acl": null,
            "ipv4_access_group_egress_compress": null,
            "ipv4_access_group_egress_hardware_count": null,
            "ipv4_access_group_egress_interface_statistics": null,
            "ipv4_access_group_ingress_acl1": null,
            "ipv4_access_group_ingress_compress": null,
            "ipv4_access_group_ingress_hardware_count": null,
            "ipv4_access_group_ingress_interface_statistics": null,
            "ipv4_address": "10.0.0.14",
            "ipv4_algorithm": null,
            "ipv4_forwarding_enable": null,
            "ipv4_helper_addresses": null,
            "ipv4_mask_reply": null,
            "ipv4_mtu": null,
            "ipv4_netmask": "255.255.255.252",
            "ipv4_point_to_point": null,
            "ipv4_redirects": null,
            "ipv4_route_tag": null,
            "ipv4_secondaries": null,
            "ipv4_tcp_mss_adjust": null,
            "ipv4_ttl_propagate_disable": null,
            "ipv4_unnumbered": null,
            "ipv4_unreachables_disable": null,
            "ipv4_verify_unicast_source_reachable_via_allow_default": null,
            "ipv4_verify_unicast_source_reachable_via_allow_self_ping": null,
            "ipv4_verify_unicast_source_reachable_via_type": null,
            "ipv6_access_group_egress_acl": null,
            "ipv6_access_group_egress_compress": null,
            "ipv6_access_group_egress_interface_statistics": null,
            "ipv6_access_group_ingress_acl1": null,
            "ipv6_access_group_ingress_compress": null,
            "ipv6_access_group_ingress_interface_statistics": null,
            "ipv6_addresses": null,
            "ipv6_autoconfig": null,
            "ipv6_dhcp": null,
            "ipv6_enable": null,
            "ipv6_eui64_addresses": null,
            "ipv6_link_local_address": null,
            "ipv6_link_local_route_tag": null,
            "ipv6_link_local_zone": null,
            "ipv6_mtu": null,
            "ipv6_nd_cache_limit": null,
            "ipv6_nd_dad_attempts": null,
            "ipv6_nd_managed_config_flag": null,
            "ipv6_nd_ns_interval": null,
            "ipv6_nd_other_config_flag": null,
            "ipv6_nd_prefix_default_no_adv": null,
            "ipv6_nd_prefix_default_no_autoconfig": null,
            "ipv6_nd_ra_interval_max": null,
            "ipv6_nd_ra_interval_min": null,
            "ipv6_nd_ra_lifetime": null,
            "ipv6_nd_reachable_time": null,
            "ipv6_nd_redirects": null,
            "ipv6_nd_suppress_ra": null,
            "ipv6_nd_unicast_ra": null,
            "ipv6_tcp_mss_adjust": null,
            "ipv6_ttl_propagate_disable": null,
            "ipv6_unreachables_disable": null,
            "ipv6_verify_unicast_source_reachable_via_allow_default": null,
            "ipv6_verify_unicast_source_reachable_via_allow_self_ping": null,
            "ipv6_verify_unicast_source_reachable_via_type": null,
            "l2transport": null,
            "l2transport_encapsulation_dot1q_second_dot1q": null,
            "l2transport_encapsulation_dot1q_vlan_id": null,
            "lacp_period": null,
            "lacp_period_short": null,
            "lldp": null,
            "lldp_receive_disable": null,
            "lldp_tagged": null,
            "lldp_transmit_disable": null,
            "load_interval": null,
            "logging_events_link_status": null,
            "mac_address": null,
            "macsec_eap_policy": null,
            "macsec_fallback_psk_keychain": null,
            "macsec_policy": null,
            "macsec_psk_keychain_name": null,
            "monitor_sessions": null,
            "mpls_mtu": null,
            "mtu": 9000,
            "multipoint": null,
            "name": "0/0/0/1",
            "negotiation_auto": null,
            "negotiation_auto_allow_overrides": null,
            "point_to_point": null,
            "proxy_arp": null,
            "ptp": null,
            "ptp_announce_frequency": null,
            "ptp_announce_grant_duration": null,
            "ptp_announce_interval": null,
            "ptp_announce_timeout": null,
            "ptp_clock_operation_one_step": null,
            "ptp_clock_operation_two_step": null,
            "ptp_cos": null,
            "ptp_cos_event": null,
            "ptp_cos_general": null,
            "ptp_delay_asymmetry_unit_microseconds": null,
            "ptp_delay_asymmetry_unit_milliseconds": null,
            "ptp_delay_asymmetry_unit_nanoseconds": null,
            "ptp_delay_asymmetry_value": null,
            "ptp_delay_request_frequency": null,
            "ptp_delay_request_interval": null,
            "ptp_delay_response_grant_duration": null,
            "ptp_delay_response_timeout": null,
            "ptp_dscp": null,
            "ptp_dscp_event": null,
            "ptp_dscp_general": null,
            "ptp_interop_domain": null,
            "ptp_interop_egress_conversion_clock_accuracy": null,
            "ptp_interop_egress_conversion_clock_class_default": null,
            "ptp_interop_egress_conversion_clock_class_mappings": null,
            "ptp_interop_egress_conversion_offset_scaled_log_variance": null,
            "ptp_interop_egress_conversion_priority1": null,
            "ptp_interop_egress_conversion_priority2": null,
            "ptp_interop_ingress_conversion_clock_accuracy": null,
            "ptp_interop_ingress_conversion_clock_class_default": null,
            "ptp_interop_ingress_conversion_clock_class_mappings": null,
            "ptp_interop_ingress_conversion_offset_scaled_log_variance": null,
            "ptp_interop_ingress_conversion_priority1": null,
            "ptp_interop_ingress_conversion_priority2": null,
            "ptp_interop_profile_default": null,
            "ptp_interop_profile_g_8265_1": null,
            "ptp_interop_profile_g_8275_1": null,
            "ptp_interop_profile_g_8275_2": null,
            "ptp_ipv4_ttl": null,
            "ptp_ipv6_hop_limit": null,
            "ptp_local_priority": null,
            "ptp_master_ethernets": null,
            "ptp_master_ipv4s": null,
            "ptp_master_ipv6s": null,
            "ptp_multicast": null,
            "ptp_multicast_disable": null,
            "ptp_multicast_mixed": null,
            "ptp_multicast_target_address_mac_forwardable": null,
            "ptp_multicast_target_address_mac_non_forwardable": null,
            "ptp_port_state_any": null,
            "ptp_port_state_master_only": null,
            "ptp_port_state_slave_only": null,
            "ptp_profile": null,
            "ptp_slave_ethernets": null,
            "ptp_slave_ipv4s": null,
            "ptp_slave_ipv6s": null,
            "ptp_source_ipv4_address": null,
            "ptp_source_ipv4_address_disable": null,
            "ptp_source_ipv6_address": null,
            "ptp_source_ipv6_address_disable": null,
            "ptp_sync_frequency": null,
            "ptp_sync_grant_duration": null,
            "ptp_sync_interval": null,
            "ptp_sync_timeout": null,
            "ptp_transport_ethernet": null,
            "ptp_transport_ipv4": null,
            "ptp_transport_ipv6": null,
            "ptp_unicast_grant_invalid_request_deny": null,
            "ptp_unicast_grant_invalid_request_reduce": null,
            "rewrite_ingress_tag_pop_one": null,
            "rewrite_ingress_tag_pop_two": null,
            "service_policy_input": null,
            "service_policy_output": null,
            "shutdown": false,
            "speed": null,
            "type": "GigabitEthernet",
            "vrf": null
          },
          "sensitive_attributes": [],
          "identity_schema_version": 0,
          "private": "eyJpbXBvcnRpbmciOiJNQT09In0=",
          "dependencies": [
            "module.iosxr.iosxr_as_path_set.as_path_set",
            "module.iosxr.iosxr_class_map_qos.class_map_qos",
            "module.iosxr.iosxr_community_set.community_set",
            "module.iosxr.iosxr_esi_set.esi_set",
            "module.iosxr.iosxr_etag_set.etag_set",
            "module.iosxr.iosxr_extcommunity_bandwidth_set.extcommunity_bandwidth_set",
            "module.iosxr.iosxr_extcommunity_cost_set.extcommunity_cost_set",
            "module.iosxr.iosxr_extcommunity_evpn_link_bandwidth_set.extcommunity_evpn_link_bandwidth_set",
            "module.iosxr.iosxr_extcommunity_opaque_set.extcommunity_opaque_set",
            "module.iosxr.iosxr_extcommunity_rt_set.extcommunity_rt_set",
            "module.iosxr.iosxr_extcommunity_seg_nh_set.extcommunity_seg_nh_set",
            "module.iosxr.iosxr_extcommunity_soo_set.extcommunity_soo_set",
            "module.iosxr.iosxr_flow_exporter_map.flow_exporter_map",
            "module.iosxr.iosxr_flow_monitor_map.flow_monitor_map",
            "module.iosxr.iosxr_flow_sampler_map.flow_sampler_map",
            "module.iosxr.iosxr_ipv4_prefix_list.ipv4_prefix_list",
            "module.iosxr.iosxr_ipv6_prefix_list.ipv6_prefix_list",
            "module.iosxr.iosxr_key_chain.key_chain",
            "module.iosxr.iosxr_large_community_set.large_community_set",
            "module.iosxr.iosxr_mac_set.mac_set",
            "module.iosxr.iosxr_monitor_session.monitor_session",
            "module.iosxr.iosxr_ospf_area_set.ospf_area_set",
            "module.iosxr.iosxr_policy_global_set.policy_global_set",
            "module.iosxr.iosxr_policy_map_qos.policy_map_qos",
            "module.iosxr.iosxr_prefix_set.prefix_set",
            "module.iosxr.iosxr_rd_set.rd_set",
            "module.iosxr.iosxr_route_policy.route_policy",
            "module.iosxr.iosxr_tag_set.tag_set",
            "module.iosxr.iosxr_vrf.vrf",
            "module.iosxr.terraform_data.ethernet_flow_replace"
          ]
        },
        {
          "index_key": "ic-node-4/GigabitEthernet0/0/0/2",
          "schema_version": 0,
          "attributes": {
            "arp_cache_limit": null,
            "arp_gratuitous_ignore": null,
            "arp_learning_disable": null,
            "arp_learning_local": null,
            "arp_timeout": null,
            "bandwidth": null,
            "bundle_id": null,
            "bundle_id_mode": null,
            "bundle_port_priority": null,
            "carrier_delay_down": null,
            "carrier_delay_up": null,
            "cdp": null,
            "dampening": null,
            "dampening_decay_half_life": null,
            "dampening_max_suppress_time": null,
            "dampening_restart_penalty": null,
            "dampening_reuse_threshold": null,
            "dampening_suppress_threshold": null,
            "delete_mode": null,
            "description": "Services Networks",
            "device": "ic-node-4",
            "duplex": null,
            "encapsulation_dot1q_second_dot1q": null,
            "encapsulation_dot1q_vlan_id": null,
            "ethernet_cfm_ais_transmission_up_cos": null,
            "ethernet_cfm_ais_transmission_up_interval": null,
            "ethernet_cfm_bandwidth_notifications_hold_off": null,
            "ethernet_cfm_bandwidth_notifications_log_changes": null,
            "ethernet_cfm_bandwidth_notifications_loss_threshold": null,
            "ethernet_cfm_bandwidth_notifications_wait_to_restore": null,
            "ethernet_cfm_mep_domains": null,
            "fec": null,
            "flow_control": null,
            "flow_ipv4_egress_monitor_samplers": null,
            "flow_ipv4_egress_monitors": null,
            "flow_ipv4_ingress_monitor_samplers": null,
            "flow_ipv4_ingress_monitors": null,
            "flow_ipv6_egress_monitor_samplers": null,
            "flow_ipv6_egress_monitors": null,
            "flow_ipv6_ingress_monitor_samplers": null,
            "flow_ipv6_ingress_monitors": null,
            "frequency_synchronization": null,
            "frequency_synchronization_priority": null,
            "frequency_synchronization_quality_receive_exact_itu_t_option_one": null,
            "frequency_synchronization_quality_receive_exact_itu_t_option_two_generation_one": null,
            "frequency_synchronization_quality_receive_exact_itu_t_option_two_generation_two": null,
            "frequency_synchronization_quality_receive_highest_itu_t_option_one": null,
            "frequency_synchronization_quality_receive_highest_itu_t_option_two_generation_one": null,
            "frequency_synchronization_quality_receive_highest_itu_t_option_two_generation_two": null,
            "frequency_synchronization_quality_receive_lowest_itu_t_option_one": null,
            "frequency_synchronization_quality_receive_lowest_itu_t_option_two_generation_one": null,
            "frequency_synchronization_quality_receive_lowest_itu_t_option_two_generation_two": null,
            "frequency_synchronization_quality_transmit_exact_itu_t_option_one": null,
            "frequency_synchronization_quality_transmit_exact_itu_t_option_two_generation_one": null,
            "frequency_synchronization_quality_transmit_exact_itu_t_option_two_generation_two": null,
            "frequency_synchronization_quality_transmit_highest_itu_t_option_one": null,
            "frequency_synchronization_quality_transmit_highest_itu_t_option_two_generation_one": null,
            "frequency_synchronization_quality_transmit_highest_itu_t_option_two_generation_two": null,
            "frequency_synchronization_quality_transmit_lowest_itu_t_option_one": null,
            "frequency_synchronization_quality_transmit_lowest_itu_t_option_two_generation_one": null,
            "frequency_synchronization_quality_transmit_lowest_itu_t_option_two_generation_two": null,
            "frequency_synchronization_selection_input": null,
            "frequency_synchronization_ssm_disable": null,
            "frequency_synchronization_time_of_day_priority": null,
            "frequency_synchronization_wait_to_restore": null,
            "id": "Cisco-IOS-XR-um-interface-cfg:/interfaces/interface[interface-name=GigabitEthernet0/0/0/2]",
            "ipv4_access_group_egress_acl": null,
            "ipv4_access_group_egress_compress": null,
            "ipv4_access_group_egress_hardware_count": null,
            "ipv4_access_group_egress_interface_statistics": null,
            "ipv4_access_group_ingress_acl1": null,
            "ipv4_access_group_ingress_compress": null,
            "ipv4_access_group_ingress_hardware_count": null,
            "ipv4_access_group_ingress_interface_statistics": null,
            "ipv4_address": null,
            "ipv4_algorithm": null,
            "ipv4_forwarding_enable": null,
            "ipv4_helper_addresses": null,
            "ipv4_mask_reply": null,
            "ipv4_mtu": null,
            "ipv4_netmask": null,
            "ipv4_point_to_point": null,
            "ipv4_redirects": null,
            "ipv4_route_tag": null,
            "ipv4_secondaries": null,
            "ipv4_tcp_mss_adjust": null,
            "ipv4_ttl_propagate_disable": null,
            "ipv4_unnumbered": null,
            "ipv4_unreachables_disable": null,
            "ipv4_verify_unicast_source_reachable_via_allow_default": null,
            "ipv4_verify_unicast_source_reachable_via_allow_self_ping": null,
            "ipv4_verify_unicast_source_reachable_via_type": null,
            "ipv6_access_group_egress_acl": null,
            "ipv6_access_group_egress_compress": null,
            "ipv6_access_group_egress_interface_statistics": null,
            "ipv6_access_group_ingress_acl1": null,
            "ipv6_access_group_ingress_compress": null,
            "ipv6_access_group_ingress_interface_statistics": null,
            "ipv6_addresses": null,
            "ipv6_autoconfig": null,
            "ipv6_dhcp": null,
            "ipv6_enable": null,
            "ipv6_eui64_addresses": null,
            "ipv6_link_local_address": null,
            "ipv6_link_local_route_tag": null,
            "ipv6_link_local_zone": null,
            "ipv6_mtu": null,
            "ipv6_nd_cache_limit": null,
            "ipv6_nd_dad_attempts": null,
            "ipv6_nd_managed_config_flag": null,
            "ipv6_nd_ns_interval": null,
            "ipv6_nd_other_config_flag": null,
            "ipv6_nd_prefix_default_no_adv": null,
            "ipv6_nd_prefix_default_no_autoconfig": null,
            "ipv6_nd_ra_interval_max": null,
            "ipv6_nd_ra_interval_min": null,
            "ipv6_nd_ra_lifetime": null,
            "ipv6_nd_reachable_time": null,
            "ipv6_nd_redirects": null,
            "ipv6_nd_suppress_ra": null,
            "ipv6_nd_unicast_ra": null,
            "ipv6_tcp_mss_adjust": null,
            "ipv6_ttl_propagate_disable": null,
            "ipv6_unreachables_disable": null,
            "ipv6_verify_unicast_source_reachable_via_allow_default": null,
            "ipv6_verify_unicast_source_reachable_via_allow_self_ping": null,
            "ipv6_verify_unicast_source_reachable_via_type": null,
            "l2transport": null,
            "l2transport_encapsulation_dot1q_second_dot1q": null,
            "l2transport_encapsulation_dot1q_vlan_id": null,
            "lacp_period": null,
            "lacp_period_short": null,
            "lldp": null,
            "lldp_receive_disable": null,
            "lldp_tagged": null,
            "lldp_transmit_disable": null,
            "load_interval": null,
            "logging_events_link_status": null,
            "mac_address": null,
            "macsec_eap_policy": null,
            "macsec_fallback_psk_keychain": null,
            "macsec_policy": null,
            "macsec_psk_keychain_name": null,
            "monitor_sessions": null,
            "mpls_mtu": null,
            "mtu": null,
            "multipoint": null,
            "name": "0/0/0/2",
            "negotiation_auto": null,
            "negotiation_auto_allow_overrides": null,
            "point_to_point": null,
            "proxy_arp": null,
            "ptp": null,
            "ptp_announce_frequency": null,
            "ptp_announce_grant_duration": null,
            "ptp_announce_interval": null,
            "ptp_announce_timeout": null,
            "ptp_clock_operation_one_step": null,
            "ptp_clock_operation_two_step": null,
            "ptp_cos": null,
            "ptp_cos_event": null,
            "ptp_cos_general": null,
            "ptp_delay_asymmetry_unit_microseconds": null,
            "ptp_delay_asymmetry_unit_milliseconds": null,
            "ptp_delay_asymmetry_unit_nanoseconds": null,
            "ptp_delay_asymmetry_value": null,
            "ptp_delay_request_frequency": null,
            "ptp_delay_request_interval": null,
            "ptp_delay_response_grant_duration": null,
            "ptp_delay_response_timeout": null,
            "ptp_dscp": null,
            "ptp_dscp_event": null,
            "ptp_dscp_general": null,
            "ptp_interop_domain": null,
            "ptp_interop_egress_conversion_clock_accuracy": null,
            "ptp_interop_egress_conversion_clock_class_default": null,
            "ptp_interop_egress_conversion_clock_class_mappings": null,
            "ptp_interop_egress_conversion_offset_scaled_log_variance": null,
            "ptp_interop_egress_conversion_priority1": null,
            "ptp_interop_egress_conversion_priority2": null,
            "ptp_interop_ingress_conversion_clock_accuracy": null,
            "ptp_interop_ingress_conversion_clock_class_default": null,
            "ptp_interop_ingress_conversion_clock_class_mappings": null,
            "ptp_interop_ingress_conversion_offset_scaled_log_variance": null,
            "ptp_interop_ingress_conversion_priority1": null,
            "ptp_interop_ingress_conversion_priority2": null,
            "ptp_interop_profile_default": null,
            "ptp_interop_profile_g_8265_1": null,
            "ptp_interop_profile_g_8275_1": null,
            "ptp_interop_profile_g_8275_2": null,
            "ptp_ipv4_ttl": null,
            "ptp_ipv6_hop_limit": null,
            "ptp_local_priority": null,
            "ptp_master_ethernets": null,
            "ptp_master_ipv4s": null,
            "ptp_master_ipv6s": null,
            "ptp_multicast": null,
            "ptp_multicast_disable": null,
            "ptp_multicast_mixed": null,
            "ptp_multicast_target_address_mac_forwardable": null,
            "ptp_multicast_target_address_mac_non_forwardable": null,
            "ptp_port_state_any": null,
            "ptp_port_state_master_only": null,
            "ptp_port_state_slave_only": null,
            "ptp_profile": null,
            "ptp_slave_ethernets": null,
            "ptp_slave_ipv4s": null,
            "ptp_slave_ipv6s": null,
            "ptp_source_ipv4_address": null,
            "ptp_source_ipv4_address_disable": null,
            "ptp_source_ipv6_address": null,
            "ptp_source_ipv6_address_disable": null,
            "ptp_sync_frequency": null,
            "ptp_sync_grant_duration": null,
            "ptp_sync_interval": null,
            "ptp_sync_timeout": null,
            "ptp_transport_ethernet": null,
            "ptp_transport_ipv4": null,
            "ptp_transport_ipv6": null,
            "ptp_unicast_grant_invalid_request_deny": null,
            "ptp_unicast_grant_invalid_request_reduce": null,
            "rewrite_ingress_tag_pop_one": null,
            "rewrite_ingress_tag_pop_two": null,
            "service_policy_input": null,
            "service_policy_output": null,
            "shutdown": false,
            "speed": null,
            "type": "GigabitEthernet",
            "vrf": null
          },
          "sensitive_attributes": [],
          "identity_schema_version": 0,
          "private": "eyJpbXBvcnRpbmciOiJNQT09In0=",
          "dependencies": [
            "module.iosxr.iosxr_as_path_set.as_path_set",
            "module.iosxr.iosxr_class_map_qos.class_map_qos",
            "module.iosxr.iosxr_community_set.community_set",
            "module.iosxr.iosxr_esi_set.esi_set",
            "module.iosxr.iosxr_etag_set.etag_set",
            "module.iosxr.iosxr_extcommunity_bandwidth_set.extcommunity_bandwidth_set",
            "module.iosxr.iosxr_extcommunity_cost_set.extcommunity_cost_set",
            "module.iosxr.iosxr_extcommunity_evpn_link_bandwidth_set.extcommunity_evpn_link_bandwidth_set",
            "module.iosxr.iosxr_extcommunity_opaque_set.extcommunity_opaque_set",
            "module.iosxr.iosxr_extcommunity_rt_set.extcommunity_rt_set",
            "module.iosxr.iosxr_extcommunity_seg_nh_set.extcommunity_seg_nh_set",
            "module.iosxr.iosxr_extcommunity_soo_set.extcommunity_soo_set",
            "module.iosxr.iosxr_flow_exporter_map.flow_exporter_map",
            "module.iosxr.iosxr_flow_monitor_map.flow_monitor_map",
            "module.iosxr.iosxr_flow_sampler_map.flow_sampler_map",
            "module.iosxr.iosxr_ipv4_prefix_list.ipv4_prefix_list",
            "module.iosxr.iosxr_ipv6_prefix_list.ipv6_prefix_list",
            "module.iosxr.iosxr_key_chain.key_chain",
            "module.iosxr.iosxr_large_community_set.large_community_set",
            "module.iosxr.iosxr_mac_set.mac_set",
            "module.iosxr.iosxr_monitor_session.monitor_session",
            "module.iosxr.iosxr_ospf_area_set.ospf_area_set",
            "module.iosxr.iosxr_policy_global_set.policy_global_set",
            "module.iosxr.iosxr_policy_map_qos.policy_map_qos",
            "module.iosxr.iosxr_prefix_set.prefix_set",
            "module.iosxr.iosxr_rd_set.rd_set",
            "module.iosxr.iosxr_route_policy.route_policy",
            "module.iosxr.iosxr_tag_set.tag_set",
            "module.iosxr.iosxr_vrf.vrf",
            "module.iosxr.terraform_data.ethernet_flow_replace"
          ]
        }
      ]
    },
    {
      "module": "module.iosxr",
      "mode": "managed",
      "type": "iosxr_interface_ethernet_subinterface",
      "name": "ethernet_subinterface",
      "provider": "module.iosxr.provider[\"registry.terraform.io/ciscodevnet/iosxr\"]",
      "instances": [
        {
          "index_key": "ic-node-3/GigabitEthernet0/0/0/2.10",
          "schema_version": 0,
          "attributes": {
            "arp_cache_limit": null,
            "arp_gratuitous_ignore": null,
            "arp_learning_disable": null,
            "arp_learning_local": null,
            "arp_timeout": null,
            "bandwidth": null,
            "cdp": null,
            "dampening": null,
            "dampening_decay_half_life": null,
            "dampening_max_suppress_time": null,
            "dampening_reuse_threshold": null,
            "dampening_suppress_threshold": null,
            "delete_mode": null,
            "description": "Services Networks for Customer A VRF",
            "device": "ic-node-3",
            "encapsulation_dot1q_second_dot1q": null,
            "encapsulation_dot1q_vlan_id": 10,
            "ethernet_cfm_ais_transmission_up_cos": null,
            "ethernet_cfm_ais_transmission_up_interval": null,
            "ethernet_cfm_bandwidth_notifications_hold_off": null,
            "ethernet_cfm_bandwidth_notifications_log_changes": null,
            "ethernet_cfm_bandwidth_notifications_loss_threshold": null,
            "ethernet_cfm_bandwidth_notifications_wait_to_restore": null,
            "ethernet_cfm_mep_domains": null,
            "flow_ipv4_egress_monitor_samplers": null,
            "flow_ipv4_egress_monitors": null,
            "flow_ipv4_ingress_monitor_samplers": null,
            "flow_ipv4_ingress_monitors": null,
            "flow_ipv6_egress_monitor_samplers": null,
            "flow_ipv6_egress_monitors": null,
            "flow_ipv6_ingress_monitor_samplers": null,
            "flow_ipv6_ingress_monitors": null,
            "id": "Cisco-IOS-XR-um-interface-cfg:/interfaces/interface[interface-name=GigabitEthernet0/0/0/2.10]",
            "ipv4_access_group_egress_acl": null,
            "ipv4_access_group_egress_compress": null,
            "ipv4_access_group_egress_hardware_count": null,
            "ipv4_access_group_egress_interface_statistics": null,
            "ipv4_access_group_ingress_acl1": null,
            "ipv4_access_group_ingress_compress": null,
            "ipv4_access_group_ingress_hardware_count": null,
            "ipv4_access_group_ingress_interface_statistics": null,
            "ipv4_address": "172.16.10.1",
            "ipv4_algorithm": null,
            "ipv4_forwarding_enable": null,
            "ipv4_helper_addresses": null,
            "ipv4_mask_reply": null,
            "ipv4_mtu": null,
            "ipv4_netmask": "255.255.255.248",
            "ipv4_point_to_point": null,
            "ipv4_redirects": null,
            "ipv4_route_tag": null,
            "ipv4_secondaries": null,
            "ipv4_tcp_mss_adjust": null,
            "ipv4_ttl_propagate_disable": null,
            "ipv4_unnumbered": null,
            "ipv4_unreachables_disable": null,
            "ipv4_verify_unicast_source_reachable_via_allow_default": null,
            "ipv4_verify_unicast_source_reachable_via_allow_self_ping": null,
            "ipv4_verify_unicast_source_reachable_via_type": null,
            "ipv6_access_group_egress_acl": null,
            "ipv6_access_group_egress_compress": null,
            "ipv6_access_group_egress_interface_statistics": null,
            "ipv6_access_group_ingress_acl1": null,
            "ipv6_access_group_ingress_compress": null,
            "ipv6_access_group_ingress_interface_statistics": null,
            "ipv6_addresses": null,
            "ipv6_autoconfig": null,
            "ipv6_dhcp": null,
            "ipv6_enable": null,
            "ipv6_eui64_addresses": null,
            "ipv6_link_local_address": null,
            "ipv6_link_local_route_tag": null,
            "ipv6_link_local_zone": null,
            "ipv6_mtu": null,
            "ipv6_nd_cache_limit": null,
            "ipv6_nd_dad_attempts": null,
            "ipv6_nd_managed_config_flag": null,
            "ipv6_nd_ns_interval": null,
            "ipv6_nd_other_config_flag": null,
            "ipv6_nd_prefix_default_no_adv": null,
            "ipv6_nd_prefix_default_no_autoconfig": null,
            "ipv6_nd_ra_interval_max": null,
            "ipv6_nd_ra_interval_min": null,
            "ipv6_nd_ra_lifetime": null,
            "ipv6_nd_reachable_time": null,
            "ipv6_nd_redirects": null,
            "ipv6_nd_suppress_ra": null,
            "ipv6_nd_unicast_ra": null,
            "ipv6_tcp_mss_adjust": null,
            "ipv6_ttl_propagate_disable": null,
            "ipv6_unreachables_disable": null,
            "ipv6_verify_unicast_source_reachable_via_allow_default": null,
            "ipv6_verify_unicast_source_reachable_via_allow_self_ping": null,
            "ipv6_verify_unicast_source_reachable_via_type": null,
            "l2transport": null,
            "l2transport_encapsulation_dot1q_second_dot1q": null,
            "l2transport_encapsulation_dot1q_vlan_id": null,
            "lldp": null,
            "lldp_receive_disable": null,
            "lldp_tagged": null,
            "lldp_transmit_disable": null,
            "load_interval": null,
            "logging_events_link_status": null,
            "macsec_eap_policy": null,
            "macsec_fallback_psk_keychain": null,
            "macsec_policy": null,
            "macsec_psk_keychain_name": null,
            "monitor_sessions": null,
            "mpls_mtu": null,
            "mtu": null,
            "multipoint": null,
            "name": "0/0/0/2.10",
            "point_to_point": null,
            "proxy_arp": null,
            "ptp": null,
            "ptp_announce_frequency": null,
            "ptp_announce_grant_duration": null,
            "ptp_announce_interval": null,
            "ptp_announce_timeout": null,
            "ptp_clock_operation_one_step": null,
            "ptp_clock_operation_two_step": null,
            "ptp_cos": null,
            "ptp_cos_event": null,
            "ptp_cos_general": null,
            "ptp_delay_asymmetry_unit_microseconds": null,
            "ptp_delay_asymmetry_unit_milliseconds": null,
            "ptp_delay_asymmetry_unit_nanoseconds": null,
            "ptp_delay_asymmetry_value": null,
            "ptp_delay_request_frequency": null,
            "ptp_delay_request_interval": null,
            "ptp_delay_response_grant_duration": null,
            "ptp_delay_response_timeout": null,
            "ptp_dscp": null,
            "ptp_dscp_event": null,
            "ptp_dscp_general": null,
            "ptp_interop_domain": null,
            "ptp_interop_egress_conversion_clock_accuracy": null,
            "ptp_interop_egress_conversion_clock_class_default": null,
            "ptp_interop_egress_conversion_clock_class_mappings": null,
            "ptp_interop_egress_conversion_offset_scaled_log_variance": null,
            "ptp_interop_egress_conversion_priority1": null,
            "ptp_interop_egress_conversion_priority2": null,
            "ptp_interop_ingress_conversion_clock_accuracy": null,
            "ptp_interop_ingress_conversion_clock_class_default": null,
            "ptp_interop_ingress_conversion_clock_class_mappings": null,
            "ptp_interop_ingress_conversion_offset_scaled_log_variance": null,
            "ptp_interop_ingress_conversion_priority1": null,
            "ptp_interop_ingress_conversion_priority2": null,
            "ptp_interop_profile_default": null,
            "ptp_interop_profile_g_8265_1": null,
            "ptp_interop_profile_g_8275_1": null,
            "ptp_interop_profile_g_8275_2": null,
            "ptp_ipv4_ttl": null,
            "ptp_ipv6_hop_limit": null,
            "ptp_local_priority": null,
            "ptp_master_ethernets": null,
            "ptp_master_ipv4s": null,
            "ptp_master_ipv6s": null,
            "ptp_multicast": null,
            "ptp_multicast_disable": null,
            "ptp_multicast_mixed": null,
            "ptp_multicast_target_address_mac_forwardable": null,
            "ptp_multicast_target_address_mac_non_forwardable": null,
            "ptp_port_state_any": null,
            "ptp_port_state_master_only": null,
            "ptp_port_state_slave_only": null,
            "ptp_profile": null,
            "ptp_slave_ethernets": null,
            "ptp_slave_ipv4s": null,
            "ptp_slave_ipv6s": null,
            "ptp_source_ipv4_address": null,
            "ptp_source_ipv4_address_disable": null,
            "ptp_source_ipv6_address": null,
            "ptp_source_ipv6_address_disable": null,
            "ptp_sync_frequency": null,
            "ptp_sync_grant_duration": null,
            "ptp_sync_interval": null,
            "ptp_sync_timeout": null,
            "ptp_transport_ethernet": null,
            "ptp_transport_ipv4": null,
            "ptp_transport_ipv6": null,
            "ptp_unicast_grant_invalid_request_deny": null,
            "ptp_unicast_grant_invalid_request_reduce": null,
            "rewrite_ingress_tag_pop_one": null,
            "rewrite_ingress_tag_pop_two": null,
            "service_policy_input": null,
            "service_policy_output": null,
            "shutdown": null,
            "type": "GigabitEthernet",
            "vrf": "10"
          },
          "sensitive_attributes": [],
          "identity_schema_version": 0,
          "private": "eyJpbXBvcnRpbmciOiJNQT09In0=",
          "dependencies": [
            "module.iosxr.iosxr_as_path_set.as_path_set",
            "module.iosxr.iosxr_class_map_qos.class_map_qos",
            "module.iosxr.iosxr_community_set.community_set",
            "module.iosxr.iosxr_esi_set.esi_set",
            "module.iosxr.iosxr_etag_set.etag_set",
            "module.iosxr.iosxr_extcommunity_bandwidth_set.extcommunity_bandwidth_set",
            "module.iosxr.iosxr_extcommunity_cost_set.extcommunity_cost_set",
            "module.iosxr.iosxr_extcommunity_evpn_link_bandwidth_set.extcommunity_evpn_link_bandwidth_set",
            "module.iosxr.iosxr_extcommunity_opaque_set.extcommunity_opaque_set",
            "module.iosxr.iosxr_extcommunity_rt_set.extcommunity_rt_set",
            "module.iosxr.iosxr_extcommunity_seg_nh_set.extcommunity_seg_nh_set",
            "module.iosxr.iosxr_extcommunity_soo_set.extcommunity_soo_set",
            "module.iosxr.iosxr_flow_exporter_map.flow_exporter_map",
            "module.iosxr.iosxr_flow_monitor_map.flow_monitor_map",
            "module.iosxr.iosxr_flow_sampler_map.flow_sampler_map",
            "module.iosxr.iosxr_interface_ethernet.ethernet",
            "module.iosxr.iosxr_ipv4_prefix_list.ipv4_prefix_list",
            "module.iosxr.iosxr_ipv6_prefix_list.ipv6_prefix_list",
            "module.iosxr.iosxr_key_chain.key_chain",
            "module.iosxr.iosxr_large_community_set.large_community_set",
            "module.iosxr.iosxr_mac_set.mac_set",
            "module.iosxr.iosxr_monitor_session.monitor_session",
            "module.iosxr.iosxr_ospf_area_set.ospf_area_set",
            "module.iosxr.iosxr_policy_global_set.policy_global_set",
            "module.iosxr.iosxr_policy_map_qos.policy_map_qos",
            "module.iosxr.iosxr_prefix_set.prefix_set",
            "module.iosxr.iosxr_rd_set.rd_set",
            "module.iosxr.iosxr_route_policy.route_policy",
            "module.iosxr.iosxr_tag_set.tag_set",
            "module.iosxr.iosxr_vrf.vrf",
            "module.iosxr.terraform_data.ethernet_flow_replace",
            "module.iosxr.terraform_data.ethernet_subinterface_flow_replace"
          ]
        },
        {
          "index_key": "ic-node-3/GigabitEthernet0/0/0/2.20",
          "schema_version": 0,
          "attributes": {
            "arp_cache_limit": null,
            "arp_gratuitous_ignore": null,
            "arp_learning_disable": null,
            "arp_learning_local": null,
            "arp_timeout": null,
            "bandwidth": null,
            "cdp": null,
            "dampening": null,
            "dampening_decay_half_life": null,
            "dampening_max_suppress_time": null,
            "dampening_reuse_threshold": null,
            "dampening_suppress_threshold": null,
            "delete_mode": null,
            "description": "Services Networks for Customer B VRF",
            "device": "ic-node-3",
            "encapsulation_dot1q_second_dot1q": null,
            "encapsulation_dot1q_vlan_id": 20,
            "ethernet_cfm_ais_transmission_up_cos": null,
            "ethernet_cfm_ais_transmission_up_interval": null,
            "ethernet_cfm_bandwidth_notifications_hold_off": null,
            "ethernet_cfm_bandwidth_notifications_log_changes": null,
            "ethernet_cfm_bandwidth_notifications_loss_threshold": null,
            "ethernet_cfm_bandwidth_notifications_wait_to_restore": null,
            "ethernet_cfm_mep_domains": null,
            "flow_ipv4_egress_monitor_samplers": null,
            "flow_ipv4_egress_monitors": null,
            "flow_ipv4_ingress_monitor_samplers": null,
            "flow_ipv4_ingress_monitors": null,
            "flow_ipv6_egress_monitor_samplers": null,
            "flow_ipv6_egress_monitors": null,
            "flow_ipv6_ingress_monitor_samplers": null,
            "flow_ipv6_ingress_monitors": null,
            "id": "Cisco-IOS-XR-um-interface-cfg:/interfaces/interface[interface-name=GigabitEthernet0/0/0/2.20]",
            "ipv4_access_group_egress_acl": null,
            "ipv4_access_group_egress_compress": null,
            "ipv4_access_group_egress_hardware_count": null,
            "ipv4_access_group_egress_interface_statistics": null,
            "ipv4_access_group_ingress_acl1": null,
            "ipv4_access_group_ingress_compress": null,
            "ipv4_access_group_ingress_hardware_count": null,
            "ipv4_access_group_ingress_interface_statistics": null,
            "ipv4_address": "172.16.20.1",
            "ipv4_algorithm": null,
            "ipv4_forwarding_enable": null,
            "ipv4_helper_addresses": null,
            "ipv4_mask_reply": null,
            "ipv4_mtu": null,
            "ipv4_netmask": "255.255.255.248",
            "ipv4_point_to_point": null,
            "ipv4_redirects": null,
            "ipv4_route_tag": null,
            "ipv4_secondaries": null,
            "ipv4_tcp_mss_adjust": null,
            "ipv4_ttl_propagate_disable": null,
            "ipv4_unnumbered": null,
            "ipv4_unreachables_disable": null,
            "ipv4_verify_unicast_source_reachable_via_allow_default": null,
            "ipv4_verify_unicast_source_reachable_via_allow_self_ping": null,
            "ipv4_verify_unicast_source_reachable_via_type": null,
            "ipv6_access_group_egress_acl": null,
            "ipv6_access_group_egress_compress": null,
            "ipv6_access_group_egress_interface_statistics": null,
            "ipv6_access_group_ingress_acl1": null,
            "ipv6_access_group_ingress_compress": null,
            "ipv6_access_group_ingress_interface_statistics": null,
            "ipv6_addresses": null,
            "ipv6_autoconfig": null,
            "ipv6_dhcp": null,
            "ipv6_enable": null,
            "ipv6_eui64_addresses": null,
            "ipv6_link_local_address": null,
            "ipv6_link_local_route_tag": null,
            "ipv6_link_local_zone": null,
            "ipv6_mtu": null,
            "ipv6_nd_cache_limit": null,
            "ipv6_nd_dad_attempts": null,
            "ipv6_nd_managed_config_flag": null,
            "ipv6_nd_ns_interval": null,
            "ipv6_nd_other_config_flag": null,
            "ipv6_nd_prefix_default_no_adv": null,
            "ipv6_nd_prefix_default_no_autoconfig": null,
            "ipv6_nd_ra_interval_max": null,
            "ipv6_nd_ra_interval_min": null,
            "ipv6_nd_ra_lifetime": null,
            "ipv6_nd_reachable_time": null,
            "ipv6_nd_redirects": null,
            "ipv6_nd_suppress_ra": null,
            "ipv6_nd_unicast_ra": null,
            "ipv6_tcp_mss_adjust": null,
            "ipv6_ttl_propagate_disable": null,
            "ipv6_unreachables_disable": null,
            "ipv6_verify_unicast_source_reachable_via_allow_default": null,
            "ipv6_verify_unicast_source_reachable_via_allow_self_ping": null,
            "ipv6_verify_unicast_source_reachable_via_type": null,
            "l2transport": null,
            "l2transport_encapsulation_dot1q_second_dot1q": null,
            "l2transport_encapsulation_dot1q_vlan_id": null,
            "lldp": null,
            "lldp_receive_disable": null,
            "lldp_tagged": null,
            "lldp_transmit_disable": null,
            "load_interval": null,
            "logging_events_link_status": null,
            "macsec_eap_policy": null,
            "macsec_fallback_psk_keychain": null,
            "macsec_policy": null,
            "macsec_psk_keychain_name": null,
            "monitor_sessions": null,
            "mpls_mtu": null,
            "mtu": null,
            "multipoint": null,
            "name": "0/0/0/2.20",
            "point_to_point": null,
            "proxy_arp": null,
            "ptp": null,
            "ptp_announce_frequency": null,
            "ptp_announce_grant_duration": null,
            "ptp_announce_interval": null,
            "ptp_announce_timeout": null,
            "ptp_clock_operation_one_step": null,
            "ptp_clock_operation_two_step": null,
            "ptp_cos": null,
            "ptp_cos_event": null,
            "ptp_cos_general": null,
            "ptp_delay_asymmetry_unit_microseconds": null,
            "ptp_delay_asymmetry_unit_milliseconds": null,
            "ptp_delay_asymmetry_unit_nanoseconds": null,
            "ptp_delay_asymmetry_value": null,
            "ptp_delay_request_frequency": null,
            "ptp_delay_request_interval": null,
            "ptp_delay_response_grant_duration": null,
            "ptp_delay_response_timeout": null,
            "ptp_dscp": null,
            "ptp_dscp_event": null,
            "ptp_dscp_general": null,
            "ptp_interop_domain": null,
            "ptp_interop_egress_conversion_clock_accuracy": null,
            "ptp_interop_egress_conversion_clock_class_default": null,
            "ptp_interop_egress_conversion_clock_class_mappings": null,
            "ptp_interop_egress_conversion_offset_scaled_log_variance": null,
            "ptp_interop_egress_conversion_priority1": null,
            "ptp_interop_egress_conversion_priority2": null,
            "ptp_interop_ingress_conversion_clock_accuracy": null,
            "ptp_interop_ingress_conversion_clock_class_default": null,
            "ptp_interop_ingress_conversion_clock_class_mappings": null,
            "ptp_interop_ingress_conversion_offset_scaled_log_variance": null,
            "ptp_interop_ingress_conversion_priority1": null,
            "ptp_interop_ingress_conversion_priority2": null,
            "ptp_interop_profile_default": null,
            "ptp_interop_profile_g_8265_1": null,
            "ptp_interop_profile_g_8275_1": null,
            "ptp_interop_profile_g_8275_2": null,
            "ptp_ipv4_ttl": null,
            "ptp_ipv6_hop_limit": null,
            "ptp_local_priority": null,
            "ptp_master_ethernets": null,
            "ptp_master_ipv4s": null,
            "ptp_master_ipv6s": null,
            "ptp_multicast": null,
            "ptp_multicast_disable": null,
            "ptp_multicast_mixed": null,
            "ptp_multicast_target_address_mac_forwardable": null,
            "ptp_multicast_target_address_mac_non_forwardable": null,
            "ptp_port_state_any": null,
            "ptp_port_state_master_only": null,
            "ptp_port_state_slave_only": null,
            "ptp_profile": null,
            "ptp_slave_ethernets": null,
            "ptp_slave_ipv4s": null,
            "ptp_slave_ipv6s": null,
            "ptp_source_ipv4_address": null,
            "ptp_source_ipv4_address_disable": null,
            "ptp_source_ipv6_address": null,
            "ptp_source_ipv6_address_disable": null,
            "ptp_sync_frequency": null,
            "ptp_sync_grant_duration": null,
            "ptp_sync_interval": null,
            "ptp_sync_timeout": null,
            "ptp_transport_ethernet": null,
            "ptp_transport_ipv4": null,
            "ptp_transport_ipv6": null,
            "ptp_unicast_grant_invalid_request_deny": null,
            "ptp_unicast_grant_invalid_request_reduce": null,
            "rewrite_ingress_tag_pop_one": null,
            "rewrite_ingress_tag_pop_two": null,
            "service_policy_input": null,
            "service_policy_output": null,
            "shutdown": null,
            "type": "GigabitEthernet",
            "vrf": "20"
          },
          "sensitive_attributes": [],
          "identity_schema_version": 0,
          "private": "eyJpbXBvcnRpbmciOiJNQT09In0=",
          "dependencies": [
            "module.iosxr.iosxr_as_path_set.as_path_set",
            "module.iosxr.iosxr_class_map_qos.class_map_qos",
            "module.iosxr.iosxr_community_set.community_set",
            "module.iosxr.iosxr_esi_set.esi_set",
            "module.iosxr.iosxr_etag_set.etag_set",
            "module.iosxr.iosxr_extcommunity_bandwidth_set.extcommunity_bandwidth_set",
            "module.iosxr.iosxr_extcommunity_cost_set.extcommunity_cost_set",
            "module.iosxr.iosxr_extcommunity_evpn_link_bandwidth_set.extcommunity_evpn_link_bandwidth_set",
            "module.iosxr.iosxr_extcommunity_opaque_set.extcommunity_opaque_set",
            "module.iosxr.iosxr_extcommunity_rt_set.extcommunity_rt_set",
            "module.iosxr.iosxr_extcommunity_seg_nh_set.extcommunity_seg_nh_set",
            "module.iosxr.iosxr_extcommunity_soo_set.extcommunity_soo_set",
            "module.iosxr.iosxr_flow_exporter_map.flow_exporter_map",
            "module.iosxr.iosxr_flow_monitor_map.flow_monitor_map",
            "module.iosxr.iosxr_flow_sampler_map.flow_sampler_map",
            "module.iosxr.iosxr_interface_ethernet.ethernet",
            "module.iosxr.iosxr_ipv4_prefix_list.ipv4_prefix_list",
            "module.iosxr.iosxr_ipv6_prefix_list.ipv6_prefix_list",
            "module.iosxr.iosxr_key_chain.key_chain",
            "module.iosxr.iosxr_large_community_set.large_community_set",
            "module.iosxr.iosxr_mac_set.mac_set",
            "module.iosxr.iosxr_monitor_session.monitor_session",
            "module.iosxr.iosxr_ospf_area_set.ospf_area_set",
            "module.iosxr.iosxr_policy_global_set.policy_global_set",
            "module.iosxr.iosxr_policy_map_qos.policy_map_qos",
            "module.iosxr.iosxr_prefix_set.prefix_set",
            "module.iosxr.iosxr_rd_set.rd_set",
            "module.iosxr.iosxr_route_policy.route_policy",
            "module.iosxr.iosxr_tag_set.tag_set",
            "module.iosxr.iosxr_vrf.vrf",
            "module.iosxr.terraform_data.ethernet_flow_replace",
            "module.iosxr.terraform_data.ethernet_subinterface_flow_replace"
          ]
        },
        {
          "index_key": "ic-node-3/GigabitEthernet0/0/0/2.30",
          "schema_version": 0,
          "attributes": {
            "arp_cache_limit": null,
            "arp_gratuitous_ignore": null,
            "arp_learning_disable": null,
            "arp_learning_local": null,
            "arp_timeout": null,
            "bandwidth": null,
            "cdp": null,
            "dampening": null,
            "dampening_decay_half_life": null,
            "dampening_max_suppress_time": null,
            "dampening_reuse_threshold": null,
            "dampening_suppress_threshold": null,
            "delete_mode": null,
            "description": "Services Networks for Customer C VRF",
            "device": "ic-node-3",
            "encapsulation_dot1q_second_dot1q": null,
            "encapsulation_dot1q_vlan_id": 30,
            "ethernet_cfm_ais_transmission_up_cos": null,
            "ethernet_cfm_ais_transmission_up_interval": null,
            "ethernet_cfm_bandwidth_notifications_hold_off": null,
            "ethernet_cfm_bandwidth_notifications_log_changes": null,
            "ethernet_cfm_bandwidth_notifications_loss_threshold": null,
            "ethernet_cfm_bandwidth_notifications_wait_to_restore": null,
            "ethernet_cfm_mep_domains": null,
            "flow_ipv4_egress_monitor_samplers": null,
            "flow_ipv4_egress_monitors": null,
            "flow_ipv4_ingress_monitor_samplers": null,
            "flow_ipv4_ingress_monitors": null,
            "flow_ipv6_egress_monitor_samplers": null,
            "flow_ipv6_egress_monitors": null,
            "flow_ipv6_ingress_monitor_samplers": null,
            "flow_ipv6_ingress_monitors": null,
            "id": "Cisco-IOS-XR-um-interface-cfg:/interfaces/interface[interface-name=GigabitEthernet0/0/0/2.30]",
            "ipv4_access_group_egress_acl": null,
            "ipv4_access_group_egress_compress": null,
            "ipv4_access_group_egress_hardware_count": null,
            "ipv4_access_group_egress_interface_statistics": null,
            "ipv4_access_group_ingress_acl1": null,
            "ipv4_access_group_ingress_compress": null,
            "ipv4_access_group_ingress_hardware_count": null,
            "ipv4_access_group_ingress_interface_statistics": null,
            "ipv4_address": "172.16.30.1",
            "ipv4_algorithm": null,
            "ipv4_forwarding_enable": null,
            "ipv4_helper_addresses": null,
            "ipv4_mask_reply": null,
            "ipv4_mtu": null,
            "ipv4_netmask": "255.255.255.248",
            "ipv4_point_to_point": null,
            "ipv4_redirects": null,
            "ipv4_route_tag": null,
            "ipv4_secondaries": null,
            "ipv4_tcp_mss_adjust": null,
            "ipv4_ttl_propagate_disable": null,
            "ipv4_unnumbered": null,
            "ipv4_unreachables_disable": null,
            "ipv4_verify_unicast_source_reachable_via_allow_default": null,
            "ipv4_verify_unicast_source_reachable_via_allow_self_ping": null,
            "ipv4_verify_unicast_source_reachable_via_type": null,
            "ipv6_access_group_egress_acl": null,
            "ipv6_access_group_egress_compress": null,
            "ipv6_access_group_egress_interface_statistics": null,
            "ipv6_access_group_ingress_acl1": null,
            "ipv6_access_group_ingress_compress": null,
            "ipv6_access_group_ingress_interface_statistics": null,
            "ipv6_addresses": null,
            "ipv6_autoconfig": null,
            "ipv6_dhcp": null,
            "ipv6_enable": null,
            "ipv6_eui64_addresses": null,
            "ipv6_link_local_address": null,
            "ipv6_link_local_route_tag": null,
            "ipv6_link_local_zone": null,
            "ipv6_mtu": null,
            "ipv6_nd_cache_limit": null,
            "ipv6_nd_dad_attempts": null,
            "ipv6_nd_managed_config_flag": null,
            "ipv6_nd_ns_interval": null,
            "ipv6_nd_other_config_flag": null,
            "ipv6_nd_prefix_default_no_adv": null,
            "ipv6_nd_prefix_default_no_autoconfig": null,
            "ipv6_nd_ra_interval_max": null,
            "ipv6_nd_ra_interval_min": null,
            "ipv6_nd_ra_lifetime": null,
            "ipv6_nd_reachable_time": null,
            "ipv6_nd_redirects": null,
            "ipv6_nd_suppress_ra": null,
            "ipv6_nd_unicast_ra": null,
            "ipv6_tcp_mss_adjust": null,
            "ipv6_ttl_propagate_disable": null,
            "ipv6_unreachables_disable": null,
            "ipv6_verify_unicast_source_reachable_via_allow_default": null,
            "ipv6_verify_unicast_source_reachable_via_allow_self_ping": null,
            "ipv6_verify_unicast_source_reachable_via_type": null,
            "l2transport": null,
            "l2transport_encapsulation_dot1q_second_dot1q": null,
            "l2transport_encapsulation_dot1q_vlan_id": null,
            "lldp": null,
            "lldp_receive_disable": null,
            "lldp_tagged": null,
            "lldp_transmit_disable": null,
            "load_interval": null,
            "logging_events_link_status": null,
            "macsec_eap_policy": null,
            "macsec_fallback_psk_keychain": null,
            "macsec_policy": null,
            "macsec_psk_keychain_name": null,
            "monitor_sessions": null,
            "mpls_mtu": null,
            "mtu": null,
            "multipoint": null,
            "name": "0/0/0/2.30",
            "point_to_point": null,
            "proxy_arp": null,
            "ptp": null,
            "ptp_announce_frequency": null,
            "ptp_announce_grant_duration": null,
            "ptp_announce_interval": null,
            "ptp_announce_timeout": null,
            "ptp_clock_operation_one_step": null,
            "ptp_clock_operation_two_step": null,
            "ptp_cos": null,
            "ptp_cos_event": null,
            "ptp_cos_general": null,
            "ptp_delay_asymmetry_unit_microseconds": null,
            "ptp_delay_asymmetry_unit_milliseconds": null,
            "ptp_delay_asymmetry_unit_nanoseconds": null,
            "ptp_delay_asymmetry_value": null,
            "ptp_delay_request_frequency": null,
            "ptp_delay_request_interval": null,
            "ptp_delay_response_grant_duration": null,
            "ptp_delay_response_timeout": null,
            "ptp_dscp": null,
            "ptp_dscp_event": null,
            "ptp_dscp_general": null,
            "ptp_interop_domain": null,
            "ptp_interop_egress_conversion_clock_accuracy": null,
            "ptp_interop_egress_conversion_clock_class_default": null,
            "ptp_interop_egress_conversion_clock_class_mappings": null,
            "ptp_interop_egress_conversion_offset_scaled_log_variance": null,
            "ptp_interop_egress_conversion_priority1": null,
            "ptp_interop_egress_conversion_priority2": null,
            "ptp_interop_ingress_conversion_clock_accuracy": null,
            "ptp_interop_ingress_conversion_clock_class_default": null,
            "ptp_interop_ingress_conversion_clock_class_mappings": null,
            "ptp_interop_ingress_conversion_offset_scaled_log_variance": null,
            "ptp_interop_ingress_conversion_priority1": null,
            "ptp_interop_ingress_conversion_priority2": null,
            "ptp_interop_profile_default": null,
            "ptp_interop_profile_g_8265_1": null,
            "ptp_interop_profile_g_8275_1": null,
            "ptp_interop_profile_g_8275_2": null,
            "ptp_ipv4_ttl": null,
            "ptp_ipv6_hop_limit": null,
            "ptp_local_priority": null,
            "ptp_master_ethernets": null,
            "ptp_master_ipv4s": null,
            "ptp_master_ipv6s": null,
            "ptp_multicast": null,
            "ptp_multicast_disable": null,
            "ptp_multicast_mixed": null,
            "ptp_multicast_target_address_mac_forwardable": null,
            "ptp_multicast_target_address_mac_non_forwardable": null,
            "ptp_port_state_any": null,
            "ptp_port_state_master_only": null,
            "ptp_port_state_slave_only": null,
            "ptp_profile": null,
            "ptp_slave_ethernets": null,
            "ptp_slave_ipv4s": null,
            "ptp_slave_ipv6s": null,
            "ptp_source_ipv4_address": null,
            "ptp_source_ipv4_address_disable": null,
            "ptp_source_ipv6_address": null,
            "ptp_source_ipv6_address_disable": null,
            "ptp_sync_frequency": null,
            "ptp_sync_grant_duration": null,
            "ptp_sync_interval": null,
            "ptp_sync_timeout": null,
            "ptp_transport_ethernet": null,
            "ptp_transport_ipv4": null,
            "ptp_transport_ipv6": null,
            "ptp_unicast_grant_invalid_request_deny": null,
            "ptp_unicast_grant_invalid_request_reduce": null,
            "rewrite_ingress_tag_pop_one": null,
            "rewrite_ingress_tag_pop_two": null,
            "service_policy_input": null,
            "service_policy_output": null,
            "shutdown": null,
            "type": "GigabitEthernet",
            "vrf": "30"
          },
          "sensitive_attributes": [],
          "identity_schema_version": 0,
          "private": "eyJpbXBvcnRpbmciOiJNQT09In0=",
          "dependencies": [
            "module.iosxr.iosxr_as_path_set.as_path_set",
            "module.iosxr.iosxr_class_map_qos.class_map_qos",
            "module.iosxr.iosxr_community_set.community_set",
            "module.iosxr.iosxr_esi_set.esi_set",
            "module.iosxr.iosxr_etag_set.etag_set",
            "module.iosxr.iosxr_extcommunity_bandwidth_set.extcommunity_bandwidth_set",
            "module.iosxr.iosxr_extcommunity_cost_set.extcommunity_cost_set",
            "module.iosxr.iosxr_extcommunity_evpn_link_bandwidth_set.extcommunity_evpn_link_bandwidth_set",
            "module.iosxr.iosxr_extcommunity_opaque_set.extcommunity_opaque_set",
            "module.iosxr.iosxr_extcommunity_rt_set.extcommunity_rt_set",
            "module.iosxr.iosxr_extcommunity_seg_nh_set.extcommunity_seg_nh_set",
            "module.iosxr.iosxr_extcommunity_soo_set.extcommunity_soo_set",
            "module.iosxr.iosxr_flow_exporter_map.flow_exporter_map",
            "module.iosxr.iosxr_flow_monitor_map.flow_monitor_map",
            "module.iosxr.iosxr_flow_sampler_map.flow_sampler_map",
            "module.iosxr.iosxr_interface_ethernet.ethernet",
            "module.iosxr.iosxr_ipv4_prefix_list.ipv4_prefix_list",
            "module.iosxr.iosxr_ipv6_prefix_list.ipv6_prefix_list",
            "module.iosxr.iosxr_key_chain.key_chain",
            "module.iosxr.iosxr_large_community_set.large_community_set",
            "module.iosxr.iosxr_mac_set.mac_set",
            "module.iosxr.iosxr_monitor_session.monitor_session",
            "module.iosxr.iosxr_ospf_area_set.ospf_area_set",
            "module.iosxr.iosxr_policy_global_set.policy_global_set",
            "module.iosxr.iosxr_policy_map_qos.policy_map_qos",
            "module.iosxr.iosxr_prefix_set.prefix_set",
            "module.iosxr.iosxr_rd_set.rd_set",
            "module.iosxr.iosxr_route_policy.route_policy",
            "module.iosxr.iosxr_tag_set.tag_set",
            "module.iosxr.iosxr_vrf.vrf",
            "module.iosxr.terraform_data.ethernet_flow_replace",
            "module.iosxr.terraform_data.ethernet_subinterface_flow_replace"
          ]
        },
        {
          "index_key": "ic-node-3/GigabitEthernet0/0/0/2.40",
          "schema_version": 0,
          "attributes": {
            "arp_cache_limit": null,
            "arp_gratuitous_ignore": null,
            "arp_learning_disable": null,
            "arp_learning_local": null,
            "arp_timeout": null,
            "bandwidth": null,
            "cdp": null,
            "dampening": null,
            "dampening_decay_half_life": null,
            "dampening_max_suppress_time": null,
            "dampening_reuse_threshold": null,
            "dampening_suppress_threshold": null,
            "delete_mode": null,
            "description": "Services Networks for Customer D VRF",
            "device": "ic-node-3",
            "encapsulation_dot1q_second_dot1q": null,
            "encapsulation_dot1q_vlan_id": 40,
            "ethernet_cfm_ais_transmission_up_cos": null,
            "ethernet_cfm_ais_transmission_up_interval": null,
            "ethernet_cfm_bandwidth_notifications_hold_off": null,
            "ethernet_cfm_bandwidth_notifications_log_changes": null,
            "ethernet_cfm_bandwidth_notifications_loss_threshold": null,
            "ethernet_cfm_bandwidth_notifications_wait_to_restore": null,
            "ethernet_cfm_mep_domains": null,
            "flow_ipv4_egress_monitor_samplers": null,
            "flow_ipv4_egress_monitors": null,
            "flow_ipv4_ingress_monitor_samplers": null,
            "flow_ipv4_ingress_monitors": null,
            "flow_ipv6_egress_monitor_samplers": null,
            "flow_ipv6_egress_monitors": null,
            "flow_ipv6_ingress_monitor_samplers": null,
            "flow_ipv6_ingress_monitors": null,
            "id": "Cisco-IOS-XR-um-interface-cfg:/interfaces/interface[interface-name=GigabitEthernet0/0/0/2.40]",
            "ipv4_access_group_egress_acl": null,
            "ipv4_access_group_egress_compress": null,
            "ipv4_access_group_egress_hardware_count": null,
            "ipv4_access_group_egress_interface_statistics": null,
            "ipv4_access_group_ingress_acl1": null,
            "ipv4_access_group_ingress_compress": null,
            "ipv4_access_group_ingress_hardware_count": null,
            "ipv4_access_group_ingress_interface_statistics": null,
            "ipv4_address": "172.16.40.1",
            "ipv4_algorithm": null,
            "ipv4_forwarding_enable": null,
            "ipv4_helper_addresses": null,
            "ipv4_mask_reply": null,
            "ipv4_mtu": null,
            "ipv4_netmask": "255.255.255.248",
            "ipv4_point_to_point": null,
            "ipv4_redirects": null,
            "ipv4_route_tag": null,
            "ipv4_secondaries": null,
            "ipv4_tcp_mss_adjust": null,
            "ipv4_ttl_propagate_disable": null,
            "ipv4_unnumbered": null,
            "ipv4_unreachables_disable": null,
            "ipv4_verify_unicast_source_reachable_via_allow_default": null,
            "ipv4_verify_unicast_source_reachable_via_allow_self_ping": null,
            "ipv4_verify_unicast_source_reachable_via_type": null,
            "ipv6_access_group_egress_acl": null,
            "ipv6_access_group_egress_compress": null,
            "ipv6_access_group_egress_interface_statistics": null,
            "ipv6_access_group_ingress_acl1": null,
            "ipv6_access_group_ingress_compress": null,
            "ipv6_access_group_ingress_interface_statistics": null,
            "ipv6_addresses": null,
            "ipv6_autoconfig": null,
            "ipv6_dhcp": null,
            "ipv6_enable": null,
            "ipv6_eui64_addresses": null,
            "ipv6_link_local_address": null,
            "ipv6_link_local_route_tag": null,
            "ipv6_link_local_zone": null,
            "ipv6_mtu": null,
            "ipv6_nd_cache_limit": null,
            "ipv6_nd_dad_attempts": null,
            "ipv6_nd_managed_config_flag": null,
            "ipv6_nd_ns_interval": null,
            "ipv6_nd_other_config_flag": null,
            "ipv6_nd_prefix_default_no_adv": null,
            "ipv6_nd_prefix_default_no_autoconfig": null,
            "ipv6_nd_ra_interval_max": null,
            "ipv6_nd_ra_interval_min": null,
            "ipv6_nd_ra_lifetime": null,
            "ipv6_nd_reachable_time": null,
            "ipv6_nd_redirects": null,
            "ipv6_nd_suppress_ra": null,
            "ipv6_nd_unicast_ra": null,
            "ipv6_tcp_mss_adjust": null,
            "ipv6_ttl_propagate_disable": null,
            "ipv6_unreachables_disable": null,
            "ipv6_verify_unicast_source_reachable_via_allow_default": null,
            "ipv6_verify_unicast_source_reachable_via_allow_self_ping": null,
            "ipv6_verify_unicast_source_reachable_via_type": null,
            "l2transport": null,
            "l2transport_encapsulation_dot1q_second_dot1q": null,
            "l2transport_encapsulation_dot1q_vlan_id": null,
            "lldp": null,
            "lldp_receive_disable": null,
            "lldp_tagged": null,
            "lldp_transmit_disable": null,
            "load_interval": null,
            "logging_events_link_status": null,
            "macsec_eap_policy": null,
            "macsec_fallback_psk_keychain": null,
            "macsec_policy": null,
            "macsec_psk_keychain_name": null,
            "monitor_sessions": null,
            "mpls_mtu": null,
            "mtu": null,
            "multipoint": null,
            "name": "0/0/0/2.40",
            "point_to_point": null,
            "proxy_arp": null,
            "ptp": null,
            "ptp_announce_frequency": null,
            "ptp_announce_grant_duration": null,
            "ptp_announce_interval": null,
            "ptp_announce_timeout": null,
            "ptp_clock_operation_one_step": null,
            "ptp_clock_operation_two_step": null,
            "ptp_cos": null,
            "ptp_cos_event": null,
            "ptp_cos_general": null,
            "ptp_delay_asymmetry_unit_microseconds": null,
            "ptp_delay_asymmetry_unit_milliseconds": null,
            "ptp_delay_asymmetry_unit_nanoseconds": null,
            "ptp_delay_asymmetry_value": null,
            "ptp_delay_request_frequency": null,
            "ptp_delay_request_interval": null,
            "ptp_delay_response_grant_duration": null,
            "ptp_delay_response_timeout": null,
            "ptp_dscp": null,
            "ptp_dscp_event": null,
            "ptp_dscp_general": null,
            "ptp_interop_domain": null,
            "ptp_interop_egress_conversion_clock_accuracy": null,
            "ptp_interop_egress_conversion_clock_class_default": null,
            "ptp_interop_egress_conversion_clock_class_mappings": null,
            "ptp_interop_egress_conversion_offset_scaled_log_variance": null,
            "ptp_interop_egress_conversion_priority1": null,
            "ptp_interop_egress_conversion_priority2": null,
            "ptp_interop_ingress_conversion_clock_accuracy": null,
            "ptp_interop_ingress_conversion_clock_class_default": null,
            "ptp_interop_ingress_conversion_clock_class_mappings": null,
            "ptp_interop_ingress_conversion_offset_scaled_log_variance": null,
            "ptp_interop_ingress_conversion_priority1": null,
            "ptp_interop_ingress_conversion_priority2": null,
            "ptp_interop_profile_default": null,
            "ptp_interop_profile_g_8265_1": null,
            "ptp_interop_profile_g_8275_1": null,
            "ptp_interop_profile_g_8275_2": null,
            "ptp_ipv4_ttl": null,
            "ptp_ipv6_hop_limit": null,
            "ptp_local_priority": null,
            "ptp_master_ethernets": null,
            "ptp_master_ipv4s": null,
            "ptp_master_ipv6s": null,
            "ptp_multicast": null,
            "ptp_multicast_disable": null,
            "ptp_multicast_mixed": null,
            "ptp_multicast_target_address_mac_forwardable": null,
            "ptp_multicast_target_address_mac_non_forwardable": null,
            "ptp_port_state_any": null,
            "ptp_port_state_master_only": null,
            "ptp_port_state_slave_only": null,
            "ptp_profile": null,
            "ptp_slave_ethernets": null,
            "ptp_slave_ipv4s": null,
            "ptp_slave_ipv6s": null,
            "ptp_source_ipv4_address": null,
            "ptp_source_ipv4_address_disable": null,
            "ptp_source_ipv6_address": null,
            "ptp_source_ipv6_address_disable": null,
            "ptp_sync_frequency": null,
            "ptp_sync_grant_duration": null,
            "ptp_sync_interval": null,
            "ptp_sync_timeout": null,
            "ptp_transport_ethernet": null,
            "ptp_transport_ipv4": null,
            "ptp_transport_ipv6": null,
            "ptp_unicast_grant_invalid_request_deny": null,
            "ptp_unicast_grant_invalid_request_reduce": null,
            "rewrite_ingress_tag_pop_one": null,
            "rewrite_ingress_tag_pop_two": null,
            "service_policy_input": null,
            "service_policy_output": null,
            "shutdown": null,
            "type": "GigabitEthernet",
            "vrf": "40"
          },
          "sensitive_attributes": [],
          "identity_schema_version": 0,
          "private": "eyJpbXBvcnRpbmciOiJNQT09In0=",
          "dependencies": [
            "module.iosxr.iosxr_as_path_set.as_path_set",
            "module.iosxr.iosxr_class_map_qos.class_map_qos",
            "module.iosxr.iosxr_community_set.community_set",
            "module.iosxr.iosxr_esi_set.esi_set",
            "module.iosxr.iosxr_etag_set.etag_set",
            "module.iosxr.iosxr_extcommunity_bandwidth_set.extcommunity_bandwidth_set",
            "module.iosxr.iosxr_extcommunity_cost_set.extcommunity_cost_set",
            "module.iosxr.iosxr_extcommunity_evpn_link_bandwidth_set.extcommunity_evpn_link_bandwidth_set",
            "module.iosxr.iosxr_extcommunity_opaque_set.extcommunity_opaque_set",
            "module.iosxr.iosxr_extcommunity_rt_set.extcommunity_rt_set",
            "module.iosxr.iosxr_extcommunity_seg_nh_set.extcommunity_seg_nh_set",
            "module.iosxr.iosxr_extcommunity_soo_set.extcommunity_soo_set",
            "module.iosxr.iosxr_flow_exporter_map.flow_exporter_map",
            "module.iosxr.iosxr_flow_monitor_map.flow_monitor_map",
            "module.iosxr.iosxr_flow_sampler_map.flow_sampler_map",
            "module.iosxr.iosxr_interface_ethernet.ethernet",
            "module.iosxr.iosxr_ipv4_prefix_list.ipv4_prefix_list",
            "module.iosxr.iosxr_ipv6_prefix_list.ipv6_prefix_list",
            "module.iosxr.iosxr_key_chain.key_chain",
            "module.iosxr.iosxr_large_community_set.large_community_set",
            "module.iosxr.iosxr_mac_set.mac_set",
            "module.iosxr.iosxr_monitor_session.monitor_session",
            "module.iosxr.iosxr_ospf_area_set.ospf_area_set",
            "module.iosxr.iosxr_policy_global_set.policy_global_set",
            "module.iosxr.iosxr_policy_map_qos.policy_map_qos",
            "module.iosxr.iosxr_prefix_set.prefix_set",
            "module.iosxr.iosxr_rd_set.rd_set",
            "module.iosxr.iosxr_route_policy.route_policy",
            "module.iosxr.iosxr_tag_set.tag_set",
            "module.iosxr.iosxr_vrf.vrf",
            "module.iosxr.terraform_data.ethernet_flow_replace",
            "module.iosxr.terraform_data.ethernet_subinterface_flow_replace"
          ]
        },
        {
          "index_key": "ic-node-4/GigabitEthernet0/0/0/2.10",
          "schema_version": 0,
          "attributes": {
            "arp_cache_limit": null,
            "arp_gratuitous_ignore": null,
            "arp_learning_disable": null,
            "arp_learning_local": null,
            "arp_timeout": null,
            "bandwidth": null,
            "cdp": null,
            "dampening": null,
            "dampening_decay_half_life": null,
            "dampening_max_suppress_time": null,
            "dampening_reuse_threshold": null,
            "dampening_suppress_threshold": null,
            "delete_mode": null,
            "description": "Services Networks for Customer A VRF",
            "device": "ic-node-4",
            "encapsulation_dot1q_second_dot1q": null,
            "encapsulation_dot1q_vlan_id": 10,
            "ethernet_cfm_ais_transmission_up_cos": null,
            "ethernet_cfm_ais_transmission_up_interval": null,
            "ethernet_cfm_bandwidth_notifications_hold_off": null,
            "ethernet_cfm_bandwidth_notifications_log_changes": null,
            "ethernet_cfm_bandwidth_notifications_loss_threshold": null,
            "ethernet_cfm_bandwidth_notifications_wait_to_restore": null,
            "ethernet_cfm_mep_domains": null,
            "flow_ipv4_egress_monitor_samplers": null,
            "flow_ipv4_egress_monitors": null,
            "flow_ipv4_ingress_monitor_samplers": null,
            "flow_ipv4_ingress_monitors": null,
            "flow_ipv6_egress_monitor_samplers": null,
            "flow_ipv6_egress_monitors": null,
            "flow_ipv6_ingress_monitor_samplers": null,
            "flow_ipv6_ingress_monitors": null,
            "id": "Cisco-IOS-XR-um-interface-cfg:/interfaces/interface[interface-name=GigabitEthernet0/0/0/2.10]",
            "ipv4_access_group_egress_acl": null,
            "ipv4_access_group_egress_compress": null,
            "ipv4_access_group_egress_hardware_count": null,
            "ipv4_access_group_egress_interface_statistics": null,
            "ipv4_access_group_ingress_acl1": null,
            "ipv4_access_group_ingress_compress": null,
            "ipv4_access_group_ingress_hardware_count": null,
            "ipv4_access_group_ingress_interface_statistics": null,
            "ipv4_address": "172.16.10.1",
            "ipv4_algorithm": null,
            "ipv4_forwarding_enable": null,
            "ipv4_helper_addresses": null,
            "ipv4_mask_reply": null,
            "ipv4_mtu": null,
            "ipv4_netmask": "255.255.255.248",
            "ipv4_point_to_point": null,
            "ipv4_redirects": null,
            "ipv4_route_tag": null,
            "ipv4_secondaries": null,
            "ipv4_tcp_mss_adjust": null,
            "ipv4_ttl_propagate_disable": null,
            "ipv4_unnumbered": null,
            "ipv4_unreachables_disable": null,
            "ipv4_verify_unicast_source_reachable_via_allow_default": null,
            "ipv4_verify_unicast_source_reachable_via_allow_self_ping": null,
            "ipv4_verify_unicast_source_reachable_via_type": null,
            "ipv6_access_group_egress_acl": null,
            "ipv6_access_group_egress_compress": null,
            "ipv6_access_group_egress_interface_statistics": null,
            "ipv6_access_group_ingress_acl1": null,
            "ipv6_access_group_ingress_compress": null,
            "ipv6_access_group_ingress_interface_statistics": null,
            "ipv6_addresses": null,
            "ipv6_autoconfig": null,
            "ipv6_dhcp": null,
            "ipv6_enable": null,
            "ipv6_eui64_addresses": null,
            "ipv6_link_local_address": null,
            "ipv6_link_local_route_tag": null,
            "ipv6_link_local_zone": null,
            "ipv6_mtu": null,
            "ipv6_nd_cache_limit": null,
            "ipv6_nd_dad_attempts": null,
            "ipv6_nd_managed_config_flag": null,
            "ipv6_nd_ns_interval": null,
            "ipv6_nd_other_config_flag": null,
            "ipv6_nd_prefix_default_no_adv": null,
            "ipv6_nd_prefix_default_no_autoconfig": null,
            "ipv6_nd_ra_interval_max": null,
            "ipv6_nd_ra_interval_min": null,
            "ipv6_nd_ra_lifetime": null,
            "ipv6_nd_reachable_time": null,
            "ipv6_nd_redirects": null,
            "ipv6_nd_suppress_ra": null,
            "ipv6_nd_unicast_ra": null,
            "ipv6_tcp_mss_adjust": null,
            "ipv6_ttl_propagate_disable": null,
            "ipv6_unreachables_disable": null,
            "ipv6_verify_unicast_source_reachable_via_allow_default": null,
            "ipv6_verify_unicast_source_reachable_via_allow_self_ping": null,
            "ipv6_verify_unicast_source_reachable_via_type": null,
            "l2transport": null,
            "l2transport_encapsulation_dot1q_second_dot1q": null,
            "l2transport_encapsulation_dot1q_vlan_id": null,
            "lldp": null,
            "lldp_receive_disable": null,
            "lldp_tagged": null,
            "lldp_transmit_disable": null,
            "load_interval": null,
            "logging_events_link_status": null,
            "macsec_eap_policy": null,
            "macsec_fallback_psk_keychain": null,
            "macsec_policy": null,
            "macsec_psk_keychain_name": null,
            "monitor_sessions": null,
            "mpls_mtu": null,
            "mtu": null,
            "multipoint": null,
            "name": "0/0/0/2.10",
            "point_to_point": null,
            "proxy_arp": null,
            "ptp": null,
            "ptp_announce_frequency": null,
            "ptp_announce_grant_duration": null,
            "ptp_announce_interval": null,
            "ptp_announce_timeout": null,
            "ptp_clock_operation_one_step": null,
            "ptp_clock_operation_two_step": null,
            "ptp_cos": null,
            "ptp_cos_event": null,
            "ptp_cos_general": null,
            "ptp_delay_asymmetry_unit_microseconds": null,
            "ptp_delay_asymmetry_unit_milliseconds": null,
            "ptp_delay_asymmetry_unit_nanoseconds": null,
            "ptp_delay_asymmetry_value": null,
            "ptp_delay_request_frequency": null,
            "ptp_delay_request_interval": null,
            "ptp_delay_response_grant_duration": null,
            "ptp_delay_response_timeout": null,
            "ptp_dscp": null,
            "ptp_dscp_event": null,
            "ptp_dscp_general": null,
            "ptp_interop_domain": null,
            "ptp_interop_egress_conversion_clock_accuracy": null,
            "ptp_interop_egress_conversion_clock_class_default": null,
            "ptp_interop_egress_conversion_clock_class_mappings": null,
            "ptp_interop_egress_conversion_offset_scaled_log_variance": null,
            "ptp_interop_egress_conversion_priority1": null,
            "ptp_interop_egress_conversion_priority2": null,
            "ptp_interop_ingress_conversion_clock_accuracy": null,
            "ptp_interop_ingress_conversion_clock_class_default": null,
            "ptp_interop_ingress_conversion_clock_class_mappings": null,
            "ptp_interop_ingress_conversion_offset_scaled_log_variance": null,
            "ptp_interop_ingress_conversion_priority1": null,
            "ptp_interop_ingress_conversion_priority2": null,
            "ptp_interop_profile_default": null,
            "ptp_interop_profile_g_8265_1": null,
            "ptp_interop_profile_g_8275_1": null,
            "ptp_interop_profile_g_8275_2": null,
            "ptp_ipv4_ttl": null,
            "ptp_ipv6_hop_limit": null,
            "ptp_local_priority": null,
            "ptp_master_ethernets": null,
            "ptp_master_ipv4s": null,
            "ptp_master_ipv6s": null,
            "ptp_multicast": null,
            "ptp_multicast_disable": null,
            "ptp_multicast_mixed": null,
            "ptp_multicast_target_address_mac_forwardable": null,
            "ptp_multicast_target_address_mac_non_forwardable": null,
            "ptp_port_state_any": null,
            "ptp_port_state_master_only": null,
            "ptp_port_state_slave_only": null,
            "ptp_profile": null,
            "ptp_slave_ethernets": null,
            "ptp_slave_ipv4s": null,
            "ptp_slave_ipv6s": null,
            "ptp_source_ipv4_address": null,
            "ptp_source_ipv4_address_disable": null,
            "ptp_source_ipv6_address": null,
            "ptp_source_ipv6_address_disable": null,
            "ptp_sync_frequency": null,
            "ptp_sync_grant_duration": null,
            "ptp_sync_interval": null,
            "ptp_sync_timeout": null,
            "ptp_transport_ethernet": null,
            "ptp_transport_ipv4": null,
            "ptp_transport_ipv6": null,
            "ptp_unicast_grant_invalid_request_deny": null,
            "ptp_unicast_grant_invalid_request_reduce": null,
            "rewrite_ingress_tag_pop_one": null,
            "rewrite_ingress_tag_pop_two": null,
            "service_policy_input": null,
            "service_policy_output": null,
            "shutdown": null,
            "type": "GigabitEthernet",
            "vrf": "10"
          },
          "sensitive_attributes": [],
          "identity_schema_version": 0,
          "private": "eyJpbXBvcnRpbmciOiJNQT09In0=",
          "dependencies": [
            "module.iosxr.iosxr_as_path_set.as_path_set",
            "module.iosxr.iosxr_class_map_qos.class_map_qos",
            "module.iosxr.iosxr_community_set.community_set",
            "module.iosxr.iosxr_esi_set.esi_set",
            "module.iosxr.iosxr_etag_set.etag_set",
            "module.iosxr.iosxr_extcommunity_bandwidth_set.extcommunity_bandwidth_set",
            "module.iosxr.iosxr_extcommunity_cost_set.extcommunity_cost_set",
            "module.iosxr.iosxr_extcommunity_evpn_link_bandwidth_set.extcommunity_evpn_link_bandwidth_set",
            "module.iosxr.iosxr_extcommunity_opaque_set.extcommunity_opaque_set",
            "module.iosxr.iosxr_extcommunity_rt_set.extcommunity_rt_set",
            "module.iosxr.iosxr_extcommunity_seg_nh_set.extcommunity_seg_nh_set",
            "module.iosxr.iosxr_extcommunity_soo_set.extcommunity_soo_set",
            "module.iosxr.iosxr_flow_exporter_map.flow_exporter_map",
            "module.iosxr.iosxr_flow_monitor_map.flow_monitor_map",
            "module.iosxr.iosxr_flow_sampler_map.flow_sampler_map",
            "module.iosxr.iosxr_interface_ethernet.ethernet",
            "module.iosxr.iosxr_ipv4_prefix_list.ipv4_prefix_list",
            "module.iosxr.iosxr_ipv6_prefix_list.ipv6_prefix_list",
            "module.iosxr.iosxr_key_chain.key_chain",
            "module.iosxr.iosxr_large_community_set.large_community_set",
            "module.iosxr.iosxr_mac_set.mac_set",
            "module.iosxr.iosxr_monitor_session.monitor_session",
            "module.iosxr.iosxr_ospf_area_set.ospf_area_set",
            "module.iosxr.iosxr_policy_global_set.policy_global_set",
            "module.iosxr.iosxr_policy_map_qos.policy_map_qos",
            "module.iosxr.iosxr_prefix_set.prefix_set",
            "module.iosxr.iosxr_rd_set.rd_set",
            "module.iosxr.iosxr_route_policy.route_policy",
            "module.iosxr.iosxr_tag_set.tag_set",
            "module.iosxr.iosxr_vrf.vrf",
            "module.iosxr.terraform_data.ethernet_flow_replace",
            "module.iosxr.terraform_data.ethernet_subinterface_flow_replace"
          ]
        },
        {
          "index_key": "ic-node-4/GigabitEthernet0/0/0/2.20",
          "schema_version": 0,
          "attributes": {
            "arp_cache_limit": null,
            "arp_gratuitous_ignore": null,
            "arp_learning_disable": null,
            "arp_learning_local": null,
            "arp_timeout": null,
            "bandwidth": null,
            "cdp": null,
            "dampening": null,
            "dampening_decay_half_life": null,
            "dampening_max_suppress_time": null,
            "dampening_reuse_threshold": null,
            "dampening_suppress_threshold": null,
            "delete_mode": null,
            "description": "Services Networks for Customer B VRF",
            "device": "ic-node-4",
            "encapsulation_dot1q_second_dot1q": null,
            "encapsulation_dot1q_vlan_id": 20,
            "ethernet_cfm_ais_transmission_up_cos": null,
            "ethernet_cfm_ais_transmission_up_interval": null,
            "ethernet_cfm_bandwidth_notifications_hold_off": null,
            "ethernet_cfm_bandwidth_notifications_log_changes": null,
            "ethernet_cfm_bandwidth_notifications_loss_threshold": null,
            "ethernet_cfm_bandwidth_notifications_wait_to_restore": null,
            "ethernet_cfm_mep_domains": null,
            "flow_ipv4_egress_monitor_samplers": null,
            "flow_ipv4_egress_monitors": null,
            "flow_ipv4_ingress_monitor_samplers": null,
            "flow_ipv4_ingress_monitors": null,
            "flow_ipv6_egress_monitor_samplers": null,
            "flow_ipv6_egress_monitors": null,
            "flow_ipv6_ingress_monitor_samplers": null,
            "flow_ipv6_ingress_monitors": null,
            "id": "Cisco-IOS-XR-um-interface-cfg:/interfaces/interface[interface-name=GigabitEthernet0/0/0/2.20]",
            "ipv4_access_group_egress_acl": null,
            "ipv4_access_group_egress_compress": null,
            "ipv4_access_group_egress_hardware_count": null,
            "ipv4_access_group_egress_interface_statistics": null,
            "ipv4_access_group_ingress_acl1": null,
            "ipv4_access_group_ingress_compress": null,
            "ipv4_access_group_ingress_hardware_count": null,
            "ipv4_access_group_ingress_interface_statistics": null,
            "ipv4_address": "172.16.20.1",
            "ipv4_algorithm": null,
            "ipv4_forwarding_enable": null,
            "ipv4_helper_addresses": null,
            "ipv4_mask_reply": null,
            "ipv4_mtu": null,
            "ipv4_netmask": "255.255.255.248",
            "ipv4_point_to_point": null,
            "ipv4_redirects": null,
            "ipv4_route_tag": null,
            "ipv4_secondaries": null,
            "ipv4_tcp_mss_adjust": null,
            "ipv4_ttl_propagate_disable": null,
            "ipv4_unnumbered": null,
            "ipv4_unreachables_disable": null,
            "ipv4_verify_unicast_source_reachable_via_allow_default": null,
            "ipv4_verify_unicast_source_reachable_via_allow_self_ping": null,
            "ipv4_verify_unicast_source_reachable_via_type": null,
            "ipv6_access_group_egress_acl": null,
            "ipv6_access_group_egress_compress": null,
            "ipv6_access_group_egress_interface_statistics": null,
            "ipv6_access_group_ingress_acl1": null,
            "ipv6_access_group_ingress_compress": null,
            "ipv6_access_group_ingress_interface_statistics": null,
            "ipv6_addresses": null,
            "ipv6_autoconfig": null,
            "ipv6_dhcp": null,
            "ipv6_enable": null,
            "ipv6_eui64_addresses": null,
            "ipv6_link_local_address": null,
            "ipv6_link_local_route_tag": null,
            "ipv6_link_local_zone": null,
            "ipv6_mtu": null,
            "ipv6_nd_cache_limit": null,
            "ipv6_nd_dad_attempts": null,
            "ipv6_nd_managed_config_flag": null,
            "ipv6_nd_ns_interval": null,
            "ipv6_nd_other_config_flag": null,
            "ipv6_nd_prefix_default_no_adv": null,
            "ipv6_nd_prefix_default_no_autoconfig": null,
            "ipv6_nd_ra_interval_max": null,
            "ipv6_nd_ra_interval_min": null,
            "ipv6_nd_ra_lifetime": null,
            "ipv6_nd_reachable_time": null,
            "ipv6_nd_redirects": null,
            "ipv6_nd_suppress_ra": null,
            "ipv6_nd_unicast_ra": null,
            "ipv6_tcp_mss_adjust": null,
            "ipv6_ttl_propagate_disable": null,
            "ipv6_unreachables_disable": null,
            "ipv6_verify_unicast_source_reachable_via_allow_default": null,
            "ipv6_verify_unicast_source_reachable_via_allow_self_ping": null,
            "ipv6_verify_unicast_source_reachable_via_type": null,
            "l2transport": null,
            "l2transport_encapsulation_dot1q_second_dot1q": null,
            "l2transport_encapsulation_dot1q_vlan_id": null,
            "lldp": null,
            "lldp_receive_disable": null,
            "lldp_tagged": null,
            "lldp_transmit_disable": null,
            "load_interval": null,
            "logging_events_link_status": null,
            "macsec_eap_policy": null,
            "macsec_fallback_psk_keychain": null,
            "macsec_policy": null,
            "macsec_psk_keychain_name": null,
            "monitor_sessions": null,
            "mpls_mtu": null,
            "mtu": null,
            "multipoint": null,
            "name": "0/0/0/2.20",
            "point_to_point": null,
            "proxy_arp": null,
            "ptp": null,
            "ptp_announce_frequency": null,
            "ptp_announce_grant_duration": null,
            "ptp_announce_interval": null,
            "ptp_announce_timeout": null,
            "ptp_clock_operation_one_step": null,
            "ptp_clock_operation_two_step": null,
            "ptp_cos": null,
            "ptp_cos_event": null,
            "ptp_cos_general": null,
            "ptp_delay_asymmetry_unit_microseconds": null,
            "ptp_delay_asymmetry_unit_milliseconds": null,
            "ptp_delay_asymmetry_unit_nanoseconds": null,
            "ptp_delay_asymmetry_value": null,
            "ptp_delay_request_frequency": null,
            "ptp_delay_request_interval": null,
            "ptp_delay_response_grant_duration": null,
            "ptp_delay_response_timeout": null,
            "ptp_dscp": null,
            "ptp_dscp_event": null,
            "ptp_dscp_general": null,
            "ptp_interop_domain": null,
            "ptp_interop_egress_conversion_clock_accuracy": null,
            "ptp_interop_egress_conversion_clock_class_default": null,
            "ptp_interop_egress_conversion_clock_class_mappings": null,
            "ptp_interop_egress_conversion_offset_scaled_log_variance": null,
            "ptp_interop_egress_conversion_priority1": null,
            "ptp_interop_egress_conversion_priority2": null,
            "ptp_interop_ingress_conversion_clock_accuracy": null,
            "ptp_interop_ingress_conversion_clock_class_default": null,
            "ptp_interop_ingress_conversion_clock_class_mappings": null,
            "ptp_interop_ingress_conversion_offset_scaled_log_variance": null,
            "ptp_interop_ingress_conversion_priority1": null,
            "ptp_interop_ingress_conversion_priority2": null,
            "ptp_interop_profile_default": null,
            "ptp_interop_profile_g_8265_1": null,
            "ptp_interop_profile_g_8275_1": null,
            "ptp_interop_profile_g_8275_2": null,
            "ptp_ipv4_ttl": null,
            "ptp_ipv6_hop_limit": null,
            "ptp_local_priority": null,
            "ptp_master_ethernets": null,
            "ptp_master_ipv4s": null,
            "ptp_master_ipv6s": null,
            "ptp_multicast": null,
            "ptp_multicast_disable": null,
            "ptp_multicast_mixed": null,
            "ptp_multicast_target_address_mac_forwardable": null,
            "ptp_multicast_target_address_mac_non_forwardable": null,
            "ptp_port_state_any": null,
            "ptp_port_state_master_only": null,
            "ptp_port_state_slave_only": null,
            "ptp_profile": null,
            "ptp_slave_ethernets": null,
            "ptp_slave_ipv4s": null,
            "ptp_slave_ipv6s": null,
            "ptp_source_ipv4_address": null,
            "ptp_source_ipv4_address_disable": null,
            "ptp_source_ipv6_address": null,
            "ptp_source_ipv6_address_disable": null,
            "ptp_sync_frequency": null,
            "ptp_sync_grant_duration": null,
            "ptp_sync_interval": null,
            "ptp_sync_timeout": null,
            "ptp_transport_ethernet": null,
            "ptp_transport_ipv4": null,
            "ptp_transport_ipv6": null,
            "ptp_unicast_grant_invalid_request_deny": null,
            "ptp_unicast_grant_invalid_request_reduce": null,
            "rewrite_ingress_tag_pop_one": null,
            "rewrite_ingress_tag_pop_two": null,
            "service_policy_input": null,
            "service_policy_output": null,
            "shutdown": null,
            "type": "GigabitEthernet",
            "vrf": "20"
          },
          "sensitive_attributes": [],
          "identity_schema_version": 0,
          "private": "eyJpbXBvcnRpbmciOiJNQT09In0=",
          "dependencies": [
            "module.iosxr.iosxr_as_path_set.as_path_set",
            "module.iosxr.iosxr_class_map_qos.class_map_qos",
            "module.iosxr.iosxr_community_set.community_set",
            "module.iosxr.iosxr_esi_set.esi_set",
            "module.iosxr.iosxr_etag_set.etag_set",
            "module.iosxr.iosxr_extcommunity_bandwidth_set.extcommunity_bandwidth_set",
            "module.iosxr.iosxr_extcommunity_cost_set.extcommunity_cost_set",
            "module.iosxr.iosxr_extcommunity_evpn_link_bandwidth_set.extcommunity_evpn_link_bandwidth_set",
            "module.iosxr.iosxr_extcommunity_opaque_set.extcommunity_opaque_set",
            "module.iosxr.iosxr_extcommunity_rt_set.extcommunity_rt_set",
            "module.iosxr.iosxr_extcommunity_seg_nh_set.extcommunity_seg_nh_set",
            "module.iosxr.iosxr_extcommunity_soo_set.extcommunity_soo_set",
            "module.iosxr.iosxr_flow_exporter_map.flow_exporter_map",
            "module.iosxr.iosxr_flow_monitor_map.flow_monitor_map",
            "module.iosxr.iosxr_flow_sampler_map.flow_sampler_map",
            "module.iosxr.iosxr_interface_ethernet.ethernet",
            "module.iosxr.iosxr_ipv4_prefix_list.ipv4_prefix_list",
            "module.iosxr.iosxr_ipv6_prefix_list.ipv6_prefix_list",
            "module.iosxr.iosxr_key_chain.key_chain",
            "module.iosxr.iosxr_large_community_set.large_community_set",
            "module.iosxr.iosxr_mac_set.mac_set",
            "module.iosxr.iosxr_monitor_session.monitor_session",
            "module.iosxr.iosxr_ospf_area_set.ospf_area_set",
            "module.iosxr.iosxr_policy_global_set.policy_global_set",
            "module.iosxr.iosxr_policy_map_qos.policy_map_qos",
            "module.iosxr.iosxr_prefix_set.prefix_set",
            "module.iosxr.iosxr_rd_set.rd_set",
            "module.iosxr.iosxr_route_policy.route_policy",
            "module.iosxr.iosxr_tag_set.tag_set",
            "module.iosxr.iosxr_vrf.vrf",
            "module.iosxr.terraform_data.ethernet_flow_replace",
            "module.iosxr.terraform_data.ethernet_subinterface_flow_replace"
          ]
        },
        {
          "index_key": "ic-node-4/GigabitEthernet0/0/0/2.30",
          "schema_version": 0,
          "attributes": {
            "arp_cache_limit": null,
            "arp_gratuitous_ignore": null,
            "arp_learning_disable": null,
            "arp_learning_local": null,
            "arp_timeout": null,
            "bandwidth": null,
            "cdp": null,
            "dampening": null,
            "dampening_decay_half_life": null,
            "dampening_max_suppress_time": null,
            "dampening_reuse_threshold": null,
            "dampening_suppress_threshold": null,
            "delete_mode": null,
            "description": "Services Networks for Customer C VRF",
            "device": "ic-node-4",
            "encapsulation_dot1q_second_dot1q": null,
            "encapsulation_dot1q_vlan_id": 30,
            "ethernet_cfm_ais_transmission_up_cos": null,
            "ethernet_cfm_ais_transmission_up_interval": null,
            "ethernet_cfm_bandwidth_notifications_hold_off": null,
            "ethernet_cfm_bandwidth_notifications_log_changes": null,
            "ethernet_cfm_bandwidth_notifications_loss_threshold": null,
            "ethernet_cfm_bandwidth_notifications_wait_to_restore": null,
            "ethernet_cfm_mep_domains": null,
            "flow_ipv4_egress_monitor_samplers": null,
            "flow_ipv4_egress_monitors": null,
            "flow_ipv4_ingress_monitor_samplers": null,
            "flow_ipv4_ingress_monitors": null,
            "flow_ipv6_egress_monitor_samplers": null,
            "flow_ipv6_egress_monitors": null,
            "flow_ipv6_ingress_monitor_samplers": null,
            "flow_ipv6_ingress_monitors": null,
            "id": "Cisco-IOS-XR-um-interface-cfg:/interfaces/interface[interface-name=GigabitEthernet0/0/0/2.30]",
            "ipv4_access_group_egress_acl": null,
            "ipv4_access_group_egress_compress": null,
            "ipv4_access_group_egress_hardware_count": null,
            "ipv4_access_group_egress_interface_statistics": null,
            "ipv4_access_group_ingress_acl1": null,
            "ipv4_access_group_ingress_compress": null,
            "ipv4_access_group_ingress_hardware_count": null,
            "ipv4_access_group_ingress_interface_statistics": null,
            "ipv4_address": "172.16.30.1",
            "ipv4_algorithm": null,
            "ipv4_forwarding_enable": null,
            "ipv4_helper_addresses": null,
            "ipv4_mask_reply": null,
            "ipv4_mtu": null,
            "ipv4_netmask": "255.255.255.248",
            "ipv4_point_to_point": null,
            "ipv4_redirects": null,
            "ipv4_route_tag": null,
            "ipv4_secondaries": null,
            "ipv4_tcp_mss_adjust": null,
            "ipv4_ttl_propagate_disable": null,
            "ipv4_unnumbered": null,
            "ipv4_unreachables_disable": null,
            "ipv4_verify_unicast_source_reachable_via_allow_default": null,
            "ipv4_verify_unicast_source_reachable_via_allow_self_ping": null,
            "ipv4_verify_unicast_source_reachable_via_type": null,
            "ipv6_access_group_egress_acl": null,
            "ipv6_access_group_egress_compress": null,
            "ipv6_access_group_egress_interface_statistics": null,
            "ipv6_access_group_ingress_acl1": null,
            "ipv6_access_group_ingress_compress": null,
            "ipv6_access_group_ingress_interface_statistics": null,
            "ipv6_addresses": null,
            "ipv6_autoconfig": null,
            "ipv6_dhcp": null,
            "ipv6_enable": null,
            "ipv6_eui64_addresses": null,
            "ipv6_link_local_address": null,
            "ipv6_link_local_route_tag": null,
            "ipv6_link_local_zone": null,
            "ipv6_mtu": null,
            "ipv6_nd_cache_limit": null,
            "ipv6_nd_dad_attempts": null,
            "ipv6_nd_managed_config_flag": null,
            "ipv6_nd_ns_interval": null,
            "ipv6_nd_other_config_flag": null,
            "ipv6_nd_prefix_default_no_adv": null,
            "ipv6_nd_prefix_default_no_autoconfig": null,
            "ipv6_nd_ra_interval_max": null,
            "ipv6_nd_ra_interval_min": null,
            "ipv6_nd_ra_lifetime": null,
            "ipv6_nd_reachable_time": null,
            "ipv6_nd_redirects": null,
            "ipv6_nd_suppress_ra": null,
            "ipv6_nd_unicast_ra": null,
            "ipv6_tcp_mss_adjust": null,
            "ipv6_ttl_propagate_disable": null,
            "ipv6_unreachables_disable": null,
            "ipv6_verify_unicast_source_reachable_via_allow_default": null,
            "ipv6_verify_unicast_source_reachable_via_allow_self_ping": null,
            "ipv6_verify_unicast_source_reachable_via_type": null,
            "l2transport": null,
            "l2transport_encapsulation_dot1q_second_dot1q": null,
            "l2transport_encapsulation_dot1q_vlan_id": null,
            "lldp": null,
            "lldp_receive_disable": null,
            "lldp_tagged": null,
            "lldp_transmit_disable": null,
            "load_interval": null,
            "logging_events_link_status": null,
            "macsec_eap_policy": null,
            "macsec_fallback_psk_keychain": null,
            "macsec_policy": null,
            "macsec_psk_keychain_name": null,
            "monitor_sessions": null,
            "mpls_mtu": null,
            "mtu": null,
            "multipoint": null,
            "name": "0/0/0/2.30",
            "point_to_point": null,
            "proxy_arp": null,
            "ptp": null,
            "ptp_announce_frequency": null,
            "ptp_announce_grant_duration": null,
            "ptp_announce_interval": null,
            "ptp_announce_timeout": null,
            "ptp_clock_operation_one_step": null,
            "ptp_clock_operation_two_step": null,
            "ptp_cos": null,
            "ptp_cos_event": null,
            "ptp_cos_general": null,
            "ptp_delay_asymmetry_unit_microseconds": null,
            "ptp_delay_asymmetry_unit_milliseconds": null,
            "ptp_delay_asymmetry_unit_nanoseconds": null,
            "ptp_delay_asymmetry_value": null,
            "ptp_delay_request_frequency": null,
            "ptp_delay_request_interval": null,
            "ptp_delay_response_grant_duration": null,
            "ptp_delay_response_timeout": null,
            "ptp_dscp": null,
            "ptp_dscp_event": null,
            "ptp_dscp_general": null,
            "ptp_interop_domain": null,
            "ptp_interop_egress_conversion_clock_accuracy": null,
            "ptp_interop_egress_conversion_clock_class_default": null,
            "ptp_interop_egress_conversion_clock_class_mappings": null,
            "ptp_interop_egress_conversion_offset_scaled_log_variance": null,
            "ptp_interop_egress_conversion_priority1": null,
            "ptp_interop_egress_conversion_priority2": null,
            "ptp_interop_ingress_conversion_clock_accuracy": null,
            "ptp_interop_ingress_conversion_clock_class_default": null,
            "ptp_interop_ingress_conversion_clock_class_mappings": null,
            "ptp_interop_ingress_conversion_offset_scaled_log_variance": null,
            "ptp_interop_ingress_conversion_priority1": null,
            "ptp_interop_ingress_conversion_priority2": null,
            "ptp_interop_profile_default": null,
            "ptp_interop_profile_g_8265_1": null,
            "ptp_interop_profile_g_8275_1": null,
            "ptp_interop_profile_g_8275_2": null,
            "ptp_ipv4_ttl": null,
            "ptp_ipv6_hop_limit": null,
            "ptp_local_priority": null,
            "ptp_master_ethernets": null,
            "ptp_master_ipv4s": null,
            "ptp_master_ipv6s": null,
            "ptp_multicast": null,
            "ptp_multicast_disable": null,
            "ptp_multicast_mixed": null,
            "ptp_multicast_target_address_mac_forwardable": null,
            "ptp_multicast_target_address_mac_non_forwardable": null,
            "ptp_port_state_any": null,
            "ptp_port_state_master_only": null,
            "ptp_port_state_slave_only": null,
            "ptp_profile": null,
            "ptp_slave_ethernets": null,
            "ptp_slave_ipv4s": null,
            "ptp_slave_ipv6s": null,
            "ptp_source_ipv4_address": null,
            "ptp_source_ipv4_address_disable": null,
            "ptp_source_ipv6_address": null,
            "ptp_source_ipv6_address_disable": null,
            "ptp_sync_frequency": null,
            "ptp_sync_grant_duration": null,
            "ptp_sync_interval": null,
            "ptp_sync_timeout": null,
            "ptp_transport_ethernet": null,
            "ptp_transport_ipv4": null,
            "ptp_transport_ipv6": null,
            "ptp_unicast_grant_invalid_request_deny": null,
            "ptp_unicast_grant_invalid_request_reduce": null,
            "rewrite_ingress_tag_pop_one": null,
            "rewrite_ingress_tag_pop_two": null,
            "service_policy_input": null,
            "service_policy_output": null,
            "shutdown": null,
            "type": "GigabitEthernet",
            "vrf": "30"
          },
          "sensitive_attributes": [],
          "identity_schema_version": 0,
          "private": "eyJpbXBvcnRpbmciOiJNQT09In0=",
          "dependencies": [
            "module.iosxr.iosxr_as_path_set.as_path_set",
            "module.iosxr.iosxr_class_map_qos.class_map_qos",
            "module.iosxr.iosxr_community_set.community_set",
            "module.iosxr.iosxr_esi_set.esi_set",
            "module.iosxr.iosxr_etag_set.etag_set",
            "module.iosxr.iosxr_extcommunity_bandwidth_set.extcommunity_bandwidth_set",
            "module.iosxr.iosxr_extcommunity_cost_set.extcommunity_cost_set",
            "module.iosxr.iosxr_extcommunity_evpn_link_bandwidth_set.extcommunity_evpn_link_bandwidth_set",
            "module.iosxr.iosxr_extcommunity_opaque_set.extcommunity_opaque_set",
            "module.iosxr.iosxr_extcommunity_rt_set.extcommunity_rt_set",
            "module.iosxr.iosxr_extcommunity_seg_nh_set.extcommunity_seg_nh_set",
            "module.iosxr.iosxr_extcommunity_soo_set.extcommunity_soo_set",
            "module.iosxr.iosxr_flow_exporter_map.flow_exporter_map",
            "module.iosxr.iosxr_flow_monitor_map.flow_monitor_map",
            "module.iosxr.iosxr_flow_sampler_map.flow_sampler_map",
            "module.iosxr.iosxr_interface_ethernet.ethernet",
            "module.iosxr.iosxr_ipv4_prefix_list.ipv4_prefix_list",
            "module.iosxr.iosxr_ipv6_prefix_list.ipv6_prefix_list",
            "module.iosxr.iosxr_key_chain.key_chain",
            "module.iosxr.iosxr_large_community_set.large_community_set",
            "module.iosxr.iosxr_mac_set.mac_set",
            "module.iosxr.iosxr_monitor_session.monitor_session",
            "module.iosxr.iosxr_ospf_area_set.ospf_area_set",
            "module.iosxr.iosxr_policy_global_set.policy_global_set",
            "module.iosxr.iosxr_policy_map_qos.policy_map_qos",
            "module.iosxr.iosxr_prefix_set.prefix_set",
            "module.iosxr.iosxr_rd_set.rd_set",
            "module.iosxr.iosxr_route_policy.route_policy",
            "module.iosxr.iosxr_tag_set.tag_set",
            "module.iosxr.iosxr_vrf.vrf",
            "module.iosxr.terraform_data.ethernet_flow_replace",
            "module.iosxr.terraform_data.ethernet_subinterface_flow_replace"
          ]
        },
        {
          "index_key": "ic-node-4/GigabitEthernet0/0/0/2.40",
          "schema_version": 0,
          "attributes": {
            "arp_cache_limit": null,
            "arp_gratuitous_ignore": null,
            "arp_learning_disable": null,
            "arp_learning_local": null,
            "arp_timeout": null,
            "bandwidth": null,
            "cdp": null,
            "dampening": null,
            "dampening_decay_half_life": null,
            "dampening_max_suppress_time": null,
            "dampening_reuse_threshold": null,
            "dampening_suppress_threshold": null,
            "delete_mode": null,
            "description": "Services Networks for Customer D VRF",
            "device": "ic-node-4",
            "encapsulation_dot1q_second_dot1q": null,
            "encapsulation_dot1q_vlan_id": 40,
            "ethernet_cfm_ais_transmission_up_cos": null,
            "ethernet_cfm_ais_transmission_up_interval": null,
            "ethernet_cfm_bandwidth_notifications_hold_off": null,
            "ethernet_cfm_bandwidth_notifications_log_changes": null,
            "ethernet_cfm_bandwidth_notifications_loss_threshold": null,
            "ethernet_cfm_bandwidth_notifications_wait_to_restore": null,
            "ethernet_cfm_mep_domains": null,
            "flow_ipv4_egress_monitor_samplers": null,
            "flow_ipv4_egress_monitors": null,
            "flow_ipv4_ingress_monitor_samplers": null,
            "flow_ipv4_ingress_monitors": null,
            "flow_ipv6_egress_monitor_samplers": null,
            "flow_ipv6_egress_monitors": null,
            "flow_ipv6_ingress_monitor_samplers": null,
            "flow_ipv6_ingress_monitors": null,
            "id": "Cisco-IOS-XR-um-interface-cfg:/interfaces/interface[interface-name=GigabitEthernet0/0/0/2.40]",
            "ipv4_access_group_egress_acl": null,
            "ipv4_access_group_egress_compress": null,
            "ipv4_access_group_egress_hardware_count": null,
            "ipv4_access_group_egress_interface_statistics": null,
            "ipv4_access_group_ingress_acl1": null,
            "ipv4_access_group_ingress_compress": null,
            "ipv4_access_group_ingress_hardware_count": null,
            "ipv4_access_group_ingress_interface_statistics": null,
            "ipv4_address": "172.16.40.1",
            "ipv4_algorithm": null,
            "ipv4_forwarding_enable": null,
            "ipv4_helper_addresses": null,
            "ipv4_mask_reply": null,
            "ipv4_mtu": null,
            "ipv4_netmask": "255.255.255.248",
            "ipv4_point_to_point": null,
            "ipv4_redirects": null,
            "ipv4_route_tag": null,
            "ipv4_secondaries": null,
            "ipv4_tcp_mss_adjust": null,
            "ipv4_ttl_propagate_disable": null,
            "ipv4_unnumbered": null,
            "ipv4_unreachables_disable": null,
            "ipv4_verify_unicast_source_reachable_via_allow_default": null,
            "ipv4_verify_unicast_source_reachable_via_allow_self_ping": null,
            "ipv4_verify_unicast_source_reachable_via_type": null,
            "ipv6_access_group_egress_acl": null,
            "ipv6_access_group_egress_compress": null,
            "ipv6_access_group_egress_interface_statistics": null,
            "ipv6_access_group_ingress_acl1": null,
            "ipv6_access_group_ingress_compress": null,
            "ipv6_access_group_ingress_interface_statistics": null,
            "ipv6_addresses": null,
            "ipv6_autoconfig": null,
            "ipv6_dhcp": null,
            "ipv6_enable": null,
            "ipv6_eui64_addresses": null,
            "ipv6_link_local_address": null,
            "ipv6_link_local_route_tag": null,
            "ipv6_link_local_zone": null,
            "ipv6_mtu": null,
            "ipv6_nd_cache_limit": null,
            "ipv6_nd_dad_attempts": null,
            "ipv6_nd_managed_config_flag": null,
            "ipv6_nd_ns_interval": null,
            "ipv6_nd_other_config_flag": null,
            "ipv6_nd_prefix_default_no_adv": null,
            "ipv6_nd_prefix_default_no_autoconfig": null,
            "ipv6_nd_ra_interval_max": null,
            "ipv6_nd_ra_interval_min": null,
            "ipv6_nd_ra_lifetime": null,
            "ipv6_nd_reachable_time": null,
            "ipv6_nd_redirects": null,
            "ipv6_nd_suppress_ra": null,
            "ipv6_nd_unicast_ra": null,
            "ipv6_tcp_mss_adjust": null,
            "ipv6_ttl_propagate_disable": null,
            "ipv6_unreachables_disable": null,
            "ipv6_verify_unicast_source_reachable_via_allow_default": null,
            "ipv6_verify_unicast_source_reachable_via_allow_self_ping": null,
            "ipv6_verify_unicast_source_reachable_via_type": null,
            "l2transport": null,
            "l2transport_encapsulation_dot1q_second_dot1q": null,
            "l2transport_encapsulation_dot1q_vlan_id": null,
            "lldp": null,
            "lldp_receive_disable": null,
            "lldp_tagged": null,
            "lldp_transmit_disable": null,
            "load_interval": null,
            "logging_events_link_status": null,
            "macsec_eap_policy": null,
            "macsec_fallback_psk_keychain": null,
            "macsec_policy": null,
            "macsec_psk_keychain_name": null,
            "monitor_sessions": null,
            "mpls_mtu": null,
            "mtu": null,
            "multipoint": null,
            "name": "0/0/0/2.40",
            "point_to_point": null,
            "proxy_arp": null,
            "ptp": null,
            "ptp_announce_frequency": null,
            "ptp_announce_grant_duration": null,
            "ptp_announce_interval": null,
            "ptp_announce_timeout": null,
            "ptp_clock_operation_one_step": null,
            "ptp_clock_operation_two_step": null,
            "ptp_cos": null,
            "ptp_cos_event": null,
            "ptp_cos_general": null,
            "ptp_delay_asymmetry_unit_microseconds": null,
            "ptp_delay_asymmetry_unit_milliseconds": null,
            "ptp_delay_asymmetry_unit_nanoseconds": null,
            "ptp_delay_asymmetry_value": null,
            "ptp_delay_request_frequency": null,
            "ptp_delay_request_interval": null,
            "ptp_delay_response_grant_duration": null,
            "ptp_delay_response_timeout": null,
            "ptp_dscp": null,
            "ptp_dscp_event": null,
            "ptp_dscp_general": null,
            "ptp_interop_domain": null,
            "ptp_interop_egress_conversion_clock_accuracy": null,
            "ptp_interop_egress_conversion_clock_class_default": null,
            "ptp_interop_egress_conversion_clock_class_mappings": null,
            "ptp_interop_egress_conversion_offset_scaled_log_variance": null,
            "ptp_interop_egress_conversion_priority1": null,
            "ptp_interop_egress_conversion_priority2": null,
            "ptp_interop_ingress_conversion_clock_accuracy": null,
            "ptp_interop_ingress_conversion_clock_class_default": null,
            "ptp_interop_ingress_conversion_clock_class_mappings": null,
            "ptp_interop_ingress_conversion_offset_scaled_log_variance": null,
            "ptp_interop_ingress_conversion_priority1": null,
            "ptp_interop_ingress_conversion_priority2": null,
            "ptp_interop_profile_default": null,
            "ptp_interop_profile_g_8265_1": null,
            "ptp_interop_profile_g_8275_1": null,
            "ptp_interop_profile_g_8275_2": null,
            "ptp_ipv4_ttl": null,
            "ptp_ipv6_hop_limit": null,
            "ptp_local_priority": null,
            "ptp_master_ethernets": null,
            "ptp_master_ipv4s": null,
            "ptp_master_ipv6s": null,
            "ptp_multicast": null,
            "ptp_multicast_disable": null,
            "ptp_multicast_mixed": null,
            "ptp_multicast_target_address_mac_forwardable": null,
            "ptp_multicast_target_address_mac_non_forwardable": null,
            "ptp_port_state_any": null,
            "ptp_port_state_master_only": null,
            "ptp_port_state_slave_only": null,
            "ptp_profile": null,
            "ptp_slave_ethernets": null,
            "ptp_slave_ipv4s": null,
            "ptp_slave_ipv6s": null,
            "ptp_source_ipv4_address": null,
            "ptp_source_ipv4_address_disable": null,
            "ptp_source_ipv6_address": null,
            "ptp_source_ipv6_address_disable": null,
            "ptp_sync_frequency": null,
            "ptp_sync_grant_duration": null,
            "ptp_sync_interval": null,
            "ptp_sync_timeout": null,
            "ptp_transport_ethernet": null,
            "ptp_transport_ipv4": null,
            "ptp_transport_ipv6": null,
            "ptp_unicast_grant_invalid_request_deny": null,
            "ptp_unicast_grant_invalid_request_reduce": null,
            "rewrite_ingress_tag_pop_one": null,
            "rewrite_ingress_tag_pop_two": null,
            "service_policy_input": null,
            "service_policy_output": null,
            "shutdown": null,
            "type": "GigabitEthernet",
            "vrf": "40"
          },
          "sensitive_attributes": [],
          "identity_schema_version": 0,
          "private": "eyJpbXBvcnRpbmciOiJNQT09In0=",
          "dependencies": [
            "module.iosxr.iosxr_as_path_set.as_path_set",
            "module.iosxr.iosxr_class_map_qos.class_map_qos",
            "module.iosxr.iosxr_community_set.community_set",
            "module.iosxr.iosxr_esi_set.esi_set",
            "module.iosxr.iosxr_etag_set.etag_set",
            "module.iosxr.iosxr_extcommunity_bandwidth_set.extcommunity_bandwidth_set",
            "module.iosxr.iosxr_extcommunity_cost_set.extcommunity_cost_set",
            "module.iosxr.iosxr_extcommunity_evpn_link_bandwidth_set.extcommunity_evpn_link_bandwidth_set",
            "module.iosxr.iosxr_extcommunity_opaque_set.extcommunity_opaque_set",
            "module.iosxr.iosxr_extcommunity_rt_set.extcommunity_rt_set",
            "module.iosxr.iosxr_extcommunity_seg_nh_set.extcommunity_seg_nh_set",
            "module.iosxr.iosxr_extcommunity_soo_set.extcommunity_soo_set",
            "module.iosxr.iosxr_flow_exporter_map.flow_exporter_map",
            "module.iosxr.iosxr_flow_monitor_map.flow_monitor_map",
            "module.iosxr.iosxr_flow_sampler_map.flow_sampler_map",
            "module.iosxr.iosxr_interface_ethernet.ethernet",
            "module.iosxr.iosxr_ipv4_prefix_list.ipv4_prefix_list",
            "module.iosxr.iosxr_ipv6_prefix_list.ipv6_prefix_list",
            "module.iosxr.iosxr_key_chain.key_chain",
            "module.iosxr.iosxr_large_community_set.large_community_set",
            "module.iosxr.iosxr_mac_set.mac_set",
            "module.iosxr.iosxr_monitor_session.monitor_session",
            "module.iosxr.iosxr_ospf_area_set.ospf_area_set",
            "module.iosxr.iosxr_policy_global_set.policy_global_set",
            "module.iosxr.iosxr_policy_map_qos.policy_map_qos",
            "module.iosxr.iosxr_prefix_set.prefix_set",
            "module.iosxr.iosxr_rd_set.rd_set",
            "module.iosxr.iosxr_route_policy.route_policy",
            "module.iosxr.iosxr_tag_set.tag_set",
            "module.iosxr.iosxr_vrf.vrf",
            "module.iosxr.terraform_data.ethernet_flow_replace",
            "module.iosxr.terraform_data.ethernet_subinterface_flow_replace"
          ]
        }
      ]
    },
    {
      "module": "module.iosxr",
      "mode": "managed",
      "type": "iosxr_interface_loopback",
      "name": "loopback",
      "provider": "module.iosxr.provider[\"registry.terraform.io/ciscodevnet/iosxr\"]",
      "instances": [
        {
          "index_key": "ic-node-1/Loopback0",
          "schema_version": 0,
          "attributes": {
            "bandwidth": null,
            "dampening": null,
            "dampening_decay_half_life": null,
            "dampening_max_suppress_time": null,
            "dampening_reuse_threshold": null,
            "dampening_suppress_threshold": null,
            "delete_mode": null,
            "description": "Loopback0 - BGP EVPN Peering",
            "device": "ic-node-1",
            "id": "Cisco-IOS-XR-um-interface-cfg:/interfaces/interface[interface-name=Loopback0]",
            "ipv4_address": "100.64.60.1",
            "ipv4_algorithm": null,
            "ipv4_forwarding_enable": null,
            "ipv4_helper_addresses": null,
            "ipv4_mask_reply": null,
            "ipv4_mtu": null,
            "ipv4_netmask": "255.255.255.255",
            "ipv4_redirects": null,
            "ipv4_route_tag": null,
            "ipv4_secondaries": null,
            "ipv4_tcp_mss_adjust": null,
            "ipv4_ttl_propagate_disable": null,
            "ipv4_unnumbered": null,
            "ipv4_verify_unicast_source_reachable_via_allow_default": null,
            "ipv4_verify_unicast_source_reachable_via_allow_self_ping": null,
            "ipv4_verify_unicast_source_reachable_via_type": null,
            "ipv6_addresses": null,
            "ipv6_autoconfig": null,
            "ipv6_enable": null,
            "ipv6_eui64_addresses": null,
            "ipv6_link_local_address": null,
            "ipv6_link_local_route_tag": null,
            "ipv6_link_local_zone": null,
            "ipv6_mtu": null,
            "ipv6_nd_cache_limit": null,
            "ipv6_nd_prefix_default_no_adv": null,
            "ipv6_nd_prefix_default_no_autoconfig": null,
            "ipv6_tcp_mss_adjust": null,
            "ipv6_ttl_propagate_disable": null,
            "ipv6_verify_unicast_source_reachable_via_allow_default": null,
            "ipv6_verify_unicast_source_reachable_via_allow_self_ping": null,
            "ipv6_verify_unicast_source_reachable_via_type": null,
            "load_interval": null,
            "logging_events_link_status": null,
            "mtu": null,
            "name": "0",
            "shutdown": null,
            "vrf": null
          },
          "sensitive_attributes": [],
          "identity_schema_version": 0,
          "private": "eyJpbXBvcnRpbmciOiJNQT09In0=",
          "dependencies": [
            "module.iosxr.iosxr_as_path_set.as_path_set",
            "module.iosxr.iosxr_community_set.community_set",
            "module.iosxr.iosxr_esi_set.esi_set",
            "module.iosxr.iosxr_etag_set.etag_set",
            "module.iosxr.iosxr_extcommunity_bandwidth_set.extcommunity_bandwidth_set",
            "module.iosxr.iosxr_extcommunity_cost_set.extcommunity_cost_set",
            "module.iosxr.iosxr_extcommunity_evpn_link_bandwidth_set.extcommunity_evpn_link_bandwidth_set",
            "module.iosxr.iosxr_extcommunity_opaque_set.extcommunity_opaque_set",
            "module.iosxr.iosxr_extcommunity_rt_set.extcommunity_rt_set",
            "module.iosxr.iosxr_extcommunity_seg_nh_set.extcommunity_seg_nh_set",
            "module.iosxr.iosxr_extcommunity_soo_set.extcommunity_soo_set",
            "module.iosxr.iosxr_ipv4_prefix_list.ipv4_prefix_list",
            "module.iosxr.iosxr_ipv6_prefix_list.ipv6_prefix_list",
            "module.iosxr.iosxr_key_chain.key_chain",
            "module.iosxr.iosxr_large_community_set.large_community_set",
            "module.iosxr.iosxr_mac_set.mac_set",
            "module.iosxr.iosxr_ospf_area_set.ospf_area_set",
            "module.iosxr.iosxr_policy_global_set.policy_global_set",
            "module.iosxr.iosxr_prefix_set.prefix_set",
            "module.iosxr.iosxr_rd_set.rd_set",
            "module.iosxr.iosxr_route_policy.route_policy",
            "module.iosxr.iosxr_tag_set.tag_set",
            "module.iosxr.iosxr_vrf.vrf"
          ]
        },
        {
          "index_key": "ic-node-2/Loopback0",
          "schema_version": 0,
          "attributes": {
            "bandwidth": null,
            "dampening": null,
            "dampening_decay_half_life": null,
            "dampening_max_suppress_time": null,
            "dampening_reuse_threshold": null,
            "dampening_suppress_threshold": null,
            "delete_mode": null,
            "description": "Loopback0 - BGP EVPN Peering",
            "device": "ic-node-2",
            "id": "Cisco-IOS-XR-um-interface-cfg:/interfaces/interface[interface-name=Loopback0]",
            "ipv4_address": "100.64.60.2",
            "ipv4_algorithm": null,
            "ipv4_forwarding_enable": null,
            "ipv4_helper_addresses": null,
            "ipv4_mask_reply": null,
            "ipv4_mtu": null,
            "ipv4_netmask": "255.255.255.255",
            "ipv4_redirects": null,
            "ipv4_route_tag": null,
            "ipv4_secondaries": null,
            "ipv4_tcp_mss_adjust": null,
            "ipv4_ttl_propagate_disable": null,
            "ipv4_unnumbered": null,
            "ipv4_verify_unicast_source_reachable_via_allow_default": null,
            "ipv4_verify_unicast_source_reachable_via_allow_self_ping": null,
            "ipv4_verify_unicast_source_reachable_via_type": null,
            "ipv6_addresses": null,
            "ipv6_autoconfig": null,
            "ipv6_enable": null,
            "ipv6_eui64_addresses": null,
            "ipv6_link_local_address": null,
            "ipv6_link_local_route_tag": null,
            "ipv6_link_local_zone": null,
            "ipv6_mtu": null,
            "ipv6_nd_cache_limit": null,
            "ipv6_nd_prefix_default_no_adv": null,
            "ipv6_nd_prefix_default_no_autoconfig": null,
            "ipv6_tcp_mss_adjust": null,
            "ipv6_ttl_propagate_disable": null,
            "ipv6_verify_unicast_source_reachable_via_allow_default": null,
            "ipv6_verify_unicast_source_reachable_via_allow_self_ping": null,
            "ipv6_verify_unicast_source_reachable_via_type": null,
            "load_interval": null,
            "logging_events_link_status": null,
            "mtu": null,
            "name": "0",
            "shutdown": null,
            "vrf": null
          },
          "sensitive_attributes": [],
          "identity_schema_version": 0,
          "private": "eyJpbXBvcnRpbmciOiJNQT09In0=",
          "dependencies": [
            "module.iosxr.iosxr_as_path_set.as_path_set",
            "module.iosxr.iosxr_community_set.community_set",
            "module.iosxr.iosxr_esi_set.esi_set",
            "module.iosxr.iosxr_etag_set.etag_set",
            "module.iosxr.iosxr_extcommunity_bandwidth_set.extcommunity_bandwidth_set",
            "module.iosxr.iosxr_extcommunity_cost_set.extcommunity_cost_set",
            "module.iosxr.iosxr_extcommunity_evpn_link_bandwidth_set.extcommunity_evpn_link_bandwidth_set",
            "module.iosxr.iosxr_extcommunity_opaque_set.extcommunity_opaque_set",
            "module.iosxr.iosxr_extcommunity_rt_set.extcommunity_rt_set",
            "module.iosxr.iosxr_extcommunity_seg_nh_set.extcommunity_seg_nh_set",
            "module.iosxr.iosxr_extcommunity_soo_set.extcommunity_soo_set",
            "module.iosxr.iosxr_ipv4_prefix_list.ipv4_prefix_list",
            "module.iosxr.iosxr_ipv6_prefix_list.ipv6_prefix_list",
            "module.iosxr.iosxr_key_chain.key_chain",
            "module.iosxr.iosxr_large_community_set.large_community_set",
            "module.iosxr.iosxr_mac_set.mac_set",
            "module.iosxr.iosxr_ospf_area_set.ospf_area_set",
            "module.iosxr.iosxr_policy_global_set.policy_global_set",
            "module.iosxr.iosxr_prefix_set.prefix_set",
            "module.iosxr.iosxr_rd_set.rd_set",
            "module.iosxr.iosxr_route_policy.route_policy",
            "module.iosxr.iosxr_tag_set.tag_set",
            "module.iosxr.iosxr_vrf.vrf"
          ]
        },
        {
          "index_key": "ic-node-3/Loopback0",
          "schema_version": 0,
          "attributes": {
            "bandwidth": null,
            "dampening": null,
            "dampening_decay_half_life": null,
            "dampening_max_suppress_time": null,
            "dampening_reuse_threshold": null,
            "dampening_suppress_threshold": null,
            "delete_mode": null,
            "description": "Loopback0 - BGP EVPN Peering",
            "device": "ic-node-3",
            "id": "Cisco-IOS-XR-um-interface-cfg:/interfaces/interface[interface-name=Loopback0]",
            "ipv4_address": "100.64.60.3",
            "ipv4_algorithm": null,
            "ipv4_forwarding_enable": null,
            "ipv4_helper_addresses": null,
            "ipv4_mask_reply": null,
            "ipv4_mtu": null,
            "ipv4_netmask": "255.255.255.255",
            "ipv4_redirects": null,
            "ipv4_route_tag": null,
            "ipv4_secondaries": null,
            "ipv4_tcp_mss_adjust": null,
            "ipv4_ttl_propagate_disable": null,
            "ipv4_unnumbered": null,
            "ipv4_verify_unicast_source_reachable_via_allow_default": null,
            "ipv4_verify_unicast_source_reachable_via_allow_self_ping": null,
            "ipv4_verify_unicast_source_reachable_via_type": null,
            "ipv6_addresses": null,
            "ipv6_autoconfig": null,
            "ipv6_enable": null,
            "ipv6_eui64_addresses": null,
            "ipv6_link_local_address": null,
            "ipv6_link_local_route_tag": null,
            "ipv6_link_local_zone": null,
            "ipv6_mtu": null,
            "ipv6_nd_cache_limit": null,
            "ipv6_nd_prefix_default_no_adv": null,
            "ipv6_nd_prefix_default_no_autoconfig": null,
            "ipv6_tcp_mss_adjust": null,
            "ipv6_ttl_propagate_disable": null,
            "ipv6_verify_unicast_source_reachable_via_allow_default": null,
            "ipv6_verify_unicast_source_reachable_via_allow_self_ping": null,
            "ipv6_verify_unicast_source_reachable_via_type": null,
            "load_interval": null,
            "logging_events_link_status": null,
            "mtu": null,
            "name": "0",
            "shutdown": null,
            "vrf": null
          },
          "sensitive_attributes": [],
          "identity_schema_version": 0,
          "private": "eyJpbXBvcnRpbmciOiJNQT09In0=",
          "dependencies": [
            "module.iosxr.iosxr_as_path_set.as_path_set",
            "module.iosxr.iosxr_community_set.community_set",
            "module.iosxr.iosxr_esi_set.esi_set",
            "module.iosxr.iosxr_etag_set.etag_set",
            "module.iosxr.iosxr_extcommunity_bandwidth_set.extcommunity_bandwidth_set",
            "module.iosxr.iosxr_extcommunity_cost_set.extcommunity_cost_set",
            "module.iosxr.iosxr_extcommunity_evpn_link_bandwidth_set.extcommunity_evpn_link_bandwidth_set",
            "module.iosxr.iosxr_extcommunity_opaque_set.extcommunity_opaque_set",
            "module.iosxr.iosxr_extcommunity_rt_set.extcommunity_rt_set",
            "module.iosxr.iosxr_extcommunity_seg_nh_set.extcommunity_seg_nh_set",
            "module.iosxr.iosxr_extcommunity_soo_set.extcommunity_soo_set",
            "module.iosxr.iosxr_ipv4_prefix_list.ipv4_prefix_list",
            "module.iosxr.iosxr_ipv6_prefix_list.ipv6_prefix_list",
            "module.iosxr.iosxr_key_chain.key_chain",
            "module.iosxr.iosxr_large_community_set.large_community_set",
            "module.iosxr.iosxr_mac_set.mac_set",
            "module.iosxr.iosxr_ospf_area_set.ospf_area_set",
            "module.iosxr.iosxr_policy_global_set.policy_global_set",
            "module.iosxr.iosxr_prefix_set.prefix_set",
            "module.iosxr.iosxr_rd_set.rd_set",
            "module.iosxr.iosxr_route_policy.route_policy",
            "module.iosxr.iosxr_tag_set.tag_set",
            "module.iosxr.iosxr_vrf.vrf"
          ]
        },
        {
          "index_key": "ic-node-4/Loopback0",
          "schema_version": 0,
          "attributes": {
            "bandwidth": null,
            "dampening": null,
            "dampening_decay_half_life": null,
            "dampening_max_suppress_time": null,
            "dampening_reuse_threshold": null,
            "dampening_suppress_threshold": null,
            "delete_mode": null,
            "description": "Loopback0 - BGP EVPN Peering",
            "device": "ic-node-4",
            "id": "Cisco-IOS-XR-um-interface-cfg:/interfaces/interface[interface-name=Loopback0]",
            "ipv4_address": "100.64.60.4",
            "ipv4_algorithm": null,
            "ipv4_forwarding_enable": null,
            "ipv4_helper_addresses": null,
            "ipv4_mask_reply": null,
            "ipv4_mtu": null,
            "ipv4_netmask": "255.255.255.255",
            "ipv4_redirects": null,
            "ipv4_route_tag": null,
            "ipv4_secondaries": null,
            "ipv4_tcp_mss_adjust": null,
            "ipv4_ttl_propagate_disable": null,
            "ipv4_unnumbered": null,
            "ipv4_verify_unicast_source_reachable_via_allow_default": null,
            "ipv4_verify_unicast_source_reachable_via_allow_self_ping": null,
            "ipv4_verify_unicast_source_reachable_via_type": null,
            "ipv6_addresses": null,
            "ipv6_autoconfig": null,
            "ipv6_enable": null,
            "ipv6_eui64_addresses": null,
            "ipv6_link_local_address": null,
            "ipv6_link_local_route_tag": null,
            "ipv6_link_local_zone": null,
            "ipv6_mtu": null,
            "ipv6_nd_cache_limit": null,
            "ipv6_nd_prefix_default_no_adv": null,
            "ipv6_nd_prefix_default_no_autoconfig": null,
            "ipv6_tcp_mss_adjust": null,
            "ipv6_ttl_propagate_disable": null,
            "ipv6_verify_unicast_source_reachable_via_allow_default": null,
            "ipv6_verify_unicast_source_reachable_via_allow_self_ping": null,
            "ipv6_verify_unicast_source_reachable_via_type": null,
            "load_interval": null,
            "logging_events_link_status": null,
            "mtu": null,
            "name": "0",
            "shutdown": null,
            "vrf": null
          },
          "sensitive_attributes": [],
          "identity_schema_version": 0,
          "private": "eyJpbXBvcnRpbmciOiJNQT09In0=",
          "dependencies": [
            "module.iosxr.iosxr_as_path_set.as_path_set",
            "module.iosxr.iosxr_community_set.community_set",
            "module.iosxr.iosxr_esi_set.esi_set",
            "module.iosxr.iosxr_etag_set.etag_set",
            "module.iosxr.iosxr_extcommunity_bandwidth_set.extcommunity_bandwidth_set",
            "module.iosxr.iosxr_extcommunity_cost_set.extcommunity_cost_set",
            "module.iosxr.iosxr_extcommunity_evpn_link_bandwidth_set.extcommunity_evpn_link_bandwidth_set",
            "module.iosxr.iosxr_extcommunity_opaque_set.extcommunity_opaque_set",
            "module.iosxr.iosxr_extcommunity_rt_set.extcommunity_rt_set",
            "module.iosxr.iosxr_extcommunity_seg_nh_set.extcommunity_seg_nh_set",
            "module.iosxr.iosxr_extcommunity_soo_set.extcommunity_soo_set",
            "module.iosxr.iosxr_ipv4_prefix_list.ipv4_prefix_list",
            "module.iosxr.iosxr_ipv6_prefix_list.ipv6_prefix_list",
            "module.iosxr.iosxr_key_chain.key_chain",
            "module.iosxr.iosxr_large_community_set.large_community_set",
            "module.iosxr.iosxr_mac_set.mac_set",
            "module.iosxr.iosxr_ospf_area_set.ospf_area_set",
            "module.iosxr.iosxr_policy_global_set.policy_global_set",
            "module.iosxr.iosxr_prefix_set.prefix_set",
            "module.iosxr.iosxr_rd_set.rd_set",
            "module.iosxr.iosxr_route_policy.route_policy",
            "module.iosxr.iosxr_tag_set.tag_set",
            "module.iosxr.iosxr_vrf.vrf"
          ]
        }
      ]
    },
    {
      "module": "module.iosxr",
      "mode": "managed",
      "type": "iosxr_router_bgp",
      "name": "router_bgp",
      "provider": "module.iosxr.provider[\"registry.terraform.io/ciscodevnet/iosxr\"]",
      "instances": [
        {
          "index_key": "ic-node-1/65000",
          "schema_version": 0,
          "attributes": {
            "as_league_peers": null,
            "as_lists": null,
            "as_number": "65000",
            "attribute_filter_groups": null,
            "bfd_minimum_interval": null,
            "bfd_multiplier": null,
            "bgp_as_path_loopcheck": null,
            "bgp_auto_policy_soft_reset_disable": null,
            "bgp_bestpath_aigp_ignore": null,
            "bgp_bestpath_as_path_ignore": null,
            "bgp_bestpath_as_path_multipath_relax": null,
            "bgp_bestpath_compare_routerid": null,
            "bgp_bestpath_cost_community_ignore": null,
            "bgp_bestpath_igp_metric_ignore": null,
            "bgp_bestpath_igp_metric_sr_policy": null,
            "bgp_bestpath_med_always": null,
            "bgp_bestpath_med_missing_as_worst": null,
            "bgp_bestpath_origin_as_allow_invalid": null,
            "bgp_bestpath_origin_as_use_validity": null,
            "bgp_bestpath_sr_policy_force": null,
            "bgp_bestpath_sr_policy_prefer": null,
            "bgp_cluster_id_32bit_format": null,
            "bgp_cluster_id_ip_format": null,
            "bgp_confederation_identifier": null,
            "bgp_confederation_peers": null,
            "bgp_default_local_preference": null,
            "bgp_enforce_first_as_disable": null,
            "bgp_fast_external_fallover_disable": null,
            "bgp_graceful_restart_enable": null,
            "bgp_graceful_restart_graceful_reset": null,
            "bgp_graceful_restart_purge_time": null,
            "bgp_graceful_restart_restart_time": null,
            "bgp_graceful_restart_retain_nbr_routes_disable": null,
            "bgp_graceful_restart_stalepath_time": null,
            "bgp_install_diversion": null,
            "bgp_log_memory_threshold_critical": null,
            "bgp_log_memory_threshold_warning": null,
            "bgp_log_message_disable": null,
            "bgp_log_neighbor_changes_detail": null,
            "bgp_log_neighbor_changes_disable": null,
            "bgp_log_total_paths": null,
            "bgp_log_total_paths_warn_threshold": null,
            "bgp_lpts_secure_binding": null,
            "bgp_maximum_neighbor": null,
            "bgp_multipath_as_path_ignore_onwards": null,
            "bgp_multipath_use_cluster_list_length": null,
            "bgp_origin_as_validation_signal_ibgp": null,
            "bgp_origin_as_validation_time": null,
            "bgp_origin_as_validation_time_off": null,
            "bgp_read_only": null,
            "bgp_redistribute_internal": null,
            "bgp_router_id": "100.64.60.1",
            "bgp_scan_time": null,
            "bgp_unsafe_ebgp_policy": null,
            "bgp_update_delay": null,
            "bgp_update_delay_always": null,
            "default_information_originate": null,
            "default_metric": null,
            "delete_mode": null,
            "device": "ic-node-1",
            "graceful_maintenance_activate_all_neighbors": null,
            "graceful_maintenance_activate_interfaces": null,
            "graceful_maintenance_activate_locations": null,
            "graceful_maintenance_activate_retain_routes": null,
            "ibgp_policy_out_enforce_modifications": null,
            "id": "Cisco-IOS-XR-um-router-bgp-cfg:/router/bgp/as[as-number=65000]",
            "mpls_activate_interfaces": null,
            "mvpn": null,
            "neighbors": [
              {
                "address": "100.64.60.3",
                "advertisement_interval_milliseconds": null,
                "advertisement_interval_seconds": null,
                "allowas_in": null,
                "ao_inheritance_disable": null,
                "ao_key_chain_accept_mismatch": null,
                "ao_key_chain_include_tcp_options": null,
                "ao_key_chain_name": null,
                "as_override": null,
                "as_path_loopcheck_out": null,
                "bestpath_origin_as_allow_invalid": null,
                "bfd_fast_detect": null,
                "bfd_fast_detect_disable": null,
                "bfd_fast_detect_strict_mode": null,
                "bfd_fast_detect_strict_mode_negotiate": null,
                "bfd_fast_detect_strict_mode_negotiate_override": null,
                "bfd_minimum_interval": null,
                "bfd_multiplier": null,
                "bmp_activate_servers": null,
                "capability_additional_paths_receive": null,
                "capability_additional_paths_receive_disable": null,
                "capability_additional_paths_send": null,
                "capability_additional_paths_send_disable": null,
                "capability_suppress_all": null,
                "capability_suppress_all_inheritance_disable": null,
                "capability_suppress_extended_nexthop_encoding": null,
                "capability_suppress_extended_nexthop_encoding_inheritance_disable": null,
                "capability_suppress_four_byte_as": null,
                "capability_suppress_four_byte_as_inheritance_disable": null,
                "cluster_id_32bit_format": null,
                "cluster_id_ip_format": null,
                "dampening": null,
                "default_policy_action_in": null,
                "default_policy_action_out": null,
                "description": null,
                "dmz_link_bandwidth": null,
                "dmz_link_bandwidth_inheritance_disable": null,
                "dscp": null,
                "ebgp_multihop_maximum_hop_count": null,
                "ebgp_multihop_mpls": null,
                "ebgp_recv_extcommunity_dmz": null,
                "ebgp_recv_extcommunity_dmz_inheritance_disable": null,
                "ebgp_send_extcommunity_dmz": null,
                "ebgp_send_extcommunity_dmz_cumulative": null,
                "ebgp_send_extcommunity_dmz_inheritance_disable": null,
                "egress_engineering": null,
                "egress_engineering_inheritance_disable": null,
                "enforce_first_as": null,
                "fast_fallover": null,
                "fast_fallover_inheritance_disable": null,
                "graceful_maintenance_activate": null,
                "graceful_maintenance_activate_inheritance_disable": null,
                "graceful_maintenance_as_prepends_inheritance_disable": null,
                "graceful_maintenance_as_prepends_number": null,
                "graceful_maintenance_bandwidth_aware_bandwidth_threshold": null,
                "graceful_maintenance_bandwidth_aware_bandwidth_threshold_high": null,
                "graceful_maintenance_bandwidth_aware_inheritance_disable": null,
                "graceful_maintenance_bandwidth_aware_percentage_threshold": null,
                "graceful_maintenance_bandwidth_aware_percentage_threshold_high": null,
                "graceful_maintenance_local_preference": null,
                "graceful_maintenance_local_preference_inheritance_disable": null,
                "graceful_restart": null,
                "graceful_restart_disable": null,
                "graceful_restart_helper_only": null,
                "graceful_restart_helper_only_inheritance_disable": null,
                "graceful_restart_restart_time": null,
                "graceful_restart_stalepath_time": null,
                "idle_watch_time": null,
                "ignore_connected_check": null,
                "ignore_connected_check_inheritance_disable": null,
                "keychain_inheritance_disable": null,
                "keychain_name": null,
                "local_address": null,
                "local_address_inheritance_disable": null,
                "local_address_subnet_mask": null,
                "local_address_subnet_prefix": null,
                "local_as": null,
                "local_as_inheritance_disable": null,
                "local_as_no_prepend": null,
                "local_as_no_prepend_replace_as": null,
                "local_as_no_prepend_replace_as_dual_as": null,
                "log_message_in_disable": null,
                "log_message_in_inheritance_disable": null,
                "log_message_in_size": null,
                "log_message_out_disable": null,
                "log_message_out_inheritance_disable": null,
                "log_message_out_size": null,
                "log_neighbor_changes_detail": null,
                "log_neighbor_changes_disable": null,
                "log_neighbor_changes_inheritance_disable": null,
                "maximum_peers": null,
                "origin_as_validation_disable": null,
                "password": null,
                "password_inheritance_disable": null,
                "peer_node_sid_index": null,
                "peer_sets": null,
                "precedence": null,
                "receive_buffer_size": null,
                "receive_buffer_size_read": null,
                "remote_as": null,
                "remote_as_list": null,
                "send_buffer_size": null,
                "send_buffer_size_write": null,
                "send_extended_community_ebgp": null,
                "send_extended_community_ebgp_inheritance_disable": null,
                "session_open_mode": null,
                "shutdown": null,
                "tcp_ip_only_preferred": null,
                "tcp_ip_only_preferred_inheritance_disable": null,
                "tcp_mss_inheritance_disable": null,
                "tcp_mss_value": null,
                "tcp_mtu_discovery": null,
                "tcp_mtu_discovery_inheritance_disable": null,
                "timers_holddown_zero": null,
                "timers_holddown_zero_minimum_acceptable_holdtime": null,
                "timers_holddown_zero_minimum_acceptable_zero": null,
                "timers_holdtime": null,
                "timers_holdtime_minimum_acceptable_holdtime": null,
                "timers_keepalive_interval": null,
                "ttl_security": null,
                "ttl_security_inheritance_disable": null,
                "update_in_error_handling_avoid_reset": null,
                "update_in_error_handling_treat_as_withdraw": null,
                "update_in_filtering_attribute_filter_group": null,
                "update_in_filtering_logging_disable": null,
                "update_in_filtering_message_buffers": null,
                "update_in_filtering_message_buffers_type": null,
                "update_in_labeled_unicast_equivalent": null,
                "update_in_labeled_unicast_equivalent_inheritance_disable": null,
                "update_source": null,
                "use_neighbor_group": "RR-CLIENTS",
                "use_session_group": null
              },
              {
                "address": "100.64.60.4",
                "advertisement_interval_milliseconds": null,
                "advertisement_interval_seconds": null,
                "allowas_in": null,
                "ao_inheritance_disable": null,
                "ao_key_chain_accept_mismatch": null,
                "ao_key_chain_include_tcp_options": null,
                "ao_key_chain_name": null,
                "as_override": null,
                "as_path_loopcheck_out": null,
                "bestpath_origin_as_allow_invalid": null,
                "bfd_fast_detect": null,
                "bfd_fast_detect_disable": null,
                "bfd_fast_detect_strict_mode": null,
                "bfd_fast_detect_strict_mode_negotiate": null,
                "bfd_fast_detect_strict_mode_negotiate_override": null,
                "bfd_minimum_interval": null,
                "bfd_multiplier": null,
                "bmp_activate_servers": null,
                "capability_additional_paths_receive": null,
                "capability_additional_paths_receive_disable": null,
                "capability_additional_paths_send": null,
                "capability_additional_paths_send_disable": null,
                "capability_suppress_all": null,
                "capability_suppress_all_inheritance_disable": null,
                "capability_suppress_extended_nexthop_encoding": null,
                "capability_suppress_extended_nexthop_encoding_inheritance_disable": null,
                "capability_suppress_four_byte_as": null,
                "capability_suppress_four_byte_as_inheritance_disable": null,
                "cluster_id_32bit_format": null,
                "cluster_id_ip_format": null,
                "dampening": null,
                "default_policy_action_in": null,
                "default_policy_action_out": null,
                "description": null,
                "dmz_link_bandwidth": null,
                "dmz_link_bandwidth_inheritance_disable": null,
                "dscp": null,
                "ebgp_multihop_maximum_hop_count": null,
                "ebgp_multihop_mpls": null,
                "ebgp_recv_extcommunity_dmz": null,
                "ebgp_recv_extcommunity_dmz_inheritance_disable": null,
                "ebgp_send_extcommunity_dmz": null,
                "ebgp_send_extcommunity_dmz_cumulative": null,
                "ebgp_send_extcommunity_dmz_inheritance_disable": null,
                "egress_engineering": null,
                "egress_engineering_inheritance_disable": null,
                "enforce_first_as": null,
                "fast_fallover": null,
                "fast_fallover_inheritance_disable": null,
                "graceful_maintenance_activate": null,
                "graceful_maintenance_activate_inheritance_disable": null,
                "graceful_maintenance_as_prepends_inheritance_disable": null,
                "graceful_maintenance_as_prepends_number": null,
                "graceful_maintenance_bandwidth_aware_bandwidth_threshold": null,
                "graceful_maintenance_bandwidth_aware_bandwidth_threshold_high": null,
                "graceful_maintenance_bandwidth_aware_inheritance_disable": null,
                "graceful_maintenance_bandwidth_aware_percentage_threshold": null,
                "graceful_maintenance_bandwidth_aware_percentage_threshold_high": null,
                "graceful_maintenance_local_preference": null,
                "graceful_maintenance_local_preference_inheritance_disable": null,
                "graceful_restart": null,
                "graceful_restart_disable": null,
                "graceful_restart_helper_only": null,
                "graceful_restart_helper_only_inheritance_disable": null,
                "graceful_restart_restart_time": null,
                "graceful_restart_stalepath_time": null,
                "idle_watch_time": null,
                "ignore_connected_check": null,
                "ignore_connected_check_inheritance_disable": null,
                "keychain_inheritance_disable": null,
                "keychain_name": null,
                "local_address": null,
                "local_address_inheritance_disable": null,
                "local_address_subnet_mask": null,
                "local_address_subnet_prefix": null,
                "local_as": null,
                "local_as_inheritance_disable": null,
                "local_as_no_prepend": null,
                "local_as_no_prepend_replace_as": null,
                "local_as_no_prepend_replace_as_dual_as": null,
                "log_message_in_disable": null,
                "log_message_in_inheritance_disable": null,
                "log_message_in_size": null,
                "log_message_out_disable": null,
                "log_message_out_inheritance_disable": null,
                "log_message_out_size": null,
                "log_neighbor_changes_detail": null,
                "log_neighbor_changes_disable": null,
                "log_neighbor_changes_inheritance_disable": null,
                "maximum_peers": null,
                "origin_as_validation_disable": null,
                "password": null,
                "password_inheritance_disable": null,
                "peer_node_sid_index": null,
                "peer_sets": null,
                "precedence": null,
                "receive_buffer_size": null,
                "receive_buffer_size_read": null,
                "remote_as": null,
                "remote_as_list": null,
                "send_buffer_size": null,
                "send_buffer_size_write": null,
                "send_extended_community_ebgp": null,
                "send_extended_community_ebgp_inheritance_disable": null,
                "session_open_mode": null,
                "shutdown": null,
                "tcp_ip_only_preferred": null,
                "tcp_ip_only_preferred_inheritance_disable": null,
                "tcp_mss_inheritance_disable": null,
                "tcp_mss_value": null,
                "tcp_mtu_discovery": null,
                "tcp_mtu_discovery_inheritance_disable": null,
                "timers_holddown_zero": null,
                "timers_holddown_zero_minimum_acceptable_holdtime": null,
                "timers_holddown_zero_minimum_acceptable_zero": null,
                "timers_holdtime": null,
                "timers_holdtime_minimum_acceptable_holdtime": null,
                "timers_keepalive_interval": null,
                "ttl_security": null,
                "ttl_security_inheritance_disable": null,
                "update_in_error_handling_avoid_reset": null,
                "update_in_error_handling_treat_as_withdraw": null,
                "update_in_filtering_attribute_filter_group": null,
                "update_in_filtering_logging_disable": null,
                "update_in_filtering_message_buffers": null,
                "update_in_filtering_message_buffers_type": null,
                "update_in_labeled_unicast_equivalent": null,
                "update_in_labeled_unicast_equivalent_inheritance_disable": null,
                "update_source": null,
                "use_neighbor_group": "RR-CLIENTS",
                "use_session_group": null
              }
            ],
            "nexthop_mpls_forwarding_ibgp": null,
            "nexthop_resolution_allow_default": null,
            "nexthop_srte_metric_disable": null,
            "nexthop_validation_color_extcomm_disable": null,
            "nexthop_validation_color_extcomm_sr_policy": null,
            "nsr": null,
            "nsr_disable": null,
            "openconfig_rib_telemetry": null,
            "rpki_routes": null,
            "rpki_servers": null,
            "segment_routing_srv6_locator": null,
            "segment_routing_srv6_usid_allocation_wide_local_id_block": null,
            "slow_peer_detection_disable": null,
            "slow_peer_dynamic": null,
            "slow_peer_dynamic_threshold": null,
            "socket_receive_buffer_size": null,
            "socket_receive_buffer_size_read": null,
            "socket_send_buffer_size": null,
            "socket_send_buffer_size_write": null,
            "timers_bgp_holddown_zero": null,
            "timers_bgp_holddown_zero_minimum_acceptable_holdtime": null,
            "timers_bgp_holddown_zero_minimum_acceptable_zero": null,
            "timers_bgp_holdtime": null,
            "timers_bgp_holdtime_minimum_acceptable_holdtime": null,
            "timers_bgp_keepalive_interval": null,
            "update_in_error_handling_basic_ebgp_disable": null,
            "update_in_error_handling_basic_ibgp_disable": null,
            "update_in_error_handling_extended_ebgp": null,
            "update_in_error_handling_extended_ibgp": null,
            "update_limit": null,
            "update_out_logging": null
          },
          "sensitive_attributes": [
            [
              {
                "type": "get_attr",
                "value": "neighbors"
              },
              {
                "type": "index",
                "value": {
                  "value": 0,
                  "type": "number"
                }
              },
              {
                "type": "get_attr",
                "value": "password"
              }
            ],
            [
              {
                "type": "get_attr",
                "value": "neighbors"
              },
              {
                "type": "index",
                "value": {
                  "value": 1,
                  "type": "number"
                }
              },
              {
                "type": "get_attr",
                "value": "password"
              }
            ]
          ],
          "identity_schema_version": 0,
          "private": "eyJpbXBvcnRpbmciOiJNQT09In0=",
          "dependencies": [
            "module.iosxr.iosxr_as_path_set.as_path_set",
            "module.iosxr.iosxr_bmp_server.bmp_server",
            "module.iosxr.iosxr_community_set.community_set",
            "module.iosxr.iosxr_esi_set.esi_set",
            "module.iosxr.iosxr_etag_set.etag_set",
            "module.iosxr.iosxr_extcommunity_bandwidth_set.extcommunity_bandwidth_set",
            "module.iosxr.iosxr_extcommunity_cost_set.extcommunity_cost_set",
            "module.iosxr.iosxr_extcommunity_evpn_link_bandwidth_set.extcommunity_evpn_link_bandwidth_set",
            "module.iosxr.iosxr_extcommunity_opaque_set.extcommunity_opaque_set",
            "module.iosxr.iosxr_extcommunity_rt_set.extcommunity_rt_set",
            "module.iosxr.iosxr_extcommunity_seg_nh_set.extcommunity_seg_nh_set",
            "module.iosxr.iosxr_extcommunity_soo_set.extcommunity_soo_set",
            "module.iosxr.iosxr_ipv4_prefix_list.ipv4_prefix_list",
            "module.iosxr.iosxr_ipv6_prefix_list.ipv6_prefix_list",
            "module.iosxr.iosxr_key_chain.key_chain",
            "module.iosxr.iosxr_large_community_set.large_community_set",
            "module.iosxr.iosxr_mac_set.mac_set",
            "module.iosxr.iosxr_ospf_area_set.ospf_area_set",
            "module.iosxr.iosxr_policy_global_set.policy_global_set",
            "module.iosxr.iosxr_prefix_set.prefix_set",
            "module.iosxr.iosxr_rd_set.rd_set",
            "module.iosxr.iosxr_route_policy.route_policy",
            "module.iosxr.iosxr_tag_set.tag_set"
          ]
        },
        {
          "index_key": "ic-node-2/65000",
          "schema_version": 0,
          "attributes": {
            "as_league_peers": null,
            "as_lists": null,
            "as_number": "65000",
            "attribute_filter_groups": null,
            "bfd_minimum_interval": null,
            "bfd_multiplier": null,
            "bgp_as_path_loopcheck": null,
            "bgp_auto_policy_soft_reset_disable": null,
            "bgp_bestpath_aigp_ignore": null,
            "bgp_bestpath_as_path_ignore": null,
            "bgp_bestpath_as_path_multipath_relax": null,
            "bgp_bestpath_compare_routerid": null,
            "bgp_bestpath_cost_community_ignore": null,
            "bgp_bestpath_igp_metric_ignore": null,
            "bgp_bestpath_igp_metric_sr_policy": null,
            "bgp_bestpath_med_always": null,
            "bgp_bestpath_med_missing_as_worst": null,
            "bgp_bestpath_origin_as_allow_invalid": null,
            "bgp_bestpath_origin_as_use_validity": null,
            "bgp_bestpath_sr_policy_force": null,
            "bgp_bestpath_sr_policy_prefer": null,
            "bgp_cluster_id_32bit_format": null,
            "bgp_cluster_id_ip_format": null,
            "bgp_confederation_identifier": null,
            "bgp_confederation_peers": null,
            "bgp_default_local_preference": null,
            "bgp_enforce_first_as_disable": null,
            "bgp_fast_external_fallover_disable": null,
            "bgp_graceful_restart_enable": null,
            "bgp_graceful_restart_graceful_reset": null,
            "bgp_graceful_restart_purge_time": null,
            "bgp_graceful_restart_restart_time": null,
            "bgp_graceful_restart_retain_nbr_routes_disable": null,
            "bgp_graceful_restart_stalepath_time": null,
            "bgp_install_diversion": null,
            "bgp_log_memory_threshold_critical": null,
            "bgp_log_memory_threshold_warning": null,
            "bgp_log_message_disable": null,
            "bgp_log_neighbor_changes_detail": null,
            "bgp_log_neighbor_changes_disable": null,
            "bgp_log_total_paths": null,
            "bgp_log_total_paths_warn_threshold": null,
            "bgp_lpts_secure_binding": null,
            "bgp_maximum_neighbor": null,
            "bgp_multipath_as_path_ignore_onwards": null,
            "bgp_multipath_use_cluster_list_length": null,
            "bgp_origin_as_validation_signal_ibgp": null,
            "bgp_origin_as_validation_time": null,
            "bgp_origin_as_validation_time_off": null,
            "bgp_read_only": null,
            "bgp_redistribute_internal": null,
            "bgp_router_id": "100.64.60.2",
            "bgp_scan_time": null,
            "bgp_unsafe_ebgp_policy": null,
            "bgp_update_delay": null,
            "bgp_update_delay_always": null,
            "default_information_originate": null,
            "default_metric": null,
            "delete_mode": null,
            "device": "ic-node-2",
            "graceful_maintenance_activate_all_neighbors": null,
            "graceful_maintenance_activate_interfaces": null,
            "graceful_maintenance_activate_locations": null,
            "graceful_maintenance_activate_retain_routes": null,
            "ibgp_policy_out_enforce_modifications": null,
            "id": "Cisco-IOS-XR-um-router-bgp-cfg:/router/bgp/as[as-number=65000]",
            "mpls_activate_interfaces": null,
            "mvpn": null,
            "neighbors": [
              {
                "address": "100.64.60.3",
                "advertisement_interval_milliseconds": null,
                "advertisement_interval_seconds": null,
                "allowas_in": null,
                "ao_inheritance_disable": null,
                "ao_key_chain_accept_mismatch": null,
                "ao_key_chain_include_tcp_options": null,
                "ao_key_chain_name": null,
                "as_override": null,
                "as_path_loopcheck_out": null,
                "bestpath_origin_as_allow_invalid": null,
                "bfd_fast_detect": null,
                "bfd_fast_detect_disable": null,
                "bfd_fast_detect_strict_mode": null,
                "bfd_fast_detect_strict_mode_negotiate": null,
                "bfd_fast_detect_strict_mode_negotiate_override": null,
                "bfd_minimum_interval": null,
                "bfd_multiplier": null,
                "bmp_activate_servers": null,
                "capability_additional_paths_receive": null,
                "capability_additional_paths_receive_disable": null,
                "capability_additional_paths_send": null,
                "capability_additional_paths_send_disable": null,
                "capability_suppress_all": null,
                "capability_suppress_all_inheritance_disable": null,
                "capability_suppress_extended_nexthop_encoding": null,
                "capability_suppress_extended_nexthop_encoding_inheritance_disable": null,
                "capability_suppress_four_byte_as": null,
                "capability_suppress_four_byte_as_inheritance_disable": null,
                "cluster_id_32bit_format": null,
                "cluster_id_ip_format": null,
                "dampening": null,
                "default_policy_action_in": null,
                "default_policy_action_out": null,
                "description": null,
                "dmz_link_bandwidth": null,
                "dmz_link_bandwidth_inheritance_disable": null,
                "dscp": null,
                "ebgp_multihop_maximum_hop_count": null,
                "ebgp_multihop_mpls": null,
                "ebgp_recv_extcommunity_dmz": null,
                "ebgp_recv_extcommunity_dmz_inheritance_disable": null,
                "ebgp_send_extcommunity_dmz": null,
                "ebgp_send_extcommunity_dmz_cumulative": null,
                "ebgp_send_extcommunity_dmz_inheritance_disable": null,
                "egress_engineering": null,
                "egress_engineering_inheritance_disable": null,
                "enforce_first_as": null,
                "fast_fallover": null,
                "fast_fallover_inheritance_disable": null,
                "graceful_maintenance_activate": null,
                "graceful_maintenance_activate_inheritance_disable": null,
                "graceful_maintenance_as_prepends_inheritance_disable": null,
                "graceful_maintenance_as_prepends_number": null,
                "graceful_maintenance_bandwidth_aware_bandwidth_threshold": null,
                "graceful_maintenance_bandwidth_aware_bandwidth_threshold_high": null,
                "graceful_maintenance_bandwidth_aware_inheritance_disable": null,
                "graceful_maintenance_bandwidth_aware_percentage_threshold": null,
                "graceful_maintenance_bandwidth_aware_percentage_threshold_high": null,
                "graceful_maintenance_local_preference": null,
                "graceful_maintenance_local_preference_inheritance_disable": null,
                "graceful_restart": null,
                "graceful_restart_disable": null,
                "graceful_restart_helper_only": null,
                "graceful_restart_helper_only_inheritance_disable": null,
                "graceful_restart_restart_time": null,
                "graceful_restart_stalepath_time": null,
                "idle_watch_time": null,
                "ignore_connected_check": null,
                "ignore_connected_check_inheritance_disable": null,
                "keychain_inheritance_disable": null,
                "keychain_name": null,
                "local_address": null,
                "local_address_inheritance_disable": null,
                "local_address_subnet_mask": null,
                "local_address_subnet_prefix": null,
                "local_as": null,
                "local_as_inheritance_disable": null,
                "local_as_no_prepend": null,
                "local_as_no_prepend_replace_as": null,
                "local_as_no_prepend_replace_as_dual_as": null,
                "log_message_in_disable": null,
                "log_message_in_inheritance_disable": null,
                "log_message_in_size": null,
                "log_message_out_disable": null,
                "log_message_out_inheritance_disable": null,
                "log_message_out_size": null,
                "log_neighbor_changes_detail": null,
                "log_neighbor_changes_disable": null,
                "log_neighbor_changes_inheritance_disable": null,
                "maximum_peers": null,
                "origin_as_validation_disable": null,
                "password": null,
                "password_inheritance_disable": null,
                "peer_node_sid_index": null,
                "peer_sets": null,
                "precedence": null,
                "receive_buffer_size": null,
                "receive_buffer_size_read": null,
                "remote_as": null,
                "remote_as_list": null,
                "send_buffer_size": null,
                "send_buffer_size_write": null,
                "send_extended_community_ebgp": null,
                "send_extended_community_ebgp_inheritance_disable": null,
                "session_open_mode": null,
                "shutdown": null,
                "tcp_ip_only_preferred": null,
                "tcp_ip_only_preferred_inheritance_disable": null,
                "tcp_mss_inheritance_disable": null,
                "tcp_mss_value": null,
                "tcp_mtu_discovery": null,
                "tcp_mtu_discovery_inheritance_disable": null,
                "timers_holddown_zero": null,
                "timers_holddown_zero_minimum_acceptable_holdtime": null,
                "timers_holddown_zero_minimum_acceptable_zero": null,
                "timers_holdtime": null,
                "timers_holdtime_minimum_acceptable_holdtime": null,
                "timers_keepalive_interval": null,
                "ttl_security": null,
                "ttl_security_inheritance_disable": null,
                "update_in_error_handling_avoid_reset": null,
                "update_in_error_handling_treat_as_withdraw": null,
                "update_in_filtering_attribute_filter_group": null,
                "update_in_filtering_logging_disable": null,
                "update_in_filtering_message_buffers": null,
                "update_in_filtering_message_buffers_type": null,
                "update_in_labeled_unicast_equivalent": null,
                "update_in_labeled_unicast_equivalent_inheritance_disable": null,
                "update_source": null,
                "use_neighbor_group": "RR-CLIENTS",
                "use_session_group": null
              },
              {
                "address": "100.64.60.4",
                "advertisement_interval_milliseconds": null,
                "advertisement_interval_seconds": null,
                "allowas_in": null,
                "ao_inheritance_disable": null,
                "ao_key_chain_accept_mismatch": null,
                "ao_key_chain_include_tcp_options": null,
                "ao_key_chain_name": null,
                "as_override": null,
                "as_path_loopcheck_out": null,
                "bestpath_origin_as_allow_invalid": null,
                "bfd_fast_detect": null,
                "bfd_fast_detect_disable": null,
                "bfd_fast_detect_strict_mode": null,
                "bfd_fast_detect_strict_mode_negotiate": null,
                "bfd_fast_detect_strict_mode_negotiate_override": null,
                "bfd_minimum_interval": null,
                "bfd_multiplier": null,
                "bmp_activate_servers": null,
                "capability_additional_paths_receive": null,
                "capability_additional_paths_receive_disable": null,
                "capability_additional_paths_send": null,
                "capability_additional_paths_send_disable": null,
                "capability_suppress_all": null,
                "capability_suppress_all_inheritance_disable": null,
                "capability_suppress_extended_nexthop_encoding": null,
                "capability_suppress_extended_nexthop_encoding_inheritance_disable": null,
                "capability_suppress_four_byte_as": null,
                "capability_suppress_four_byte_as_inheritance_disable": null,
                "cluster_id_32bit_format": null,
                "cluster_id_ip_format": null,
                "dampening": null,
                "default_policy_action_in": null,
                "default_policy_action_out": null,
                "description": null,
                "dmz_link_bandwidth": null,
                "dmz_link_bandwidth_inheritance_disable": null,
                "dscp": null,
                "ebgp_multihop_maximum_hop_count": null,
                "ebgp_multihop_mpls": null,
                "ebgp_recv_extcommunity_dmz": null,
                "ebgp_recv_extcommunity_dmz_inheritance_disable": null,
                "ebgp_send_extcommunity_dmz": null,
                "ebgp_send_extcommunity_dmz_cumulative": null,
                "ebgp_send_extcommunity_dmz_inheritance_disable": null,
                "egress_engineering": null,
                "egress_engineering_inheritance_disable": null,
                "enforce_first_as": null,
                "fast_fallover": null,
                "fast_fallover_inheritance_disable": null,
                "graceful_maintenance_activate": null,
                "graceful_maintenance_activate_inheritance_disable": null,
                "graceful_maintenance_as_prepends_inheritance_disable": null,
                "graceful_maintenance_as_prepends_number": null,
                "graceful_maintenance_bandwidth_aware_bandwidth_threshold": null,
                "graceful_maintenance_bandwidth_aware_bandwidth_threshold_high": null,
                "graceful_maintenance_bandwidth_aware_inheritance_disable": null,
                "graceful_maintenance_bandwidth_aware_percentage_threshold": null,
                "graceful_maintenance_bandwidth_aware_percentage_threshold_high": null,
                "graceful_maintenance_local_preference": null,
                "graceful_maintenance_local_preference_inheritance_disable": null,
                "graceful_restart": null,
                "graceful_restart_disable": null,
                "graceful_restart_helper_only": null,
                "graceful_restart_helper_only_inheritance_disable": null,
                "graceful_restart_restart_time": null,
                "graceful_restart_stalepath_time": null,
                "idle_watch_time": null,
                "ignore_connected_check": null,
                "ignore_connected_check_inheritance_disable": null,
                "keychain_inheritance_disable": null,
                "keychain_name": null,
                "local_address": null,
                "local_address_inheritance_disable": null,
                "local_address_subnet_mask": null,
                "local_address_subnet_prefix": null,
                "local_as": null,
                "local_as_inheritance_disable": null,
                "local_as_no_prepend": null,
                "local_as_no_prepend_replace_as": null,
                "local_as_no_prepend_replace_as_dual_as": null,
                "log_message_in_disable": null,
                "log_message_in_inheritance_disable": null,
                "log_message_in_size": null,
                "log_message_out_disable": null,
                "log_message_out_inheritance_disable": null,
                "log_message_out_size": null,
                "log_neighbor_changes_detail": null,
                "log_neighbor_changes_disable": null,
                "log_neighbor_changes_inheritance_disable": null,
                "maximum_peers": null,
                "origin_as_validation_disable": null,
                "password": null,
                "password_inheritance_disable": null,
                "peer_node_sid_index": null,
                "peer_sets": null,
                "precedence": null,
                "receive_buffer_size": null,
                "receive_buffer_size_read": null,
                "remote_as": null,
                "remote_as_list": null,
                "send_buffer_size": null,
                "send_buffer_size_write": null,
                "send_extended_community_ebgp": null,
                "send_extended_community_ebgp_inheritance_disable": null,
                "session_open_mode": null,
                "shutdown": null,
                "tcp_ip_only_preferred": null,
                "tcp_ip_only_preferred_inheritance_disable": null,
                "tcp_mss_inheritance_disable": null,
                "tcp_mss_value": null,
                "tcp_mtu_discovery": null,
                "tcp_mtu_discovery_inheritance_disable": null,
                "timers_holddown_zero": null,
                "timers_holddown_zero_minimum_acceptable_holdtime": null,
                "timers_holddown_zero_minimum_acceptable_zero": null,
                "timers_holdtime": null,
                "timers_holdtime_minimum_acceptable_holdtime": null,
                "timers_keepalive_interval": null,
                "ttl_security": null,
                "ttl_security_inheritance_disable": null,
                "update_in_error_handling_avoid_reset": null,
                "update_in_error_handling_treat_as_withdraw": null,
                "update_in_filtering_attribute_filter_group": null,
                "update_in_filtering_logging_disable": null,
                "update_in_filtering_message_buffers": null,
                "update_in_filtering_message_buffers_type": null,
                "update_in_labeled_unicast_equivalent": null,
                "update_in_labeled_unicast_equivalent_inheritance_disable": null,
                "update_source": null,
                "use_neighbor_group": "RR-CLIENTS",
                "use_session_group": null
              }
            ],
            "nexthop_mpls_forwarding_ibgp": null,
            "nexthop_resolution_allow_default": null,
            "nexthop_srte_metric_disable": null,
            "nexthop_validation_color_extcomm_disable": null,
            "nexthop_validation_color_extcomm_sr_policy": null,
            "nsr": null,
            "nsr_disable": null,
            "openconfig_rib_telemetry": null,
            "rpki_routes": null,
            "rpki_servers": null,
            "segment_routing_srv6_locator": null,
            "segment_routing_srv6_usid_allocation_wide_local_id_block": null,
            "slow_peer_detection_disable": null,
            "slow_peer_dynamic": null,
            "slow_peer_dynamic_threshold": null,
            "socket_receive_buffer_size": null,
            "socket_receive_buffer_size_read": null,
            "socket_send_buffer_size": null,
            "socket_send_buffer_size_write": null,
            "timers_bgp_holddown_zero": null,
            "timers_bgp_holddown_zero_minimum_acceptable_holdtime": null,
            "timers_bgp_holddown_zero_minimum_acceptable_zero": null,
            "timers_bgp_holdtime": null,
            "timers_bgp_holdtime_minimum_acceptable_holdtime": null,
            "timers_bgp_keepalive_interval": null,
            "update_in_error_handling_basic_ebgp_disable": null,
            "update_in_error_handling_basic_ibgp_disable": null,
            "update_in_error_handling_extended_ebgp": null,
            "update_in_error_handling_extended_ibgp": null,
            "update_limit": null,
            "update_out_logging": null
          },
          "sensitive_attributes": [
            [
              {
                "type": "get_attr",
                "value": "neighbors"
              },
              {
                "type": "index",
                "value": {
                  "value": 0,
                  "type": "number"
                }
              },
              {
                "type": "get_attr",
                "value": "password"
              }
            ],
            [
              {
                "type": "get_attr",
                "value": "neighbors"
              },
              {
                "type": "index",
                "value": {
                  "value": 1,
                  "type": "number"
                }
              },
              {
                "type": "get_attr",
                "value": "password"
              }
            ]
          ],
          "identity_schema_version": 0,
          "private": "eyJpbXBvcnRpbmciOiJNQT09In0=",
          "dependencies": [
            "module.iosxr.iosxr_as_path_set.as_path_set",
            "module.iosxr.iosxr_bmp_server.bmp_server",
            "module.iosxr.iosxr_community_set.community_set",
            "module.iosxr.iosxr_esi_set.esi_set",
            "module.iosxr.iosxr_etag_set.etag_set",
            "module.iosxr.iosxr_extcommunity_bandwidth_set.extcommunity_bandwidth_set",
            "module.iosxr.iosxr_extcommunity_cost_set.extcommunity_cost_set",
            "module.iosxr.iosxr_extcommunity_evpn_link_bandwidth_set.extcommunity_evpn_link_bandwidth_set",
            "module.iosxr.iosxr_extcommunity_opaque_set.extcommunity_opaque_set",
            "module.iosxr.iosxr_extcommunity_rt_set.extcommunity_rt_set",
            "module.iosxr.iosxr_extcommunity_seg_nh_set.extcommunity_seg_nh_set",
            "module.iosxr.iosxr_extcommunity_soo_set.extcommunity_soo_set",
            "module.iosxr.iosxr_ipv4_prefix_list.ipv4_prefix_list",
            "module.iosxr.iosxr_ipv6_prefix_list.ipv6_prefix_list",
            "module.iosxr.iosxr_key_chain.key_chain",
            "module.iosxr.iosxr_large_community_set.large_community_set",
            "module.iosxr.iosxr_mac_set.mac_set",
            "module.iosxr.iosxr_ospf_area_set.ospf_area_set",
            "module.iosxr.iosxr_policy_global_set.policy_global_set",
            "module.iosxr.iosxr_prefix_set.prefix_set",
            "module.iosxr.iosxr_rd_set.rd_set",
            "module.iosxr.iosxr_route_policy.route_policy",
            "module.iosxr.iosxr_tag_set.tag_set"
          ]
        },
        {
          "index_key": "ic-node-3/65000",
          "schema_version": 0,
          "attributes": {
            "as_league_peers": null,
            "as_lists": null,
            "as_number": "65000",
            "attribute_filter_groups": null,
            "bfd_minimum_interval": null,
            "bfd_multiplier": null,
            "bgp_as_path_loopcheck": null,
            "bgp_auto_policy_soft_reset_disable": null,
            "bgp_bestpath_aigp_ignore": null,
            "bgp_bestpath_as_path_ignore": null,
            "bgp_bestpath_as_path_multipath_relax": null,
            "bgp_bestpath_compare_routerid": null,
            "bgp_bestpath_cost_community_ignore": null,
            "bgp_bestpath_igp_metric_ignore": null,
            "bgp_bestpath_igp_metric_sr_policy": null,
            "bgp_bestpath_med_always": null,
            "bgp_bestpath_med_missing_as_worst": null,
            "bgp_bestpath_origin_as_allow_invalid": null,
            "bgp_bestpath_origin_as_use_validity": null,
            "bgp_bestpath_sr_policy_force": null,
            "bgp_bestpath_sr_policy_prefer": null,
            "bgp_cluster_id_32bit_format": null,
            "bgp_cluster_id_ip_format": null,
            "bgp_confederation_identifier": null,
            "bgp_confederation_peers": null,
            "bgp_default_local_preference": null,
            "bgp_enforce_first_as_disable": null,
            "bgp_fast_external_fallover_disable": null,
            "bgp_graceful_restart_enable": null,
            "bgp_graceful_restart_graceful_reset": null,
            "bgp_graceful_restart_purge_time": null,
            "bgp_graceful_restart_restart_time": null,
            "bgp_graceful_restart_retain_nbr_routes_disable": null,
            "bgp_graceful_restart_stalepath_time": null,
            "bgp_install_diversion": null,
            "bgp_log_memory_threshold_critical": null,
            "bgp_log_memory_threshold_warning": null,
            "bgp_log_message_disable": null,
            "bgp_log_neighbor_changes_detail": null,
            "bgp_log_neighbor_changes_disable": null,
            "bgp_log_total_paths": null,
            "bgp_log_total_paths_warn_threshold": null,
            "bgp_lpts_secure_binding": null,
            "bgp_maximum_neighbor": null,
            "bgp_multipath_as_path_ignore_onwards": null,
            "bgp_multipath_use_cluster_list_length": null,
            "bgp_origin_as_validation_signal_ibgp": null,
            "bgp_origin_as_validation_time": null,
            "bgp_origin_as_validation_time_off": null,
            "bgp_read_only": null,
            "bgp_redistribute_internal": null,
            "bgp_router_id": "100.64.60.3",
            "bgp_scan_time": null,
            "bgp_unsafe_ebgp_policy": null,
            "bgp_update_delay": null,
            "bgp_update_delay_always": null,
            "default_information_originate": null,
            "default_metric": null,
            "delete_mode": null,
            "device": "ic-node-3",
            "graceful_maintenance_activate_all_neighbors": null,
            "graceful_maintenance_activate_interfaces": null,
            "graceful_maintenance_activate_locations": null,
            "graceful_maintenance_activate_retain_routes": null,
            "ibgp_policy_out_enforce_modifications": null,
            "id": "Cisco-IOS-XR-um-router-bgp-cfg:/router/bgp/as[as-number=65000]",
            "mpls_activate_interfaces": null,
            "mvpn": null,
            "neighbors": [
              {
                "address": "100.64.60.1",
                "advertisement_interval_milliseconds": null,
                "advertisement_interval_seconds": null,
                "allowas_in": null,
                "ao_inheritance_disable": null,
                "ao_key_chain_accept_mismatch": null,
                "ao_key_chain_include_tcp_options": null,
                "ao_key_chain_name": null,
                "as_override": null,
                "as_path_loopcheck_out": null,
                "bestpath_origin_as_allow_invalid": null,
                "bfd_fast_detect": null,
                "bfd_fast_detect_disable": null,
                "bfd_fast_detect_strict_mode": null,
                "bfd_fast_detect_strict_mode_negotiate": null,
                "bfd_fast_detect_strict_mode_negotiate_override": null,
                "bfd_minimum_interval": null,
                "bfd_multiplier": null,
                "bmp_activate_servers": null,
                "capability_additional_paths_receive": null,
                "capability_additional_paths_receive_disable": null,
                "capability_additional_paths_send": null,
                "capability_additional_paths_send_disable": null,
                "capability_suppress_all": null,
                "capability_suppress_all_inheritance_disable": null,
                "capability_suppress_extended_nexthop_encoding": null,
                "capability_suppress_extended_nexthop_encoding_inheritance_disable": null,
                "capability_suppress_four_byte_as": null,
                "capability_suppress_four_byte_as_inheritance_disable": null,
                "cluster_id_32bit_format": null,
                "cluster_id_ip_format": null,
                "dampening": null,
                "default_policy_action_in": null,
                "default_policy_action_out": null,
                "description": null,
                "dmz_link_bandwidth": null,
                "dmz_link_bandwidth_inheritance_disable": null,
                "dscp": null,
                "ebgp_multihop_maximum_hop_count": null,
                "ebgp_multihop_mpls": null,
                "ebgp_recv_extcommunity_dmz": null,
                "ebgp_recv_extcommunity_dmz_inheritance_disable": null,
                "ebgp_send_extcommunity_dmz": null,
                "ebgp_send_extcommunity_dmz_cumulative": null,
                "ebgp_send_extcommunity_dmz_inheritance_disable": null,
                "egress_engineering": null,
                "egress_engineering_inheritance_disable": null,
                "enforce_first_as": null,
                "fast_fallover": null,
                "fast_fallover_inheritance_disable": null,
                "graceful_maintenance_activate": null,
                "graceful_maintenance_activate_inheritance_disable": null,
                "graceful_maintenance_as_prepends_inheritance_disable": null,
                "graceful_maintenance_as_prepends_number": null,
                "graceful_maintenance_bandwidth_aware_bandwidth_threshold": null,
                "graceful_maintenance_bandwidth_aware_bandwidth_threshold_high": null,
                "graceful_maintenance_bandwidth_aware_inheritance_disable": null,
                "graceful_maintenance_bandwidth_aware_percentage_threshold": null,
                "graceful_maintenance_bandwidth_aware_percentage_threshold_high": null,
                "graceful_maintenance_local_preference": null,
                "graceful_maintenance_local_preference_inheritance_disable": null,
                "graceful_restart": null,
                "graceful_restart_disable": null,
                "graceful_restart_helper_only": null,
                "graceful_restart_helper_only_inheritance_disable": null,
                "graceful_restart_restart_time": null,
                "graceful_restart_stalepath_time": null,
                "idle_watch_time": null,
                "ignore_connected_check": null,
                "ignore_connected_check_inheritance_disable": null,
                "keychain_inheritance_disable": null,
                "keychain_name": null,
                "local_address": null,
                "local_address_inheritance_disable": null,
                "local_address_subnet_mask": null,
                "local_address_subnet_prefix": null,
                "local_as": null,
                "local_as_inheritance_disable": null,
                "local_as_no_prepend": null,
                "local_as_no_prepend_replace_as": null,
                "local_as_no_prepend_replace_as_dual_as": null,
                "log_message_in_disable": null,
                "log_message_in_inheritance_disable": null,
                "log_message_in_size": null,
                "log_message_out_disable": null,
                "log_message_out_inheritance_disable": null,
                "log_message_out_size": null,
                "log_neighbor_changes_detail": null,
                "log_neighbor_changes_disable": null,
                "log_neighbor_changes_inheritance_disable": null,
                "maximum_peers": null,
                "origin_as_validation_disable": null,
                "password": null,
                "password_inheritance_disable": null,
                "peer_node_sid_index": null,
                "peer_sets": null,
                "precedence": null,
                "receive_buffer_size": null,
                "receive_buffer_size_read": null,
                "remote_as": null,
                "remote_as_list": null,
                "send_buffer_size": null,
                "send_buffer_size_write": null,
                "send_extended_community_ebgp": null,
                "send_extended_community_ebgp_inheritance_disable": null,
                "session_open_mode": null,
                "shutdown": null,
                "tcp_ip_only_preferred": null,
                "tcp_ip_only_preferred_inheritance_disable": null,
                "tcp_mss_inheritance_disable": null,
                "tcp_mss_value": null,
                "tcp_mtu_discovery": null,
                "tcp_mtu_discovery_inheritance_disable": null,
                "timers_holddown_zero": null,
                "timers_holddown_zero_minimum_acceptable_holdtime": null,
                "timers_holddown_zero_minimum_acceptable_zero": null,
                "timers_holdtime": null,
                "timers_holdtime_minimum_acceptable_holdtime": null,
                "timers_keepalive_interval": null,
                "ttl_security": null,
                "ttl_security_inheritance_disable": null,
                "update_in_error_handling_avoid_reset": null,
                "update_in_error_handling_treat_as_withdraw": null,
                "update_in_filtering_attribute_filter_group": null,
                "update_in_filtering_logging_disable": null,
                "update_in_filtering_message_buffers": null,
                "update_in_filtering_message_buffers_type": null,
                "update_in_labeled_unicast_equivalent": null,
                "update_in_labeled_unicast_equivalent_inheritance_disable": null,
                "update_source": null,
                "use_neighbor_group": "RR-SERVERS",
                "use_session_group": null
              },
              {
                "address": "100.64.60.2",
                "advertisement_interval_milliseconds": null,
                "advertisement_interval_seconds": null,
                "allowas_in": null,
                "ao_inheritance_disable": null,
                "ao_key_chain_accept_mismatch": null,
                "ao_key_chain_include_tcp_options": null,
                "ao_key_chain_name": null,
                "as_override": null,
                "as_path_loopcheck_out": null,
                "bestpath_origin_as_allow_invalid": null,
                "bfd_fast_detect": null,
                "bfd_fast_detect_disable": null,
                "bfd_fast_detect_strict_mode": null,
                "bfd_fast_detect_strict_mode_negotiate": null,
                "bfd_fast_detect_strict_mode_negotiate_override": null,
                "bfd_minimum_interval": null,
                "bfd_multiplier": null,
                "bmp_activate_servers": null,
                "capability_additional_paths_receive": null,
                "capability_additional_paths_receive_disable": null,
                "capability_additional_paths_send": null,
                "capability_additional_paths_send_disable": null,
                "capability_suppress_all": null,
                "capability_suppress_all_inheritance_disable": null,
                "capability_suppress_extended_nexthop_encoding": null,
                "capability_suppress_extended_nexthop_encoding_inheritance_disable": null,
                "capability_suppress_four_byte_as": null,
                "capability_suppress_four_byte_as_inheritance_disable": null,
                "cluster_id_32bit_format": null,
                "cluster_id_ip_format": null,
                "dampening": null,
                "default_policy_action_in": null,
                "default_policy_action_out": null,
                "description": null,
                "dmz_link_bandwidth": null,
                "dmz_link_bandwidth_inheritance_disable": null,
                "dscp": null,
                "ebgp_multihop_maximum_hop_count": null,
                "ebgp_multihop_mpls": null,
                "ebgp_recv_extcommunity_dmz": null,
                "ebgp_recv_extcommunity_dmz_inheritance_disable": null,
                "ebgp_send_extcommunity_dmz": null,
                "ebgp_send_extcommunity_dmz_cumulative": null,
                "ebgp_send_extcommunity_dmz_inheritance_disable": null,
                "egress_engineering": null,
                "egress_engineering_inheritance_disable": null,
                "enforce_first_as": null,
                "fast_fallover": null,
                "fast_fallover_inheritance_disable": null,
                "graceful_maintenance_activate": null,
                "graceful_maintenance_activate_inheritance_disable": null,
                "graceful_maintenance_as_prepends_inheritance_disable": null,
                "graceful_maintenance_as_prepends_number": null,
                "graceful_maintenance_bandwidth_aware_bandwidth_threshold": null,
                "graceful_maintenance_bandwidth_aware_bandwidth_threshold_high": null,
                "graceful_maintenance_bandwidth_aware_inheritance_disable": null,
                "graceful_maintenance_bandwidth_aware_percentage_threshold": null,
                "graceful_maintenance_bandwidth_aware_percentage_threshold_high": null,
                "graceful_maintenance_local_preference": null,
                "graceful_maintenance_local_preference_inheritance_disable": null,
                "graceful_restart": null,
                "graceful_restart_disable": null,
                "graceful_restart_helper_only": null,
                "graceful_restart_helper_only_inheritance_disable": null,
                "graceful_restart_restart_time": null,
                "graceful_restart_stalepath_time": null,
                "idle_watch_time": null,
                "ignore_connected_check": null,
                "ignore_connected_check_inheritance_disable": null,
                "keychain_inheritance_disable": null,
                "keychain_name": null,
                "local_address": null,
                "local_address_inheritance_disable": null,
                "local_address_subnet_mask": null,
                "local_address_subnet_prefix": null,
                "local_as": null,
                "local_as_inheritance_disable": null,
                "local_as_no_prepend": null,
                "local_as_no_prepend_replace_as": null,
                "local_as_no_prepend_replace_as_dual_as": null,
                "log_message_in_disable": null,
                "log_message_in_inheritance_disable": null,
                "log_message_in_size": null,
                "log_message_out_disable": null,
                "log_message_out_inheritance_disable": null,
                "log_message_out_size": null,
                "log_neighbor_changes_detail": null,
                "log_neighbor_changes_disable": null,
                "log_neighbor_changes_inheritance_disable": null,
                "maximum_peers": null,
                "origin_as_validation_disable": null,
                "password": null,
                "password_inheritance_disable": null,
                "peer_node_sid_index": null,
                "peer_sets": null,
                "precedence": null,
                "receive_buffer_size": null,
                "receive_buffer_size_read": null,
                "remote_as": null,
                "remote_as_list": null,
                "send_buffer_size": null,
                "send_buffer_size_write": null,
                "send_extended_community_ebgp": null,
                "send_extended_community_ebgp_inheritance_disable": null,
                "session_open_mode": null,
                "shutdown": null,
                "tcp_ip_only_preferred": null,
                "tcp_ip_only_preferred_inheritance_disable": null,
                "tcp_mss_inheritance_disable": null,
                "tcp_mss_value": null,
                "tcp_mtu_discovery": null,
                "tcp_mtu_discovery_inheritance_disable": null,
                "timers_holddown_zero": null,
                "timers_holddown_zero_minimum_acceptable_holdtime": null,
                "timers_holddown_zero_minimum_acceptable_zero": null,
                "timers_holdtime": null,
                "timers_holdtime_minimum_acceptable_holdtime": null,
                "timers_keepalive_interval": null,
                "ttl_security": null,
                "ttl_security_inheritance_disable": null,
                "update_in_error_handling_avoid_reset": null,
                "update_in_error_handling_treat_as_withdraw": null,
                "update_in_filtering_attribute_filter_group": null,
                "update_in_filtering_logging_disable": null,
                "update_in_filtering_message_buffers": null,
                "update_in_filtering_message_buffers_type": null,
                "update_in_labeled_unicast_equivalent": null,
                "update_in_labeled_unicast_equivalent_inheritance_disable": null,
                "update_source": null,
                "use_neighbor_group": "RR-SERVERS",
                "use_session_group": null
              }
            ],
            "nexthop_mpls_forwarding_ibgp": null,
            "nexthop_resolution_allow_default": null,
            "nexthop_srte_metric_disable": null,
            "nexthop_validation_color_extcomm_disable": null,
            "nexthop_validation_color_extcomm_sr_policy": null,
            "nsr": null,
            "nsr_disable": null,
            "openconfig_rib_telemetry": null,
            "rpki_routes": null,
            "rpki_servers": null,
            "segment_routing_srv6_locator": null,
            "segment_routing_srv6_usid_allocation_wide_local_id_block": null,
            "slow_peer_detection_disable": null,
            "slow_peer_dynamic": null,
            "slow_peer_dynamic_threshold": null,
            "socket_receive_buffer_size": null,
            "socket_receive_buffer_size_read": null,
            "socket_send_buffer_size": null,
            "socket_send_buffer_size_write": null,
            "timers_bgp_holddown_zero": null,
            "timers_bgp_holddown_zero_minimum_acceptable_holdtime": null,
            "timers_bgp_holddown_zero_minimum_acceptable_zero": null,
            "timers_bgp_holdtime": null,
            "timers_bgp_holdtime_minimum_acceptable_holdtime": null,
            "timers_bgp_keepalive_interval": null,
            "update_in_error_handling_basic_ebgp_disable": null,
            "update_in_error_handling_basic_ibgp_disable": null,
            "update_in_error_handling_extended_ebgp": null,
            "update_in_error_handling_extended_ibgp": null,
            "update_limit": null,
            "update_out_logging": null
          },
          "sensitive_attributes": [
            [
              {
                "type": "get_attr",
                "value": "neighbors"
              },
              {
                "type": "index",
                "value": {
                  "value": 0,
                  "type": "number"
                }
              },
              {
                "type": "get_attr",
                "value": "password"
              }
            ],
            [
              {
                "type": "get_attr",
                "value": "neighbors"
              },
              {
                "type": "index",
                "value": {
                  "value": 1,
                  "type": "number"
                }
              },
              {
                "type": "get_attr",
                "value": "password"
              }
            ]
          ],
          "identity_schema_version": 0,
          "private": "eyJpbXBvcnRpbmciOiJNQT09In0=",
          "dependencies": [
            "module.iosxr.iosxr_as_path_set.as_path_set",
            "module.iosxr.iosxr_bmp_server.bmp_server",
            "module.iosxr.iosxr_community_set.community_set",
            "module.iosxr.iosxr_esi_set.esi_set",
            "module.iosxr.iosxr_etag_set.etag_set",
            "module.iosxr.iosxr_extcommunity_bandwidth_set.extcommunity_bandwidth_set",
            "module.iosxr.iosxr_extcommunity_cost_set.extcommunity_cost_set",
            "module.iosxr.iosxr_extcommunity_evpn_link_bandwidth_set.extcommunity_evpn_link_bandwidth_set",
            "module.iosxr.iosxr_extcommunity_opaque_set.extcommunity_opaque_set",
            "module.iosxr.iosxr_extcommunity_rt_set.extcommunity_rt_set",
            "module.iosxr.iosxr_extcommunity_seg_nh_set.extcommunity_seg_nh_set",
            "module.iosxr.iosxr_extcommunity_soo_set.extcommunity_soo_set",
            "module.iosxr.iosxr_ipv4_prefix_list.ipv4_prefix_list",
            "module.iosxr.iosxr_ipv6_prefix_list.ipv6_prefix_list",
            "module.iosxr.iosxr_key_chain.key_chain",
            "module.iosxr.iosxr_large_community_set.large_community_set",
            "module.iosxr.iosxr_mac_set.mac_set",
            "module.iosxr.iosxr_ospf_area_set.ospf_area_set",
            "module.iosxr.iosxr_policy_global_set.policy_global_set",
            "module.iosxr.iosxr_prefix_set.prefix_set",
            "module.iosxr.iosxr_rd_set.rd_set",
            "module.iosxr.iosxr_route_policy.route_policy",
            "module.iosxr.iosxr_tag_set.tag_set"
          ]
        },
        {
          "index_key": "ic-node-4/65000",
          "schema_version": 0,
          "attributes": {
            "as_league_peers": null,
            "as_lists": null,
            "as_number": "65000",
            "attribute_filter_groups": null,
            "bfd_minimum_interval": null,
            "bfd_multiplier": null,
            "bgp_as_path_loopcheck": null,
            "bgp_auto_policy_soft_reset_disable": null,
            "bgp_bestpath_aigp_ignore": null,
            "bgp_bestpath_as_path_ignore": null,
            "bgp_bestpath_as_path_multipath_relax": null,
            "bgp_bestpath_compare_routerid": null,
            "bgp_bestpath_cost_community_ignore": null,
            "bgp_bestpath_igp_metric_ignore": null,
            "bgp_bestpath_igp_metric_sr_policy": null,
            "bgp_bestpath_med_always": null,
            "bgp_bestpath_med_missing_as_worst": null,
            "bgp_bestpath_origin_as_allow_invalid": null,
            "bgp_bestpath_origin_as_use_validity": null,
            "bgp_bestpath_sr_policy_force": null,
            "bgp_bestpath_sr_policy_prefer": null,
            "bgp_cluster_id_32bit_format": null,
            "bgp_cluster_id_ip_format": null,
            "bgp_confederation_identifier": null,
            "bgp_confederation_peers": null,
            "bgp_default_local_preference": null,
            "bgp_enforce_first_as_disable": null,
            "bgp_fast_external_fallover_disable": null,
            "bgp_graceful_restart_enable": null,
            "bgp_graceful_restart_graceful_reset": null,
            "bgp_graceful_restart_purge_time": null,
            "bgp_graceful_restart_restart_time": null,
            "bgp_graceful_restart_retain_nbr_routes_disable": null,
            "bgp_graceful_restart_stalepath_time": null,
            "bgp_install_diversion": null,
            "bgp_log_memory_threshold_critical": null,
            "bgp_log_memory_threshold_warning": null,
            "bgp_log_message_disable": null,
            "bgp_log_neighbor_changes_detail": null,
            "bgp_log_neighbor_changes_disable": null,
            "bgp_log_total_paths": null,
            "bgp_log_total_paths_warn_threshold": null,
            "bgp_lpts_secure_binding": null,
            "bgp_maximum_neighbor": null,
            "bgp_multipath_as_path_ignore_onwards": null,
            "bgp_multipath_use_cluster_list_length": null,
            "bgp_origin_as_validation_signal_ibgp": null,
            "bgp_origin_as_validation_time": null,
            "bgp_origin_as_validation_time_off": null,
            "bgp_read_only": null,
            "bgp_redistribute_internal": null,
            "bgp_router_id": "100.64.60.4",
            "bgp_scan_time": null,
            "bgp_unsafe_ebgp_policy": null,
            "bgp_update_delay": null,
            "bgp_update_delay_always": null,
            "default_information_originate": null,
            "default_metric": null,
            "delete_mode": null,
            "device": "ic-node-4",
            "graceful_maintenance_activate_all_neighbors": null,
            "graceful_maintenance_activate_interfaces": null,
            "graceful_maintenance_activate_locations": null,
            "graceful_maintenance_activate_retain_routes": null,
            "ibgp_policy_out_enforce_modifications": null,
            "id": "Cisco-IOS-XR-um-router-bgp-cfg:/router/bgp/as[as-number=65000]",
            "mpls_activate_interfaces": null,
            "mvpn": null,
            "neighbors": [
              {
                "address": "100.64.60.1",
                "advertisement_interval_milliseconds": null,
                "advertisement_interval_seconds": null,
                "allowas_in": null,
                "ao_inheritance_disable": null,
                "ao_key_chain_accept_mismatch": null,
                "ao_key_chain_include_tcp_options": null,
                "ao_key_chain_name": null,
                "as_override": null,
                "as_path_loopcheck_out": null,
                "bestpath_origin_as_allow_invalid": null,
                "bfd_fast_detect": null,
                "bfd_fast_detect_disable": null,
                "bfd_fast_detect_strict_mode": null,
                "bfd_fast_detect_strict_mode_negotiate": null,
                "bfd_fast_detect_strict_mode_negotiate_override": null,
                "bfd_minimum_interval": null,
                "bfd_multiplier": null,
                "bmp_activate_servers": null,
                "capability_additional_paths_receive": null,
                "capability_additional_paths_receive_disable": null,
                "capability_additional_paths_send": null,
                "capability_additional_paths_send_disable": null,
                "capability_suppress_all": null,
                "capability_suppress_all_inheritance_disable": null,
                "capability_suppress_extended_nexthop_encoding": null,
                "capability_suppress_extended_nexthop_encoding_inheritance_disable": null,
                "capability_suppress_four_byte_as": null,
                "capability_suppress_four_byte_as_inheritance_disable": null,
                "cluster_id_32bit_format": null,
                "cluster_id_ip_format": null,
                "dampening": null,
                "default_policy_action_in": null,
                "default_policy_action_out": null,
                "description": null,
                "dmz_link_bandwidth": null,
                "dmz_link_bandwidth_inheritance_disable": null,
                "dscp": null,
                "ebgp_multihop_maximum_hop_count": null,
                "ebgp_multihop_mpls": null,
                "ebgp_recv_extcommunity_dmz": null,
                "ebgp_recv_extcommunity_dmz_inheritance_disable": null,
                "ebgp_send_extcommunity_dmz": null,
                "ebgp_send_extcommunity_dmz_cumulative": null,
                "ebgp_send_extcommunity_dmz_inheritance_disable": null,
                "egress_engineering": null,
                "egress_engineering_inheritance_disable": null,
                "enforce_first_as": null,
                "fast_fallover": null,
                "fast_fallover_inheritance_disable": null,
                "graceful_maintenance_activate": null,
                "graceful_maintenance_activate_inheritance_disable": null,
                "graceful_maintenance_as_prepends_inheritance_disable": null,
                "graceful_maintenance_as_prepends_number": null,
                "graceful_maintenance_bandwidth_aware_bandwidth_threshold": null,
                "graceful_maintenance_bandwidth_aware_bandwidth_threshold_high": null,
                "graceful_maintenance_bandwidth_aware_inheritance_disable": null,
                "graceful_maintenance_bandwidth_aware_percentage_threshold": null,
                "graceful_maintenance_bandwidth_aware_percentage_threshold_high": null,
                "graceful_maintenance_local_preference": null,
                "graceful_maintenance_local_preference_inheritance_disable": null,
                "graceful_restart": null,
                "graceful_restart_disable": null,
                "graceful_restart_helper_only": null,
                "graceful_restart_helper_only_inheritance_disable": null,
                "graceful_restart_restart_time": null,
                "graceful_restart_stalepath_time": null,
                "idle_watch_time": null,
                "ignore_connected_check": null,
                "ignore_connected_check_inheritance_disable": null,
                "keychain_inheritance_disable": null,
                "keychain_name": null,
                "local_address": null,
                "local_address_inheritance_disable": null,
                "local_address_subnet_mask": null,
                "local_address_subnet_prefix": null,
                "local_as": null,
                "local_as_inheritance_disable": null,
                "local_as_no_prepend": null,
                "local_as_no_prepend_replace_as": null,
                "local_as_no_prepend_replace_as_dual_as": null,
                "log_message_in_disable": null,
                "log_message_in_inheritance_disable": null,
                "log_message_in_size": null,
                "log_message_out_disable": null,
                "log_message_out_inheritance_disable": null,
                "log_message_out_size": null,
                "log_neighbor_changes_detail": null,
                "log_neighbor_changes_disable": null,
                "log_neighbor_changes_inheritance_disable": null,
                "maximum_peers": null,
                "origin_as_validation_disable": null,
                "password": null,
                "password_inheritance_disable": null,
                "peer_node_sid_index": null,
                "peer_sets": null,
                "precedence": null,
                "receive_buffer_size": null,
                "receive_buffer_size_read": null,
                "remote_as": null,
                "remote_as_list": null,
                "send_buffer_size": null,
                "send_buffer_size_write": null,
                "send_extended_community_ebgp": null,
                "send_extended_community_ebgp_inheritance_disable": null,
                "session_open_mode": null,
                "shutdown": null,
                "tcp_ip_only_preferred": null,
                "tcp_ip_only_preferred_inheritance_disable": null,
                "tcp_mss_inheritance_disable": null,
                "tcp_mss_value": null,
                "tcp_mtu_discovery": null,
                "tcp_mtu_discovery_inheritance_disable": null,
                "timers_holddown_zero": null,
                "timers_holddown_zero_minimum_acceptable_holdtime": null,
                "timers_holddown_zero_minimum_acceptable_zero": null,
                "timers_holdtime": null,
                "timers_holdtime_minimum_acceptable_holdtime": null,
                "timers_keepalive_interval": null,
                "ttl_security": null,
                "ttl_security_inheritance_disable": null,
                "update_in_error_handling_avoid_reset": null,
                "update_in_error_handling_treat_as_withdraw": null,
                "update_in_filtering_attribute_filter_group": null,
                "update_in_filtering_logging_disable": null,
                "update_in_filtering_message_buffers": null,
                "update_in_filtering_message_buffers_type": null,
                "update_in_labeled_unicast_equivalent": null,
                "update_in_labeled_unicast_equivalent_inheritance_disable": null,
                "update_source": null,
                "use_neighbor_group": "RR-SERVERS",
                "use_session_group": null
              },
              {
                "address": "100.64.60.2",
                "advertisement_interval_milliseconds": null,
                "advertisement_interval_seconds": null,
                "allowas_in": null,
                "ao_inheritance_disable": null,
                "ao_key_chain_accept_mismatch": null,
                "ao_key_chain_include_tcp_options": null,
                "ao_key_chain_name": null,
                "as_override": null,
                "as_path_loopcheck_out": null,
                "bestpath_origin_as_allow_invalid": null,
                "bfd_fast_detect": null,
                "bfd_fast_detect_disable": null,
                "bfd_fast_detect_strict_mode": null,
                "bfd_fast_detect_strict_mode_negotiate": null,
                "bfd_fast_detect_strict_mode_negotiate_override": null,
                "bfd_minimum_interval": null,
                "bfd_multiplier": null,
                "bmp_activate_servers": null,
                "capability_additional_paths_receive": null,
                "capability_additional_paths_receive_disable": null,
                "capability_additional_paths_send": null,
                "capability_additional_paths_send_disable": null,
                "capability_suppress_all": null,
                "capability_suppress_all_inheritance_disable": null,
                "capability_suppress_extended_nexthop_encoding": null,
                "capability_suppress_extended_nexthop_encoding_inheritance_disable": null,
                "capability_suppress_four_byte_as": null,
                "capability_suppress_four_byte_as_inheritance_disable": null,
                "cluster_id_32bit_format": null,
                "cluster_id_ip_format": null,
                "dampening": null,
                "default_policy_action_in": null,
                "default_policy_action_out": null,
                "description": null,
                "dmz_link_bandwidth": null,
                "dmz_link_bandwidth_inheritance_disable": null,
                "dscp": null,
                "ebgp_multihop_maximum_hop_count": null,
                "ebgp_multihop_mpls": null,
                "ebgp_recv_extcommunity_dmz": null,
                "ebgp_recv_extcommunity_dmz_inheritance_disable": null,
                "ebgp_send_extcommunity_dmz": null,
                "ebgp_send_extcommunity_dmz_cumulative": null,
                "ebgp_send_extcommunity_dmz_inheritance_disable": null,
                "egress_engineering": null,
                "egress_engineering_inheritance_disable": null,
                "enforce_first_as": null,
                "fast_fallover": null,
                "fast_fallover_inheritance_disable": null,
                "graceful_maintenance_activate": null,
                "graceful_maintenance_activate_inheritance_disable": null,
                "graceful_maintenance_as_prepends_inheritance_disable": null,
                "graceful_maintenance_as_prepends_number": null,
                "graceful_maintenance_bandwidth_aware_bandwidth_threshold": null,
                "graceful_maintenance_bandwidth_aware_bandwidth_threshold_high": null,
                "graceful_maintenance_bandwidth_aware_inheritance_disable": null,
                "graceful_maintenance_bandwidth_aware_percentage_threshold": null,
                "graceful_maintenance_bandwidth_aware_percentage_threshold_high": null,
                "graceful_maintenance_local_preference": null,
                "graceful_maintenance_local_preference_inheritance_disable": null,
                "graceful_restart": null,
                "graceful_restart_disable": null,
                "graceful_restart_helper_only": null,
                "graceful_restart_helper_only_inheritance_disable": null,
                "graceful_restart_restart_time": null,
                "graceful_restart_stalepath_time": null,
                "idle_watch_time": null,
                "ignore_connected_check": null,
                "ignore_connected_check_inheritance_disable": null,
                "keychain_inheritance_disable": null,
                "keychain_name": null,
                "local_address": null,
                "local_address_inheritance_disable": null,
                "local_address_subnet_mask": null,
                "local_address_subnet_prefix": null,
                "local_as": null,
                "local_as_inheritance_disable": null,
                "local_as_no_prepend": null,
                "local_as_no_prepend_replace_as": null,
                "local_as_no_prepend_replace_as_dual_as": null,
                "log_message_in_disable": null,
                "log_message_in_inheritance_disable": null,
                "log_message_in_size": null,
                "log_message_out_disable": null,
                "log_message_out_inheritance_disable": null,
                "log_message_out_size": null,
                "log_neighbor_changes_detail": null,
                "log_neighbor_changes_disable": null,
                "log_neighbor_changes_inheritance_disable": null,
                "maximum_peers": null,
                "origin_as_validation_disable": null,
                "password": null,
                "password_inheritance_disable": null,
                "peer_node_sid_index": null,
                "peer_sets": null,
                "precedence": null,
                "receive_buffer_size": null,
                "receive_buffer_size_read": null,
                "remote_as": null,
                "remote_as_list": null,
                "send_buffer_size": null,
                "send_buffer_size_write": null,
                "send_extended_community_ebgp": null,
                "send_extended_community_ebgp_inheritance_disable": null,
                "session_open_mode": null,
                "shutdown": null,
                "tcp_ip_only_preferred": null,
                "tcp_ip_only_preferred_inheritance_disable": null,
                "tcp_mss_inheritance_disable": null,
                "tcp_mss_value": null,
                "tcp_mtu_discovery": null,
                "tcp_mtu_discovery_inheritance_disable": null,
                "timers_holddown_zero": null,
                "timers_holddown_zero_minimum_acceptable_holdtime": null,
                "timers_holddown_zero_minimum_acceptable_zero": null,
                "timers_holdtime": null,
                "timers_holdtime_minimum_acceptable_holdtime": null,
                "timers_keepalive_interval": null,
                "ttl_security": null,
                "ttl_security_inheritance_disable": null,
                "update_in_error_handling_avoid_reset": null,
                "update_in_error_handling_treat_as_withdraw": null,
                "update_in_filtering_attribute_filter_group": null,
                "update_in_filtering_logging_disable": null,
                "update_in_filtering_message_buffers": null,
                "update_in_filtering_message_buffers_type": null,
                "update_in_labeled_unicast_equivalent": null,
                "update_in_labeled_unicast_equivalent_inheritance_disable": null,
                "update_source": null,
                "use_neighbor_group": "RR-SERVERS",
                "use_session_group": null
              }
            ],
            "nexthop_mpls_forwarding_ibgp": null,
            "nexthop_resolution_allow_default": null,
            "nexthop_srte_metric_disable": null,
            "nexthop_validation_color_extcomm_disable": null,
            "nexthop_validation_color_extcomm_sr_policy": null,
            "nsr": null,
            "nsr_disable": null,
            "openconfig_rib_telemetry": null,
            "rpki_routes": null,
            "rpki_servers": null,
            "segment_routing_srv6_locator": null,
            "segment_routing_srv6_usid_allocation_wide_local_id_block": null,
            "slow_peer_detection_disable": null,
            "slow_peer_dynamic": null,
            "slow_peer_dynamic_threshold": null,
            "socket_receive_buffer_size": null,
            "socket_receive_buffer_size_read": null,
            "socket_send_buffer_size": null,
            "socket_send_buffer_size_write": null,
            "timers_bgp_holddown_zero": null,
            "timers_bgp_holddown_zero_minimum_acceptable_holdtime": null,
            "timers_bgp_holddown_zero_minimum_acceptable_zero": null,
            "timers_bgp_holdtime": null,
            "timers_bgp_holdtime_minimum_acceptable_holdtime": null,
            "timers_bgp_keepalive_interval": null,
            "update_in_error_handling_basic_ebgp_disable": null,
            "update_in_error_handling_basic_ibgp_disable": null,
            "update_in_error_handling_extended_ebgp": null,
            "update_in_error_handling_extended_ibgp": null,
            "update_limit": null,
            "update_out_logging": null
          },
          "sensitive_attributes": [
            [
              {
                "type": "get_attr",
                "value": "neighbors"
              },
              {
                "type": "index",
                "value": {
                  "value": 0,
                  "type": "number"
                }
              },
              {
                "type": "get_attr",
                "value": "password"
              }
            ],
            [
              {
                "type": "get_attr",
                "value": "neighbors"
              },
              {
                "type": "index",
                "value": {
                  "value": 1,
                  "type": "number"
                }
              },
              {
                "type": "get_attr",
                "value": "password"
              }
            ]
          ],
          "identity_schema_version": 0,
          "private": "eyJpbXBvcnRpbmciOiJNQT09In0=",
          "dependencies": [
            "module.iosxr.iosxr_as_path_set.as_path_set",
            "module.iosxr.iosxr_bmp_server.bmp_server",
            "module.iosxr.iosxr_community_set.community_set",
            "module.iosxr.iosxr_esi_set.esi_set",
            "module.iosxr.iosxr_etag_set.etag_set",
            "module.iosxr.iosxr_extcommunity_bandwidth_set.extcommunity_bandwidth_set",
            "module.iosxr.iosxr_extcommunity_cost_set.extcommunity_cost_set",
            "module.iosxr.iosxr_extcommunity_evpn_link_bandwidth_set.extcommunity_evpn_link_bandwidth_set",
            "module.iosxr.iosxr_extcommunity_opaque_set.extcommunity_opaque_set",
            "module.iosxr.iosxr_extcommunity_rt_set.extcommunity_rt_set",
            "module.iosxr.iosxr_extcommunity_seg_nh_set.extcommunity_seg_nh_set",
            "module.iosxr.iosxr_extcommunity_soo_set.extcommunity_soo_set",
            "module.iosxr.iosxr_ipv4_prefix_list.ipv4_prefix_list",
            "module.iosxr.iosxr_ipv6_prefix_list.ipv6_prefix_list",
            "module.iosxr.iosxr_key_chain.key_chain",
            "module.iosxr.iosxr_large_community_set.large_community_set",
            "module.iosxr.iosxr_mac_set.mac_set",
            "module.iosxr.iosxr_ospf_area_set.ospf_area_set",
            "module.iosxr.iosxr_policy_global_set.policy_global_set",
            "module.iosxr.iosxr_prefix_set.prefix_set",
            "module.iosxr.iosxr_rd_set.rd_set",
            "module.iosxr.iosxr_route_policy.route_policy",
            "module.iosxr.iosxr_tag_set.tag_set"
          ]
        }
      ]
    },
    {
      "module": "module.iosxr",
      "mode": "managed",
      "type": "iosxr_router_bgp_address_family",
      "name": "l2vpn_evpn",
      "provider": "module.iosxr.provider[\"registry.terraform.io/ciscodevnet/iosxr\"]",
      "instances": [
        {
          "index_key": "ic-node-1/65000/l2vpn-evpn",
          "schema_version": 0,
          "attributes": {
            "additional_paths_advertise_limit": null,
            "additional_paths_receive": null,
            "additional_paths_selection_disable": null,
            "additional_paths_selection_route_policy": null,
            "additional_paths_send": null,
            "advertise_best_external": null,
            "advertise_best_external_disable": null,
            "advertise_best_external_labeled_unicast": null,
            "advertise_epe_bgp_labeled_unicast": null,
            "advertise_local_labeled_route_safi_unicast": null,
            "af_name": "l2vpn-evpn",
            "aggregate_addresses": null,
            "allocate_label_all": null,
            "allocate_label_all_unlabeled_path": null,
            "allocate_label_route_policy": null,
            "allocate_label_route_policy_unlabeled_path": null,
            "as_number": "65000",
            "as_path_loopcheck_out_disable": null,
            "bgp_attribute_download": null,
            "bgp_bestpath_origin_as_allow_invalid": null,
            "bgp_bestpath_origin_as_use_validity": null,
            "bgp_client_to_client_reflection_cluster_ids_32bit_format": null,
            "bgp_client_to_client_reflection_cluster_ids_ip_format": null,
            "bgp_client_to_client_reflection_disable": null,
            "bgp_dampening_decay_half_life": null,
            "bgp_dampening_max_suppress_time": null,
            "bgp_dampening_reuse_threshold": null,
            "bgp_dampening_route_policy": null,
            "bgp_dampening_suppress_threshold": null,
            "bgp_import_delay_milliseconds": null,
            "bgp_import_delay_seconds": null,
            "bgp_label_delay_milliseconds": null,
            "bgp_label_delay_seconds": null,
            "bgp_origin_as_validation_enable": null,
            "bgp_origin_as_validation_signal_ibgp": null,
            "bgp_scan_time": null,
            "default_martian_check_disable": null,
            "delete_mode": null,
            "device": "ic-node-1",
            "distance_bgp_external_route": null,
            "distance_bgp_internal_route": null,
            "distance_bgp_local_route": null,
            "domain_distinguisher_as": null,
            "domain_distinguisher_router_id": null,
            "dynamic_med_interval": null,
            "epe_backup_enable": null,
            "event_prefix_route_policy": null,
            "export_to_vrf_allow_backup": null,
            "export_to_vrf_allow_best_external": null,
            "global_table_multicast": null,
            "id": "Cisco-IOS-XR-um-router-bgp-cfg:/router/bgp/as[as-number=65000]/address-families/address-family[af-name=l2vpn-evpn]",
            "import_from_bridge_domain": null,
            "inter_as_install": null,
            "label_mode_per_ce": null,
            "label_mode_per_nexthop_received_label": null,
            "label_mode_per_nexthop_received_label_allocate_secondary_label": null,
            "label_mode_per_prefix": null,
            "label_mode_per_vrf": null,
            "label_mode_per_vrf_46": null,
            "label_mode_route_policy": null,
            "label_security_asbr_rpf": null,
            "maximum_paths_ebgp_multipath": null,
            "maximum_paths_ebgp_route_policy": null,
            "maximum_paths_ebgp_selective": null,
            "maximum_paths_eibgp_equal_cost": null,
            "maximum_paths_eibgp_multipath": null,
            "maximum_paths_eibgp_route_policy": null,
            "maximum_paths_eibgp_selective": null,
            "maximum_paths_ibgp_multipath": null,
            "maximum_paths_ibgp_route_policy": null,
            "maximum_paths_ibgp_selective": null,
            "maximum_paths_ibgp_unequal_cost": null,
            "maximum_paths_ibgp_unequal_cost_deterministic": null,
            "maximum_paths_unique_nexthop_check_disable": null,
            "networks": null,
            "nexthop_resolution_prefix_length_minimum_ipv4": null,
            "nexthop_resolution_prefix_length_minimum_ipv6": null,
            "nexthop_route_policy": null,
            "nexthop_trigger_delay_critical": null,
            "nexthop_trigger_delay_non_critical": null,
            "peer_set_ids": null,
            "permanent_network_route_policy": null,
            "prefix_ecmp_delay": null,
            "prefix_ecmp_delay_oor_threshold": null,
            "redistribute_connected": null,
            "redistribute_connected_metric": null,
            "redistribute_connected_multipath": null,
            "redistribute_connected_route_policy": null,
            "redistribute_eigrp": null,
            "redistribute_isis": null,
            "redistribute_ospf": null,
            "redistribute_ospfv3": null,
            "redistribute_rip": null,
            "redistribute_rip_metric": null,
            "redistribute_rip_multipath": null,
            "redistribute_rip_route_policy": null,
            "redistribute_static": null,
            "redistribute_static_metric": null,
            "redistribute_static_multipath": null,
            "redistribute_static_route_policy": null,
            "retain_local_label": null,
            "retain_route_target_all": null,
            "retain_route_target_route_policy": null,
            "rnh_install_extcomm": null,
            "rnh_install_extcomm_only": null,
            "segment_routing_prefix_sid_map": null,
            "segment_routing_srv6_alloc_mode_per_ce": null,
            "segment_routing_srv6_alloc_mode_per_vrf": null,
            "segment_routing_srv6_alloc_mode_per_vrf_46": null,
            "segment_routing_srv6_alloc_mode_route_policy": null,
            "segment_routing_srv6_locator": null,
            "segment_routing_srv6_usid_allocation_wide_local_id_block": null,
            "segmented_multicast": null,
            "table_policy": null,
            "update_limit_address_family": null,
            "update_limit_sub_group_ebgp": null,
            "update_limit_sub_group_ibgp": null,
            "update_wait_install": null,
            "update_wait_install_delay_startup": null,
            "vrf_all_label_mode_per_ce": null,
            "vrf_all_label_mode_per_vrf": null,
            "vrf_all_label_mode_per_vrf_46": null,
            "vrf_all_label_mode_route_policy": null,
            "vrf_all_rnh_install_extcomm": null,
            "vrf_all_rnh_install_extcomm_only": null,
            "vrf_all_segment_routing_srv6_alloc_mode_per_ce": null,
            "vrf_all_segment_routing_srv6_alloc_mode_per_vrf": null,
            "vrf_all_segment_routing_srv6_alloc_mode_per_vrf_46": null,
            "vrf_all_segment_routing_srv6_locator": null,
            "vrf_all_segment_routing_srv6_usid_allocation_wide_local_id_block": null,
            "vrf_all_source_rt_import_policy": null,
            "vrf_all_table_policy": null,
            "weight_reset_on_import": null
          },
          "sensitive_attributes": [],
          "identity_schema_version": 0,
          "private": "eyJpbXBvcnRpbmciOiJNQT09In0=",
          "dependencies": [
            "module.iosxr.iosxr_as_path_set.as_path_set",
            "module.iosxr.iosxr_bmp_server.bmp_server",
            "module.iosxr.iosxr_community_set.community_set",
            "module.iosxr.iosxr_esi_set.esi_set",
            "module.iosxr.iosxr_etag_set.etag_set",
            "module.iosxr.iosxr_extcommunity_bandwidth_set.extcommunity_bandwidth_set",
            "module.iosxr.iosxr_extcommunity_cost_set.extcommunity_cost_set",
            "module.iosxr.iosxr_extcommunity_evpn_link_bandwidth_set.extcommunity_evpn_link_bandwidth_set",
            "module.iosxr.iosxr_extcommunity_opaque_set.extcommunity_opaque_set",
            "module.iosxr.iosxr_extcommunity_rt_set.extcommunity_rt_set",
            "module.iosxr.iosxr_extcommunity_seg_nh_set.extcommunity_seg_nh_set",
            "module.iosxr.iosxr_extcommunity_soo_set.extcommunity_soo_set",
            "module.iosxr.iosxr_ipv4_prefix_list.ipv4_prefix_list",
            "module.iosxr.iosxr_ipv6_prefix_list.ipv6_prefix_list",
            "module.iosxr.iosxr_key_chain.key_chain",
            "module.iosxr.iosxr_large_community_set.large_community_set",
            "module.iosxr.iosxr_mac_set.mac_set",
            "module.iosxr.iosxr_ospf_area_set.ospf_area_set",
            "module.iosxr.iosxr_policy_global_set.policy_global_set",
            "module.iosxr.iosxr_prefix_set.prefix_set",
            "module.iosxr.iosxr_rd_set.rd_set",
            "module.iosxr.iosxr_route_policy.route_policy",
            "module.iosxr.iosxr_router_bgp.router_bgp",
            "module.iosxr.iosxr_tag_set.tag_set"
          ]
        },
        {
          "index_key": "ic-node-2/65000/l2vpn-evpn",
          "schema_version": 0,
          "attributes": {
            "additional_paths_advertise_limit": null,
            "additional_paths_receive": null,
            "additional_paths_selection_disable": null,
            "additional_paths_selection_route_policy": null,
            "additional_paths_send": null,
            "advertise_best_external": null,
            "advertise_best_external_disable": null,
            "advertise_best_external_labeled_unicast": null,
            "advertise_epe_bgp_labeled_unicast": null,
            "advertise_local_labeled_route_safi_unicast": null,
            "af_name": "l2vpn-evpn",
            "aggregate_addresses": null,
            "allocate_label_all": null,
            "allocate_label_all_unlabeled_path": null,
            "allocate_label_route_policy": null,
            "allocate_label_route_policy_unlabeled_path": null,
            "as_number": "65000",
            "as_path_loopcheck_out_disable": null,
            "bgp_attribute_download": null,
            "bgp_bestpath_origin_as_allow_invalid": null,
            "bgp_bestpath_origin_as_use_validity": null,
            "bgp_client_to_client_reflection_cluster_ids_32bit_format": null,
            "bgp_client_to_client_reflection_cluster_ids_ip_format": null,
            "bgp_client_to_client_reflection_disable": null,
            "bgp_dampening_decay_half_life": null,
            "bgp_dampening_max_suppress_time": null,
            "bgp_dampening_reuse_threshold": null,
            "bgp_dampening_route_policy": null,
            "bgp_dampening_suppress_threshold": null,
            "bgp_import_delay_milliseconds": null,
            "bgp_import_delay_seconds": null,
            "bgp_label_delay_milliseconds": null,
            "bgp_label_delay_seconds": null,
            "bgp_origin_as_validation_enable": null,
            "bgp_origin_as_validation_signal_ibgp": null,
            "bgp_scan_time": null,
            "default_martian_check_disable": null,
            "delete_mode": null,
            "device": "ic-node-2",
            "distance_bgp_external_route": null,
            "distance_bgp_internal_route": null,
            "distance_bgp_local_route": null,
            "domain_distinguisher_as": null,
            "domain_distinguisher_router_id": null,
            "dynamic_med_interval": null,
            "epe_backup_enable": null,
            "event_prefix_route_policy": null,
            "export_to_vrf_allow_backup": null,
            "export_to_vrf_allow_best_external": null,
            "global_table_multicast": null,
            "id": "Cisco-IOS-XR-um-router-bgp-cfg:/router/bgp/as[as-number=65000]/address-families/address-family[af-name=l2vpn-evpn]",
            "import_from_bridge_domain": null,
            "inter_as_install": null,
            "label_mode_per_ce": null,
            "label_mode_per_nexthop_received_label": null,
            "label_mode_per_nexthop_received_label_allocate_secondary_label": null,
            "label_mode_per_prefix": null,
            "label_mode_per_vrf": null,
            "label_mode_per_vrf_46": null,
            "label_mode_route_policy": null,
            "label_security_asbr_rpf": null,
            "maximum_paths_ebgp_multipath": null,
            "maximum_paths_ebgp_route_policy": null,
            "maximum_paths_ebgp_selective": null,
            "maximum_paths_eibgp_equal_cost": null,
            "maximum_paths_eibgp_multipath": null,
            "maximum_paths_eibgp_route_policy": null,
            "maximum_paths_eibgp_selective": null,
            "maximum_paths_ibgp_multipath": null,
            "maximum_paths_ibgp_route_policy": null,
            "maximum_paths_ibgp_selective": null,
            "maximum_paths_ibgp_unequal_cost": null,
            "maximum_paths_ibgp_unequal_cost_deterministic": null,
            "maximum_paths_unique_nexthop_check_disable": null,
            "networks": null,
            "nexthop_resolution_prefix_length_minimum_ipv4": null,
            "nexthop_resolution_prefix_length_minimum_ipv6": null,
            "nexthop_route_policy": null,
            "nexthop_trigger_delay_critical": null,
            "nexthop_trigger_delay_non_critical": null,
            "peer_set_ids": null,
            "permanent_network_route_policy": null,
            "prefix_ecmp_delay": null,
            "prefix_ecmp_delay_oor_threshold": null,
            "redistribute_connected": null,
            "redistribute_connected_metric": null,
            "redistribute_connected_multipath": null,
            "redistribute_connected_route_policy": null,
            "redistribute_eigrp": null,
            "redistribute_isis": null,
            "redistribute_ospf": null,
            "redistribute_ospfv3": null,
            "redistribute_rip": null,
            "redistribute_rip_metric": null,
            "redistribute_rip_multipath": null,
            "redistribute_rip_route_policy": null,
            "redistribute_static": null,
            "redistribute_static_metric": null,
            "redistribute_static_multipath": null,
            "redistribute_static_route_policy": null,
            "retain_local_label": null,
            "retain_route_target_all": null,
            "retain_route_target_route_policy": null,
            "rnh_install_extcomm": null,
            "rnh_install_extcomm_only": null,
            "segment_routing_prefix_sid_map": null,
            "segment_routing_srv6_alloc_mode_per_ce": null,
            "segment_routing_srv6_alloc_mode_per_vrf": null,
            "segment_routing_srv6_alloc_mode_per_vrf_46": null,
            "segment_routing_srv6_alloc_mode_route_policy": null,
            "segment_routing_srv6_locator": null,
            "segment_routing_srv6_usid_allocation_wide_local_id_block": null,
            "segmented_multicast": null,
            "table_policy": null,
            "update_limit_address_family": null,
            "update_limit_sub_group_ebgp": null,
            "update_limit_sub_group_ibgp": null,
            "update_wait_install": null,
            "update_wait_install_delay_startup": null,
            "vrf_all_label_mode_per_ce": null,
            "vrf_all_label_mode_per_vrf": null,
            "vrf_all_label_mode_per_vrf_46": null,
            "vrf_all_label_mode_route_policy": null,
            "vrf_all_rnh_install_extcomm": null,
            "vrf_all_rnh_install_extcomm_only": null,
            "vrf_all_segment_routing_srv6_alloc_mode_per_ce": null,
            "vrf_all_segment_routing_srv6_alloc_mode_per_vrf": null,
            "vrf_all_segment_routing_srv6_alloc_mode_per_vrf_46": null,
            "vrf_all_segment_routing_srv6_locator": null,
            "vrf_all_segment_routing_srv6_usid_allocation_wide_local_id_block": null,
            "vrf_all_source_rt_import_policy": null,
            "vrf_all_table_policy": null,
            "weight_reset_on_import": null
          },
          "sensitive_attributes": [],
          "identity_schema_version": 0,
          "private": "eyJpbXBvcnRpbmciOiJNQT09In0=",
          "dependencies": [
            "module.iosxr.iosxr_as_path_set.as_path_set",
            "module.iosxr.iosxr_bmp_server.bmp_server",
            "module.iosxr.iosxr_community_set.community_set",
            "module.iosxr.iosxr_esi_set.esi_set",
            "module.iosxr.iosxr_etag_set.etag_set",
            "module.iosxr.iosxr_extcommunity_bandwidth_set.extcommunity_bandwidth_set",
            "module.iosxr.iosxr_extcommunity_cost_set.extcommunity_cost_set",
            "module.iosxr.iosxr_extcommunity_evpn_link_bandwidth_set.extcommunity_evpn_link_bandwidth_set",
            "module.iosxr.iosxr_extcommunity_opaque_set.extcommunity_opaque_set",
            "module.iosxr.iosxr_extcommunity_rt_set.extcommunity_rt_set",
            "module.iosxr.iosxr_extcommunity_seg_nh_set.extcommunity_seg_nh_set",
            "module.iosxr.iosxr_extcommunity_soo_set.extcommunity_soo_set",
            "module.iosxr.iosxr_ipv4_prefix_list.ipv4_prefix_list",
            "module.iosxr.iosxr_ipv6_prefix_list.ipv6_prefix_list",
            "module.iosxr.iosxr_key_chain.key_chain",
            "module.iosxr.iosxr_large_community_set.large_community_set",
            "module.iosxr.iosxr_mac_set.mac_set",
            "module.iosxr.iosxr_ospf_area_set.ospf_area_set",
            "module.iosxr.iosxr_policy_global_set.policy_global_set",
            "module.iosxr.iosxr_prefix_set.prefix_set",
            "module.iosxr.iosxr_rd_set.rd_set",
            "module.iosxr.iosxr_route_policy.route_policy",
            "module.iosxr.iosxr_router_bgp.router_bgp",
            "module.iosxr.iosxr_tag_set.tag_set"
          ]
        },
        {
          "index_key": "ic-node-3/65000/l2vpn-evpn",
          "schema_version": 0,
          "attributes": {
            "additional_paths_advertise_limit": null,
            "additional_paths_receive": null,
            "additional_paths_selection_disable": null,
            "additional_paths_selection_route_policy": null,
            "additional_paths_send": null,
            "advertise_best_external": null,
            "advertise_best_external_disable": null,
            "advertise_best_external_labeled_unicast": null,
            "advertise_epe_bgp_labeled_unicast": null,
            "advertise_local_labeled_route_safi_unicast": null,
            "af_name": "l2vpn-evpn",
            "aggregate_addresses": null,
            "allocate_label_all": null,
            "allocate_label_all_unlabeled_path": null,
            "allocate_label_route_policy": null,
            "allocate_label_route_policy_unlabeled_path": null,
            "as_number": "65000",
            "as_path_loopcheck_out_disable": null,
            "bgp_attribute_download": null,
            "bgp_bestpath_origin_as_allow_invalid": null,
            "bgp_bestpath_origin_as_use_validity": null,
            "bgp_client_to_client_reflection_cluster_ids_32bit_format": null,
            "bgp_client_to_client_reflection_cluster_ids_ip_format": null,
            "bgp_client_to_client_reflection_disable": null,
            "bgp_dampening_decay_half_life": null,
            "bgp_dampening_max_suppress_time": null,
            "bgp_dampening_reuse_threshold": null,
            "bgp_dampening_route_policy": null,
            "bgp_dampening_suppress_threshold": null,
            "bgp_import_delay_milliseconds": null,
            "bgp_import_delay_seconds": null,
            "bgp_label_delay_milliseconds": null,
            "bgp_label_delay_seconds": null,
            "bgp_origin_as_validation_enable": null,
            "bgp_origin_as_validation_signal_ibgp": null,
            "bgp_scan_time": null,
            "default_martian_check_disable": null,
            "delete_mode": null,
            "device": "ic-node-3",
            "distance_bgp_external_route": null,
            "distance_bgp_internal_route": null,
            "distance_bgp_local_route": null,
            "domain_distinguisher_as": null,
            "domain_distinguisher_router_id": null,
            "dynamic_med_interval": null,
            "epe_backup_enable": null,
            "event_prefix_route_policy": null,
            "export_to_vrf_allow_backup": null,
            "export_to_vrf_allow_best_external": null,
            "global_table_multicast": null,
            "id": "Cisco-IOS-XR-um-router-bgp-cfg:/router/bgp/as[as-number=65000]/address-families/address-family[af-name=l2vpn-evpn]",
            "import_from_bridge_domain": null,
            "inter_as_install": null,
            "label_mode_per_ce": null,
            "label_mode_per_nexthop_received_label": null,
            "label_mode_per_nexthop_received_label_allocate_secondary_label": null,
            "label_mode_per_prefix": null,
            "label_mode_per_vrf": null,
            "label_mode_per_vrf_46": null,
            "label_mode_route_policy": null,
            "label_security_asbr_rpf": null,
            "maximum_paths_ebgp_multipath": null,
            "maximum_paths_ebgp_route_policy": null,
            "maximum_paths_ebgp_selective": null,
            "maximum_paths_eibgp_equal_cost": null,
            "maximum_paths_eibgp_multipath": null,
            "maximum_paths_eibgp_route_policy": null,
            "maximum_paths_eibgp_selective": null,
            "maximum_paths_ibgp_multipath": null,
            "maximum_paths_ibgp_route_policy": null,
            "maximum_paths_ibgp_selective": null,
            "maximum_paths_ibgp_unequal_cost": null,
            "maximum_paths_ibgp_unequal_cost_deterministic": null,
            "maximum_paths_unique_nexthop_check_disable": null,
            "networks": null,
            "nexthop_resolution_prefix_length_minimum_ipv4": null,
            "nexthop_resolution_prefix_length_minimum_ipv6": null,
            "nexthop_route_policy": null,
            "nexthop_trigger_delay_critical": null,
            "nexthop_trigger_delay_non_critical": null,
            "peer_set_ids": null,
            "permanent_network_route_policy": null,
            "prefix_ecmp_delay": null,
            "prefix_ecmp_delay_oor_threshold": null,
            "redistribute_connected": null,
            "redistribute_connected_metric": null,
            "redistribute_connected_multipath": null,
            "redistribute_connected_route_policy": null,
            "redistribute_eigrp": null,
            "redistribute_isis": null,
            "redistribute_ospf": null,
            "redistribute_ospfv3": null,
            "redistribute_rip": null,
            "redistribute_rip_metric": null,
            "redistribute_rip_multipath": null,
            "redistribute_rip_route_policy": null,
            "redistribute_static": null,
            "redistribute_static_metric": null,
            "redistribute_static_multipath": null,
            "redistribute_static_route_policy": null,
            "retain_local_label": null,
            "retain_route_target_all": null,
            "retain_route_target_route_policy": null,
            "rnh_install_extcomm": null,
            "rnh_install_extcomm_only": null,
            "segment_routing_prefix_sid_map": null,
            "segment_routing_srv6_alloc_mode_per_ce": null,
            "segment_routing_srv6_alloc_mode_per_vrf": null,
            "segment_routing_srv6_alloc_mode_per_vrf_46": null,
            "segment_routing_srv6_alloc_mode_route_policy": null,
            "segment_routing_srv6_locator": null,
            "segment_routing_srv6_usid_allocation_wide_local_id_block": null,
            "segmented_multicast": null,
            "table_policy": null,
            "update_limit_address_family": null,
            "update_limit_sub_group_ebgp": null,
            "update_limit_sub_group_ibgp": null,
            "update_wait_install": null,
            "update_wait_install_delay_startup": null,
            "vrf_all_label_mode_per_ce": null,
            "vrf_all_label_mode_per_vrf": null,
            "vrf_all_label_mode_per_vrf_46": null,
            "vrf_all_label_mode_route_policy": null,
            "vrf_all_rnh_install_extcomm": null,
            "vrf_all_rnh_install_extcomm_only": null,
            "vrf_all_segment_routing_srv6_alloc_mode_per_ce": null,
            "vrf_all_segment_routing_srv6_alloc_mode_per_vrf": null,
            "vrf_all_segment_routing_srv6_alloc_mode_per_vrf_46": null,
            "vrf_all_segment_routing_srv6_locator": null,
            "vrf_all_segment_routing_srv6_usid_allocation_wide_local_id_block": null,
            "vrf_all_source_rt_import_policy": null,
            "vrf_all_table_policy": null,
            "weight_reset_on_import": null
          },
          "sensitive_attributes": [],
          "identity_schema_version": 0,
          "private": "eyJpbXBvcnRpbmciOiJNQT09In0=",
          "dependencies": [
            "module.iosxr.iosxr_as_path_set.as_path_set",
            "module.iosxr.iosxr_bmp_server.bmp_server",
            "module.iosxr.iosxr_community_set.community_set",
            "module.iosxr.iosxr_esi_set.esi_set",
            "module.iosxr.iosxr_etag_set.etag_set",
            "module.iosxr.iosxr_extcommunity_bandwidth_set.extcommunity_bandwidth_set",
            "module.iosxr.iosxr_extcommunity_cost_set.extcommunity_cost_set",
            "module.iosxr.iosxr_extcommunity_evpn_link_bandwidth_set.extcommunity_evpn_link_bandwidth_set",
            "module.iosxr.iosxr_extcommunity_opaque_set.extcommunity_opaque_set",
            "module.iosxr.iosxr_extcommunity_rt_set.extcommunity_rt_set",
            "module.iosxr.iosxr_extcommunity_seg_nh_set.extcommunity_seg_nh_set",
            "module.iosxr.iosxr_extcommunity_soo_set.extcommunity_soo_set",
            "module.iosxr.iosxr_ipv4_prefix_list.ipv4_prefix_list",
            "module.iosxr.iosxr_ipv6_prefix_list.ipv6_prefix_list",
            "module.iosxr.iosxr_key_chain.key_chain",
            "module.iosxr.iosxr_large_community_set.large_community_set",
            "module.iosxr.iosxr_mac_set.mac_set",
            "module.iosxr.iosxr_ospf_area_set.ospf_area_set",
            "module.iosxr.iosxr_policy_global_set.policy_global_set",
            "module.iosxr.iosxr_prefix_set.prefix_set",
            "module.iosxr.iosxr_rd_set.rd_set",
            "module.iosxr.iosxr_route_policy.route_policy",
            "module.iosxr.iosxr_router_bgp.router_bgp",
            "module.iosxr.iosxr_tag_set.tag_set"
          ]
        },
        {
          "index_key": "ic-node-4/65000/l2vpn-evpn",
          "schema_version": 0,
          "attributes": {
            "additional_paths_advertise_limit": null,
            "additional_paths_receive": null,
            "additional_paths_selection_disable": null,
            "additional_paths_selection_route_policy": null,
            "additional_paths_send": null,
            "advertise_best_external": null,
            "advertise_best_external_disable": null,
            "advertise_best_external_labeled_unicast": null,
            "advertise_epe_bgp_labeled_unicast": null,
            "advertise_local_labeled_route_safi_unicast": null,
            "af_name": "l2vpn-evpn",
            "aggregate_addresses": null,
            "allocate_label_all": null,
            "allocate_label_all_unlabeled_path": null,
            "allocate_label_route_policy": null,
            "allocate_label_route_policy_unlabeled_path": null,
            "as_number": "65000",
            "as_path_loopcheck_out_disable": null,
            "bgp_attribute_download": null,
            "bgp_bestpath_origin_as_allow_invalid": null,
            "bgp_bestpath_origin_as_use_validity": null,
            "bgp_client_to_client_reflection_cluster_ids_32bit_format": null,
            "bgp_client_to_client_reflection_cluster_ids_ip_format": null,
            "bgp_client_to_client_reflection_disable": null,
            "bgp_dampening_decay_half_life": null,
            "bgp_dampening_max_suppress_time": null,
            "bgp_dampening_reuse_threshold": null,
            "bgp_dampening_route_policy": null,
            "bgp_dampening_suppress_threshold": null,
            "bgp_import_delay_milliseconds": null,
            "bgp_import_delay_seconds": null,
            "bgp_label_delay_milliseconds": null,
            "bgp_label_delay_seconds": null,
            "bgp_origin_as_validation_enable": null,
            "bgp_origin_as_validation_signal_ibgp": null,
            "bgp_scan_time": null,
            "default_martian_check_disable": null,
            "delete_mode": null,
            "device": "ic-node-4",
            "distance_bgp_external_route": null,
            "distance_bgp_internal_route": null,
            "distance_bgp_local_route": null,
            "domain_distinguisher_as": null,
            "domain_distinguisher_router_id": null,
            "dynamic_med_interval": null,
            "epe_backup_enable": null,
            "event_prefix_route_policy": null,
            "export_to_vrf_allow_backup": null,
            "export_to_vrf_allow_best_external": null,
            "global_table_multicast": null,
            "id": "Cisco-IOS-XR-um-router-bgp-cfg:/router/bgp/as[as-number=65000]/address-families/address-family[af-name=l2vpn-evpn]",
            "import_from_bridge_domain": null,
            "inter_as_install": null,
            "label_mode_per_ce": null,
            "label_mode_per_nexthop_received_label": null,
            "label_mode_per_nexthop_received_label_allocate_secondary_label": null,
            "label_mode_per_prefix": null,
            "label_mode_per_vrf": null,
            "label_mode_per_vrf_46": null,
            "label_mode_route_policy": null,
            "label_security_asbr_rpf": null,
            "maximum_paths_ebgp_multipath": null,
            "maximum_paths_ebgp_route_policy": null,
            "maximum_paths_ebgp_selective": null,
            "maximum_paths_eibgp_equal_cost": null,
            "maximum_paths_eibgp_multipath": null,
            "maximum_paths_eibgp_route_policy": null,
            "maximum_paths_eibgp_selective": null,
            "maximum_paths_ibgp_multipath": null,
            "maximum_paths_ibgp_route_policy": null,
            "maximum_paths_ibgp_selective": null,
            "maximum_paths_ibgp_unequal_cost": null,
            "maximum_paths_ibgp_unequal_cost_deterministic": null,
            "maximum_paths_unique_nexthop_check_disable": null,
            "networks": null,
            "nexthop_resolution_prefix_length_minimum_ipv4": null,
            "nexthop_resolution_prefix_length_minimum_ipv6": null,
            "nexthop_route_policy": null,
            "nexthop_trigger_delay_critical": null,
            "nexthop_trigger_delay_non_critical": null,
            "peer_set_ids": null,
            "permanent_network_route_policy": null,
            "prefix_ecmp_delay": null,
            "prefix_ecmp_delay_oor_threshold": null,
            "redistribute_connected": null,
            "redistribute_connected_metric": null,
            "redistribute_connected_multipath": null,
            "redistribute_connected_route_policy": null,
            "redistribute_eigrp": null,
            "redistribute_isis": null,
            "redistribute_ospf": null,
            "redistribute_ospfv3": null,
            "redistribute_rip": null,
            "redistribute_rip_metric": null,
            "redistribute_rip_multipath": null,
            "redistribute_rip_route_policy": null,
            "redistribute_static": null,
            "redistribute_static_metric": null,
            "redistribute_static_multipath": null,
            "redistribute_static_route_policy": null,
            "retain_local_label": null,
            "retain_route_target_all": null,
            "retain_route_target_route_policy": null,
            "rnh_install_extcomm": null,
            "rnh_install_extcomm_only": null,
            "segment_routing_prefix_sid_map": null,
            "segment_routing_srv6_alloc_mode_per_ce": null,
            "segment_routing_srv6_alloc_mode_per_vrf": null,
            "segment_routing_srv6_alloc_mode_per_vrf_46": null,
            "segment_routing_srv6_alloc_mode_route_policy": null,
            "segment_routing_srv6_locator": null,
            "segment_routing_srv6_usid_allocation_wide_local_id_block": null,
            "segmented_multicast": null,
            "table_policy": null,
            "update_limit_address_family": null,
            "update_limit_sub_group_ebgp": null,
            "update_limit_sub_group_ibgp": null,
            "update_wait_install": null,
            "update_wait_install_delay_startup": null,
            "vrf_all_label_mode_per_ce": null,
            "vrf_all_label_mode_per_vrf": null,
            "vrf_all_label_mode_per_vrf_46": null,
            "vrf_all_label_mode_route_policy": null,
            "vrf_all_rnh_install_extcomm": null,
            "vrf_all_rnh_install_extcomm_only": null,
            "vrf_all_segment_routing_srv6_alloc_mode_per_ce": null,
            "vrf_all_segment_routing_srv6_alloc_mode_per_vrf": null,
            "vrf_all_segment_routing_srv6_alloc_mode_per_vrf_46": null,
            "vrf_all_segment_routing_srv6_locator": null,
            "vrf_all_segment_routing_srv6_usid_allocation_wide_local_id_block": null,
            "vrf_all_source_rt_import_policy": null,
            "vrf_all_table_policy": null,
            "weight_reset_on_import": null
          },
          "sensitive_attributes": [],
          "identity_schema_version": 0,
          "private": "eyJpbXBvcnRpbmciOiJNQT09In0=",
          "dependencies": [
            "module.iosxr.iosxr_as_path_set.as_path_set",
            "module.iosxr.iosxr_bmp_server.bmp_server",
            "module.iosxr.iosxr_community_set.community_set",
            "module.iosxr.iosxr_esi_set.esi_set",
            "module.iosxr.iosxr_etag_set.etag_set",
            "module.iosxr.iosxr_extcommunity_bandwidth_set.extcommunity_bandwidth_set",
            "module.iosxr.iosxr_extcommunity_cost_set.extcommunity_cost_set",
            "module.iosxr.iosxr_extcommunity_evpn_link_bandwidth_set.extcommunity_evpn_link_bandwidth_set",
            "module.iosxr.iosxr_extcommunity_opaque_set.extcommunity_opaque_set",
            "module.iosxr.iosxr_extcommunity_rt_set.extcommunity_rt_set",
            "module.iosxr.iosxr_extcommunity_seg_nh_set.extcommunity_seg_nh_set",
            "module.iosxr.iosxr_extcommunity_soo_set.extcommunity_soo_set",
            "module.iosxr.iosxr_ipv4_prefix_list.ipv4_prefix_list",
            "module.iosxr.iosxr_ipv6_prefix_list.ipv6_prefix_list",
            "module.iosxr.iosxr_key_chain.key_chain",
            "module.iosxr.iosxr_large_community_set.large_community_set",
            "module.iosxr.iosxr_mac_set.mac_set",
            "module.iosxr.iosxr_ospf_area_set.ospf_area_set",
            "module.iosxr.iosxr_policy_global_set.policy_global_set",
            "module.iosxr.iosxr_prefix_set.prefix_set",
            "module.iosxr.iosxr_rd_set.rd_set",
            "module.iosxr.iosxr_route_policy.route_policy",
            "module.iosxr.iosxr_router_bgp.router_bgp",
            "module.iosxr.iosxr_tag_set.tag_set"
          ]
        }
      ]
    },
    {
      "module": "module.iosxr",
      "mode": "managed",
      "type": "iosxr_router_bgp_address_family",
      "name": "vpnv4_unicast",
      "provider": "module.iosxr.provider[\"registry.terraform.io/ciscodevnet/iosxr\"]",
      "instances": [
        {
          "index_key": "ic-node-3/65000/vpnv4-unicast",
          "schema_version": 0,
          "attributes": {
            "additional_paths_advertise_limit": null,
            "additional_paths_receive": null,
            "additional_paths_selection_disable": null,
            "additional_paths_selection_route_policy": null,
            "additional_paths_send": null,
            "advertise_best_external": null,
            "advertise_best_external_disable": null,
            "advertise_best_external_labeled_unicast": null,
            "advertise_epe_bgp_labeled_unicast": null,
            "advertise_local_labeled_route_safi_unicast": null,
            "af_name": "vpnv4-unicast",
            "aggregate_addresses": null,
            "allocate_label_all": null,
            "allocate_label_all_unlabeled_path": null,
            "allocate_label_route_policy": null,
            "allocate_label_route_policy_unlabeled_path": null,
            "as_number": "65000",
            "as_path_loopcheck_out_disable": null,
            "bgp_attribute_download": null,
            "bgp_bestpath_origin_as_allow_invalid": null,
            "bgp_bestpath_origin_as_use_validity": null,
            "bgp_client_to_client_reflection_cluster_ids_32bit_format": null,
            "bgp_client_to_client_reflection_cluster_ids_ip_format": null,
            "bgp_client_to_client_reflection_disable": null,
            "bgp_dampening_decay_half_life": null,
            "bgp_dampening_max_suppress_time": null,
            "bgp_dampening_reuse_threshold": null,
            "bgp_dampening_route_policy": null,
            "bgp_dampening_suppress_threshold": null,
            "bgp_import_delay_milliseconds": null,
            "bgp_import_delay_seconds": null,
            "bgp_label_delay_milliseconds": null,
            "bgp_label_delay_seconds": null,
            "bgp_origin_as_validation_enable": null,
            "bgp_origin_as_validation_signal_ibgp": null,
            "bgp_scan_time": null,
            "default_martian_check_disable": null,
            "delete_mode": null,
            "device": "ic-node-3",
            "distance_bgp_external_route": null,
            "distance_bgp_internal_route": null,
            "distance_bgp_local_route": null,
            "domain_distinguisher_as": null,
            "domain_distinguisher_router_id": null,
            "dynamic_med_interval": null,
            "epe_backup_enable": null,
            "event_prefix_route_policy": null,
            "export_to_vrf_allow_backup": null,
            "export_to_vrf_allow_best_external": null,
            "global_table_multicast": null,
            "id": "Cisco-IOS-XR-um-router-bgp-cfg:/router/bgp/as[as-number=65000]/address-families/address-family[af-name=vpnv4-unicast]",
            "import_from_bridge_domain": null,
            "inter_as_install": null,
            "label_mode_per_ce": null,
            "label_mode_per_nexthop_received_label": null,
            "label_mode_per_nexthop_received_label_allocate_secondary_label": null,
            "label_mode_per_prefix": null,
            "label_mode_per_vrf": null,
            "label_mode_per_vrf_46": null,
            "label_mode_route_policy": null,
            "label_security_asbr_rpf": null,
            "maximum_paths_ebgp_multipath": null,
            "maximum_paths_ebgp_route_policy": null,
            "maximum_paths_ebgp_selective": null,
            "maximum_paths_eibgp_equal_cost": null,
            "maximum_paths_eibgp_multipath": null,
            "maximum_paths_eibgp_route_policy": null,
            "maximum_paths_eibgp_selective": null,
            "maximum_paths_ibgp_multipath": null,
            "maximum_paths_ibgp_route_policy": null,
            "maximum_paths_ibgp_selective": null,
            "maximum_paths_ibgp_unequal_cost": null,
            "maximum_paths_ibgp_unequal_cost_deterministic": null,
            "maximum_paths_unique_nexthop_check_disable": null,
            "networks": null,
            "nexthop_resolution_prefix_length_minimum_ipv4": null,
            "nexthop_resolution_prefix_length_minimum_ipv6": null,
            "nexthop_route_policy": null,
            "nexthop_trigger_delay_critical": null,
            "nexthop_trigger_delay_non_critical": null,
            "peer_set_ids": null,
            "permanent_network_route_policy": null,
            "prefix_ecmp_delay": null,
            "prefix_ecmp_delay_oor_threshold": null,
            "redistribute_connected": null,
            "redistribute_connected_metric": null,
            "redistribute_connected_multipath": null,
            "redistribute_connected_route_policy": null,
            "redistribute_eigrp": null,
            "redistribute_isis": null,
            "redistribute_ospf": null,
            "redistribute_ospfv3": null,
            "redistribute_rip": null,
            "redistribute_rip_metric": null,
            "redistribute_rip_multipath": null,
            "redistribute_rip_route_policy": null,
            "redistribute_static": null,
            "redistribute_static_metric": null,
            "redistribute_static_multipath": null,
            "redistribute_static_route_policy": null,
            "retain_local_label": null,
            "retain_route_target_all": null,
            "retain_route_target_route_policy": null,
            "rnh_install_extcomm": null,
            "rnh_install_extcomm_only": null,
            "segment_routing_prefix_sid_map": null,
            "segment_routing_srv6_alloc_mode_per_ce": null,
            "segment_routing_srv6_alloc_mode_per_vrf": null,
            "segment_routing_srv6_alloc_mode_per_vrf_46": null,
            "segment_routing_srv6_alloc_mode_route_policy": null,
            "segment_routing_srv6_locator": null,
            "segment_routing_srv6_usid_allocation_wide_local_id_block": null,
            "segmented_multicast": null,
            "table_policy": null,
            "update_limit_address_family": null,
            "update_limit_sub_group_ebgp": null,
            "update_limit_sub_group_ibgp": null,
            "update_wait_install": null,
            "update_wait_install_delay_startup": null,
            "vrf_all_label_mode_per_ce": null,
            "vrf_all_label_mode_per_vrf": null,
            "vrf_all_label_mode_per_vrf_46": null,
            "vrf_all_label_mode_route_policy": null,
            "vrf_all_rnh_install_extcomm": null,
            "vrf_all_rnh_install_extcomm_only": null,
            "vrf_all_segment_routing_srv6_alloc_mode_per_ce": null,
            "vrf_all_segment_routing_srv6_alloc_mode_per_vrf": null,
            "vrf_all_segment_routing_srv6_alloc_mode_per_vrf_46": null,
            "vrf_all_segment_routing_srv6_locator": null,
            "vrf_all_segment_routing_srv6_usid_allocation_wide_local_id_block": null,
            "vrf_all_source_rt_import_policy": null,
            "vrf_all_table_policy": null,
            "weight_reset_on_import": null
          },
          "sensitive_attributes": [],
          "identity_schema_version": 0,
          "private": "eyJpbXBvcnRpbmciOiJNQT09In0=",
          "dependencies": [
            "module.iosxr.iosxr_as_path_set.as_path_set",
            "module.iosxr.iosxr_bmp_server.bmp_server",
            "module.iosxr.iosxr_community_set.community_set",
            "module.iosxr.iosxr_esi_set.esi_set",
            "module.iosxr.iosxr_etag_set.etag_set",
            "module.iosxr.iosxr_extcommunity_bandwidth_set.extcommunity_bandwidth_set",
            "module.iosxr.iosxr_extcommunity_cost_set.extcommunity_cost_set",
            "module.iosxr.iosxr_extcommunity_evpn_link_bandwidth_set.extcommunity_evpn_link_bandwidth_set",
            "module.iosxr.iosxr_extcommunity_opaque_set.extcommunity_opaque_set",
            "module.iosxr.iosxr_extcommunity_rt_set.extcommunity_rt_set",
            "module.iosxr.iosxr_extcommunity_seg_nh_set.extcommunity_seg_nh_set",
            "module.iosxr.iosxr_extcommunity_soo_set.extcommunity_soo_set",
            "module.iosxr.iosxr_ipv4_prefix_list.ipv4_prefix_list",
            "module.iosxr.iosxr_ipv6_prefix_list.ipv6_prefix_list",
            "module.iosxr.iosxr_key_chain.key_chain",
            "module.iosxr.iosxr_large_community_set.large_community_set",
            "module.iosxr.iosxr_mac_set.mac_set",
            "module.iosxr.iosxr_ospf_area_set.ospf_area_set",
            "module.iosxr.iosxr_policy_global_set.policy_global_set",
            "module.iosxr.iosxr_prefix_set.prefix_set",
            "module.iosxr.iosxr_rd_set.rd_set",
            "module.iosxr.iosxr_route_policy.route_policy",
            "module.iosxr.iosxr_router_bgp.router_bgp",
            "module.iosxr.iosxr_tag_set.tag_set"
          ]
        },
        {
          "index_key": "ic-node-4/65000/vpnv4-unicast",
          "schema_version": 0,
          "attributes": {
            "additional_paths_advertise_limit": null,
            "additional_paths_receive": null,
            "additional_paths_selection_disable": null,
            "additional_paths_selection_route_policy": null,
            "additional_paths_send": null,
            "advertise_best_external": null,
            "advertise_best_external_disable": null,
            "advertise_best_external_labeled_unicast": null,
            "advertise_epe_bgp_labeled_unicast": null,
            "advertise_local_labeled_route_safi_unicast": null,
            "af_name": "vpnv4-unicast",
            "aggregate_addresses": null,
            "allocate_label_all": null,
            "allocate_label_all_unlabeled_path": null,
            "allocate_label_route_policy": null,
            "allocate_label_route_policy_unlabeled_path": null,
            "as_number": "65000",
            "as_path_loopcheck_out_disable": null,
            "bgp_attribute_download": null,
            "bgp_bestpath_origin_as_allow_invalid": null,
            "bgp_bestpath_origin_as_use_validity": null,
            "bgp_client_to_client_reflection_cluster_ids_32bit_format": null,
            "bgp_client_to_client_reflection_cluster_ids_ip_format": null,
            "bgp_client_to_client_reflection_disable": null,
            "bgp_dampening_decay_half_life": null,
            "bgp_dampening_max_suppress_time": null,
            "bgp_dampening_reuse_threshold": null,
            "bgp_dampening_route_policy": null,
            "bgp_dampening_suppress_threshold": null,
            "bgp_import_delay_milliseconds": null,
            "bgp_import_delay_seconds": null,
            "bgp_label_delay_milliseconds": null,
            "bgp_label_delay_seconds": null,
            "bgp_origin_as_validation_enable": null,
            "bgp_origin_as_validation_signal_ibgp": null,
            "bgp_scan_time": null,
            "default_martian_check_disable": null,
            "delete_mode": null,
            "device": "ic-node-4",
            "distance_bgp_external_route": null,
            "distance_bgp_internal_route": null,
            "distance_bgp_local_route": null,
            "domain_distinguisher_as": null,
            "domain_distinguisher_router_id": null,
            "dynamic_med_interval": null,
            "epe_backup_enable": null,
            "event_prefix_route_policy": null,
            "export_to_vrf_allow_backup": null,
            "export_to_vrf_allow_best_external": null,
            "global_table_multicast": null,
            "id": "Cisco-IOS-XR-um-router-bgp-cfg:/router/bgp/as[as-number=65000]/address-families/address-family[af-name=vpnv4-unicast]",
            "import_from_bridge_domain": null,
            "inter_as_install": null,
            "label_mode_per_ce": null,
            "label_mode_per_nexthop_received_label": null,
            "label_mode_per_nexthop_received_label_allocate_secondary_label": null,
            "label_mode_per_prefix": null,
            "label_mode_per_vrf": null,
            "label_mode_per_vrf_46": null,
            "label_mode_route_policy": null,
            "label_security_asbr_rpf": null,
            "maximum_paths_ebgp_multipath": null,
            "maximum_paths_ebgp_route_policy": null,
            "maximum_paths_ebgp_selective": null,
            "maximum_paths_eibgp_equal_cost": null,
            "maximum_paths_eibgp_multipath": null,
            "maximum_paths_eibgp_route_policy": null,
            "maximum_paths_eibgp_selective": null,
            "maximum_paths_ibgp_multipath": null,
            "maximum_paths_ibgp_route_policy": null,
            "maximum_paths_ibgp_selective": null,
            "maximum_paths_ibgp_unequal_cost": null,
            "maximum_paths_ibgp_unequal_cost_deterministic": null,
            "maximum_paths_unique_nexthop_check_disable": null,
            "networks": null,
            "nexthop_resolution_prefix_length_minimum_ipv4": null,
            "nexthop_resolution_prefix_length_minimum_ipv6": null,
            "nexthop_route_policy": null,
            "nexthop_trigger_delay_critical": null,
            "nexthop_trigger_delay_non_critical": null,
            "peer_set_ids": null,
            "permanent_network_route_policy": null,
            "prefix_ecmp_delay": null,
            "prefix_ecmp_delay_oor_threshold": null,
            "redistribute_connected": null,
            "redistribute_connected_metric": null,
            "redistribute_connected_multipath": null,
            "redistribute_connected_route_policy": null,
            "redistribute_eigrp": null,
            "redistribute_isis": null,
            "redistribute_ospf": null,
            "redistribute_ospfv3": null,
            "redistribute_rip": null,
            "redistribute_rip_metric": null,
            "redistribute_rip_multipath": null,
            "redistribute_rip_route_policy": null,
            "redistribute_static": null,
            "redistribute_static_metric": null,
            "redistribute_static_multipath": null,
            "redistribute_static_route_policy": null,
            "retain_local_label": null,
            "retain_route_target_all": null,
            "retain_route_target_route_policy": null,
            "rnh_install_extcomm": null,
            "rnh_install_extcomm_only": null,
            "segment_routing_prefix_sid_map": null,
            "segment_routing_srv6_alloc_mode_per_ce": null,
            "segment_routing_srv6_alloc_mode_per_vrf": null,
            "segment_routing_srv6_alloc_mode_per_vrf_46": null,
            "segment_routing_srv6_alloc_mode_route_policy": null,
            "segment_routing_srv6_locator": null,
            "segment_routing_srv6_usid_allocation_wide_local_id_block": null,
            "segmented_multicast": null,
            "table_policy": null,
            "update_limit_address_family": null,
            "update_limit_sub_group_ebgp": null,
            "update_limit_sub_group_ibgp": null,
            "update_wait_install": null,
            "update_wait_install_delay_startup": null,
            "vrf_all_label_mode_per_ce": null,
            "vrf_all_label_mode_per_vrf": null,
            "vrf_all_label_mode_per_vrf_46": null,
            "vrf_all_label_mode_route_policy": null,
            "vrf_all_rnh_install_extcomm": null,
            "vrf_all_rnh_install_extcomm_only": null,
            "vrf_all_segment_routing_srv6_alloc_mode_per_ce": null,
            "vrf_all_segment_routing_srv6_alloc_mode_per_vrf": null,
            "vrf_all_segment_routing_srv6_alloc_mode_per_vrf_46": null,
            "vrf_all_segment_routing_srv6_locator": null,
            "vrf_all_segment_routing_srv6_usid_allocation_wide_local_id_block": null,
            "vrf_all_source_rt_import_policy": null,
            "vrf_all_table_policy": null,
            "weight_reset_on_import": null
          },
          "sensitive_attributes": [],
          "identity_schema_version": 0,
          "private": "eyJpbXBvcnRpbmciOiJNQT09In0=",
          "dependencies": [
            "module.iosxr.iosxr_as_path_set.as_path_set",
            "module.iosxr.iosxr_bmp_server.bmp_server",
            "module.iosxr.iosxr_community_set.community_set",
            "module.iosxr.iosxr_esi_set.esi_set",
            "module.iosxr.iosxr_etag_set.etag_set",
            "module.iosxr.iosxr_extcommunity_bandwidth_set.extcommunity_bandwidth_set",
            "module.iosxr.iosxr_extcommunity_cost_set.extcommunity_cost_set",
            "module.iosxr.iosxr_extcommunity_evpn_link_bandwidth_set.extcommunity_evpn_link_bandwidth_set",
            "module.iosxr.iosxr_extcommunity_opaque_set.extcommunity_opaque_set",
            "module.iosxr.iosxr_extcommunity_rt_set.extcommunity_rt_set",
            "module.iosxr.iosxr_extcommunity_seg_nh_set.extcommunity_seg_nh_set",
            "module.iosxr.iosxr_extcommunity_soo_set.extcommunity_soo_set",
            "module.iosxr.iosxr_ipv4_prefix_list.ipv4_prefix_list",
            "module.iosxr.iosxr_ipv6_prefix_list.ipv6_prefix_list",
            "module.iosxr.iosxr_key_chain.key_chain",
            "module.iosxr.iosxr_large_community_set.large_community_set",
            "module.iosxr.iosxr_mac_set.mac_set",
            "module.iosxr.iosxr_ospf_area_set.ospf_area_set",
            "module.iosxr.iosxr_policy_global_set.policy_global_set",
            "module.iosxr.iosxr_prefix_set.prefix_set",
            "module.iosxr.iosxr_rd_set.rd_set",
            "module.iosxr.iosxr_route_policy.route_policy",
            "module.iosxr.iosxr_router_bgp.router_bgp",
            "module.iosxr.iosxr_tag_set.tag_set"
          ]
        }
      ]
    },
    {
      "module": "module.iosxr",
      "mode": "managed",
      "type": "iosxr_router_bgp_neighbor_group",
      "name": "router_bgp_neighbor_group",
      "provider": "module.iosxr.provider[\"registry.terraform.io/ciscodevnet/iosxr\"]",
      "instances": [
        {
          "index_key": "ic-node-1/65000/RR-CLIENTS",
          "schema_version": 0,
          "attributes": {
            "address_family": [
              {
                "accept_own": null,
                "accept_own_inheritance_disable": null,
                "additional_paths_receive": null,
                "additional_paths_receive_disable": null,
                "additional_paths_send": null,
                "additional_paths_send_disable": null,
                "advertise_l2vpn_evpn_re_originated": null,
                "advertise_l2vpn_evpn_re_originated_stitching_rt": null,
                "advertise_vpnv4_unicast": null,
                "advertise_vpnv4_unicast_re_originated": null,
                "advertise_vpnv4_unicast_re_originated_stitching_rt": null,
                "advertise_vpnv6_unicast": null,
                "advertise_vpnv6_unicast_re_originated": null,
                "advertise_vpnv6_unicast_re_originated_stitching_rt": null,
                "af_name": "l2vpn-evpn",
                "aigp": null,
                "aigp_disable": null,
                "aigp_send_cost_community_disable": null,
                "aigp_send_cost_community_id": null,
                "aigp_send_cost_community_id_poi_igp_cost": null,
                "aigp_send_cost_community_id_poi_igp_cost_transitive": null,
                "aigp_send_cost_community_id_poi_pre_bestpath": null,
                "aigp_send_cost_community_id_poi_pre_bestpath_transitive": null,
                "aigp_send_med": null,
                "aigp_send_med_disable": null,
                "allowas_in": null,
                "allowconfedas_in": null,
                "as_override": null,
                "as_override_inheritance_disable": null,
                "bestpath_origin_as_allow_invalid": null,
                "capability_orf_prefix": null,
                "cluster_id_allow_equal": null,
                "cluster_id_allow_equal_disable": null,
                "default_originate": null,
                "default_originate_inheritance_disable": null,
                "default_originate_route_policy": null,
                "encapsulation_type": null,
                "import_re_originate": null,
                "import_stitching_rt": null,
                "import_stitching_rt_re_originate": null,
                "import_stitching_rt_re_originate_stitching_rt": null,
                "maximum_prefix_discard_extra_paths": null,
                "maximum_prefix_limit": null,
                "maximum_prefix_restart": null,
                "maximum_prefix_threshold": null,
                "maximum_prefix_warning_only": null,
                "multipath": null,
                "next_hop_self": null,
                "next_hop_self_inheritance_disable": null,
                "next_hop_unchanged": null,
                "next_hop_unchanged_inheritance_disable": null,
                "next_hop_unchanged_multipath": null,
                "orf_route_policy": null,
                "origin_as_validation_disable": null,
                "remove_private_as": null,
                "remove_private_as_entire_aspath": null,
                "remove_private_as_inbound": null,
                "remove_private_as_inbound_entire_aspath": null,
                "remove_private_as_inbound_inheritance_disable": null,
                "remove_private_as_internal": null,
                "replace_private_as": null,
                "replace_private_as_internal": null,
                "route_policy_in": null,
                "route_policy_out": null,
                "route_reflector_client": true,
                "route_reflector_client_inheritance_disable": null,
                "segment_routing_srv6_prefix_sid_type4": null,
                "send_community_ebgp": null,
                "send_community_ebgp_inheritance_disable": null,
                "send_community_gshut_ebgp": null,
                "send_community_gshut_ebgp_inheritance_disable": null,
                "send_extended_community_ebgp": null,
                "send_extended_community_ebgp_inheritance_disable": null,
                "send_multicast_attributes": null,
                "send_multicast_attributes_disable": null,
                "site_of_origin_four_byte_as_index": null,
                "site_of_origin_four_byte_as_number": null,
                "site_of_origin_ipv4_address": null,
                "site_of_origin_ipv4_address_index": null,
                "site_of_origin_two_byte_as_index": null,
                "site_of_origin_two_byte_as_number": null,
                "slow_peer_dynamic": null,
                "slow_peer_dynamic_disable": null,
                "slow_peer_dynamic_threshold": null,
                "slow_peer_static": null,
                "soft_reconfiguration_inbound": null,
                "soft_reconfiguration_inbound_always": null,
                "update_out_originator_loopcheck": null,
                "update_out_originator_loopcheck_disable": null,
                "use_af_group": null,
                "weight": null
              }
            ],
            "advertisement_interval_milliseconds": null,
            "advertisement_interval_seconds": null,
            "allowas_in": null,
            "ao_inheritance_disable": null,
            "ao_key_chain_accept_mismatch": null,
            "ao_key_chain_include_tcp_options": null,
            "ao_key_chain_name": null,
            "as_number": "65000",
            "as_override": null,
            "as_path_loopcheck_out": null,
            "bfd_fast_detect": null,
            "bfd_fast_detect_disable": null,
            "bfd_fast_detect_strict_mode": null,
            "bfd_fast_detect_strict_mode_negotiate": null,
            "bfd_fast_detect_strict_mode_negotiate_override": null,
            "bfd_minimum_interval": null,
            "bfd_multiplier": null,
            "bmp_activate_servers": null,
            "capability_additional_paths_receive": null,
            "capability_additional_paths_receive_disable": null,
            "capability_additional_paths_send": null,
            "capability_additional_paths_send_disable": null,
            "capability_suppress_all": null,
            "capability_suppress_all_inheritance_disable": null,
            "capability_suppress_extended_nexthop_encoding": null,
            "capability_suppress_extended_nexthop_encoding_inheritance_disable": null,
            "capability_suppress_four_byte_as": null,
            "capability_suppress_four_byte_as_inheritance_disable": null,
            "cluster_id_32bit_format": null,
            "cluster_id_ip_format": null,
            "dampening": null,
            "default_policy_action_in": null,
            "default_policy_action_out": null,
            "delete_mode": null,
            "description": null,
            "device": "ic-node-1",
            "dmz_link_bandwidth": null,
            "dmz_link_bandwidth_inheritance_disable": null,
            "dscp": null,
            "ebgp_multihop_maximum_hop_count": null,
            "ebgp_multihop_mpls": null,
            "ebgp_recv_extcommunity_dmz": null,
            "ebgp_recv_extcommunity_dmz_inheritance_disable": null,
            "ebgp_send_extcommunity_dmz": null,
            "ebgp_send_extcommunity_dmz_cumulative": null,
            "ebgp_send_extcommunity_dmz_inheritance_disable": null,
            "egress_engineering": null,
            "egress_engineering_inheritance_disable": null,
            "enforce_first_as": null,
            "fast_fallover": null,
            "fast_fallover_inheritance_disable": null,
            "graceful_maintenance_activate": null,
            "graceful_maintenance_activate_inheritance_disable": null,
            "graceful_maintenance_as_prepends_inheritance_disable": null,
            "graceful_maintenance_as_prepends_number": null,
            "graceful_maintenance_bandwidth_aware_bandwidth_threshold": null,
            "graceful_maintenance_bandwidth_aware_bandwidth_threshold_high": null,
            "graceful_maintenance_bandwidth_aware_inheritance_disable": null,
            "graceful_maintenance_bandwidth_aware_percentage_threshold": null,
            "graceful_maintenance_bandwidth_aware_percentage_threshold_high": null,
            "graceful_maintenance_local_preference": null,
            "graceful_maintenance_local_preference_inheritance_disable": null,
            "graceful_restart": null,
            "graceful_restart_disable": null,
            "graceful_restart_helper_only": null,
            "graceful_restart_helper_only_inheritance_disable": null,
            "graceful_restart_restart_time": null,
            "graceful_restart_stalepath_time": null,
            "id": "Cisco-IOS-XR-um-router-bgp-cfg:/router/bgp/as[as-number=65000]/neighbor-groups/neighbor-group[neighbor-group-name=RR-CLIENTS]",
            "idle_watch_time": null,
            "ignore_connected_check": null,
            "ignore_connected_check_inheritance_disable": null,
            "internal_vpn_client": null,
            "keychain_inheritance_disable": null,
            "keychain_name": null,
            "local_address": null,
            "local_address_inheritance_disable": null,
            "local_address_subnet_mask": null,
            "local_address_subnet_prefix": null,
            "local_as": null,
            "local_as_inheritance_disable": null,
            "local_as_no_prepend": null,
            "local_as_no_prepend_replace_as": null,
            "local_as_no_prepend_replace_as_dual_as": null,
            "log_message_in_disable": null,
            "log_message_in_inheritance_disable": null,
            "log_message_in_size": null,
            "log_message_out_disable": null,
            "log_message_out_inheritance_disable": null,
            "log_message_out_size": null,
            "log_neighbor_changes_detail": null,
            "log_neighbor_changes_disable": null,
            "log_neighbor_changes_inheritance_disable": null,
            "maximum_peers": null,
            "name": "RR-CLIENTS",
            "password": null,
            "password_inheritance_disable": null,
            "peer_sets": null,
            "precedence": null,
            "receive_buffer_size": null,
            "receive_buffer_size_read": null,
            "remote_as": "65000",
            "remote_as_list": null,
            "send_buffer_size": null,
            "send_buffer_size_write": null,
            "session_open_mode": null,
            "shutdown": false,
            "tcp_ip_only_preferred": null,
            "tcp_ip_only_preferred_inheritance_disable": null,
            "tcp_mss_inheritance_disable": null,
            "tcp_mss_value": null,
            "tcp_mtu_discovery": null,
            "tcp_mtu_discovery_inheritance_disable": null,
            "timers_holddown_zero": null,
            "timers_holddown_zero_minimum_acceptable_holdtime": null,
            "timers_holddown_zero_minimum_acceptable_zero": null,
            "timers_holdtime": null,
            "timers_holdtime_minimum_acceptable_holdtime": null,
            "timers_keepalive_interval": null,
            "ttl_security": null,
            "ttl_security_inheritance_disable": null,
            "update_in_error_handling_avoid_reset": null,
            "update_in_error_handling_treat_as_withdraw": null,
            "update_in_filtering_attribute_filter_group": null,
            "update_in_filtering_logging_disable": null,
            "update_in_filtering_message_buffers": null,
            "update_in_filtering_message_buffers_type": null,
            "update_in_labeled_unicast_equivalent": null,
            "update_in_labeled_unicast_equivalent_inheritance_disable": null,
            "update_source": "Loopback0",
            "use_neighbor_group": null,
            "use_session_group": null
          },
          "sensitive_attributes": [
            [
              {
                "type": "get_attr",
                "value": "password"
              }
            ]
          ],
          "identity_schema_version": 0,
          "private": "eyJpbXBvcnRpbmciOiJNQT09In0=",
          "dependencies": [
            "module.iosxr.iosxr_as_path_set.as_path_set",
            "module.iosxr.iosxr_bmp_server.bmp_server",
            "module.iosxr.iosxr_community_set.community_set",
            "module.iosxr.iosxr_esi_set.esi_set",
            "module.iosxr.iosxr_etag_set.etag_set",
            "module.iosxr.iosxr_extcommunity_bandwidth_set.extcommunity_bandwidth_set",
            "module.iosxr.iosxr_extcommunity_cost_set.extcommunity_cost_set",
            "module.iosxr.iosxr_extcommunity_evpn_link_bandwidth_set.extcommunity_evpn_link_bandwidth_set",
            "module.iosxr.iosxr_extcommunity_opaque_set.extcommunity_opaque_set",
            "module.iosxr.iosxr_extcommunity_rt_set.extcommunity_rt_set",
            "module.iosxr.iosxr_extcommunity_seg_nh_set.extcommunity_seg_nh_set",
            "module.iosxr.iosxr_extcommunity_soo_set.extcommunity_soo_set",
            "module.iosxr.iosxr_ipv4_prefix_list.ipv4_prefix_list",
            "module.iosxr.iosxr_ipv6_prefix_list.ipv6_prefix_list",
            "module.iosxr.iosxr_key_chain.key_chain",
            "module.iosxr.iosxr_large_community_set.large_community_set",
            "module.iosxr.iosxr_mac_set.mac_set",
            "module.iosxr.iosxr_ospf_area_set.ospf_area_set",
            "module.iosxr.iosxr_policy_global_set.policy_global_set",
            "module.iosxr.iosxr_prefix_set.prefix_set",
            "module.iosxr.iosxr_rd_set.rd_set",
            "module.iosxr.iosxr_route_policy.route_policy",
            "module.iosxr.iosxr_router_bgp.router_bgp",
            "module.iosxr.iosxr_router_bgp_address_family.ipv4_unicast",
            "module.iosxr.iosxr_router_bgp_address_family.ipv6_unicast",
            "module.iosxr.iosxr_router_bgp_address_family.l2vpn_evpn",
            "module.iosxr.iosxr_router_bgp_address_family.vpnv4_multicast",
            "module.iosxr.iosxr_router_bgp_address_family.vpnv4_unicast",
            "module.iosxr.iosxr_router_bgp_address_family.vpnv6_multicast",
            "module.iosxr.iosxr_router_bgp_address_family.vpnv6_unicast",
            "module.iosxr.iosxr_router_bgp_session_group.router_bgp_session_group",
            "module.iosxr.iosxr_tag_set.tag_set"
          ]
        },
        {
          "index_key": "ic-node-2/65000/RR-CLIENTS",
          "schema_version": 0,
          "attributes": {
            "address_family": [
              {
                "accept_own": null,
                "accept_own_inheritance_disable": null,
                "additional_paths_receive": null,
                "additional_paths_receive_disable": null,
                "additional_paths_send": null,
                "additional_paths_send_disable": null,
                "advertise_l2vpn_evpn_re_originated": null,
                "advertise_l2vpn_evpn_re_originated_stitching_rt": null,
                "advertise_vpnv4_unicast": null,
                "advertise_vpnv4_unicast_re_originated": null,
                "advertise_vpnv4_unicast_re_originated_stitching_rt": null,
                "advertise_vpnv6_unicast": null,
                "advertise_vpnv6_unicast_re_originated": null,
                "advertise_vpnv6_unicast_re_originated_stitching_rt": null,
                "af_name": "l2vpn-evpn",
                "aigp": null,
                "aigp_disable": null,
                "aigp_send_cost_community_disable": null,
                "aigp_send_cost_community_id": null,
                "aigp_send_cost_community_id_poi_igp_cost": null,
                "aigp_send_cost_community_id_poi_igp_cost_transitive": null,
                "aigp_send_cost_community_id_poi_pre_bestpath": null,
                "aigp_send_cost_community_id_poi_pre_bestpath_transitive": null,
                "aigp_send_med": null,
                "aigp_send_med_disable": null,
                "allowas_in": null,
                "allowconfedas_in": null,
                "as_override": null,
                "as_override_inheritance_disable": null,
                "bestpath_origin_as_allow_invalid": null,
                "capability_orf_prefix": null,
                "cluster_id_allow_equal": null,
                "cluster_id_allow_equal_disable": null,
                "default_originate": null,
                "default_originate_inheritance_disable": null,
                "default_originate_route_policy": null,
                "encapsulation_type": null,
                "import_re_originate": null,
                "import_stitching_rt": null,
                "import_stitching_rt_re_originate": null,
                "import_stitching_rt_re_originate_stitching_rt": null,
                "maximum_prefix_discard_extra_paths": null,
                "maximum_prefix_limit": null,
                "maximum_prefix_restart": null,
                "maximum_prefix_threshold": null,
                "maximum_prefix_warning_only": null,
                "multipath": null,
                "next_hop_self": null,
                "next_hop_self_inheritance_disable": null,
                "next_hop_unchanged": null,
                "next_hop_unchanged_inheritance_disable": null,
                "next_hop_unchanged_multipath": null,
                "orf_route_policy": null,
                "origin_as_validation_disable": null,
                "remove_private_as": null,
                "remove_private_as_entire_aspath": null,
                "remove_private_as_inbound": null,
                "remove_private_as_inbound_entire_aspath": null,
                "remove_private_as_inbound_inheritance_disable": null,
                "remove_private_as_internal": null,
                "replace_private_as": null,
                "replace_private_as_internal": null,
                "route_policy_in": null,
                "route_policy_out": null,
                "route_reflector_client": true,
                "route_reflector_client_inheritance_disable": null,
                "segment_routing_srv6_prefix_sid_type4": null,
                "send_community_ebgp": null,
                "send_community_ebgp_inheritance_disable": null,
                "send_community_gshut_ebgp": null,
                "send_community_gshut_ebgp_inheritance_disable": null,
                "send_extended_community_ebgp": null,
                "send_extended_community_ebgp_inheritance_disable": null,
                "send_multicast_attributes": null,
                "send_multicast_attributes_disable": null,
                "site_of_origin_four_byte_as_index": null,
                "site_of_origin_four_byte_as_number": null,
                "site_of_origin_ipv4_address": null,
                "site_of_origin_ipv4_address_index": null,
                "site_of_origin_two_byte_as_index": null,
                "site_of_origin_two_byte_as_number": null,
                "slow_peer_dynamic": null,
                "slow_peer_dynamic_disable": null,
                "slow_peer_dynamic_threshold": null,
                "slow_peer_static": null,
                "soft_reconfiguration_inbound": null,
                "soft_reconfiguration_inbound_always": null,
                "update_out_originator_loopcheck": null,
                "update_out_originator_loopcheck_disable": null,
                "use_af_group": null,
                "weight": null
              }
            ],
            "advertisement_interval_milliseconds": null,
            "advertisement_interval_seconds": null,
            "allowas_in": null,
            "ao_inheritance_disable": null,
            "ao_key_chain_accept_mismatch": null,
            "ao_key_chain_include_tcp_options": null,
            "ao_key_chain_name": null,
            "as_number": "65000",
            "as_override": null,
            "as_path_loopcheck_out": null,
            "bfd_fast_detect": null,
            "bfd_fast_detect_disable": null,
            "bfd_fast_detect_strict_mode": null,
            "bfd_fast_detect_strict_mode_negotiate": null,
            "bfd_fast_detect_strict_mode_negotiate_override": null,
            "bfd_minimum_interval": null,
            "bfd_multiplier": null,
            "bmp_activate_servers": null,
            "capability_additional_paths_receive": null,
            "capability_additional_paths_receive_disable": null,
            "capability_additional_paths_send": null,
            "capability_additional_paths_send_disable": null,
            "capability_suppress_all": null,
            "capability_suppress_all_inheritance_disable": null,
            "capability_suppress_extended_nexthop_encoding": null,
            "capability_suppress_extended_nexthop_encoding_inheritance_disable": null,
            "capability_suppress_four_byte_as": null,
            "capability_suppress_four_byte_as_inheritance_disable": null,
            "cluster_id_32bit_format": null,
            "cluster_id_ip_format": null,
            "dampening": null,
            "default_policy_action_in": null,
            "default_policy_action_out": null,
            "delete_mode": null,
            "description": null,
            "device": "ic-node-2",
            "dmz_link_bandwidth": null,
            "dmz_link_bandwidth_inheritance_disable": null,
            "dscp": null,
            "ebgp_multihop_maximum_hop_count": null,
            "ebgp_multihop_mpls": null,
            "ebgp_recv_extcommunity_dmz": null,
            "ebgp_recv_extcommunity_dmz_inheritance_disable": null,
            "ebgp_send_extcommunity_dmz": null,
            "ebgp_send_extcommunity_dmz_cumulative": null,
            "ebgp_send_extcommunity_dmz_inheritance_disable": null,
            "egress_engineering": null,
            "egress_engineering_inheritance_disable": null,
            "enforce_first_as": null,
            "fast_fallover": null,
            "fast_fallover_inheritance_disable": null,
            "graceful_maintenance_activate": null,
            "graceful_maintenance_activate_inheritance_disable": null,
            "graceful_maintenance_as_prepends_inheritance_disable": null,
            "graceful_maintenance_as_prepends_number": null,
            "graceful_maintenance_bandwidth_aware_bandwidth_threshold": null,
            "graceful_maintenance_bandwidth_aware_bandwidth_threshold_high": null,
            "graceful_maintenance_bandwidth_aware_inheritance_disable": null,
            "graceful_maintenance_bandwidth_aware_percentage_threshold": null,
            "graceful_maintenance_bandwidth_aware_percentage_threshold_high": null,
            "graceful_maintenance_local_preference": null,
            "graceful_maintenance_local_preference_inheritance_disable": null,
            "graceful_restart": null,
            "graceful_restart_disable": null,
            "graceful_restart_helper_only": null,
            "graceful_restart_helper_only_inheritance_disable": null,
            "graceful_restart_restart_time": null,
            "graceful_restart_stalepath_time": null,
            "id": "Cisco-IOS-XR-um-router-bgp-cfg:/router/bgp/as[as-number=65000]/neighbor-groups/neighbor-group[neighbor-group-name=RR-CLIENTS]",
            "idle_watch_time": null,
            "ignore_connected_check": null,
            "ignore_connected_check_inheritance_disable": null,
            "internal_vpn_client": null,
            "keychain_inheritance_disable": null,
            "keychain_name": null,
            "local_address": null,
            "local_address_inheritance_disable": null,
            "local_address_subnet_mask": null,
            "local_address_subnet_prefix": null,
            "local_as": null,
            "local_as_inheritance_disable": null,
            "local_as_no_prepend": null,
            "local_as_no_prepend_replace_as": null,
            "local_as_no_prepend_replace_as_dual_as": null,
            "log_message_in_disable": null,
            "log_message_in_inheritance_disable": null,
            "log_message_in_size": null,
            "log_message_out_disable": null,
            "log_message_out_inheritance_disable": null,
            "log_message_out_size": null,
            "log_neighbor_changes_detail": null,
            "log_neighbor_changes_disable": null,
            "log_neighbor_changes_inheritance_disable": null,
            "maximum_peers": null,
            "name": "RR-CLIENTS",
            "password": null,
            "password_inheritance_disable": null,
            "peer_sets": null,
            "precedence": null,
            "receive_buffer_size": null,
            "receive_buffer_size_read": null,
            "remote_as": "65000",
            "remote_as_list": null,
            "send_buffer_size": null,
            "send_buffer_size_write": null,
            "session_open_mode": null,
            "shutdown": false,
            "tcp_ip_only_preferred": null,
            "tcp_ip_only_preferred_inheritance_disable": null,
            "tcp_mss_inheritance_disable": null,
            "tcp_mss_value": null,
            "tcp_mtu_discovery": null,
            "tcp_mtu_discovery_inheritance_disable": null,
            "timers_holddown_zero": null,
            "timers_holddown_zero_minimum_acceptable_holdtime": null,
            "timers_holddown_zero_minimum_acceptable_zero": null,
            "timers_holdtime": null,
            "timers_holdtime_minimum_acceptable_holdtime": null,
            "timers_keepalive_interval": null,
            "ttl_security": null,
            "ttl_security_inheritance_disable": null,
            "update_in_error_handling_avoid_reset": null,
            "update_in_error_handling_treat_as_withdraw": null,
            "update_in_filtering_attribute_filter_group": null,
            "update_in_filtering_logging_disable": null,
            "update_in_filtering_message_buffers": null,
            "update_in_filtering_message_buffers_type": null,
            "update_in_labeled_unicast_equivalent": null,
            "update_in_labeled_unicast_equivalent_inheritance_disable": null,
            "update_source": "Loopback0",
            "use_neighbor_group": null,
            "use_session_group": null
          },
          "sensitive_attributes": [
            [
              {
                "type": "get_attr",
                "value": "password"
              }
            ]
          ],
          "identity_schema_version": 0,
          "private": "eyJpbXBvcnRpbmciOiJNQT09In0=",
          "dependencies": [
            "module.iosxr.iosxr_as_path_set.as_path_set",
            "module.iosxr.iosxr_bmp_server.bmp_server",
            "module.iosxr.iosxr_community_set.community_set",
            "module.iosxr.iosxr_esi_set.esi_set",
            "module.iosxr.iosxr_etag_set.etag_set",
            "module.iosxr.iosxr_extcommunity_bandwidth_set.extcommunity_bandwidth_set",
            "module.iosxr.iosxr_extcommunity_cost_set.extcommunity_cost_set",
            "module.iosxr.iosxr_extcommunity_evpn_link_bandwidth_set.extcommunity_evpn_link_bandwidth_set",
            "module.iosxr.iosxr_extcommunity_opaque_set.extcommunity_opaque_set",
            "module.iosxr.iosxr_extcommunity_rt_set.extcommunity_rt_set",
            "module.iosxr.iosxr_extcommunity_seg_nh_set.extcommunity_seg_nh_set",
            "module.iosxr.iosxr_extcommunity_soo_set.extcommunity_soo_set",
            "module.iosxr.iosxr_ipv4_prefix_list.ipv4_prefix_list",
            "module.iosxr.iosxr_ipv6_prefix_list.ipv6_prefix_list",
            "module.iosxr.iosxr_key_chain.key_chain",
            "module.iosxr.iosxr_large_community_set.large_community_set",
            "module.iosxr.iosxr_mac_set.mac_set",
            "module.iosxr.iosxr_ospf_area_set.ospf_area_set",
            "module.iosxr.iosxr_policy_global_set.policy_global_set",
            "module.iosxr.iosxr_prefix_set.prefix_set",
            "module.iosxr.iosxr_rd_set.rd_set",
            "module.iosxr.iosxr_route_policy.route_policy",
            "module.iosxr.iosxr_router_bgp.router_bgp",
            "module.iosxr.iosxr_router_bgp_address_family.ipv4_unicast",
            "module.iosxr.iosxr_router_bgp_address_family.ipv6_unicast",
            "module.iosxr.iosxr_router_bgp_address_family.l2vpn_evpn",
            "module.iosxr.iosxr_router_bgp_address_family.vpnv4_multicast",
            "module.iosxr.iosxr_router_bgp_address_family.vpnv4_unicast",
            "module.iosxr.iosxr_router_bgp_address_family.vpnv6_multicast",
            "module.iosxr.iosxr_router_bgp_address_family.vpnv6_unicast",
            "module.iosxr.iosxr_router_bgp_session_group.router_bgp_session_group",
            "module.iosxr.iosxr_tag_set.tag_set"
          ]
        },
        {
          "index_key": "ic-node-3/65000/RR-SERVERS",
          "schema_version": 0,
          "attributes": {
            "address_family": [
              {
                "accept_own": null,
                "accept_own_inheritance_disable": null,
                "additional_paths_receive": null,
                "additional_paths_receive_disable": null,
                "additional_paths_send": null,
                "additional_paths_send_disable": null,
                "advertise_l2vpn_evpn_re_originated": null,
                "advertise_l2vpn_evpn_re_originated_stitching_rt": null,
                "advertise_vpnv4_unicast": null,
                "advertise_vpnv4_unicast_re_originated": null,
                "advertise_vpnv4_unicast_re_originated_stitching_rt": null,
                "advertise_vpnv6_unicast": null,
                "advertise_vpnv6_unicast_re_originated": null,
                "advertise_vpnv6_unicast_re_originated_stitching_rt": null,
                "af_name": "l2vpn-evpn",
                "aigp": null,
                "aigp_disable": null,
                "aigp_send_cost_community_disable": null,
                "aigp_send_cost_community_id": null,
                "aigp_send_cost_community_id_poi_igp_cost": null,
                "aigp_send_cost_community_id_poi_igp_cost_transitive": null,
                "aigp_send_cost_community_id_poi_pre_bestpath": null,
                "aigp_send_cost_community_id_poi_pre_bestpath_transitive": null,
                "aigp_send_med": null,
                "aigp_send_med_disable": null,
                "allowas_in": null,
                "allowconfedas_in": null,
                "as_override": null,
                "as_override_inheritance_disable": null,
                "bestpath_origin_as_allow_invalid": null,
                "capability_orf_prefix": null,
                "cluster_id_allow_equal": null,
                "cluster_id_allow_equal_disable": null,
                "default_originate": null,
                "default_originate_inheritance_disable": null,
                "default_originate_route_policy": null,
                "encapsulation_type": null,
                "import_re_originate": null,
                "import_stitching_rt": null,
                "import_stitching_rt_re_originate": null,
                "import_stitching_rt_re_originate_stitching_rt": null,
                "maximum_prefix_discard_extra_paths": null,
                "maximum_prefix_limit": null,
                "maximum_prefix_restart": null,
                "maximum_prefix_threshold": null,
                "maximum_prefix_warning_only": null,
                "multipath": null,
                "next_hop_self": null,
                "next_hop_self_inheritance_disable": null,
                "next_hop_unchanged": null,
                "next_hop_unchanged_inheritance_disable": null,
                "next_hop_unchanged_multipath": null,
                "orf_route_policy": null,
                "origin_as_validation_disable": null,
                "remove_private_as": null,
                "remove_private_as_entire_aspath": null,
                "remove_private_as_inbound": null,
                "remove_private_as_inbound_entire_aspath": null,
                "remove_private_as_inbound_inheritance_disable": null,
                "remove_private_as_internal": null,
                "replace_private_as": null,
                "replace_private_as_internal": null,
                "route_policy_in": null,
                "route_policy_out": null,
                "route_reflector_client": null,
                "route_reflector_client_inheritance_disable": null,
                "segment_routing_srv6_prefix_sid_type4": null,
                "send_community_ebgp": null,
                "send_community_ebgp_inheritance_disable": null,
                "send_community_gshut_ebgp": null,
                "send_community_gshut_ebgp_inheritance_disable": null,
                "send_extended_community_ebgp": null,
                "send_extended_community_ebgp_inheritance_disable": null,
                "send_multicast_attributes": null,
                "send_multicast_attributes_disable": null,
                "site_of_origin_four_byte_as_index": null,
                "site_of_origin_four_byte_as_number": null,
                "site_of_origin_ipv4_address": null,
                "site_of_origin_ipv4_address_index": null,
                "site_of_origin_two_byte_as_index": null,
                "site_of_origin_two_byte_as_number": null,
                "slow_peer_dynamic": null,
                "slow_peer_dynamic_disable": null,
                "slow_peer_dynamic_threshold": null,
                "slow_peer_static": null,
                "soft_reconfiguration_inbound": null,
                "soft_reconfiguration_inbound_always": null,
                "update_out_originator_loopcheck": null,
                "update_out_originator_loopcheck_disable": null,
                "use_af_group": null,
                "weight": null
              }
            ],
            "advertisement_interval_milliseconds": null,
            "advertisement_interval_seconds": null,
            "allowas_in": null,
            "ao_inheritance_disable": null,
            "ao_key_chain_accept_mismatch": null,
            "ao_key_chain_include_tcp_options": null,
            "ao_key_chain_name": null,
            "as_number": "65000",
            "as_override": null,
            "as_path_loopcheck_out": null,
            "bfd_fast_detect": null,
            "bfd_fast_detect_disable": null,
            "bfd_fast_detect_strict_mode": null,
            "bfd_fast_detect_strict_mode_negotiate": null,
            "bfd_fast_detect_strict_mode_negotiate_override": null,
            "bfd_minimum_interval": null,
            "bfd_multiplier": null,
            "bmp_activate_servers": null,
            "capability_additional_paths_receive": null,
            "capability_additional_paths_receive_disable": null,
            "capability_additional_paths_send": null,
            "capability_additional_paths_send_disable": null,
            "capability_suppress_all": null,
            "capability_suppress_all_inheritance_disable": null,
            "capability_suppress_extended_nexthop_encoding": null,
            "capability_suppress_extended_nexthop_encoding_inheritance_disable": null,
            "capability_suppress_four_byte_as": null,
            "capability_suppress_four_byte_as_inheritance_disable": null,
            "cluster_id_32bit_format": null,
            "cluster_id_ip_format": null,
            "dampening": null,
            "default_policy_action_in": null,
            "default_policy_action_out": null,
            "delete_mode": null,
            "description": null,
            "device": "ic-node-3",
            "dmz_link_bandwidth": null,
            "dmz_link_bandwidth_inheritance_disable": null,
            "dscp": null,
            "ebgp_multihop_maximum_hop_count": null,
            "ebgp_multihop_mpls": null,
            "ebgp_recv_extcommunity_dmz": null,
            "ebgp_recv_extcommunity_dmz_inheritance_disable": null,
            "ebgp_send_extcommunity_dmz": null,
            "ebgp_send_extcommunity_dmz_cumulative": null,
            "ebgp_send_extcommunity_dmz_inheritance_disable": null,
            "egress_engineering": null,
            "egress_engineering_inheritance_disable": null,
            "enforce_first_as": null,
            "fast_fallover": null,
            "fast_fallover_inheritance_disable": null,
            "graceful_maintenance_activate": null,
            "graceful_maintenance_activate_inheritance_disable": null,
            "graceful_maintenance_as_prepends_inheritance_disable": null,
            "graceful_maintenance_as_prepends_number": null,
            "graceful_maintenance_bandwidth_aware_bandwidth_threshold": null,
            "graceful_maintenance_bandwidth_aware_bandwidth_threshold_high": null,
            "graceful_maintenance_bandwidth_aware_inheritance_disable": null,
            "graceful_maintenance_bandwidth_aware_percentage_threshold": null,
            "graceful_maintenance_bandwidth_aware_percentage_threshold_high": null,
            "graceful_maintenance_local_preference": null,
            "graceful_maintenance_local_preference_inheritance_disable": null,
            "graceful_restart": null,
            "graceful_restart_disable": null,
            "graceful_restart_helper_only": null,
            "graceful_restart_helper_only_inheritance_disable": null,
            "graceful_restart_restart_time": null,
            "graceful_restart_stalepath_time": null,
            "id": "Cisco-IOS-XR-um-router-bgp-cfg:/router/bgp/as[as-number=65000]/neighbor-groups/neighbor-group[neighbor-group-name=RR-SERVERS]",
            "idle_watch_time": null,
            "ignore_connected_check": null,
            "ignore_connected_check_inheritance_disable": null,
            "internal_vpn_client": null,
            "keychain_inheritance_disable": null,
            "keychain_name": null,
            "local_address": null,
            "local_address_inheritance_disable": null,
            "local_address_subnet_mask": null,
            "local_address_subnet_prefix": null,
            "local_as": null,
            "local_as_inheritance_disable": null,
            "local_as_no_prepend": null,
            "local_as_no_prepend_replace_as": null,
            "local_as_no_prepend_replace_as_dual_as": null,
            "log_message_in_disable": null,
            "log_message_in_inheritance_disable": null,
            "log_message_in_size": null,
            "log_message_out_disable": null,
            "log_message_out_inheritance_disable": null,
            "log_message_out_size": null,
            "log_neighbor_changes_detail": null,
            "log_neighbor_changes_disable": null,
            "log_neighbor_changes_inheritance_disable": null,
            "maximum_peers": null,
            "name": "RR-SERVERS",
            "password": null,
            "password_inheritance_disable": null,
            "peer_sets": null,
            "precedence": null,
            "receive_buffer_size": null,
            "receive_buffer_size_read": null,
            "remote_as": "65000",
            "remote_as_list": null,
            "send_buffer_size": null,
            "send_buffer_size_write": null,
            "session_open_mode": null,
            "shutdown": false,
            "tcp_ip_only_preferred": null,
            "tcp_ip_only_preferred_inheritance_disable": null,
            "tcp_mss_inheritance_disable": null,
            "tcp_mss_value": null,
            "tcp_mtu_discovery": null,
            "tcp_mtu_discovery_inheritance_disable": null,
            "timers_holddown_zero": null,
            "timers_holddown_zero_minimum_acceptable_holdtime": null,
            "timers_holddown_zero_minimum_acceptable_zero": null,
            "timers_holdtime": null,
            "timers_holdtime_minimum_acceptable_holdtime": null,
            "timers_keepalive_interval": null,
            "ttl_security": null,
            "ttl_security_inheritance_disable": null,
            "update_in_error_handling_avoid_reset": null,
            "update_in_error_handling_treat_as_withdraw": null,
            "update_in_filtering_attribute_filter_group": null,
            "update_in_filtering_logging_disable": null,
            "update_in_filtering_message_buffers": null,
            "update_in_filtering_message_buffers_type": null,
            "update_in_labeled_unicast_equivalent": null,
            "update_in_labeled_unicast_equivalent_inheritance_disable": null,
            "update_source": "Loopback0",
            "use_neighbor_group": null,
            "use_session_group": null
          },
          "sensitive_attributes": [
            [
              {
                "type": "get_attr",
                "value": "password"
              }
            ]
          ],
          "identity_schema_version": 0,
          "private": "eyJpbXBvcnRpbmciOiJNQT09In0=",
          "dependencies": [
            "module.iosxr.iosxr_as_path_set.as_path_set",
            "module.iosxr.iosxr_bmp_server.bmp_server",
            "module.iosxr.iosxr_community_set.community_set",
            "module.iosxr.iosxr_esi_set.esi_set",
            "module.iosxr.iosxr_etag_set.etag_set",
            "module.iosxr.iosxr_extcommunity_bandwidth_set.extcommunity_bandwidth_set",
            "module.iosxr.iosxr_extcommunity_cost_set.extcommunity_cost_set",
            "module.iosxr.iosxr_extcommunity_evpn_link_bandwidth_set.extcommunity_evpn_link_bandwidth_set",
            "module.iosxr.iosxr_extcommunity_opaque_set.extcommunity_opaque_set",
            "module.iosxr.iosxr_extcommunity_rt_set.extcommunity_rt_set",
            "module.iosxr.iosxr_extcommunity_seg_nh_set.extcommunity_seg_nh_set",
            "module.iosxr.iosxr_extcommunity_soo_set.extcommunity_soo_set",
            "module.iosxr.iosxr_ipv4_prefix_list.ipv4_prefix_list",
            "module.iosxr.iosxr_ipv6_prefix_list.ipv6_prefix_list",
            "module.iosxr.iosxr_key_chain.key_chain",
            "module.iosxr.iosxr_large_community_set.large_community_set",
            "module.iosxr.iosxr_mac_set.mac_set",
            "module.iosxr.iosxr_ospf_area_set.ospf_area_set",
            "module.iosxr.iosxr_policy_global_set.policy_global_set",
            "module.iosxr.iosxr_prefix_set.prefix_set",
            "module.iosxr.iosxr_rd_set.rd_set",
            "module.iosxr.iosxr_route_policy.route_policy",
            "module.iosxr.iosxr_router_bgp.router_bgp",
            "module.iosxr.iosxr_router_bgp_address_family.ipv4_unicast",
            "module.iosxr.iosxr_router_bgp_address_family.ipv6_unicast",
            "module.iosxr.iosxr_router_bgp_address_family.l2vpn_evpn",
            "module.iosxr.iosxr_router_bgp_address_family.vpnv4_multicast",
            "module.iosxr.iosxr_router_bgp_address_family.vpnv4_unicast",
            "module.iosxr.iosxr_router_bgp_address_family.vpnv6_multicast",
            "module.iosxr.iosxr_router_bgp_address_family.vpnv6_unicast",
            "module.iosxr.iosxr_router_bgp_session_group.router_bgp_session_group",
            "module.iosxr.iosxr_tag_set.tag_set"
          ]
        },
        {
          "index_key": "ic-node-4/65000/RR-SERVERS",
          "schema_version": 0,
          "attributes": {
            "address_family": [
              {
                "accept_own": null,
                "accept_own_inheritance_disable": null,
                "additional_paths_receive": null,
                "additional_paths_receive_disable": null,
                "additional_paths_send": null,
                "additional_paths_send_disable": null,
                "advertise_l2vpn_evpn_re_originated": null,
                "advertise_l2vpn_evpn_re_originated_stitching_rt": null,
                "advertise_vpnv4_unicast": null,
                "advertise_vpnv4_unicast_re_originated": null,
                "advertise_vpnv4_unicast_re_originated_stitching_rt": null,
                "advertise_vpnv6_unicast": null,
                "advertise_vpnv6_unicast_re_originated": null,
                "advertise_vpnv6_unicast_re_originated_stitching_rt": null,
                "af_name": "l2vpn-evpn",
                "aigp": null,
                "aigp_disable": null,
                "aigp_send_cost_community_disable": null,
                "aigp_send_cost_community_id": null,
                "aigp_send_cost_community_id_poi_igp_cost": null,
                "aigp_send_cost_community_id_poi_igp_cost_transitive": null,
                "aigp_send_cost_community_id_poi_pre_bestpath": null,
                "aigp_send_cost_community_id_poi_pre_bestpath_transitive": null,
                "aigp_send_med": null,
                "aigp_send_med_disable": null,
                "allowas_in": null,
                "allowconfedas_in": null,
                "as_override": null,
                "as_override_inheritance_disable": null,
                "bestpath_origin_as_allow_invalid": null,
                "capability_orf_prefix": null,
                "cluster_id_allow_equal": null,
                "cluster_id_allow_equal_disable": null,
                "default_originate": null,
                "default_originate_inheritance_disable": null,
                "default_originate_route_policy": null,
                "encapsulation_type": null,
                "import_re_originate": null,
                "import_stitching_rt": null,
                "import_stitching_rt_re_originate": null,
                "import_stitching_rt_re_originate_stitching_rt": null,
                "maximum_prefix_discard_extra_paths": null,
                "maximum_prefix_limit": null,
                "maximum_prefix_restart": null,
                "maximum_prefix_threshold": null,
                "maximum_prefix_warning_only": null,
                "multipath": null,
                "next_hop_self": null,
                "next_hop_self_inheritance_disable": null,
                "next_hop_unchanged": null,
                "next_hop_unchanged_inheritance_disable": null,
                "next_hop_unchanged_multipath": null,
                "orf_route_policy": null,
                "origin_as_validation_disable": null,
                "remove_private_as": null,
                "remove_private_as_entire_aspath": null,
                "remove_private_as_inbound": null,
                "remove_private_as_inbound_entire_aspath": null,
                "remove_private_as_inbound_inheritance_disable": null,
                "remove_private_as_internal": null,
                "replace_private_as": null,
                "replace_private_as_internal": null,
                "route_policy_in": null,
                "route_policy_out": null,
                "route_reflector_client": null,
                "route_reflector_client_inheritance_disable": null,
                "segment_routing_srv6_prefix_sid_type4": null,
                "send_community_ebgp": null,
                "send_community_ebgp_inheritance_disable": null,
                "send_community_gshut_ebgp": null,
                "send_community_gshut_ebgp_inheritance_disable": null,
                "send_extended_community_ebgp": null,
                "send_extended_community_ebgp_inheritance_disable": null,
                "send_multicast_attributes": null,
                "send_multicast_attributes_disable": null,
                "site_of_origin_four_byte_as_index": null,
                "site_of_origin_four_byte_as_number": null,
                "site_of_origin_ipv4_address": null,
                "site_of_origin_ipv4_address_index": null,
                "site_of_origin_two_byte_as_index": null,
                "site_of_origin_two_byte_as_number": null,
                "slow_peer_dynamic": null,
                "slow_peer_dynamic_disable": null,
                "slow_peer_dynamic_threshold": null,
                "slow_peer_static": null,
                "soft_reconfiguration_inbound": null,
                "soft_reconfiguration_inbound_always": null,
                "update_out_originator_loopcheck": null,
                "update_out_originator_loopcheck_disable": null,
                "use_af_group": null,
                "weight": null
              }
            ],
            "advertisement_interval_milliseconds": null,
            "advertisement_interval_seconds": null,
            "allowas_in": null,
            "ao_inheritance_disable": null,
            "ao_key_chain_accept_mismatch": null,
            "ao_key_chain_include_tcp_options": null,
            "ao_key_chain_name": null,
            "as_number": "65000",
            "as_override": null,
            "as_path_loopcheck_out": null,
            "bfd_fast_detect": null,
            "bfd_fast_detect_disable": null,
            "bfd_fast_detect_strict_mode": null,
            "bfd_fast_detect_strict_mode_negotiate": null,
            "bfd_fast_detect_strict_mode_negotiate_override": null,
            "bfd_minimum_interval": null,
            "bfd_multiplier": null,
            "bmp_activate_servers": null,
            "capability_additional_paths_receive": null,
            "capability_additional_paths_receive_disable": null,
            "capability_additional_paths_send": null,
            "capability_additional_paths_send_disable": null,
            "capability_suppress_all": null,
            "capability_suppress_all_inheritance_disable": null,
            "capability_suppress_extended_nexthop_encoding": null,
            "capability_suppress_extended_nexthop_encoding_inheritance_disable": null,
            "capability_suppress_four_byte_as": null,
            "capability_suppress_four_byte_as_inheritance_disable": null,
            "cluster_id_32bit_format": null,
            "cluster_id_ip_format": null,
            "dampening": null,
            "default_policy_action_in": null,
            "default_policy_action_out": null,
            "delete_mode": null,
            "description": null,
            "device": "ic-node-4",
            "dmz_link_bandwidth": null,
            "dmz_link_bandwidth_inheritance_disable": null,
            "dscp": null,
            "ebgp_multihop_maximum_hop_count": null,
            "ebgp_multihop_mpls": null,
            "ebgp_recv_extcommunity_dmz": null,
            "ebgp_recv_extcommunity_dmz_inheritance_disable": null,
            "ebgp_send_extcommunity_dmz": null,
            "ebgp_send_extcommunity_dmz_cumulative": null,
            "ebgp_send_extcommunity_dmz_inheritance_disable": null,
            "egress_engineering": null,
            "egress_engineering_inheritance_disable": null,
            "enforce_first_as": null,
            "fast_fallover": null,
            "fast_fallover_inheritance_disable": null,
            "graceful_maintenance_activate": null,
            "graceful_maintenance_activate_inheritance_disable": null,
            "graceful_maintenance_as_prepends_inheritance_disable": null,
            "graceful_maintenance_as_prepends_number": null,
            "graceful_maintenance_bandwidth_aware_bandwidth_threshold": null,
            "graceful_maintenance_bandwidth_aware_bandwidth_threshold_high": null,
            "graceful_maintenance_bandwidth_aware_inheritance_disable": null,
            "graceful_maintenance_bandwidth_aware_percentage_threshold": null,
            "graceful_maintenance_bandwidth_aware_percentage_threshold_high": null,
            "graceful_maintenance_local_preference": null,
            "graceful_maintenance_local_preference_inheritance_disable": null,
            "graceful_restart": null,
            "graceful_restart_disable": null,
            "graceful_restart_helper_only": null,
            "graceful_restart_helper_only_inheritance_disable": null,
            "graceful_restart_restart_time": null,
            "graceful_restart_stalepath_time": null,
            "id": "Cisco-IOS-XR-um-router-bgp-cfg:/router/bgp/as[as-number=65000]/neighbor-groups/neighbor-group[neighbor-group-name=RR-SERVERS]",
            "idle_watch_time": null,
            "ignore_connected_check": null,
            "ignore_connected_check_inheritance_disable": null,
            "internal_vpn_client": null,
            "keychain_inheritance_disable": null,
            "keychain_name": null,
            "local_address": null,
            "local_address_inheritance_disable": null,
            "local_address_subnet_mask": null,
            "local_address_subnet_prefix": null,
            "local_as": null,
            "local_as_inheritance_disable": null,
            "local_as_no_prepend": null,
            "local_as_no_prepend_replace_as": null,
            "local_as_no_prepend_replace_as_dual_as": null,
            "log_message_in_disable": null,
            "log_message_in_inheritance_disable": null,
            "log_message_in_size": null,
            "log_message_out_disable": null,
            "log_message_out_inheritance_disable": null,
            "log_message_out_size": null,
            "log_neighbor_changes_detail": null,
            "log_neighbor_changes_disable": null,
            "log_neighbor_changes_inheritance_disable": null,
            "maximum_peers": null,
            "name": "RR-SERVERS",
            "password": null,
            "password_inheritance_disable": null,
            "peer_sets": null,
            "precedence": null,
            "receive_buffer_size": null,
            "receive_buffer_size_read": null,
            "remote_as": "65000",
            "remote_as_list": null,
            "send_buffer_size": null,
            "send_buffer_size_write": null,
            "session_open_mode": null,
            "shutdown": false,
            "tcp_ip_only_preferred": null,
            "tcp_ip_only_preferred_inheritance_disable": null,
            "tcp_mss_inheritance_disable": null,
            "tcp_mss_value": null,
            "tcp_mtu_discovery": null,
            "tcp_mtu_discovery_inheritance_disable": null,
            "timers_holddown_zero": null,
            "timers_holddown_zero_minimum_acceptable_holdtime": null,
            "timers_holddown_zero_minimum_acceptable_zero": null,
            "timers_holdtime": null,
            "timers_holdtime_minimum_acceptable_holdtime": null,
            "timers_keepalive_interval": null,
            "ttl_security": null,
            "ttl_security_inheritance_disable": null,
            "update_in_error_handling_avoid_reset": null,
            "update_in_error_handling_treat_as_withdraw": null,
            "update_in_filtering_attribute_filter_group": null,
            "update_in_filtering_logging_disable": null,
            "update_in_filtering_message_buffers": null,
            "update_in_filtering_message_buffers_type": null,
            "update_in_labeled_unicast_equivalent": null,
            "update_in_labeled_unicast_equivalent_inheritance_disable": null,
            "update_source": "Loopback0",
            "use_neighbor_group": null,
            "use_session_group": null
          },
          "sensitive_attributes": [
            [
              {
                "type": "get_attr",
                "value": "password"
              }
            ]
          ],
          "identity_schema_version": 0,
          "private": "eyJpbXBvcnRpbmciOiJNQT09In0=",
          "dependencies": [
            "module.iosxr.iosxr_as_path_set.as_path_set",
            "module.iosxr.iosxr_bmp_server.bmp_server",
            "module.iosxr.iosxr_community_set.community_set",
            "module.iosxr.iosxr_esi_set.esi_set",
            "module.iosxr.iosxr_etag_set.etag_set",
            "module.iosxr.iosxr_extcommunity_bandwidth_set.extcommunity_bandwidth_set",
            "module.iosxr.iosxr_extcommunity_cost_set.extcommunity_cost_set",
            "module.iosxr.iosxr_extcommunity_evpn_link_bandwidth_set.extcommunity_evpn_link_bandwidth_set",
            "module.iosxr.iosxr_extcommunity_opaque_set.extcommunity_opaque_set",
            "module.iosxr.iosxr_extcommunity_rt_set.extcommunity_rt_set",
            "module.iosxr.iosxr_extcommunity_seg_nh_set.extcommunity_seg_nh_set",
            "module.iosxr.iosxr_extcommunity_soo_set.extcommunity_soo_set",
            "module.iosxr.iosxr_ipv4_prefix_list.ipv4_prefix_list",
            "module.iosxr.iosxr_ipv6_prefix_list.ipv6_prefix_list",
            "module.iosxr.iosxr_key_chain.key_chain",
            "module.iosxr.iosxr_large_community_set.large_community_set",
            "module.iosxr.iosxr_mac_set.mac_set",
            "module.iosxr.iosxr_ospf_area_set.ospf_area_set",
            "module.iosxr.iosxr_policy_global_set.policy_global_set",
            "module.iosxr.iosxr_prefix_set.prefix_set",
            "module.iosxr.iosxr_rd_set.rd_set",
            "module.iosxr.iosxr_route_policy.route_policy",
            "module.iosxr.iosxr_router_bgp.router_bgp",
            "module.iosxr.iosxr_router_bgp_address_family.ipv4_unicast",
            "module.iosxr.iosxr_router_bgp_address_family.ipv6_unicast",
            "module.iosxr.iosxr_router_bgp_address_family.l2vpn_evpn",
            "module.iosxr.iosxr_router_bgp_address_family.vpnv4_multicast",
            "module.iosxr.iosxr_router_bgp_address_family.vpnv4_unicast",
            "module.iosxr.iosxr_router_bgp_address_family.vpnv6_multicast",
            "module.iosxr.iosxr_router_bgp_address_family.vpnv6_unicast",
            "module.iosxr.iosxr_router_bgp_session_group.router_bgp_session_group",
            "module.iosxr.iosxr_tag_set.tag_set"
          ]
        }
      ]
    },
    {
      "module": "module.iosxr",
      "mode": "managed",
      "type": "iosxr_router_bgp_vrf",
      "name": "router_bgp_vrf",
      "provider": "module.iosxr.provider[\"registry.terraform.io/ciscodevnet/iosxr\"]",
      "instances": [
        {
          "index_key": "ic-node-3/65000/10",
          "schema_version": 0,
          "attributes": {
            "as_number": "65000",
            "bfd_minimum_interval": null,
            "bfd_multiplier": null,
            "bgp_auto_policy_soft_reset_disable": null,
            "bgp_bestpath_aigp_ignore": null,
            "bgp_bestpath_as_path_ignore": null,
            "bgp_bestpath_as_path_multipath_relax": null,
            "bgp_bestpath_compare_routerid": null,
            "bgp_bestpath_cost_community_ignore": null,
            "bgp_bestpath_igp_metric_ignore": null,
            "bgp_bestpath_med_always": null,
            "bgp_bestpath_med_missing_as_worst": null,
            "bgp_bestpath_origin_as_allow_invalid": null,
            "bgp_bestpath_origin_as_use_validity": null,
            "bgp_bestpath_sr_policy_force": null,
            "bgp_bestpath_sr_policy_prefer": null,
            "bgp_default_local_preference": null,
            "bgp_enforce_first_as_disable": null,
            "bgp_fast_external_fallover_disable": null,
            "bgp_log_message_disable": null,
            "bgp_log_neighbor_changes_disable": null,
            "bgp_multipath_use_cluster_list_length": null,
            "bgp_origin_as_validation_signal_ibgp": null,
            "bgp_origin_as_validation_time": null,
            "bgp_origin_as_validation_time_off": null,
            "bgp_redistribute_internal": null,
            "bgp_router_id": null,
            "bgp_unsafe_ebgp_policy": null,
            "default_information_originate": null,
            "default_metric": null,
            "delete_mode": null,
            "device": "ic-node-3",
            "id": "Cisco-IOS-XR-um-router-bgp-cfg:/router/bgp/as[as-number=65000]/vrfs/vrf[vrf-name=10]",
            "mpls_activate_interfaces": null,
            "neighbors": [
              {
                "address": "172.16.10.2",
                "advertisement_interval_milliseconds": null,
                "advertisement_interval_seconds": null,
                "allowas_in": null,
                "ao_inheritance_disable": null,
                "ao_key_chain_accept_mismatch": null,
                "ao_key_chain_include_tcp_options": null,
                "ao_key_chain_name": null,
                "as_override": null,
                "as_path_loopcheck_out": null,
                "bestpath_origin_as_allow_invalid": null,
                "bfd_fast_detect": null,
                "bfd_fast_detect_disable": null,
                "bfd_fast_detect_strict_mode": null,
                "bfd_fast_detect_strict_mode_negotiate": null,
                "bfd_fast_detect_strict_mode_negotiate_override": null,
                "bfd_minimum_interval": null,
                "bfd_multiplier": null,
                "bmp_activate_servers": null,
                "capability_additional_paths_receive": null,
                "capability_additional_paths_receive_disable": null,
                "capability_additional_paths_send": null,
                "capability_additional_paths_send_disable": null,
                "capability_suppress_all": null,
                "capability_suppress_all_inheritance_disable": null,
                "capability_suppress_extended_nexthop_encoding": null,
                "capability_suppress_extended_nexthop_encoding_inheritance_disable": null,
                "capability_suppress_four_byte_as": null,
                "capability_suppress_four_byte_as_inheritance_disable": null,
                "cluster_id_32bit_format": null,
                "cluster_id_ip_format": null,
                "dampening": null,
                "default_policy_action_in": null,
                "default_policy_action_out": null,
                "description": null,
                "dmz_link_bandwidth": null,
                "dmz_link_bandwidth_inheritance_disable": null,
                "dscp": null,
                "ebgp_multihop_maximum_hop_count": null,
                "ebgp_multihop_mpls": null,
                "ebgp_recv_extcommunity_dmz": null,
                "ebgp_recv_extcommunity_dmz_inheritance_disable": null,
                "ebgp_send_extcommunity_dmz": null,
                "ebgp_send_extcommunity_dmz_cumulative": null,
                "ebgp_send_extcommunity_dmz_inheritance_disable": null,
                "egress_engineering": null,
                "egress_engineering_inheritance_disable": null,
                "enforce_first_as": null,
                "evpn_link_bandwidth": null,
                "evpn_link_bandwidth_inheritance_disable": null,
                "evpn_link_bandwidth_per_path_number": null,
                "fast_fallover": null,
                "fast_fallover_inheritance_disable": null,
                "graceful_maintenance_activate": null,
                "graceful_maintenance_activate_inheritance_disable": null,
                "graceful_maintenance_as_prepends_inheritance_disable": null,
                "graceful_maintenance_as_prepends_number": null,
                "graceful_maintenance_bandwidth_aware_bandwidth_threshold": null,
                "graceful_maintenance_bandwidth_aware_bandwidth_threshold_high": null,
                "graceful_maintenance_bandwidth_aware_inheritance_disable": null,
                "graceful_maintenance_bandwidth_aware_percentage_threshold": null,
                "graceful_maintenance_bandwidth_aware_percentage_threshold_high": null,
                "graceful_maintenance_local_preference": null,
                "graceful_maintenance_local_preference_inheritance_disable": null,
                "graceful_restart": null,
                "graceful_restart_disable": null,
                "graceful_restart_helper_only": null,
                "graceful_restart_helper_only_inheritance_disable": null,
                "graceful_restart_restart_time": null,
                "graceful_restart_stalepath_time": null,
                "idle_watch_time": null,
                "ignore_connected_check": null,
                "keychain_inheritance_disable": null,
                "keychain_name": null,
                "local_address": null,
                "local_address_inheritance_disable": null,
                "local_address_subnet_mask": null,
                "local_address_subnet_prefix": null,
                "local_as": null,
                "local_as_inheritance_disable": null,
                "local_as_no_prepend": null,
                "local_as_no_prepend_replace_as": null,
                "local_as_no_prepend_replace_as_dual_as": null,
                "log_message_in_disable": null,
                "log_message_in_inheritance_disable": null,
                "log_message_in_size": null,
                "log_message_out_disable": null,
                "log_message_out_inheritance_disable": null,
                "log_message_out_size": null,
                "log_neighbor_changes_detail": null,
                "log_neighbor_changes_disable": null,
                "log_neighbor_changes_inheritance_disable": null,
                "maximum_peers": null,
                "origin_as_validation_disable": null,
                "password": null,
                "password_inheritance_disable": null,
                "peer_sets": null,
                "precedence": null,
                "receive_buffer_size": null,
                "receive_buffer_size_read": null,
                "remote_as": "65001",
                "remote_as_list": null,
                "send_buffer_size": null,
                "send_buffer_size_write": null,
                "send_extended_community_ebgp": null,
                "send_extended_community_ebgp_inheritance_disable": null,
                "session_open_mode": null,
                "shutdown": null,
                "tcp_ip_only_preferred": null,
                "tcp_ip_only_preferred_inheritance_disable": null,
                "tcp_mss_inheritance_disable": null,
                "tcp_mss_value": null,
                "tcp_mtu_discovery": null,
                "tcp_mtu_discovery_inheritance_disable": null,
                "timers_holddown_zero": null,
                "timers_holddown_zero_minimum_acceptable_holdtime": null,
                "timers_holddown_zero_minimum_acceptable_zero": null,
                "timers_holdtime": null,
                "timers_holdtime_minimum_acceptable_holdtime": null,
                "timers_keepalive_interval": null,
                "ttl_security": null,
                "ttl_security_inheritance_disable": null,
                "update_in_error_handling_avoid_reset": null,
                "update_in_error_handling_treat_as_withdraw": null,
                "update_in_filtering_attribute_filter_group": null,
                "update_in_filtering_logging_disable": null,
                "update_in_filtering_message_buffers": null,
                "update_in_filtering_message_buffers_type": null,
                "update_in_labeled_unicast_equivalent": null,
                "update_in_labeled_unicast_equivalent_inheritance_disable": null,
                "update_source": null,
                "use_neighbor_group": null,
                "use_session_group": null
              }
            ],
            "nexthop_mpls_forwarding_ibgp": null,
            "nexthop_resolution_allow_default": null,
            "rd_auto": null,
            "rd_four_byte_as_index": null,
            "rd_four_byte_as_number": null,
            "rd_ipv4_address_address": null,
            "rd_ipv4_address_index": null,
            "rd_two_byte_as_index": 10,
            "rd_two_byte_as_number": "65000",
            "socket_receive_buffer_size": null,
            "socket_receive_buffer_size_read": null,
            "socket_send_buffer_size": null,
            "socket_send_buffer_size_write": null,
            "timers_bgp_holddown_zero": null,
            "timers_bgp_holddown_zero_minimum_acceptable_holdtime": null,
            "timers_bgp_holddown_zero_minimum_acceptable_zero": null,
            "timers_bgp_holdtime": null,
            "timers_bgp_holdtime_minimum_acceptable_holdtime": null,
            "timers_bgp_keepalive_interval": null,
            "vrf_name": "10"
          },
          "sensitive_attributes": [
            [
              {
                "type": "get_attr",
                "value": "neighbors"
              },
              {
                "type": "index",
                "value": {
                  "value": 0,
                  "type": "number"
                }
              },
              {
                "type": "get_attr",
                "value": "password"
              }
            ]
          ],
          "identity_schema_version": 0,
          "private": "eyJpbXBvcnRpbmciOiJNQT09In0=",
          "dependencies": [
            "module.iosxr.iosxr_as_path_set.as_path_set",
            "module.iosxr.iosxr_bmp_server.bmp_server",
            "module.iosxr.iosxr_community_set.community_set",
            "module.iosxr.iosxr_esi_set.esi_set",
            "module.iosxr.iosxr_etag_set.etag_set",
            "module.iosxr.iosxr_extcommunity_bandwidth_set.extcommunity_bandwidth_set",
            "module.iosxr.iosxr_extcommunity_cost_set.extcommunity_cost_set",
            "module.iosxr.iosxr_extcommunity_evpn_link_bandwidth_set.extcommunity_evpn_link_bandwidth_set",
            "module.iosxr.iosxr_extcommunity_opaque_set.extcommunity_opaque_set",
            "module.iosxr.iosxr_extcommunity_rt_set.extcommunity_rt_set",
            "module.iosxr.iosxr_extcommunity_seg_nh_set.extcommunity_seg_nh_set",
            "module.iosxr.iosxr_extcommunity_soo_set.extcommunity_soo_set",
            "module.iosxr.iosxr_ipv4_prefix_list.ipv4_prefix_list",
            "module.iosxr.iosxr_ipv6_prefix_list.ipv6_prefix_list",
            "module.iosxr.iosxr_key_chain.key_chain",
            "module.iosxr.iosxr_large_community_set.large_community_set",
            "module.iosxr.iosxr_mac_set.mac_set",
            "module.iosxr.iosxr_ospf_area_set.ospf_area_set",
            "module.iosxr.iosxr_policy_global_set.policy_global_set",
            "module.iosxr.iosxr_prefix_set.prefix_set",
            "module.iosxr.iosxr_rd_set.rd_set",
            "module.iosxr.iosxr_route_policy.route_policy",
            "module.iosxr.iosxr_router_bgp.router_bgp",
            "module.iosxr.iosxr_router_bgp_address_family.ipv4_unicast",
            "module.iosxr.iosxr_router_bgp_address_family.ipv6_unicast",
            "module.iosxr.iosxr_router_bgp_address_family.l2vpn_evpn",
            "module.iosxr.iosxr_router_bgp_address_family.vpnv4_multicast",
            "module.iosxr.iosxr_router_bgp_address_family.vpnv4_unicast",
            "module.iosxr.iosxr_router_bgp_address_family.vpnv6_multicast",
            "module.iosxr.iosxr_router_bgp_address_family.vpnv6_unicast",
            "module.iosxr.iosxr_router_bgp_af_group.router_bgp_af_group",
            "module.iosxr.iosxr_router_bgp_neighbor_group.router_bgp_neighbor_group",
            "module.iosxr.iosxr_router_bgp_session_group.router_bgp_session_group",
            "module.iosxr.iosxr_tag_set.tag_set",
            "module.iosxr.iosxr_vrf.vrf"
          ]
        },
        {
          "index_key": "ic-node-3/65000/20",
          "schema_version": 0,
          "attributes": {
            "as_number": "65000",
            "bfd_minimum_interval": null,
            "bfd_multiplier": null,
            "bgp_auto_policy_soft_reset_disable": null,
            "bgp_bestpath_aigp_ignore": null,
            "bgp_bestpath_as_path_ignore": null,
            "bgp_bestpath_as_path_multipath_relax": null,
            "bgp_bestpath_compare_routerid": null,
            "bgp_bestpath_cost_community_ignore": null,
            "bgp_bestpath_igp_metric_ignore": null,
            "bgp_bestpath_med_always": null,
            "bgp_bestpath_med_missing_as_worst": null,
            "bgp_bestpath_origin_as_allow_invalid": null,
            "bgp_bestpath_origin_as_use_validity": null,
            "bgp_bestpath_sr_policy_force": null,
            "bgp_bestpath_sr_policy_prefer": null,
            "bgp_default_local_preference": null,
            "bgp_enforce_first_as_disable": null,
            "bgp_fast_external_fallover_disable": null,
            "bgp_log_message_disable": null,
            "bgp_log_neighbor_changes_disable": null,
            "bgp_multipath_use_cluster_list_length": null,
            "bgp_origin_as_validation_signal_ibgp": null,
            "bgp_origin_as_validation_time": null,
            "bgp_origin_as_validation_time_off": null,
            "bgp_redistribute_internal": null,
            "bgp_router_id": null,
            "bgp_unsafe_ebgp_policy": null,
            "default_information_originate": null,
            "default_metric": null,
            "delete_mode": null,
            "device": "ic-node-3",
            "id": "Cisco-IOS-XR-um-router-bgp-cfg:/router/bgp/as[as-number=65000]/vrfs/vrf[vrf-name=20]",
            "mpls_activate_interfaces": null,
            "neighbors": [
              {
                "address": "172.16.20.2",
                "advertisement_interval_milliseconds": null,
                "advertisement_interval_seconds": null,
                "allowas_in": null,
                "ao_inheritance_disable": null,
                "ao_key_chain_accept_mismatch": null,
                "ao_key_chain_include_tcp_options": null,
                "ao_key_chain_name": null,
                "as_override": null,
                "as_path_loopcheck_out": null,
                "bestpath_origin_as_allow_invalid": null,
                "bfd_fast_detect": null,
                "bfd_fast_detect_disable": null,
                "bfd_fast_detect_strict_mode": null,
                "bfd_fast_detect_strict_mode_negotiate": null,
                "bfd_fast_detect_strict_mode_negotiate_override": null,
                "bfd_minimum_interval": null,
                "bfd_multiplier": null,
                "bmp_activate_servers": null,
                "capability_additional_paths_receive": null,
                "capability_additional_paths_receive_disable": null,
                "capability_additional_paths_send": null,
                "capability_additional_paths_send_disable": null,
                "capability_suppress_all": null,
                "capability_suppress_all_inheritance_disable": null,
                "capability_suppress_extended_nexthop_encoding": null,
                "capability_suppress_extended_nexthop_encoding_inheritance_disable": null,
                "capability_suppress_four_byte_as": null,
                "capability_suppress_four_byte_as_inheritance_disable": null,
                "cluster_id_32bit_format": null,
                "cluster_id_ip_format": null,
                "dampening": null,
                "default_policy_action_in": null,
                "default_policy_action_out": null,
                "description": null,
                "dmz_link_bandwidth": null,
                "dmz_link_bandwidth_inheritance_disable": null,
                "dscp": null,
                "ebgp_multihop_maximum_hop_count": null,
                "ebgp_multihop_mpls": null,
                "ebgp_recv_extcommunity_dmz": null,
                "ebgp_recv_extcommunity_dmz_inheritance_disable": null,
                "ebgp_send_extcommunity_dmz": null,
                "ebgp_send_extcommunity_dmz_cumulative": null,
                "ebgp_send_extcommunity_dmz_inheritance_disable": null,
                "egress_engineering": null,
                "egress_engineering_inheritance_disable": null,
                "enforce_first_as": null,
                "evpn_link_bandwidth": null,
                "evpn_link_bandwidth_inheritance_disable": null,
                "evpn_link_bandwidth_per_path_number": null,
                "fast_fallover": null,
                "fast_fallover_inheritance_disable": null,
                "graceful_maintenance_activate": null,
                "graceful_maintenance_activate_inheritance_disable": null,
                "graceful_maintenance_as_prepends_inheritance_disable": null,
                "graceful_maintenance_as_prepends_number": null,
                "graceful_maintenance_bandwidth_aware_bandwidth_threshold": null,
                "graceful_maintenance_bandwidth_aware_bandwidth_threshold_high": null,
                "graceful_maintenance_bandwidth_aware_inheritance_disable": null,
                "graceful_maintenance_bandwidth_aware_percentage_threshold": null,
                "graceful_maintenance_bandwidth_aware_percentage_threshold_high": null,
                "graceful_maintenance_local_preference": null,
                "graceful_maintenance_local_preference_inheritance_disable": null,
                "graceful_restart": null,
                "graceful_restart_disable": null,
                "graceful_restart_helper_only": null,
                "graceful_restart_helper_only_inheritance_disable": null,
                "graceful_restart_restart_time": null,
                "graceful_restart_stalepath_time": null,
                "idle_watch_time": null,
                "ignore_connected_check": null,
                "keychain_inheritance_disable": null,
                "keychain_name": null,
                "local_address": null,
                "local_address_inheritance_disable": null,
                "local_address_subnet_mask": null,
                "local_address_subnet_prefix": null,
                "local_as": null,
                "local_as_inheritance_disable": null,
                "local_as_no_prepend": null,
                "local_as_no_prepend_replace_as": null,
                "local_as_no_prepend_replace_as_dual_as": null,
                "log_message_in_disable": null,
                "log_message_in_inheritance_disable": null,
                "log_message_in_size": null,
                "log_message_out_disable": null,
                "log_message_out_inheritance_disable": null,
                "log_message_out_size": null,
                "log_neighbor_changes_detail": null,
                "log_neighbor_changes_disable": null,
                "log_neighbor_changes_inheritance_disable": null,
                "maximum_peers": null,
                "origin_as_validation_disable": null,
                "password": null,
                "password_inheritance_disable": null,
                "peer_sets": null,
                "precedence": null,
                "receive_buffer_size": null,
                "receive_buffer_size_read": null,
                "remote_as": "65001",
                "remote_as_list": null,
                "send_buffer_size": null,
                "send_buffer_size_write": null,
                "send_extended_community_ebgp": null,
                "send_extended_community_ebgp_inheritance_disable": null,
                "session_open_mode": null,
                "shutdown": null,
                "tcp_ip_only_preferred": null,
                "tcp_ip_only_preferred_inheritance_disable": null,
                "tcp_mss_inheritance_disable": null,
                "tcp_mss_value": null,
                "tcp_mtu_discovery": null,
                "tcp_mtu_discovery_inheritance_disable": null,
                "timers_holddown_zero": null,
                "timers_holddown_zero_minimum_acceptable_holdtime": null,
                "timers_holddown_zero_minimum_acceptable_zero": null,
                "timers_holdtime": null,
                "timers_holdtime_minimum_acceptable_holdtime": null,
                "timers_keepalive_interval": null,
                "ttl_security": null,
                "ttl_security_inheritance_disable": null,
                "update_in_error_handling_avoid_reset": null,
                "update_in_error_handling_treat_as_withdraw": null,
                "update_in_filtering_attribute_filter_group": null,
                "update_in_filtering_logging_disable": null,
                "update_in_filtering_message_buffers": null,
                "update_in_filtering_message_buffers_type": null,
                "update_in_labeled_unicast_equivalent": null,
                "update_in_labeled_unicast_equivalent_inheritance_disable": null,
                "update_source": null,
                "use_neighbor_group": null,
                "use_session_group": null
              }
            ],
            "nexthop_mpls_forwarding_ibgp": null,
            "nexthop_resolution_allow_default": null,
            "rd_auto": null,
            "rd_four_byte_as_index": null,
            "rd_four_byte_as_number": null,
            "rd_ipv4_address_address": null,
            "rd_ipv4_address_index": null,
            "rd_two_byte_as_index": 20,
            "rd_two_byte_as_number": "65000",
            "socket_receive_buffer_size": null,
            "socket_receive_buffer_size_read": null,
            "socket_send_buffer_size": null,
            "socket_send_buffer_size_write": null,
            "timers_bgp_holddown_zero": null,
            "timers_bgp_holddown_zero_minimum_acceptable_holdtime": null,
            "timers_bgp_holddown_zero_minimum_acceptable_zero": null,
            "timers_bgp_holdtime": null,
            "timers_bgp_holdtime_minimum_acceptable_holdtime": null,
            "timers_bgp_keepalive_interval": null,
            "vrf_name": "20"
          },
          "sensitive_attributes": [
            [
              {
                "type": "get_attr",
                "value": "neighbors"
              },
              {
                "type": "index",
                "value": {
                  "value": 0,
                  "type": "number"
                }
              },
              {
                "type": "get_attr",
                "value": "password"
              }
            ]
          ],
          "identity_schema_version": 0,
          "private": "eyJpbXBvcnRpbmciOiJNQT09In0=",
          "dependencies": [
            "module.iosxr.iosxr_as_path_set.as_path_set",
            "module.iosxr.iosxr_bmp_server.bmp_server",
            "module.iosxr.iosxr_community_set.community_set",
            "module.iosxr.iosxr_esi_set.esi_set",
            "module.iosxr.iosxr_etag_set.etag_set",
            "module.iosxr.iosxr_extcommunity_bandwidth_set.extcommunity_bandwidth_set",
            "module.iosxr.iosxr_extcommunity_cost_set.extcommunity_cost_set",
            "module.iosxr.iosxr_extcommunity_evpn_link_bandwidth_set.extcommunity_evpn_link_bandwidth_set",
            "module.iosxr.iosxr_extcommunity_opaque_set.extcommunity_opaque_set",
            "module.iosxr.iosxr_extcommunity_rt_set.extcommunity_rt_set",
            "module.iosxr.iosxr_extcommunity_seg_nh_set.extcommunity_seg_nh_set",
            "module.iosxr.iosxr_extcommunity_soo_set.extcommunity_soo_set",
            "module.iosxr.iosxr_ipv4_prefix_list.ipv4_prefix_list",
            "module.iosxr.iosxr_ipv6_prefix_list.ipv6_prefix_list",
            "module.iosxr.iosxr_key_chain.key_chain",
            "module.iosxr.iosxr_large_community_set.large_community_set",
            "module.iosxr.iosxr_mac_set.mac_set",
            "module.iosxr.iosxr_ospf_area_set.ospf_area_set",
            "module.iosxr.iosxr_policy_global_set.policy_global_set",
            "module.iosxr.iosxr_prefix_set.prefix_set",
            "module.iosxr.iosxr_rd_set.rd_set",
            "module.iosxr.iosxr_route_policy.route_policy",
            "module.iosxr.iosxr_router_bgp.router_bgp",
            "module.iosxr.iosxr_router_bgp_address_family.ipv4_unicast",
            "module.iosxr.iosxr_router_bgp_address_family.ipv6_unicast",
            "module.iosxr.iosxr_router_bgp_address_family.l2vpn_evpn",
            "module.iosxr.iosxr_router_bgp_address_family.vpnv4_multicast",
            "module.iosxr.iosxr_router_bgp_address_family.vpnv4_unicast",
            "module.iosxr.iosxr_router_bgp_address_family.vpnv6_multicast",
            "module.iosxr.iosxr_router_bgp_address_family.vpnv6_unicast",
            "module.iosxr.iosxr_router_bgp_af_group.router_bgp_af_group",
            "module.iosxr.iosxr_router_bgp_neighbor_group.router_bgp_neighbor_group",
            "module.iosxr.iosxr_router_bgp_session_group.router_bgp_session_group",
            "module.iosxr.iosxr_tag_set.tag_set",
            "module.iosxr.iosxr_vrf.vrf"
          ]
        },
        {
          "index_key": "ic-node-3/65000/30",
          "schema_version": 0,
          "attributes": {
            "as_number": "65000",
            "bfd_minimum_interval": null,
            "bfd_multiplier": null,
            "bgp_auto_policy_soft_reset_disable": null,
            "bgp_bestpath_aigp_ignore": null,
            "bgp_bestpath_as_path_ignore": null,
            "bgp_bestpath_as_path_multipath_relax": null,
            "bgp_bestpath_compare_routerid": null,
            "bgp_bestpath_cost_community_ignore": null,
            "bgp_bestpath_igp_metric_ignore": null,
            "bgp_bestpath_med_always": null,
            "bgp_bestpath_med_missing_as_worst": null,
            "bgp_bestpath_origin_as_allow_invalid": null,
            "bgp_bestpath_origin_as_use_validity": null,
            "bgp_bestpath_sr_policy_force": null,
            "bgp_bestpath_sr_policy_prefer": null,
            "bgp_default_local_preference": null,
            "bgp_enforce_first_as_disable": null,
            "bgp_fast_external_fallover_disable": null,
            "bgp_log_message_disable": null,
            "bgp_log_neighbor_changes_disable": null,
            "bgp_multipath_use_cluster_list_length": null,
            "bgp_origin_as_validation_signal_ibgp": null,
            "bgp_origin_as_validation_time": null,
            "bgp_origin_as_validation_time_off": null,
            "bgp_redistribute_internal": null,
            "bgp_router_id": null,
            "bgp_unsafe_ebgp_policy": null,
            "default_information_originate": null,
            "default_metric": null,
            "delete_mode": null,
            "device": "ic-node-3",
            "id": "Cisco-IOS-XR-um-router-bgp-cfg:/router/bgp/as[as-number=65000]/vrfs/vrf[vrf-name=30]",
            "mpls_activate_interfaces": null,
            "neighbors": [
              {
                "address": "172.16.30.2",
                "advertisement_interval_milliseconds": null,
                "advertisement_interval_seconds": null,
                "allowas_in": null,
                "ao_inheritance_disable": null,
                "ao_key_chain_accept_mismatch": null,
                "ao_key_chain_include_tcp_options": null,
                "ao_key_chain_name": null,
                "as_override": null,
                "as_path_loopcheck_out": null,
                "bestpath_origin_as_allow_invalid": null,
                "bfd_fast_detect": null,
                "bfd_fast_detect_disable": null,
                "bfd_fast_detect_strict_mode": null,
                "bfd_fast_detect_strict_mode_negotiate": null,
                "bfd_fast_detect_strict_mode_negotiate_override": null,
                "bfd_minimum_interval": null,
                "bfd_multiplier": null,
                "bmp_activate_servers": null,
                "capability_additional_paths_receive": null,
                "capability_additional_paths_receive_disable": null,
                "capability_additional_paths_send": null,
                "capability_additional_paths_send_disable": null,
                "capability_suppress_all": null,
                "capability_suppress_all_inheritance_disable": null,
                "capability_suppress_extended_nexthop_encoding": null,
                "capability_suppress_extended_nexthop_encoding_inheritance_disable": null,
                "capability_suppress_four_byte_as": null,
                "capability_suppress_four_byte_as_inheritance_disable": null,
                "cluster_id_32bit_format": null,
                "cluster_id_ip_format": null,
                "dampening": null,
                "default_policy_action_in": null,
                "default_policy_action_out": null,
                "description": null,
                "dmz_link_bandwidth": null,
                "dmz_link_bandwidth_inheritance_disable": null,
                "dscp": null,
                "ebgp_multihop_maximum_hop_count": null,
                "ebgp_multihop_mpls": null,
                "ebgp_recv_extcommunity_dmz": null,
                "ebgp_recv_extcommunity_dmz_inheritance_disable": null,
                "ebgp_send_extcommunity_dmz": null,
                "ebgp_send_extcommunity_dmz_cumulative": null,
                "ebgp_send_extcommunity_dmz_inheritance_disable": null,
                "egress_engineering": null,
                "egress_engineering_inheritance_disable": null,
                "enforce_first_as": null,
                "evpn_link_bandwidth": null,
                "evpn_link_bandwidth_inheritance_disable": null,
                "evpn_link_bandwidth_per_path_number": null,
                "fast_fallover": null,
                "fast_fallover_inheritance_disable": null,
                "graceful_maintenance_activate": null,
                "graceful_maintenance_activate_inheritance_disable": null,
                "graceful_maintenance_as_prepends_inheritance_disable": null,
                "graceful_maintenance_as_prepends_number": null,
                "graceful_maintenance_bandwidth_aware_bandwidth_threshold": null,
                "graceful_maintenance_bandwidth_aware_bandwidth_threshold_high": null,
                "graceful_maintenance_bandwidth_aware_inheritance_disable": null,
                "graceful_maintenance_bandwidth_aware_percentage_threshold": null,
                "graceful_maintenance_bandwidth_aware_percentage_threshold_high": null,
                "graceful_maintenance_local_preference": null,
                "graceful_maintenance_local_preference_inheritance_disable": null,
                "graceful_restart": null,
                "graceful_restart_disable": null,
                "graceful_restart_helper_only": null,
                "graceful_restart_helper_only_inheritance_disable": null,
                "graceful_restart_restart_time": null,
                "graceful_restart_stalepath_time": null,
                "idle_watch_time": null,
                "ignore_connected_check": null,
                "keychain_inheritance_disable": null,
                "keychain_name": null,
                "local_address": null,
                "local_address_inheritance_disable": null,
                "local_address_subnet_mask": null,
                "local_address_subnet_prefix": null,
                "local_as": null,
                "local_as_inheritance_disable": null,
                "local_as_no_prepend": null,
                "local_as_no_prepend_replace_as": null,
                "local_as_no_prepend_replace_as_dual_as": null,
                "log_message_in_disable": null,
                "log_message_in_inheritance_disable": null,
                "log_message_in_size": null,
                "log_message_out_disable": null,
                "log_message_out_inheritance_disable": null,
                "log_message_out_size": null,
                "log_neighbor_changes_detail": null,
                "log_neighbor_changes_disable": null,
                "log_neighbor_changes_inheritance_disable": null,
                "maximum_peers": null,
                "origin_as_validation_disable": null,
                "password": null,
                "password_inheritance_disable": null,
                "peer_sets": null,
                "precedence": null,
                "receive_buffer_size": null,
                "receive_buffer_size_read": null,
                "remote_as": "65001",
                "remote_as_list": null,
                "send_buffer_size": null,
                "send_buffer_size_write": null,
                "send_extended_community_ebgp": null,
                "send_extended_community_ebgp_inheritance_disable": null,
                "session_open_mode": null,
                "shutdown": null,
                "tcp_ip_only_preferred": null,
                "tcp_ip_only_preferred_inheritance_disable": null,
                "tcp_mss_inheritance_disable": null,
                "tcp_mss_value": null,
                "tcp_mtu_discovery": null,
                "tcp_mtu_discovery_inheritance_disable": null,
                "timers_holddown_zero": null,
                "timers_holddown_zero_minimum_acceptable_holdtime": null,
                "timers_holddown_zero_minimum_acceptable_zero": null,
                "timers_holdtime": null,
                "timers_holdtime_minimum_acceptable_holdtime": null,
                "timers_keepalive_interval": null,
                "ttl_security": null,
                "ttl_security_inheritance_disable": null,
                "update_in_error_handling_avoid_reset": null,
                "update_in_error_handling_treat_as_withdraw": null,
                "update_in_filtering_attribute_filter_group": null,
                "update_in_filtering_logging_disable": null,
                "update_in_filtering_message_buffers": null,
                "update_in_filtering_message_buffers_type": null,
                "update_in_labeled_unicast_equivalent": null,
                "update_in_labeled_unicast_equivalent_inheritance_disable": null,
                "update_source": null,
                "use_neighbor_group": null,
                "use_session_group": null
              }
            ],
            "nexthop_mpls_forwarding_ibgp": null,
            "nexthop_resolution_allow_default": null,
            "rd_auto": null,
            "rd_four_byte_as_index": null,
            "rd_four_byte_as_number": null,
            "rd_ipv4_address_address": null,
            "rd_ipv4_address_index": null,
            "rd_two_byte_as_index": 30,
            "rd_two_byte_as_number": "65000",
            "socket_receive_buffer_size": null,
            "socket_receive_buffer_size_read": null,
            "socket_send_buffer_size": null,
            "socket_send_buffer_size_write": null,
            "timers_bgp_holddown_zero": null,
            "timers_bgp_holddown_zero_minimum_acceptable_holdtime": null,
            "timers_bgp_holddown_zero_minimum_acceptable_zero": null,
            "timers_bgp_holdtime": null,
            "timers_bgp_holdtime_minimum_acceptable_holdtime": null,
            "timers_bgp_keepalive_interval": null,
            "vrf_name": "30"
          },
          "sensitive_attributes": [
            [
              {
                "type": "get_attr",
                "value": "neighbors"
              },
              {
                "type": "index",
                "value": {
                  "value": 0,
                  "type": "number"
                }
              },
              {
                "type": "get_attr",
                "value": "password"
              }
            ]
          ],
          "identity_schema_version": 0,
          "private": "eyJpbXBvcnRpbmciOiJNQT09In0=",
          "dependencies": [
            "module.iosxr.iosxr_as_path_set.as_path_set",
            "module.iosxr.iosxr_bmp_server.bmp_server",
            "module.iosxr.iosxr_community_set.community_set",
            "module.iosxr.iosxr_esi_set.esi_set",
            "module.iosxr.iosxr_etag_set.etag_set",
            "module.iosxr.iosxr_extcommunity_bandwidth_set.extcommunity_bandwidth_set",
            "module.iosxr.iosxr_extcommunity_cost_set.extcommunity_cost_set",
            "module.iosxr.iosxr_extcommunity_evpn_link_bandwidth_set.extcommunity_evpn_link_bandwidth_set",
            "module.iosxr.iosxr_extcommunity_opaque_set.extcommunity_opaque_set",
            "module.iosxr.iosxr_extcommunity_rt_set.extcommunity_rt_set",
            "module.iosxr.iosxr_extcommunity_seg_nh_set.extcommunity_seg_nh_set",
            "module.iosxr.iosxr_extcommunity_soo_set.extcommunity_soo_set",
            "module.iosxr.iosxr_ipv4_prefix_list.ipv4_prefix_list",
            "module.iosxr.iosxr_ipv6_prefix_list.ipv6_prefix_list",
            "module.iosxr.iosxr_key_chain.key_chain",
            "module.iosxr.iosxr_large_community_set.large_community_set",
            "module.iosxr.iosxr_mac_set.mac_set",
            "module.iosxr.iosxr_ospf_area_set.ospf_area_set",
            "module.iosxr.iosxr_policy_global_set.policy_global_set",
            "module.iosxr.iosxr_prefix_set.prefix_set",
            "module.iosxr.iosxr_rd_set.rd_set",
            "module.iosxr.iosxr_route_policy.route_policy",
            "module.iosxr.iosxr_router_bgp.router_bgp",
            "module.iosxr.iosxr_router_bgp_address_family.ipv4_unicast",
            "module.iosxr.iosxr_router_bgp_address_family.ipv6_unicast",
            "module.iosxr.iosxr_router_bgp_address_family.l2vpn_evpn",
            "module.iosxr.iosxr_router_bgp_address_family.vpnv4_multicast",
            "module.iosxr.iosxr_router_bgp_address_family.vpnv4_unicast",
            "module.iosxr.iosxr_router_bgp_address_family.vpnv6_multicast",
            "module.iosxr.iosxr_router_bgp_address_family.vpnv6_unicast",
            "module.iosxr.iosxr_router_bgp_af_group.router_bgp_af_group",
            "module.iosxr.iosxr_router_bgp_neighbor_group.router_bgp_neighbor_group",
            "module.iosxr.iosxr_router_bgp_session_group.router_bgp_session_group",
            "module.iosxr.iosxr_tag_set.tag_set",
            "module.iosxr.iosxr_vrf.vrf"
          ]
        },
        {
          "index_key": "ic-node-3/65000/40",
          "schema_version": 0,
          "attributes": {
            "as_number": "65000",
            "bfd_minimum_interval": null,
            "bfd_multiplier": null,
            "bgp_auto_policy_soft_reset_disable": null,
            "bgp_bestpath_aigp_ignore": null,
            "bgp_bestpath_as_path_ignore": null,
            "bgp_bestpath_as_path_multipath_relax": null,
            "bgp_bestpath_compare_routerid": null,
            "bgp_bestpath_cost_community_ignore": null,
            "bgp_bestpath_igp_metric_ignore": null,
            "bgp_bestpath_med_always": null,
            "bgp_bestpath_med_missing_as_worst": null,
            "bgp_bestpath_origin_as_allow_invalid": null,
            "bgp_bestpath_origin_as_use_validity": null,
            "bgp_bestpath_sr_policy_force": null,
            "bgp_bestpath_sr_policy_prefer": null,
            "bgp_default_local_preference": null,
            "bgp_enforce_first_as_disable": null,
            "bgp_fast_external_fallover_disable": null,
            "bgp_log_message_disable": null,
            "bgp_log_neighbor_changes_disable": null,
            "bgp_multipath_use_cluster_list_length": null,
            "bgp_origin_as_validation_signal_ibgp": null,
            "bgp_origin_as_validation_time": null,
            "bgp_origin_as_validation_time_off": null,
            "bgp_redistribute_internal": null,
            "bgp_router_id": null,
            "bgp_unsafe_ebgp_policy": null,
            "default_information_originate": null,
            "default_metric": null,
            "delete_mode": null,
            "device": "ic-node-3",
            "id": "Cisco-IOS-XR-um-router-bgp-cfg:/router/bgp/as[as-number=65000]/vrfs/vrf[vrf-name=40]",
            "mpls_activate_interfaces": null,
            "neighbors": [
              {
                "address": "172.16.40.2",
                "advertisement_interval_milliseconds": null,
                "advertisement_interval_seconds": null,
                "allowas_in": null,
                "ao_inheritance_disable": null,
                "ao_key_chain_accept_mismatch": null,
                "ao_key_chain_include_tcp_options": null,
                "ao_key_chain_name": null,
                "as_override": null,
                "as_path_loopcheck_out": null,
                "bestpath_origin_as_allow_invalid": null,
                "bfd_fast_detect": null,
                "bfd_fast_detect_disable": null,
                "bfd_fast_detect_strict_mode": null,
                "bfd_fast_detect_strict_mode_negotiate": null,
                "bfd_fast_detect_strict_mode_negotiate_override": null,
                "bfd_minimum_interval": null,
                "bfd_multiplier": null,
                "bmp_activate_servers": null,
                "capability_additional_paths_receive": null,
                "capability_additional_paths_receive_disable": null,
                "capability_additional_paths_send": null,
                "capability_additional_paths_send_disable": null,
                "capability_suppress_all": null,
                "capability_suppress_all_inheritance_disable": null,
                "capability_suppress_extended_nexthop_encoding": null,
                "capability_suppress_extended_nexthop_encoding_inheritance_disable": null,
                "capability_suppress_four_byte_as": null,
                "capability_suppress_four_byte_as_inheritance_disable": null,
                "cluster_id_32bit_format": null,
                "cluster_id_ip_format": null,
                "dampening": null,
                "default_policy_action_in": null,
                "default_policy_action_out": null,
                "description": null,
                "dmz_link_bandwidth": null,
                "dmz_link_bandwidth_inheritance_disable": null,
                "dscp": null,
                "ebgp_multihop_maximum_hop_count": null,
                "ebgp_multihop_mpls": null,
                "ebgp_recv_extcommunity_dmz": null,
                "ebgp_recv_extcommunity_dmz_inheritance_disable": null,
                "ebgp_send_extcommunity_dmz": null,
                "ebgp_send_extcommunity_dmz_cumulative": null,
                "ebgp_send_extcommunity_dmz_inheritance_disable": null,
                "egress_engineering": null,
                "egress_engineering_inheritance_disable": null,
                "enforce_first_as": null,
                "evpn_link_bandwidth": null,
                "evpn_link_bandwidth_inheritance_disable": null,
                "evpn_link_bandwidth_per_path_number": null,
                "fast_fallover": null,
                "fast_fallover_inheritance_disable": null,
                "graceful_maintenance_activate": null,
                "graceful_maintenance_activate_inheritance_disable": null,
                "graceful_maintenance_as_prepends_inheritance_disable": null,
                "graceful_maintenance_as_prepends_number": null,
                "graceful_maintenance_bandwidth_aware_bandwidth_threshold": null,
                "graceful_maintenance_bandwidth_aware_bandwidth_threshold_high": null,
                "graceful_maintenance_bandwidth_aware_inheritance_disable": null,
                "graceful_maintenance_bandwidth_aware_percentage_threshold": null,
                "graceful_maintenance_bandwidth_aware_percentage_threshold_high": null,
                "graceful_maintenance_local_preference": null,
                "graceful_maintenance_local_preference_inheritance_disable": null,
                "graceful_restart": null,
                "graceful_restart_disable": null,
                "graceful_restart_helper_only": null,
                "graceful_restart_helper_only_inheritance_disable": null,
                "graceful_restart_restart_time": null,
                "graceful_restart_stalepath_time": null,
                "idle_watch_time": null,
                "ignore_connected_check": null,
                "keychain_inheritance_disable": null,
                "keychain_name": null,
                "local_address": null,
                "local_address_inheritance_disable": null,
                "local_address_subnet_mask": null,
                "local_address_subnet_prefix": null,
                "local_as": null,
                "local_as_inheritance_disable": null,
                "local_as_no_prepend": null,
                "local_as_no_prepend_replace_as": null,
                "local_as_no_prepend_replace_as_dual_as": null,
                "log_message_in_disable": null,
                "log_message_in_inheritance_disable": null,
                "log_message_in_size": null,
                "log_message_out_disable": null,
                "log_message_out_inheritance_disable": null,
                "log_message_out_size": null,
                "log_neighbor_changes_detail": null,
                "log_neighbor_changes_disable": null,
                "log_neighbor_changes_inheritance_disable": null,
                "maximum_peers": null,
                "origin_as_validation_disable": null,
                "password": null,
                "password_inheritance_disable": null,
                "peer_sets": null,
                "precedence": null,
                "receive_buffer_size": null,
                "receive_buffer_size_read": null,
                "remote_as": "65001",
                "remote_as_list": null,
                "send_buffer_size": null,
                "send_buffer_size_write": null,
                "send_extended_community_ebgp": null,
                "send_extended_community_ebgp_inheritance_disable": null,
                "session_open_mode": null,
                "shutdown": null,
                "tcp_ip_only_preferred": null,
                "tcp_ip_only_preferred_inheritance_disable": null,
                "tcp_mss_inheritance_disable": null,
                "tcp_mss_value": null,
                "tcp_mtu_discovery": null,
                "tcp_mtu_discovery_inheritance_disable": null,
                "timers_holddown_zero": null,
                "timers_holddown_zero_minimum_acceptable_holdtime": null,
                "timers_holddown_zero_minimum_acceptable_zero": null,
                "timers_holdtime": null,
                "timers_holdtime_minimum_acceptable_holdtime": null,
                "timers_keepalive_interval": null,
                "ttl_security": null,
                "ttl_security_inheritance_disable": null,
                "update_in_error_handling_avoid_reset": null,
                "update_in_error_handling_treat_as_withdraw": null,
                "update_in_filtering_attribute_filter_group": null,
                "update_in_filtering_logging_disable": null,
                "update_in_filtering_message_buffers": null,
                "update_in_filtering_message_buffers_type": null,
                "update_in_labeled_unicast_equivalent": null,
                "update_in_labeled_unicast_equivalent_inheritance_disable": null,
                "update_source": null,
                "use_neighbor_group": null,
                "use_session_group": null
              }
            ],
            "nexthop_mpls_forwarding_ibgp": null,
            "nexthop_resolution_allow_default": null,
            "rd_auto": null,
            "rd_four_byte_as_index": null,
            "rd_four_byte_as_number": null,
            "rd_ipv4_address_address": null,
            "rd_ipv4_address_index": null,
            "rd_two_byte_as_index": 40,
            "rd_two_byte_as_number": "65000",
            "socket_receive_buffer_size": null,
            "socket_receive_buffer_size_read": null,
            "socket_send_buffer_size": null,
            "socket_send_buffer_size_write": null,
            "timers_bgp_holddown_zero": null,
            "timers_bgp_holddown_zero_minimum_acceptable_holdtime": null,
            "timers_bgp_holddown_zero_minimum_acceptable_zero": null,
            "timers_bgp_holdtime": null,
            "timers_bgp_holdtime_minimum_acceptable_holdtime": null,
            "timers_bgp_keepalive_interval": null,
            "vrf_name": "40"
          },
          "sensitive_attributes": [
            [
              {
                "type": "get_attr",
                "value": "neighbors"
              },
              {
                "type": "index",
                "value": {
                  "value": 0,
                  "type": "number"
                }
              },
              {
                "type": "get_attr",
                "value": "password"
              }
            ]
          ],
          "identity_schema_version": 0,
          "private": "eyJpbXBvcnRpbmciOiJNQT09In0=",
          "dependencies": [
            "module.iosxr.iosxr_as_path_set.as_path_set",
            "module.iosxr.iosxr_bmp_server.bmp_server",
            "module.iosxr.iosxr_community_set.community_set",
            "module.iosxr.iosxr_esi_set.esi_set",
            "module.iosxr.iosxr_etag_set.etag_set",
            "module.iosxr.iosxr_extcommunity_bandwidth_set.extcommunity_bandwidth_set",
            "module.iosxr.iosxr_extcommunity_cost_set.extcommunity_cost_set",
            "module.iosxr.iosxr_extcommunity_evpn_link_bandwidth_set.extcommunity_evpn_link_bandwidth_set",
            "module.iosxr.iosxr_extcommunity_opaque_set.extcommunity_opaque_set",
            "module.iosxr.iosxr_extcommunity_rt_set.extcommunity_rt_set",
            "module.iosxr.iosxr_extcommunity_seg_nh_set.extcommunity_seg_nh_set",
            "module.iosxr.iosxr_extcommunity_soo_set.extcommunity_soo_set",
            "module.iosxr.iosxr_ipv4_prefix_list.ipv4_prefix_list",
            "module.iosxr.iosxr_ipv6_prefix_list.ipv6_prefix_list",
            "module.iosxr.iosxr_key_chain.key_chain",
            "module.iosxr.iosxr_large_community_set.large_community_set",
            "module.iosxr.iosxr_mac_set.mac_set",
            "module.iosxr.iosxr_ospf_area_set.ospf_area_set",
            "module.iosxr.iosxr_policy_global_set.policy_global_set",
            "module.iosxr.iosxr_prefix_set.prefix_set",
            "module.iosxr.iosxr_rd_set.rd_set",
            "module.iosxr.iosxr_route_policy.route_policy",
            "module.iosxr.iosxr_router_bgp.router_bgp",
            "module.iosxr.iosxr_router_bgp_address_family.ipv4_unicast",
            "module.iosxr.iosxr_router_bgp_address_family.ipv6_unicast",
            "module.iosxr.iosxr_router_bgp_address_family.l2vpn_evpn",
            "module.iosxr.iosxr_router_bgp_address_family.vpnv4_multicast",
            "module.iosxr.iosxr_router_bgp_address_family.vpnv4_unicast",
            "module.iosxr.iosxr_router_bgp_address_family.vpnv6_multicast",
            "module.iosxr.iosxr_router_bgp_address_family.vpnv6_unicast",
            "module.iosxr.iosxr_router_bgp_af_group.router_bgp_af_group",
            "module.iosxr.iosxr_router_bgp_neighbor_group.router_bgp_neighbor_group",
            "module.iosxr.iosxr_router_bgp_session_group.router_bgp_session_group",
            "module.iosxr.iosxr_tag_set.tag_set",
            "module.iosxr.iosxr_vrf.vrf"
          ]
        },
        {
          "index_key": "ic-node-4/65000/10",
          "schema_version": 0,
          "attributes": {
            "as_number": "65000",
            "bfd_minimum_interval": null,
            "bfd_multiplier": null,
            "bgp_auto_policy_soft_reset_disable": null,
            "bgp_bestpath_aigp_ignore": null,
            "bgp_bestpath_as_path_ignore": null,
            "bgp_bestpath_as_path_multipath_relax": null,
            "bgp_bestpath_compare_routerid": null,
            "bgp_bestpath_cost_community_ignore": null,
            "bgp_bestpath_igp_metric_ignore": null,
            "bgp_bestpath_med_always": null,
            "bgp_bestpath_med_missing_as_worst": null,
            "bgp_bestpath_origin_as_allow_invalid": null,
            "bgp_bestpath_origin_as_use_validity": null,
            "bgp_bestpath_sr_policy_force": null,
            "bgp_bestpath_sr_policy_prefer": null,
            "bgp_default_local_preference": null,
            "bgp_enforce_first_as_disable": null,
            "bgp_fast_external_fallover_disable": null,
            "bgp_log_message_disable": null,
            "bgp_log_neighbor_changes_disable": null,
            "bgp_multipath_use_cluster_list_length": null,
            "bgp_origin_as_validation_signal_ibgp": null,
            "bgp_origin_as_validation_time": null,
            "bgp_origin_as_validation_time_off": null,
            "bgp_redistribute_internal": null,
            "bgp_router_id": null,
            "bgp_unsafe_ebgp_policy": null,
            "default_information_originate": null,
            "default_metric": null,
            "delete_mode": null,
            "device": "ic-node-4",
            "id": "Cisco-IOS-XR-um-router-bgp-cfg:/router/bgp/as[as-number=65000]/vrfs/vrf[vrf-name=10]",
            "mpls_activate_interfaces": null,
            "neighbors": [
              {
                "address": "172.16.10.2",
                "advertisement_interval_milliseconds": null,
                "advertisement_interval_seconds": null,
                "allowas_in": null,
                "ao_inheritance_disable": null,
                "ao_key_chain_accept_mismatch": null,
                "ao_key_chain_include_tcp_options": null,
                "ao_key_chain_name": null,
                "as_override": null,
                "as_path_loopcheck_out": null,
                "bestpath_origin_as_allow_invalid": null,
                "bfd_fast_detect": null,
                "bfd_fast_detect_disable": null,
                "bfd_fast_detect_strict_mode": null,
                "bfd_fast_detect_strict_mode_negotiate": null,
                "bfd_fast_detect_strict_mode_negotiate_override": null,
                "bfd_minimum_interval": null,
                "bfd_multiplier": null,
                "bmp_activate_servers": null,
                "capability_additional_paths_receive": null,
                "capability_additional_paths_receive_disable": null,
                "capability_additional_paths_send": null,
                "capability_additional_paths_send_disable": null,
                "capability_suppress_all": null,
                "capability_suppress_all_inheritance_disable": null,
                "capability_suppress_extended_nexthop_encoding": null,
                "capability_suppress_extended_nexthop_encoding_inheritance_disable": null,
                "capability_suppress_four_byte_as": null,
                "capability_suppress_four_byte_as_inheritance_disable": null,
                "cluster_id_32bit_format": null,
                "cluster_id_ip_format": null,
                "dampening": null,
                "default_policy_action_in": null,
                "default_policy_action_out": null,
                "description": null,
                "dmz_link_bandwidth": null,
                "dmz_link_bandwidth_inheritance_disable": null,
                "dscp": null,
                "ebgp_multihop_maximum_hop_count": null,
                "ebgp_multihop_mpls": null,
                "ebgp_recv_extcommunity_dmz": null,
                "ebgp_recv_extcommunity_dmz_inheritance_disable": null,
                "ebgp_send_extcommunity_dmz": null,
                "ebgp_send_extcommunity_dmz_cumulative": null,
                "ebgp_send_extcommunity_dmz_inheritance_disable": null,
                "egress_engineering": null,
                "egress_engineering_inheritance_disable": null,
                "enforce_first_as": null,
                "evpn_link_bandwidth": null,
                "evpn_link_bandwidth_inheritance_disable": null,
                "evpn_link_bandwidth_per_path_number": null,
                "fast_fallover": null,
                "fast_fallover_inheritance_disable": null,
                "graceful_maintenance_activate": null,
                "graceful_maintenance_activate_inheritance_disable": null,
                "graceful_maintenance_as_prepends_inheritance_disable": null,
                "graceful_maintenance_as_prepends_number": null,
                "graceful_maintenance_bandwidth_aware_bandwidth_threshold": null,
                "graceful_maintenance_bandwidth_aware_bandwidth_threshold_high": null,
                "graceful_maintenance_bandwidth_aware_inheritance_disable": null,
                "graceful_maintenance_bandwidth_aware_percentage_threshold": null,
                "graceful_maintenance_bandwidth_aware_percentage_threshold_high": null,
                "graceful_maintenance_local_preference": null,
                "graceful_maintenance_local_preference_inheritance_disable": null,
                "graceful_restart": null,
                "graceful_restart_disable": null,
                "graceful_restart_helper_only": null,
                "graceful_restart_helper_only_inheritance_disable": null,
                "graceful_restart_restart_time": null,
                "graceful_restart_stalepath_time": null,
                "idle_watch_time": null,
                "ignore_connected_check": null,
                "keychain_inheritance_disable": null,
                "keychain_name": null,
                "local_address": null,
                "local_address_inheritance_disable": null,
                "local_address_subnet_mask": null,
                "local_address_subnet_prefix": null,
                "local_as": null,
                "local_as_inheritance_disable": null,
                "local_as_no_prepend": null,
                "local_as_no_prepend_replace_as": null,
                "local_as_no_prepend_replace_as_dual_as": null,
                "log_message_in_disable": null,
                "log_message_in_inheritance_disable": null,
                "log_message_in_size": null,
                "log_message_out_disable": null,
                "log_message_out_inheritance_disable": null,
                "log_message_out_size": null,
                "log_neighbor_changes_detail": null,
                "log_neighbor_changes_disable": null,
                "log_neighbor_changes_inheritance_disable": null,
                "maximum_peers": null,
                "origin_as_validation_disable": null,
                "password": null,
                "password_inheritance_disable": null,
                "peer_sets": null,
                "precedence": null,
                "receive_buffer_size": null,
                "receive_buffer_size_read": null,
                "remote_as": "65002",
                "remote_as_list": null,
                "send_buffer_size": null,
                "send_buffer_size_write": null,
                "send_extended_community_ebgp": null,
                "send_extended_community_ebgp_inheritance_disable": null,
                "session_open_mode": null,
                "shutdown": null,
                "tcp_ip_only_preferred": null,
                "tcp_ip_only_preferred_inheritance_disable": null,
                "tcp_mss_inheritance_disable": null,
                "tcp_mss_value": null,
                "tcp_mtu_discovery": null,
                "tcp_mtu_discovery_inheritance_disable": null,
                "timers_holddown_zero": null,
                "timers_holddown_zero_minimum_acceptable_holdtime": null,
                "timers_holddown_zero_minimum_acceptable_zero": null,
                "timers_holdtime": null,
                "timers_holdtime_minimum_acceptable_holdtime": null,
                "timers_keepalive_interval": null,
                "ttl_security": null,
                "ttl_security_inheritance_disable": null,
                "update_in_error_handling_avoid_reset": null,
                "update_in_error_handling_treat_as_withdraw": null,
                "update_in_filtering_attribute_filter_group": null,
                "update_in_filtering_logging_disable": null,
                "update_in_filtering_message_buffers": null,
                "update_in_filtering_message_buffers_type": null,
                "update_in_labeled_unicast_equivalent": null,
                "update_in_labeled_unicast_equivalent_inheritance_disable": null,
                "update_source": null,
                "use_neighbor_group": null,
                "use_session_group": null
              }
            ],
            "nexthop_mpls_forwarding_ibgp": null,
            "nexthop_resolution_allow_default": null,
            "rd_auto": null,
            "rd_four_byte_as_index": null,
            "rd_four_byte_as_number": null,
            "rd_ipv4_address_address": null,
            "rd_ipv4_address_index": null,
            "rd_two_byte_as_index": 10,
            "rd_two_byte_as_number": "65000",
            "socket_receive_buffer_size": null,
            "socket_receive_buffer_size_read": null,
            "socket_send_buffer_size": null,
            "socket_send_buffer_size_write": null,
            "timers_bgp_holddown_zero": null,
            "timers_bgp_holddown_zero_minimum_acceptable_holdtime": null,
            "timers_bgp_holddown_zero_minimum_acceptable_zero": null,
            "timers_bgp_holdtime": null,
            "timers_bgp_holdtime_minimum_acceptable_holdtime": null,
            "timers_bgp_keepalive_interval": null,
            "vrf_name": "10"
          },
          "sensitive_attributes": [
            [
              {
                "type": "get_attr",
                "value": "neighbors"
              },
              {
                "type": "index",
                "value": {
                  "value": 0,
                  "type": "number"
                }
              },
              {
                "type": "get_attr",
                "value": "password"
              }
            ]
          ],
          "identity_schema_version": 0,
          "private": "eyJpbXBvcnRpbmciOiJNQT09In0=",
          "dependencies": [
            "module.iosxr.iosxr_as_path_set.as_path_set",
            "module.iosxr.iosxr_bmp_server.bmp_server",
            "module.iosxr.iosxr_community_set.community_set",
            "module.iosxr.iosxr_esi_set.esi_set",
            "module.iosxr.iosxr_etag_set.etag_set",
            "module.iosxr.iosxr_extcommunity_bandwidth_set.extcommunity_bandwidth_set",
            "module.iosxr.iosxr_extcommunity_cost_set.extcommunity_cost_set",
            "module.iosxr.iosxr_extcommunity_evpn_link_bandwidth_set.extcommunity_evpn_link_bandwidth_set",
            "module.iosxr.iosxr_extcommunity_opaque_set.extcommunity_opaque_set",
            "module.iosxr.iosxr_extcommunity_rt_set.extcommunity_rt_set",
            "module.iosxr.iosxr_extcommunity_seg_nh_set.extcommunity_seg_nh_set",
            "module.iosxr.iosxr_extcommunity_soo_set.extcommunity_soo_set",
            "module.iosxr.iosxr_ipv4_prefix_list.ipv4_prefix_list",
            "module.iosxr.iosxr_ipv6_prefix_list.ipv6_prefix_list",
            "module.iosxr.iosxr_key_chain.key_chain",
            "module.iosxr.iosxr_large_community_set.large_community_set",
            "module.iosxr.iosxr_mac_set.mac_set",
            "module.iosxr.iosxr_ospf_area_set.ospf_area_set",
            "module.iosxr.iosxr_policy_global_set.policy_global_set",
            "module.iosxr.iosxr_prefix_set.prefix_set",
            "module.iosxr.iosxr_rd_set.rd_set",
            "module.iosxr.iosxr_route_policy.route_policy",
            "module.iosxr.iosxr_router_bgp.router_bgp",
            "module.iosxr.iosxr_router_bgp_address_family.ipv4_unicast",
            "module.iosxr.iosxr_router_bgp_address_family.ipv6_unicast",
            "module.iosxr.iosxr_router_bgp_address_family.l2vpn_evpn",
            "module.iosxr.iosxr_router_bgp_address_family.vpnv4_multicast",
            "module.iosxr.iosxr_router_bgp_address_family.vpnv4_unicast",
            "module.iosxr.iosxr_router_bgp_address_family.vpnv6_multicast",
            "module.iosxr.iosxr_router_bgp_address_family.vpnv6_unicast",
            "module.iosxr.iosxr_router_bgp_af_group.router_bgp_af_group",
            "module.iosxr.iosxr_router_bgp_neighbor_group.router_bgp_neighbor_group",
            "module.iosxr.iosxr_router_bgp_session_group.router_bgp_session_group",
            "module.iosxr.iosxr_tag_set.tag_set",
            "module.iosxr.iosxr_vrf.vrf"
          ]
        },
        {
          "index_key": "ic-node-4/65000/20",
          "schema_version": 0,
          "attributes": {
            "as_number": "65000",
            "bfd_minimum_interval": null,
            "bfd_multiplier": null,
            "bgp_auto_policy_soft_reset_disable": null,
            "bgp_bestpath_aigp_ignore": null,
            "bgp_bestpath_as_path_ignore": null,
            "bgp_bestpath_as_path_multipath_relax": null,
            "bgp_bestpath_compare_routerid": null,
            "bgp_bestpath_cost_community_ignore": null,
            "bgp_bestpath_igp_metric_ignore": null,
            "bgp_bestpath_med_always": null,
            "bgp_bestpath_med_missing_as_worst": null,
            "bgp_bestpath_origin_as_allow_invalid": null,
            "bgp_bestpath_origin_as_use_validity": null,
            "bgp_bestpath_sr_policy_force": null,
            "bgp_bestpath_sr_policy_prefer": null,
            "bgp_default_local_preference": null,
            "bgp_enforce_first_as_disable": null,
            "bgp_fast_external_fallover_disable": null,
            "bgp_log_message_disable": null,
            "bgp_log_neighbor_changes_disable": null,
            "bgp_multipath_use_cluster_list_length": null,
            "bgp_origin_as_validation_signal_ibgp": null,
            "bgp_origin_as_validation_time": null,
            "bgp_origin_as_validation_time_off": null,
            "bgp_redistribute_internal": null,
            "bgp_router_id": null,
            "bgp_unsafe_ebgp_policy": null,
            "default_information_originate": null,
            "default_metric": null,
            "delete_mode": null,
            "device": "ic-node-4",
            "id": "Cisco-IOS-XR-um-router-bgp-cfg:/router/bgp/as[as-number=65000]/vrfs/vrf[vrf-name=20]",
            "mpls_activate_interfaces": null,
            "neighbors": [
              {
                "address": "172.16.20.2",
                "advertisement_interval_milliseconds": null,
                "advertisement_interval_seconds": null,
                "allowas_in": null,
                "ao_inheritance_disable": null,
                "ao_key_chain_accept_mismatch": null,
                "ao_key_chain_include_tcp_options": null,
                "ao_key_chain_name": null,
                "as_override": null,
                "as_path_loopcheck_out": null,
                "bestpath_origin_as_allow_invalid": null,
                "bfd_fast_detect": null,
                "bfd_fast_detect_disable": null,
                "bfd_fast_detect_strict_mode": null,
                "bfd_fast_detect_strict_mode_negotiate": null,
                "bfd_fast_detect_strict_mode_negotiate_override": null,
                "bfd_minimum_interval": null,
                "bfd_multiplier": null,
                "bmp_activate_servers": null,
                "capability_additional_paths_receive": null,
                "capability_additional_paths_receive_disable": null,
                "capability_additional_paths_send": null,
                "capability_additional_paths_send_disable": null,
                "capability_suppress_all": null,
                "capability_suppress_all_inheritance_disable": null,
                "capability_suppress_extended_nexthop_encoding": null,
                "capability_suppress_extended_nexthop_encoding_inheritance_disable": null,
                "capability_suppress_four_byte_as": null,
                "capability_suppress_four_byte_as_inheritance_disable": null,
                "cluster_id_32bit_format": null,
                "cluster_id_ip_format": null,
                "dampening": null,
                "default_policy_action_in": null,
                "default_policy_action_out": null,
                "description": null,
                "dmz_link_bandwidth": null,
                "dmz_link_bandwidth_inheritance_disable": null,
                "dscp": null,
                "ebgp_multihop_maximum_hop_count": null,
                "ebgp_multihop_mpls": null,
                "ebgp_recv_extcommunity_dmz": null,
                "ebgp_recv_extcommunity_dmz_inheritance_disable": null,
                "ebgp_send_extcommunity_dmz": null,
                "ebgp_send_extcommunity_dmz_cumulative": null,
                "ebgp_send_extcommunity_dmz_inheritance_disable": null,
                "egress_engineering": null,
                "egress_engineering_inheritance_disable": null,
                "enforce_first_as": null,
                "evpn_link_bandwidth": null,
                "evpn_link_bandwidth_inheritance_disable": null,
                "evpn_link_bandwidth_per_path_number": null,
                "fast_fallover": null,
                "fast_fallover_inheritance_disable": null,
                "graceful_maintenance_activate": null,
                "graceful_maintenance_activate_inheritance_disable": null,
                "graceful_maintenance_as_prepends_inheritance_disable": null,
                "graceful_maintenance_as_prepends_number": null,
                "graceful_maintenance_bandwidth_aware_bandwidth_threshold": null,
                "graceful_maintenance_bandwidth_aware_bandwidth_threshold_high": null,
                "graceful_maintenance_bandwidth_aware_inheritance_disable": null,
                "graceful_maintenance_bandwidth_aware_percentage_threshold": null,
                "graceful_maintenance_bandwidth_aware_percentage_threshold_high": null,
                "graceful_maintenance_local_preference": null,
                "graceful_maintenance_local_preference_inheritance_disable": null,
                "graceful_restart": null,
                "graceful_restart_disable": null,
                "graceful_restart_helper_only": null,
                "graceful_restart_helper_only_inheritance_disable": null,
                "graceful_restart_restart_time": null,
                "graceful_restart_stalepath_time": null,
                "idle_watch_time": null,
                "ignore_connected_check": null,
                "keychain_inheritance_disable": null,
                "keychain_name": null,
                "local_address": null,
                "local_address_inheritance_disable": null,
                "local_address_subnet_mask": null,
                "local_address_subnet_prefix": null,
                "local_as": null,
                "local_as_inheritance_disable": null,
                "local_as_no_prepend": null,
                "local_as_no_prepend_replace_as": null,
                "local_as_no_prepend_replace_as_dual_as": null,
                "log_message_in_disable": null,
                "log_message_in_inheritance_disable": null,
                "log_message_in_size": null,
                "log_message_out_disable": null,
                "log_message_out_inheritance_disable": null,
                "log_message_out_size": null,
                "log_neighbor_changes_detail": null,
                "log_neighbor_changes_disable": null,
                "log_neighbor_changes_inheritance_disable": null,
                "maximum_peers": null,
                "origin_as_validation_disable": null,
                "password": null,
                "password_inheritance_disable": null,
                "peer_sets": null,
                "precedence": null,
                "receive_buffer_size": null,
                "receive_buffer_size_read": null,
                "remote_as": "65002",
                "remote_as_list": null,
                "send_buffer_size": null,
                "send_buffer_size_write": null,
                "send_extended_community_ebgp": null,
                "send_extended_community_ebgp_inheritance_disable": null,
                "session_open_mode": null,
                "shutdown": null,
                "tcp_ip_only_preferred": null,
                "tcp_ip_only_preferred_inheritance_disable": null,
                "tcp_mss_inheritance_disable": null,
                "tcp_mss_value": null,
                "tcp_mtu_discovery": null,
                "tcp_mtu_discovery_inheritance_disable": null,
                "timers_holddown_zero": null,
                "timers_holddown_zero_minimum_acceptable_holdtime": null,
                "timers_holddown_zero_minimum_acceptable_zero": null,
                "timers_holdtime": null,
                "timers_holdtime_minimum_acceptable_holdtime": null,
                "timers_keepalive_interval": null,
                "ttl_security": null,
                "ttl_security_inheritance_disable": null,
                "update_in_error_handling_avoid_reset": null,
                "update_in_error_handling_treat_as_withdraw": null,
                "update_in_filtering_attribute_filter_group": null,
                "update_in_filtering_logging_disable": null,
                "update_in_filtering_message_buffers": null,
                "update_in_filtering_message_buffers_type": null,
                "update_in_labeled_unicast_equivalent": null,
                "update_in_labeled_unicast_equivalent_inheritance_disable": null,
                "update_source": null,
                "use_neighbor_group": null,
                "use_session_group": null
              }
            ],
            "nexthop_mpls_forwarding_ibgp": null,
            "nexthop_resolution_allow_default": null,
            "rd_auto": null,
            "rd_four_byte_as_index": null,
            "rd_four_byte_as_number": null,
            "rd_ipv4_address_address": null,
            "rd_ipv4_address_index": null,
            "rd_two_byte_as_index": 20,
            "rd_two_byte_as_number": "65000",
            "socket_receive_buffer_size": null,
            "socket_receive_buffer_size_read": null,
            "socket_send_buffer_size": null,
            "socket_send_buffer_size_write": null,
            "timers_bgp_holddown_zero": null,
            "timers_bgp_holddown_zero_minimum_acceptable_holdtime": null,
            "timers_bgp_holddown_zero_minimum_acceptable_zero": null,
            "timers_bgp_holdtime": null,
            "timers_bgp_holdtime_minimum_acceptable_holdtime": null,
            "timers_bgp_keepalive_interval": null,
            "vrf_name": "20"
          },
          "sensitive_attributes": [
            [
              {
                "type": "get_attr",
                "value": "neighbors"
              },
              {
                "type": "index",
                "value": {
                  "value": 0,
                  "type": "number"
                }
              },
              {
                "type": "get_attr",
                "value": "password"
              }
            ]
          ],
          "identity_schema_version": 0,
          "private": "eyJpbXBvcnRpbmciOiJNQT09In0=",
          "dependencies": [
            "module.iosxr.iosxr_as_path_set.as_path_set",
            "module.iosxr.iosxr_bmp_server.bmp_server",
            "module.iosxr.iosxr_community_set.community_set",
            "module.iosxr.iosxr_esi_set.esi_set",
            "module.iosxr.iosxr_etag_set.etag_set",
            "module.iosxr.iosxr_extcommunity_bandwidth_set.extcommunity_bandwidth_set",
            "module.iosxr.iosxr_extcommunity_cost_set.extcommunity_cost_set",
            "module.iosxr.iosxr_extcommunity_evpn_link_bandwidth_set.extcommunity_evpn_link_bandwidth_set",
            "module.iosxr.iosxr_extcommunity_opaque_set.extcommunity_opaque_set",
            "module.iosxr.iosxr_extcommunity_rt_set.extcommunity_rt_set",
            "module.iosxr.iosxr_extcommunity_seg_nh_set.extcommunity_seg_nh_set",
            "module.iosxr.iosxr_extcommunity_soo_set.extcommunity_soo_set",
            "module.iosxr.iosxr_ipv4_prefix_list.ipv4_prefix_list",
            "module.iosxr.iosxr_ipv6_prefix_list.ipv6_prefix_list",
            "module.iosxr.iosxr_key_chain.key_chain",
            "module.iosxr.iosxr_large_community_set.large_community_set",
            "module.iosxr.iosxr_mac_set.mac_set",
            "module.iosxr.iosxr_ospf_area_set.ospf_area_set",
            "module.iosxr.iosxr_policy_global_set.policy_global_set",
            "module.iosxr.iosxr_prefix_set.prefix_set",
            "module.iosxr.iosxr_rd_set.rd_set",
            "module.iosxr.iosxr_route_policy.route_policy",
            "module.iosxr.iosxr_router_bgp.router_bgp",
            "module.iosxr.iosxr_router_bgp_address_family.ipv4_unicast",
            "module.iosxr.iosxr_router_bgp_address_family.ipv6_unicast",
            "module.iosxr.iosxr_router_bgp_address_family.l2vpn_evpn",
            "module.iosxr.iosxr_router_bgp_address_family.vpnv4_multicast",
            "module.iosxr.iosxr_router_bgp_address_family.vpnv4_unicast",
            "module.iosxr.iosxr_router_bgp_address_family.vpnv6_multicast",
            "module.iosxr.iosxr_router_bgp_address_family.vpnv6_unicast",
            "module.iosxr.iosxr_router_bgp_af_group.router_bgp_af_group",
            "module.iosxr.iosxr_router_bgp_neighbor_group.router_bgp_neighbor_group",
            "module.iosxr.iosxr_router_bgp_session_group.router_bgp_session_group",
            "module.iosxr.iosxr_tag_set.tag_set",
            "module.iosxr.iosxr_vrf.vrf"
          ]
        },
        {
          "index_key": "ic-node-4/65000/30",
          "schema_version": 0,
          "attributes": {
            "as_number": "65000",
            "bfd_minimum_interval": null,
            "bfd_multiplier": null,
            "bgp_auto_policy_soft_reset_disable": null,
            "bgp_bestpath_aigp_ignore": null,
            "bgp_bestpath_as_path_ignore": null,
            "bgp_bestpath_as_path_multipath_relax": null,
            "bgp_bestpath_compare_routerid": null,
            "bgp_bestpath_cost_community_ignore": null,
            "bgp_bestpath_igp_metric_ignore": null,
            "bgp_bestpath_med_always": null,
            "bgp_bestpath_med_missing_as_worst": null,
            "bgp_bestpath_origin_as_allow_invalid": null,
            "bgp_bestpath_origin_as_use_validity": null,
            "bgp_bestpath_sr_policy_force": null,
            "bgp_bestpath_sr_policy_prefer": null,
            "bgp_default_local_preference": null,
            "bgp_enforce_first_as_disable": null,
            "bgp_fast_external_fallover_disable": null,
            "bgp_log_message_disable": null,
            "bgp_log_neighbor_changes_disable": null,
            "bgp_multipath_use_cluster_list_length": null,
            "bgp_origin_as_validation_signal_ibgp": null,
            "bgp_origin_as_validation_time": null,
            "bgp_origin_as_validation_time_off": null,
            "bgp_redistribute_internal": null,
            "bgp_router_id": null,
            "bgp_unsafe_ebgp_policy": null,
            "default_information_originate": null,
            "default_metric": null,
            "delete_mode": null,
            "device": "ic-node-4",
            "id": "Cisco-IOS-XR-um-router-bgp-cfg:/router/bgp/as[as-number=65000]/vrfs/vrf[vrf-name=30]",
            "mpls_activate_interfaces": null,
            "neighbors": [
              {
                "address": "172.16.30.2",
                "advertisement_interval_milliseconds": null,
                "advertisement_interval_seconds": null,
                "allowas_in": null,
                "ao_inheritance_disable": null,
                "ao_key_chain_accept_mismatch": null,
                "ao_key_chain_include_tcp_options": null,
                "ao_key_chain_name": null,
                "as_override": null,
                "as_path_loopcheck_out": null,
                "bestpath_origin_as_allow_invalid": null,
                "bfd_fast_detect": null,
                "bfd_fast_detect_disable": null,
                "bfd_fast_detect_strict_mode": null,
                "bfd_fast_detect_strict_mode_negotiate": null,
                "bfd_fast_detect_strict_mode_negotiate_override": null,
                "bfd_minimum_interval": null,
                "bfd_multiplier": null,
                "bmp_activate_servers": null,
                "capability_additional_paths_receive": null,
                "capability_additional_paths_receive_disable": null,
                "capability_additional_paths_send": null,
                "capability_additional_paths_send_disable": null,
                "capability_suppress_all": null,
                "capability_suppress_all_inheritance_disable": null,
                "capability_suppress_extended_nexthop_encoding": null,
                "capability_suppress_extended_nexthop_encoding_inheritance_disable": null,
                "capability_suppress_four_byte_as": null,
                "capability_suppress_four_byte_as_inheritance_disable": null,
                "cluster_id_32bit_format": null,
                "cluster_id_ip_format": null,
                "dampening": null,
                "default_policy_action_in": null,
                "default_policy_action_out": null,
                "description": null,
                "dmz_link_bandwidth": null,
                "dmz_link_bandwidth_inheritance_disable": null,
                "dscp": null,
                "ebgp_multihop_maximum_hop_count": null,
                "ebgp_multihop_mpls": null,
                "ebgp_recv_extcommunity_dmz": null,
                "ebgp_recv_extcommunity_dmz_inheritance_disable": null,
                "ebgp_send_extcommunity_dmz": null,
                "ebgp_send_extcommunity_dmz_cumulative": null,
                "ebgp_send_extcommunity_dmz_inheritance_disable": null,
                "egress_engineering": null,
                "egress_engineering_inheritance_disable": null,
                "enforce_first_as": null,
                "evpn_link_bandwidth": null,
                "evpn_link_bandwidth_inheritance_disable": null,
                "evpn_link_bandwidth_per_path_number": null,
                "fast_fallover": null,
                "fast_fallover_inheritance_disable": null,
                "graceful_maintenance_activate": null,
                "graceful_maintenance_activate_inheritance_disable": null,
                "graceful_maintenance_as_prepends_inheritance_disable": null,
                "graceful_maintenance_as_prepends_number": null,
                "graceful_maintenance_bandwidth_aware_bandwidth_threshold": null,
                "graceful_maintenance_bandwidth_aware_bandwidth_threshold_high": null,
                "graceful_maintenance_bandwidth_aware_inheritance_disable": null,
                "graceful_maintenance_bandwidth_aware_percentage_threshold": null,
                "graceful_maintenance_bandwidth_aware_percentage_threshold_high": null,
                "graceful_maintenance_local_preference": null,
                "graceful_maintenance_local_preference_inheritance_disable": null,
                "graceful_restart": null,
                "graceful_restart_disable": null,
                "graceful_restart_helper_only": null,
                "graceful_restart_helper_only_inheritance_disable": null,
                "graceful_restart_restart_time": null,
                "graceful_restart_stalepath_time": null,
                "idle_watch_time": null,
                "ignore_connected_check": null,
                "keychain_inheritance_disable": null,
                "keychain_name": null,
                "local_address": null,
                "local_address_inheritance_disable": null,
                "local_address_subnet_mask": null,
                "local_address_subnet_prefix": null,
                "local_as": null,
                "local_as_inheritance_disable": null,
                "local_as_no_prepend": null,
                "local_as_no_prepend_replace_as": null,
                "local_as_no_prepend_replace_as_dual_as": null,
                "log_message_in_disable": null,
                "log_message_in_inheritance_disable": null,
                "log_message_in_size": null,
                "log_message_out_disable": null,
                "log_message_out_inheritance_disable": null,
                "log_message_out_size": null,
                "log_neighbor_changes_detail": null,
                "log_neighbor_changes_disable": null,
                "log_neighbor_changes_inheritance_disable": null,
                "maximum_peers": null,
                "origin_as_validation_disable": null,
                "password": null,
                "password_inheritance_disable": null,
                "peer_sets": null,
                "precedence": null,
                "receive_buffer_size": null,
                "receive_buffer_size_read": null,
                "remote_as": "65002",
                "remote_as_list": null,
                "send_buffer_size": null,
                "send_buffer_size_write": null,
                "send_extended_community_ebgp": null,
                "send_extended_community_ebgp_inheritance_disable": null,
                "session_open_mode": null,
                "shutdown": null,
                "tcp_ip_only_preferred": null,
                "tcp_ip_only_preferred_inheritance_disable": null,
                "tcp_mss_inheritance_disable": null,
                "tcp_mss_value": null,
                "tcp_mtu_discovery": null,
                "tcp_mtu_discovery_inheritance_disable": null,
                "timers_holddown_zero": null,
                "timers_holddown_zero_minimum_acceptable_holdtime": null,
                "timers_holddown_zero_minimum_acceptable_zero": null,
                "timers_holdtime": null,
                "timers_holdtime_minimum_acceptable_holdtime": null,
                "timers_keepalive_interval": null,
                "ttl_security": null,
                "ttl_security_inheritance_disable": null,
                "update_in_error_handling_avoid_reset": null,
                "update_in_error_handling_treat_as_withdraw": null,
                "update_in_filtering_attribute_filter_group": null,
                "update_in_filtering_logging_disable": null,
                "update_in_filtering_message_buffers": null,
                "update_in_filtering_message_buffers_type": null,
                "update_in_labeled_unicast_equivalent": null,
                "update_in_labeled_unicast_equivalent_inheritance_disable": null,
                "update_source": null,
                "use_neighbor_group": null,
                "use_session_group": null
              }
            ],
            "nexthop_mpls_forwarding_ibgp": null,
            "nexthop_resolution_allow_default": null,
            "rd_auto": null,
            "rd_four_byte_as_index": null,
            "rd_four_byte_as_number": null,
            "rd_ipv4_address_address": null,
            "rd_ipv4_address_index": null,
            "rd_two_byte_as_index": 30,
            "rd_two_byte_as_number": "65000",
            "socket_receive_buffer_size": null,
            "socket_receive_buffer_size_read": null,
            "socket_send_buffer_size": null,
            "socket_send_buffer_size_write": null,
            "timers_bgp_holddown_zero": null,
            "timers_bgp_holddown_zero_minimum_acceptable_holdtime": null,
            "timers_bgp_holddown_zero_minimum_acceptable_zero": null,
            "timers_bgp_holdtime": null,
            "timers_bgp_holdtime_minimum_acceptable_holdtime": null,
            "timers_bgp_keepalive_interval": null,
            "vrf_name": "30"
          },
          "sensitive_attributes": [
            [
              {
                "type": "get_attr",
                "value": "neighbors"
              },
              {
                "type": "index",
                "value": {
                  "value": 0,
                  "type": "number"
                }
              },
              {
                "type": "get_attr",
                "value": "password"
              }
            ]
          ],
          "identity_schema_version": 0,
          "private": "eyJpbXBvcnRpbmciOiJNQT09In0=",
          "dependencies": [
            "module.iosxr.iosxr_as_path_set.as_path_set",
            "module.iosxr.iosxr_bmp_server.bmp_server",
            "module.iosxr.iosxr_community_set.community_set",
            "module.iosxr.iosxr_esi_set.esi_set",
            "module.iosxr.iosxr_etag_set.etag_set",
            "module.iosxr.iosxr_extcommunity_bandwidth_set.extcommunity_bandwidth_set",
            "module.iosxr.iosxr_extcommunity_cost_set.extcommunity_cost_set",
            "module.iosxr.iosxr_extcommunity_evpn_link_bandwidth_set.extcommunity_evpn_link_bandwidth_set",
            "module.iosxr.iosxr_extcommunity_opaque_set.extcommunity_opaque_set",
            "module.iosxr.iosxr_extcommunity_rt_set.extcommunity_rt_set",
            "module.iosxr.iosxr_extcommunity_seg_nh_set.extcommunity_seg_nh_set",
            "module.iosxr.iosxr_extcommunity_soo_set.extcommunity_soo_set",
            "module.iosxr.iosxr_ipv4_prefix_list.ipv4_prefix_list",
            "module.iosxr.iosxr_ipv6_prefix_list.ipv6_prefix_list",
            "module.iosxr.iosxr_key_chain.key_chain",
            "module.iosxr.iosxr_large_community_set.large_community_set",
            "module.iosxr.iosxr_mac_set.mac_set",
            "module.iosxr.iosxr_ospf_area_set.ospf_area_set",
            "module.iosxr.iosxr_policy_global_set.policy_global_set",
            "module.iosxr.iosxr_prefix_set.prefix_set",
            "module.iosxr.iosxr_rd_set.rd_set",
            "module.iosxr.iosxr_route_policy.route_policy",
            "module.iosxr.iosxr_router_bgp.router_bgp",
            "module.iosxr.iosxr_router_bgp_address_family.ipv4_unicast",
            "module.iosxr.iosxr_router_bgp_address_family.ipv6_unicast",
            "module.iosxr.iosxr_router_bgp_address_family.l2vpn_evpn",
            "module.iosxr.iosxr_router_bgp_address_family.vpnv4_multicast",
            "module.iosxr.iosxr_router_bgp_address_family.vpnv4_unicast",
            "module.iosxr.iosxr_router_bgp_address_family.vpnv6_multicast",
            "module.iosxr.iosxr_router_bgp_address_family.vpnv6_unicast",
            "module.iosxr.iosxr_router_bgp_af_group.router_bgp_af_group",
            "module.iosxr.iosxr_router_bgp_neighbor_group.router_bgp_neighbor_group",
            "module.iosxr.iosxr_router_bgp_session_group.router_bgp_session_group",
            "module.iosxr.iosxr_tag_set.tag_set",
            "module.iosxr.iosxr_vrf.vrf"
          ]
        },
        {
          "index_key": "ic-node-4/65000/40",
          "schema_version": 0,
          "attributes": {
            "as_number": "65000",
            "bfd_minimum_interval": null,
            "bfd_multiplier": null,
            "bgp_auto_policy_soft_reset_disable": null,
            "bgp_bestpath_aigp_ignore": null,
            "bgp_bestpath_as_path_ignore": null,
            "bgp_bestpath_as_path_multipath_relax": null,
            "bgp_bestpath_compare_routerid": null,
            "bgp_bestpath_cost_community_ignore": null,
            "bgp_bestpath_igp_metric_ignore": null,
            "bgp_bestpath_med_always": null,
            "bgp_bestpath_med_missing_as_worst": null,
            "bgp_bestpath_origin_as_allow_invalid": null,
            "bgp_bestpath_origin_as_use_validity": null,
            "bgp_bestpath_sr_policy_force": null,
            "bgp_bestpath_sr_policy_prefer": null,
            "bgp_default_local_preference": null,
            "bgp_enforce_first_as_disable": null,
            "bgp_fast_external_fallover_disable": null,
            "bgp_log_message_disable": null,
            "bgp_log_neighbor_changes_disable": null,
            "bgp_multipath_use_cluster_list_length": null,
            "bgp_origin_as_validation_signal_ibgp": null,
            "bgp_origin_as_validation_time": null,
            "bgp_origin_as_validation_time_off": null,
            "bgp_redistribute_internal": null,
            "bgp_router_id": null,
            "bgp_unsafe_ebgp_policy": null,
            "default_information_originate": null,
            "default_metric": null,
            "delete_mode": null,
            "device": "ic-node-4",
            "id": "Cisco-IOS-XR-um-router-bgp-cfg:/router/bgp/as[as-number=65000]/vrfs/vrf[vrf-name=40]",
            "mpls_activate_interfaces": null,
            "neighbors": [
              {
                "address": "172.16.40.2",
                "advertisement_interval_milliseconds": null,
                "advertisement_interval_seconds": null,
                "allowas_in": null,
                "ao_inheritance_disable": null,
                "ao_key_chain_accept_mismatch": null,
                "ao_key_chain_include_tcp_options": null,
                "ao_key_chain_name": null,
                "as_override": null,
                "as_path_loopcheck_out": null,
                "bestpath_origin_as_allow_invalid": null,
                "bfd_fast_detect": null,
                "bfd_fast_detect_disable": null,
                "bfd_fast_detect_strict_mode": null,
                "bfd_fast_detect_strict_mode_negotiate": null,
                "bfd_fast_detect_strict_mode_negotiate_override": null,
                "bfd_minimum_interval": null,
                "bfd_multiplier": null,
                "bmp_activate_servers": null,
                "capability_additional_paths_receive": null,
                "capability_additional_paths_receive_disable": null,
                "capability_additional_paths_send": null,
                "capability_additional_paths_send_disable": null,
                "capability_suppress_all": null,
                "capability_suppress_all_inheritance_disable": null,
                "capability_suppress_extended_nexthop_encoding": null,
                "capability_suppress_extended_nexthop_encoding_inheritance_disable": null,
                "capability_suppress_four_byte_as": null,
                "capability_suppress_four_byte_as_inheritance_disable": null,
                "cluster_id_32bit_format": null,
                "cluster_id_ip_format": null,
                "dampening": null,
                "default_policy_action_in": null,
                "default_policy_action_out": null,
                "description": null,
                "dmz_link_bandwidth": null,
                "dmz_link_bandwidth_inheritance_disable": null,
                "dscp": null,
                "ebgp_multihop_maximum_hop_count": null,
                "ebgp_multihop_mpls": null,
                "ebgp_recv_extcommunity_dmz": null,
                "ebgp_recv_extcommunity_dmz_inheritance_disable": null,
                "ebgp_send_extcommunity_dmz": null,
                "ebgp_send_extcommunity_dmz_cumulative": null,
                "ebgp_send_extcommunity_dmz_inheritance_disable": null,
                "egress_engineering": null,
                "egress_engineering_inheritance_disable": null,
                "enforce_first_as": null,
                "evpn_link_bandwidth": null,
                "evpn_link_bandwidth_inheritance_disable": null,
                "evpn_link_bandwidth_per_path_number": null,
                "fast_fallover": null,
                "fast_fallover_inheritance_disable": null,
                "graceful_maintenance_activate": null,
                "graceful_maintenance_activate_inheritance_disable": null,
                "graceful_maintenance_as_prepends_inheritance_disable": null,
                "graceful_maintenance_as_prepends_number": null,
                "graceful_maintenance_bandwidth_aware_bandwidth_threshold": null,
                "graceful_maintenance_bandwidth_aware_bandwidth_threshold_high": null,
                "graceful_maintenance_bandwidth_aware_inheritance_disable": null,
                "graceful_maintenance_bandwidth_aware_percentage_threshold": null,
                "graceful_maintenance_bandwidth_aware_percentage_threshold_high": null,
                "graceful_maintenance_local_preference": null,
                "graceful_maintenance_local_preference_inheritance_disable": null,
                "graceful_restart": null,
                "graceful_restart_disable": null,
                "graceful_restart_helper_only": null,
                "graceful_restart_helper_only_inheritance_disable": null,
                "graceful_restart_restart_time": null,
                "graceful_restart_stalepath_time": null,
                "idle_watch_time": null,
                "ignore_connected_check": null,
                "keychain_inheritance_disable": null,
                "keychain_name": null,
                "local_address": null,
                "local_address_inheritance_disable": null,
                "local_address_subnet_mask": null,
                "local_address_subnet_prefix": null,
                "local_as": null,
                "local_as_inheritance_disable": null,
                "local_as_no_prepend": null,
                "local_as_no_prepend_replace_as": null,
                "local_as_no_prepend_replace_as_dual_as": null,
                "log_message_in_disable": null,
                "log_message_in_inheritance_disable": null,
                "log_message_in_size": null,
                "log_message_out_disable": null,
                "log_message_out_inheritance_disable": null,
                "log_message_out_size": null,
                "log_neighbor_changes_detail": null,
                "log_neighbor_changes_disable": null,
                "log_neighbor_changes_inheritance_disable": null,
                "maximum_peers": null,
                "origin_as_validation_disable": null,
                "password": null,
                "password_inheritance_disable": null,
                "peer_sets": null,
                "precedence": null,
                "receive_buffer_size": null,
                "receive_buffer_size_read": null,
                "remote_as": "65002",
                "remote_as_list": null,
                "send_buffer_size": null,
                "send_buffer_size_write": null,
                "send_extended_community_ebgp": null,
                "send_extended_community_ebgp_inheritance_disable": null,
                "session_open_mode": null,
                "shutdown": null,
                "tcp_ip_only_preferred": null,
                "tcp_ip_only_preferred_inheritance_disable": null,
                "tcp_mss_inheritance_disable": null,
                "tcp_mss_value": null,
                "tcp_mtu_discovery": null,
                "tcp_mtu_discovery_inheritance_disable": null,
                "timers_holddown_zero": null,
                "timers_holddown_zero_minimum_acceptable_holdtime": null,
                "timers_holddown_zero_minimum_acceptable_zero": null,
                "timers_holdtime": null,
                "timers_holdtime_minimum_acceptable_holdtime": null,
                "timers_keepalive_interval": null,
                "ttl_security": null,
                "ttl_security_inheritance_disable": null,
                "update_in_error_handling_avoid_reset": null,
                "update_in_error_handling_treat_as_withdraw": null,
                "update_in_filtering_attribute_filter_group": null,
                "update_in_filtering_logging_disable": null,
                "update_in_filtering_message_buffers": null,
                "update_in_filtering_message_buffers_type": null,
                "update_in_labeled_unicast_equivalent": null,
                "update_in_labeled_unicast_equivalent_inheritance_disable": null,
                "update_source": null,
                "use_neighbor_group": null,
                "use_session_group": null
              }
            ],
            "nexthop_mpls_forwarding_ibgp": null,
            "nexthop_resolution_allow_default": null,
            "rd_auto": null,
            "rd_four_byte_as_index": null,
            "rd_four_byte_as_number": null,
            "rd_ipv4_address_address": null,
            "rd_ipv4_address_index": null,
            "rd_two_byte_as_index": 40,
            "rd_two_byte_as_number": "65000",
            "socket_receive_buffer_size": null,
            "socket_receive_buffer_size_read": null,
            "socket_send_buffer_size": null,
            "socket_send_buffer_size_write": null,
            "timers_bgp_holddown_zero": null,
            "timers_bgp_holddown_zero_minimum_acceptable_holdtime": null,
            "timers_bgp_holddown_zero_minimum_acceptable_zero": null,
            "timers_bgp_holdtime": null,
            "timers_bgp_holdtime_minimum_acceptable_holdtime": null,
            "timers_bgp_keepalive_interval": null,
            "vrf_name": "40"
          },
          "sensitive_attributes": [
            [
              {
                "type": "get_attr",
                "value": "neighbors"
              },
              {
                "type": "index",
                "value": {
                  "value": 0,
                  "type": "number"
                }
              },
              {
                "type": "get_attr",
                "value": "password"
              }
            ]
          ],
          "identity_schema_version": 0,
          "private": "eyJpbXBvcnRpbmciOiJNQT09In0=",
          "dependencies": [
            "module.iosxr.iosxr_as_path_set.as_path_set",
            "module.iosxr.iosxr_bmp_server.bmp_server",
            "module.iosxr.iosxr_community_set.community_set",
            "module.iosxr.iosxr_esi_set.esi_set",
            "module.iosxr.iosxr_etag_set.etag_set",
            "module.iosxr.iosxr_extcommunity_bandwidth_set.extcommunity_bandwidth_set",
            "module.iosxr.iosxr_extcommunity_cost_set.extcommunity_cost_set",
            "module.iosxr.iosxr_extcommunity_evpn_link_bandwidth_set.extcommunity_evpn_link_bandwidth_set",
            "module.iosxr.iosxr_extcommunity_opaque_set.extcommunity_opaque_set",
            "module.iosxr.iosxr_extcommunity_rt_set.extcommunity_rt_set",
            "module.iosxr.iosxr_extcommunity_seg_nh_set.extcommunity_seg_nh_set",
            "module.iosxr.iosxr_extcommunity_soo_set.extcommunity_soo_set",
            "module.iosxr.iosxr_ipv4_prefix_list.ipv4_prefix_list",
            "module.iosxr.iosxr_ipv6_prefix_list.ipv6_prefix_list",
            "module.iosxr.iosxr_key_chain.key_chain",
            "module.iosxr.iosxr_large_community_set.large_community_set",
            "module.iosxr.iosxr_mac_set.mac_set",
            "module.iosxr.iosxr_ospf_area_set.ospf_area_set",
            "module.iosxr.iosxr_policy_global_set.policy_global_set",
            "module.iosxr.iosxr_prefix_set.prefix_set",
            "module.iosxr.iosxr_rd_set.rd_set",
            "module.iosxr.iosxr_route_policy.route_policy",
            "module.iosxr.iosxr_router_bgp.router_bgp",
            "module.iosxr.iosxr_router_bgp_address_family.ipv4_unicast",
            "module.iosxr.iosxr_router_bgp_address_family.ipv6_unicast",
            "module.iosxr.iosxr_router_bgp_address_family.l2vpn_evpn",
            "module.iosxr.iosxr_router_bgp_address_family.vpnv4_multicast",
            "module.iosxr.iosxr_router_bgp_address_family.vpnv4_unicast",
            "module.iosxr.iosxr_router_bgp_address_family.vpnv6_multicast",
            "module.iosxr.iosxr_router_bgp_address_family.vpnv6_unicast",
            "module.iosxr.iosxr_router_bgp_af_group.router_bgp_af_group",
            "module.iosxr.iosxr_router_bgp_neighbor_group.router_bgp_neighbor_group",
            "module.iosxr.iosxr_router_bgp_session_group.router_bgp_session_group",
            "module.iosxr.iosxr_tag_set.tag_set",
            "module.iosxr.iosxr_vrf.vrf"
          ]
        }
      ]
    },
    {
      "module": "module.iosxr",
      "mode": "managed",
      "type": "iosxr_router_bgp_vrf_address_family",
      "name": "ipv4_unicast",
      "provider": "module.iosxr.provider[\"registry.terraform.io/ciscodevnet/iosxr\"]",
      "instances": [
        {
          "index_key": "ic-node-3/65000/10/ipv4-unicast",
          "schema_version": 0,
          "attributes": {
            "additional_paths_advertise_limit": null,
            "additional_paths_receive": true,
            "additional_paths_receive_disable": null,
            "additional_paths_selection_disable": null,
            "additional_paths_selection_route_policy": null,
            "additional_paths_send": true,
            "additional_paths_send_disable": null,
            "advertise_best_external": null,
            "advertise_best_external_disable": null,
            "advertise_best_external_labeled_unicast": null,
            "advertise_epe_bgp_labeled_unicast": null,
            "advertise_local_labeled_route_safi_unicast": null,
            "af_name": "ipv4-unicast",
            "aggregate_addresses": null,
            "allocate_label_all": null,
            "allocate_label_all_unlabeled_path": null,
            "allocate_label_route_policy_name": null,
            "allocate_label_route_policy_unlabeled_path": null,
            "allow_vpn_default_originate": null,
            "as_number": "65000",
            "as_path_loopcheck_out_disable": null,
            "bgp_attribute_download": null,
            "bgp_bestpath_origin_as_allow_invalid": null,
            "bgp_bestpath_origin_as_use_validity": null,
            "bgp_dampening_decay_half_life": null,
            "bgp_dampening_max_suppress_time": null,
            "bgp_dampening_reuse_threshold": null,
            "bgp_dampening_route_policy": null,
            "bgp_dampening_suppress_threshold": null,
            "bgp_origin_as_validation_enable": null,
            "bgp_origin_as_validation_signal_ibgp": null,
            "default_martian_check_disable": null,
            "delete_mode": null,
            "device": "ic-node-3",
            "distance_bgp_external_route": null,
            "distance_bgp_internal_route": null,
            "distance_bgp_local_route": null,
            "domain_distinguisher_as": null,
            "domain_distinguisher_router_id": null,
            "dynamic_med_interval": null,
            "global_table_multicast": null,
            "id": "Cisco-IOS-XR-um-router-bgp-cfg:/router/bgp/as[as-number=65000]/vrfs/vrf[vrf-name=10]/address-families/address-family[af-name=ipv4-unicast]",
            "import_from_bridge_domain": null,
            "inter_as_install": null,
            "label_mode_per_ce": null,
            "label_mode_per_nexthop_received_label": null,
            "label_mode_per_nexthop_received_label_allocate_secondary_label": null,
            "label_mode_per_prefix": null,
            "label_mode_per_vrf": true,
            "label_mode_per_vrf_46": null,
            "label_mode_route_policy": null,
            "label_security_asbr_rpf": null,
            "maximum_paths_ebgp_multipath": null,
            "maximum_paths_ebgp_route_policy": null,
            "maximum_paths_ebgp_selective": null,
            "maximum_paths_eibgp_equal_cost": null,
            "maximum_paths_eibgp_multipath": null,
            "maximum_paths_eibgp_route_policy": null,
            "maximum_paths_eibgp_selective": null,
            "maximum_paths_ibgp_multipath": null,
            "maximum_paths_ibgp_route_policy": null,
            "maximum_paths_ibgp_selective": null,
            "maximum_paths_ibgp_unequal_cost": null,
            "maximum_paths_ibgp_unequal_cost_deterministic": null,
            "maximum_paths_unique_nexthop_check_disable": null,
            "mvpn_single_forwarder_selection": null,
            "networks": null,
            "nexthop_route_policy": null,
            "option_b_asbr_only": null,
            "originator_pe_id": null,
            "permanent_network_route_policy": null,
            "redistribute_connected": null,
            "redistribute_connected_metric": null,
            "redistribute_connected_multipath": null,
            "redistribute_connected_route_policy": null,
            "redistribute_eigrp": null,
            "redistribute_isis": null,
            "redistribute_ospf": null,
            "redistribute_ospfv3": null,
            "redistribute_rip": null,
            "redistribute_rip_metric": null,
            "redistribute_rip_multipath": null,
            "redistribute_rip_route_policy": null,
            "redistribute_static": null,
            "redistribute_static_metric": null,
            "redistribute_static_multipath": null,
            "redistribute_static_route_policy": null,
            "segment_routing_srv6_alloc_mode_per_ce": null,
            "segment_routing_srv6_alloc_mode_per_vrf": null,
            "segment_routing_srv6_alloc_mode_per_vrf_46": null,
            "segment_routing_srv6_alloc_mode_route_policy": null,
            "segment_routing_srv6_locator": null,
            "segment_routing_srv6_usid_allocation_wide_local_id_block": null,
            "segmented_multicast": null,
            "table_policy": null,
            "vrf_name": "10",
            "weight_reset_on_import": null
          },
          "sensitive_attributes": [],
          "identity_schema_version": 0,
          "private": "eyJpbXBvcnRpbmciOiJNQT09In0=",
          "dependencies": [
            "module.iosxr.iosxr_as_path_set.as_path_set",
            "module.iosxr.iosxr_bmp_server.bmp_server",
            "module.iosxr.iosxr_community_set.community_set",
            "module.iosxr.iosxr_esi_set.esi_set",
            "module.iosxr.iosxr_etag_set.etag_set",
            "module.iosxr.iosxr_extcommunity_bandwidth_set.extcommunity_bandwidth_set",
            "module.iosxr.iosxr_extcommunity_cost_set.extcommunity_cost_set",
            "module.iosxr.iosxr_extcommunity_evpn_link_bandwidth_set.extcommunity_evpn_link_bandwidth_set",
            "module.iosxr.iosxr_extcommunity_opaque_set.extcommunity_opaque_set",
            "module.iosxr.iosxr_extcommunity_rt_set.extcommunity_rt_set",
            "module.iosxr.iosxr_extcommunity_seg_nh_set.extcommunity_seg_nh_set",
            "module.iosxr.iosxr_extcommunity_soo_set.extcommunity_soo_set",
            "module.iosxr.iosxr_ipv4_prefix_list.ipv4_prefix_list",
            "module.iosxr.iosxr_ipv6_prefix_list.ipv6_prefix_list",
            "module.iosxr.iosxr_key_chain.key_chain",
            "module.iosxr.iosxr_large_community_set.large_community_set",
            "module.iosxr.iosxr_mac_set.mac_set",
            "module.iosxr.iosxr_ospf_area_set.ospf_area_set",
            "module.iosxr.iosxr_policy_global_set.policy_global_set",
            "module.iosxr.iosxr_prefix_set.prefix_set",
            "module.iosxr.iosxr_rd_set.rd_set",
            "module.iosxr.iosxr_route_policy.route_policy",
            "module.iosxr.iosxr_router_bgp.router_bgp",
            "module.iosxr.iosxr_router_bgp_address_family.ipv4_unicast",
            "module.iosxr.iosxr_router_bgp_address_family.ipv6_unicast",
            "module.iosxr.iosxr_router_bgp_address_family.l2vpn_evpn",
            "module.iosxr.iosxr_router_bgp_address_family.vpnv4_multicast",
            "module.iosxr.iosxr_router_bgp_address_family.vpnv4_unicast",
            "module.iosxr.iosxr_router_bgp_address_family.vpnv6_multicast",
            "module.iosxr.iosxr_router_bgp_address_family.vpnv6_unicast",
            "module.iosxr.iosxr_router_bgp_af_group.router_bgp_af_group",
            "module.iosxr.iosxr_router_bgp_neighbor_group.router_bgp_neighbor_group",
            "module.iosxr.iosxr_router_bgp_session_group.router_bgp_session_group",
            "module.iosxr.iosxr_router_bgp_vrf.router_bgp_vrf",
            "module.iosxr.iosxr_tag_set.tag_set",
            "module.iosxr.iosxr_vrf.vrf"
          ]
        },
        {
          "index_key": "ic-node-3/65000/20/ipv4-unicast",
          "schema_version": 0,
          "attributes": {
            "additional_paths_advertise_limit": null,
            "additional_paths_receive": true,
            "additional_paths_receive_disable": null,
            "additional_paths_selection_disable": null,
            "additional_paths_selection_route_policy": null,
            "additional_paths_send": true,
            "additional_paths_send_disable": null,
            "advertise_best_external": null,
            "advertise_best_external_disable": null,
            "advertise_best_external_labeled_unicast": null,
            "advertise_epe_bgp_labeled_unicast": null,
            "advertise_local_labeled_route_safi_unicast": null,
            "af_name": "ipv4-unicast",
            "aggregate_addresses": null,
            "allocate_label_all": null,
            "allocate_label_all_unlabeled_path": null,
            "allocate_label_route_policy_name": null,
            "allocate_label_route_policy_unlabeled_path": null,
            "allow_vpn_default_originate": null,
            "as_number": "65000",
            "as_path_loopcheck_out_disable": null,
            "bgp_attribute_download": null,
            "bgp_bestpath_origin_as_allow_invalid": null,
            "bgp_bestpath_origin_as_use_validity": null,
            "bgp_dampening_decay_half_life": null,
            "bgp_dampening_max_suppress_time": null,
            "bgp_dampening_reuse_threshold": null,
            "bgp_dampening_route_policy": null,
            "bgp_dampening_suppress_threshold": null,
            "bgp_origin_as_validation_enable": null,
            "bgp_origin_as_validation_signal_ibgp": null,
            "default_martian_check_disable": null,
            "delete_mode": null,
            "device": "ic-node-3",
            "distance_bgp_external_route": null,
            "distance_bgp_internal_route": null,
            "distance_bgp_local_route": null,
            "domain_distinguisher_as": null,
            "domain_distinguisher_router_id": null,
            "dynamic_med_interval": null,
            "global_table_multicast": null,
            "id": "Cisco-IOS-XR-um-router-bgp-cfg:/router/bgp/as[as-number=65000]/vrfs/vrf[vrf-name=20]/address-families/address-family[af-name=ipv4-unicast]",
            "import_from_bridge_domain": null,
            "inter_as_install": null,
            "label_mode_per_ce": null,
            "label_mode_per_nexthop_received_label": null,
            "label_mode_per_nexthop_received_label_allocate_secondary_label": null,
            "label_mode_per_prefix": null,
            "label_mode_per_vrf": true,
            "label_mode_per_vrf_46": null,
            "label_mode_route_policy": null,
            "label_security_asbr_rpf": null,
            "maximum_paths_ebgp_multipath": null,
            "maximum_paths_ebgp_route_policy": null,
            "maximum_paths_ebgp_selective": null,
            "maximum_paths_eibgp_equal_cost": null,
            "maximum_paths_eibgp_multipath": null,
            "maximum_paths_eibgp_route_policy": null,
            "maximum_paths_eibgp_selective": null,
            "maximum_paths_ibgp_multipath": null,
            "maximum_paths_ibgp_route_policy": null,
            "maximum_paths_ibgp_selective": null,
            "maximum_paths_ibgp_unequal_cost": null,
            "maximum_paths_ibgp_unequal_cost_deterministic": null,
            "maximum_paths_unique_nexthop_check_disable": null,
            "mvpn_single_forwarder_selection": null,
            "networks": null,
            "nexthop_route_policy": null,
            "option_b_asbr_only": null,
            "originator_pe_id": null,
            "permanent_network_route_policy": null,
            "redistribute_connected": null,
            "redistribute_connected_metric": null,
            "redistribute_connected_multipath": null,
            "redistribute_connected_route_policy": null,
            "redistribute_eigrp": null,
            "redistribute_isis": null,
            "redistribute_ospf": null,
            "redistribute_ospfv3": null,
            "redistribute_rip": null,
            "redistribute_rip_metric": null,
            "redistribute_rip_multipath": null,
            "redistribute_rip_route_policy": null,
            "redistribute_static": null,
            "redistribute_static_metric": null,
            "redistribute_static_multipath": null,
            "redistribute_static_route_policy": null,
            "segment_routing_srv6_alloc_mode_per_ce": null,
            "segment_routing_srv6_alloc_mode_per_vrf": null,
            "segment_routing_srv6_alloc_mode_per_vrf_46": null,
            "segment_routing_srv6_alloc_mode_route_policy": null,
            "segment_routing_srv6_locator": null,
            "segment_routing_srv6_usid_allocation_wide_local_id_block": null,
            "segmented_multicast": null,
            "table_policy": null,
            "vrf_name": "20",
            "weight_reset_on_import": null
          },
          "sensitive_attributes": [],
          "identity_schema_version": 0,
          "private": "eyJpbXBvcnRpbmciOiJNQT09In0=",
          "dependencies": [
            "module.iosxr.iosxr_as_path_set.as_path_set",
            "module.iosxr.iosxr_bmp_server.bmp_server",
            "module.iosxr.iosxr_community_set.community_set",
            "module.iosxr.iosxr_esi_set.esi_set",
            "module.iosxr.iosxr_etag_set.etag_set",
            "module.iosxr.iosxr_extcommunity_bandwidth_set.extcommunity_bandwidth_set",
            "module.iosxr.iosxr_extcommunity_cost_set.extcommunity_cost_set",
            "module.iosxr.iosxr_extcommunity_evpn_link_bandwidth_set.extcommunity_evpn_link_bandwidth_set",
            "module.iosxr.iosxr_extcommunity_opaque_set.extcommunity_opaque_set",
            "module.iosxr.iosxr_extcommunity_rt_set.extcommunity_rt_set",
            "module.iosxr.iosxr_extcommunity_seg_nh_set.extcommunity_seg_nh_set",
            "module.iosxr.iosxr_extcommunity_soo_set.extcommunity_soo_set",
            "module.iosxr.iosxr_ipv4_prefix_list.ipv4_prefix_list",
            "module.iosxr.iosxr_ipv6_prefix_list.ipv6_prefix_list",
            "module.iosxr.iosxr_key_chain.key_chain",
            "module.iosxr.iosxr_large_community_set.large_community_set",
            "module.iosxr.iosxr_mac_set.mac_set",
            "module.iosxr.iosxr_ospf_area_set.ospf_area_set",
            "module.iosxr.iosxr_policy_global_set.policy_global_set",
            "module.iosxr.iosxr_prefix_set.prefix_set",
            "module.iosxr.iosxr_rd_set.rd_set",
            "module.iosxr.iosxr_route_policy.route_policy",
            "module.iosxr.iosxr_router_bgp.router_bgp",
            "module.iosxr.iosxr_router_bgp_address_family.ipv4_unicast",
            "module.iosxr.iosxr_router_bgp_address_family.ipv6_unicast",
            "module.iosxr.iosxr_router_bgp_address_family.l2vpn_evpn",
            "module.iosxr.iosxr_router_bgp_address_family.vpnv4_multicast",
            "module.iosxr.iosxr_router_bgp_address_family.vpnv4_unicast",
            "module.iosxr.iosxr_router_bgp_address_family.vpnv6_multicast",
            "module.iosxr.iosxr_router_bgp_address_family.vpnv6_unicast",
            "module.iosxr.iosxr_router_bgp_af_group.router_bgp_af_group",
            "module.iosxr.iosxr_router_bgp_neighbor_group.router_bgp_neighbor_group",
            "module.iosxr.iosxr_router_bgp_session_group.router_bgp_session_group",
            "module.iosxr.iosxr_router_bgp_vrf.router_bgp_vrf",
            "module.iosxr.iosxr_tag_set.tag_set",
            "module.iosxr.iosxr_vrf.vrf"
          ]
        },
        {
          "index_key": "ic-node-3/65000/30/ipv4-unicast",
          "schema_version": 0,
          "attributes": {
            "additional_paths_advertise_limit": null,
            "additional_paths_receive": true,
            "additional_paths_receive_disable": null,
            "additional_paths_selection_disable": null,
            "additional_paths_selection_route_policy": null,
            "additional_paths_send": true,
            "additional_paths_send_disable": null,
            "advertise_best_external": null,
            "advertise_best_external_disable": null,
            "advertise_best_external_labeled_unicast": null,
            "advertise_epe_bgp_labeled_unicast": null,
            "advertise_local_labeled_route_safi_unicast": null,
            "af_name": "ipv4-unicast",
            "aggregate_addresses": null,
            "allocate_label_all": null,
            "allocate_label_all_unlabeled_path": null,
            "allocate_label_route_policy_name": null,
            "allocate_label_route_policy_unlabeled_path": null,
            "allow_vpn_default_originate": null,
            "as_number": "65000",
            "as_path_loopcheck_out_disable": null,
            "bgp_attribute_download": null,
            "bgp_bestpath_origin_as_allow_invalid": null,
            "bgp_bestpath_origin_as_use_validity": null,
            "bgp_dampening_decay_half_life": null,
            "bgp_dampening_max_suppress_time": null,
            "bgp_dampening_reuse_threshold": null,
            "bgp_dampening_route_policy": null,
            "bgp_dampening_suppress_threshold": null,
            "bgp_origin_as_validation_enable": null,
            "bgp_origin_as_validation_signal_ibgp": null,
            "default_martian_check_disable": null,
            "delete_mode": null,
            "device": "ic-node-3",
            "distance_bgp_external_route": null,
            "distance_bgp_internal_route": null,
            "distance_bgp_local_route": null,
            "domain_distinguisher_as": null,
            "domain_distinguisher_router_id": null,
            "dynamic_med_interval": null,
            "global_table_multicast": null,
            "id": "Cisco-IOS-XR-um-router-bgp-cfg:/router/bgp/as[as-number=65000]/vrfs/vrf[vrf-name=30]/address-families/address-family[af-name=ipv4-unicast]",
            "import_from_bridge_domain": null,
            "inter_as_install": null,
            "label_mode_per_ce": null,
            "label_mode_per_nexthop_received_label": null,
            "label_mode_per_nexthop_received_label_allocate_secondary_label": null,
            "label_mode_per_prefix": null,
            "label_mode_per_vrf": true,
            "label_mode_per_vrf_46": null,
            "label_mode_route_policy": null,
            "label_security_asbr_rpf": null,
            "maximum_paths_ebgp_multipath": null,
            "maximum_paths_ebgp_route_policy": null,
            "maximum_paths_ebgp_selective": null,
            "maximum_paths_eibgp_equal_cost": null,
            "maximum_paths_eibgp_multipath": null,
            "maximum_paths_eibgp_route_policy": null,
            "maximum_paths_eibgp_selective": null,
            "maximum_paths_ibgp_multipath": null,
            "maximum_paths_ibgp_route_policy": null,
            "maximum_paths_ibgp_selective": null,
            "maximum_paths_ibgp_unequal_cost": null,
            "maximum_paths_ibgp_unequal_cost_deterministic": null,
            "maximum_paths_unique_nexthop_check_disable": null,
            "mvpn_single_forwarder_selection": null,
            "networks": null,
            "nexthop_route_policy": null,
            "option_b_asbr_only": null,
            "originator_pe_id": null,
            "permanent_network_route_policy": null,
            "redistribute_connected": null,
            "redistribute_connected_metric": null,
            "redistribute_connected_multipath": null,
            "redistribute_connected_route_policy": null,
            "redistribute_eigrp": null,
            "redistribute_isis": null,
            "redistribute_ospf": null,
            "redistribute_ospfv3": null,
            "redistribute_rip": null,
            "redistribute_rip_metric": null,
            "redistribute_rip_multipath": null,
            "redistribute_rip_route_policy": null,
            "redistribute_static": null,
            "redistribute_static_metric": null,
            "redistribute_static_multipath": null,
            "redistribute_static_route_policy": null,
            "segment_routing_srv6_alloc_mode_per_ce": null,
            "segment_routing_srv6_alloc_mode_per_vrf": null,
            "segment_routing_srv6_alloc_mode_per_vrf_46": null,
            "segment_routing_srv6_alloc_mode_route_policy": null,
            "segment_routing_srv6_locator": null,
            "segment_routing_srv6_usid_allocation_wide_local_id_block": null,
            "segmented_multicast": null,
            "table_policy": null,
            "vrf_name": "30",
            "weight_reset_on_import": null
          },
          "sensitive_attributes": [],
          "identity_schema_version": 0,
          "private": "eyJpbXBvcnRpbmciOiJNQT09In0=",
          "dependencies": [
            "module.iosxr.iosxr_as_path_set.as_path_set",
            "module.iosxr.iosxr_bmp_server.bmp_server",
            "module.iosxr.iosxr_community_set.community_set",
            "module.iosxr.iosxr_esi_set.esi_set",
            "module.iosxr.iosxr_etag_set.etag_set",
            "module.iosxr.iosxr_extcommunity_bandwidth_set.extcommunity_bandwidth_set",
            "module.iosxr.iosxr_extcommunity_cost_set.extcommunity_cost_set",
            "module.iosxr.iosxr_extcommunity_evpn_link_bandwidth_set.extcommunity_evpn_link_bandwidth_set",
            "module.iosxr.iosxr_extcommunity_opaque_set.extcommunity_opaque_set",
            "module.iosxr.iosxr_extcommunity_rt_set.extcommunity_rt_set",
            "module.iosxr.iosxr_extcommunity_seg_nh_set.extcommunity_seg_nh_set",
            "module.iosxr.iosxr_extcommunity_soo_set.extcommunity_soo_set",
            "module.iosxr.iosxr_ipv4_prefix_list.ipv4_prefix_list",
            "module.iosxr.iosxr_ipv6_prefix_list.ipv6_prefix_list",
            "module.iosxr.iosxr_key_chain.key_chain",
            "module.iosxr.iosxr_large_community_set.large_community_set",
            "module.iosxr.iosxr_mac_set.mac_set",
            "module.iosxr.iosxr_ospf_area_set.ospf_area_set",
            "module.iosxr.iosxr_policy_global_set.policy_global_set",
            "module.iosxr.iosxr_prefix_set.prefix_set",
            "module.iosxr.iosxr_rd_set.rd_set",
            "module.iosxr.iosxr_route_policy.route_policy",
            "module.iosxr.iosxr_router_bgp.router_bgp",
            "module.iosxr.iosxr_router_bgp_address_family.ipv4_unicast",
            "module.iosxr.iosxr_router_bgp_address_family.ipv6_unicast",
            "module.iosxr.iosxr_router_bgp_address_family.l2vpn_evpn",
            "module.iosxr.iosxr_router_bgp_address_family.vpnv4_multicast",
            "module.iosxr.iosxr_router_bgp_address_family.vpnv4_unicast",
            "module.iosxr.iosxr_router_bgp_address_family.vpnv6_multicast",
            "module.iosxr.iosxr_router_bgp_address_family.vpnv6_unicast",
            "module.iosxr.iosxr_router_bgp_af_group.router_bgp_af_group",
            "module.iosxr.iosxr_router_bgp_neighbor_group.router_bgp_neighbor_group",
            "module.iosxr.iosxr_router_bgp_session_group.router_bgp_session_group",
            "module.iosxr.iosxr_router_bgp_vrf.router_bgp_vrf",
            "module.iosxr.iosxr_tag_set.tag_set",
            "module.iosxr.iosxr_vrf.vrf"
          ]
        },
        {
          "index_key": "ic-node-3/65000/40/ipv4-unicast",
          "schema_version": 0,
          "attributes": {
            "additional_paths_advertise_limit": null,
            "additional_paths_receive": true,
            "additional_paths_receive_disable": null,
            "additional_paths_selection_disable": null,
            "additional_paths_selection_route_policy": null,
            "additional_paths_send": true,
            "additional_paths_send_disable": null,
            "advertise_best_external": null,
            "advertise_best_external_disable": null,
            "advertise_best_external_labeled_unicast": null,
            "advertise_epe_bgp_labeled_unicast": null,
            "advertise_local_labeled_route_safi_unicast": null,
            "af_name": "ipv4-unicast",
            "aggregate_addresses": null,
            "allocate_label_all": null,
            "allocate_label_all_unlabeled_path": null,
            "allocate_label_route_policy_name": null,
            "allocate_label_route_policy_unlabeled_path": null,
            "allow_vpn_default_originate": null,
            "as_number": "65000",
            "as_path_loopcheck_out_disable": null,
            "bgp_attribute_download": null,
            "bgp_bestpath_origin_as_allow_invalid": null,
            "bgp_bestpath_origin_as_use_validity": null,
            "bgp_dampening_decay_half_life": null,
            "bgp_dampening_max_suppress_time": null,
            "bgp_dampening_reuse_threshold": null,
            "bgp_dampening_route_policy": null,
            "bgp_dampening_suppress_threshold": null,
            "bgp_origin_as_validation_enable": null,
            "bgp_origin_as_validation_signal_ibgp": null,
            "default_martian_check_disable": null,
            "delete_mode": null,
            "device": "ic-node-3",
            "distance_bgp_external_route": null,
            "distance_bgp_internal_route": null,
            "distance_bgp_local_route": null,
            "domain_distinguisher_as": null,
            "domain_distinguisher_router_id": null,
            "dynamic_med_interval": null,
            "global_table_multicast": null,
            "id": "Cisco-IOS-XR-um-router-bgp-cfg:/router/bgp/as[as-number=65000]/vrfs/vrf[vrf-name=40]/address-families/address-family[af-name=ipv4-unicast]",
            "import_from_bridge_domain": null,
            "inter_as_install": null,
            "label_mode_per_ce": null,
            "label_mode_per_nexthop_received_label": null,
            "label_mode_per_nexthop_received_label_allocate_secondary_label": null,
            "label_mode_per_prefix": null,
            "label_mode_per_vrf": true,
            "label_mode_per_vrf_46": null,
            "label_mode_route_policy": null,
            "label_security_asbr_rpf": null,
            "maximum_paths_ebgp_multipath": null,
            "maximum_paths_ebgp_route_policy": null,
            "maximum_paths_ebgp_selective": null,
            "maximum_paths_eibgp_equal_cost": null,
            "maximum_paths_eibgp_multipath": null,
            "maximum_paths_eibgp_route_policy": null,
            "maximum_paths_eibgp_selective": null,
            "maximum_paths_ibgp_multipath": null,
            "maximum_paths_ibgp_route_policy": null,
            "maximum_paths_ibgp_selective": null,
            "maximum_paths_ibgp_unequal_cost": null,
            "maximum_paths_ibgp_unequal_cost_deterministic": null,
            "maximum_paths_unique_nexthop_check_disable": null,
            "mvpn_single_forwarder_selection": null,
            "networks": null,
            "nexthop_route_policy": null,
            "option_b_asbr_only": null,
            "originator_pe_id": null,
            "permanent_network_route_policy": null,
            "redistribute_connected": null,
            "redistribute_connected_metric": null,
            "redistribute_connected_multipath": null,
            "redistribute_connected_route_policy": null,
            "redistribute_eigrp": null,
            "redistribute_isis": null,
            "redistribute_ospf": null,
            "redistribute_ospfv3": null,
            "redistribute_rip": null,
            "redistribute_rip_metric": null,
            "redistribute_rip_multipath": null,
            "redistribute_rip_route_policy": null,
            "redistribute_static": null,
            "redistribute_static_metric": null,
            "redistribute_static_multipath": null,
            "redistribute_static_route_policy": null,
            "segment_routing_srv6_alloc_mode_per_ce": null,
            "segment_routing_srv6_alloc_mode_per_vrf": null,
            "segment_routing_srv6_alloc_mode_per_vrf_46": null,
            "segment_routing_srv6_alloc_mode_route_policy": null,
            "segment_routing_srv6_locator": null,
            "segment_routing_srv6_usid_allocation_wide_local_id_block": null,
            "segmented_multicast": null,
            "table_policy": null,
            "vrf_name": "40",
            "weight_reset_on_import": null
          },
          "sensitive_attributes": [],
          "identity_schema_version": 0,
          "private": "eyJpbXBvcnRpbmciOiJNQT09In0=",
          "dependencies": [
            "module.iosxr.iosxr_as_path_set.as_path_set",
            "module.iosxr.iosxr_bmp_server.bmp_server",
            "module.iosxr.iosxr_community_set.community_set",
            "module.iosxr.iosxr_esi_set.esi_set",
            "module.iosxr.iosxr_etag_set.etag_set",
            "module.iosxr.iosxr_extcommunity_bandwidth_set.extcommunity_bandwidth_set",
            "module.iosxr.iosxr_extcommunity_cost_set.extcommunity_cost_set",
            "module.iosxr.iosxr_extcommunity_evpn_link_bandwidth_set.extcommunity_evpn_link_bandwidth_set",
            "module.iosxr.iosxr_extcommunity_opaque_set.extcommunity_opaque_set",
            "module.iosxr.iosxr_extcommunity_rt_set.extcommunity_rt_set",
            "module.iosxr.iosxr_extcommunity_seg_nh_set.extcommunity_seg_nh_set",
            "module.iosxr.iosxr_extcommunity_soo_set.extcommunity_soo_set",
            "module.iosxr.iosxr_ipv4_prefix_list.ipv4_prefix_list",
            "module.iosxr.iosxr_ipv6_prefix_list.ipv6_prefix_list",
            "module.iosxr.iosxr_key_chain.key_chain",
            "module.iosxr.iosxr_large_community_set.large_community_set",
            "module.iosxr.iosxr_mac_set.mac_set",
            "module.iosxr.iosxr_ospf_area_set.ospf_area_set",
            "module.iosxr.iosxr_policy_global_set.policy_global_set",
            "module.iosxr.iosxr_prefix_set.prefix_set",
            "module.iosxr.iosxr_rd_set.rd_set",
            "module.iosxr.iosxr_route_policy.route_policy",
            "module.iosxr.iosxr_router_bgp.router_bgp",
            "module.iosxr.iosxr_router_bgp_address_family.ipv4_unicast",
            "module.iosxr.iosxr_router_bgp_address_family.ipv6_unicast",
            "module.iosxr.iosxr_router_bgp_address_family.l2vpn_evpn",
            "module.iosxr.iosxr_router_bgp_address_family.vpnv4_multicast",
            "module.iosxr.iosxr_router_bgp_address_family.vpnv4_unicast",
            "module.iosxr.iosxr_router_bgp_address_family.vpnv6_multicast",
            "module.iosxr.iosxr_router_bgp_address_family.vpnv6_unicast",
            "module.iosxr.iosxr_router_bgp_af_group.router_bgp_af_group",
            "module.iosxr.iosxr_router_bgp_neighbor_group.router_bgp_neighbor_group",
            "module.iosxr.iosxr_router_bgp_session_group.router_bgp_session_group",
            "module.iosxr.iosxr_router_bgp_vrf.router_bgp_vrf",
            "module.iosxr.iosxr_tag_set.tag_set",
            "module.iosxr.iosxr_vrf.vrf"
          ]
        },
        {
          "index_key": "ic-node-4/65000/10/ipv4-unicast",
          "schema_version": 0,
          "attributes": {
            "additional_paths_advertise_limit": null,
            "additional_paths_receive": true,
            "additional_paths_receive_disable": null,
            "additional_paths_selection_disable": null,
            "additional_paths_selection_route_policy": null,
            "additional_paths_send": true,
            "additional_paths_send_disable": null,
            "advertise_best_external": null,
            "advertise_best_external_disable": null,
            "advertise_best_external_labeled_unicast": null,
            "advertise_epe_bgp_labeled_unicast": null,
            "advertise_local_labeled_route_safi_unicast": null,
            "af_name": "ipv4-unicast",
            "aggregate_addresses": null,
            "allocate_label_all": null,
            "allocate_label_all_unlabeled_path": null,
            "allocate_label_route_policy_name": null,
            "allocate_label_route_policy_unlabeled_path": null,
            "allow_vpn_default_originate": null,
            "as_number": "65000",
            "as_path_loopcheck_out_disable": null,
            "bgp_attribute_download": null,
            "bgp_bestpath_origin_as_allow_invalid": null,
            "bgp_bestpath_origin_as_use_validity": null,
            "bgp_dampening_decay_half_life": null,
            "bgp_dampening_max_suppress_time": null,
            "bgp_dampening_reuse_threshold": null,
            "bgp_dampening_route_policy": null,
            "bgp_dampening_suppress_threshold": null,
            "bgp_origin_as_validation_enable": null,
            "bgp_origin_as_validation_signal_ibgp": null,
            "default_martian_check_disable": null,
            "delete_mode": null,
            "device": "ic-node-4",
            "distance_bgp_external_route": null,
            "distance_bgp_internal_route": null,
            "distance_bgp_local_route": null,
            "domain_distinguisher_as": null,
            "domain_distinguisher_router_id": null,
            "dynamic_med_interval": null,
            "global_table_multicast": null,
            "id": "Cisco-IOS-XR-um-router-bgp-cfg:/router/bgp/as[as-number=65000]/vrfs/vrf[vrf-name=10]/address-families/address-family[af-name=ipv4-unicast]",
            "import_from_bridge_domain": null,
            "inter_as_install": null,
            "label_mode_per_ce": null,
            "label_mode_per_nexthop_received_label": null,
            "label_mode_per_nexthop_received_label_allocate_secondary_label": null,
            "label_mode_per_prefix": null,
            "label_mode_per_vrf": true,
            "label_mode_per_vrf_46": null,
            "label_mode_route_policy": null,
            "label_security_asbr_rpf": null,
            "maximum_paths_ebgp_multipath": null,
            "maximum_paths_ebgp_route_policy": null,
            "maximum_paths_ebgp_selective": null,
            "maximum_paths_eibgp_equal_cost": null,
            "maximum_paths_eibgp_multipath": null,
            "maximum_paths_eibgp_route_policy": null,
            "maximum_paths_eibgp_selective": null,
            "maximum_paths_ibgp_multipath": null,
            "maximum_paths_ibgp_route_policy": null,
            "maximum_paths_ibgp_selective": null,
            "maximum_paths_ibgp_unequal_cost": null,
            "maximum_paths_ibgp_unequal_cost_deterministic": null,
            "maximum_paths_unique_nexthop_check_disable": null,
            "mvpn_single_forwarder_selection": null,
            "networks": null,
            "nexthop_route_policy": null,
            "option_b_asbr_only": null,
            "originator_pe_id": null,
            "permanent_network_route_policy": null,
            "redistribute_connected": null,
            "redistribute_connected_metric": null,
            "redistribute_connected_multipath": null,
            "redistribute_connected_route_policy": null,
            "redistribute_eigrp": null,
            "redistribute_isis": null,
            "redistribute_ospf": null,
            "redistribute_ospfv3": null,
            "redistribute_rip": null,
            "redistribute_rip_metric": null,
            "redistribute_rip_multipath": null,
            "redistribute_rip_route_policy": null,
            "redistribute_static": null,
            "redistribute_static_metric": null,
            "redistribute_static_multipath": null,
            "redistribute_static_route_policy": null,
            "segment_routing_srv6_alloc_mode_per_ce": null,
            "segment_routing_srv6_alloc_mode_per_vrf": null,
            "segment_routing_srv6_alloc_mode_per_vrf_46": null,
            "segment_routing_srv6_alloc_mode_route_policy": null,
            "segment_routing_srv6_locator": null,
            "segment_routing_srv6_usid_allocation_wide_local_id_block": null,
            "segmented_multicast": null,
            "table_policy": null,
            "vrf_name": "10",
            "weight_reset_on_import": null
          },
          "sensitive_attributes": [],
          "identity_schema_version": 0,
          "private": "eyJpbXBvcnRpbmciOiJNQT09In0=",
          "dependencies": [
            "module.iosxr.iosxr_as_path_set.as_path_set",
            "module.iosxr.iosxr_bmp_server.bmp_server",
            "module.iosxr.iosxr_community_set.community_set",
            "module.iosxr.iosxr_esi_set.esi_set",
            "module.iosxr.iosxr_etag_set.etag_set",
            "module.iosxr.iosxr_extcommunity_bandwidth_set.extcommunity_bandwidth_set",
            "module.iosxr.iosxr_extcommunity_cost_set.extcommunity_cost_set",
            "module.iosxr.iosxr_extcommunity_evpn_link_bandwidth_set.extcommunity_evpn_link_bandwidth_set",
            "module.iosxr.iosxr_extcommunity_opaque_set.extcommunity_opaque_set",
            "module.iosxr.iosxr_extcommunity_rt_set.extcommunity_rt_set",
            "module.iosxr.iosxr_extcommunity_seg_nh_set.extcommunity_seg_nh_set",
            "module.iosxr.iosxr_extcommunity_soo_set.extcommunity_soo_set",
            "module.iosxr.iosxr_ipv4_prefix_list.ipv4_prefix_list",
            "module.iosxr.iosxr_ipv6_prefix_list.ipv6_prefix_list",
            "module.iosxr.iosxr_key_chain.key_chain",
            "module.iosxr.iosxr_large_community_set.large_community_set",
            "module.iosxr.iosxr_mac_set.mac_set",
            "module.iosxr.iosxr_ospf_area_set.ospf_area_set",
            "module.iosxr.iosxr_policy_global_set.policy_global_set",
            "module.iosxr.iosxr_prefix_set.prefix_set",
            "module.iosxr.iosxr_rd_set.rd_set",
            "module.iosxr.iosxr_route_policy.route_policy",
            "module.iosxr.iosxr_router_bgp.router_bgp",
            "module.iosxr.iosxr_router_bgp_address_family.ipv4_unicast",
            "module.iosxr.iosxr_router_bgp_address_family.ipv6_unicast",
            "module.iosxr.iosxr_router_bgp_address_family.l2vpn_evpn",
            "module.iosxr.iosxr_router_bgp_address_family.vpnv4_multicast",
            "module.iosxr.iosxr_router_bgp_address_family.vpnv4_unicast",
            "module.iosxr.iosxr_router_bgp_address_family.vpnv6_multicast",
            "module.iosxr.iosxr_router_bgp_address_family.vpnv6_unicast",
            "module.iosxr.iosxr_router_bgp_af_group.router_bgp_af_group",
            "module.iosxr.iosxr_router_bgp_neighbor_group.router_bgp_neighbor_group",
            "module.iosxr.iosxr_router_bgp_session_group.router_bgp_session_group",
            "module.iosxr.iosxr_router_bgp_vrf.router_bgp_vrf",
            "module.iosxr.iosxr_tag_set.tag_set",
            "module.iosxr.iosxr_vrf.vrf"
          ]
        },
        {
          "index_key": "ic-node-4/65000/20/ipv4-unicast",
          "schema_version": 0,
          "attributes": {
            "additional_paths_advertise_limit": null,
            "additional_paths_receive": true,
            "additional_paths_receive_disable": null,
            "additional_paths_selection_disable": null,
            "additional_paths_selection_route_policy": null,
            "additional_paths_send": true,
            "additional_paths_send_disable": null,
            "advertise_best_external": null,
            "advertise_best_external_disable": null,
            "advertise_best_external_labeled_unicast": null,
            "advertise_epe_bgp_labeled_unicast": null,
            "advertise_local_labeled_route_safi_unicast": null,
            "af_name": "ipv4-unicast",
            "aggregate_addresses": null,
            "allocate_label_all": null,
            "allocate_label_all_unlabeled_path": null,
            "allocate_label_route_policy_name": null,
            "allocate_label_route_policy_unlabeled_path": null,
            "allow_vpn_default_originate": null,
            "as_number": "65000",
            "as_path_loopcheck_out_disable": null,
            "bgp_attribute_download": null,
            "bgp_bestpath_origin_as_allow_invalid": null,
            "bgp_bestpath_origin_as_use_validity": null,
            "bgp_dampening_decay_half_life": null,
            "bgp_dampening_max_suppress_time": null,
            "bgp_dampening_reuse_threshold": null,
            "bgp_dampening_route_policy": null,
            "bgp_dampening_suppress_threshold": null,
            "bgp_origin_as_validation_enable": null,
            "bgp_origin_as_validation_signal_ibgp": null,
            "default_martian_check_disable": null,
            "delete_mode": null,
            "device": "ic-node-4",
            "distance_bgp_external_route": null,
            "distance_bgp_internal_route": null,
            "distance_bgp_local_route": null,
            "domain_distinguisher_as": null,
            "domain_distinguisher_router_id": null,
            "dynamic_med_interval": null,
            "global_table_multicast": null,
            "id": "Cisco-IOS-XR-um-router-bgp-cfg:/router/bgp/as[as-number=65000]/vrfs/vrf[vrf-name=20]/address-families/address-family[af-name=ipv4-unicast]",
            "import_from_bridge_domain": null,
            "inter_as_install": null,
            "label_mode_per_ce": null,
            "label_mode_per_nexthop_received_label": null,
            "label_mode_per_nexthop_received_label_allocate_secondary_label": null,
            "label_mode_per_prefix": null,
            "label_mode_per_vrf": true,
            "label_mode_per_vrf_46": null,
            "label_mode_route_policy": null,
            "label_security_asbr_rpf": null,
            "maximum_paths_ebgp_multipath": null,
            "maximum_paths_ebgp_route_policy": null,
            "maximum_paths_ebgp_selective": null,
            "maximum_paths_eibgp_equal_cost": null,
            "maximum_paths_eibgp_multipath": null,
            "maximum_paths_eibgp_route_policy": null,
            "maximum_paths_eibgp_selective": null,
            "maximum_paths_ibgp_multipath": null,
            "maximum_paths_ibgp_route_policy": null,
            "maximum_paths_ibgp_selective": null,
            "maximum_paths_ibgp_unequal_cost": null,
            "maximum_paths_ibgp_unequal_cost_deterministic": null,
            "maximum_paths_unique_nexthop_check_disable": null,
            "mvpn_single_forwarder_selection": null,
            "networks": null,
            "nexthop_route_policy": null,
            "option_b_asbr_only": null,
            "originator_pe_id": null,
            "permanent_network_route_policy": null,
            "redistribute_connected": null,
            "redistribute_connected_metric": null,
            "redistribute_connected_multipath": null,
            "redistribute_connected_route_policy": null,
            "redistribute_eigrp": null,
            "redistribute_isis": null,
            "redistribute_ospf": null,
            "redistribute_ospfv3": null,
            "redistribute_rip": null,
            "redistribute_rip_metric": null,
            "redistribute_rip_multipath": null,
            "redistribute_rip_route_policy": null,
            "redistribute_static": null,
            "redistribute_static_metric": null,
            "redistribute_static_multipath": null,
            "redistribute_static_route_policy": null,
            "segment_routing_srv6_alloc_mode_per_ce": null,
            "segment_routing_srv6_alloc_mode_per_vrf": null,
            "segment_routing_srv6_alloc_mode_per_vrf_46": null,
            "segment_routing_srv6_alloc_mode_route_policy": null,
            "segment_routing_srv6_locator": null,
            "segment_routing_srv6_usid_allocation_wide_local_id_block": null,
            "segmented_multicast": null,
            "table_policy": null,
            "vrf_name": "20",
            "weight_reset_on_import": null
          },
          "sensitive_attributes": [],
          "identity_schema_version": 0,
          "private": "eyJpbXBvcnRpbmciOiJNQT09In0=",
          "dependencies": [
            "module.iosxr.iosxr_as_path_set.as_path_set",
            "module.iosxr.iosxr_bmp_server.bmp_server",
            "module.iosxr.iosxr_community_set.community_set",
            "module.iosxr.iosxr_esi_set.esi_set",
            "module.iosxr.iosxr_etag_set.etag_set",
            "module.iosxr.iosxr_extcommunity_bandwidth_set.extcommunity_bandwidth_set",
            "module.iosxr.iosxr_extcommunity_cost_set.extcommunity_cost_set",
            "module.iosxr.iosxr_extcommunity_evpn_link_bandwidth_set.extcommunity_evpn_link_bandwidth_set",
            "module.iosxr.iosxr_extcommunity_opaque_set.extcommunity_opaque_set",
            "module.iosxr.iosxr_extcommunity_rt_set.extcommunity_rt_set",
            "module.iosxr.iosxr_extcommunity_seg_nh_set.extcommunity_seg_nh_set",
            "module.iosxr.iosxr_extcommunity_soo_set.extcommunity_soo_set",
            "module.iosxr.iosxr_ipv4_prefix_list.ipv4_prefix_list",
            "module.iosxr.iosxr_ipv6_prefix_list.ipv6_prefix_list",
            "module.iosxr.iosxr_key_chain.key_chain",
            "module.iosxr.iosxr_large_community_set.large_community_set",
            "module.iosxr.iosxr_mac_set.mac_set",
            "module.iosxr.iosxr_ospf_area_set.ospf_area_set",
            "module.iosxr.iosxr_policy_global_set.policy_global_set",
            "module.iosxr.iosxr_prefix_set.prefix_set",
            "module.iosxr.iosxr_rd_set.rd_set",
            "module.iosxr.iosxr_route_policy.route_policy",
            "module.iosxr.iosxr_router_bgp.router_bgp",
            "module.iosxr.iosxr_router_bgp_address_family.ipv4_unicast",
            "module.iosxr.iosxr_router_bgp_address_family.ipv6_unicast",
            "module.iosxr.iosxr_router_bgp_address_family.l2vpn_evpn",
            "module.iosxr.iosxr_router_bgp_address_family.vpnv4_multicast",
            "module.iosxr.iosxr_router_bgp_address_family.vpnv4_unicast",
            "module.iosxr.iosxr_router_bgp_address_family.vpnv6_multicast",
            "module.iosxr.iosxr_router_bgp_address_family.vpnv6_unicast",
            "module.iosxr.iosxr_router_bgp_af_group.router_bgp_af_group",
            "module.iosxr.iosxr_router_bgp_neighbor_group.router_bgp_neighbor_group",
            "module.iosxr.iosxr_router_bgp_session_group.router_bgp_session_group",
            "module.iosxr.iosxr_router_bgp_vrf.router_bgp_vrf",
            "module.iosxr.iosxr_tag_set.tag_set",
            "module.iosxr.iosxr_vrf.vrf"
          ]
        },
        {
          "index_key": "ic-node-4/65000/30/ipv4-unicast",
          "schema_version": 0,
          "attributes": {
            "additional_paths_advertise_limit": null,
            "additional_paths_receive": true,
            "additional_paths_receive_disable": null,
            "additional_paths_selection_disable": null,
            "additional_paths_selection_route_policy": null,
            "additional_paths_send": true,
            "additional_paths_send_disable": null,
            "advertise_best_external": null,
            "advertise_best_external_disable": null,
            "advertise_best_external_labeled_unicast": null,
            "advertise_epe_bgp_labeled_unicast": null,
            "advertise_local_labeled_route_safi_unicast": null,
            "af_name": "ipv4-unicast",
            "aggregate_addresses": null,
            "allocate_label_all": null,
            "allocate_label_all_unlabeled_path": null,
            "allocate_label_route_policy_name": null,
            "allocate_label_route_policy_unlabeled_path": null,
            "allow_vpn_default_originate": null,
            "as_number": "65000",
            "as_path_loopcheck_out_disable": null,
            "bgp_attribute_download": null,
            "bgp_bestpath_origin_as_allow_invalid": null,
            "bgp_bestpath_origin_as_use_validity": null,
            "bgp_dampening_decay_half_life": null,
            "bgp_dampening_max_suppress_time": null,
            "bgp_dampening_reuse_threshold": null,
            "bgp_dampening_route_policy": null,
            "bgp_dampening_suppress_threshold": null,
            "bgp_origin_as_validation_enable": null,
            "bgp_origin_as_validation_signal_ibgp": null,
            "default_martian_check_disable": null,
            "delete_mode": null,
            "device": "ic-node-4",
            "distance_bgp_external_route": null,
            "distance_bgp_internal_route": null,
            "distance_bgp_local_route": null,
            "domain_distinguisher_as": null,
            "domain_distinguisher_router_id": null,
            "dynamic_med_interval": null,
            "global_table_multicast": null,
            "id": "Cisco-IOS-XR-um-router-bgp-cfg:/router/bgp/as[as-number=65000]/vrfs/vrf[vrf-name=30]/address-families/address-family[af-name=ipv4-unicast]",
            "import_from_bridge_domain": null,
            "inter_as_install": null,
            "label_mode_per_ce": null,
            "label_mode_per_nexthop_received_label": null,
            "label_mode_per_nexthop_received_label_allocate_secondary_label": null,
            "label_mode_per_prefix": null,
            "label_mode_per_vrf": true,
            "label_mode_per_vrf_46": null,
            "label_mode_route_policy": null,
            "label_security_asbr_rpf": null,
            "maximum_paths_ebgp_multipath": null,
            "maximum_paths_ebgp_route_policy": null,
            "maximum_paths_ebgp_selective": null,
            "maximum_paths_eibgp_equal_cost": null,
            "maximum_paths_eibgp_multipath": null,
            "maximum_paths_eibgp_route_policy": null,
            "maximum_paths_eibgp_selective": null,
            "maximum_paths_ibgp_multipath": null,
            "maximum_paths_ibgp_route_policy": null,
            "maximum_paths_ibgp_selective": null,
            "maximum_paths_ibgp_unequal_cost": null,
            "maximum_paths_ibgp_unequal_cost_deterministic": null,
            "maximum_paths_unique_nexthop_check_disable": null,
            "mvpn_single_forwarder_selection": null,
            "networks": null,
            "nexthop_route_policy": null,
            "option_b_asbr_only": null,
            "originator_pe_id": null,
            "permanent_network_route_policy": null,
            "redistribute_connected": null,
            "redistribute_connected_metric": null,
            "redistribute_connected_multipath": null,
            "redistribute_connected_route_policy": null,
            "redistribute_eigrp": null,
            "redistribute_isis": null,
            "redistribute_ospf": null,
            "redistribute_ospfv3": null,
            "redistribute_rip": null,
            "redistribute_rip_metric": null,
            "redistribute_rip_multipath": null,
            "redistribute_rip_route_policy": null,
            "redistribute_static": null,
            "redistribute_static_metric": null,
            "redistribute_static_multipath": null,
            "redistribute_static_route_policy": null,
            "segment_routing_srv6_alloc_mode_per_ce": null,
            "segment_routing_srv6_alloc_mode_per_vrf": null,
            "segment_routing_srv6_alloc_mode_per_vrf_46": null,
            "segment_routing_srv6_alloc_mode_route_policy": null,
            "segment_routing_srv6_locator": null,
            "segment_routing_srv6_usid_allocation_wide_local_id_block": null,
            "segmented_multicast": null,
            "table_policy": null,
            "vrf_name": "30",
            "weight_reset_on_import": null
          },
          "sensitive_attributes": [],
          "identity_schema_version": 0,
          "private": "eyJpbXBvcnRpbmciOiJNQT09In0=",
          "dependencies": [
            "module.iosxr.iosxr_as_path_set.as_path_set",
            "module.iosxr.iosxr_bmp_server.bmp_server",
            "module.iosxr.iosxr_community_set.community_set",
            "module.iosxr.iosxr_esi_set.esi_set",
            "module.iosxr.iosxr_etag_set.etag_set",
            "module.iosxr.iosxr_extcommunity_bandwidth_set.extcommunity_bandwidth_set",
            "module.iosxr.iosxr_extcommunity_cost_set.extcommunity_cost_set",
            "module.iosxr.iosxr_extcommunity_evpn_link_bandwidth_set.extcommunity_evpn_link_bandwidth_set",
            "module.iosxr.iosxr_extcommunity_opaque_set.extcommunity_opaque_set",
            "module.iosxr.iosxr_extcommunity_rt_set.extcommunity_rt_set",
            "module.iosxr.iosxr_extcommunity_seg_nh_set.extcommunity_seg_nh_set",
            "module.iosxr.iosxr_extcommunity_soo_set.extcommunity_soo_set",
            "module.iosxr.iosxr_ipv4_prefix_list.ipv4_prefix_list",
            "module.iosxr.iosxr_ipv6_prefix_list.ipv6_prefix_list",
            "module.iosxr.iosxr_key_chain.key_chain",
            "module.iosxr.iosxr_large_community_set.large_community_set",
            "module.iosxr.iosxr_mac_set.mac_set",
            "module.iosxr.iosxr_ospf_area_set.ospf_area_set",
            "module.iosxr.iosxr_policy_global_set.policy_global_set",
            "module.iosxr.iosxr_prefix_set.prefix_set",
            "module.iosxr.iosxr_rd_set.rd_set",
            "module.iosxr.iosxr_route_policy.route_policy",
            "module.iosxr.iosxr_router_bgp.router_bgp",
            "module.iosxr.iosxr_router_bgp_address_family.ipv4_unicast",
            "module.iosxr.iosxr_router_bgp_address_family.ipv6_unicast",
            "module.iosxr.iosxr_router_bgp_address_family.l2vpn_evpn",
            "module.iosxr.iosxr_router_bgp_address_family.vpnv4_multicast",
            "module.iosxr.iosxr_router_bgp_address_family.vpnv4_unicast",
            "module.iosxr.iosxr_router_bgp_address_family.vpnv6_multicast",
            "module.iosxr.iosxr_router_bgp_address_family.vpnv6_unicast",
            "module.iosxr.iosxr_router_bgp_af_group.router_bgp_af_group",
            "module.iosxr.iosxr_router_bgp_neighbor_group.router_bgp_neighbor_group",
            "module.iosxr.iosxr_router_bgp_session_group.router_bgp_session_group",
            "module.iosxr.iosxr_router_bgp_vrf.router_bgp_vrf",
            "module.iosxr.iosxr_tag_set.tag_set",
            "module.iosxr.iosxr_vrf.vrf"
          ]
        },
        {
          "index_key": "ic-node-4/65000/40/ipv4-unicast",
          "schema_version": 0,
          "attributes": {
            "additional_paths_advertise_limit": null,
            "additional_paths_receive": true,
            "additional_paths_receive_disable": null,
            "additional_paths_selection_disable": null,
            "additional_paths_selection_route_policy": null,
            "additional_paths_send": true,
            "additional_paths_send_disable": null,
            "advertise_best_external": null,
            "advertise_best_external_disable": null,
            "advertise_best_external_labeled_unicast": null,
            "advertise_epe_bgp_labeled_unicast": null,
            "advertise_local_labeled_route_safi_unicast": null,
            "af_name": "ipv4-unicast",
            "aggregate_addresses": null,
            "allocate_label_all": null,
            "allocate_label_all_unlabeled_path": null,
            "allocate_label_route_policy_name": null,
            "allocate_label_route_policy_unlabeled_path": null,
            "allow_vpn_default_originate": null,
            "as_number": "65000",
            "as_path_loopcheck_out_disable": null,
            "bgp_attribute_download": null,
            "bgp_bestpath_origin_as_allow_invalid": null,
            "bgp_bestpath_origin_as_use_validity": null,
            "bgp_dampening_decay_half_life": null,
            "bgp_dampening_max_suppress_time": null,
            "bgp_dampening_reuse_threshold": null,
            "bgp_dampening_route_policy": null,
            "bgp_dampening_suppress_threshold": null,
            "bgp_origin_as_validation_enable": null,
            "bgp_origin_as_validation_signal_ibgp": null,
            "default_martian_check_disable": null,
            "delete_mode": null,
            "device": "ic-node-4",
            "distance_bgp_external_route": null,
            "distance_bgp_internal_route": null,
            "distance_bgp_local_route": null,
            "domain_distinguisher_as": null,
            "domain_distinguisher_router_id": null,
            "dynamic_med_interval": null,
            "global_table_multicast": null,
            "id": "Cisco-IOS-XR-um-router-bgp-cfg:/router/bgp/as[as-number=65000]/vrfs/vrf[vrf-name=40]/address-families/address-family[af-name=ipv4-unicast]",
            "import_from_bridge_domain": null,
            "inter_as_install": null,
            "label_mode_per_ce": null,
            "label_mode_per_nexthop_received_label": null,
            "label_mode_per_nexthop_received_label_allocate_secondary_label": null,
            "label_mode_per_prefix": null,
            "label_mode_per_vrf": true,
            "label_mode_per_vrf_46": null,
            "label_mode_route_policy": null,
            "label_security_asbr_rpf": null,
            "maximum_paths_ebgp_multipath": null,
            "maximum_paths_ebgp_route_policy": null,
            "maximum_paths_ebgp_selective": null,
            "maximum_paths_eibgp_equal_cost": null,
            "maximum_paths_eibgp_multipath": null,
            "maximum_paths_eibgp_route_policy": null,
            "maximum_paths_eibgp_selective": null,
            "maximum_paths_ibgp_multipath": null,
            "maximum_paths_ibgp_route_policy": null,
            "maximum_paths_ibgp_selective": null,
            "maximum_paths_ibgp_unequal_cost": null,
            "maximum_paths_ibgp_unequal_cost_deterministic": null,
            "maximum_paths_unique_nexthop_check_disable": null,
            "mvpn_single_forwarder_selection": null,
            "networks": null,
            "nexthop_route_policy": null,
            "option_b_asbr_only": null,
            "originator_pe_id": null,
            "permanent_network_route_policy": null,
            "redistribute_connected": null,
            "redistribute_connected_metric": null,
            "redistribute_connected_multipath": null,
            "redistribute_connected_route_policy": null,
            "redistribute_eigrp": null,
            "redistribute_isis": null,
            "redistribute_ospf": null,
            "redistribute_ospfv3": null,
            "redistribute_rip": null,
            "redistribute_rip_metric": null,
            "redistribute_rip_multipath": null,
            "redistribute_rip_route_policy": null,
            "redistribute_static": null,
            "redistribute_static_metric": null,
            "redistribute_static_multipath": null,
            "redistribute_static_route_policy": null,
            "segment_routing_srv6_alloc_mode_per_ce": null,
            "segment_routing_srv6_alloc_mode_per_vrf": null,
            "segment_routing_srv6_alloc_mode_per_vrf_46": null,
            "segment_routing_srv6_alloc_mode_route_policy": null,
            "segment_routing_srv6_locator": null,
            "segment_routing_srv6_usid_allocation_wide_local_id_block": null,
            "segmented_multicast": null,
            "table_policy": null,
            "vrf_name": "40",
            "weight_reset_on_import": null
          },
          "sensitive_attributes": [],
          "identity_schema_version": 0,
          "private": "eyJpbXBvcnRpbmciOiJNQT09In0=",
          "dependencies": [
            "module.iosxr.iosxr_as_path_set.as_path_set",
            "module.iosxr.iosxr_bmp_server.bmp_server",
            "module.iosxr.iosxr_community_set.community_set",
            "module.iosxr.iosxr_esi_set.esi_set",
            "module.iosxr.iosxr_etag_set.etag_set",
            "module.iosxr.iosxr_extcommunity_bandwidth_set.extcommunity_bandwidth_set",
            "module.iosxr.iosxr_extcommunity_cost_set.extcommunity_cost_set",
            "module.iosxr.iosxr_extcommunity_evpn_link_bandwidth_set.extcommunity_evpn_link_bandwidth_set",
            "module.iosxr.iosxr_extcommunity_opaque_set.extcommunity_opaque_set",
            "module.iosxr.iosxr_extcommunity_rt_set.extcommunity_rt_set",
            "module.iosxr.iosxr_extcommunity_seg_nh_set.extcommunity_seg_nh_set",
            "module.iosxr.iosxr_extcommunity_soo_set.extcommunity_soo_set",
            "module.iosxr.iosxr_ipv4_prefix_list.ipv4_prefix_list",
            "module.iosxr.iosxr_ipv6_prefix_list.ipv6_prefix_list",
            "module.iosxr.iosxr_key_chain.key_chain",
            "module.iosxr.iosxr_large_community_set.large_community_set",
            "module.iosxr.iosxr_mac_set.mac_set",
            "module.iosxr.iosxr_ospf_area_set.ospf_area_set",
            "module.iosxr.iosxr_policy_global_set.policy_global_set",
            "module.iosxr.iosxr_prefix_set.prefix_set",
            "module.iosxr.iosxr_rd_set.rd_set",
            "module.iosxr.iosxr_route_policy.route_policy",
            "module.iosxr.iosxr_router_bgp.router_bgp",
            "module.iosxr.iosxr_router_bgp_address_family.ipv4_unicast",
            "module.iosxr.iosxr_router_bgp_address_family.ipv6_unicast",
            "module.iosxr.iosxr_router_bgp_address_family.l2vpn_evpn",
            "module.iosxr.iosxr_router_bgp_address_family.vpnv4_multicast",
            "module.iosxr.iosxr_router_bgp_address_family.vpnv4_unicast",
            "module.iosxr.iosxr_router_bgp_address_family.vpnv6_multicast",
            "module.iosxr.iosxr_router_bgp_address_family.vpnv6_unicast",
            "module.iosxr.iosxr_router_bgp_af_group.router_bgp_af_group",
            "module.iosxr.iosxr_router_bgp_neighbor_group.router_bgp_neighbor_group",
            "module.iosxr.iosxr_router_bgp_session_group.router_bgp_session_group",
            "module.iosxr.iosxr_router_bgp_vrf.router_bgp_vrf",
            "module.iosxr.iosxr_tag_set.tag_set",
            "module.iosxr.iosxr_vrf.vrf"
          ]
        }
      ]
    },
    {
      "module": "module.iosxr",
      "mode": "managed",
      "type": "iosxr_router_isis",
      "name": "router_isis",
      "provider": "module.iosxr.provider[\"registry.terraform.io/ciscodevnet/iosxr\"]",
      "instances": [
        {
          "index_key": "ic-node-1/ISIS-1",
          "schema_version": 0,
          "attributes": {
            "adjacency_stagger": null,
            "adjacency_stagger_initial_neighbors": null,
            "adjacency_stagger_max_neighbors": null,
            "affinity_maps": null,
            "authentication_check_disable": null,
            "delete_mode": null,
            "device": "ic-node-1",
            "distribute_link_state": null,
            "distribute_link_state_exclude_external": null,
            "distribute_link_state_exclude_interarea": null,
            "distribute_link_state_instance_id": null,
            "distribute_link_state_level": null,
            "distribute_link_state_route_policy": null,
            "distribute_link_state_throttle": null,
            "extended_admin_group": null,
            "flex_algos": null,
            "hello_padding": null,
            "hostname_dynamic_disable": null,
            "id": "Cisco-IOS-XR-um-router-isis-cfg:/router/isis/processes/process[process-id=ISIS-1]",
            "ignore_lsp_errors_disable": null,
            "iid_disable": null,
            "instance_id": null,
            "is_type": "level-1-2",
            "log_adjacency_changes": null,
            "log_format_brief": null,
            "log_pdu_drops": null,
            "log_sizes": null,
            "lsp_check_interval": null,
            "lsp_check_interval_levels": null,
            "lsp_fast_flooding": null,
            "lsp_fast_flooding_max_lsp_tx": null,
            "lsp_fast_flooding_remote_psnp_delay": null,
            "lsp_gen_interval_initial_wait": null,
            "lsp_gen_interval_levels": null,
            "lsp_gen_interval_maximum_wait": null,
            "lsp_gen_interval_secondary_wait": null,
            "lsp_mtu": null,
            "lsp_mtu_levels": null,
            "lsp_password_accept_encrypted": null,
            "lsp_password_accept_levels": null,
            "lsp_password_hmac_md5_enable_poi": null,
            "lsp_password_hmac_md5_encrypted": null,
            "lsp_password_hmac_md5_send_only": null,
            "lsp_password_hmac_md5_snp_send_only": null,
            "lsp_password_keychain": null,
            "lsp_password_keychain_enable_poi": null,
            "lsp_password_keychain_send_only": null,
            "lsp_password_keychain_snp_send_only": null,
            "lsp_password_levels": null,
            "lsp_password_text_enable_poi": null,
            "lsp_password_text_encrypted": null,
            "lsp_password_text_send_only": null,
            "lsp_password_text_snp_send_only": null,
            "lsp_refresh_interval": null,
            "lsp_refresh_interval_levels": null,
            "max_lsp_lifetime": null,
            "max_lsp_lifetime_levels": null,
            "max_metric": null,
            "max_metric_default_route": null,
            "max_metric_delay": null,
            "max_metric_external": null,
            "max_metric_interlevel": null,
            "max_metric_levels": null,
            "max_metric_on_startup_advertise": null,
            "max_metric_on_startup_wait_for_bgp": null,
            "max_metric_srv6_locator": null,
            "max_metric_te": null,
            "min_lsp_arrival_initial_wait": null,
            "min_lsp_arrival_levels": null,
            "min_lsp_arrival_maximum_wait": null,
            "min_lsp_arrival_secondary_wait": null,
            "mpls_ldp_sync": null,
            "mpls_ldp_sync_level": null,
            "multi_part_tlv_disable": null,
            "multi_part_tlv_disable_levels": null,
            "multi_part_tlv_disable_neighbor": null,
            "multi_part_tlv_disable_prefix_tlvs": null,
            "multi_part_tlv_disable_router_capability": null,
            "nets": [
              {
                "net_id": "49.0000.0000.0000.0001.00"
              }
            ],
            "nsf_cisco": null,
            "nsf_ietf": null,
            "nsf_interface_expires": null,
            "nsf_interface_timer": null,
            "nsf_lifetime": null,
            "nsr": null,
            "nsr_restart_time": null,
            "oor_set_overload_bit_disable": null,
            "process_id": "ISIS-1",
            "protocol_shutdown": null,
            "psnp_interval": null,
            "purge_transmit_strict": null,
            "purge_transmit_strict_value": null,
            "receive_application_flex_algo_delay_app_only": null,
            "segment_routing_global_block_lower_bound": 16000,
            "segment_routing_global_block_upper_bound": 17000,
            "set_overload_bit": null,
            "set_overload_bit_advertise_external": null,
            "set_overload_bit_advertise_interlevel": null,
            "set_overload_bit_levels": null,
            "set_overload_bit_on_startup_time_to_advertise": null,
            "set_overload_bit_on_startup_wait_for_bgp": null,
            "srlg_admin_weight": null,
            "srlg_names": null
          },
          "sensitive_attributes": [
            [
              {
                "type": "get_attr",
                "value": "lsp_password_accept_encrypted"
              }
            ],
            [
              {
                "type": "get_attr",
                "value": "lsp_password_hmac_md5_encrypted"
              }
            ],
            [
              {
                "type": "get_attr",
                "value": "lsp_password_text_encrypted"
              }
            ]
          ],
          "identity_schema_version": 0,
          "private": "eyJpbXBvcnRpbmciOiJNQT09In0=",
          "dependencies": [
            "module.iosxr.iosxr_as_path_set.as_path_set",
            "module.iosxr.iosxr_community_set.community_set",
            "module.iosxr.iosxr_esi_set.esi_set",
            "module.iosxr.iosxr_etag_set.etag_set",
            "module.iosxr.iosxr_extcommunity_bandwidth_set.extcommunity_bandwidth_set",
            "module.iosxr.iosxr_extcommunity_cost_set.extcommunity_cost_set",
            "module.iosxr.iosxr_extcommunity_evpn_link_bandwidth_set.extcommunity_evpn_link_bandwidth_set",
            "module.iosxr.iosxr_extcommunity_opaque_set.extcommunity_opaque_set",
            "module.iosxr.iosxr_extcommunity_rt_set.extcommunity_rt_set",
            "module.iosxr.iosxr_extcommunity_seg_nh_set.extcommunity_seg_nh_set",
            "module.iosxr.iosxr_extcommunity_soo_set.extcommunity_soo_set",
            "module.iosxr.iosxr_ipv4_prefix_list.ipv4_prefix_list",
            "module.iosxr.iosxr_ipv6_prefix_list.ipv6_prefix_list",
            "module.iosxr.iosxr_key_chain.key_chain",
            "module.iosxr.iosxr_large_community_set.large_community_set",
            "module.iosxr.iosxr_mac_set.mac_set",
            "module.iosxr.iosxr_ospf_area_set.ospf_area_set",
            "module.iosxr.iosxr_policy_global_set.policy_global_set",
            "module.iosxr.iosxr_prefix_set.prefix_set",
            "module.iosxr.iosxr_rd_set.rd_set",
            "module.iosxr.iosxr_route_policy.route_policy",
            "module.iosxr.iosxr_segment_routing.segment_routing",
            "module.iosxr.iosxr_segment_routing_v6.segment_routing_v6",
            "module.iosxr.iosxr_tag_set.tag_set",
            "module.iosxr.terraform_data.segment_routing_v6_replace"
          ]
        },
        {
          "index_key": "ic-node-2/ISIS-1",
          "schema_version": 0,
          "attributes": {
            "adjacency_stagger": null,
            "adjacency_stagger_initial_neighbors": null,
            "adjacency_stagger_max_neighbors": null,
            "affinity_maps": null,
            "authentication_check_disable": null,
            "delete_mode": null,
            "device": "ic-node-2",
            "distribute_link_state": null,
            "distribute_link_state_exclude_external": null,
            "distribute_link_state_exclude_interarea": null,
            "distribute_link_state_instance_id": null,
            "distribute_link_state_level": null,
            "distribute_link_state_route_policy": null,
            "distribute_link_state_throttle": null,
            "extended_admin_group": null,
            "flex_algos": null,
            "hello_padding": null,
            "hostname_dynamic_disable": null,
            "id": "Cisco-IOS-XR-um-router-isis-cfg:/router/isis/processes/process[process-id=ISIS-1]",
            "ignore_lsp_errors_disable": null,
            "iid_disable": null,
            "instance_id": null,
            "is_type": "level-1-2",
            "log_adjacency_changes": null,
            "log_format_brief": null,
            "log_pdu_drops": null,
            "log_sizes": null,
            "lsp_check_interval": null,
            "lsp_check_interval_levels": null,
            "lsp_fast_flooding": null,
            "lsp_fast_flooding_max_lsp_tx": null,
            "lsp_fast_flooding_remote_psnp_delay": null,
            "lsp_gen_interval_initial_wait": null,
            "lsp_gen_interval_levels": null,
            "lsp_gen_interval_maximum_wait": null,
            "lsp_gen_interval_secondary_wait": null,
            "lsp_mtu": null,
            "lsp_mtu_levels": null,
            "lsp_password_accept_encrypted": null,
            "lsp_password_accept_levels": null,
            "lsp_password_hmac_md5_enable_poi": null,
            "lsp_password_hmac_md5_encrypted": null,
            "lsp_password_hmac_md5_send_only": null,
            "lsp_password_hmac_md5_snp_send_only": null,
            "lsp_password_keychain": null,
            "lsp_password_keychain_enable_poi": null,
            "lsp_password_keychain_send_only": null,
            "lsp_password_keychain_snp_send_only": null,
            "lsp_password_levels": null,
            "lsp_password_text_enable_poi": null,
            "lsp_password_text_encrypted": null,
            "lsp_password_text_send_only": null,
            "lsp_password_text_snp_send_only": null,
            "lsp_refresh_interval": null,
            "lsp_refresh_interval_levels": null,
            "max_lsp_lifetime": null,
            "max_lsp_lifetime_levels": null,
            "max_metric": null,
            "max_metric_default_route": null,
            "max_metric_delay": null,
            "max_metric_external": null,
            "max_metric_interlevel": null,
            "max_metric_levels": null,
            "max_metric_on_startup_advertise": null,
            "max_metric_on_startup_wait_for_bgp": null,
            "max_metric_srv6_locator": null,
            "max_metric_te": null,
            "min_lsp_arrival_initial_wait": null,
            "min_lsp_arrival_levels": null,
            "min_lsp_arrival_maximum_wait": null,
            "min_lsp_arrival_secondary_wait": null,
            "mpls_ldp_sync": null,
            "mpls_ldp_sync_level": null,
            "multi_part_tlv_disable": null,
            "multi_part_tlv_disable_levels": null,
            "multi_part_tlv_disable_neighbor": null,
            "multi_part_tlv_disable_prefix_tlvs": null,
            "multi_part_tlv_disable_router_capability": null,
            "nets": [
              {
                "net_id": "49.0000.0000.0000.0002.00"
              }
            ],
            "nsf_cisco": null,
            "nsf_ietf": null,
            "nsf_interface_expires": null,
            "nsf_interface_timer": null,
            "nsf_lifetime": null,
            "nsr": null,
            "nsr_restart_time": null,
            "oor_set_overload_bit_disable": null,
            "process_id": "ISIS-1",
            "protocol_shutdown": null,
            "psnp_interval": null,
            "purge_transmit_strict": null,
            "purge_transmit_strict_value": null,
            "receive_application_flex_algo_delay_app_only": null,
            "segment_routing_global_block_lower_bound": 16000,
            "segment_routing_global_block_upper_bound": 17000,
            "set_overload_bit": null,
            "set_overload_bit_advertise_external": null,
            "set_overload_bit_advertise_interlevel": null,
            "set_overload_bit_levels": null,
            "set_overload_bit_on_startup_time_to_advertise": null,
            "set_overload_bit_on_startup_wait_for_bgp": null,
            "srlg_admin_weight": null,
            "srlg_names": null
          },
          "sensitive_attributes": [
            [
              {
                "type": "get_attr",
                "value": "lsp_password_accept_encrypted"
              }
            ],
            [
              {
                "type": "get_attr",
                "value": "lsp_password_hmac_md5_encrypted"
              }
            ],
            [
              {
                "type": "get_attr",
                "value": "lsp_password_text_encrypted"
              }
            ]
          ],
          "identity_schema_version": 0,
          "private": "eyJpbXBvcnRpbmciOiJNQT09In0=",
          "dependencies": [
            "module.iosxr.iosxr_as_path_set.as_path_set",
            "module.iosxr.iosxr_community_set.community_set",
            "module.iosxr.iosxr_esi_set.esi_set",
            "module.iosxr.iosxr_etag_set.etag_set",
            "module.iosxr.iosxr_extcommunity_bandwidth_set.extcommunity_bandwidth_set",
            "module.iosxr.iosxr_extcommunity_cost_set.extcommunity_cost_set",
            "module.iosxr.iosxr_extcommunity_evpn_link_bandwidth_set.extcommunity_evpn_link_bandwidth_set",
            "module.iosxr.iosxr_extcommunity_opaque_set.extcommunity_opaque_set",
            "module.iosxr.iosxr_extcommunity_rt_set.extcommunity_rt_set",
            "module.iosxr.iosxr_extcommunity_seg_nh_set.extcommunity_seg_nh_set",
            "module.iosxr.iosxr_extcommunity_soo_set.extcommunity_soo_set",
            "module.iosxr.iosxr_ipv4_prefix_list.ipv4_prefix_list",
            "module.iosxr.iosxr_ipv6_prefix_list.ipv6_prefix_list",
            "module.iosxr.iosxr_key_chain.key_chain",
            "module.iosxr.iosxr_large_community_set.large_community_set",
            "module.iosxr.iosxr_mac_set.mac_set",
            "module.iosxr.iosxr_ospf_area_set.ospf_area_set",
            "module.iosxr.iosxr_policy_global_set.policy_global_set",
            "module.iosxr.iosxr_prefix_set.prefix_set",
            "module.iosxr.iosxr_rd_set.rd_set",
            "module.iosxr.iosxr_route_policy.route_policy",
            "module.iosxr.iosxr_segment_routing.segment_routing",
            "module.iosxr.iosxr_segment_routing_v6.segment_routing_v6",
            "module.iosxr.iosxr_tag_set.tag_set",
            "module.iosxr.terraform_data.segment_routing_v6_replace"
          ]
        },
        {
          "index_key": "ic-node-3/ISIS-1",
          "schema_version": 0,
          "attributes": {
            "adjacency_stagger": null,
            "adjacency_stagger_initial_neighbors": null,
            "adjacency_stagger_max_neighbors": null,
            "affinity_maps": null,
            "authentication_check_disable": null,
            "delete_mode": null,
            "device": "ic-node-3",
            "distribute_link_state": null,
            "distribute_link_state_exclude_external": null,
            "distribute_link_state_exclude_interarea": null,
            "distribute_link_state_instance_id": null,
            "distribute_link_state_level": null,
            "distribute_link_state_route_policy": null,
            "distribute_link_state_throttle": null,
            "extended_admin_group": null,
            "flex_algos": null,
            "hello_padding": null,
            "hostname_dynamic_disable": null,
            "id": "Cisco-IOS-XR-um-router-isis-cfg:/router/isis/processes/process[process-id=ISIS-1]",
            "ignore_lsp_errors_disable": null,
            "iid_disable": null,
            "instance_id": null,
            "is_type": "level-1-2",
            "log_adjacency_changes": null,
            "log_format_brief": null,
            "log_pdu_drops": null,
            "log_sizes": null,
            "lsp_check_interval": null,
            "lsp_check_interval_levels": null,
            "lsp_fast_flooding": null,
            "lsp_fast_flooding_max_lsp_tx": null,
            "lsp_fast_flooding_remote_psnp_delay": null,
            "lsp_gen_interval_initial_wait": null,
            "lsp_gen_interval_levels": null,
            "lsp_gen_interval_maximum_wait": null,
            "lsp_gen_interval_secondary_wait": null,
            "lsp_mtu": null,
            "lsp_mtu_levels": null,
            "lsp_password_accept_encrypted": null,
            "lsp_password_accept_levels": null,
            "lsp_password_hmac_md5_enable_poi": null,
            "lsp_password_hmac_md5_encrypted": null,
            "lsp_password_hmac_md5_send_only": null,
            "lsp_password_hmac_md5_snp_send_only": null,
            "lsp_password_keychain": null,
            "lsp_password_keychain_enable_poi": null,
            "lsp_password_keychain_send_only": null,
            "lsp_password_keychain_snp_send_only": null,
            "lsp_password_levels": null,
            "lsp_password_text_enable_poi": null,
            "lsp_password_text_encrypted": null,
            "lsp_password_text_send_only": null,
            "lsp_password_text_snp_send_only": null,
            "lsp_refresh_interval": null,
            "lsp_refresh_interval_levels": null,
            "max_lsp_lifetime": null,
            "max_lsp_lifetime_levels": null,
            "max_metric": null,
            "max_metric_default_route": null,
            "max_metric_delay": null,
            "max_metric_external": null,
            "max_metric_interlevel": null,
            "max_metric_levels": null,
            "max_metric_on_startup_advertise": null,
            "max_metric_on_startup_wait_for_bgp": null,
            "max_metric_srv6_locator": null,
            "max_metric_te": null,
            "min_lsp_arrival_initial_wait": null,
            "min_lsp_arrival_levels": null,
            "min_lsp_arrival_maximum_wait": null,
            "min_lsp_arrival_secondary_wait": null,
            "mpls_ldp_sync": null,
            "mpls_ldp_sync_level": null,
            "multi_part_tlv_disable": null,
            "multi_part_tlv_disable_levels": null,
            "multi_part_tlv_disable_neighbor": null,
            "multi_part_tlv_disable_prefix_tlvs": null,
            "multi_part_tlv_disable_router_capability": null,
            "nets": [
              {
                "net_id": "49.0000.0000.0000.0003.00"
              }
            ],
            "nsf_cisco": null,
            "nsf_ietf": null,
            "nsf_interface_expires": null,
            "nsf_interface_timer": null,
            "nsf_lifetime": null,
            "nsr": null,
            "nsr_restart_time": null,
            "oor_set_overload_bit_disable": null,
            "process_id": "ISIS-1",
            "protocol_shutdown": null,
            "psnp_interval": null,
            "purge_transmit_strict": null,
            "purge_transmit_strict_value": null,
            "receive_application_flex_algo_delay_app_only": null,
            "segment_routing_global_block_lower_bound": 16000,
            "segment_routing_global_block_upper_bound": 17000,
            "set_overload_bit": null,
            "set_overload_bit_advertise_external": null,
            "set_overload_bit_advertise_interlevel": null,
            "set_overload_bit_levels": null,
            "set_overload_bit_on_startup_time_to_advertise": null,
            "set_overload_bit_on_startup_wait_for_bgp": null,
            "srlg_admin_weight": null,
            "srlg_names": null
          },
          "sensitive_attributes": [
            [
              {
                "type": "get_attr",
                "value": "lsp_password_accept_encrypted"
              }
            ],
            [
              {
                "type": "get_attr",
                "value": "lsp_password_hmac_md5_encrypted"
              }
            ],
            [
              {
                "type": "get_attr",
                "value": "lsp_password_text_encrypted"
              }
            ]
          ],
          "identity_schema_version": 0,
          "private": "eyJpbXBvcnRpbmciOiJNQT09In0=",
          "dependencies": [
            "module.iosxr.iosxr_as_path_set.as_path_set",
            "module.iosxr.iosxr_community_set.community_set",
            "module.iosxr.iosxr_esi_set.esi_set",
            "module.iosxr.iosxr_etag_set.etag_set",
            "module.iosxr.iosxr_extcommunity_bandwidth_set.extcommunity_bandwidth_set",
            "module.iosxr.iosxr_extcommunity_cost_set.extcommunity_cost_set",
            "module.iosxr.iosxr_extcommunity_evpn_link_bandwidth_set.extcommunity_evpn_link_bandwidth_set",
            "module.iosxr.iosxr_extcommunity_opaque_set.extcommunity_opaque_set",
            "module.iosxr.iosxr_extcommunity_rt_set.extcommunity_rt_set",
            "module.iosxr.iosxr_extcommunity_seg_nh_set.extcommunity_seg_nh_set",
            "module.iosxr.iosxr_extcommunity_soo_set.extcommunity_soo_set",
            "module.iosxr.iosxr_ipv4_prefix_list.ipv4_prefix_list",
            "module.iosxr.iosxr_ipv6_prefix_list.ipv6_prefix_list",
            "module.iosxr.iosxr_key_chain.key_chain",
            "module.iosxr.iosxr_large_community_set.large_community_set",
            "module.iosxr.iosxr_mac_set.mac_set",
            "module.iosxr.iosxr_ospf_area_set.ospf_area_set",
            "module.iosxr.iosxr_policy_global_set.policy_global_set",
            "module.iosxr.iosxr_prefix_set.prefix_set",
            "module.iosxr.iosxr_rd_set.rd_set",
            "module.iosxr.iosxr_route_policy.route_policy",
            "module.iosxr.iosxr_segment_routing.segment_routing",
            "module.iosxr.iosxr_segment_routing_v6.segment_routing_v6",
            "module.iosxr.iosxr_tag_set.tag_set",
            "module.iosxr.terraform_data.segment_routing_v6_replace"
          ]
        },
        {
          "index_key": "ic-node-4/ISIS-1",
          "schema_version": 0,
          "attributes": {
            "adjacency_stagger": null,
            "adjacency_stagger_initial_neighbors": null,
            "adjacency_stagger_max_neighbors": null,
            "affinity_maps": null,
            "authentication_check_disable": null,
            "delete_mode": null,
            "device": "ic-node-4",
            "distribute_link_state": null,
            "distribute_link_state_exclude_external": null,
            "distribute_link_state_exclude_interarea": null,
            "distribute_link_state_instance_id": null,
            "distribute_link_state_level": null,
            "distribute_link_state_route_policy": null,
            "distribute_link_state_throttle": null,
            "extended_admin_group": null,
            "flex_algos": null,
            "hello_padding": null,
            "hostname_dynamic_disable": null,
            "id": "Cisco-IOS-XR-um-router-isis-cfg:/router/isis/processes/process[process-id=ISIS-1]",
            "ignore_lsp_errors_disable": null,
            "iid_disable": null,
            "instance_id": null,
            "is_type": "level-1-2",
            "log_adjacency_changes": null,
            "log_format_brief": null,
            "log_pdu_drops": null,
            "log_sizes": null,
            "lsp_check_interval": null,
            "lsp_check_interval_levels": null,
            "lsp_fast_flooding": null,
            "lsp_fast_flooding_max_lsp_tx": null,
            "lsp_fast_flooding_remote_psnp_delay": null,
            "lsp_gen_interval_initial_wait": null,
            "lsp_gen_interval_levels": null,
            "lsp_gen_interval_maximum_wait": null,
            "lsp_gen_interval_secondary_wait": null,
            "lsp_mtu": null,
            "lsp_mtu_levels": null,
            "lsp_password_accept_encrypted": null,
            "lsp_password_accept_levels": null,
            "lsp_password_hmac_md5_enable_poi": null,
            "lsp_password_hmac_md5_encrypted": null,
            "lsp_password_hmac_md5_send_only": null,
            "lsp_password_hmac_md5_snp_send_only": null,
            "lsp_password_keychain": null,
            "lsp_password_keychain_enable_poi": null,
            "lsp_password_keychain_send_only": null,
            "lsp_password_keychain_snp_send_only": null,
            "lsp_password_levels": null,
            "lsp_password_text_enable_poi": null,
            "lsp_password_text_encrypted": null,
            "lsp_password_text_send_only": null,
            "lsp_password_text_snp_send_only": null,
            "lsp_refresh_interval": null,
            "lsp_refresh_interval_levels": null,
            "max_lsp_lifetime": null,
            "max_lsp_lifetime_levels": null,
            "max_metric": null,
            "max_metric_default_route": null,
            "max_metric_delay": null,
            "max_metric_external": null,
            "max_metric_interlevel": null,
            "max_metric_levels": null,
            "max_metric_on_startup_advertise": null,
            "max_metric_on_startup_wait_for_bgp": null,
            "max_metric_srv6_locator": null,
            "max_metric_te": null,
            "min_lsp_arrival_initial_wait": null,
            "min_lsp_arrival_levels": null,
            "min_lsp_arrival_maximum_wait": null,
            "min_lsp_arrival_secondary_wait": null,
            "mpls_ldp_sync": null,
            "mpls_ldp_sync_level": null,
            "multi_part_tlv_disable": null,
            "multi_part_tlv_disable_levels": null,
            "multi_part_tlv_disable_neighbor": null,
            "multi_part_tlv_disable_prefix_tlvs": null,
            "multi_part_tlv_disable_router_capability": null,
            "nets": [
              {
                "net_id": "49.0000.0000.0000.0004.00"
              }
            ],
            "nsf_cisco": null,
            "nsf_ietf": null,
            "nsf_interface_expires": null,
            "nsf_interface_timer": null,
            "nsf_lifetime": null,
            "nsr": null,
            "nsr_restart_time": null,
            "oor_set_overload_bit_disable": null,
            "process_id": "ISIS-1",
            "protocol_shutdown": null,
            "psnp_interval": null,
            "purge_transmit_strict": null,
            "purge_transmit_strict_value": null,
            "receive_application_flex_algo_delay_app_only": null,
            "segment_routing_global_block_lower_bound": 16000,
            "segment_routing_global_block_upper_bound": 17000,
            "set_overload_bit": null,
            "set_overload_bit_advertise_external": null,
            "set_overload_bit_advertise_interlevel": null,
            "set_overload_bit_levels": null,
            "set_overload_bit_on_startup_time_to_advertise": null,
            "set_overload_bit_on_startup_wait_for_bgp": null,
            "srlg_admin_weight": null,
            "srlg_names": null
          },
          "sensitive_attributes": [
            [
              {
                "type": "get_attr",
                "value": "lsp_password_accept_encrypted"
              }
            ],
            [
              {
                "type": "get_attr",
                "value": "lsp_password_hmac_md5_encrypted"
              }
            ],
            [
              {
                "type": "get_attr",
                "value": "lsp_password_text_encrypted"
              }
            ]
          ],
          "identity_schema_version": 0,
          "private": "eyJpbXBvcnRpbmciOiJNQT09In0=",
          "dependencies": [
            "module.iosxr.iosxr_as_path_set.as_path_set",
            "module.iosxr.iosxr_community_set.community_set",
            "module.iosxr.iosxr_esi_set.esi_set",
            "module.iosxr.iosxr_etag_set.etag_set",
            "module.iosxr.iosxr_extcommunity_bandwidth_set.extcommunity_bandwidth_set",
            "module.iosxr.iosxr_extcommunity_cost_set.extcommunity_cost_set",
            "module.iosxr.iosxr_extcommunity_evpn_link_bandwidth_set.extcommunity_evpn_link_bandwidth_set",
            "module.iosxr.iosxr_extcommunity_opaque_set.extcommunity_opaque_set",
            "module.iosxr.iosxr_extcommunity_rt_set.extcommunity_rt_set",
            "module.iosxr.iosxr_extcommunity_seg_nh_set.extcommunity_seg_nh_set",
            "module.iosxr.iosxr_extcommunity_soo_set.extcommunity_soo_set",
            "module.iosxr.iosxr_ipv4_prefix_list.ipv4_prefix_list",
            "module.iosxr.iosxr_ipv6_prefix_list.ipv6_prefix_list",
            "module.iosxr.iosxr_key_chain.key_chain",
            "module.iosxr.iosxr_large_community_set.large_community_set",
            "module.iosxr.iosxr_mac_set.mac_set",
            "module.iosxr.iosxr_ospf_area_set.ospf_area_set",
            "module.iosxr.iosxr_policy_global_set.policy_global_set",
            "module.iosxr.iosxr_prefix_set.prefix_set",
            "module.iosxr.iosxr_rd_set.rd_set",
            "module.iosxr.iosxr_route_policy.route_policy",
            "module.iosxr.iosxr_segment_routing.segment_routing",
            "module.iosxr.iosxr_segment_routing_v6.segment_routing_v6",
            "module.iosxr.iosxr_tag_set.tag_set",
            "module.iosxr.terraform_data.segment_routing_v6_replace"
          ]
        }
      ]
    },
    {
      "module": "module.iosxr",
      "mode": "managed",
      "type": "iosxr_router_isis_address_family",
      "name": "ipv4_unicast",
      "provider": "module.iosxr.provider[\"registry.terraform.io/ciscodevnet/iosxr\"]",
      "instances": [
        {
          "index_key": "ic-node-1/ISIS-1/ipv4-unicast",
          "schema_version": 0,
          "attributes": {
            "adjacency_check_disable": null,
            "advertise_link_attributes": null,
            "advertise_passive_only": null,
            "af_name": "ipv4",
            "apply_weight_ecmp_only": null,
            "apply_weight_ecmp_only_bandwidth": null,
            "apply_weight_ucmp_only": null,
            "attached_bit_receive_ignore": null,
            "attached_bit_send": null,
            "default_information_originate": null,
            "default_information_originate_route_policy": null,
            "delete_mode": null,
            "device": "ic-node-1",
            "distance": null,
            "distance_sources": null,
            "distribute_list_prefix_list_in": null,
            "distribute_list_route_policy_in": null,
            "fast_reroute_delay_interval": null,
            "fast_reroute_per_link_priority_limit": null,
            "fast_reroute_per_link_priority_limit_levels": null,
            "fast_reroute_per_link_use_candidate_only": null,
            "fast_reroute_per_link_use_candidate_only_levels": null,
            "fast_reroute_per_prefix_load_sharing_disable": null,
            "fast_reroute_per_prefix_load_sharing_disable_levels": null,
            "fast_reroute_per_prefix_priority_limit": null,
            "fast_reroute_per_prefix_priority_limit_levels": null,
            "fast_reroute_per_prefix_remote_lfa_prefix_list": null,
            "fast_reroute_per_prefix_remote_lfa_prefix_list_levels": null,
            "fast_reroute_per_prefix_srlg_protection_weighted_global": null,
            "fast_reroute_per_prefix_srlg_protection_weighted_global_levels": null,
            "fast_reroute_per_prefix_tiebreaker_downstream_index": null,
            "fast_reroute_per_prefix_tiebreaker_lc_disjoint_index": null,
            "fast_reroute_per_prefix_tiebreaker_lowest_backup_metric_index": null,
            "fast_reroute_per_prefix_tiebreaker_node_protecting_index": null,
            "fast_reroute_per_prefix_tiebreaker_primary_path_index": null,
            "fast_reroute_per_prefix_tiebreaker_secondary_path_index": null,
            "fast_reroute_per_prefix_tiebreaker_srlg_disjoint_index": null,
            "fast_reroute_per_prefix_use_candidate_only": null,
            "id": "Cisco-IOS-XR-um-router-isis-cfg:/router/isis/processes/process[process-id=ISIS-1]/address-families/address-family[af-name=ipv4][saf-name=unicast]",
            "maximum_paths": null,
            "maximum_redistributed_prefixes": null,
            "maximum_redistributed_prefixes_levels": null,
            "metric": null,
            "metric_levels": null,
            "metric_style_levels": null,
            "metric_style_narrow": null,
            "metric_style_narrow_transition": null,
            "metric_style_transition": null,
            "metric_style_wide": true,
            "metric_style_wide_transition": null,
            "microloop_avoidance": null,
            "microloop_avoidance_protected": null,
            "microloop_avoidance_rib_update_delay": null,
            "microloop_avoidance_segment_routing_route_policy": null,
            "mpls_ldp_auto_config": null,
            "mpls_traffic_eng_igp_intact": null,
            "mpls_traffic_eng_level_1": null,
            "mpls_traffic_eng_level_1_2": null,
            "mpls_traffic_eng_level_2_only": null,
            "mpls_traffic_eng_multicast_intact": null,
            "mpls_traffic_eng_router_id_interface_name": null,
            "mpls_traffic_eng_router_id_ipv4_address": null,
            "mpls_traffic_eng_tunnel_anycast_prefer_igp_cost": null,
            "mpls_traffic_eng_tunnel_metric": null,
            "mpls_traffic_eng_tunnel_metric_levels": null,
            "mpls_traffic_eng_tunnel_preferred": null,
            "mpls_traffic_eng_tunnel_restricted": null,
            "partition_detect": null,
            "partition_detect_external_address_tracks": null,
            "partition_detect_tracks": null,
            "prefix_unreachable": null,
            "prefix_unreachable_adv_lifetime": null,
            "prefix_unreachable_adv_maximum": null,
            "prefix_unreachable_adv_metric": null,
            "prefix_unreachable_rx_process_enable": null,
            "process_id": "ISIS-1",
            "propagate_levels": null,
            "redistribute_bgp": null,
            "redistribute_connected": null,
            "redistribute_connected_level": null,
            "redistribute_connected_metric": null,
            "redistribute_connected_metric_type": null,
            "redistribute_connected_route_policy": null,
            "redistribute_isis": null,
            "redistribute_ospf": null,
            "redistribute_ospfv3": null,
            "redistribute_static": null,
            "redistribute_static_level": null,
            "redistribute_static_metric": null,
            "redistribute_static_metric_type": null,
            "redistribute_static_route_policy": null,
            "route_source_first_hop": null,
            "router_id_interface_name": null,
            "router_id_ip_address": null,
            "saf_name": "unicast",
            "segment_routing_bundle_member_adj_sid": null,
            "segment_routing_labeled_only": null,
            "segment_routing_mpls_connected_prefix_sid_map": null,
            "segment_routing_mpls_connected_prefix_sid_map_addresses": null,
            "segment_routing_mpls_connected_prefix_sid_map_flex_algo_addresses": null,
            "segment_routing_mpls_connected_prefix_sid_map_strict_spf_addresses": null,
            "segment_routing_mpls_enable": null,
            "segment_routing_mpls_prefix_sid_map_advertise_local": null,
            "segment_routing_mpls_prefix_sid_map_advertise_local_domain_wide": null,
            "segment_routing_mpls_prefix_sid_map_receive": null,
            "segment_routing_mpls_prefix_sid_map_receive_disable": null,
            "segment_routing_mpls_sr_prefer": true,
            "segment_routing_mpls_unlabeled_protection_disable": null,
            "segment_routing_mpls_unlabeled_protection_prefix_list": null,
            "segment_routing_mpls_unlabeled_protection_route_policy": null,
            "segment_routing_protected_adjacency_sid_delay": null,
            "segment_routing_srv6_locators": null,
            "spf_interval_ietf": null,
            "spf_interval_ietf_holddown_interval": null,
            "spf_interval_ietf_initial_wait": null,
            "spf_interval_ietf_learn_interval": null,
            "spf_interval_ietf_long_wait": null,
            "spf_interval_ietf_short_wait": null,
            "spf_interval_initial_wait": null,
            "spf_interval_levels": null,
            "spf_interval_maximum_wait": null,
            "spf_interval_secondary_wait": null,
            "spf_prefix_priority_critical_levels": null,
            "spf_prefix_priority_critical_prefix_list_name": null,
            "spf_prefix_priority_critical_tag": null,
            "spf_prefix_priority_high_levels": null,
            "spf_prefix_priority_high_prefix_list_name": null,
            "spf_prefix_priority_high_tag": null,
            "spf_prefix_priority_medium_levels": null,
            "spf_prefix_priority_medium_prefix_list_name": null,
            "spf_prefix_priority_medium_tag": null,
            "summary_prefixes": null
          },
          "sensitive_attributes": [],
          "identity_schema_version": 0,
          "private": "eyJpbXBvcnRpbmciOiJNQT09In0=",
          "dependencies": [
            "module.iosxr.iosxr_as_path_set.as_path_set",
            "module.iosxr.iosxr_community_set.community_set",
            "module.iosxr.iosxr_esi_set.esi_set",
            "module.iosxr.iosxr_etag_set.etag_set",
            "module.iosxr.iosxr_extcommunity_bandwidth_set.extcommunity_bandwidth_set",
            "module.iosxr.iosxr_extcommunity_cost_set.extcommunity_cost_set",
            "module.iosxr.iosxr_extcommunity_evpn_link_bandwidth_set.extcommunity_evpn_link_bandwidth_set",
            "module.iosxr.iosxr_extcommunity_opaque_set.extcommunity_opaque_set",
            "module.iosxr.iosxr_extcommunity_rt_set.extcommunity_rt_set",
            "module.iosxr.iosxr_extcommunity_seg_nh_set.extcommunity_seg_nh_set",
            "module.iosxr.iosxr_extcommunity_soo_set.extcommunity_soo_set",
            "module.iosxr.iosxr_ipv4_prefix_list.ipv4_prefix_list",
            "module.iosxr.iosxr_ipv6_prefix_list.ipv6_prefix_list",
            "module.iosxr.iosxr_key_chain.key_chain",
            "module.iosxr.iosxr_large_community_set.large_community_set",
            "module.iosxr.iosxr_mac_set.mac_set",
            "module.iosxr.iosxr_ospf_area_set.ospf_area_set",
            "module.iosxr.iosxr_policy_global_set.policy_global_set",
            "module.iosxr.iosxr_prefix_set.prefix_set",
            "module.iosxr.iosxr_rd_set.rd_set",
            "module.iosxr.iosxr_route_policy.route_policy",
            "module.iosxr.iosxr_router_isis.router_isis",
            "module.iosxr.iosxr_segment_routing.segment_routing",
            "module.iosxr.iosxr_segment_routing_v6.segment_routing_v6",
            "module.iosxr.iosxr_tag_set.tag_set",
            "module.iosxr.terraform_data.segment_routing_v6_replace"
          ]
        },
        {
          "index_key": "ic-node-2/ISIS-1/ipv4-unicast",
          "schema_version": 0,
          "attributes": {
            "adjacency_check_disable": null,
            "advertise_link_attributes": null,
            "advertise_passive_only": null,
            "af_name": "ipv4",
            "apply_weight_ecmp_only": null,
            "apply_weight_ecmp_only_bandwidth": null,
            "apply_weight_ucmp_only": null,
            "attached_bit_receive_ignore": null,
            "attached_bit_send": null,
            "default_information_originate": null,
            "default_information_originate_route_policy": null,
            "delete_mode": null,
            "device": "ic-node-2",
            "distance": null,
            "distance_sources": null,
            "distribute_list_prefix_list_in": null,
            "distribute_list_route_policy_in": null,
            "fast_reroute_delay_interval": null,
            "fast_reroute_per_link_priority_limit": null,
            "fast_reroute_per_link_priority_limit_levels": null,
            "fast_reroute_per_link_use_candidate_only": null,
            "fast_reroute_per_link_use_candidate_only_levels": null,
            "fast_reroute_per_prefix_load_sharing_disable": null,
            "fast_reroute_per_prefix_load_sharing_disable_levels": null,
            "fast_reroute_per_prefix_priority_limit": null,
            "fast_reroute_per_prefix_priority_limit_levels": null,
            "fast_reroute_per_prefix_remote_lfa_prefix_list": null,
            "fast_reroute_per_prefix_remote_lfa_prefix_list_levels": null,
            "fast_reroute_per_prefix_srlg_protection_weighted_global": null,
            "fast_reroute_per_prefix_srlg_protection_weighted_global_levels": null,
            "fast_reroute_per_prefix_tiebreaker_downstream_index": null,
            "fast_reroute_per_prefix_tiebreaker_lc_disjoint_index": null,
            "fast_reroute_per_prefix_tiebreaker_lowest_backup_metric_index": null,
            "fast_reroute_per_prefix_tiebreaker_node_protecting_index": null,
            "fast_reroute_per_prefix_tiebreaker_primary_path_index": null,
            "fast_reroute_per_prefix_tiebreaker_secondary_path_index": null,
            "fast_reroute_per_prefix_tiebreaker_srlg_disjoint_index": null,
            "fast_reroute_per_prefix_use_candidate_only": null,
            "id": "Cisco-IOS-XR-um-router-isis-cfg:/router/isis/processes/process[process-id=ISIS-1]/address-families/address-family[af-name=ipv4][saf-name=unicast]",
            "maximum_paths": null,
            "maximum_redistributed_prefixes": null,
            "maximum_redistributed_prefixes_levels": null,
            "metric": null,
            "metric_levels": null,
            "metric_style_levels": null,
            "metric_style_narrow": null,
            "metric_style_narrow_transition": null,
            "metric_style_transition": null,
            "metric_style_wide": true,
            "metric_style_wide_transition": null,
            "microloop_avoidance": null,
            "microloop_avoidance_protected": null,
            "microloop_avoidance_rib_update_delay": null,
            "microloop_avoidance_segment_routing_route_policy": null,
            "mpls_ldp_auto_config": null,
            "mpls_traffic_eng_igp_intact": null,
            "mpls_traffic_eng_level_1": null,
            "mpls_traffic_eng_level_1_2": null,
            "mpls_traffic_eng_level_2_only": null,
            "mpls_traffic_eng_multicast_intact": null,
            "mpls_traffic_eng_router_id_interface_name": null,
            "mpls_traffic_eng_router_id_ipv4_address": null,
            "mpls_traffic_eng_tunnel_anycast_prefer_igp_cost": null,
            "mpls_traffic_eng_tunnel_metric": null,
            "mpls_traffic_eng_tunnel_metric_levels": null,
            "mpls_traffic_eng_tunnel_preferred": null,
            "mpls_traffic_eng_tunnel_restricted": null,
            "partition_detect": null,
            "partition_detect_external_address_tracks": null,
            "partition_detect_tracks": null,
            "prefix_unreachable": null,
            "prefix_unreachable_adv_lifetime": null,
            "prefix_unreachable_adv_maximum": null,
            "prefix_unreachable_adv_metric": null,
            "prefix_unreachable_rx_process_enable": null,
            "process_id": "ISIS-1",
            "propagate_levels": null,
            "redistribute_bgp": null,
            "redistribute_connected": null,
            "redistribute_connected_level": null,
            "redistribute_connected_metric": null,
            "redistribute_connected_metric_type": null,
            "redistribute_connected_route_policy": null,
            "redistribute_isis": null,
            "redistribute_ospf": null,
            "redistribute_ospfv3": null,
            "redistribute_static": null,
            "redistribute_static_level": null,
            "redistribute_static_metric": null,
            "redistribute_static_metric_type": null,
            "redistribute_static_route_policy": null,
            "route_source_first_hop": null,
            "router_id_interface_name": null,
            "router_id_ip_address": null,
            "saf_name": "unicast",
            "segment_routing_bundle_member_adj_sid": null,
            "segment_routing_labeled_only": null,
            "segment_routing_mpls_connected_prefix_sid_map": null,
            "segment_routing_mpls_connected_prefix_sid_map_addresses": null,
            "segment_routing_mpls_connected_prefix_sid_map_flex_algo_addresses": null,
            "segment_routing_mpls_connected_prefix_sid_map_strict_spf_addresses": null,
            "segment_routing_mpls_enable": null,
            "segment_routing_mpls_prefix_sid_map_advertise_local": null,
            "segment_routing_mpls_prefix_sid_map_advertise_local_domain_wide": null,
            "segment_routing_mpls_prefix_sid_map_receive": null,
            "segment_routing_mpls_prefix_sid_map_receive_disable": null,
            "segment_routing_mpls_sr_prefer": true,
            "segment_routing_mpls_unlabeled_protection_disable": null,
            "segment_routing_mpls_unlabeled_protection_prefix_list": null,
            "segment_routing_mpls_unlabeled_protection_route_policy": null,
            "segment_routing_protected_adjacency_sid_delay": null,
            "segment_routing_srv6_locators": null,
            "spf_interval_ietf": null,
            "spf_interval_ietf_holddown_interval": null,
            "spf_interval_ietf_initial_wait": null,
            "spf_interval_ietf_learn_interval": null,
            "spf_interval_ietf_long_wait": null,
            "spf_interval_ietf_short_wait": null,
            "spf_interval_initial_wait": null,
            "spf_interval_levels": null,
            "spf_interval_maximum_wait": null,
            "spf_interval_secondary_wait": null,
            "spf_prefix_priority_critical_levels": null,
            "spf_prefix_priority_critical_prefix_list_name": null,
            "spf_prefix_priority_critical_tag": null,
            "spf_prefix_priority_high_levels": null,
            "spf_prefix_priority_high_prefix_list_name": null,
            "spf_prefix_priority_high_tag": null,
            "spf_prefix_priority_medium_levels": null,
            "spf_prefix_priority_medium_prefix_list_name": null,
            "spf_prefix_priority_medium_tag": null,
            "summary_prefixes": null
          },
          "sensitive_attributes": [],
          "identity_schema_version": 0,
          "private": "eyJpbXBvcnRpbmciOiJNQT09In0=",
          "dependencies": [
            "module.iosxr.iosxr_as_path_set.as_path_set",
            "module.iosxr.iosxr_community_set.community_set",
            "module.iosxr.iosxr_esi_set.esi_set",
            "module.iosxr.iosxr_etag_set.etag_set",
            "module.iosxr.iosxr_extcommunity_bandwidth_set.extcommunity_bandwidth_set",
            "module.iosxr.iosxr_extcommunity_cost_set.extcommunity_cost_set",
            "module.iosxr.iosxr_extcommunity_evpn_link_bandwidth_set.extcommunity_evpn_link_bandwidth_set",
            "module.iosxr.iosxr_extcommunity_opaque_set.extcommunity_opaque_set",
            "module.iosxr.iosxr_extcommunity_rt_set.extcommunity_rt_set",
            "module.iosxr.iosxr_extcommunity_seg_nh_set.extcommunity_seg_nh_set",
            "module.iosxr.iosxr_extcommunity_soo_set.extcommunity_soo_set",
            "module.iosxr.iosxr_ipv4_prefix_list.ipv4_prefix_list",
            "module.iosxr.iosxr_ipv6_prefix_list.ipv6_prefix_list",
            "module.iosxr.iosxr_key_chain.key_chain",
            "module.iosxr.iosxr_large_community_set.large_community_set",
            "module.iosxr.iosxr_mac_set.mac_set",
            "module.iosxr.iosxr_ospf_area_set.ospf_area_set",
            "module.iosxr.iosxr_policy_global_set.policy_global_set",
            "module.iosxr.iosxr_prefix_set.prefix_set",
            "module.iosxr.iosxr_rd_set.rd_set",
            "module.iosxr.iosxr_route_policy.route_policy",
            "module.iosxr.iosxr_router_isis.router_isis",
            "module.iosxr.iosxr_segment_routing.segment_routing",
            "module.iosxr.iosxr_segment_routing_v6.segment_routing_v6",
            "module.iosxr.iosxr_tag_set.tag_set",
            "module.iosxr.terraform_data.segment_routing_v6_replace"
          ]
        },
        {
          "index_key": "ic-node-3/ISIS-1/ipv4-unicast",
          "schema_version": 0,
          "attributes": {
            "adjacency_check_disable": null,
            "advertise_link_attributes": null,
            "advertise_passive_only": null,
            "af_name": "ipv4",
            "apply_weight_ecmp_only": null,
            "apply_weight_ecmp_only_bandwidth": null,
            "apply_weight_ucmp_only": null,
            "attached_bit_receive_ignore": null,
            "attached_bit_send": null,
            "default_information_originate": null,
            "default_information_originate_route_policy": null,
            "delete_mode": null,
            "device": "ic-node-3",
            "distance": null,
            "distance_sources": null,
            "distribute_list_prefix_list_in": null,
            "distribute_list_route_policy_in": null,
            "fast_reroute_delay_interval": null,
            "fast_reroute_per_link_priority_limit": null,
            "fast_reroute_per_link_priority_limit_levels": null,
            "fast_reroute_per_link_use_candidate_only": null,
            "fast_reroute_per_link_use_candidate_only_levels": null,
            "fast_reroute_per_prefix_load_sharing_disable": null,
            "fast_reroute_per_prefix_load_sharing_disable_levels": null,
            "fast_reroute_per_prefix_priority_limit": null,
            "fast_reroute_per_prefix_priority_limit_levels": null,
            "fast_reroute_per_prefix_remote_lfa_prefix_list": null,
            "fast_reroute_per_prefix_remote_lfa_prefix_list_levels": null,
            "fast_reroute_per_prefix_srlg_protection_weighted_global": null,
            "fast_reroute_per_prefix_srlg_protection_weighted_global_levels": null,
            "fast_reroute_per_prefix_tiebreaker_downstream_index": null,
            "fast_reroute_per_prefix_tiebreaker_lc_disjoint_index": null,
            "fast_reroute_per_prefix_tiebreaker_lowest_backup_metric_index": null,
            "fast_reroute_per_prefix_tiebreaker_node_protecting_index": null,
            "fast_reroute_per_prefix_tiebreaker_primary_path_index": null,
            "fast_reroute_per_prefix_tiebreaker_secondary_path_index": null,
            "fast_reroute_per_prefix_tiebreaker_srlg_disjoint_index": null,
            "fast_reroute_per_prefix_use_candidate_only": null,
            "id": "Cisco-IOS-XR-um-router-isis-cfg:/router/isis/processes/process[process-id=ISIS-1]/address-families/address-family[af-name=ipv4][saf-name=unicast]",
            "maximum_paths": null,
            "maximum_redistributed_prefixes": null,
            "maximum_redistributed_prefixes_levels": null,
            "metric": null,
            "metric_levels": null,
            "metric_style_levels": null,
            "metric_style_narrow": null,
            "metric_style_narrow_transition": null,
            "metric_style_transition": null,
            "metric_style_wide": true,
            "metric_style_wide_transition": null,
            "microloop_avoidance": null,
            "microloop_avoidance_protected": null,
            "microloop_avoidance_rib_update_delay": null,
            "microloop_avoidance_segment_routing_route_policy": null,
            "mpls_ldp_auto_config": null,
            "mpls_traffic_eng_igp_intact": null,
            "mpls_traffic_eng_level_1": null,
            "mpls_traffic_eng_level_1_2": null,
            "mpls_traffic_eng_level_2_only": null,
            "mpls_traffic_eng_multicast_intact": null,
            "mpls_traffic_eng_router_id_interface_name": null,
            "mpls_traffic_eng_router_id_ipv4_address": null,
            "mpls_traffic_eng_tunnel_anycast_prefer_igp_cost": null,
            "mpls_traffic_eng_tunnel_metric": null,
            "mpls_traffic_eng_tunnel_metric_levels": null,
            "mpls_traffic_eng_tunnel_preferred": null,
            "mpls_traffic_eng_tunnel_restricted": null,
            "partition_detect": null,
            "partition_detect_external_address_tracks": null,
            "partition_detect_tracks": null,
            "prefix_unreachable": null,
            "prefix_unreachable_adv_lifetime": null,
            "prefix_unreachable_adv_maximum": null,
            "prefix_unreachable_adv_metric": null,
            "prefix_unreachable_rx_process_enable": null,
            "process_id": "ISIS-1",
            "propagate_levels": null,
            "redistribute_bgp": null,
            "redistribute_connected": null,
            "redistribute_connected_level": null,
            "redistribute_connected_metric": null,
            "redistribute_connected_metric_type": null,
            "redistribute_connected_route_policy": null,
            "redistribute_isis": null,
            "redistribute_ospf": null,
            "redistribute_ospfv3": null,
            "redistribute_static": null,
            "redistribute_static_level": null,
            "redistribute_static_metric": null,
            "redistribute_static_metric_type": null,
            "redistribute_static_route_policy": null,
            "route_source_first_hop": null,
            "router_id_interface_name": null,
            "router_id_ip_address": null,
            "saf_name": "unicast",
            "segment_routing_bundle_member_adj_sid": null,
            "segment_routing_labeled_only": null,
            "segment_routing_mpls_connected_prefix_sid_map": null,
            "segment_routing_mpls_connected_prefix_sid_map_addresses": null,
            "segment_routing_mpls_connected_prefix_sid_map_flex_algo_addresses": null,
            "segment_routing_mpls_connected_prefix_sid_map_strict_spf_addresses": null,
            "segment_routing_mpls_enable": null,
            "segment_routing_mpls_prefix_sid_map_advertise_local": null,
            "segment_routing_mpls_prefix_sid_map_advertise_local_domain_wide": null,
            "segment_routing_mpls_prefix_sid_map_receive": null,
            "segment_routing_mpls_prefix_sid_map_receive_disable": null,
            "segment_routing_mpls_sr_prefer": true,
            "segment_routing_mpls_unlabeled_protection_disable": null,
            "segment_routing_mpls_unlabeled_protection_prefix_list": null,
            "segment_routing_mpls_unlabeled_protection_route_policy": null,
            "segment_routing_protected_adjacency_sid_delay": null,
            "segment_routing_srv6_locators": null,
            "spf_interval_ietf": null,
            "spf_interval_ietf_holddown_interval": null,
            "spf_interval_ietf_initial_wait": null,
            "spf_interval_ietf_learn_interval": null,
            "spf_interval_ietf_long_wait": null,
            "spf_interval_ietf_short_wait": null,
            "spf_interval_initial_wait": null,
            "spf_interval_levels": null,
            "spf_interval_maximum_wait": null,
            "spf_interval_secondary_wait": null,
            "spf_prefix_priority_critical_levels": null,
            "spf_prefix_priority_critical_prefix_list_name": null,
            "spf_prefix_priority_critical_tag": null,
            "spf_prefix_priority_high_levels": null,
            "spf_prefix_priority_high_prefix_list_name": null,
            "spf_prefix_priority_high_tag": null,
            "spf_prefix_priority_medium_levels": null,
            "spf_prefix_priority_medium_prefix_list_name": null,
            "spf_prefix_priority_medium_tag": null,
            "summary_prefixes": null
          },
          "sensitive_attributes": [],
          "identity_schema_version": 0,
          "private": "eyJpbXBvcnRpbmciOiJNQT09In0=",
          "dependencies": [
            "module.iosxr.iosxr_as_path_set.as_path_set",
            "module.iosxr.iosxr_community_set.community_set",
            "module.iosxr.iosxr_esi_set.esi_set",
            "module.iosxr.iosxr_etag_set.etag_set",
            "module.iosxr.iosxr_extcommunity_bandwidth_set.extcommunity_bandwidth_set",
            "module.iosxr.iosxr_extcommunity_cost_set.extcommunity_cost_set",
            "module.iosxr.iosxr_extcommunity_evpn_link_bandwidth_set.extcommunity_evpn_link_bandwidth_set",
            "module.iosxr.iosxr_extcommunity_opaque_set.extcommunity_opaque_set",
            "module.iosxr.iosxr_extcommunity_rt_set.extcommunity_rt_set",
            "module.iosxr.iosxr_extcommunity_seg_nh_set.extcommunity_seg_nh_set",
            "module.iosxr.iosxr_extcommunity_soo_set.extcommunity_soo_set",
            "module.iosxr.iosxr_ipv4_prefix_list.ipv4_prefix_list",
            "module.iosxr.iosxr_ipv6_prefix_list.ipv6_prefix_list",
            "module.iosxr.iosxr_key_chain.key_chain",
            "module.iosxr.iosxr_large_community_set.large_community_set",
            "module.iosxr.iosxr_mac_set.mac_set",
            "module.iosxr.iosxr_ospf_area_set.ospf_area_set",
            "module.iosxr.iosxr_policy_global_set.policy_global_set",
            "module.iosxr.iosxr_prefix_set.prefix_set",
            "module.iosxr.iosxr_rd_set.rd_set",
            "module.iosxr.iosxr_route_policy.route_policy",
            "module.iosxr.iosxr_router_isis.router_isis",
            "module.iosxr.iosxr_segment_routing.segment_routing",
            "module.iosxr.iosxr_segment_routing_v6.segment_routing_v6",
            "module.iosxr.iosxr_tag_set.tag_set",
            "module.iosxr.terraform_data.segment_routing_v6_replace"
          ]
        },
        {
          "index_key": "ic-node-4/ISIS-1/ipv4-unicast",
          "schema_version": 0,
          "attributes": {
            "adjacency_check_disable": null,
            "advertise_link_attributes": null,
            "advertise_passive_only": null,
            "af_name": "ipv4",
            "apply_weight_ecmp_only": null,
            "apply_weight_ecmp_only_bandwidth": null,
            "apply_weight_ucmp_only": null,
            "attached_bit_receive_ignore": null,
            "attached_bit_send": null,
            "default_information_originate": null,
            "default_information_originate_route_policy": null,
            "delete_mode": null,
            "device": "ic-node-4",
            "distance": null,
            "distance_sources": null,
            "distribute_list_prefix_list_in": null,
            "distribute_list_route_policy_in": null,
            "fast_reroute_delay_interval": null,
            "fast_reroute_per_link_priority_limit": null,
            "fast_reroute_per_link_priority_limit_levels": null,
            "fast_reroute_per_link_use_candidate_only": null,
            "fast_reroute_per_link_use_candidate_only_levels": null,
            "fast_reroute_per_prefix_load_sharing_disable": null,
            "fast_reroute_per_prefix_load_sharing_disable_levels": null,
            "fast_reroute_per_prefix_priority_limit": null,
            "fast_reroute_per_prefix_priority_limit_levels": null,
            "fast_reroute_per_prefix_remote_lfa_prefix_list": null,
            "fast_reroute_per_prefix_remote_lfa_prefix_list_levels": null,
            "fast_reroute_per_prefix_srlg_protection_weighted_global": null,
            "fast_reroute_per_prefix_srlg_protection_weighted_global_levels": null,
            "fast_reroute_per_prefix_tiebreaker_downstream_index": null,
            "fast_reroute_per_prefix_tiebreaker_lc_disjoint_index": null,
            "fast_reroute_per_prefix_tiebreaker_lowest_backup_metric_index": null,
            "fast_reroute_per_prefix_tiebreaker_node_protecting_index": null,
            "fast_reroute_per_prefix_tiebreaker_primary_path_index": null,
            "fast_reroute_per_prefix_tiebreaker_secondary_path_index": null,
            "fast_reroute_per_prefix_tiebreaker_srlg_disjoint_index": null,
            "fast_reroute_per_prefix_use_candidate_only": null,
            "id": "Cisco-IOS-XR-um-router-isis-cfg:/router/isis/processes/process[process-id=ISIS-1]/address-families/address-family[af-name=ipv4][saf-name=unicast]",
            "maximum_paths": null,
            "maximum_redistributed_prefixes": null,
            "maximum_redistributed_prefixes_levels": null,
            "metric": null,
            "metric_levels": null,
            "metric_style_levels": null,
            "metric_style_narrow": null,
            "metric_style_narrow_transition": null,
            "metric_style_transition": null,
            "metric_style_wide": true,
            "metric_style_wide_transition": null,
            "microloop_avoidance": null,
            "microloop_avoidance_protected": null,
            "microloop_avoidance_rib_update_delay": null,
            "microloop_avoidance_segment_routing_route_policy": null,
            "mpls_ldp_auto_config": null,
            "mpls_traffic_eng_igp_intact": null,
            "mpls_traffic_eng_level_1": null,
            "mpls_traffic_eng_level_1_2": null,
            "mpls_traffic_eng_level_2_only": null,
            "mpls_traffic_eng_multicast_intact": null,
            "mpls_traffic_eng_router_id_interface_name": null,
            "mpls_traffic_eng_router_id_ipv4_address": null,
            "mpls_traffic_eng_tunnel_anycast_prefer_igp_cost": null,
            "mpls_traffic_eng_tunnel_metric": null,
            "mpls_traffic_eng_tunnel_metric_levels": null,
            "mpls_traffic_eng_tunnel_preferred": null,
            "mpls_traffic_eng_tunnel_restricted": null,
            "partition_detect": null,
            "partition_detect_external_address_tracks": null,
            "partition_detect_tracks": null,
            "prefix_unreachable": null,
            "prefix_unreachable_adv_lifetime": null,
            "prefix_unreachable_adv_maximum": null,
            "prefix_unreachable_adv_metric": null,
            "prefix_unreachable_rx_process_enable": null,
            "process_id": "ISIS-1",
            "propagate_levels": null,
            "redistribute_bgp": null,
            "redistribute_connected": null,
            "redistribute_connected_level": null,
            "redistribute_connected_metric": null,
            "redistribute_connected_metric_type": null,
            "redistribute_connected_route_policy": null,
            "redistribute_isis": null,
            "redistribute_ospf": null,
            "redistribute_ospfv3": null,
            "redistribute_static": null,
            "redistribute_static_level": null,
            "redistribute_static_metric": null,
            "redistribute_static_metric_type": null,
            "redistribute_static_route_policy": null,
            "route_source_first_hop": null,
            "router_id_interface_name": null,
            "router_id_ip_address": null,
            "saf_name": "unicast",
            "segment_routing_bundle_member_adj_sid": null,
            "segment_routing_labeled_only": null,
            "segment_routing_mpls_connected_prefix_sid_map": null,
            "segment_routing_mpls_connected_prefix_sid_map_addresses": null,
            "segment_routing_mpls_connected_prefix_sid_map_flex_algo_addresses": null,
            "segment_routing_mpls_connected_prefix_sid_map_strict_spf_addresses": null,
            "segment_routing_mpls_enable": null,
            "segment_routing_mpls_prefix_sid_map_advertise_local": null,
            "segment_routing_mpls_prefix_sid_map_advertise_local_domain_wide": null,
            "segment_routing_mpls_prefix_sid_map_receive": null,
            "segment_routing_mpls_prefix_sid_map_receive_disable": null,
            "segment_routing_mpls_sr_prefer": true,
            "segment_routing_mpls_unlabeled_protection_disable": null,
            "segment_routing_mpls_unlabeled_protection_prefix_list": null,
            "segment_routing_mpls_unlabeled_protection_route_policy": null,
            "segment_routing_protected_adjacency_sid_delay": null,
            "segment_routing_srv6_locators": null,
            "spf_interval_ietf": null,
            "spf_interval_ietf_holddown_interval": null,
            "spf_interval_ietf_initial_wait": null,
            "spf_interval_ietf_learn_interval": null,
            "spf_interval_ietf_long_wait": null,
            "spf_interval_ietf_short_wait": null,
            "spf_interval_initial_wait": null,
            "spf_interval_levels": null,
            "spf_interval_maximum_wait": null,
            "spf_interval_secondary_wait": null,
            "spf_prefix_priority_critical_levels": null,
            "spf_prefix_priority_critical_prefix_list_name": null,
            "spf_prefix_priority_critical_tag": null,
            "spf_prefix_priority_high_levels": null,
            "spf_prefix_priority_high_prefix_list_name": null,
            "spf_prefix_priority_high_tag": null,
            "spf_prefix_priority_medium_levels": null,
            "spf_prefix_priority_medium_prefix_list_name": null,
            "spf_prefix_priority_medium_tag": null,
            "summary_prefixes": null
          },
          "sensitive_attributes": [],
          "identity_schema_version": 0,
          "private": "eyJpbXBvcnRpbmciOiJNQT09In0=",
          "dependencies": [
            "module.iosxr.iosxr_as_path_set.as_path_set",
            "module.iosxr.iosxr_community_set.community_set",
            "module.iosxr.iosxr_esi_set.esi_set",
            "module.iosxr.iosxr_etag_set.etag_set",
            "module.iosxr.iosxr_extcommunity_bandwidth_set.extcommunity_bandwidth_set",
            "module.iosxr.iosxr_extcommunity_cost_set.extcommunity_cost_set",
            "module.iosxr.iosxr_extcommunity_evpn_link_bandwidth_set.extcommunity_evpn_link_bandwidth_set",
            "module.iosxr.iosxr_extcommunity_opaque_set.extcommunity_opaque_set",
            "module.iosxr.iosxr_extcommunity_rt_set.extcommunity_rt_set",
            "module.iosxr.iosxr_extcommunity_seg_nh_set.extcommunity_seg_nh_set",
            "module.iosxr.iosxr_extcommunity_soo_set.extcommunity_soo_set",
            "module.iosxr.iosxr_ipv4_prefix_list.ipv4_prefix_list",
            "module.iosxr.iosxr_ipv6_prefix_list.ipv6_prefix_list",
            "module.iosxr.iosxr_key_chain.key_chain",
            "module.iosxr.iosxr_large_community_set.large_community_set",
            "module.iosxr.iosxr_mac_set.mac_set",
            "module.iosxr.iosxr_ospf_area_set.ospf_area_set",
            "module.iosxr.iosxr_policy_global_set.policy_global_set",
            "module.iosxr.iosxr_prefix_set.prefix_set",
            "module.iosxr.iosxr_rd_set.rd_set",
            "module.iosxr.iosxr_route_policy.route_policy",
            "module.iosxr.iosxr_router_isis.router_isis",
            "module.iosxr.iosxr_segment_routing.segment_routing",
            "module.iosxr.iosxr_segment_routing_v6.segment_routing_v6",
            "module.iosxr.iosxr_tag_set.tag_set",
            "module.iosxr.terraform_data.segment_routing_v6_replace"
          ]
        }
      ]
    },
    {
      "module": "module.iosxr",
      "mode": "managed",
      "type": "iosxr_router_isis_interface",
      "name": "router_isis_interface",
      "provider": "module.iosxr.provider[\"registry.terraform.io/ciscodevnet/iosxr\"]",
      "instances": [
        {
          "index_key": "ic-node-1/ISIS-1/GigabitEthernet0/0/0/0",
          "schema_version": 0,
          "attributes": {
            "affinity_flex_algos": null,
            "affinity_flex_algos_anomalies": null,
            "bfd_fast_detect_ipv4": null,
            "bfd_fast_detect_ipv6": null,
            "bfd_minimum_interval": null,
            "bfd_multiplier": null,
            "circuit_type": null,
            "csnp_interval": null,
            "csnp_interval_levels": null,
            "delay_normalize_interval": null,
            "delay_normalize_offset": null,
            "delete_mode": null,
            "device": "ic-node-1",
            "hello_interval": null,
            "hello_interval_levels": null,
            "hello_multiplier": null,
            "hello_multiplier_levels": null,
            "hello_padding": "disable",
            "hello_padding_levels": null,
            "hello_password_accept_encrypted": null,
            "hello_password_accepts_levels": null,
            "hello_password_hmac_md5_encrypted": null,
            "hello_password_hmac_md5_send_only": null,
            "hello_password_keychain_name": null,
            "hello_password_keychain_send_only": null,
            "hello_password_levels": null,
            "hello_password_text_encrypted": null,
            "hello_password_text_send_only": null,
            "id": "Cisco-IOS-XR-um-router-isis-cfg:/router/isis/processes/process[process-id=ISIS-1]/interfaces/interface[interface-name=GigabitEthernet0/0/0/0]",
            "interface_name": "GigabitEthernet0/0/0/0",
            "link_down_fast_detect": null,
            "lsp_interval": null,
            "lsp_interval_levels": null,
            "mesh_group": null,
            "mesh_group_blocked": null,
            "mpls_ldp_sync": null,
            "mpls_ldp_sync_level": null,
            "override_metrics": null,
            "point_to_point": true,
            "priority": null,
            "priority_levels": null,
            "process_id": "ISIS-1",
            "remote_psnp_delay": null,
            "retransmit_interval": null,
            "retransmit_interval_levels": null,
            "retransmit_throttle_interval": null,
            "retransmit_throttle_interval_levels": null,
            "state": null
          },
          "sensitive_attributes": [
            [
              {
                "type": "get_attr",
                "value": "hello_password_accept_encrypted"
              }
            ],
            [
              {
                "type": "get_attr",
                "value": "hello_password_hmac_md5_encrypted"
              }
            ],
            [
              {
                "type": "get_attr",
                "value": "hello_password_text_encrypted"
              }
            ],
            [
              {
                "type": "get_attr",
                "value": "hello_password_text_send_only"
              }
            ]
          ],
          "identity_schema_version": 0,
          "private": "eyJpbXBvcnRpbmciOiJNQT09In0=",
          "dependencies": [
            "module.iosxr.iosxr_as_path_set.as_path_set",
            "module.iosxr.iosxr_community_set.community_set",
            "module.iosxr.iosxr_esi_set.esi_set",
            "module.iosxr.iosxr_etag_set.etag_set",
            "module.iosxr.iosxr_extcommunity_bandwidth_set.extcommunity_bandwidth_set",
            "module.iosxr.iosxr_extcommunity_cost_set.extcommunity_cost_set",
            "module.iosxr.iosxr_extcommunity_evpn_link_bandwidth_set.extcommunity_evpn_link_bandwidth_set",
            "module.iosxr.iosxr_extcommunity_opaque_set.extcommunity_opaque_set",
            "module.iosxr.iosxr_extcommunity_rt_set.extcommunity_rt_set",
            "module.iosxr.iosxr_extcommunity_seg_nh_set.extcommunity_seg_nh_set",
            "module.iosxr.iosxr_extcommunity_soo_set.extcommunity_soo_set",
            "module.iosxr.iosxr_ipv4_prefix_list.ipv4_prefix_list",
            "module.iosxr.iosxr_ipv6_prefix_list.ipv6_prefix_list",
            "module.iosxr.iosxr_key_chain.key_chain",
            "module.iosxr.iosxr_large_community_set.large_community_set",
            "module.iosxr.iosxr_mac_set.mac_set",
            "module.iosxr.iosxr_ospf_area_set.ospf_area_set",
            "module.iosxr.iosxr_policy_global_set.policy_global_set",
            "module.iosxr.iosxr_prefix_set.prefix_set",
            "module.iosxr.iosxr_rd_set.rd_set",
            "module.iosxr.iosxr_route_policy.route_policy",
            "module.iosxr.iosxr_router_isis.router_isis",
            "module.iosxr.iosxr_router_isis_address_family.ipv4_multicast",
            "module.iosxr.iosxr_router_isis_address_family.ipv4_unicast",
            "module.iosxr.iosxr_router_isis_address_family.ipv6_multicast",
            "module.iosxr.iosxr_router_isis_address_family.ipv6_unicast",
            "module.iosxr.iosxr_segment_routing.segment_routing",
            "module.iosxr.iosxr_segment_routing_v6.segment_routing_v6",
            "module.iosxr.iosxr_tag_set.tag_set",
            "module.iosxr.terraform_data.segment_routing_v6_replace"
          ]
        },
        {
          "index_key": "ic-node-1/ISIS-1/GigabitEthernet0/0/0/1",
          "schema_version": 0,
          "attributes": {
            "affinity_flex_algos": null,
            "affinity_flex_algos_anomalies": null,
            "bfd_fast_detect_ipv4": null,
            "bfd_fast_detect_ipv6": null,
            "bfd_minimum_interval": null,
            "bfd_multiplier": null,
            "circuit_type": null,
            "csnp_interval": null,
            "csnp_interval_levels": null,
            "delay_normalize_interval": null,
            "delay_normalize_offset": null,
            "delete_mode": null,
            "device": "ic-node-1",
            "hello_interval": null,
            "hello_interval_levels": null,
            "hello_multiplier": null,
            "hello_multiplier_levels": null,
            "hello_padding": "disable",
            "hello_padding_levels": null,
            "hello_password_accept_encrypted": null,
            "hello_password_accepts_levels": null,
            "hello_password_hmac_md5_encrypted": null,
            "hello_password_hmac_md5_send_only": null,
            "hello_password_keychain_name": null,
            "hello_password_keychain_send_only": null,
            "hello_password_levels": null,
            "hello_password_text_encrypted": null,
            "hello_password_text_send_only": null,
            "id": "Cisco-IOS-XR-um-router-isis-cfg:/router/isis/processes/process[process-id=ISIS-1]/interfaces/interface[interface-name=GigabitEthernet0/0/0/1]",
            "interface_name": "GigabitEthernet0/0/0/1",
            "link_down_fast_detect": null,
            "lsp_interval": null,
            "lsp_interval_levels": null,
            "mesh_group": null,
            "mesh_group_blocked": null,
            "mpls_ldp_sync": null,
            "mpls_ldp_sync_level": null,
            "override_metrics": null,
            "point_to_point": true,
            "priority": null,
            "priority_levels": null,
            "process_id": "ISIS-1",
            "remote_psnp_delay": null,
            "retransmit_interval": null,
            "retransmit_interval_levels": null,
            "retransmit_throttle_interval": null,
            "retransmit_throttle_interval_levels": null,
            "state": null
          },
          "sensitive_attributes": [
            [
              {
                "type": "get_attr",
                "value": "hello_password_accept_encrypted"
              }
            ],
            [
              {
                "type": "get_attr",
                "value": "hello_password_hmac_md5_encrypted"
              }
            ],
            [
              {
                "type": "get_attr",
                "value": "hello_password_text_encrypted"
              }
            ],
            [
              {
                "type": "get_attr",
                "value": "hello_password_text_send_only"
              }
            ]
          ],
          "identity_schema_version": 0,
          "private": "eyJpbXBvcnRpbmciOiJNQT09In0=",
          "dependencies": [
            "module.iosxr.iosxr_as_path_set.as_path_set",
            "module.iosxr.iosxr_community_set.community_set",
            "module.iosxr.iosxr_esi_set.esi_set",
            "module.iosxr.iosxr_etag_set.etag_set",
            "module.iosxr.iosxr_extcommunity_bandwidth_set.extcommunity_bandwidth_set",
            "module.iosxr.iosxr_extcommunity_cost_set.extcommunity_cost_set",
            "module.iosxr.iosxr_extcommunity_evpn_link_bandwidth_set.extcommunity_evpn_link_bandwidth_set",
            "module.iosxr.iosxr_extcommunity_opaque_set.extcommunity_opaque_set",
            "module.iosxr.iosxr_extcommunity_rt_set.extcommunity_rt_set",
            "module.iosxr.iosxr_extcommunity_seg_nh_set.extcommunity_seg_nh_set",
            "module.iosxr.iosxr_extcommunity_soo_set.extcommunity_soo_set",
            "module.iosxr.iosxr_ipv4_prefix_list.ipv4_prefix_list",
            "module.iosxr.iosxr_ipv6_prefix_list.ipv6_prefix_list",
            "module.iosxr.iosxr_key_chain.key_chain",
            "module.iosxr.iosxr_large_community_set.large_community_set",
            "module.iosxr.iosxr_mac_set.mac_set",
            "module.iosxr.iosxr_ospf_area_set.ospf_area_set",
            "module.iosxr.iosxr_policy_global_set.policy_global_set",
            "module.iosxr.iosxr_prefix_set.prefix_set",
            "module.iosxr.iosxr_rd_set.rd_set",
            "module.iosxr.iosxr_route_policy.route_policy",
            "module.iosxr.iosxr_router_isis.router_isis",
            "module.iosxr.iosxr_router_isis_address_family.ipv4_multicast",
            "module.iosxr.iosxr_router_isis_address_family.ipv4_unicast",
            "module.iosxr.iosxr_router_isis_address_family.ipv6_multicast",
            "module.iosxr.iosxr_router_isis_address_family.ipv6_unicast",
            "module.iosxr.iosxr_segment_routing.segment_routing",
            "module.iosxr.iosxr_segment_routing_v6.segment_routing_v6",
            "module.iosxr.iosxr_tag_set.tag_set",
            "module.iosxr.terraform_data.segment_routing_v6_replace"
          ]
        },
        {
          "index_key": "ic-node-1/ISIS-1/Loopback0",
          "schema_version": 0,
          "attributes": {
            "affinity_flex_algos": null,
            "affinity_flex_algos_anomalies": null,
            "bfd_fast_detect_ipv4": null,
            "bfd_fast_detect_ipv6": null,
            "bfd_minimum_interval": null,
            "bfd_multiplier": null,
            "circuit_type": null,
            "csnp_interval": null,
            "csnp_interval_levels": null,
            "delay_normalize_interval": null,
            "delay_normalize_offset": null,
            "delete_mode": null,
            "device": "ic-node-1",
            "hello_interval": null,
            "hello_interval_levels": null,
            "hello_multiplier": null,
            "hello_multiplier_levels": null,
            "hello_padding": null,
            "hello_padding_levels": null,
            "hello_password_accept_encrypted": null,
            "hello_password_accepts_levels": null,
            "hello_password_hmac_md5_encrypted": null,
            "hello_password_hmac_md5_send_only": null,
            "hello_password_keychain_name": null,
            "hello_password_keychain_send_only": null,
            "hello_password_levels": null,
            "hello_password_text_encrypted": null,
            "hello_password_text_send_only": null,
            "id": "Cisco-IOS-XR-um-router-isis-cfg:/router/isis/processes/process[process-id=ISIS-1]/interfaces/interface[interface-name=Loopback0]",
            "interface_name": "Loopback0",
            "link_down_fast_detect": null,
            "lsp_interval": null,
            "lsp_interval_levels": null,
            "mesh_group": null,
            "mesh_group_blocked": null,
            "mpls_ldp_sync": null,
            "mpls_ldp_sync_level": null,
            "override_metrics": null,
            "point_to_point": null,
            "priority": null,
            "priority_levels": null,
            "process_id": "ISIS-1",
            "remote_psnp_delay": null,
            "retransmit_interval": null,
            "retransmit_interval_levels": null,
            "retransmit_throttle_interval": null,
            "retransmit_throttle_interval_levels": null,
            "state": "passive"
          },
          "sensitive_attributes": [
            [
              {
                "type": "get_attr",
                "value": "hello_password_accept_encrypted"
              }
            ],
            [
              {
                "type": "get_attr",
                "value": "hello_password_hmac_md5_encrypted"
              }
            ],
            [
              {
                "type": "get_attr",
                "value": "hello_password_text_encrypted"
              }
            ],
            [
              {
                "type": "get_attr",
                "value": "hello_password_text_send_only"
              }
            ]
          ],
          "identity_schema_version": 0,
          "private": "eyJpbXBvcnRpbmciOiJNQT09In0=",
          "dependencies": [
            "module.iosxr.iosxr_as_path_set.as_path_set",
            "module.iosxr.iosxr_community_set.community_set",
            "module.iosxr.iosxr_esi_set.esi_set",
            "module.iosxr.iosxr_etag_set.etag_set",
            "module.iosxr.iosxr_extcommunity_bandwidth_set.extcommunity_bandwidth_set",
            "module.iosxr.iosxr_extcommunity_cost_set.extcommunity_cost_set",
            "module.iosxr.iosxr_extcommunity_evpn_link_bandwidth_set.extcommunity_evpn_link_bandwidth_set",
            "module.iosxr.iosxr_extcommunity_opaque_set.extcommunity_opaque_set",
            "module.iosxr.iosxr_extcommunity_rt_set.extcommunity_rt_set",
            "module.iosxr.iosxr_extcommunity_seg_nh_set.extcommunity_seg_nh_set",
            "module.iosxr.iosxr_extcommunity_soo_set.extcommunity_soo_set",
            "module.iosxr.iosxr_ipv4_prefix_list.ipv4_prefix_list",
            "module.iosxr.iosxr_ipv6_prefix_list.ipv6_prefix_list",
            "module.iosxr.iosxr_key_chain.key_chain",
            "module.iosxr.iosxr_large_community_set.large_community_set",
            "module.iosxr.iosxr_mac_set.mac_set",
            "module.iosxr.iosxr_ospf_area_set.ospf_area_set",
            "module.iosxr.iosxr_policy_global_set.policy_global_set",
            "module.iosxr.iosxr_prefix_set.prefix_set",
            "module.iosxr.iosxr_rd_set.rd_set",
            "module.iosxr.iosxr_route_policy.route_policy",
            "module.iosxr.iosxr_router_isis.router_isis",
            "module.iosxr.iosxr_router_isis_address_family.ipv4_multicast",
            "module.iosxr.iosxr_router_isis_address_family.ipv4_unicast",
            "module.iosxr.iosxr_router_isis_address_family.ipv6_multicast",
            "module.iosxr.iosxr_router_isis_address_family.ipv6_unicast",
            "module.iosxr.iosxr_segment_routing.segment_routing",
            "module.iosxr.iosxr_segment_routing_v6.segment_routing_v6",
            "module.iosxr.iosxr_tag_set.tag_set",
            "module.iosxr.terraform_data.segment_routing_v6_replace"
          ]
        },
        {
          "index_key": "ic-node-2/ISIS-1/GigabitEthernet0/0/0/0",
          "schema_version": 0,
          "attributes": {
            "affinity_flex_algos": null,
            "affinity_flex_algos_anomalies": null,
            "bfd_fast_detect_ipv4": null,
            "bfd_fast_detect_ipv6": null,
            "bfd_minimum_interval": null,
            "bfd_multiplier": null,
            "circuit_type": null,
            "csnp_interval": null,
            "csnp_interval_levels": null,
            "delay_normalize_interval": null,
            "delay_normalize_offset": null,
            "delete_mode": null,
            "device": "ic-node-2",
            "hello_interval": null,
            "hello_interval_levels": null,
            "hello_multiplier": null,
            "hello_multiplier_levels": null,
            "hello_padding": "disable",
            "hello_padding_levels": null,
            "hello_password_accept_encrypted": null,
            "hello_password_accepts_levels": null,
            "hello_password_hmac_md5_encrypted": null,
            "hello_password_hmac_md5_send_only": null,
            "hello_password_keychain_name": null,
            "hello_password_keychain_send_only": null,
            "hello_password_levels": null,
            "hello_password_text_encrypted": null,
            "hello_password_text_send_only": null,
            "id": "Cisco-IOS-XR-um-router-isis-cfg:/router/isis/processes/process[process-id=ISIS-1]/interfaces/interface[interface-name=GigabitEthernet0/0/0/0]",
            "interface_name": "GigabitEthernet0/0/0/0",
            "link_down_fast_detect": null,
            "lsp_interval": null,
            "lsp_interval_levels": null,
            "mesh_group": null,
            "mesh_group_blocked": null,
            "mpls_ldp_sync": null,
            "mpls_ldp_sync_level": null,
            "override_metrics": null,
            "point_to_point": true,
            "priority": null,
            "priority_levels": null,
            "process_id": "ISIS-1",
            "remote_psnp_delay": null,
            "retransmit_interval": null,
            "retransmit_interval_levels": null,
            "retransmit_throttle_interval": null,
            "retransmit_throttle_interval_levels": null,
            "state": null
          },
          "sensitive_attributes": [
            [
              {
                "type": "get_attr",
                "value": "hello_password_accept_encrypted"
              }
            ],
            [
              {
                "type": "get_attr",
                "value": "hello_password_hmac_md5_encrypted"
              }
            ],
            [
              {
                "type": "get_attr",
                "value": "hello_password_text_encrypted"
              }
            ],
            [
              {
                "type": "get_attr",
                "value": "hello_password_text_send_only"
              }
            ]
          ],
          "identity_schema_version": 0,
          "private": "eyJpbXBvcnRpbmciOiJNQT09In0=",
          "dependencies": [
            "module.iosxr.iosxr_as_path_set.as_path_set",
            "module.iosxr.iosxr_community_set.community_set",
            "module.iosxr.iosxr_esi_set.esi_set",
            "module.iosxr.iosxr_etag_set.etag_set",
            "module.iosxr.iosxr_extcommunity_bandwidth_set.extcommunity_bandwidth_set",
            "module.iosxr.iosxr_extcommunity_cost_set.extcommunity_cost_set",
            "module.iosxr.iosxr_extcommunity_evpn_link_bandwidth_set.extcommunity_evpn_link_bandwidth_set",
            "module.iosxr.iosxr_extcommunity_opaque_set.extcommunity_opaque_set",
            "module.iosxr.iosxr_extcommunity_rt_set.extcommunity_rt_set",
            "module.iosxr.iosxr_extcommunity_seg_nh_set.extcommunity_seg_nh_set",
            "module.iosxr.iosxr_extcommunity_soo_set.extcommunity_soo_set",
            "module.iosxr.iosxr_ipv4_prefix_list.ipv4_prefix_list",
            "module.iosxr.iosxr_ipv6_prefix_list.ipv6_prefix_list",
            "module.iosxr.iosxr_key_chain.key_chain",
            "module.iosxr.iosxr_large_community_set.large_community_set",
            "module.iosxr.iosxr_mac_set.mac_set",
            "module.iosxr.iosxr_ospf_area_set.ospf_area_set",
            "module.iosxr.iosxr_policy_global_set.policy_global_set",
            "module.iosxr.iosxr_prefix_set.prefix_set",
            "module.iosxr.iosxr_rd_set.rd_set",
            "module.iosxr.iosxr_route_policy.route_policy",
            "module.iosxr.iosxr_router_isis.router_isis",
            "module.iosxr.iosxr_router_isis_address_family.ipv4_multicast",
            "module.iosxr.iosxr_router_isis_address_family.ipv4_unicast",
            "module.iosxr.iosxr_router_isis_address_family.ipv6_multicast",
            "module.iosxr.iosxr_router_isis_address_family.ipv6_unicast",
            "module.iosxr.iosxr_segment_routing.segment_routing",
            "module.iosxr.iosxr_segment_routing_v6.segment_routing_v6",
            "module.iosxr.iosxr_tag_set.tag_set",
            "module.iosxr.terraform_data.segment_routing_v6_replace"
          ]
        },
        {
          "index_key": "ic-node-2/ISIS-1/GigabitEthernet0/0/0/1",
          "schema_version": 0,
          "attributes": {
            "affinity_flex_algos": null,
            "affinity_flex_algos_anomalies": null,
            "bfd_fast_detect_ipv4": null,
            "bfd_fast_detect_ipv6": null,
            "bfd_minimum_interval": null,
            "bfd_multiplier": null,
            "circuit_type": null,
            "csnp_interval": null,
            "csnp_interval_levels": null,
            "delay_normalize_interval": null,
            "delay_normalize_offset": null,
            "delete_mode": null,
            "device": "ic-node-2",
            "hello_interval": null,
            "hello_interval_levels": null,
            "hello_multiplier": null,
            "hello_multiplier_levels": null,
            "hello_padding": "disable",
            "hello_padding_levels": null,
            "hello_password_accept_encrypted": null,
            "hello_password_accepts_levels": null,
            "hello_password_hmac_md5_encrypted": null,
            "hello_password_hmac_md5_send_only": null,
            "hello_password_keychain_name": null,
            "hello_password_keychain_send_only": null,
            "hello_password_levels": null,
            "hello_password_text_encrypted": null,
            "hello_password_text_send_only": null,
            "id": "Cisco-IOS-XR-um-router-isis-cfg:/router/isis/processes/process[process-id=ISIS-1]/interfaces/interface[interface-name=GigabitEthernet0/0/0/1]",
            "interface_name": "GigabitEthernet0/0/0/1",
            "link_down_fast_detect": null,
            "lsp_interval": null,
            "lsp_interval_levels": null,
            "mesh_group": null,
            "mesh_group_blocked": null,
            "mpls_ldp_sync": null,
            "mpls_ldp_sync_level": null,
            "override_metrics": null,
            "point_to_point": true,
            "priority": null,
            "priority_levels": null,
            "process_id": "ISIS-1",
            "remote_psnp_delay": null,
            "retransmit_interval": null,
            "retransmit_interval_levels": null,
            "retransmit_throttle_interval": null,
            "retransmit_throttle_interval_levels": null,
            "state": null
          },
          "sensitive_attributes": [
            [
              {
                "type": "get_attr",
                "value": "hello_password_accept_encrypted"
              }
            ],
            [
              {
                "type": "get_attr",
                "value": "hello_password_hmac_md5_encrypted"
              }
            ],
            [
              {
                "type": "get_attr",
                "value": "hello_password_text_encrypted"
              }
            ],
            [
              {
                "type": "get_attr",
                "value": "hello_password_text_send_only"
              }
            ]
          ],
          "identity_schema_version": 0,
          "private": "eyJpbXBvcnRpbmciOiJNQT09In0=",
          "dependencies": [
            "module.iosxr.iosxr_as_path_set.as_path_set",
            "module.iosxr.iosxr_community_set.community_set",
            "module.iosxr.iosxr_esi_set.esi_set",
            "module.iosxr.iosxr_etag_set.etag_set",
            "module.iosxr.iosxr_extcommunity_bandwidth_set.extcommunity_bandwidth_set",
            "module.iosxr.iosxr_extcommunity_cost_set.extcommunity_cost_set",
            "module.iosxr.iosxr_extcommunity_evpn_link_bandwidth_set.extcommunity_evpn_link_bandwidth_set",
            "module.iosxr.iosxr_extcommunity_opaque_set.extcommunity_opaque_set",
            "module.iosxr.iosxr_extcommunity_rt_set.extcommunity_rt_set",
            "module.iosxr.iosxr_extcommunity_seg_nh_set.extcommunity_seg_nh_set",
            "module.iosxr.iosxr_extcommunity_soo_set.extcommunity_soo_set",
            "module.iosxr.iosxr_ipv4_prefix_list.ipv4_prefix_list",
            "module.iosxr.iosxr_ipv6_prefix_list.ipv6_prefix_list",
            "module.iosxr.iosxr_key_chain.key_chain",
            "module.iosxr.iosxr_large_community_set.large_community_set",
            "module.iosxr.iosxr_mac_set.mac_set",
            "module.iosxr.iosxr_ospf_area_set.ospf_area_set",
            "module.iosxr.iosxr_policy_global_set.policy_global_set",
            "module.iosxr.iosxr_prefix_set.prefix_set",
            "module.iosxr.iosxr_rd_set.rd_set",
            "module.iosxr.iosxr_route_policy.route_policy",
            "module.iosxr.iosxr_router_isis.router_isis",
            "module.iosxr.iosxr_router_isis_address_family.ipv4_multicast",
            "module.iosxr.iosxr_router_isis_address_family.ipv4_unicast",
            "module.iosxr.iosxr_router_isis_address_family.ipv6_multicast",
            "module.iosxr.iosxr_router_isis_address_family.ipv6_unicast",
            "module.iosxr.iosxr_segment_routing.segment_routing",
            "module.iosxr.iosxr_segment_routing_v6.segment_routing_v6",
            "module.iosxr.iosxr_tag_set.tag_set",
            "module.iosxr.terraform_data.segment_routing_v6_replace"
          ]
        },
        {
          "index_key": "ic-node-2/ISIS-1/Loopback0",
          "schema_version": 0,
          "attributes": {
            "affinity_flex_algos": null,
            "affinity_flex_algos_anomalies": null,
            "bfd_fast_detect_ipv4": null,
            "bfd_fast_detect_ipv6": null,
            "bfd_minimum_interval": null,
            "bfd_multiplier": null,
            "circuit_type": null,
            "csnp_interval": null,
            "csnp_interval_levels": null,
            "delay_normalize_interval": null,
            "delay_normalize_offset": null,
            "delete_mode": null,
            "device": "ic-node-2",
            "hello_interval": null,
            "hello_interval_levels": null,
            "hello_multiplier": null,
            "hello_multiplier_levels": null,
            "hello_padding": null,
            "hello_padding_levels": null,
            "hello_password_accept_encrypted": null,
            "hello_password_accepts_levels": null,
            "hello_password_hmac_md5_encrypted": null,
            "hello_password_hmac_md5_send_only": null,
            "hello_password_keychain_name": null,
            "hello_password_keychain_send_only": null,
            "hello_password_levels": null,
            "hello_password_text_encrypted": null,
            "hello_password_text_send_only": null,
            "id": "Cisco-IOS-XR-um-router-isis-cfg:/router/isis/processes/process[process-id=ISIS-1]/interfaces/interface[interface-name=Loopback0]",
            "interface_name": "Loopback0",
            "link_down_fast_detect": null,
            "lsp_interval": null,
            "lsp_interval_levels": null,
            "mesh_group": null,
            "mesh_group_blocked": null,
            "mpls_ldp_sync": null,
            "mpls_ldp_sync_level": null,
            "override_metrics": null,
            "point_to_point": null,
            "priority": null,
            "priority_levels": null,
            "process_id": "ISIS-1",
            "remote_psnp_delay": null,
            "retransmit_interval": null,
            "retransmit_interval_levels": null,
            "retransmit_throttle_interval": null,
            "retransmit_throttle_interval_levels": null,
            "state": "passive"
          },
          "sensitive_attributes": [
            [
              {
                "type": "get_attr",
                "value": "hello_password_accept_encrypted"
              }
            ],
            [
              {
                "type": "get_attr",
                "value": "hello_password_hmac_md5_encrypted"
              }
            ],
            [
              {
                "type": "get_attr",
                "value": "hello_password_text_encrypted"
              }
            ],
            [
              {
                "type": "get_attr",
                "value": "hello_password_text_send_only"
              }
            ]
          ],
          "identity_schema_version": 0,
          "private": "eyJpbXBvcnRpbmciOiJNQT09In0=",
          "dependencies": [
            "module.iosxr.iosxr_as_path_set.as_path_set",
            "module.iosxr.iosxr_community_set.community_set",
            "module.iosxr.iosxr_esi_set.esi_set",
            "module.iosxr.iosxr_etag_set.etag_set",
            "module.iosxr.iosxr_extcommunity_bandwidth_set.extcommunity_bandwidth_set",
            "module.iosxr.iosxr_extcommunity_cost_set.extcommunity_cost_set",
            "module.iosxr.iosxr_extcommunity_evpn_link_bandwidth_set.extcommunity_evpn_link_bandwidth_set",
            "module.iosxr.iosxr_extcommunity_opaque_set.extcommunity_opaque_set",
            "module.iosxr.iosxr_extcommunity_rt_set.extcommunity_rt_set",
            "module.iosxr.iosxr_extcommunity_seg_nh_set.extcommunity_seg_nh_set",
            "module.iosxr.iosxr_extcommunity_soo_set.extcommunity_soo_set",
            "module.iosxr.iosxr_ipv4_prefix_list.ipv4_prefix_list",
            "module.iosxr.iosxr_ipv6_prefix_list.ipv6_prefix_list",
            "module.iosxr.iosxr_key_chain.key_chain",
            "module.iosxr.iosxr_large_community_set.large_community_set",
            "module.iosxr.iosxr_mac_set.mac_set",
            "module.iosxr.iosxr_ospf_area_set.ospf_area_set",
            "module.iosxr.iosxr_policy_global_set.policy_global_set",
            "module.iosxr.iosxr_prefix_set.prefix_set",
            "module.iosxr.iosxr_rd_set.rd_set",
            "module.iosxr.iosxr_route_policy.route_policy",
            "module.iosxr.iosxr_router_isis.router_isis",
            "module.iosxr.iosxr_router_isis_address_family.ipv4_multicast",
            "module.iosxr.iosxr_router_isis_address_family.ipv4_unicast",
            "module.iosxr.iosxr_router_isis_address_family.ipv6_multicast",
            "module.iosxr.iosxr_router_isis_address_family.ipv6_unicast",
            "module.iosxr.iosxr_segment_routing.segment_routing",
            "module.iosxr.iosxr_segment_routing_v6.segment_routing_v6",
            "module.iosxr.iosxr_tag_set.tag_set",
            "module.iosxr.terraform_data.segment_routing_v6_replace"
          ]
        },
        {
          "index_key": "ic-node-3/ISIS-1/GigabitEthernet0/0/0/0",
          "schema_version": 0,
          "attributes": {
            "affinity_flex_algos": null,
            "affinity_flex_algos_anomalies": null,
            "bfd_fast_detect_ipv4": null,
            "bfd_fast_detect_ipv6": null,
            "bfd_minimum_interval": null,
            "bfd_multiplier": null,
            "circuit_type": null,
            "csnp_interval": null,
            "csnp_interval_levels": null,
            "delay_normalize_interval": null,
            "delay_normalize_offset": null,
            "delete_mode": null,
            "device": "ic-node-3",
            "hello_interval": null,
            "hello_interval_levels": null,
            "hello_multiplier": null,
            "hello_multiplier_levels": null,
            "hello_padding": "disable",
            "hello_padding_levels": null,
            "hello_password_accept_encrypted": null,
            "hello_password_accepts_levels": null,
            "hello_password_hmac_md5_encrypted": null,
            "hello_password_hmac_md5_send_only": null,
            "hello_password_keychain_name": null,
            "hello_password_keychain_send_only": null,
            "hello_password_levels": null,
            "hello_password_text_encrypted": null,
            "hello_password_text_send_only": null,
            "id": "Cisco-IOS-XR-um-router-isis-cfg:/router/isis/processes/process[process-id=ISIS-1]/interfaces/interface[interface-name=GigabitEthernet0/0/0/0]",
            "interface_name": "GigabitEthernet0/0/0/0",
            "link_down_fast_detect": null,
            "lsp_interval": null,
            "lsp_interval_levels": null,
            "mesh_group": null,
            "mesh_group_blocked": null,
            "mpls_ldp_sync": null,
            "mpls_ldp_sync_level": null,
            "override_metrics": null,
            "point_to_point": true,
            "priority": null,
            "priority_levels": null,
            "process_id": "ISIS-1",
            "remote_psnp_delay": null,
            "retransmit_interval": null,
            "retransmit_interval_levels": null,
            "retransmit_throttle_interval": null,
            "retransmit_throttle_interval_levels": null,
            "state": null
          },
          "sensitive_attributes": [
            [
              {
                "type": "get_attr",
                "value": "hello_password_accept_encrypted"
              }
            ],
            [
              {
                "type": "get_attr",
                "value": "hello_password_hmac_md5_encrypted"
              }
            ],
            [
              {
                "type": "get_attr",
                "value": "hello_password_text_encrypted"
              }
            ],
            [
              {
                "type": "get_attr",
                "value": "hello_password_text_send_only"
              }
            ]
          ],
          "identity_schema_version": 0,
          "private": "eyJpbXBvcnRpbmciOiJNQT09In0=",
          "dependencies": [
            "module.iosxr.iosxr_as_path_set.as_path_set",
            "module.iosxr.iosxr_community_set.community_set",
            "module.iosxr.iosxr_esi_set.esi_set",
            "module.iosxr.iosxr_etag_set.etag_set",
            "module.iosxr.iosxr_extcommunity_bandwidth_set.extcommunity_bandwidth_set",
            "module.iosxr.iosxr_extcommunity_cost_set.extcommunity_cost_set",
            "module.iosxr.iosxr_extcommunity_evpn_link_bandwidth_set.extcommunity_evpn_link_bandwidth_set",
            "module.iosxr.iosxr_extcommunity_opaque_set.extcommunity_opaque_set",
            "module.iosxr.iosxr_extcommunity_rt_set.extcommunity_rt_set",
            "module.iosxr.iosxr_extcommunity_seg_nh_set.extcommunity_seg_nh_set",
            "module.iosxr.iosxr_extcommunity_soo_set.extcommunity_soo_set",
            "module.iosxr.iosxr_ipv4_prefix_list.ipv4_prefix_list",
            "module.iosxr.iosxr_ipv6_prefix_list.ipv6_prefix_list",
            "module.iosxr.iosxr_key_chain.key_chain",
            "module.iosxr.iosxr_large_community_set.large_community_set",
            "module.iosxr.iosxr_mac_set.mac_set",
            "module.iosxr.iosxr_ospf_area_set.ospf_area_set",
            "module.iosxr.iosxr_policy_global_set.policy_global_set",
            "module.iosxr.iosxr_prefix_set.prefix_set",
            "module.iosxr.iosxr_rd_set.rd_set",
            "module.iosxr.iosxr_route_policy.route_policy",
            "module.iosxr.iosxr_router_isis.router_isis",
            "module.iosxr.iosxr_router_isis_address_family.ipv4_multicast",
            "module.iosxr.iosxr_router_isis_address_family.ipv4_unicast",
            "module.iosxr.iosxr_router_isis_address_family.ipv6_multicast",
            "module.iosxr.iosxr_router_isis_address_family.ipv6_unicast",
            "module.iosxr.iosxr_segment_routing.segment_routing",
            "module.iosxr.iosxr_segment_routing_v6.segment_routing_v6",
            "module.iosxr.iosxr_tag_set.tag_set",
            "module.iosxr.terraform_data.segment_routing_v6_replace"
          ]
        },
        {
          "index_key": "ic-node-3/ISIS-1/GigabitEthernet0/0/0/1",
          "schema_version": 0,
          "attributes": {
            "affinity_flex_algos": null,
            "affinity_flex_algos_anomalies": null,
            "bfd_fast_detect_ipv4": null,
            "bfd_fast_detect_ipv6": null,
            "bfd_minimum_interval": null,
            "bfd_multiplier": null,
            "circuit_type": null,
            "csnp_interval": null,
            "csnp_interval_levels": null,
            "delay_normalize_interval": null,
            "delay_normalize_offset": null,
            "delete_mode": null,
            "device": "ic-node-3",
            "hello_interval": null,
            "hello_interval_levels": null,
            "hello_multiplier": null,
            "hello_multiplier_levels": null,
            "hello_padding": "disable",
            "hello_padding_levels": null,
            "hello_password_accept_encrypted": null,
            "hello_password_accepts_levels": null,
            "hello_password_hmac_md5_encrypted": null,
            "hello_password_hmac_md5_send_only": null,
            "hello_password_keychain_name": null,
            "hello_password_keychain_send_only": null,
            "hello_password_levels": null,
            "hello_password_text_encrypted": null,
            "hello_password_text_send_only": null,
            "id": "Cisco-IOS-XR-um-router-isis-cfg:/router/isis/processes/process[process-id=ISIS-1]/interfaces/interface[interface-name=GigabitEthernet0/0/0/1]",
            "interface_name": "GigabitEthernet0/0/0/1",
            "link_down_fast_detect": null,
            "lsp_interval": null,
            "lsp_interval_levels": null,
            "mesh_group": null,
            "mesh_group_blocked": null,
            "mpls_ldp_sync": null,
            "mpls_ldp_sync_level": null,
            "override_metrics": null,
            "point_to_point": true,
            "priority": null,
            "priority_levels": null,
            "process_id": "ISIS-1",
            "remote_psnp_delay": null,
            "retransmit_interval": null,
            "retransmit_interval_levels": null,
            "retransmit_throttle_interval": null,
            "retransmit_throttle_interval_levels": null,
            "state": null
          },
          "sensitive_attributes": [
            [
              {
                "type": "get_attr",
                "value": "hello_password_accept_encrypted"
              }
            ],
            [
              {
                "type": "get_attr",
                "value": "hello_password_hmac_md5_encrypted"
              }
            ],
            [
              {
                "type": "get_attr",
                "value": "hello_password_text_encrypted"
              }
            ],
            [
              {
                "type": "get_attr",
                "value": "hello_password_text_send_only"
              }
            ]
          ],
          "identity_schema_version": 0,
          "private": "eyJpbXBvcnRpbmciOiJNQT09In0=",
          "dependencies": [
            "module.iosxr.iosxr_as_path_set.as_path_set",
            "module.iosxr.iosxr_community_set.community_set",
            "module.iosxr.iosxr_esi_set.esi_set",
            "module.iosxr.iosxr_etag_set.etag_set",
            "module.iosxr.iosxr_extcommunity_bandwidth_set.extcommunity_bandwidth_set",
            "module.iosxr.iosxr_extcommunity_cost_set.extcommunity_cost_set",
            "module.iosxr.iosxr_extcommunity_evpn_link_bandwidth_set.extcommunity_evpn_link_bandwidth_set",
            "module.iosxr.iosxr_extcommunity_opaque_set.extcommunity_opaque_set",
            "module.iosxr.iosxr_extcommunity_rt_set.extcommunity_rt_set",
            "module.iosxr.iosxr_extcommunity_seg_nh_set.extcommunity_seg_nh_set",
            "module.iosxr.iosxr_extcommunity_soo_set.extcommunity_soo_set",
            "module.iosxr.iosxr_ipv4_prefix_list.ipv4_prefix_list",
            "module.iosxr.iosxr_ipv6_prefix_list.ipv6_prefix_list",
            "module.iosxr.iosxr_key_chain.key_chain",
            "module.iosxr.iosxr_large_community_set.large_community_set",
            "module.iosxr.iosxr_mac_set.mac_set",
            "module.iosxr.iosxr_ospf_area_set.ospf_area_set",
            "module.iosxr.iosxr_policy_global_set.policy_global_set",
            "module.iosxr.iosxr_prefix_set.prefix_set",
            "module.iosxr.iosxr_rd_set.rd_set",
            "module.iosxr.iosxr_route_policy.route_policy",
            "module.iosxr.iosxr_router_isis.router_isis",
            "module.iosxr.iosxr_router_isis_address_family.ipv4_multicast",
            "module.iosxr.iosxr_router_isis_address_family.ipv4_unicast",
            "module.iosxr.iosxr_router_isis_address_family.ipv6_multicast",
            "module.iosxr.iosxr_router_isis_address_family.ipv6_unicast",
            "module.iosxr.iosxr_segment_routing.segment_routing",
            "module.iosxr.iosxr_segment_routing_v6.segment_routing_v6",
            "module.iosxr.iosxr_tag_set.tag_set",
            "module.iosxr.terraform_data.segment_routing_v6_replace"
          ]
        },
        {
          "index_key": "ic-node-3/ISIS-1/Loopback0",
          "schema_version": 0,
          "attributes": {
            "affinity_flex_algos": null,
            "affinity_flex_algos_anomalies": null,
            "bfd_fast_detect_ipv4": null,
            "bfd_fast_detect_ipv6": null,
            "bfd_minimum_interval": null,
            "bfd_multiplier": null,
            "circuit_type": null,
            "csnp_interval": null,
            "csnp_interval_levels": null,
            "delay_normalize_interval": null,
            "delay_normalize_offset": null,
            "delete_mode": null,
            "device": "ic-node-3",
            "hello_interval": null,
            "hello_interval_levels": null,
            "hello_multiplier": null,
            "hello_multiplier_levels": null,
            "hello_padding": null,
            "hello_padding_levels": null,
            "hello_password_accept_encrypted": null,
            "hello_password_accepts_levels": null,
            "hello_password_hmac_md5_encrypted": null,
            "hello_password_hmac_md5_send_only": null,
            "hello_password_keychain_name": null,
            "hello_password_keychain_send_only": null,
            "hello_password_levels": null,
            "hello_password_text_encrypted": null,
            "hello_password_text_send_only": null,
            "id": "Cisco-IOS-XR-um-router-isis-cfg:/router/isis/processes/process[process-id=ISIS-1]/interfaces/interface[interface-name=Loopback0]",
            "interface_name": "Loopback0",
            "link_down_fast_detect": null,
            "lsp_interval": null,
            "lsp_interval_levels": null,
            "mesh_group": null,
            "mesh_group_blocked": null,
            "mpls_ldp_sync": null,
            "mpls_ldp_sync_level": null,
            "override_metrics": null,
            "point_to_point": null,
            "priority": null,
            "priority_levels": null,
            "process_id": "ISIS-1",
            "remote_psnp_delay": null,
            "retransmit_interval": null,
            "retransmit_interval_levels": null,
            "retransmit_throttle_interval": null,
            "retransmit_throttle_interval_levels": null,
            "state": "passive"
          },
          "sensitive_attributes": [
            [
              {
                "type": "get_attr",
                "value": "hello_password_accept_encrypted"
              }
            ],
            [
              {
                "type": "get_attr",
                "value": "hello_password_hmac_md5_encrypted"
              }
            ],
            [
              {
                "type": "get_attr",
                "value": "hello_password_text_encrypted"
              }
            ],
            [
              {
                "type": "get_attr",
                "value": "hello_password_text_send_only"
              }
            ]
          ],
          "identity_schema_version": 0,
          "private": "eyJpbXBvcnRpbmciOiJNQT09In0=",
          "dependencies": [
            "module.iosxr.iosxr_as_path_set.as_path_set",
            "module.iosxr.iosxr_community_set.community_set",
            "module.iosxr.iosxr_esi_set.esi_set",
            "module.iosxr.iosxr_etag_set.etag_set",
            "module.iosxr.iosxr_extcommunity_bandwidth_set.extcommunity_bandwidth_set",
            "module.iosxr.iosxr_extcommunity_cost_set.extcommunity_cost_set",
            "module.iosxr.iosxr_extcommunity_evpn_link_bandwidth_set.extcommunity_evpn_link_bandwidth_set",
            "module.iosxr.iosxr_extcommunity_opaque_set.extcommunity_opaque_set",
            "module.iosxr.iosxr_extcommunity_rt_set.extcommunity_rt_set",
            "module.iosxr.iosxr_extcommunity_seg_nh_set.extcommunity_seg_nh_set",
            "module.iosxr.iosxr_extcommunity_soo_set.extcommunity_soo_set",
            "module.iosxr.iosxr_ipv4_prefix_list.ipv4_prefix_list",
            "module.iosxr.iosxr_ipv6_prefix_list.ipv6_prefix_list",
            "module.iosxr.iosxr_key_chain.key_chain",
            "module.iosxr.iosxr_large_community_set.large_community_set",
            "module.iosxr.iosxr_mac_set.mac_set",
            "module.iosxr.iosxr_ospf_area_set.ospf_area_set",
            "module.iosxr.iosxr_policy_global_set.policy_global_set",
            "module.iosxr.iosxr_prefix_set.prefix_set",
            "module.iosxr.iosxr_rd_set.rd_set",
            "module.iosxr.iosxr_route_policy.route_policy",
            "module.iosxr.iosxr_router_isis.router_isis",
            "module.iosxr.iosxr_router_isis_address_family.ipv4_multicast",
            "module.iosxr.iosxr_router_isis_address_family.ipv4_unicast",
            "module.iosxr.iosxr_router_isis_address_family.ipv6_multicast",
            "module.iosxr.iosxr_router_isis_address_family.ipv6_unicast",
            "module.iosxr.iosxr_segment_routing.segment_routing",
            "module.iosxr.iosxr_segment_routing_v6.segment_routing_v6",
            "module.iosxr.iosxr_tag_set.tag_set",
            "module.iosxr.terraform_data.segment_routing_v6_replace"
          ]
        },
        {
          "index_key": "ic-node-4/ISIS-1/GigabitEthernet0/0/0/0",
          "schema_version": 0,
          "attributes": {
            "affinity_flex_algos": null,
            "affinity_flex_algos_anomalies": null,
            "bfd_fast_detect_ipv4": null,
            "bfd_fast_detect_ipv6": null,
            "bfd_minimum_interval": null,
            "bfd_multiplier": null,
            "circuit_type": null,
            "csnp_interval": null,
            "csnp_interval_levels": null,
            "delay_normalize_interval": null,
            "delay_normalize_offset": null,
            "delete_mode": null,
            "device": "ic-node-4",
            "hello_interval": null,
            "hello_interval_levels": null,
            "hello_multiplier": null,
            "hello_multiplier_levels": null,
            "hello_padding": "disable",
            "hello_padding_levels": null,
            "hello_password_accept_encrypted": null,
            "hello_password_accepts_levels": null,
            "hello_password_hmac_md5_encrypted": null,
            "hello_password_hmac_md5_send_only": null,
            "hello_password_keychain_name": null,
            "hello_password_keychain_send_only": null,
            "hello_password_levels": null,
            "hello_password_text_encrypted": null,
            "hello_password_text_send_only": null,
            "id": "Cisco-IOS-XR-um-router-isis-cfg:/router/isis/processes/process[process-id=ISIS-1]/interfaces/interface[interface-name=GigabitEthernet0/0/0/0]",
            "interface_name": "GigabitEthernet0/0/0/0",
            "link_down_fast_detect": null,
            "lsp_interval": null,
            "lsp_interval_levels": null,
            "mesh_group": null,
            "mesh_group_blocked": null,
            "mpls_ldp_sync": null,
            "mpls_ldp_sync_level": null,
            "override_metrics": null,
            "point_to_point": true,
            "priority": null,
            "priority_levels": null,
            "process_id": "ISIS-1",
            "remote_psnp_delay": null,
            "retransmit_interval": null,
            "retransmit_interval_levels": null,
            "retransmit_throttle_interval": null,
            "retransmit_throttle_interval_levels": null,
            "state": null
          },
          "sensitive_attributes": [
            [
              {
                "type": "get_attr",
                "value": "hello_password_accept_encrypted"
              }
            ],
            [
              {
                "type": "get_attr",
                "value": "hello_password_hmac_md5_encrypted"
              }
            ],
            [
              {
                "type": "get_attr",
                "value": "hello_password_text_encrypted"
              }
            ],
            [
              {
                "type": "get_attr",
                "value": "hello_password_text_send_only"
              }
            ]
          ],
          "identity_schema_version": 0,
          "private": "eyJpbXBvcnRpbmciOiJNQT09In0=",
          "dependencies": [
            "module.iosxr.iosxr_as_path_set.as_path_set",
            "module.iosxr.iosxr_community_set.community_set",
            "module.iosxr.iosxr_esi_set.esi_set",
            "module.iosxr.iosxr_etag_set.etag_set",
            "module.iosxr.iosxr_extcommunity_bandwidth_set.extcommunity_bandwidth_set",
            "module.iosxr.iosxr_extcommunity_cost_set.extcommunity_cost_set",
            "module.iosxr.iosxr_extcommunity_evpn_link_bandwidth_set.extcommunity_evpn_link_bandwidth_set",
            "module.iosxr.iosxr_extcommunity_opaque_set.extcommunity_opaque_set",
            "module.iosxr.iosxr_extcommunity_rt_set.extcommunity_rt_set",
            "module.iosxr.iosxr_extcommunity_seg_nh_set.extcommunity_seg_nh_set",
            "module.iosxr.iosxr_extcommunity_soo_set.extcommunity_soo_set",
            "module.iosxr.iosxr_ipv4_prefix_list.ipv4_prefix_list",
            "module.iosxr.iosxr_ipv6_prefix_list.ipv6_prefix_list",
            "module.iosxr.iosxr_key_chain.key_chain",
            "module.iosxr.iosxr_large_community_set.large_community_set",
            "module.iosxr.iosxr_mac_set.mac_set",
            "module.iosxr.iosxr_ospf_area_set.ospf_area_set",
            "module.iosxr.iosxr_policy_global_set.policy_global_set",
            "module.iosxr.iosxr_prefix_set.prefix_set",
            "module.iosxr.iosxr_rd_set.rd_set",
            "module.iosxr.iosxr_route_policy.route_policy",
            "module.iosxr.iosxr_router_isis.router_isis",
            "module.iosxr.iosxr_router_isis_address_family.ipv4_multicast",
            "module.iosxr.iosxr_router_isis_address_family.ipv4_unicast",
            "module.iosxr.iosxr_router_isis_address_family.ipv6_multicast",
            "module.iosxr.iosxr_router_isis_address_family.ipv6_unicast",
            "module.iosxr.iosxr_segment_routing.segment_routing",
            "module.iosxr.iosxr_segment_routing_v6.segment_routing_v6",
            "module.iosxr.iosxr_tag_set.tag_set",
            "module.iosxr.terraform_data.segment_routing_v6_replace"
          ]
        },
        {
          "index_key": "ic-node-4/ISIS-1/GigabitEthernet0/0/0/1",
          "schema_version": 0,
          "attributes": {
            "affinity_flex_algos": null,
            "affinity_flex_algos_anomalies": null,
            "bfd_fast_detect_ipv4": null,
            "bfd_fast_detect_ipv6": null,
            "bfd_minimum_interval": null,
            "bfd_multiplier": null,
            "circuit_type": null,
            "csnp_interval": null,
            "csnp_interval_levels": null,
            "delay_normalize_interval": null,
            "delay_normalize_offset": null,
            "delete_mode": null,
            "device": "ic-node-4",
            "hello_interval": null,
            "hello_interval_levels": null,
            "hello_multiplier": null,
            "hello_multiplier_levels": null,
            "hello_padding": "disable",
            "hello_padding_levels": null,
            "hello_password_accept_encrypted": null,
            "hello_password_accepts_levels": null,
            "hello_password_hmac_md5_encrypted": null,
            "hello_password_hmac_md5_send_only": null,
            "hello_password_keychain_name": null,
            "hello_password_keychain_send_only": null,
            "hello_password_levels": null,
            "hello_password_text_encrypted": null,
            "hello_password_text_send_only": null,
            "id": "Cisco-IOS-XR-um-router-isis-cfg:/router/isis/processes/process[process-id=ISIS-1]/interfaces/interface[interface-name=GigabitEthernet0/0/0/1]",
            "interface_name": "GigabitEthernet0/0/0/1",
            "link_down_fast_detect": null,
            "lsp_interval": null,
            "lsp_interval_levels": null,
            "mesh_group": null,
            "mesh_group_blocked": null,
            "mpls_ldp_sync": null,
            "mpls_ldp_sync_level": null,
            "override_metrics": null,
            "point_to_point": true,
            "priority": null,
            "priority_levels": null,
            "process_id": "ISIS-1",
            "remote_psnp_delay": null,
            "retransmit_interval": null,
            "retransmit_interval_levels": null,
            "retransmit_throttle_interval": null,
            "retransmit_throttle_interval_levels": null,
            "state": null
          },
          "sensitive_attributes": [
            [
              {
                "type": "get_attr",
                "value": "hello_password_accept_encrypted"
              }
            ],
            [
              {
                "type": "get_attr",
                "value": "hello_password_hmac_md5_encrypted"
              }
            ],
            [
              {
                "type": "get_attr",
                "value": "hello_password_text_encrypted"
              }
            ],
            [
              {
                "type": "get_attr",
                "value": "hello_password_text_send_only"
              }
            ]
          ],
          "identity_schema_version": 0,
          "private": "eyJpbXBvcnRpbmciOiJNQT09In0=",
          "dependencies": [
            "module.iosxr.iosxr_as_path_set.as_path_set",
            "module.iosxr.iosxr_community_set.community_set",
            "module.iosxr.iosxr_esi_set.esi_set",
            "module.iosxr.iosxr_etag_set.etag_set",
            "module.iosxr.iosxr_extcommunity_bandwidth_set.extcommunity_bandwidth_set",
            "module.iosxr.iosxr_extcommunity_cost_set.extcommunity_cost_set",
            "module.iosxr.iosxr_extcommunity_evpn_link_bandwidth_set.extcommunity_evpn_link_bandwidth_set",
            "module.iosxr.iosxr_extcommunity_opaque_set.extcommunity_opaque_set",
            "module.iosxr.iosxr_extcommunity_rt_set.extcommunity_rt_set",
            "module.iosxr.iosxr_extcommunity_seg_nh_set.extcommunity_seg_nh_set",
            "module.iosxr.iosxr_extcommunity_soo_set.extcommunity_soo_set",
            "module.iosxr.iosxr_ipv4_prefix_list.ipv4_prefix_list",
            "module.iosxr.iosxr_ipv6_prefix_list.ipv6_prefix_list",
            "module.iosxr.iosxr_key_chain.key_chain",
            "module.iosxr.iosxr_large_community_set.large_community_set",
            "module.iosxr.iosxr_mac_set.mac_set",
            "module.iosxr.iosxr_ospf_area_set.ospf_area_set",
            "module.iosxr.iosxr_policy_global_set.policy_global_set",
            "module.iosxr.iosxr_prefix_set.prefix_set",
            "module.iosxr.iosxr_rd_set.rd_set",
            "module.iosxr.iosxr_route_policy.route_policy",
            "module.iosxr.iosxr_router_isis.router_isis",
            "module.iosxr.iosxr_router_isis_address_family.ipv4_multicast",
            "module.iosxr.iosxr_router_isis_address_family.ipv4_unicast",
            "module.iosxr.iosxr_router_isis_address_family.ipv6_multicast",
            "module.iosxr.iosxr_router_isis_address_family.ipv6_unicast",
            "module.iosxr.iosxr_segment_routing.segment_routing",
            "module.iosxr.iosxr_segment_routing_v6.segment_routing_v6",
            "module.iosxr.iosxr_tag_set.tag_set",
            "module.iosxr.terraform_data.segment_routing_v6_replace"
          ]
        },
        {
          "index_key": "ic-node-4/ISIS-1/Loopback0",
          "schema_version": 0,
          "attributes": {
            "affinity_flex_algos": null,
            "affinity_flex_algos_anomalies": null,
            "bfd_fast_detect_ipv4": null,
            "bfd_fast_detect_ipv6": null,
            "bfd_minimum_interval": null,
            "bfd_multiplier": null,
            "circuit_type": null,
            "csnp_interval": null,
            "csnp_interval_levels": null,
            "delay_normalize_interval": null,
            "delay_normalize_offset": null,
            "delete_mode": null,
            "device": "ic-node-4",
            "hello_interval": null,
            "hello_interval_levels": null,
            "hello_multiplier": null,
            "hello_multiplier_levels": null,
            "hello_padding": null,
            "hello_padding_levels": null,
            "hello_password_accept_encrypted": null,
            "hello_password_accepts_levels": null,
            "hello_password_hmac_md5_encrypted": null,
            "hello_password_hmac_md5_send_only": null,
            "hello_password_keychain_name": null,
            "hello_password_keychain_send_only": null,
            "hello_password_levels": null,
            "hello_password_text_encrypted": null,
            "hello_password_text_send_only": null,
            "id": "Cisco-IOS-XR-um-router-isis-cfg:/router/isis/processes/process[process-id=ISIS-1]/interfaces/interface[interface-name=Loopback0]",
            "interface_name": "Loopback0",
            "link_down_fast_detect": null,
            "lsp_interval": null,
            "lsp_interval_levels": null,
            "mesh_group": null,
            "mesh_group_blocked": null,
            "mpls_ldp_sync": null,
            "mpls_ldp_sync_level": null,
            "override_metrics": null,
            "point_to_point": null,
            "priority": null,
            "priority_levels": null,
            "process_id": "ISIS-1",
            "remote_psnp_delay": null,
            "retransmit_interval": null,
            "retransmit_interval_levels": null,
            "retransmit_throttle_interval": null,
            "retransmit_throttle_interval_levels": null,
            "state": "passive"
          },
          "sensitive_attributes": [
            [
              {
                "type": "get_attr",
                "value": "hello_password_accept_encrypted"
              }
            ],
            [
              {
                "type": "get_attr",
                "value": "hello_password_hmac_md5_encrypted"
              }
            ],
            [
              {
                "type": "get_attr",
                "value": "hello_password_text_encrypted"
              }
            ],
            [
              {
                "type": "get_attr",
                "value": "hello_password_text_send_only"
              }
            ]
          ],
          "identity_schema_version": 0,
          "private": "eyJpbXBvcnRpbmciOiJNQT09In0=",
          "dependencies": [
            "module.iosxr.iosxr_as_path_set.as_path_set",
            "module.iosxr.iosxr_community_set.community_set",
            "module.iosxr.iosxr_esi_set.esi_set",
            "module.iosxr.iosxr_etag_set.etag_set",
            "module.iosxr.iosxr_extcommunity_bandwidth_set.extcommunity_bandwidth_set",
            "module.iosxr.iosxr_extcommunity_cost_set.extcommunity_cost_set",
            "module.iosxr.iosxr_extcommunity_evpn_link_bandwidth_set.extcommunity_evpn_link_bandwidth_set",
            "module.iosxr.iosxr_extcommunity_opaque_set.extcommunity_opaque_set",
            "module.iosxr.iosxr_extcommunity_rt_set.extcommunity_rt_set",
            "module.iosxr.iosxr_extcommunity_seg_nh_set.extcommunity_seg_nh_set",
            "module.iosxr.iosxr_extcommunity_soo_set.extcommunity_soo_set",
            "module.iosxr.iosxr_ipv4_prefix_list.ipv4_prefix_list",
            "module.iosxr.iosxr_ipv6_prefix_list.ipv6_prefix_list",
            "module.iosxr.iosxr_key_chain.key_chain",
            "module.iosxr.iosxr_large_community_set.large_community_set",
            "module.iosxr.iosxr_mac_set.mac_set",
            "module.iosxr.iosxr_ospf_area_set.ospf_area_set",
            "module.iosxr.iosxr_policy_global_set.policy_global_set",
            "module.iosxr.iosxr_prefix_set.prefix_set",
            "module.iosxr.iosxr_rd_set.rd_set",
            "module.iosxr.iosxr_route_policy.route_policy",
            "module.iosxr.iosxr_router_isis.router_isis",
            "module.iosxr.iosxr_router_isis_address_family.ipv4_multicast",
            "module.iosxr.iosxr_router_isis_address_family.ipv4_unicast",
            "module.iosxr.iosxr_router_isis_address_family.ipv6_multicast",
            "module.iosxr.iosxr_router_isis_address_family.ipv6_unicast",
            "module.iosxr.iosxr_segment_routing.segment_routing",
            "module.iosxr.iosxr_segment_routing_v6.segment_routing_v6",
            "module.iosxr.iosxr_tag_set.tag_set",
            "module.iosxr.terraform_data.segment_routing_v6_replace"
          ]
        }
      ]
    },
    {
      "module": "module.iosxr",
      "mode": "managed",
      "type": "iosxr_router_isis_interface_address_family",
      "name": "router_isis_interface_address_family",
      "provider": "module.iosxr.provider[\"registry.terraform.io/ciscodevnet/iosxr\"]",
      "instances": [
        {
          "index_key": "ic-node-1/ISIS-1/GigabitEthernet0/0/0/0/ipv4/unicast",
          "schema_version": 0,
          "attributes": {
            "adjacency_sid_absolutes": null,
            "adjacency_sid_indices": null,
            "advertise_prefix_route_policy": null,
            "advertise_prefix_route_policy_levels": null,
            "af_name": "ipv4",
            "auto_metric_proactive_protect_metric": null,
            "auto_metric_proactive_protect_metric_levels": null,
            "bandwidth_metric_flex_algo": null,
            "bandwidth_metric_flex_algo_levels": null,
            "delete_mode": null,
            "device": "ic-node-1",
            "fast_reroute_levels": null,
            "fast_reroute_per_link": null,
            "fast_reroute_per_link_exclude_interfaces": null,
            "fast_reroute_per_link_lfa_candidate_interfaces": null,
            "fast_reroute_per_prefix": null,
            "fast_reroute_per_prefix_exclude_interfaces": null,
            "fast_reroute_per_prefix_lfa_candidate_interfaces": null,
            "fast_reroute_per_prefix_remote_lfa_maximum_metric": null,
            "fast_reroute_per_prefix_remote_lfa_maximum_metric_levels": null,
            "fast_reroute_per_prefix_remote_lfa_tunnel_mpls_ldp": null,
            "fast_reroute_per_prefix_remote_lfa_tunnel_mpls_ldp_levels": null,
            "fast_reroute_per_prefix_ti_lfa": null,
            "fast_reroute_per_prefix_ti_lfa_levels": null,
            "fast_reroute_per_prefix_tiebreaker_default": null,
            "fast_reroute_per_prefix_tiebreaker_default_levels": null,
            "fast_reroute_per_prefix_tiebreaker_lc_disjoint_index": null,
            "fast_reroute_per_prefix_tiebreaker_lc_disjoint_levels": null,
            "fast_reroute_per_prefix_tiebreaker_node_protecting_index": null,
            "fast_reroute_per_prefix_tiebreaker_node_protecting_levels": null,
            "fast_reroute_per_prefix_tiebreaker_srlg_disjoint_index": null,
            "fast_reroute_per_prefix_tiebreaker_srlg_disjoint_levels": null,
            "generic_metric_flex_algo_levels": null,
            "generic_metric_flex_algos": null,
            "id": "Cisco-IOS-XR-um-router-isis-cfg:/router/isis/processes/process[process-id=ISIS-1]/interfaces/interface[interface-name=GigabitEthernet0/0/0/0]/address-families/address-family[af-name=ipv4][saf-name=unicast]",
            "interface_name": "GigabitEthernet0/0/0/0",
            "link_group_level": null,
            "link_group_name": null,
            "metric_default": null,
            "metric_levels": null,
            "metric_maximum": null,
            "mpls_ldp_sync": null,
            "mpls_ldp_sync_level": null,
            "prefix_sid_absolute_explicit_null": null,
            "prefix_sid_absolute_id": null,
            "prefix_sid_absolute_n_flag_clear": null,
            "prefix_sid_absolute_php_disable": null,
            "prefix_sid_algorithms": null,
            "prefix_sid_index_explicit_null": null,
            "prefix_sid_index_id": null,
            "prefix_sid_index_n_flag_clear": null,
            "prefix_sid_index_php_disable": null,
            "prefix_sid_strict_spf_absolute_explicit_null": null,
            "prefix_sid_strict_spf_absolute_id": null,
            "prefix_sid_strict_spf_absolute_n_flag_clear": null,
            "prefix_sid_strict_spf_absolute_php_disable": null,
            "prefix_sid_strict_spf_index_explicit_null": null,
            "prefix_sid_strict_spf_index_id": null,
            "prefix_sid_strict_spf_index_n_flag_clear": null,
            "prefix_sid_strict_spf_index_php_disable": null,
            "process_id": "ISIS-1",
            "saf_name": "unicast",
            "tag": null,
            "tag_levels": null,
            "te_metric_flex_algo": null,
            "te_metric_flex_algo_levels": null,
            "weight": null,
            "weight_levels": null
          },
          "sensitive_attributes": [],
          "identity_schema_version": 0,
          "private": "eyJpbXBvcnRpbmciOiJNQT09In0=",
          "dependencies": [
            "module.iosxr.iosxr_as_path_set.as_path_set",
            "module.iosxr.iosxr_community_set.community_set",
            "module.iosxr.iosxr_esi_set.esi_set",
            "module.iosxr.iosxr_etag_set.etag_set",
            "module.iosxr.iosxr_extcommunity_bandwidth_set.extcommunity_bandwidth_set",
            "module.iosxr.iosxr_extcommunity_cost_set.extcommunity_cost_set",
            "module.iosxr.iosxr_extcommunity_evpn_link_bandwidth_set.extcommunity_evpn_link_bandwidth_set",
            "module.iosxr.iosxr_extcommunity_opaque_set.extcommunity_opaque_set",
            "module.iosxr.iosxr_extcommunity_rt_set.extcommunity_rt_set",
            "module.iosxr.iosxr_extcommunity_seg_nh_set.extcommunity_seg_nh_set",
            "module.iosxr.iosxr_extcommunity_soo_set.extcommunity_soo_set",
            "module.iosxr.iosxr_ipv4_prefix_list.ipv4_prefix_list",
            "module.iosxr.iosxr_ipv6_prefix_list.ipv6_prefix_list",
            "module.iosxr.iosxr_key_chain.key_chain",
            "module.iosxr.iosxr_large_community_set.large_community_set",
            "module.iosxr.iosxr_mac_set.mac_set",
            "module.iosxr.iosxr_ospf_area_set.ospf_area_set",
            "module.iosxr.iosxr_policy_global_set.policy_global_set",
            "module.iosxr.iosxr_prefix_set.prefix_set",
            "module.iosxr.iosxr_rd_set.rd_set",
            "module.iosxr.iosxr_route_policy.route_policy",
            "module.iosxr.iosxr_router_isis.router_isis",
            "module.iosxr.iosxr_router_isis_address_family.ipv4_multicast",
            "module.iosxr.iosxr_router_isis_address_family.ipv4_unicast",
            "module.iosxr.iosxr_router_isis_address_family.ipv6_multicast",
            "module.iosxr.iosxr_router_isis_address_family.ipv6_unicast",
            "module.iosxr.iosxr_router_isis_interface.router_isis_interface",
            "module.iosxr.iosxr_segment_routing.segment_routing",
            "module.iosxr.iosxr_segment_routing_v6.segment_routing_v6",
            "module.iosxr.iosxr_tag_set.tag_set",
            "module.iosxr.terraform_data.segment_routing_v6_replace"
          ]
        },
        {
          "index_key": "ic-node-1/ISIS-1/GigabitEthernet0/0/0/1/ipv4/unicast",
          "schema_version": 0,
          "attributes": {
            "adjacency_sid_absolutes": null,
            "adjacency_sid_indices": null,
            "advertise_prefix_route_policy": null,
            "advertise_prefix_route_policy_levels": null,
            "af_name": "ipv4",
            "auto_metric_proactive_protect_metric": null,
            "auto_metric_proactive_protect_metric_levels": null,
            "bandwidth_metric_flex_algo": null,
            "bandwidth_metric_flex_algo_levels": null,
            "delete_mode": null,
            "device": "ic-node-1",
            "fast_reroute_levels": null,
            "fast_reroute_per_link": null,
            "fast_reroute_per_link_exclude_interfaces": null,
            "fast_reroute_per_link_lfa_candidate_interfaces": null,
            "fast_reroute_per_prefix": null,
            "fast_reroute_per_prefix_exclude_interfaces": null,
            "fast_reroute_per_prefix_lfa_candidate_interfaces": null,
            "fast_reroute_per_prefix_remote_lfa_maximum_metric": null,
            "fast_reroute_per_prefix_remote_lfa_maximum_metric_levels": null,
            "fast_reroute_per_prefix_remote_lfa_tunnel_mpls_ldp": null,
            "fast_reroute_per_prefix_remote_lfa_tunnel_mpls_ldp_levels": null,
            "fast_reroute_per_prefix_ti_lfa": null,
            "fast_reroute_per_prefix_ti_lfa_levels": null,
            "fast_reroute_per_prefix_tiebreaker_default": null,
            "fast_reroute_per_prefix_tiebreaker_default_levels": null,
            "fast_reroute_per_prefix_tiebreaker_lc_disjoint_index": null,
            "fast_reroute_per_prefix_tiebreaker_lc_disjoint_levels": null,
            "fast_reroute_per_prefix_tiebreaker_node_protecting_index": null,
            "fast_reroute_per_prefix_tiebreaker_node_protecting_levels": null,
            "fast_reroute_per_prefix_tiebreaker_srlg_disjoint_index": null,
            "fast_reroute_per_prefix_tiebreaker_srlg_disjoint_levels": null,
            "generic_metric_flex_algo_levels": null,
            "generic_metric_flex_algos": null,
            "id": "Cisco-IOS-XR-um-router-isis-cfg:/router/isis/processes/process[process-id=ISIS-1]/interfaces/interface[interface-name=GigabitEthernet0/0/0/1]/address-families/address-family[af-name=ipv4][saf-name=unicast]",
            "interface_name": "GigabitEthernet0/0/0/1",
            "link_group_level": null,
            "link_group_name": null,
            "metric_default": null,
            "metric_levels": null,
            "metric_maximum": null,
            "mpls_ldp_sync": null,
            "mpls_ldp_sync_level": null,
            "prefix_sid_absolute_explicit_null": null,
            "prefix_sid_absolute_id": null,
            "prefix_sid_absolute_n_flag_clear": null,
            "prefix_sid_absolute_php_disable": null,
            "prefix_sid_algorithms": null,
            "prefix_sid_index_explicit_null": null,
            "prefix_sid_index_id": null,
            "prefix_sid_index_n_flag_clear": null,
            "prefix_sid_index_php_disable": null,
            "prefix_sid_strict_spf_absolute_explicit_null": null,
            "prefix_sid_strict_spf_absolute_id": null,
            "prefix_sid_strict_spf_absolute_n_flag_clear": null,
            "prefix_sid_strict_spf_absolute_php_disable": null,
            "prefix_sid_strict_spf_index_explicit_null": null,
            "prefix_sid_strict_spf_index_id": null,
            "prefix_sid_strict_spf_index_n_flag_clear": null,
            "prefix_sid_strict_spf_index_php_disable": null,
            "process_id": "ISIS-1",
            "saf_name": "unicast",
            "tag": null,
            "tag_levels": null,
            "te_metric_flex_algo": null,
            "te_metric_flex_algo_levels": null,
            "weight": null,
            "weight_levels": null
          },
          "sensitive_attributes": [],
          "identity_schema_version": 0,
          "private": "eyJpbXBvcnRpbmciOiJNQT09In0=",
          "dependencies": [
            "module.iosxr.iosxr_as_path_set.as_path_set",
            "module.iosxr.iosxr_community_set.community_set",
            "module.iosxr.iosxr_esi_set.esi_set",
            "module.iosxr.iosxr_etag_set.etag_set",
            "module.iosxr.iosxr_extcommunity_bandwidth_set.extcommunity_bandwidth_set",
            "module.iosxr.iosxr_extcommunity_cost_set.extcommunity_cost_set",
            "module.iosxr.iosxr_extcommunity_evpn_link_bandwidth_set.extcommunity_evpn_link_bandwidth_set",
            "module.iosxr.iosxr_extcommunity_opaque_set.extcommunity_opaque_set",
            "module.iosxr.iosxr_extcommunity_rt_set.extcommunity_rt_set",
            "module.iosxr.iosxr_extcommunity_seg_nh_set.extcommunity_seg_nh_set",
            "module.iosxr.iosxr_extcommunity_soo_set.extcommunity_soo_set",
            "module.iosxr.iosxr_ipv4_prefix_list.ipv4_prefix_list",
            "module.iosxr.iosxr_ipv6_prefix_list.ipv6_prefix_list",
            "module.iosxr.iosxr_key_chain.key_chain",
            "module.iosxr.iosxr_large_community_set.large_community_set",
            "module.iosxr.iosxr_mac_set.mac_set",
            "module.iosxr.iosxr_ospf_area_set.ospf_area_set",
            "module.iosxr.iosxr_policy_global_set.policy_global_set",
            "module.iosxr.iosxr_prefix_set.prefix_set",
            "module.iosxr.iosxr_rd_set.rd_set",
            "module.iosxr.iosxr_route_policy.route_policy",
            "module.iosxr.iosxr_router_isis.router_isis",
            "module.iosxr.iosxr_router_isis_address_family.ipv4_multicast",
            "module.iosxr.iosxr_router_isis_address_family.ipv4_unicast",
            "module.iosxr.iosxr_router_isis_address_family.ipv6_multicast",
            "module.iosxr.iosxr_router_isis_address_family.ipv6_unicast",
            "module.iosxr.iosxr_router_isis_interface.router_isis_interface",
            "module.iosxr.iosxr_segment_routing.segment_routing",
            "module.iosxr.iosxr_segment_routing_v6.segment_routing_v6",
            "module.iosxr.iosxr_tag_set.tag_set",
            "module.iosxr.terraform_data.segment_routing_v6_replace"
          ]
        },
        {
          "index_key": "ic-node-1/ISIS-1/Loopback0/ipv4/unicast",
          "schema_version": 0,
          "attributes": {
            "adjacency_sid_absolutes": null,
            "adjacency_sid_indices": null,
            "advertise_prefix_route_policy": null,
            "advertise_prefix_route_policy_levels": null,
            "af_name": "ipv4",
            "auto_metric_proactive_protect_metric": null,
            "auto_metric_proactive_protect_metric_levels": null,
            "bandwidth_metric_flex_algo": null,
            "bandwidth_metric_flex_algo_levels": null,
            "delete_mode": null,
            "device": "ic-node-1",
            "fast_reroute_levels": null,
            "fast_reroute_per_link": null,
            "fast_reroute_per_link_exclude_interfaces": null,
            "fast_reroute_per_link_lfa_candidate_interfaces": null,
            "fast_reroute_per_prefix": null,
            "fast_reroute_per_prefix_exclude_interfaces": null,
            "fast_reroute_per_prefix_lfa_candidate_interfaces": null,
            "fast_reroute_per_prefix_remote_lfa_maximum_metric": null,
            "fast_reroute_per_prefix_remote_lfa_maximum_metric_levels": null,
            "fast_reroute_per_prefix_remote_lfa_tunnel_mpls_ldp": null,
            "fast_reroute_per_prefix_remote_lfa_tunnel_mpls_ldp_levels": null,
            "fast_reroute_per_prefix_ti_lfa": null,
            "fast_reroute_per_prefix_ti_lfa_levels": null,
            "fast_reroute_per_prefix_tiebreaker_default": null,
            "fast_reroute_per_prefix_tiebreaker_default_levels": null,
            "fast_reroute_per_prefix_tiebreaker_lc_disjoint_index": null,
            "fast_reroute_per_prefix_tiebreaker_lc_disjoint_levels": null,
            "fast_reroute_per_prefix_tiebreaker_node_protecting_index": null,
            "fast_reroute_per_prefix_tiebreaker_node_protecting_levels": null,
            "fast_reroute_per_prefix_tiebreaker_srlg_disjoint_index": null,
            "fast_reroute_per_prefix_tiebreaker_srlg_disjoint_levels": null,
            "generic_metric_flex_algo_levels": null,
            "generic_metric_flex_algos": null,
            "id": "Cisco-IOS-XR-um-router-isis-cfg:/router/isis/processes/process[process-id=ISIS-1]/interfaces/interface[interface-name=Loopback0]/address-families/address-family[af-name=ipv4][saf-name=unicast]",
            "interface_name": "Loopback0",
            "link_group_level": null,
            "link_group_name": null,
            "metric_default": null,
            "metric_levels": null,
            "metric_maximum": null,
            "mpls_ldp_sync": null,
            "mpls_ldp_sync_level": null,
            "prefix_sid_absolute_explicit_null": null,
            "prefix_sid_absolute_id": null,
            "prefix_sid_absolute_n_flag_clear": null,
            "prefix_sid_absolute_php_disable": null,
            "prefix_sid_algorithms": null,
            "prefix_sid_index_explicit_null": null,
            "prefix_sid_index_id": null,
            "prefix_sid_index_n_flag_clear": null,
            "prefix_sid_index_php_disable": null,
            "prefix_sid_strict_spf_absolute_explicit_null": null,
            "prefix_sid_strict_spf_absolute_id": null,
            "prefix_sid_strict_spf_absolute_n_flag_clear": null,
            "prefix_sid_strict_spf_absolute_php_disable": null,
            "prefix_sid_strict_spf_index_explicit_null": null,
            "prefix_sid_strict_spf_index_id": null,
            "prefix_sid_strict_spf_index_n_flag_clear": null,
            "prefix_sid_strict_spf_index_php_disable": null,
            "process_id": "ISIS-1",
            "saf_name": "unicast",
            "tag": null,
            "tag_levels": null,
            "te_metric_flex_algo": null,
            "te_metric_flex_algo_levels": null,
            "weight": null,
            "weight_levels": null
          },
          "sensitive_attributes": [],
          "identity_schema_version": 0,
          "private": "eyJpbXBvcnRpbmciOiJNQT09In0=",
          "dependencies": [
            "module.iosxr.iosxr_as_path_set.as_path_set",
            "module.iosxr.iosxr_community_set.community_set",
            "module.iosxr.iosxr_esi_set.esi_set",
            "module.iosxr.iosxr_etag_set.etag_set",
            "module.iosxr.iosxr_extcommunity_bandwidth_set.extcommunity_bandwidth_set",
            "module.iosxr.iosxr_extcommunity_cost_set.extcommunity_cost_set",
            "module.iosxr.iosxr_extcommunity_evpn_link_bandwidth_set.extcommunity_evpn_link_bandwidth_set",
            "module.iosxr.iosxr_extcommunity_opaque_set.extcommunity_opaque_set",
            "module.iosxr.iosxr_extcommunity_rt_set.extcommunity_rt_set",
            "module.iosxr.iosxr_extcommunity_seg_nh_set.extcommunity_seg_nh_set",
            "module.iosxr.iosxr_extcommunity_soo_set.extcommunity_soo_set",
            "module.iosxr.iosxr_ipv4_prefix_list.ipv4_prefix_list",
            "module.iosxr.iosxr_ipv6_prefix_list.ipv6_prefix_list",
            "module.iosxr.iosxr_key_chain.key_chain",
            "module.iosxr.iosxr_large_community_set.large_community_set",
            "module.iosxr.iosxr_mac_set.mac_set",
            "module.iosxr.iosxr_ospf_area_set.ospf_area_set",
            "module.iosxr.iosxr_policy_global_set.policy_global_set",
            "module.iosxr.iosxr_prefix_set.prefix_set",
            "module.iosxr.iosxr_rd_set.rd_set",
            "module.iosxr.iosxr_route_policy.route_policy",
            "module.iosxr.iosxr_router_isis.router_isis",
            "module.iosxr.iosxr_router_isis_address_family.ipv4_multicast",
            "module.iosxr.iosxr_router_isis_address_family.ipv4_unicast",
            "module.iosxr.iosxr_router_isis_address_family.ipv6_multicast",
            "module.iosxr.iosxr_router_isis_address_family.ipv6_unicast",
            "module.iosxr.iosxr_router_isis_interface.router_isis_interface",
            "module.iosxr.iosxr_segment_routing.segment_routing",
            "module.iosxr.iosxr_segment_routing_v6.segment_routing_v6",
            "module.iosxr.iosxr_tag_set.tag_set",
            "module.iosxr.terraform_data.segment_routing_v6_replace"
          ]
        },
        {
          "index_key": "ic-node-2/ISIS-1/GigabitEthernet0/0/0/0/ipv4/unicast",
          "schema_version": 0,
          "attributes": {
            "adjacency_sid_absolutes": null,
            "adjacency_sid_indices": null,
            "advertise_prefix_route_policy": null,
            "advertise_prefix_route_policy_levels": null,
            "af_name": "ipv4",
            "auto_metric_proactive_protect_metric": null,
            "auto_metric_proactive_protect_metric_levels": null,
            "bandwidth_metric_flex_algo": null,
            "bandwidth_metric_flex_algo_levels": null,
            "delete_mode": null,
            "device": "ic-node-2",
            "fast_reroute_levels": null,
            "fast_reroute_per_link": null,
            "fast_reroute_per_link_exclude_interfaces": null,
            "fast_reroute_per_link_lfa_candidate_interfaces": null,
            "fast_reroute_per_prefix": null,
            "fast_reroute_per_prefix_exclude_interfaces": null,
            "fast_reroute_per_prefix_lfa_candidate_interfaces": null,
            "fast_reroute_per_prefix_remote_lfa_maximum_metric": null,
            "fast_reroute_per_prefix_remote_lfa_maximum_metric_levels": null,
            "fast_reroute_per_prefix_remote_lfa_tunnel_mpls_ldp": null,
            "fast_reroute_per_prefix_remote_lfa_tunnel_mpls_ldp_levels": null,
            "fast_reroute_per_prefix_ti_lfa": null,
            "fast_reroute_per_prefix_ti_lfa_levels": null,
            "fast_reroute_per_prefix_tiebreaker_default": null,
            "fast_reroute_per_prefix_tiebreaker_default_levels": null,
            "fast_reroute_per_prefix_tiebreaker_lc_disjoint_index": null,
            "fast_reroute_per_prefix_tiebreaker_lc_disjoint_levels": null,
            "fast_reroute_per_prefix_tiebreaker_node_protecting_index": null,
            "fast_reroute_per_prefix_tiebreaker_node_protecting_levels": null,
            "fast_reroute_per_prefix_tiebreaker_srlg_disjoint_index": null,
            "fast_reroute_per_prefix_tiebreaker_srlg_disjoint_levels": null,
            "generic_metric_flex_algo_levels": null,
            "generic_metric_flex_algos": null,
            "id": "Cisco-IOS-XR-um-router-isis-cfg:/router/isis/processes/process[process-id=ISIS-1]/interfaces/interface[interface-name=GigabitEthernet0/0/0/0]/address-families/address-family[af-name=ipv4][saf-name=unicast]",
            "interface_name": "GigabitEthernet0/0/0/0",
            "link_group_level": null,
            "link_group_name": null,
            "metric_default": null,
            "metric_levels": null,
            "metric_maximum": null,
            "mpls_ldp_sync": null,
            "mpls_ldp_sync_level": null,
            "prefix_sid_absolute_explicit_null": null,
            "prefix_sid_absolute_id": null,
            "prefix_sid_absolute_n_flag_clear": null,
            "prefix_sid_absolute_php_disable": null,
            "prefix_sid_algorithms": null,
            "prefix_sid_index_explicit_null": null,
            "prefix_sid_index_id": null,
            "prefix_sid_index_n_flag_clear": null,
            "prefix_sid_index_php_disable": null,
            "prefix_sid_strict_spf_absolute_explicit_null": null,
            "prefix_sid_strict_spf_absolute_id": null,
            "prefix_sid_strict_spf_absolute_n_flag_clear": null,
            "prefix_sid_strict_spf_absolute_php_disable": null,
            "prefix_sid_strict_spf_index_explicit_null": null,
            "prefix_sid_strict_spf_index_id": null,
            "prefix_sid_strict_spf_index_n_flag_clear": null,
            "prefix_sid_strict_spf_index_php_disable": null,
            "process_id": "ISIS-1",
            "saf_name": "unicast",
            "tag": null,
            "tag_levels": null,
            "te_metric_flex_algo": null,
            "te_metric_flex_algo_levels": null,
            "weight": null,
            "weight_levels": null
          },
          "sensitive_attributes": [],
          "identity_schema_version": 0,
          "private": "eyJpbXBvcnRpbmciOiJNQT09In0=",
          "dependencies": [
            "module.iosxr.iosxr_as_path_set.as_path_set",
            "module.iosxr.iosxr_community_set.community_set",
            "module.iosxr.iosxr_esi_set.esi_set",
            "module.iosxr.iosxr_etag_set.etag_set",
            "module.iosxr.iosxr_extcommunity_bandwidth_set.extcommunity_bandwidth_set",
            "module.iosxr.iosxr_extcommunity_cost_set.extcommunity_cost_set",
            "module.iosxr.iosxr_extcommunity_evpn_link_bandwidth_set.extcommunity_evpn_link_bandwidth_set",
            "module.iosxr.iosxr_extcommunity_opaque_set.extcommunity_opaque_set",
            "module.iosxr.iosxr_extcommunity_rt_set.extcommunity_rt_set",
            "module.iosxr.iosxr_extcommunity_seg_nh_set.extcommunity_seg_nh_set",
            "module.iosxr.iosxr_extcommunity_soo_set.extcommunity_soo_set",
            "module.iosxr.iosxr_ipv4_prefix_list.ipv4_prefix_list",
            "module.iosxr.iosxr_ipv6_prefix_list.ipv6_prefix_list",
            "module.iosxr.iosxr_key_chain.key_chain",
            "module.iosxr.iosxr_large_community_set.large_community_set",
            "module.iosxr.iosxr_mac_set.mac_set",
            "module.iosxr.iosxr_ospf_area_set.ospf_area_set",
            "module.iosxr.iosxr_policy_global_set.policy_global_set",
            "module.iosxr.iosxr_prefix_set.prefix_set",
            "module.iosxr.iosxr_rd_set.rd_set",
            "module.iosxr.iosxr_route_policy.route_policy",
            "module.iosxr.iosxr_router_isis.router_isis",
            "module.iosxr.iosxr_router_isis_address_family.ipv4_multicast",
            "module.iosxr.iosxr_router_isis_address_family.ipv4_unicast",
            "module.iosxr.iosxr_router_isis_address_family.ipv6_multicast",
            "module.iosxr.iosxr_router_isis_address_family.ipv6_unicast",
            "module.iosxr.iosxr_router_isis_interface.router_isis_interface",
            "module.iosxr.iosxr_segment_routing.segment_routing",
            "module.iosxr.iosxr_segment_routing_v6.segment_routing_v6",
            "module.iosxr.iosxr_tag_set.tag_set",
            "module.iosxr.terraform_data.segment_routing_v6_replace"
          ]
        },
        {
          "index_key": "ic-node-2/ISIS-1/GigabitEthernet0/0/0/1/ipv4/unicast",
          "schema_version": 0,
          "attributes": {
            "adjacency_sid_absolutes": null,
            "adjacency_sid_indices": null,
            "advertise_prefix_route_policy": null,
            "advertise_prefix_route_policy_levels": null,
            "af_name": "ipv4",
            "auto_metric_proactive_protect_metric": null,
            "auto_metric_proactive_protect_metric_levels": null,
            "bandwidth_metric_flex_algo": null,
            "bandwidth_metric_flex_algo_levels": null,
            "delete_mode": null,
            "device": "ic-node-2",
            "fast_reroute_levels": null,
            "fast_reroute_per_link": null,
            "fast_reroute_per_link_exclude_interfaces": null,
            "fast_reroute_per_link_lfa_candidate_interfaces": null,
            "fast_reroute_per_prefix": null,
            "fast_reroute_per_prefix_exclude_interfaces": null,
            "fast_reroute_per_prefix_lfa_candidate_interfaces": null,
            "fast_reroute_per_prefix_remote_lfa_maximum_metric": null,
            "fast_reroute_per_prefix_remote_lfa_maximum_metric_levels": null,
            "fast_reroute_per_prefix_remote_lfa_tunnel_mpls_ldp": null,
            "fast_reroute_per_prefix_remote_lfa_tunnel_mpls_ldp_levels": null,
            "fast_reroute_per_prefix_ti_lfa": null,
            "fast_reroute_per_prefix_ti_lfa_levels": null,
            "fast_reroute_per_prefix_tiebreaker_default": null,
            "fast_reroute_per_prefix_tiebreaker_default_levels": null,
            "fast_reroute_per_prefix_tiebreaker_lc_disjoint_index": null,
            "fast_reroute_per_prefix_tiebreaker_lc_disjoint_levels": null,
            "fast_reroute_per_prefix_tiebreaker_node_protecting_index": null,
            "fast_reroute_per_prefix_tiebreaker_node_protecting_levels": null,
            "fast_reroute_per_prefix_tiebreaker_srlg_disjoint_index": null,
            "fast_reroute_per_prefix_tiebreaker_srlg_disjoint_levels": null,
            "generic_metric_flex_algo_levels": null,
            "generic_metric_flex_algos": null,
            "id": "Cisco-IOS-XR-um-router-isis-cfg:/router/isis/processes/process[process-id=ISIS-1]/interfaces/interface[interface-name=GigabitEthernet0/0/0/1]/address-families/address-family[af-name=ipv4][saf-name=unicast]",
            "interface_name": "GigabitEthernet0/0/0/1",
            "link_group_level": null,
            "link_group_name": null,
            "metric_default": null,
            "metric_levels": null,
            "metric_maximum": null,
            "mpls_ldp_sync": null,
            "mpls_ldp_sync_level": null,
            "prefix_sid_absolute_explicit_null": null,
            "prefix_sid_absolute_id": null,
            "prefix_sid_absolute_n_flag_clear": null,
            "prefix_sid_absolute_php_disable": null,
            "prefix_sid_algorithms": null,
            "prefix_sid_index_explicit_null": null,
            "prefix_sid_index_id": null,
            "prefix_sid_index_n_flag_clear": null,
            "prefix_sid_index_php_disable": null,
            "prefix_sid_strict_spf_absolute_explicit_null": null,
            "prefix_sid_strict_spf_absolute_id": null,
            "prefix_sid_strict_spf_absolute_n_flag_clear": null,
            "prefix_sid_strict_spf_absolute_php_disable": null,
            "prefix_sid_strict_spf_index_explicit_null": null,
            "prefix_sid_strict_spf_index_id": null,
            "prefix_sid_strict_spf_index_n_flag_clear": null,
            "prefix_sid_strict_spf_index_php_disable": null,
            "process_id": "ISIS-1",
            "saf_name": "unicast",
            "tag": null,
            "tag_levels": null,
            "te_metric_flex_algo": null,
            "te_metric_flex_algo_levels": null,
            "weight": null,
            "weight_levels": null
          },
          "sensitive_attributes": [],
          "identity_schema_version": 0,
          "private": "eyJpbXBvcnRpbmciOiJNQT09In0=",
          "dependencies": [
            "module.iosxr.iosxr_as_path_set.as_path_set",
            "module.iosxr.iosxr_community_set.community_set",
            "module.iosxr.iosxr_esi_set.esi_set",
            "module.iosxr.iosxr_etag_set.etag_set",
            "module.iosxr.iosxr_extcommunity_bandwidth_set.extcommunity_bandwidth_set",
            "module.iosxr.iosxr_extcommunity_cost_set.extcommunity_cost_set",
            "module.iosxr.iosxr_extcommunity_evpn_link_bandwidth_set.extcommunity_evpn_link_bandwidth_set",
            "module.iosxr.iosxr_extcommunity_opaque_set.extcommunity_opaque_set",
            "module.iosxr.iosxr_extcommunity_rt_set.extcommunity_rt_set",
            "module.iosxr.iosxr_extcommunity_seg_nh_set.extcommunity_seg_nh_set",
            "module.iosxr.iosxr_extcommunity_soo_set.extcommunity_soo_set",
            "module.iosxr.iosxr_ipv4_prefix_list.ipv4_prefix_list",
            "module.iosxr.iosxr_ipv6_prefix_list.ipv6_prefix_list",
            "module.iosxr.iosxr_key_chain.key_chain",
            "module.iosxr.iosxr_large_community_set.large_community_set",
            "module.iosxr.iosxr_mac_set.mac_set",
            "module.iosxr.iosxr_ospf_area_set.ospf_area_set",
            "module.iosxr.iosxr_policy_global_set.policy_global_set",
            "module.iosxr.iosxr_prefix_set.prefix_set",
            "module.iosxr.iosxr_rd_set.rd_set",
            "module.iosxr.iosxr_route_policy.route_policy",
            "module.iosxr.iosxr_router_isis.router_isis",
            "module.iosxr.iosxr_router_isis_address_family.ipv4_multicast",
            "module.iosxr.iosxr_router_isis_address_family.ipv4_unicast",
            "module.iosxr.iosxr_router_isis_address_family.ipv6_multicast",
            "module.iosxr.iosxr_router_isis_address_family.ipv6_unicast",
            "module.iosxr.iosxr_router_isis_interface.router_isis_interface",
            "module.iosxr.iosxr_segment_routing.segment_routing",
            "module.iosxr.iosxr_segment_routing_v6.segment_routing_v6",
            "module.iosxr.iosxr_tag_set.tag_set",
            "module.iosxr.terraform_data.segment_routing_v6_replace"
          ]
        },
        {
          "index_key": "ic-node-2/ISIS-1/Loopback0/ipv4/unicast",
          "schema_version": 0,
          "attributes": {
            "adjacency_sid_absolutes": null,
            "adjacency_sid_indices": null,
            "advertise_prefix_route_policy": null,
            "advertise_prefix_route_policy_levels": null,
            "af_name": "ipv4",
            "auto_metric_proactive_protect_metric": null,
            "auto_metric_proactive_protect_metric_levels": null,
            "bandwidth_metric_flex_algo": null,
            "bandwidth_metric_flex_algo_levels": null,
            "delete_mode": null,
            "device": "ic-node-2",
            "fast_reroute_levels": null,
            "fast_reroute_per_link": null,
            "fast_reroute_per_link_exclude_interfaces": null,
            "fast_reroute_per_link_lfa_candidate_interfaces": null,
            "fast_reroute_per_prefix": null,
            "fast_reroute_per_prefix_exclude_interfaces": null,
            "fast_reroute_per_prefix_lfa_candidate_interfaces": null,
            "fast_reroute_per_prefix_remote_lfa_maximum_metric": null,
            "fast_reroute_per_prefix_remote_lfa_maximum_metric_levels": null,
            "fast_reroute_per_prefix_remote_lfa_tunnel_mpls_ldp": null,
            "fast_reroute_per_prefix_remote_lfa_tunnel_mpls_ldp_levels": null,
            "fast_reroute_per_prefix_ti_lfa": null,
            "fast_reroute_per_prefix_ti_lfa_levels": null,
            "fast_reroute_per_prefix_tiebreaker_default": null,
            "fast_reroute_per_prefix_tiebreaker_default_levels": null,
            "fast_reroute_per_prefix_tiebreaker_lc_disjoint_index": null,
            "fast_reroute_per_prefix_tiebreaker_lc_disjoint_levels": null,
            "fast_reroute_per_prefix_tiebreaker_node_protecting_index": null,
            "fast_reroute_per_prefix_tiebreaker_node_protecting_levels": null,
            "fast_reroute_per_prefix_tiebreaker_srlg_disjoint_index": null,
            "fast_reroute_per_prefix_tiebreaker_srlg_disjoint_levels": null,
            "generic_metric_flex_algo_levels": null,
            "generic_metric_flex_algos": null,
            "id": "Cisco-IOS-XR-um-router-isis-cfg:/router/isis/processes/process[process-id=ISIS-1]/interfaces/interface[interface-name=Loopback0]/address-families/address-family[af-name=ipv4][saf-name=unicast]",
            "interface_name": "Loopback0",
            "link_group_level": null,
            "link_group_name": null,
            "metric_default": null,
            "metric_levels": null,
            "metric_maximum": null,
            "mpls_ldp_sync": null,
            "mpls_ldp_sync_level": null,
            "prefix_sid_absolute_explicit_null": null,
            "prefix_sid_absolute_id": null,
            "prefix_sid_absolute_n_flag_clear": null,
            "prefix_sid_absolute_php_disable": null,
            "prefix_sid_algorithms": null,
            "prefix_sid_index_explicit_null": null,
            "prefix_sid_index_id": null,
            "prefix_sid_index_n_flag_clear": null,
            "prefix_sid_index_php_disable": null,
            "prefix_sid_strict_spf_absolute_explicit_null": null,
            "prefix_sid_strict_spf_absolute_id": null,
            "prefix_sid_strict_spf_absolute_n_flag_clear": null,
            "prefix_sid_strict_spf_absolute_php_disable": null,
            "prefix_sid_strict_spf_index_explicit_null": null,
            "prefix_sid_strict_spf_index_id": null,
            "prefix_sid_strict_spf_index_n_flag_clear": null,
            "prefix_sid_strict_spf_index_php_disable": null,
            "process_id": "ISIS-1",
            "saf_name": "unicast",
            "tag": null,
            "tag_levels": null,
            "te_metric_flex_algo": null,
            "te_metric_flex_algo_levels": null,
            "weight": null,
            "weight_levels": null
          },
          "sensitive_attributes": [],
          "identity_schema_version": 0,
          "private": "eyJpbXBvcnRpbmciOiJNQT09In0=",
          "dependencies": [
            "module.iosxr.iosxr_as_path_set.as_path_set",
            "module.iosxr.iosxr_community_set.community_set",
            "module.iosxr.iosxr_esi_set.esi_set",
            "module.iosxr.iosxr_etag_set.etag_set",
            "module.iosxr.iosxr_extcommunity_bandwidth_set.extcommunity_bandwidth_set",
            "module.iosxr.iosxr_extcommunity_cost_set.extcommunity_cost_set",
            "module.iosxr.iosxr_extcommunity_evpn_link_bandwidth_set.extcommunity_evpn_link_bandwidth_set",
            "module.iosxr.iosxr_extcommunity_opaque_set.extcommunity_opaque_set",
            "module.iosxr.iosxr_extcommunity_rt_set.extcommunity_rt_set",
            "module.iosxr.iosxr_extcommunity_seg_nh_set.extcommunity_seg_nh_set",
            "module.iosxr.iosxr_extcommunity_soo_set.extcommunity_soo_set",
            "module.iosxr.iosxr_ipv4_prefix_list.ipv4_prefix_list",
            "module.iosxr.iosxr_ipv6_prefix_list.ipv6_prefix_list",
            "module.iosxr.iosxr_key_chain.key_chain",
            "module.iosxr.iosxr_large_community_set.large_community_set",
            "module.iosxr.iosxr_mac_set.mac_set",
            "module.iosxr.iosxr_ospf_area_set.ospf_area_set",
            "module.iosxr.iosxr_policy_global_set.policy_global_set",
            "module.iosxr.iosxr_prefix_set.prefix_set",
            "module.iosxr.iosxr_rd_set.rd_set",
            "module.iosxr.iosxr_route_policy.route_policy",
            "module.iosxr.iosxr_router_isis.router_isis",
            "module.iosxr.iosxr_router_isis_address_family.ipv4_multicast",
            "module.iosxr.iosxr_router_isis_address_family.ipv4_unicast",
            "module.iosxr.iosxr_router_isis_address_family.ipv6_multicast",
            "module.iosxr.iosxr_router_isis_address_family.ipv6_unicast",
            "module.iosxr.iosxr_router_isis_interface.router_isis_interface",
            "module.iosxr.iosxr_segment_routing.segment_routing",
            "module.iosxr.iosxr_segment_routing_v6.segment_routing_v6",
            "module.iosxr.iosxr_tag_set.tag_set",
            "module.iosxr.terraform_data.segment_routing_v6_replace"
          ]
        },
        {
          "index_key": "ic-node-3/ISIS-1/GigabitEthernet0/0/0/0/ipv4/unicast",
          "schema_version": 0,
          "attributes": {
            "adjacency_sid_absolutes": null,
            "adjacency_sid_indices": null,
            "advertise_prefix_route_policy": null,
            "advertise_prefix_route_policy_levels": null,
            "af_name": "ipv4",
            "auto_metric_proactive_protect_metric": null,
            "auto_metric_proactive_protect_metric_levels": null,
            "bandwidth_metric_flex_algo": null,
            "bandwidth_metric_flex_algo_levels": null,
            "delete_mode": null,
            "device": "ic-node-3",
            "fast_reroute_levels": null,
            "fast_reroute_per_link": null,
            "fast_reroute_per_link_exclude_interfaces": null,
            "fast_reroute_per_link_lfa_candidate_interfaces": null,
            "fast_reroute_per_prefix": null,
            "fast_reroute_per_prefix_exclude_interfaces": null,
            "fast_reroute_per_prefix_lfa_candidate_interfaces": null,
            "fast_reroute_per_prefix_remote_lfa_maximum_metric": null,
            "fast_reroute_per_prefix_remote_lfa_maximum_metric_levels": null,
            "fast_reroute_per_prefix_remote_lfa_tunnel_mpls_ldp": null,
            "fast_reroute_per_prefix_remote_lfa_tunnel_mpls_ldp_levels": null,
            "fast_reroute_per_prefix_ti_lfa": null,
            "fast_reroute_per_prefix_ti_lfa_levels": null,
            "fast_reroute_per_prefix_tiebreaker_default": null,
            "fast_reroute_per_prefix_tiebreaker_default_levels": null,
            "fast_reroute_per_prefix_tiebreaker_lc_disjoint_index": null,
            "fast_reroute_per_prefix_tiebreaker_lc_disjoint_levels": null,
            "fast_reroute_per_prefix_tiebreaker_node_protecting_index": null,
            "fast_reroute_per_prefix_tiebreaker_node_protecting_levels": null,
            "fast_reroute_per_prefix_tiebreaker_srlg_disjoint_index": null,
            "fast_reroute_per_prefix_tiebreaker_srlg_disjoint_levels": null,
            "generic_metric_flex_algo_levels": null,
            "generic_metric_flex_algos": null,
            "id": "Cisco-IOS-XR-um-router-isis-cfg:/router/isis/processes/process[process-id=ISIS-1]/interfaces/interface[interface-name=GigabitEthernet0/0/0/0]/address-families/address-family[af-name=ipv4][saf-name=unicast]",
            "interface_name": "GigabitEthernet0/0/0/0",
            "link_group_level": null,
            "link_group_name": null,
            "metric_default": null,
            "metric_levels": null,
            "metric_maximum": null,
            "mpls_ldp_sync": null,
            "mpls_ldp_sync_level": null,
            "prefix_sid_absolute_explicit_null": null,
            "prefix_sid_absolute_id": null,
            "prefix_sid_absolute_n_flag_clear": null,
            "prefix_sid_absolute_php_disable": null,
            "prefix_sid_algorithms": null,
            "prefix_sid_index_explicit_null": null,
            "prefix_sid_index_id": null,
            "prefix_sid_index_n_flag_clear": null,
            "prefix_sid_index_php_disable": null,
            "prefix_sid_strict_spf_absolute_explicit_null": null,
            "prefix_sid_strict_spf_absolute_id": null,
            "prefix_sid_strict_spf_absolute_n_flag_clear": null,
            "prefix_sid_strict_spf_absolute_php_disable": null,
            "prefix_sid_strict_spf_index_explicit_null": null,
            "prefix_sid_strict_spf_index_id": null,
            "prefix_sid_strict_spf_index_n_flag_clear": null,
            "prefix_sid_strict_spf_index_php_disable": null,
            "process_id": "ISIS-1",
            "saf_name": "unicast",
            "tag": null,
            "tag_levels": null,
            "te_metric_flex_algo": null,
            "te_metric_flex_algo_levels": null,
            "weight": null,
            "weight_levels": null
          },
          "sensitive_attributes": [],
          "identity_schema_version": 0,
          "private": "eyJpbXBvcnRpbmciOiJNQT09In0=",
          "dependencies": [
            "module.iosxr.iosxr_as_path_set.as_path_set",
            "module.iosxr.iosxr_community_set.community_set",
            "module.iosxr.iosxr_esi_set.esi_set",
            "module.iosxr.iosxr_etag_set.etag_set",
            "module.iosxr.iosxr_extcommunity_bandwidth_set.extcommunity_bandwidth_set",
            "module.iosxr.iosxr_extcommunity_cost_set.extcommunity_cost_set",
            "module.iosxr.iosxr_extcommunity_evpn_link_bandwidth_set.extcommunity_evpn_link_bandwidth_set",
            "module.iosxr.iosxr_extcommunity_opaque_set.extcommunity_opaque_set",
            "module.iosxr.iosxr_extcommunity_rt_set.extcommunity_rt_set",
            "module.iosxr.iosxr_extcommunity_seg_nh_set.extcommunity_seg_nh_set",
            "module.iosxr.iosxr_extcommunity_soo_set.extcommunity_soo_set",
            "module.iosxr.iosxr_ipv4_prefix_list.ipv4_prefix_list",
            "module.iosxr.iosxr_ipv6_prefix_list.ipv6_prefix_list",
            "module.iosxr.iosxr_key_chain.key_chain",
            "module.iosxr.iosxr_large_community_set.large_community_set",
            "module.iosxr.iosxr_mac_set.mac_set",
            "module.iosxr.iosxr_ospf_area_set.ospf_area_set",
            "module.iosxr.iosxr_policy_global_set.policy_global_set",
            "module.iosxr.iosxr_prefix_set.prefix_set",
            "module.iosxr.iosxr_rd_set.rd_set",
            "module.iosxr.iosxr_route_policy.route_policy",
            "module.iosxr.iosxr_router_isis.router_isis",
            "module.iosxr.iosxr_router_isis_address_family.ipv4_multicast",
            "module.iosxr.iosxr_router_isis_address_family.ipv4_unicast",
            "module.iosxr.iosxr_router_isis_address_family.ipv6_multicast",
            "module.iosxr.iosxr_router_isis_address_family.ipv6_unicast",
            "module.iosxr.iosxr_router_isis_interface.router_isis_interface",
            "module.iosxr.iosxr_segment_routing.segment_routing",
            "module.iosxr.iosxr_segment_routing_v6.segment_routing_v6",
            "module.iosxr.iosxr_tag_set.tag_set",
            "module.iosxr.terraform_data.segment_routing_v6_replace"
          ]
        },
        {
          "index_key": "ic-node-3/ISIS-1/GigabitEthernet0/0/0/1/ipv4/unicast",
          "schema_version": 0,
          "attributes": {
            "adjacency_sid_absolutes": null,
            "adjacency_sid_indices": null,
            "advertise_prefix_route_policy": null,
            "advertise_prefix_route_policy_levels": null,
            "af_name": "ipv4",
            "auto_metric_proactive_protect_metric": null,
            "auto_metric_proactive_protect_metric_levels": null,
            "bandwidth_metric_flex_algo": null,
            "bandwidth_metric_flex_algo_levels": null,
            "delete_mode": null,
            "device": "ic-node-3",
            "fast_reroute_levels": null,
            "fast_reroute_per_link": null,
            "fast_reroute_per_link_exclude_interfaces": null,
            "fast_reroute_per_link_lfa_candidate_interfaces": null,
            "fast_reroute_per_prefix": null,
            "fast_reroute_per_prefix_exclude_interfaces": null,
            "fast_reroute_per_prefix_lfa_candidate_interfaces": null,
            "fast_reroute_per_prefix_remote_lfa_maximum_metric": null,
            "fast_reroute_per_prefix_remote_lfa_maximum_metric_levels": null,
            "fast_reroute_per_prefix_remote_lfa_tunnel_mpls_ldp": null,
            "fast_reroute_per_prefix_remote_lfa_tunnel_mpls_ldp_levels": null,
            "fast_reroute_per_prefix_ti_lfa": null,
            "fast_reroute_per_prefix_ti_lfa_levels": null,
            "fast_reroute_per_prefix_tiebreaker_default": null,
            "fast_reroute_per_prefix_tiebreaker_default_levels": null,
            "fast_reroute_per_prefix_tiebreaker_lc_disjoint_index": null,
            "fast_reroute_per_prefix_tiebreaker_lc_disjoint_levels": null,
            "fast_reroute_per_prefix_tiebreaker_node_protecting_index": null,
            "fast_reroute_per_prefix_tiebreaker_node_protecting_levels": null,
            "fast_reroute_per_prefix_tiebreaker_srlg_disjoint_index": null,
            "fast_reroute_per_prefix_tiebreaker_srlg_disjoint_levels": null,
            "generic_metric_flex_algo_levels": null,
            "generic_metric_flex_algos": null,
            "id": "Cisco-IOS-XR-um-router-isis-cfg:/router/isis/processes/process[process-id=ISIS-1]/interfaces/interface[interface-name=GigabitEthernet0/0/0/1]/address-families/address-family[af-name=ipv4][saf-name=unicast]",
            "interface_name": "GigabitEthernet0/0/0/1",
            "link_group_level": null,
            "link_group_name": null,
            "metric_default": null,
            "metric_levels": null,
            "metric_maximum": null,
            "mpls_ldp_sync": null,
            "mpls_ldp_sync_level": null,
            "prefix_sid_absolute_explicit_null": null,
            "prefix_sid_absolute_id": null,
            "prefix_sid_absolute_n_flag_clear": null,
            "prefix_sid_absolute_php_disable": null,
            "prefix_sid_algorithms": null,
            "prefix_sid_index_explicit_null": null,
            "prefix_sid_index_id": null,
            "prefix_sid_index_n_flag_clear": null,
            "prefix_sid_index_php_disable": null,
            "prefix_sid_strict_spf_absolute_explicit_null": null,
            "prefix_sid_strict_spf_absolute_id": null,
            "prefix_sid_strict_spf_absolute_n_flag_clear": null,
            "prefix_sid_strict_spf_absolute_php_disable": null,
            "prefix_sid_strict_spf_index_explicit_null": null,
            "prefix_sid_strict_spf_index_id": null,
            "prefix_sid_strict_spf_index_n_flag_clear": null,
            "prefix_sid_strict_spf_index_php_disable": null,
            "process_id": "ISIS-1",
            "saf_name": "unicast",
            "tag": null,
            "tag_levels": null,
            "te_metric_flex_algo": null,
            "te_metric_flex_algo_levels": null,
            "weight": null,
            "weight_levels": null
          },
          "sensitive_attributes": [],
          "identity_schema_version": 0,
          "private": "eyJpbXBvcnRpbmciOiJNQT09In0=",
          "dependencies": [
            "module.iosxr.iosxr_as_path_set.as_path_set",
            "module.iosxr.iosxr_community_set.community_set",
            "module.iosxr.iosxr_esi_set.esi_set",
            "module.iosxr.iosxr_etag_set.etag_set",
            "module.iosxr.iosxr_extcommunity_bandwidth_set.extcommunity_bandwidth_set",
            "module.iosxr.iosxr_extcommunity_cost_set.extcommunity_cost_set",
            "module.iosxr.iosxr_extcommunity_evpn_link_bandwidth_set.extcommunity_evpn_link_bandwidth_set",
            "module.iosxr.iosxr_extcommunity_opaque_set.extcommunity_opaque_set",
            "module.iosxr.iosxr_extcommunity_rt_set.extcommunity_rt_set",
            "module.iosxr.iosxr_extcommunity_seg_nh_set.extcommunity_seg_nh_set",
            "module.iosxr.iosxr_extcommunity_soo_set.extcommunity_soo_set",
            "module.iosxr.iosxr_ipv4_prefix_list.ipv4_prefix_list",
            "module.iosxr.iosxr_ipv6_prefix_list.ipv6_prefix_list",
            "module.iosxr.iosxr_key_chain.key_chain",
            "module.iosxr.iosxr_large_community_set.large_community_set",
            "module.iosxr.iosxr_mac_set.mac_set",
            "module.iosxr.iosxr_ospf_area_set.ospf_area_set",
            "module.iosxr.iosxr_policy_global_set.policy_global_set",
            "module.iosxr.iosxr_prefix_set.prefix_set",
            "module.iosxr.iosxr_rd_set.rd_set",
            "module.iosxr.iosxr_route_policy.route_policy",
            "module.iosxr.iosxr_router_isis.router_isis",
            "module.iosxr.iosxr_router_isis_address_family.ipv4_multicast",
            "module.iosxr.iosxr_router_isis_address_family.ipv4_unicast",
            "module.iosxr.iosxr_router_isis_address_family.ipv6_multicast",
            "module.iosxr.iosxr_router_isis_address_family.ipv6_unicast",
            "module.iosxr.iosxr_router_isis_interface.router_isis_interface",
            "module.iosxr.iosxr_segment_routing.segment_routing",
            "module.iosxr.iosxr_segment_routing_v6.segment_routing_v6",
            "module.iosxr.iosxr_tag_set.tag_set",
            "module.iosxr.terraform_data.segment_routing_v6_replace"
          ]
        },
        {
          "index_key": "ic-node-3/ISIS-1/Loopback0/ipv4/unicast",
          "schema_version": 0,
          "attributes": {
            "adjacency_sid_absolutes": null,
            "adjacency_sid_indices": null,
            "advertise_prefix_route_policy": null,
            "advertise_prefix_route_policy_levels": null,
            "af_name": "ipv4",
            "auto_metric_proactive_protect_metric": null,
            "auto_metric_proactive_protect_metric_levels": null,
            "bandwidth_metric_flex_algo": null,
            "bandwidth_metric_flex_algo_levels": null,
            "delete_mode": null,
            "device": "ic-node-3",
            "fast_reroute_levels": null,
            "fast_reroute_per_link": null,
            "fast_reroute_per_link_exclude_interfaces": null,
            "fast_reroute_per_link_lfa_candidate_interfaces": null,
            "fast_reroute_per_prefix": null,
            "fast_reroute_per_prefix_exclude_interfaces": null,
            "fast_reroute_per_prefix_lfa_candidate_interfaces": null,
            "fast_reroute_per_prefix_remote_lfa_maximum_metric": null,
            "fast_reroute_per_prefix_remote_lfa_maximum_metric_levels": null,
            "fast_reroute_per_prefix_remote_lfa_tunnel_mpls_ldp": null,
            "fast_reroute_per_prefix_remote_lfa_tunnel_mpls_ldp_levels": null,
            "fast_reroute_per_prefix_ti_lfa": null,
            "fast_reroute_per_prefix_ti_lfa_levels": null,
            "fast_reroute_per_prefix_tiebreaker_default": null,
            "fast_reroute_per_prefix_tiebreaker_default_levels": null,
            "fast_reroute_per_prefix_tiebreaker_lc_disjoint_index": null,
            "fast_reroute_per_prefix_tiebreaker_lc_disjoint_levels": null,
            "fast_reroute_per_prefix_tiebreaker_node_protecting_index": null,
            "fast_reroute_per_prefix_tiebreaker_node_protecting_levels": null,
            "fast_reroute_per_prefix_tiebreaker_srlg_disjoint_index": null,
            "fast_reroute_per_prefix_tiebreaker_srlg_disjoint_levels": null,
            "generic_metric_flex_algo_levels": null,
            "generic_metric_flex_algos": null,
            "id": "Cisco-IOS-XR-um-router-isis-cfg:/router/isis/processes/process[process-id=ISIS-1]/interfaces/interface[interface-name=Loopback0]/address-families/address-family[af-name=ipv4][saf-name=unicast]",
            "interface_name": "Loopback0",
            "link_group_level": null,
            "link_group_name": null,
            "metric_default": null,
            "metric_levels": null,
            "metric_maximum": null,
            "mpls_ldp_sync": null,
            "mpls_ldp_sync_level": null,
            "prefix_sid_absolute_explicit_null": null,
            "prefix_sid_absolute_id": null,
            "prefix_sid_absolute_n_flag_clear": null,
            "prefix_sid_absolute_php_disable": null,
            "prefix_sid_algorithms": null,
            "prefix_sid_index_explicit_null": null,
            "prefix_sid_index_id": null,
            "prefix_sid_index_n_flag_clear": null,
            "prefix_sid_index_php_disable": null,
            "prefix_sid_strict_spf_absolute_explicit_null": null,
            "prefix_sid_strict_spf_absolute_id": null,
            "prefix_sid_strict_spf_absolute_n_flag_clear": null,
            "prefix_sid_strict_spf_absolute_php_disable": null,
            "prefix_sid_strict_spf_index_explicit_null": null,
            "prefix_sid_strict_spf_index_id": null,
            "prefix_sid_strict_spf_index_n_flag_clear": null,
            "prefix_sid_strict_spf_index_php_disable": null,
            "process_id": "ISIS-1",
            "saf_name": "unicast",
            "tag": null,
            "tag_levels": null,
            "te_metric_flex_algo": null,
            "te_metric_flex_algo_levels": null,
            "weight": null,
            "weight_levels": null
          },
          "sensitive_attributes": [],
          "identity_schema_version": 0,
          "private": "eyJpbXBvcnRpbmciOiJNQT09In0=",
          "dependencies": [
            "module.iosxr.iosxr_as_path_set.as_path_set",
            "module.iosxr.iosxr_community_set.community_set",
            "module.iosxr.iosxr_esi_set.esi_set",
            "module.iosxr.iosxr_etag_set.etag_set",
            "module.iosxr.iosxr_extcommunity_bandwidth_set.extcommunity_bandwidth_set",
            "module.iosxr.iosxr_extcommunity_cost_set.extcommunity_cost_set",
            "module.iosxr.iosxr_extcommunity_evpn_link_bandwidth_set.extcommunity_evpn_link_bandwidth_set",
            "module.iosxr.iosxr_extcommunity_opaque_set.extcommunity_opaque_set",
            "module.iosxr.iosxr_extcommunity_rt_set.extcommunity_rt_set",
            "module.iosxr.iosxr_extcommunity_seg_nh_set.extcommunity_seg_nh_set",
            "module.iosxr.iosxr_extcommunity_soo_set.extcommunity_soo_set",
            "module.iosxr.iosxr_ipv4_prefix_list.ipv4_prefix_list",
            "module.iosxr.iosxr_ipv6_prefix_list.ipv6_prefix_list",
            "module.iosxr.iosxr_key_chain.key_chain",
            "module.iosxr.iosxr_large_community_set.large_community_set",
            "module.iosxr.iosxr_mac_set.mac_set",
            "module.iosxr.iosxr_ospf_area_set.ospf_area_set",
            "module.iosxr.iosxr_policy_global_set.policy_global_set",
            "module.iosxr.iosxr_prefix_set.prefix_set",
            "module.iosxr.iosxr_rd_set.rd_set",
            "module.iosxr.iosxr_route_policy.route_policy",
            "module.iosxr.iosxr_router_isis.router_isis",
            "module.iosxr.iosxr_router_isis_address_family.ipv4_multicast",
            "module.iosxr.iosxr_router_isis_address_family.ipv4_unicast",
            "module.iosxr.iosxr_router_isis_address_family.ipv6_multicast",
            "module.iosxr.iosxr_router_isis_address_family.ipv6_unicast",
            "module.iosxr.iosxr_router_isis_interface.router_isis_interface",
            "module.iosxr.iosxr_segment_routing.segment_routing",
            "module.iosxr.iosxr_segment_routing_v6.segment_routing_v6",
            "module.iosxr.iosxr_tag_set.tag_set",
            "module.iosxr.terraform_data.segment_routing_v6_replace"
          ]
        },
        {
          "index_key": "ic-node-4/ISIS-1/GigabitEthernet0/0/0/0/ipv4/unicast",
          "schema_version": 0,
          "attributes": {
            "adjacency_sid_absolutes": null,
            "adjacency_sid_indices": null,
            "advertise_prefix_route_policy": null,
            "advertise_prefix_route_policy_levels": null,
            "af_name": "ipv4",
            "auto_metric_proactive_protect_metric": null,
            "auto_metric_proactive_protect_metric_levels": null,
            "bandwidth_metric_flex_algo": null,
            "bandwidth_metric_flex_algo_levels": null,
            "delete_mode": null,
            "device": "ic-node-4",
            "fast_reroute_levels": null,
            "fast_reroute_per_link": null,
            "fast_reroute_per_link_exclude_interfaces": null,
            "fast_reroute_per_link_lfa_candidate_interfaces": null,
            "fast_reroute_per_prefix": null,
            "fast_reroute_per_prefix_exclude_interfaces": null,
            "fast_reroute_per_prefix_lfa_candidate_interfaces": null,
            "fast_reroute_per_prefix_remote_lfa_maximum_metric": null,
            "fast_reroute_per_prefix_remote_lfa_maximum_metric_levels": null,
            "fast_reroute_per_prefix_remote_lfa_tunnel_mpls_ldp": null,
            "fast_reroute_per_prefix_remote_lfa_tunnel_mpls_ldp_levels": null,
            "fast_reroute_per_prefix_ti_lfa": null,
            "fast_reroute_per_prefix_ti_lfa_levels": null,
            "fast_reroute_per_prefix_tiebreaker_default": null,
            "fast_reroute_per_prefix_tiebreaker_default_levels": null,
            "fast_reroute_per_prefix_tiebreaker_lc_disjoint_index": null,
            "fast_reroute_per_prefix_tiebreaker_lc_disjoint_levels": null,
            "fast_reroute_per_prefix_tiebreaker_node_protecting_index": null,
            "fast_reroute_per_prefix_tiebreaker_node_protecting_levels": null,
            "fast_reroute_per_prefix_tiebreaker_srlg_disjoint_index": null,
            "fast_reroute_per_prefix_tiebreaker_srlg_disjoint_levels": null,
            "generic_metric_flex_algo_levels": null,
            "generic_metric_flex_algos": null,
            "id": "Cisco-IOS-XR-um-router-isis-cfg:/router/isis/processes/process[process-id=ISIS-1]/interfaces/interface[interface-name=GigabitEthernet0/0/0/0]/address-families/address-family[af-name=ipv4][saf-name=unicast]",
            "interface_name": "GigabitEthernet0/0/0/0",
            "link_group_level": null,
            "link_group_name": null,
            "metric_default": null,
            "metric_levels": null,
            "metric_maximum": null,
            "mpls_ldp_sync": null,
            "mpls_ldp_sync_level": null,
            "prefix_sid_absolute_explicit_null": null,
            "prefix_sid_absolute_id": null,
            "prefix_sid_absolute_n_flag_clear": null,
            "prefix_sid_absolute_php_disable": null,
            "prefix_sid_algorithms": null,
            "prefix_sid_index_explicit_null": null,
            "prefix_sid_index_id": null,
            "prefix_sid_index_n_flag_clear": null,
            "prefix_sid_index_php_disable": null,
            "prefix_sid_strict_spf_absolute_explicit_null": null,
            "prefix_sid_strict_spf_absolute_id": null,
            "prefix_sid_strict_spf_absolute_n_flag_clear": null,
            "prefix_sid_strict_spf_absolute_php_disable": null,
            "prefix_sid_strict_spf_index_explicit_null": null,
            "prefix_sid_strict_spf_index_id": null,
            "prefix_sid_strict_spf_index_n_flag_clear": null,
            "prefix_sid_strict_spf_index_php_disable": null,
            "process_id": "ISIS-1",
            "saf_name": "unicast",
            "tag": null,
            "tag_levels": null,
            "te_metric_flex_algo": null,
            "te_metric_flex_algo_levels": null,
            "weight": null,
            "weight_levels": null
          },
          "sensitive_attributes": [],
          "identity_schema_version": 0,
          "private": "eyJpbXBvcnRpbmciOiJNQT09In0=",
          "dependencies": [
            "module.iosxr.iosxr_as_path_set.as_path_set",
            "module.iosxr.iosxr_community_set.community_set",
            "module.iosxr.iosxr_esi_set.esi_set",
            "module.iosxr.iosxr_etag_set.etag_set",
            "module.iosxr.iosxr_extcommunity_bandwidth_set.extcommunity_bandwidth_set",
            "module.iosxr.iosxr_extcommunity_cost_set.extcommunity_cost_set",
            "module.iosxr.iosxr_extcommunity_evpn_link_bandwidth_set.extcommunity_evpn_link_bandwidth_set",
            "module.iosxr.iosxr_extcommunity_opaque_set.extcommunity_opaque_set",
            "module.iosxr.iosxr_extcommunity_rt_set.extcommunity_rt_set",
            "module.iosxr.iosxr_extcommunity_seg_nh_set.extcommunity_seg_nh_set",
            "module.iosxr.iosxr_extcommunity_soo_set.extcommunity_soo_set",
            "module.iosxr.iosxr_ipv4_prefix_list.ipv4_prefix_list",
            "module.iosxr.iosxr_ipv6_prefix_list.ipv6_prefix_list",
            "module.iosxr.iosxr_key_chain.key_chain",
            "module.iosxr.iosxr_large_community_set.large_community_set",
            "module.iosxr.iosxr_mac_set.mac_set",
            "module.iosxr.iosxr_ospf_area_set.ospf_area_set",
            "module.iosxr.iosxr_policy_global_set.policy_global_set",
            "module.iosxr.iosxr_prefix_set.prefix_set",
            "module.iosxr.iosxr_rd_set.rd_set",
            "module.iosxr.iosxr_route_policy.route_policy",
            "module.iosxr.iosxr_router_isis.router_isis",
            "module.iosxr.iosxr_router_isis_address_family.ipv4_multicast",
            "module.iosxr.iosxr_router_isis_address_family.ipv4_unicast",
            "module.iosxr.iosxr_router_isis_address_family.ipv6_multicast",
            "module.iosxr.iosxr_router_isis_address_family.ipv6_unicast",
            "module.iosxr.iosxr_router_isis_interface.router_isis_interface",
            "module.iosxr.iosxr_segment_routing.segment_routing",
            "module.iosxr.iosxr_segment_routing_v6.segment_routing_v6",
            "module.iosxr.iosxr_tag_set.tag_set",
            "module.iosxr.terraform_data.segment_routing_v6_replace"
          ]
        },
        {
          "index_key": "ic-node-4/ISIS-1/GigabitEthernet0/0/0/1/ipv4/unicast",
          "schema_version": 0,
          "attributes": {
            "adjacency_sid_absolutes": null,
            "adjacency_sid_indices": null,
            "advertise_prefix_route_policy": null,
            "advertise_prefix_route_policy_levels": null,
            "af_name": "ipv4",
            "auto_metric_proactive_protect_metric": null,
            "auto_metric_proactive_protect_metric_levels": null,
            "bandwidth_metric_flex_algo": null,
            "bandwidth_metric_flex_algo_levels": null,
            "delete_mode": null,
            "device": "ic-node-4",
            "fast_reroute_levels": null,
            "fast_reroute_per_link": null,
            "fast_reroute_per_link_exclude_interfaces": null,
            "fast_reroute_per_link_lfa_candidate_interfaces": null,
            "fast_reroute_per_prefix": null,
            "fast_reroute_per_prefix_exclude_interfaces": null,
            "fast_reroute_per_prefix_lfa_candidate_interfaces": null,
            "fast_reroute_per_prefix_remote_lfa_maximum_metric": null,
            "fast_reroute_per_prefix_remote_lfa_maximum_metric_levels": null,
            "fast_reroute_per_prefix_remote_lfa_tunnel_mpls_ldp": null,
            "fast_reroute_per_prefix_remote_lfa_tunnel_mpls_ldp_levels": null,
            "fast_reroute_per_prefix_ti_lfa": null,
            "fast_reroute_per_prefix_ti_lfa_levels": null,
            "fast_reroute_per_prefix_tiebreaker_default": null,
            "fast_reroute_per_prefix_tiebreaker_default_levels": null,
            "fast_reroute_per_prefix_tiebreaker_lc_disjoint_index": null,
            "fast_reroute_per_prefix_tiebreaker_lc_disjoint_levels": null,
            "fast_reroute_per_prefix_tiebreaker_node_protecting_index": null,
            "fast_reroute_per_prefix_tiebreaker_node_protecting_levels": null,
            "fast_reroute_per_prefix_tiebreaker_srlg_disjoint_index": null,
            "fast_reroute_per_prefix_tiebreaker_srlg_disjoint_levels": null,
            "generic_metric_flex_algo_levels": null,
            "generic_metric_flex_algos": null,
            "id": "Cisco-IOS-XR-um-router-isis-cfg:/router/isis/processes/process[process-id=ISIS-1]/interfaces/interface[interface-name=GigabitEthernet0/0/0/1]/address-families/address-family[af-name=ipv4][saf-name=unicast]",
            "interface_name": "GigabitEthernet0/0/0/1",
            "link_group_level": null,
            "link_group_name": null,
            "metric_default": null,
            "metric_levels": null,
            "metric_maximum": null,
            "mpls_ldp_sync": null,
            "mpls_ldp_sync_level": null,
            "prefix_sid_absolute_explicit_null": null,
            "prefix_sid_absolute_id": null,
            "prefix_sid_absolute_n_flag_clear": null,
            "prefix_sid_absolute_php_disable": null,
            "prefix_sid_algorithms": null,
            "prefix_sid_index_explicit_null": null,
            "prefix_sid_index_id": null,
            "prefix_sid_index_n_flag_clear": null,
            "prefix_sid_index_php_disable": null,
            "prefix_sid_strict_spf_absolute_explicit_null": null,
            "prefix_sid_strict_spf_absolute_id": null,
            "prefix_sid_strict_spf_absolute_n_flag_clear": null,
            "prefix_sid_strict_spf_absolute_php_disable": null,
            "prefix_sid_strict_spf_index_explicit_null": null,
            "prefix_sid_strict_spf_index_id": null,
            "prefix_sid_strict_spf_index_n_flag_clear": null,
            "prefix_sid_strict_spf_index_php_disable": null,
            "process_id": "ISIS-1",
            "saf_name": "unicast",
            "tag": null,
            "tag_levels": null,
            "te_metric_flex_algo": null,
            "te_metric_flex_algo_levels": null,
            "weight": null,
            "weight_levels": null
          },
          "sensitive_attributes": [],
          "identity_schema_version": 0,
          "private": "eyJpbXBvcnRpbmciOiJNQT09In0=",
          "dependencies": [
            "module.iosxr.iosxr_as_path_set.as_path_set",
            "module.iosxr.iosxr_community_set.community_set",
            "module.iosxr.iosxr_esi_set.esi_set",
            "module.iosxr.iosxr_etag_set.etag_set",
            "module.iosxr.iosxr_extcommunity_bandwidth_set.extcommunity_bandwidth_set",
            "module.iosxr.iosxr_extcommunity_cost_set.extcommunity_cost_set",
            "module.iosxr.iosxr_extcommunity_evpn_link_bandwidth_set.extcommunity_evpn_link_bandwidth_set",
            "module.iosxr.iosxr_extcommunity_opaque_set.extcommunity_opaque_set",
            "module.iosxr.iosxr_extcommunity_rt_set.extcommunity_rt_set",
            "module.iosxr.iosxr_extcommunity_seg_nh_set.extcommunity_seg_nh_set",
            "module.iosxr.iosxr_extcommunity_soo_set.extcommunity_soo_set",
            "module.iosxr.iosxr_ipv4_prefix_list.ipv4_prefix_list",
            "module.iosxr.iosxr_ipv6_prefix_list.ipv6_prefix_list",
            "module.iosxr.iosxr_key_chain.key_chain",
            "module.iosxr.iosxr_large_community_set.large_community_set",
            "module.iosxr.iosxr_mac_set.mac_set",
            "module.iosxr.iosxr_ospf_area_set.ospf_area_set",
            "module.iosxr.iosxr_policy_global_set.policy_global_set",
            "module.iosxr.iosxr_prefix_set.prefix_set",
            "module.iosxr.iosxr_rd_set.rd_set",
            "module.iosxr.iosxr_route_policy.route_policy",
            "module.iosxr.iosxr_router_isis.router_isis",
            "module.iosxr.iosxr_router_isis_address_family.ipv4_multicast",
            "module.iosxr.iosxr_router_isis_address_family.ipv4_unicast",
            "module.iosxr.iosxr_router_isis_address_family.ipv6_multicast",
            "module.iosxr.iosxr_router_isis_address_family.ipv6_unicast",
            "module.iosxr.iosxr_router_isis_interface.router_isis_interface",
            "module.iosxr.iosxr_segment_routing.segment_routing",
            "module.iosxr.iosxr_segment_routing_v6.segment_routing_v6",
            "module.iosxr.iosxr_tag_set.tag_set",
            "module.iosxr.terraform_data.segment_routing_v6_replace"
          ]
        },
        {
          "index_key": "ic-node-4/ISIS-1/Loopback0/ipv4/unicast",
          "schema_version": 0,
          "attributes": {
            "adjacency_sid_absolutes": null,
            "adjacency_sid_indices": null,
            "advertise_prefix_route_policy": null,
            "advertise_prefix_route_policy_levels": null,
            "af_name": "ipv4",
            "auto_metric_proactive_protect_metric": null,
            "auto_metric_proactive_protect_metric_levels": null,
            "bandwidth_metric_flex_algo": null,
            "bandwidth_metric_flex_algo_levels": null,
            "delete_mode": null,
            "device": "ic-node-4",
            "fast_reroute_levels": null,
            "fast_reroute_per_link": null,
            "fast_reroute_per_link_exclude_interfaces": null,
            "fast_reroute_per_link_lfa_candidate_interfaces": null,
            "fast_reroute_per_prefix": null,
            "fast_reroute_per_prefix_exclude_interfaces": null,
            "fast_reroute_per_prefix_lfa_candidate_interfaces": null,
            "fast_reroute_per_prefix_remote_lfa_maximum_metric": null,
            "fast_reroute_per_prefix_remote_lfa_maximum_metric_levels": null,
            "fast_reroute_per_prefix_remote_lfa_tunnel_mpls_ldp": null,
            "fast_reroute_per_prefix_remote_lfa_tunnel_mpls_ldp_levels": null,
            "fast_reroute_per_prefix_ti_lfa": null,
            "fast_reroute_per_prefix_ti_lfa_levels": null,
            "fast_reroute_per_prefix_tiebreaker_default": null,
            "fast_reroute_per_prefix_tiebreaker_default_levels": null,
            "fast_reroute_per_prefix_tiebreaker_lc_disjoint_index": null,
            "fast_reroute_per_prefix_tiebreaker_lc_disjoint_levels": null,
            "fast_reroute_per_prefix_tiebreaker_node_protecting_index": null,
            "fast_reroute_per_prefix_tiebreaker_node_protecting_levels": null,
            "fast_reroute_per_prefix_tiebreaker_srlg_disjoint_index": null,
            "fast_reroute_per_prefix_tiebreaker_srlg_disjoint_levels": null,
            "generic_metric_flex_algo_levels": null,
            "generic_metric_flex_algos": null,
            "id": "Cisco-IOS-XR-um-router-isis-cfg:/router/isis/processes/process[process-id=ISIS-1]/interfaces/interface[interface-name=Loopback0]/address-families/address-family[af-name=ipv4][saf-name=unicast]",
            "interface_name": "Loopback0",
            "link_group_level": null,
            "link_group_name": null,
            "metric_default": null,
            "metric_levels": null,
            "metric_maximum": null,
            "mpls_ldp_sync": null,
            "mpls_ldp_sync_level": null,
            "prefix_sid_absolute_explicit_null": null,
            "prefix_sid_absolute_id": null,
            "prefix_sid_absolute_n_flag_clear": null,
            "prefix_sid_absolute_php_disable": null,
            "prefix_sid_algorithms": null,
            "prefix_sid_index_explicit_null": null,
            "prefix_sid_index_id": null,
            "prefix_sid_index_n_flag_clear": null,
            "prefix_sid_index_php_disable": null,
            "prefix_sid_strict_spf_absolute_explicit_null": null,
            "prefix_sid_strict_spf_absolute_id": null,
            "prefix_sid_strict_spf_absolute_n_flag_clear": null,
            "prefix_sid_strict_spf_absolute_php_disable": null,
            "prefix_sid_strict_spf_index_explicit_null": null,
            "prefix_sid_strict_spf_index_id": null,
            "prefix_sid_strict_spf_index_n_flag_clear": null,
            "prefix_sid_strict_spf_index_php_disable": null,
            "process_id": "ISIS-1",
            "saf_name": "unicast",
            "tag": null,
            "tag_levels": null,
            "te_metric_flex_algo": null,
            "te_metric_flex_algo_levels": null,
            "weight": null,
            "weight_levels": null
          },
          "sensitive_attributes": [],
          "identity_schema_version": 0,
          "private": "eyJpbXBvcnRpbmciOiJNQT09In0=",
          "dependencies": [
            "module.iosxr.iosxr_as_path_set.as_path_set",
            "module.iosxr.iosxr_community_set.community_set",
            "module.iosxr.iosxr_esi_set.esi_set",
            "module.iosxr.iosxr_etag_set.etag_set",
            "module.iosxr.iosxr_extcommunity_bandwidth_set.extcommunity_bandwidth_set",
            "module.iosxr.iosxr_extcommunity_cost_set.extcommunity_cost_set",
            "module.iosxr.iosxr_extcommunity_evpn_link_bandwidth_set.extcommunity_evpn_link_bandwidth_set",
            "module.iosxr.iosxr_extcommunity_opaque_set.extcommunity_opaque_set",
            "module.iosxr.iosxr_extcommunity_rt_set.extcommunity_rt_set",
            "module.iosxr.iosxr_extcommunity_seg_nh_set.extcommunity_seg_nh_set",
            "module.iosxr.iosxr_extcommunity_soo_set.extcommunity_soo_set",
            "module.iosxr.iosxr_ipv4_prefix_list.ipv4_prefix_list",
            "module.iosxr.iosxr_ipv6_prefix_list.ipv6_prefix_list",
            "module.iosxr.iosxr_key_chain.key_chain",
            "module.iosxr.iosxr_large_community_set.large_community_set",
            "module.iosxr.iosxr_mac_set.mac_set",
            "module.iosxr.iosxr_ospf_area_set.ospf_area_set",
            "module.iosxr.iosxr_policy_global_set.policy_global_set",
            "module.iosxr.iosxr_prefix_set.prefix_set",
            "module.iosxr.iosxr_rd_set.rd_set",
            "module.iosxr.iosxr_route_policy.route_policy",
            "module.iosxr.iosxr_router_isis.router_isis",
            "module.iosxr.iosxr_router_isis_address_family.ipv4_multicast",
            "module.iosxr.iosxr_router_isis_address_family.ipv4_unicast",
            "module.iosxr.iosxr_router_isis_address_family.ipv6_multicast",
            "module.iosxr.iosxr_router_isis_address_family.ipv6_unicast",
            "module.iosxr.iosxr_router_isis_interface.router_isis_interface",
            "module.iosxr.iosxr_segment_routing.segment_routing",
            "module.iosxr.iosxr_segment_routing_v6.segment_routing_v6",
            "module.iosxr.iosxr_tag_set.tag_set",
            "module.iosxr.terraform_data.segment_routing_v6_replace"
          ]
        }
      ]
    },
    {
      "module": "module.iosxr",
      "mode": "managed",
      "type": "iosxr_vrf",
      "name": "vrf",
      "provider": "module.iosxr.provider[\"registry.terraform.io/ciscodevnet/iosxr\"]",
      "instances": [
        {
          "index_key": "ic-node-3/10",
          "schema_version": 0,
          "attributes": {
            "delete_mode": null,
            "description": "Customer A VRF",
            "device": "ic-node-3",
            "evpn_route_sync": null,
            "fallback_vrf": null,
            "id": "Cisco-IOS-XR-um-vrf-cfg:/vrfs/vrf[vrf-name=10]",
            "ipv4_flowspec": null,
            "ipv4_multicast": null,
            "ipv4_multicast_export_route_policy": null,
            "ipv4_multicast_export_route_target_four_byte_as_format": null,
            "ipv4_multicast_export_route_target_ip_address_format": null,
            "ipv4_multicast_export_route_target_two_byte_as_format": null,
            "ipv4_multicast_export_to_default_vrf_allow_imported_vpn": null,
            "ipv4_multicast_export_to_default_vrf_route_policy": null,
            "ipv4_multicast_export_to_vrf_allow_backup": null,
            "ipv4_multicast_export_to_vrf_allow_best_external": null,
            "ipv4_multicast_export_to_vrf_allow_imported_vpn": null,
            "ipv4_multicast_import_from_bridge_domain_advertise_as_vpn": null,
            "ipv4_multicast_import_from_default_vrf_advertise_as_vpn": null,
            "ipv4_multicast_import_from_default_vrf_route_policy": null,
            "ipv4_multicast_import_from_vrf_advertise_as_vpn": null,
            "ipv4_multicast_import_from_vrf_allow_backup": null,
            "ipv4_multicast_import_from_vrf_allow_best_external": null,
            "ipv4_multicast_import_route_policy": null,
            "ipv4_multicast_import_route_target_four_byte_as_format": null,
            "ipv4_multicast_import_route_target_ip_address_format": null,
            "ipv4_multicast_import_route_target_two_byte_as_format": null,
            "ipv4_multicast_max_prefix_limit": null,
            "ipv4_multicast_max_prefix_threshold": null,
            "ipv4_unicast": true,
            "ipv4_unicast_export_route_policy": null,
            "ipv4_unicast_export_route_target_four_byte_as_format": null,
            "ipv4_unicast_export_route_target_ip_address_format": null,
            "ipv4_unicast_export_route_target_two_byte_as_format": [
              {
                "asn2_index": 10,
                "stitching": "disable",
                "two_byte_as_number": 65000
              }
            ],
            "ipv4_unicast_export_to_default_vrf_allow_imported_vpn": null,
            "ipv4_unicast_export_to_default_vrf_route_policy": null,
            "ipv4_unicast_export_to_vrf_allow_backup": null,
            "ipv4_unicast_export_to_vrf_allow_best_external": null,
            "ipv4_unicast_export_to_vrf_allow_imported_vpn": null,
            "ipv4_unicast_import_from_bridge_domain_advertise_as_vpn": null,
            "ipv4_unicast_import_from_default_vrf_advertise_as_vpn": null,
            "ipv4_unicast_import_from_default_vrf_route_policy": null,
            "ipv4_unicast_import_from_vrf_advertise_as_vpn": null,
            "ipv4_unicast_import_from_vrf_allow_backup": null,
            "ipv4_unicast_import_from_vrf_allow_best_external": null,
            "ipv4_unicast_import_route_policy": null,
            "ipv4_unicast_import_route_target_four_byte_as_format": null,
            "ipv4_unicast_import_route_target_ip_address_format": null,
            "ipv4_unicast_import_route_target_two_byte_as_format": [
              {
                "asn2_index": 10,
                "stitching": "disable",
                "two_byte_as_number": 65000
              }
            ],
            "ipv4_unicast_max_prefix_limit": null,
            "ipv4_unicast_max_prefix_threshold": null,
            "ipv6_flowspec": null,
            "ipv6_multicast": null,
            "ipv6_multicast_export_route_policy": null,
            "ipv6_multicast_export_route_target_four_byte_as_format": null,
            "ipv6_multicast_export_route_target_ip_address_format": null,
            "ipv6_multicast_export_route_target_two_byte_as_format": null,
            "ipv6_multicast_export_to_default_vrf_allow_imported_vpn": null,
            "ipv6_multicast_export_to_default_vrf_route_policy": null,
            "ipv6_multicast_export_to_vrf_allow_backup": null,
            "ipv6_multicast_export_to_vrf_allow_best_external": null,
            "ipv6_multicast_export_to_vrf_allow_imported_vpn": null,
            "ipv6_multicast_import_from_bridge_domain_advertise_as_vpn": null,
            "ipv6_multicast_import_from_default_vrf_advertise_as_vpn": null,
            "ipv6_multicast_import_from_default_vrf_route_policy": null,
            "ipv6_multicast_import_from_vrf_advertise_as_vpn": null,
            "ipv6_multicast_import_from_vrf_allow_backup": null,
            "ipv6_multicast_import_from_vrf_allow_best_external": null,
            "ipv6_multicast_import_route_policy": null,
            "ipv6_multicast_import_route_target_four_byte_as_format": null,
            "ipv6_multicast_import_route_target_ip_address_format": null,
            "ipv6_multicast_import_route_target_two_byte_as_format": null,
            "ipv6_multicast_max_prefix_limit": null,
            "ipv6_multicast_max_prefix_threshold": null,
            "ipv6_unicast": null,
            "ipv6_unicast_export_route_policy": null,
            "ipv6_unicast_export_route_target_four_byte_as_format": null,
            "ipv6_unicast_export_route_target_ip_address_format": null,
            "ipv6_unicast_export_route_target_two_byte_as_format": null,
            "ipv6_unicast_export_to_default_vrf_allow_imported_vpn": null,
            "ipv6_unicast_export_to_default_vrf_route_policy": null,
            "ipv6_unicast_export_to_vrf_allow_backup": null,
            "ipv6_unicast_export_to_vrf_allow_best_external": null,
            "ipv6_unicast_export_to_vrf_allow_imported_vpn": null,
            "ipv6_unicast_import_from_bridge_domain_advertise_as_vpn": null,
            "ipv6_unicast_import_from_default_vrf_advertise_as_vpn": null,
            "ipv6_unicast_import_from_default_vrf_route_policy": null,
            "ipv6_unicast_import_from_vrf_advertise_as_vpn": null,
            "ipv6_unicast_import_from_vrf_allow_backup": null,
            "ipv6_unicast_import_from_vrf_allow_best_external": null,
            "ipv6_unicast_import_route_policy": null,
            "ipv6_unicast_import_route_target_four_byte_as_format": null,
            "ipv6_unicast_import_route_target_ip_address_format": null,
            "ipv6_unicast_import_route_target_two_byte_as_format": null,
            "ipv6_unicast_max_prefix_limit": null,
            "ipv6_unicast_max_prefix_threshold": null,
            "rd_four_byte_as_index": null,
            "rd_four_byte_as_number": null,
            "rd_ipv4_address": null,
            "rd_ipv4_address_index": null,
            "rd_two_byte_as_index": 10,
            "rd_two_byte_as_number": "65000",
            "remote_route_filtering_disable": null,
            "vpn_id": null,
            "vrf_name": "10"
          },
          "sensitive_attributes": [],
          "identity_schema_version": 0,
          "private": "eyJpbXBvcnRpbmciOiJNQT09In0=",
          "dependencies": [
            "module.iosxr.iosxr_as_path_set.as_path_set",
            "module.iosxr.iosxr_community_set.community_set",
            "module.iosxr.iosxr_esi_set.esi_set",
            "module.iosxr.iosxr_etag_set.etag_set",
            "module.iosxr.iosxr_extcommunity_bandwidth_set.extcommunity_bandwidth_set",
            "module.iosxr.iosxr_extcommunity_cost_set.extcommunity_cost_set",
            "module.iosxr.iosxr_extcommunity_evpn_link_bandwidth_set.extcommunity_evpn_link_bandwidth_set",
            "module.iosxr.iosxr_extcommunity_opaque_set.extcommunity_opaque_set",
            "module.iosxr.iosxr_extcommunity_rt_set.extcommunity_rt_set",
            "module.iosxr.iosxr_extcommunity_seg_nh_set.extcommunity_seg_nh_set",
            "module.iosxr.iosxr_extcommunity_soo_set.extcommunity_soo_set",
            "module.iosxr.iosxr_ipv4_prefix_list.ipv4_prefix_list",
            "module.iosxr.iosxr_ipv6_prefix_list.ipv6_prefix_list",
            "module.iosxr.iosxr_key_chain.key_chain",
            "module.iosxr.iosxr_large_community_set.large_community_set",
            "module.iosxr.iosxr_mac_set.mac_set",
            "module.iosxr.iosxr_ospf_area_set.ospf_area_set",
            "module.iosxr.iosxr_policy_global_set.policy_global_set",
            "module.iosxr.iosxr_prefix_set.prefix_set",
            "module.iosxr.iosxr_rd_set.rd_set",
            "module.iosxr.iosxr_route_policy.route_policy",
            "module.iosxr.iosxr_tag_set.tag_set"
          ]
        },
        {
          "index_key": "ic-node-3/20",
          "schema_version": 0,
          "attributes": {
            "delete_mode": null,
            "description": "Customer B VRF",
            "device": "ic-node-3",
            "evpn_route_sync": null,
            "fallback_vrf": null,
            "id": "Cisco-IOS-XR-um-vrf-cfg:/vrfs/vrf[vrf-name=20]",
            "ipv4_flowspec": null,
            "ipv4_multicast": null,
            "ipv4_multicast_export_route_policy": null,
            "ipv4_multicast_export_route_target_four_byte_as_format": null,
            "ipv4_multicast_export_route_target_ip_address_format": null,
            "ipv4_multicast_export_route_target_two_byte_as_format": null,
            "ipv4_multicast_export_to_default_vrf_allow_imported_vpn": null,
            "ipv4_multicast_export_to_default_vrf_route_policy": null,
            "ipv4_multicast_export_to_vrf_allow_backup": null,
            "ipv4_multicast_export_to_vrf_allow_best_external": null,
            "ipv4_multicast_export_to_vrf_allow_imported_vpn": null,
            "ipv4_multicast_import_from_bridge_domain_advertise_as_vpn": null,
            "ipv4_multicast_import_from_default_vrf_advertise_as_vpn": null,
            "ipv4_multicast_import_from_default_vrf_route_policy": null,
            "ipv4_multicast_import_from_vrf_advertise_as_vpn": null,
            "ipv4_multicast_import_from_vrf_allow_backup": null,
            "ipv4_multicast_import_from_vrf_allow_best_external": null,
            "ipv4_multicast_import_route_policy": null,
            "ipv4_multicast_import_route_target_four_byte_as_format": null,
            "ipv4_multicast_import_route_target_ip_address_format": null,
            "ipv4_multicast_import_route_target_two_byte_as_format": null,
            "ipv4_multicast_max_prefix_limit": null,
            "ipv4_multicast_max_prefix_threshold": null,
            "ipv4_unicast": true,
            "ipv4_unicast_export_route_policy": null,
            "ipv4_unicast_export_route_target_four_byte_as_format": null,
            "ipv4_unicast_export_route_target_ip_address_format": null,
            "ipv4_unicast_export_route_target_two_byte_as_format": [
              {
                "asn2_index": 20,
                "stitching": "disable",
                "two_byte_as_number": 65000
              }
            ],
            "ipv4_unicast_export_to_default_vrf_allow_imported_vpn": null,
            "ipv4_unicast_export_to_default_vrf_route_policy": null,
            "ipv4_unicast_export_to_vrf_allow_backup": null,
            "ipv4_unicast_export_to_vrf_allow_best_external": null,
            "ipv4_unicast_export_to_vrf_allow_imported_vpn": null,
            "ipv4_unicast_import_from_bridge_domain_advertise_as_vpn": null,
            "ipv4_unicast_import_from_default_vrf_advertise_as_vpn": null,
            "ipv4_unicast_import_from_default_vrf_route_policy": null,
            "ipv4_unicast_import_from_vrf_advertise_as_vpn": null,
            "ipv4_unicast_import_from_vrf_allow_backup": null,
            "ipv4_unicast_import_from_vrf_allow_best_external": null,
            "ipv4_unicast_import_route_policy": null,
            "ipv4_unicast_import_route_target_four_byte_as_format": null,
            "ipv4_unicast_import_route_target_ip_address_format": null,
            "ipv4_unicast_import_route_target_two_byte_as_format": [
              {
                "asn2_index": 20,
                "stitching": "disable",
                "two_byte_as_number": 65000
              }
            ],
            "ipv4_unicast_max_prefix_limit": null,
            "ipv4_unicast_max_prefix_threshold": null,
            "ipv6_flowspec": null,
            "ipv6_multicast": null,
            "ipv6_multicast_export_route_policy": null,
            "ipv6_multicast_export_route_target_four_byte_as_format": null,
            "ipv6_multicast_export_route_target_ip_address_format": null,
            "ipv6_multicast_export_route_target_two_byte_as_format": null,
            "ipv6_multicast_export_to_default_vrf_allow_imported_vpn": null,
            "ipv6_multicast_export_to_default_vrf_route_policy": null,
            "ipv6_multicast_export_to_vrf_allow_backup": null,
            "ipv6_multicast_export_to_vrf_allow_best_external": null,
            "ipv6_multicast_export_to_vrf_allow_imported_vpn": null,
            "ipv6_multicast_import_from_bridge_domain_advertise_as_vpn": null,
            "ipv6_multicast_import_from_default_vrf_advertise_as_vpn": null,
            "ipv6_multicast_import_from_default_vrf_route_policy": null,
            "ipv6_multicast_import_from_vrf_advertise_as_vpn": null,
            "ipv6_multicast_import_from_vrf_allow_backup": null,
            "ipv6_multicast_import_from_vrf_allow_best_external": null,
            "ipv6_multicast_import_route_policy": null,
            "ipv6_multicast_import_route_target_four_byte_as_format": null,
            "ipv6_multicast_import_route_target_ip_address_format": null,
            "ipv6_multicast_import_route_target_two_byte_as_format": null,
            "ipv6_multicast_max_prefix_limit": null,
            "ipv6_multicast_max_prefix_threshold": null,
            "ipv6_unicast": null,
            "ipv6_unicast_export_route_policy": null,
            "ipv6_unicast_export_route_target_four_byte_as_format": null,
            "ipv6_unicast_export_route_target_ip_address_format": null,
            "ipv6_unicast_export_route_target_two_byte_as_format": null,
            "ipv6_unicast_export_to_default_vrf_allow_imported_vpn": null,
            "ipv6_unicast_export_to_default_vrf_route_policy": null,
            "ipv6_unicast_export_to_vrf_allow_backup": null,
            "ipv6_unicast_export_to_vrf_allow_best_external": null,
            "ipv6_unicast_export_to_vrf_allow_imported_vpn": null,
            "ipv6_unicast_import_from_bridge_domain_advertise_as_vpn": null,
            "ipv6_unicast_import_from_default_vrf_advertise_as_vpn": null,
            "ipv6_unicast_import_from_default_vrf_route_policy": null,
            "ipv6_unicast_import_from_vrf_advertise_as_vpn": null,
            "ipv6_unicast_import_from_vrf_allow_backup": null,
            "ipv6_unicast_import_from_vrf_allow_best_external": null,
            "ipv6_unicast_import_route_policy": null,
            "ipv6_unicast_import_route_target_four_byte_as_format": null,
            "ipv6_unicast_import_route_target_ip_address_format": null,
            "ipv6_unicast_import_route_target_two_byte_as_format": null,
            "ipv6_unicast_max_prefix_limit": null,
            "ipv6_unicast_max_prefix_threshold": null,
            "rd_four_byte_as_index": null,
            "rd_four_byte_as_number": null,
            "rd_ipv4_address": null,
            "rd_ipv4_address_index": null,
            "rd_two_byte_as_index": 20,
            "rd_two_byte_as_number": "65000",
            "remote_route_filtering_disable": null,
            "vpn_id": null,
            "vrf_name": "20"
          },
          "sensitive_attributes": [],
          "identity_schema_version": 0,
          "private": "eyJpbXBvcnRpbmciOiJNQT09In0=",
          "dependencies": [
            "module.iosxr.iosxr_as_path_set.as_path_set",
            "module.iosxr.iosxr_community_set.community_set",
            "module.iosxr.iosxr_esi_set.esi_set",
            "module.iosxr.iosxr_etag_set.etag_set",
            "module.iosxr.iosxr_extcommunity_bandwidth_set.extcommunity_bandwidth_set",
            "module.iosxr.iosxr_extcommunity_cost_set.extcommunity_cost_set",
            "module.iosxr.iosxr_extcommunity_evpn_link_bandwidth_set.extcommunity_evpn_link_bandwidth_set",
            "module.iosxr.iosxr_extcommunity_opaque_set.extcommunity_opaque_set",
            "module.iosxr.iosxr_extcommunity_rt_set.extcommunity_rt_set",
            "module.iosxr.iosxr_extcommunity_seg_nh_set.extcommunity_seg_nh_set",
            "module.iosxr.iosxr_extcommunity_soo_set.extcommunity_soo_set",
            "module.iosxr.iosxr_ipv4_prefix_list.ipv4_prefix_list",
            "module.iosxr.iosxr_ipv6_prefix_list.ipv6_prefix_list",
            "module.iosxr.iosxr_key_chain.key_chain",
            "module.iosxr.iosxr_large_community_set.large_community_set",
            "module.iosxr.iosxr_mac_set.mac_set",
            "module.iosxr.iosxr_ospf_area_set.ospf_area_set",
            "module.iosxr.iosxr_policy_global_set.policy_global_set",
            "module.iosxr.iosxr_prefix_set.prefix_set",
            "module.iosxr.iosxr_rd_set.rd_set",
            "module.iosxr.iosxr_route_policy.route_policy",
            "module.iosxr.iosxr_tag_set.tag_set"
          ]
        },
        {
          "index_key": "ic-node-3/30",
          "schema_version": 0,
          "attributes": {
            "delete_mode": null,
            "description": "Customer C VRF",
            "device": "ic-node-3",
            "evpn_route_sync": null,
            "fallback_vrf": null,
            "id": "Cisco-IOS-XR-um-vrf-cfg:/vrfs/vrf[vrf-name=30]",
            "ipv4_flowspec": null,
            "ipv4_multicast": null,
            "ipv4_multicast_export_route_policy": null,
            "ipv4_multicast_export_route_target_four_byte_as_format": null,
            "ipv4_multicast_export_route_target_ip_address_format": null,
            "ipv4_multicast_export_route_target_two_byte_as_format": null,
            "ipv4_multicast_export_to_default_vrf_allow_imported_vpn": null,
            "ipv4_multicast_export_to_default_vrf_route_policy": null,
            "ipv4_multicast_export_to_vrf_allow_backup": null,
            "ipv4_multicast_export_to_vrf_allow_best_external": null,
            "ipv4_multicast_export_to_vrf_allow_imported_vpn": null,
            "ipv4_multicast_import_from_bridge_domain_advertise_as_vpn": null,
            "ipv4_multicast_import_from_default_vrf_advertise_as_vpn": null,
            "ipv4_multicast_import_from_default_vrf_route_policy": null,
            "ipv4_multicast_import_from_vrf_advertise_as_vpn": null,
            "ipv4_multicast_import_from_vrf_allow_backup": null,
            "ipv4_multicast_import_from_vrf_allow_best_external": null,
            "ipv4_multicast_import_route_policy": null,
            "ipv4_multicast_import_route_target_four_byte_as_format": null,
            "ipv4_multicast_import_route_target_ip_address_format": null,
            "ipv4_multicast_import_route_target_two_byte_as_format": null,
            "ipv4_multicast_max_prefix_limit": null,
            "ipv4_multicast_max_prefix_threshold": null,
            "ipv4_unicast": true,
            "ipv4_unicast_export_route_policy": null,
            "ipv4_unicast_export_route_target_four_byte_as_format": null,
            "ipv4_unicast_export_route_target_ip_address_format": null,
            "ipv4_unicast_export_route_target_two_byte_as_format": [
              {
                "asn2_index": 30,
                "stitching": "disable",
                "two_byte_as_number": 65000
              }
            ],
            "ipv4_unicast_export_to_default_vrf_allow_imported_vpn": null,
            "ipv4_unicast_export_to_default_vrf_route_policy": null,
            "ipv4_unicast_export_to_vrf_allow_backup": null,
            "ipv4_unicast_export_to_vrf_allow_best_external": null,
            "ipv4_unicast_export_to_vrf_allow_imported_vpn": null,
            "ipv4_unicast_import_from_bridge_domain_advertise_as_vpn": null,
            "ipv4_unicast_import_from_default_vrf_advertise_as_vpn": null,
            "ipv4_unicast_import_from_default_vrf_route_policy": null,
            "ipv4_unicast_import_from_vrf_advertise_as_vpn": null,
            "ipv4_unicast_import_from_vrf_allow_backup": null,
            "ipv4_unicast_import_from_vrf_allow_best_external": null,
            "ipv4_unicast_import_route_policy": null,
            "ipv4_unicast_import_route_target_four_byte_as_format": null,
            "ipv4_unicast_import_route_target_ip_address_format": null,
            "ipv4_unicast_import_route_target_two_byte_as_format": [
              {
                "asn2_index": 30,
                "stitching": "disable",
                "two_byte_as_number": 65000
              }
            ],
            "ipv4_unicast_max_prefix_limit": null,
            "ipv4_unicast_max_prefix_threshold": null,
            "ipv6_flowspec": null,
            "ipv6_multicast": null,
            "ipv6_multicast_export_route_policy": null,
            "ipv6_multicast_export_route_target_four_byte_as_format": null,
            "ipv6_multicast_export_route_target_ip_address_format": null,
            "ipv6_multicast_export_route_target_two_byte_as_format": null,
            "ipv6_multicast_export_to_default_vrf_allow_imported_vpn": null,
            "ipv6_multicast_export_to_default_vrf_route_policy": null,
            "ipv6_multicast_export_to_vrf_allow_backup": null,
            "ipv6_multicast_export_to_vrf_allow_best_external": null,
            "ipv6_multicast_export_to_vrf_allow_imported_vpn": null,
            "ipv6_multicast_import_from_bridge_domain_advertise_as_vpn": null,
            "ipv6_multicast_import_from_default_vrf_advertise_as_vpn": null,
            "ipv6_multicast_import_from_default_vrf_route_policy": null,
            "ipv6_multicast_import_from_vrf_advertise_as_vpn": null,
            "ipv6_multicast_import_from_vrf_allow_backup": null,
            "ipv6_multicast_import_from_vrf_allow_best_external": null,
            "ipv6_multicast_import_route_policy": null,
            "ipv6_multicast_import_route_target_four_byte_as_format": null,
            "ipv6_multicast_import_route_target_ip_address_format": null,
            "ipv6_multicast_import_route_target_two_byte_as_format": null,
            "ipv6_multicast_max_prefix_limit": null,
            "ipv6_multicast_max_prefix_threshold": null,
            "ipv6_unicast": null,
            "ipv6_unicast_export_route_policy": null,
            "ipv6_unicast_export_route_target_four_byte_as_format": null,
            "ipv6_unicast_export_route_target_ip_address_format": null,
            "ipv6_unicast_export_route_target_two_byte_as_format": null,
            "ipv6_unicast_export_to_default_vrf_allow_imported_vpn": null,
            "ipv6_unicast_export_to_default_vrf_route_policy": null,
            "ipv6_unicast_export_to_vrf_allow_backup": null,
            "ipv6_unicast_export_to_vrf_allow_best_external": null,
            "ipv6_unicast_export_to_vrf_allow_imported_vpn": null,
            "ipv6_unicast_import_from_bridge_domain_advertise_as_vpn": null,
            "ipv6_unicast_import_from_default_vrf_advertise_as_vpn": null,
            "ipv6_unicast_import_from_default_vrf_route_policy": null,
            "ipv6_unicast_import_from_vrf_advertise_as_vpn": null,
            "ipv6_unicast_import_from_vrf_allow_backup": null,
            "ipv6_unicast_import_from_vrf_allow_best_external": null,
            "ipv6_unicast_import_route_policy": null,
            "ipv6_unicast_import_route_target_four_byte_as_format": null,
            "ipv6_unicast_import_route_target_ip_address_format": null,
            "ipv6_unicast_import_route_target_two_byte_as_format": null,
            "ipv6_unicast_max_prefix_limit": null,
            "ipv6_unicast_max_prefix_threshold": null,
            "rd_four_byte_as_index": null,
            "rd_four_byte_as_number": null,
            "rd_ipv4_address": null,
            "rd_ipv4_address_index": null,
            "rd_two_byte_as_index": 30,
            "rd_two_byte_as_number": "65000",
            "remote_route_filtering_disable": null,
            "vpn_id": null,
            "vrf_name": "30"
          },
          "sensitive_attributes": [],
          "identity_schema_version": 0,
          "private": "eyJpbXBvcnRpbmciOiJNQT09In0=",
          "dependencies": [
            "module.iosxr.iosxr_as_path_set.as_path_set",
            "module.iosxr.iosxr_community_set.community_set",
            "module.iosxr.iosxr_esi_set.esi_set",
            "module.iosxr.iosxr_etag_set.etag_set",
            "module.iosxr.iosxr_extcommunity_bandwidth_set.extcommunity_bandwidth_set",
            "module.iosxr.iosxr_extcommunity_cost_set.extcommunity_cost_set",
            "module.iosxr.iosxr_extcommunity_evpn_link_bandwidth_set.extcommunity_evpn_link_bandwidth_set",
            "module.iosxr.iosxr_extcommunity_opaque_set.extcommunity_opaque_set",
            "module.iosxr.iosxr_extcommunity_rt_set.extcommunity_rt_set",
            "module.iosxr.iosxr_extcommunity_seg_nh_set.extcommunity_seg_nh_set",
            "module.iosxr.iosxr_extcommunity_soo_set.extcommunity_soo_set",
            "module.iosxr.iosxr_ipv4_prefix_list.ipv4_prefix_list",
            "module.iosxr.iosxr_ipv6_prefix_list.ipv6_prefix_list",
            "module.iosxr.iosxr_key_chain.key_chain",
            "module.iosxr.iosxr_large_community_set.large_community_set",
            "module.iosxr.iosxr_mac_set.mac_set",
            "module.iosxr.iosxr_ospf_area_set.ospf_area_set",
            "module.iosxr.iosxr_policy_global_set.policy_global_set",
            "module.iosxr.iosxr_prefix_set.prefix_set",
            "module.iosxr.iosxr_rd_set.rd_set",
            "module.iosxr.iosxr_route_policy.route_policy",
            "module.iosxr.iosxr_tag_set.tag_set"
          ]
        },
        {
          "index_key": "ic-node-3/40",
          "schema_version": 0,
          "attributes": {
            "delete_mode": null,
            "description": "Customer D VRF",
            "device": "ic-node-3",
            "evpn_route_sync": null,
            "fallback_vrf": null,
            "id": "Cisco-IOS-XR-um-vrf-cfg:/vrfs/vrf[vrf-name=40]",
            "ipv4_flowspec": null,
            "ipv4_multicast": null,
            "ipv4_multicast_export_route_policy": null,
            "ipv4_multicast_export_route_target_four_byte_as_format": null,
            "ipv4_multicast_export_route_target_ip_address_format": null,
            "ipv4_multicast_export_route_target_two_byte_as_format": null,
            "ipv4_multicast_export_to_default_vrf_allow_imported_vpn": null,
            "ipv4_multicast_export_to_default_vrf_route_policy": null,
            "ipv4_multicast_export_to_vrf_allow_backup": null,
            "ipv4_multicast_export_to_vrf_allow_best_external": null,
            "ipv4_multicast_export_to_vrf_allow_imported_vpn": null,
            "ipv4_multicast_import_from_bridge_domain_advertise_as_vpn": null,
            "ipv4_multicast_import_from_default_vrf_advertise_as_vpn": null,
            "ipv4_multicast_import_from_default_vrf_route_policy": null,
            "ipv4_multicast_import_from_vrf_advertise_as_vpn": null,
            "ipv4_multicast_import_from_vrf_allow_backup": null,
            "ipv4_multicast_import_from_vrf_allow_best_external": null,
            "ipv4_multicast_import_route_policy": null,
            "ipv4_multicast_import_route_target_four_byte_as_format": null,
            "ipv4_multicast_import_route_target_ip_address_format": null,
            "ipv4_multicast_import_route_target_two_byte_as_format": null,
            "ipv4_multicast_max_prefix_limit": null,
            "ipv4_multicast_max_prefix_threshold": null,
            "ipv4_unicast": true,
            "ipv4_unicast_export_route_policy": null,
            "ipv4_unicast_export_route_target_four_byte_as_format": null,
            "ipv4_unicast_export_route_target_ip_address_format": null,
            "ipv4_unicast_export_route_target_two_byte_as_format": [
              {
                "asn2_index": 40,
                "stitching": "disable",
                "two_byte_as_number": 65000
              }
            ],
            "ipv4_unicast_export_to_default_vrf_allow_imported_vpn": null,
            "ipv4_unicast_export_to_default_vrf_route_policy": null,
            "ipv4_unicast_export_to_vrf_allow_backup": null,
            "ipv4_unicast_export_to_vrf_allow_best_external": null,
            "ipv4_unicast_export_to_vrf_allow_imported_vpn": null,
            "ipv4_unicast_import_from_bridge_domain_advertise_as_vpn": null,
            "ipv4_unicast_import_from_default_vrf_advertise_as_vpn": null,
            "ipv4_unicast_import_from_default_vrf_route_policy": null,
            "ipv4_unicast_import_from_vrf_advertise_as_vpn": null,
            "ipv4_unicast_import_from_vrf_allow_backup": null,
            "ipv4_unicast_import_from_vrf_allow_best_external": null,
            "ipv4_unicast_import_route_policy": null,
            "ipv4_unicast_import_route_target_four_byte_as_format": null,
            "ipv4_unicast_import_route_target_ip_address_format": null,
            "ipv4_unicast_import_route_target_two_byte_as_format": [
              {
                "asn2_index": 40,
                "stitching": "disable",
                "two_byte_as_number": 65000
              }
            ],
            "ipv4_unicast_max_prefix_limit": null,
            "ipv4_unicast_max_prefix_threshold": null,
            "ipv6_flowspec": null,
            "ipv6_multicast": null,
            "ipv6_multicast_export_route_policy": null,
            "ipv6_multicast_export_route_target_four_byte_as_format": null,
            "ipv6_multicast_export_route_target_ip_address_format": null,
            "ipv6_multicast_export_route_target_two_byte_as_format": null,
            "ipv6_multicast_export_to_default_vrf_allow_imported_vpn": null,
            "ipv6_multicast_export_to_default_vrf_route_policy": null,
            "ipv6_multicast_export_to_vrf_allow_backup": null,
            "ipv6_multicast_export_to_vrf_allow_best_external": null,
            "ipv6_multicast_export_to_vrf_allow_imported_vpn": null,
            "ipv6_multicast_import_from_bridge_domain_advertise_as_vpn": null,
            "ipv6_multicast_import_from_default_vrf_advertise_as_vpn": null,
            "ipv6_multicast_import_from_default_vrf_route_policy": null,
            "ipv6_multicast_import_from_vrf_advertise_as_vpn": null,
            "ipv6_multicast_import_from_vrf_allow_backup": null,
            "ipv6_multicast_import_from_vrf_allow_best_external": null,
            "ipv6_multicast_import_route_policy": null,
            "ipv6_multicast_import_route_target_four_byte_as_format": null,
            "ipv6_multicast_import_route_target_ip_address_format": null,
            "ipv6_multicast_import_route_target_two_byte_as_format": null,
            "ipv6_multicast_max_prefix_limit": null,
            "ipv6_multicast_max_prefix_threshold": null,
            "ipv6_unicast": null,
            "ipv6_unicast_export_route_policy": null,
            "ipv6_unicast_export_route_target_four_byte_as_format": null,
            "ipv6_unicast_export_route_target_ip_address_format": null,
            "ipv6_unicast_export_route_target_two_byte_as_format": null,
            "ipv6_unicast_export_to_default_vrf_allow_imported_vpn": null,
            "ipv6_unicast_export_to_default_vrf_route_policy": null,
            "ipv6_unicast_export_to_vrf_allow_backup": null,
            "ipv6_unicast_export_to_vrf_allow_best_external": null,
            "ipv6_unicast_export_to_vrf_allow_imported_vpn": null,
            "ipv6_unicast_import_from_bridge_domain_advertise_as_vpn": null,
            "ipv6_unicast_import_from_default_vrf_advertise_as_vpn": null,
            "ipv6_unicast_import_from_default_vrf_route_policy": null,
            "ipv6_unicast_import_from_vrf_advertise_as_vpn": null,
            "ipv6_unicast_import_from_vrf_allow_backup": null,
            "ipv6_unicast_import_from_vrf_allow_best_external": null,
            "ipv6_unicast_import_route_policy": null,
            "ipv6_unicast_import_route_target_four_byte_as_format": null,
            "ipv6_unicast_import_route_target_ip_address_format": null,
            "ipv6_unicast_import_route_target_two_byte_as_format": null,
            "ipv6_unicast_max_prefix_limit": null,
            "ipv6_unicast_max_prefix_threshold": null,
            "rd_four_byte_as_index": null,
            "rd_four_byte_as_number": null,
            "rd_ipv4_address": null,
            "rd_ipv4_address_index": null,
            "rd_two_byte_as_index": 40,
            "rd_two_byte_as_number": "65000",
            "remote_route_filtering_disable": null,
            "vpn_id": null,
            "vrf_name": "40"
          },
          "sensitive_attributes": [],
          "identity_schema_version": 0,
          "private": "eyJpbXBvcnRpbmciOiJNQT09In0=",
          "dependencies": [
            "module.iosxr.iosxr_as_path_set.as_path_set",
            "module.iosxr.iosxr_community_set.community_set",
            "module.iosxr.iosxr_esi_set.esi_set",
            "module.iosxr.iosxr_etag_set.etag_set",
            "module.iosxr.iosxr_extcommunity_bandwidth_set.extcommunity_bandwidth_set",
            "module.iosxr.iosxr_extcommunity_cost_set.extcommunity_cost_set",
            "module.iosxr.iosxr_extcommunity_evpn_link_bandwidth_set.extcommunity_evpn_link_bandwidth_set",
            "module.iosxr.iosxr_extcommunity_opaque_set.extcommunity_opaque_set",
            "module.iosxr.iosxr_extcommunity_rt_set.extcommunity_rt_set",
            "module.iosxr.iosxr_extcommunity_seg_nh_set.extcommunity_seg_nh_set",
            "module.iosxr.iosxr_extcommunity_soo_set.extcommunity_soo_set",
            "module.iosxr.iosxr_ipv4_prefix_list.ipv4_prefix_list",
            "module.iosxr.iosxr_ipv6_prefix_list.ipv6_prefix_list",
            "module.iosxr.iosxr_key_chain.key_chain",
            "module.iosxr.iosxr_large_community_set.large_community_set",
            "module.iosxr.iosxr_mac_set.mac_set",
            "module.iosxr.iosxr_ospf_area_set.ospf_area_set",
            "module.iosxr.iosxr_policy_global_set.policy_global_set",
            "module.iosxr.iosxr_prefix_set.prefix_set",
            "module.iosxr.iosxr_rd_set.rd_set",
            "module.iosxr.iosxr_route_policy.route_policy",
            "module.iosxr.iosxr_tag_set.tag_set"
          ]
        },
        {
          "index_key": "ic-node-4/10",
          "schema_version": 0,
          "attributes": {
            "delete_mode": null,
            "description": "Customer A VRF",
            "device": "ic-node-4",
            "evpn_route_sync": null,
            "fallback_vrf": null,
            "id": "Cisco-IOS-XR-um-vrf-cfg:/vrfs/vrf[vrf-name=10]",
            "ipv4_flowspec": null,
            "ipv4_multicast": null,
            "ipv4_multicast_export_route_policy": null,
            "ipv4_multicast_export_route_target_four_byte_as_format": null,
            "ipv4_multicast_export_route_target_ip_address_format": null,
            "ipv4_multicast_export_route_target_two_byte_as_format": null,
            "ipv4_multicast_export_to_default_vrf_allow_imported_vpn": null,
            "ipv4_multicast_export_to_default_vrf_route_policy": null,
            "ipv4_multicast_export_to_vrf_allow_backup": null,
            "ipv4_multicast_export_to_vrf_allow_best_external": null,
            "ipv4_multicast_export_to_vrf_allow_imported_vpn": null,
            "ipv4_multicast_import_from_bridge_domain_advertise_as_vpn": null,
            "ipv4_multicast_import_from_default_vrf_advertise_as_vpn": null,
            "ipv4_multicast_import_from_default_vrf_route_policy": null,
            "ipv4_multicast_import_from_vrf_advertise_as_vpn": null,
            "ipv4_multicast_import_from_vrf_allow_backup": null,
            "ipv4_multicast_import_from_vrf_allow_best_external": null,
            "ipv4_multicast_import_route_policy": null,
            "ipv4_multicast_import_route_target_four_byte_as_format": null,
            "ipv4_multicast_import_route_target_ip_address_format": null,
            "ipv4_multicast_import_route_target_two_byte_as_format": null,
            "ipv4_multicast_max_prefix_limit": null,
            "ipv4_multicast_max_prefix_threshold": null,
            "ipv4_unicast": true,
            "ipv4_unicast_export_route_policy": null,
            "ipv4_unicast_export_route_target_four_byte_as_format": null,
            "ipv4_unicast_export_route_target_ip_address_format": null,
            "ipv4_unicast_export_route_target_two_byte_as_format": [
              {
                "asn2_index": 10,
                "stitching": "disable",
                "two_byte_as_number": 65000
              }
            ],
            "ipv4_unicast_export_to_default_vrf_allow_imported_vpn": null,
            "ipv4_unicast_export_to_default_vrf_route_policy": null,
            "ipv4_unicast_export_to_vrf_allow_backup": null,
            "ipv4_unicast_export_to_vrf_allow_best_external": null,
            "ipv4_unicast_export_to_vrf_allow_imported_vpn": null,
            "ipv4_unicast_import_from_bridge_domain_advertise_as_vpn": null,
            "ipv4_unicast_import_from_default_vrf_advertise_as_vpn": null,
            "ipv4_unicast_import_from_default_vrf_route_policy": null,
            "ipv4_unicast_import_from_vrf_advertise_as_vpn": null,
            "ipv4_unicast_import_from_vrf_allow_backup": null,
            "ipv4_unicast_import_from_vrf_allow_best_external": null,
            "ipv4_unicast_import_route_policy": null,
            "ipv4_unicast_import_route_target_four_byte_as_format": null,
            "ipv4_unicast_import_route_target_ip_address_format": null,
            "ipv4_unicast_import_route_target_two_byte_as_format": [
              {
                "asn2_index": 10,
                "stitching": "disable",
                "two_byte_as_number": 65000
              }
            ],
            "ipv4_unicast_max_prefix_limit": null,
            "ipv4_unicast_max_prefix_threshold": null,
            "ipv6_flowspec": null,
            "ipv6_multicast": null,
            "ipv6_multicast_export_route_policy": null,
            "ipv6_multicast_export_route_target_four_byte_as_format": null,
            "ipv6_multicast_export_route_target_ip_address_format": null,
            "ipv6_multicast_export_route_target_two_byte_as_format": null,
            "ipv6_multicast_export_to_default_vrf_allow_imported_vpn": null,
            "ipv6_multicast_export_to_default_vrf_route_policy": null,
            "ipv6_multicast_export_to_vrf_allow_backup": null,
            "ipv6_multicast_export_to_vrf_allow_best_external": null,
            "ipv6_multicast_export_to_vrf_allow_imported_vpn": null,
            "ipv6_multicast_import_from_bridge_domain_advertise_as_vpn": null,
            "ipv6_multicast_import_from_default_vrf_advertise_as_vpn": null,
            "ipv6_multicast_import_from_default_vrf_route_policy": null,
            "ipv6_multicast_import_from_vrf_advertise_as_vpn": null,
            "ipv6_multicast_import_from_vrf_allow_backup": null,
            "ipv6_multicast_import_from_vrf_allow_best_external": null,
            "ipv6_multicast_import_route_policy": null,
            "ipv6_multicast_import_route_target_four_byte_as_format": null,
            "ipv6_multicast_import_route_target_ip_address_format": null,
            "ipv6_multicast_import_route_target_two_byte_as_format": null,
            "ipv6_multicast_max_prefix_limit": null,
            "ipv6_multicast_max_prefix_threshold": null,
            "ipv6_unicast": null,
            "ipv6_unicast_export_route_policy": null,
            "ipv6_unicast_export_route_target_four_byte_as_format": null,
            "ipv6_unicast_export_route_target_ip_address_format": null,
            "ipv6_unicast_export_route_target_two_byte_as_format": null,
            "ipv6_unicast_export_to_default_vrf_allow_imported_vpn": null,
            "ipv6_unicast_export_to_default_vrf_route_policy": null,
            "ipv6_unicast_export_to_vrf_allow_backup": null,
            "ipv6_unicast_export_to_vrf_allow_best_external": null,
            "ipv6_unicast_export_to_vrf_allow_imported_vpn": null,
            "ipv6_unicast_import_from_bridge_domain_advertise_as_vpn": null,
            "ipv6_unicast_import_from_default_vrf_advertise_as_vpn": null,
            "ipv6_unicast_import_from_default_vrf_route_policy": null,
            "ipv6_unicast_import_from_vrf_advertise_as_vpn": null,
            "ipv6_unicast_import_from_vrf_allow_backup": null,
            "ipv6_unicast_import_from_vrf_allow_best_external": null,
            "ipv6_unicast_import_route_policy": null,
            "ipv6_unicast_import_route_target_four_byte_as_format": null,
            "ipv6_unicast_import_route_target_ip_address_format": null,
            "ipv6_unicast_import_route_target_two_byte_as_format": null,
            "ipv6_unicast_max_prefix_limit": null,
            "ipv6_unicast_max_prefix_threshold": null,
            "rd_four_byte_as_index": null,
            "rd_four_byte_as_number": null,
            "rd_ipv4_address": null,
            "rd_ipv4_address_index": null,
            "rd_two_byte_as_index": 10,
            "rd_two_byte_as_number": "65000",
            "remote_route_filtering_disable": null,
            "vpn_id": null,
            "vrf_name": "10"
          },
          "sensitive_attributes": [],
          "identity_schema_version": 0,
          "private": "eyJpbXBvcnRpbmciOiJNQT09In0=",
          "dependencies": [
            "module.iosxr.iosxr_as_path_set.as_path_set",
            "module.iosxr.iosxr_community_set.community_set",
            "module.iosxr.iosxr_esi_set.esi_set",
            "module.iosxr.iosxr_etag_set.etag_set",
            "module.iosxr.iosxr_extcommunity_bandwidth_set.extcommunity_bandwidth_set",
            "module.iosxr.iosxr_extcommunity_cost_set.extcommunity_cost_set",
            "module.iosxr.iosxr_extcommunity_evpn_link_bandwidth_set.extcommunity_evpn_link_bandwidth_set",
            "module.iosxr.iosxr_extcommunity_opaque_set.extcommunity_opaque_set",
            "module.iosxr.iosxr_extcommunity_rt_set.extcommunity_rt_set",
            "module.iosxr.iosxr_extcommunity_seg_nh_set.extcommunity_seg_nh_set",
            "module.iosxr.iosxr_extcommunity_soo_set.extcommunity_soo_set",
            "module.iosxr.iosxr_ipv4_prefix_list.ipv4_prefix_list",
            "module.iosxr.iosxr_ipv6_prefix_list.ipv6_prefix_list",
            "module.iosxr.iosxr_key_chain.key_chain",
            "module.iosxr.iosxr_large_community_set.large_community_set",
            "module.iosxr.iosxr_mac_set.mac_set",
            "module.iosxr.iosxr_ospf_area_set.ospf_area_set",
            "module.iosxr.iosxr_policy_global_set.policy_global_set",
            "module.iosxr.iosxr_prefix_set.prefix_set",
            "module.iosxr.iosxr_rd_set.rd_set",
            "module.iosxr.iosxr_route_policy.route_policy",
            "module.iosxr.iosxr_tag_set.tag_set"
          ]
        },
        {
          "index_key": "ic-node-4/20",
          "schema_version": 0,
          "attributes": {
            "delete_mode": null,
            "description": "Customer B VRF",
            "device": "ic-node-4",
            "evpn_route_sync": null,
            "fallback_vrf": null,
            "id": "Cisco-IOS-XR-um-vrf-cfg:/vrfs/vrf[vrf-name=20]",
            "ipv4_flowspec": null,
            "ipv4_multicast": null,
            "ipv4_multicast_export_route_policy": null,
            "ipv4_multicast_export_route_target_four_byte_as_format": null,
            "ipv4_multicast_export_route_target_ip_address_format": null,
            "ipv4_multicast_export_route_target_two_byte_as_format": null,
            "ipv4_multicast_export_to_default_vrf_allow_imported_vpn": null,
            "ipv4_multicast_export_to_default_vrf_route_policy": null,
            "ipv4_multicast_export_to_vrf_allow_backup": null,
            "ipv4_multicast_export_to_vrf_allow_best_external": null,
            "ipv4_multicast_export_to_vrf_allow_imported_vpn": null,
            "ipv4_multicast_import_from_bridge_domain_advertise_as_vpn": null,
            "ipv4_multicast_import_from_default_vrf_advertise_as_vpn": null,
            "ipv4_multicast_import_from_default_vrf_route_policy": null,
            "ipv4_multicast_import_from_vrf_advertise_as_vpn": null,
            "ipv4_multicast_import_from_vrf_allow_backup": null,
            "ipv4_multicast_import_from_vrf_allow_best_external": null,
            "ipv4_multicast_import_route_policy": null,
            "ipv4_multicast_import_route_target_four_byte_as_format": null,
            "ipv4_multicast_import_route_target_ip_address_format": null,
            "ipv4_multicast_import_route_target_two_byte_as_format": null,
            "ipv4_multicast_max_prefix_limit": null,
            "ipv4_multicast_max_prefix_threshold": null,
            "ipv4_unicast": true,
            "ipv4_unicast_export_route_policy": null,
            "ipv4_unicast_export_route_target_four_byte_as_format": null,
            "ipv4_unicast_export_route_target_ip_address_format": null,
            "ipv4_unicast_export_route_target_two_byte_as_format": [
              {
                "asn2_index": 20,
                "stitching": "disable",
                "two_byte_as_number": 65000
              }
            ],
            "ipv4_unicast_export_to_default_vrf_allow_imported_vpn": null,
            "ipv4_unicast_export_to_default_vrf_route_policy": null,
            "ipv4_unicast_export_to_vrf_allow_backup": null,
            "ipv4_unicast_export_to_vrf_allow_best_external": null,
            "ipv4_unicast_export_to_vrf_allow_imported_vpn": null,
            "ipv4_unicast_import_from_bridge_domain_advertise_as_vpn": null,
            "ipv4_unicast_import_from_default_vrf_advertise_as_vpn": null,
            "ipv4_unicast_import_from_default_vrf_route_policy": null,
            "ipv4_unicast_import_from_vrf_advertise_as_vpn": null,
            "ipv4_unicast_import_from_vrf_allow_backup": null,
            "ipv4_unicast_import_from_vrf_allow_best_external": null,
            "ipv4_unicast_import_route_policy": null,
            "ipv4_unicast_import_route_target_four_byte_as_format": null,
            "ipv4_unicast_import_route_target_ip_address_format": null,
            "ipv4_unicast_import_route_target_two_byte_as_format": [
              {
                "asn2_index": 20,
                "stitching": "disable",
                "two_byte_as_number": 65000
              }
            ],
            "ipv4_unicast_max_prefix_limit": null,
            "ipv4_unicast_max_prefix_threshold": null,
            "ipv6_flowspec": null,
            "ipv6_multicast": null,
            "ipv6_multicast_export_route_policy": null,
            "ipv6_multicast_export_route_target_four_byte_as_format": null,
            "ipv6_multicast_export_route_target_ip_address_format": null,
            "ipv6_multicast_export_route_target_two_byte_as_format": null,
            "ipv6_multicast_export_to_default_vrf_allow_imported_vpn": null,
            "ipv6_multicast_export_to_default_vrf_route_policy": null,
            "ipv6_multicast_export_to_vrf_allow_backup": null,
            "ipv6_multicast_export_to_vrf_allow_best_external": null,
            "ipv6_multicast_export_to_vrf_allow_imported_vpn": null,
            "ipv6_multicast_import_from_bridge_domain_advertise_as_vpn": null,
            "ipv6_multicast_import_from_default_vrf_advertise_as_vpn": null,
            "ipv6_multicast_import_from_default_vrf_route_policy": null,
            "ipv6_multicast_import_from_vrf_advertise_as_vpn": null,
            "ipv6_multicast_import_from_vrf_allow_backup": null,
            "ipv6_multicast_import_from_vrf_allow_best_external": null,
            "ipv6_multicast_import_route_policy": null,
            "ipv6_multicast_import_route_target_four_byte_as_format": null,
            "ipv6_multicast_import_route_target_ip_address_format": null,
            "ipv6_multicast_import_route_target_two_byte_as_format": null,
            "ipv6_multicast_max_prefix_limit": null,
            "ipv6_multicast_max_prefix_threshold": null,
            "ipv6_unicast": null,
            "ipv6_unicast_export_route_policy": null,
            "ipv6_unicast_export_route_target_four_byte_as_format": null,
            "ipv6_unicast_export_route_target_ip_address_format": null,
            "ipv6_unicast_export_route_target_two_byte_as_format": null,
            "ipv6_unicast_export_to_default_vrf_allow_imported_vpn": null,
            "ipv6_unicast_export_to_default_vrf_route_policy": null,
            "ipv6_unicast_export_to_vrf_allow_backup": null,
            "ipv6_unicast_export_to_vrf_allow_best_external": null,
            "ipv6_unicast_export_to_vrf_allow_imported_vpn": null,
            "ipv6_unicast_import_from_bridge_domain_advertise_as_vpn": null,
            "ipv6_unicast_import_from_default_vrf_advertise_as_vpn": null,
            "ipv6_unicast_import_from_default_vrf_route_policy": null,
            "ipv6_unicast_import_from_vrf_advertise_as_vpn": null,
            "ipv6_unicast_import_from_vrf_allow_backup": null,
            "ipv6_unicast_import_from_vrf_allow_best_external": null,
            "ipv6_unicast_import_route_policy": null,
            "ipv6_unicast_import_route_target_four_byte_as_format": null,
            "ipv6_unicast_import_route_target_ip_address_format": null,
            "ipv6_unicast_import_route_target_two_byte_as_format": null,
            "ipv6_unicast_max_prefix_limit": null,
            "ipv6_unicast_max_prefix_threshold": null,
            "rd_four_byte_as_index": null,
            "rd_four_byte_as_number": null,
            "rd_ipv4_address": null,
            "rd_ipv4_address_index": null,
            "rd_two_byte_as_index": 20,
            "rd_two_byte_as_number": "65000",
            "remote_route_filtering_disable": null,
            "vpn_id": null,
            "vrf_name": "20"
          },
          "sensitive_attributes": [],
          "identity_schema_version": 0,
          "private": "eyJpbXBvcnRpbmciOiJNQT09In0=",
          "dependencies": [
            "module.iosxr.iosxr_as_path_set.as_path_set",
            "module.iosxr.iosxr_community_set.community_set",
            "module.iosxr.iosxr_esi_set.esi_set",
            "module.iosxr.iosxr_etag_set.etag_set",
            "module.iosxr.iosxr_extcommunity_bandwidth_set.extcommunity_bandwidth_set",
            "module.iosxr.iosxr_extcommunity_cost_set.extcommunity_cost_set",
            "module.iosxr.iosxr_extcommunity_evpn_link_bandwidth_set.extcommunity_evpn_link_bandwidth_set",
            "module.iosxr.iosxr_extcommunity_opaque_set.extcommunity_opaque_set",
            "module.iosxr.iosxr_extcommunity_rt_set.extcommunity_rt_set",
            "module.iosxr.iosxr_extcommunity_seg_nh_set.extcommunity_seg_nh_set",
            "module.iosxr.iosxr_extcommunity_soo_set.extcommunity_soo_set",
            "module.iosxr.iosxr_ipv4_prefix_list.ipv4_prefix_list",
            "module.iosxr.iosxr_ipv6_prefix_list.ipv6_prefix_list",
            "module.iosxr.iosxr_key_chain.key_chain",
            "module.iosxr.iosxr_large_community_set.large_community_set",
            "module.iosxr.iosxr_mac_set.mac_set",
            "module.iosxr.iosxr_ospf_area_set.ospf_area_set",
            "module.iosxr.iosxr_policy_global_set.policy_global_set",
            "module.iosxr.iosxr_prefix_set.prefix_set",
            "module.iosxr.iosxr_rd_set.rd_set",
            "module.iosxr.iosxr_route_policy.route_policy",
            "module.iosxr.iosxr_tag_set.tag_set"
          ]
        },
        {
          "index_key": "ic-node-4/30",
          "schema_version": 0,
          "attributes": {
            "delete_mode": null,
            "description": "Customer C VRF",
            "device": "ic-node-4",
            "evpn_route_sync": null,
            "fallback_vrf": null,
            "id": "Cisco-IOS-XR-um-vrf-cfg:/vrfs/vrf[vrf-name=30]",
            "ipv4_flowspec": null,
            "ipv4_multicast": null,
            "ipv4_multicast_export_route_policy": null,
            "ipv4_multicast_export_route_target_four_byte_as_format": null,
            "ipv4_multicast_export_route_target_ip_address_format": null,
            "ipv4_multicast_export_route_target_two_byte_as_format": null,
            "ipv4_multicast_export_to_default_vrf_allow_imported_vpn": null,
            "ipv4_multicast_export_to_default_vrf_route_policy": null,
            "ipv4_multicast_export_to_vrf_allow_backup": null,
            "ipv4_multicast_export_to_vrf_allow_best_external": null,
            "ipv4_multicast_export_to_vrf_allow_imported_vpn": null,
            "ipv4_multicast_import_from_bridge_domain_advertise_as_vpn": null,
            "ipv4_multicast_import_from_default_vrf_advertise_as_vpn": null,
            "ipv4_multicast_import_from_default_vrf_route_policy": null,
            "ipv4_multicast_import_from_vrf_advertise_as_vpn": null,
            "ipv4_multicast_import_from_vrf_allow_backup": null,
            "ipv4_multicast_import_from_vrf_allow_best_external": null,
            "ipv4_multicast_import_route_policy": null,
            "ipv4_multicast_import_route_target_four_byte_as_format": null,
            "ipv4_multicast_import_route_target_ip_address_format": null,
            "ipv4_multicast_import_route_target_two_byte_as_format": null,
            "ipv4_multicast_max_prefix_limit": null,
            "ipv4_multicast_max_prefix_threshold": null,
            "ipv4_unicast": true,
            "ipv4_unicast_export_route_policy": null,
            "ipv4_unicast_export_route_target_four_byte_as_format": null,
            "ipv4_unicast_export_route_target_ip_address_format": null,
            "ipv4_unicast_export_route_target_two_byte_as_format": [
              {
                "asn2_index": 30,
                "stitching": "disable",
                "two_byte_as_number": 65000
              }
            ],
            "ipv4_unicast_export_to_default_vrf_allow_imported_vpn": null,
            "ipv4_unicast_export_to_default_vrf_route_policy": null,
            "ipv4_unicast_export_to_vrf_allow_backup": null,
            "ipv4_unicast_export_to_vrf_allow_best_external": null,
            "ipv4_unicast_export_to_vrf_allow_imported_vpn": null,
            "ipv4_unicast_import_from_bridge_domain_advertise_as_vpn": null,
            "ipv4_unicast_import_from_default_vrf_advertise_as_vpn": null,
            "ipv4_unicast_import_from_default_vrf_route_policy": null,
            "ipv4_unicast_import_from_vrf_advertise_as_vpn": null,
            "ipv4_unicast_import_from_vrf_allow_backup": null,
            "ipv4_unicast_import_from_vrf_allow_best_external": null,
            "ipv4_unicast_import_route_policy": null,
            "ipv4_unicast_import_route_target_four_byte_as_format": null,
            "ipv4_unicast_import_route_target_ip_address_format": null,
            "ipv4_unicast_import_route_target_two_byte_as_format": [
              {
                "asn2_index": 30,
                "stitching": "disable",
                "two_byte_as_number": 65000
              }
            ],
            "ipv4_unicast_max_prefix_limit": null,
            "ipv4_unicast_max_prefix_threshold": null,
            "ipv6_flowspec": null,
            "ipv6_multicast": null,
            "ipv6_multicast_export_route_policy": null,
            "ipv6_multicast_export_route_target_four_byte_as_format": null,
            "ipv6_multicast_export_route_target_ip_address_format": null,
            "ipv6_multicast_export_route_target_two_byte_as_format": null,
            "ipv6_multicast_export_to_default_vrf_allow_imported_vpn": null,
            "ipv6_multicast_export_to_default_vrf_route_policy": null,
            "ipv6_multicast_export_to_vrf_allow_backup": null,
            "ipv6_multicast_export_to_vrf_allow_best_external": null,
            "ipv6_multicast_export_to_vrf_allow_imported_vpn": null,
            "ipv6_multicast_import_from_bridge_domain_advertise_as_vpn": null,
            "ipv6_multicast_import_from_default_vrf_advertise_as_vpn": null,
            "ipv6_multicast_import_from_default_vrf_route_policy": null,
            "ipv6_multicast_import_from_vrf_advertise_as_vpn": null,
            "ipv6_multicast_import_from_vrf_allow_backup": null,
            "ipv6_multicast_import_from_vrf_allow_best_external": null,
            "ipv6_multicast_import_route_policy": null,
            "ipv6_multicast_import_route_target_four_byte_as_format": null,
            "ipv6_multicast_import_route_target_ip_address_format": null,
            "ipv6_multicast_import_route_target_two_byte_as_format": null,
            "ipv6_multicast_max_prefix_limit": null,
            "ipv6_multicast_max_prefix_threshold": null,
            "ipv6_unicast": null,
            "ipv6_unicast_export_route_policy": null,
            "ipv6_unicast_export_route_target_four_byte_as_format": null,
            "ipv6_unicast_export_route_target_ip_address_format": null,
            "ipv6_unicast_export_route_target_two_byte_as_format": null,
            "ipv6_unicast_export_to_default_vrf_allow_imported_vpn": null,
            "ipv6_unicast_export_to_default_vrf_route_policy": null,
            "ipv6_unicast_export_to_vrf_allow_backup": null,
            "ipv6_unicast_export_to_vrf_allow_best_external": null,
            "ipv6_unicast_export_to_vrf_allow_imported_vpn": null,
            "ipv6_unicast_import_from_bridge_domain_advertise_as_vpn": null,
            "ipv6_unicast_import_from_default_vrf_advertise_as_vpn": null,
            "ipv6_unicast_import_from_default_vrf_route_policy": null,
            "ipv6_unicast_import_from_vrf_advertise_as_vpn": null,
            "ipv6_unicast_import_from_vrf_allow_backup": null,
            "ipv6_unicast_import_from_vrf_allow_best_external": null,
            "ipv6_unicast_import_route_policy": null,
            "ipv6_unicast_import_route_target_four_byte_as_format": null,
            "ipv6_unicast_import_route_target_ip_address_format": null,
            "ipv6_unicast_import_route_target_two_byte_as_format": null,
            "ipv6_unicast_max_prefix_limit": null,
            "ipv6_unicast_max_prefix_threshold": null,
            "rd_four_byte_as_index": null,
            "rd_four_byte_as_number": null,
            "rd_ipv4_address": null,
            "rd_ipv4_address_index": null,
            "rd_two_byte_as_index": 30,
            "rd_two_byte_as_number": "65000",
            "remote_route_filtering_disable": null,
            "vpn_id": null,
            "vrf_name": "30"
          },
          "sensitive_attributes": [],
          "identity_schema_version": 0,
          "private": "eyJpbXBvcnRpbmciOiJNQT09In0=",
          "dependencies": [
            "module.iosxr.iosxr_as_path_set.as_path_set",
            "module.iosxr.iosxr_community_set.community_set",
            "module.iosxr.iosxr_esi_set.esi_set",
            "module.iosxr.iosxr_etag_set.etag_set",
            "module.iosxr.iosxr_extcommunity_bandwidth_set.extcommunity_bandwidth_set",
            "module.iosxr.iosxr_extcommunity_cost_set.extcommunity_cost_set",
            "module.iosxr.iosxr_extcommunity_evpn_link_bandwidth_set.extcommunity_evpn_link_bandwidth_set",
            "module.iosxr.iosxr_extcommunity_opaque_set.extcommunity_opaque_set",
            "module.iosxr.iosxr_extcommunity_rt_set.extcommunity_rt_set",
            "module.iosxr.iosxr_extcommunity_seg_nh_set.extcommunity_seg_nh_set",
            "module.iosxr.iosxr_extcommunity_soo_set.extcommunity_soo_set",
            "module.iosxr.iosxr_ipv4_prefix_list.ipv4_prefix_list",
            "module.iosxr.iosxr_ipv6_prefix_list.ipv6_prefix_list",
            "module.iosxr.iosxr_key_chain.key_chain",
            "module.iosxr.iosxr_large_community_set.large_community_set",
            "module.iosxr.iosxr_mac_set.mac_set",
            "module.iosxr.iosxr_ospf_area_set.ospf_area_set",
            "module.iosxr.iosxr_policy_global_set.policy_global_set",
            "module.iosxr.iosxr_prefix_set.prefix_set",
            "module.iosxr.iosxr_rd_set.rd_set",
            "module.iosxr.iosxr_route_policy.route_policy",
            "module.iosxr.iosxr_tag_set.tag_set"
          ]
        },
        {
          "index_key": "ic-node-4/40",
          "schema_version": 0,
          "attributes": {
            "delete_mode": null,
            "description": "Customer D VRF",
            "device": "ic-node-4",
            "evpn_route_sync": null,
            "fallback_vrf": null,
            "id": "Cisco-IOS-XR-um-vrf-cfg:/vrfs/vrf[vrf-name=40]",
            "ipv4_flowspec": null,
            "ipv4_multicast": null,
            "ipv4_multicast_export_route_policy": null,
            "ipv4_multicast_export_route_target_four_byte_as_format": null,
            "ipv4_multicast_export_route_target_ip_address_format": null,
            "ipv4_multicast_export_route_target_two_byte_as_format": null,
            "ipv4_multicast_export_to_default_vrf_allow_imported_vpn": null,
            "ipv4_multicast_export_to_default_vrf_route_policy": null,
            "ipv4_multicast_export_to_vrf_allow_backup": null,
            "ipv4_multicast_export_to_vrf_allow_best_external": null,
            "ipv4_multicast_export_to_vrf_allow_imported_vpn": null,
            "ipv4_multicast_import_from_bridge_domain_advertise_as_vpn": null,
            "ipv4_multicast_import_from_default_vrf_advertise_as_vpn": null,
            "ipv4_multicast_import_from_default_vrf_route_policy": null,
            "ipv4_multicast_import_from_vrf_advertise_as_vpn": null,
            "ipv4_multicast_import_from_vrf_allow_backup": null,
            "ipv4_multicast_import_from_vrf_allow_best_external": null,
            "ipv4_multicast_import_route_policy": null,
            "ipv4_multicast_import_route_target_four_byte_as_format": null,
            "ipv4_multicast_import_route_target_ip_address_format": null,
            "ipv4_multicast_import_route_target_two_byte_as_format": null,
            "ipv4_multicast_max_prefix_limit": null,
            "ipv4_multicast_max_prefix_threshold": null,
            "ipv4_unicast": true,
            "ipv4_unicast_export_route_policy": null,
            "ipv4_unicast_export_route_target_four_byte_as_format": null,
            "ipv4_unicast_export_route_target_ip_address_format": null,
            "ipv4_unicast_export_route_target_two_byte_as_format": [
              {
                "asn2_index": 40,
                "stitching": "disable",
                "two_byte_as_number": 65000
              }
            ],
            "ipv4_unicast_export_to_default_vrf_allow_imported_vpn": null,
            "ipv4_unicast_export_to_default_vrf_route_policy": null,
            "ipv4_unicast_export_to_vrf_allow_backup": null,
            "ipv4_unicast_export_to_vrf_allow_best_external": null,
            "ipv4_unicast_export_to_vrf_allow_imported_vpn": null,
            "ipv4_unicast_import_from_bridge_domain_advertise_as_vpn": null,
            "ipv4_unicast_import_from_default_vrf_advertise_as_vpn": null,
            "ipv4_unicast_import_from_default_vrf_route_policy": null,
            "ipv4_unicast_import_from_vrf_advertise_as_vpn": null,
            "ipv4_unicast_import_from_vrf_allow_backup": null,
            "ipv4_unicast_import_from_vrf_allow_best_external": null,
            "ipv4_unicast_import_route_policy": null,
            "ipv4_unicast_import_route_target_four_byte_as_format": null,
            "ipv4_unicast_import_route_target_ip_address_format": null,
            "ipv4_unicast_import_route_target_two_byte_as_format": [
              {
                "asn2_index": 40,
                "stitching": "disable",
                "two_byte_as_number": 65000
              }
            ],
            "ipv4_unicast_max_prefix_limit": null,
            "ipv4_unicast_max_prefix_threshold": null,
            "ipv6_flowspec": null,
            "ipv6_multicast": null,
            "ipv6_multicast_export_route_policy": null,
            "ipv6_multicast_export_route_target_four_byte_as_format": null,
            "ipv6_multicast_export_route_target_ip_address_format": null,
            "ipv6_multicast_export_route_target_two_byte_as_format": null,
            "ipv6_multicast_export_to_default_vrf_allow_imported_vpn": null,
            "ipv6_multicast_export_to_default_vrf_route_policy": null,
            "ipv6_multicast_export_to_vrf_allow_backup": null,
            "ipv6_multicast_export_to_vrf_allow_best_external": null,
            "ipv6_multicast_export_to_vrf_allow_imported_vpn": null,
            "ipv6_multicast_import_from_bridge_domain_advertise_as_vpn": null,
            "ipv6_multicast_import_from_default_vrf_advertise_as_vpn": null,
            "ipv6_multicast_import_from_default_vrf_route_policy": null,
            "ipv6_multicast_import_from_vrf_advertise_as_vpn": null,
            "ipv6_multicast_import_from_vrf_allow_backup": null,
            "ipv6_multicast_import_from_vrf_allow_best_external": null,
            "ipv6_multicast_import_route_policy": null,
            "ipv6_multicast_import_route_target_four_byte_as_format": null,
            "ipv6_multicast_import_route_target_ip_address_format": null,
            "ipv6_multicast_import_route_target_two_byte_as_format": null,
            "ipv6_multicast_max_prefix_limit": null,
            "ipv6_multicast_max_prefix_threshold": null,
            "ipv6_unicast": null,
            "ipv6_unicast_export_route_policy": null,
            "ipv6_unicast_export_route_target_four_byte_as_format": null,
            "ipv6_unicast_export_route_target_ip_address_format": null,
            "ipv6_unicast_export_route_target_two_byte_as_format": null,
            "ipv6_unicast_export_to_default_vrf_allow_imported_vpn": null,
            "ipv6_unicast_export_to_default_vrf_route_policy": null,
            "ipv6_unicast_export_to_vrf_allow_backup": null,
            "ipv6_unicast_export_to_vrf_allow_best_external": null,
            "ipv6_unicast_export_to_vrf_allow_imported_vpn": null,
            "ipv6_unicast_import_from_bridge_domain_advertise_as_vpn": null,
            "ipv6_unicast_import_from_default_vrf_advertise_as_vpn": null,
            "ipv6_unicast_import_from_default_vrf_route_policy": null,
            "ipv6_unicast_import_from_vrf_advertise_as_vpn": null,
            "ipv6_unicast_import_from_vrf_allow_backup": null,
            "ipv6_unicast_import_from_vrf_allow_best_external": null,
            "ipv6_unicast_import_route_policy": null,
            "ipv6_unicast_import_route_target_four_byte_as_format": null,
            "ipv6_unicast_import_route_target_ip_address_format": null,
            "ipv6_unicast_import_route_target_two_byte_as_format": null,
            "ipv6_unicast_max_prefix_limit": null,
            "ipv6_unicast_max_prefix_threshold": null,
            "rd_four_byte_as_index": null,
            "rd_four_byte_as_number": null,
            "rd_ipv4_address": null,
            "rd_ipv4_address_index": null,
            "rd_two_byte_as_index": 40,
            "rd_two_byte_as_number": "65000",
            "remote_route_filtering_disable": null,
            "vpn_id": null,
            "vrf_name": "40"
          },
          "sensitive_attributes": [],
          "identity_schema_version": 0,
          "private": "eyJpbXBvcnRpbmciOiJNQT09In0=",
          "dependencies": [
            "module.iosxr.iosxr_as_path_set.as_path_set",
            "module.iosxr.iosxr_community_set.community_set",
            "module.iosxr.iosxr_esi_set.esi_set",
            "module.iosxr.iosxr_etag_set.etag_set",
            "module.iosxr.iosxr_extcommunity_bandwidth_set.extcommunity_bandwidth_set",
            "module.iosxr.iosxr_extcommunity_cost_set.extcommunity_cost_set",
            "module.iosxr.iosxr_extcommunity_evpn_link_bandwidth_set.extcommunity_evpn_link_bandwidth_set",
            "module.iosxr.iosxr_extcommunity_opaque_set.extcommunity_opaque_set",
            "module.iosxr.iosxr_extcommunity_rt_set.extcommunity_rt_set",
            "module.iosxr.iosxr_extcommunity_seg_nh_set.extcommunity_seg_nh_set",
            "module.iosxr.iosxr_extcommunity_soo_set.extcommunity_soo_set",
            "module.iosxr.iosxr_ipv4_prefix_list.ipv4_prefix_list",
            "module.iosxr.iosxr_ipv6_prefix_list.ipv6_prefix_list",
            "module.iosxr.iosxr_key_chain.key_chain",
            "module.iosxr.iosxr_large_community_set.large_community_set",
            "module.iosxr.iosxr_mac_set.mac_set",
            "module.iosxr.iosxr_ospf_area_set.ospf_area_set",
            "module.iosxr.iosxr_policy_global_set.policy_global_set",
            "module.iosxr.iosxr_prefix_set.prefix_set",
            "module.iosxr.iosxr_rd_set.rd_set",
            "module.iosxr.iosxr_route_policy.route_policy",
            "module.iosxr.iosxr_tag_set.tag_set"
          ]
        }
      ]
    },
    {
      "module": "module.iosxr",
      "mode": "managed",
      "type": "terraform_data",
      "name": "ethernet_flow_replace",
      "provider": "provider[\"terraform.io/builtin/terraform\"]",
      "instances": [
        {
          "index_key": "ic-node-1/GigabitEthernet0/0/0/0",
          "schema_version": 0,
          "attributes": {
            "id": "35c89fcc-d26f-7f9c-7f64-a5bdbd811fdc",
            "input": {
              "value": null,
              "type": "string"
            },
            "output": {
              "value": null,
              "type": "string"
            },
            "triggers_replace": null
          },
          "sensitive_attributes": [],
          "identity_schema_version": 0
        },
        {
          "index_key": "ic-node-1/GigabitEthernet0/0/0/1",
          "schema_version": 0,
          "attributes": {
            "id": "f59fd6cf-6f51-a91e-3d14-97bf3ad23bf9",
            "input": {
              "value": null,
              "type": "string"
            },
            "output": {
              "value": null,
              "type": "string"
            },
            "triggers_replace": null
          },
          "sensitive_attributes": [],
          "identity_schema_version": 0
        },
        {
          "index_key": "ic-node-2/GigabitEthernet0/0/0/0",
          "schema_version": 0,
          "attributes": {
            "id": "dda344e3-16dd-586b-b91f-41bd957e5125",
            "input": {
              "value": null,
              "type": "string"
            },
            "output": {
              "value": null,
              "type": "string"
            },
            "triggers_replace": null
          },
          "sensitive_attributes": [],
          "identity_schema_version": 0
        },
        {
          "index_key": "ic-node-2/GigabitEthernet0/0/0/1",
          "schema_version": 0,
          "attributes": {
            "id": "e7f45951-14de-6762-85dd-3c7ba8076f18",
            "input": {
              "value": null,
              "type": "string"
            },
            "output": {
              "value": null,
              "type": "string"
            },
            "triggers_replace": null
          },
          "sensitive_attributes": [],
          "identity_schema_version": 0
        },
        {
          "index_key": "ic-node-3/GigabitEthernet0/0/0/0",
          "schema_version": 0,
          "attributes": {
            "id": "be9f70db-e987-86b6-be41-9c9de65d7c23",
            "input": {
              "value": null,
              "type": "string"
            },
            "output": {
              "value": null,
              "type": "string"
            },
            "triggers_replace": null
          },
          "sensitive_attributes": [],
          "identity_schema_version": 0
        },
        {
          "index_key": "ic-node-3/GigabitEthernet0/0/0/1",
          "schema_version": 0,
          "attributes": {
            "id": "c7fe666e-7f41-5e6d-26f0-8aa5517c7769",
            "input": {
              "value": null,
              "type": "string"
            },
            "output": {
              "value": null,
              "type": "string"
            },
            "triggers_replace": null
          },
          "sensitive_attributes": [],
          "identity_schema_version": 0
        },
        {
          "index_key": "ic-node-3/GigabitEthernet0/0/0/2",
          "schema_version": 0,
          "attributes": {
            "id": "9acfbfb2-a5b5-ce28-f34e-43a987d31e42",
            "input": {
              "value": null,
              "type": "string"
            },
            "output": {
              "value": null,
              "type": "string"
            },
            "triggers_replace": null
          },
          "sensitive_attributes": [],
          "identity_schema_version": 0
        },
        {
          "index_key": "ic-node-4/GigabitEthernet0/0/0/0",
          "schema_version": 0,
          "attributes": {
            "id": "4c6a87bf-b6b6-3765-522d-9c69e31c1c6d",
            "input": {
              "value": null,
              "type": "string"
            },
            "output": {
              "value": null,
              "type": "string"
            },
            "triggers_replace": null
          },
          "sensitive_attributes": [],
          "identity_schema_version": 0
        },
        {
          "index_key": "ic-node-4/GigabitEthernet0/0/0/1",
          "schema_version": 0,
          "attributes": {
            "id": "3dce3f56-23ec-370d-c576-a84fa46649ad",
            "input": {
              "value": null,
              "type": "string"
            },
            "output": {
              "value": null,
              "type": "string"
            },
            "triggers_replace": null
          },
          "sensitive_attributes": [],
          "identity_schema_version": 0
        },
        {
          "index_key": "ic-node-4/GigabitEthernet0/0/0/2",
          "schema_version": 0,
          "attributes": {
            "id": "63247d83-bdd8-af5f-168b-ae87f0f7c302",
            "input": {
              "value": null,
              "type": "string"
            },
            "output": {
              "value": null,
              "type": "string"
            },
            "triggers_replace": null
          },
          "sensitive_attributes": [],
          "identity_schema_version": 0
        }
      ]
    },
    {
      "module": "module.iosxr",
      "mode": "managed",
      "type": "terraform_data",
      "name": "ethernet_subinterface_flow_replace",
      "provider": "provider[\"terraform.io/builtin/terraform\"]",
      "instances": [
        {
          "index_key": "ic-node-3/GigabitEthernet0/0/0/2.10",
          "schema_version": 0,
          "attributes": {
            "id": "6736c5ec-75f6-9763-604d-e55174b6b3ec",
            "input": {
              "value": null,
              "type": "string"
            },
            "output": {
              "value": null,
              "type": "string"
            },
            "triggers_replace": null
          },
          "sensitive_attributes": [],
          "identity_schema_version": 0
        },
        {
          "index_key": "ic-node-3/GigabitEthernet0/0/0/2.20",
          "schema_version": 0,
          "attributes": {
            "id": "0e629eb6-f810-f491-4896-1eb26c461425",
            "input": {
              "value": null,
              "type": "string"
            },
            "output": {
              "value": null,
              "type": "string"
            },
            "triggers_replace": null
          },
          "sensitive_attributes": [],
          "identity_schema_version": 0
        },
        {
          "index_key": "ic-node-3/GigabitEthernet0/0/0/2.30",
          "schema_version": 0,
          "attributes": {
            "id": "be0c3b70-af29-f340-2dae-ed06e0940889",
            "input": {
              "value": null,
              "type": "string"
            },
            "output": {
              "value": null,
              "type": "string"
            },
            "triggers_replace": null
          },
          "sensitive_attributes": [],
          "identity_schema_version": 0
        },
        {
          "index_key": "ic-node-3/GigabitEthernet0/0/0/2.40",
          "schema_version": 0,
          "attributes": {
            "id": "7e4ce922-efe0-a2b5-98ca-0f4e8fb32a19",
            "input": {
              "value": null,
              "type": "string"
            },
            "output": {
              "value": null,
              "type": "string"
            },
            "triggers_replace": null
          },
          "sensitive_attributes": [],
          "identity_schema_version": 0
        },
        {
          "index_key": "ic-node-4/GigabitEthernet0/0/0/2.10",
          "schema_version": 0,
          "attributes": {
            "id": "e46a7f50-9c53-1804-2db7-1c243d43c284",
            "input": {
              "value": null,
              "type": "string"
            },
            "output": {
              "value": null,
              "type": "string"
            },
            "triggers_replace": null
          },
          "sensitive_attributes": [],
          "identity_schema_version": 0
        },
        {
          "index_key": "ic-node-4/GigabitEthernet0/0/0/2.20",
          "schema_version": 0,
          "attributes": {
            "id": "84afe889-09e0-b3ce-a2a7-948cfa23ad88",
            "input": {
              "value": null,
              "type": "string"
            },
            "output": {
              "value": null,
              "type": "string"
            },
            "triggers_replace": null
          },
          "sensitive_attributes": [],
          "identity_schema_version": 0
        },
        {
          "index_key": "ic-node-4/GigabitEthernet0/0/0/2.30",
          "schema_version": 0,
          "attributes": {
            "id": "bb13df41-598b-3ff2-6b2b-34eb53d38f90",
            "input": {
              "value": null,
              "type": "string"
            },
            "output": {
              "value": null,
              "type": "string"
            },
            "triggers_replace": null
          },
          "sensitive_attributes": [],
          "identity_schema_version": 0
        },
        {
          "index_key": "ic-node-4/GigabitEthernet0/0/0/2.40",
          "schema_version": 0,
          "attributes": {
            "id": "00ccf7fd-9cdb-6c55-d43a-ba48cc7c0a05",
            "input": {
              "value": null,
              "type": "string"
            },
            "output": {
              "value": null,
              "type": "string"
            },
            "triggers_replace": null
          },
          "sensitive_attributes": [],
          "identity_schema_version": 0
        }
      ]
    }
  ],
  "check_results": [
    {
      "object_kind": "var",
      "config_addr": "module.iosxr.module.model.var.model",
      "status": "pass",
      "objects": [
        {
          "object_addr": "module.iosxr.module.model.var.model",
          "status": "pass"
        }
      ]
    }
  ]
}
